{
  "version": 4,
  "terraform_version": "1.11.0",
  "serial": 235,
  "lineage": "f3a3c7aa-3549-c62a-d06f-14e365f32af2",
  "outputs": {},
  "resources": [
    {
      "module": "module.akerl",
      "mode": "managed",
      "type": "github_branch_protection",
      "name": "each",
      "provider": "provider[\"registry.terraform.io/integrations/github\"].akerl",
      "instances": [
        {
          "index_key": ".github",
          "schema_version": 2,
          "attributes": {
            "allows_deletions": false,
            "allows_force_pushes": false,
            "enforce_admins": true,
            "force_push_bypassers": null,
            "id": "BPR_kwDOTU8ITM4ExgpO",
            "lock_branch": false,
            "pattern": "main",
            "repository_id": ".github",
            "require_conversation_resolution": false,
            "require_signed_commits": false,
            "required_linear_history": false,
            "required_pull_request_reviews": [],
            "required_status_checks": [
              {
                "contexts": [
                  "Build / Build (pull_request)",
                  "policy-bot: main"
                ],
                "strict": true
              }
            ],
            "restrict_pushes": []
          },
          "sensitive_attributes": [],
          "private": "eyJzY2hlbWFfdmVyc2lvbiI6IjIifQ=="
        },
        {
          "index_key": "Alfred-Audio-Device",
          "schema_version": 2,
          "attributes": {
            "allows_deletions": false,
            "allows_force_pushes": false,
            "enforce_admins": true,
            "force_push_bypassers": null,
            "id": "BPR_kwDOASFfZM4Exgo-",
            "lock_branch": false,
            "pattern": "main",
            "repository_id": "Alfred-Audio-Device",
            "require_conversation_resolution": false,
            "require_signed_commits": false,
            "required_linear_history": false,
            "required_pull_request_reviews": [],
            "required_status_checks": [
              {
                "contexts": [
                  "Build / Build (pull_request)",
                  "policy-bot: main"
                ],
                "strict": true
              }
            ],
            "restrict_pushes": []
          },
          "sensitive_attributes": [],
          "private": "eyJzY2hlbWFfdmVyc2lvbiI6IjIifQ=="
        },
        {
          "index_key": "accounting",
          "schema_version": 2,
          "attributes": {
            "allows_deletions": false,
            "allows_force_pushes": false,
            "enforce_admins": true,
            "force_push_bypassers": null,
            "id": "BPR_kwDOA2We_s4Exgp_",
            "lock_branch": false,
            "pattern": "main",
            "repository_id": "accounting",
            "require_conversation_resolution": false,
            "require_signed_commits": false,
            "required_linear_history": false,
            "required_pull_request_reviews": [],
            "required_status_checks": [
              {
                "contexts": [
                  "Build / Build (pull_request)",
                  "policy-bot: main"
                ],
                "strict": true
              }
            ],
            "restrict_pushes": []
          },
          "sensitive_attributes": [],
          "private": "eyJzY2hlbWFfdmVyc2lvbiI6IjIifQ=="
        },
        {
          "index_key": "adventofcode",
          "schema_version": 2,
          "attributes": {
            "allows_deletions": false,
            "allows_force_pushes": false,
            "enforce_admins": true,
            "force_push_bypassers": null,
            "id": "BPR_kwDOBIYh-s4Exgpe",
            "lock_branch": false,
            "pattern": "main",
            "repository_id": "adventofcode",
            "require_conversation_resolution": false,
            "require_signed_commits": false,
            "required_linear_history": false,
            "required_pull_request_reviews": [],
            "required_status_checks": [
              {
                "contexts": [
                  "Build / Build (pull_request)",
                  "policy-bot: main"
                ],
                "strict": true
              }
            ],
            "restrict_pushes": []
          },
          "sensitive_attributes": [],
          "private": "eyJzY2hlbWFfdmVyc2lvbiI6IjIifQ=="
        },
        {
          "index_key": "alfred-switchaudio",
          "schema_version": 2,
          "attributes": {
            "allows_deletions": false,
            "allows_force_pushes": false,
            "enforce_admins": true,
            "force_push_bypassers": null,
            "id": "BPR_kwDOFFd63M4Exgmq",
            "lock_branch": false,
            "pattern": "main",
            "repository_id": "alfred-switchaudio",
            "require_conversation_resolution": false,
            "require_signed_commits": false,
            "required_linear_history": false,
            "required_pull_request_reviews": [],
            "required_status_checks": [
              {
                "contexts": [
                  "Build / Build (pull_request)",
                  "policy-bot: main"
                ],
                "strict": true
              }
            ],
            "restrict_pushes": []
          },
          "sensitive_attributes": [],
          "private": "eyJzY2hlbWFfdmVyc2lvbiI6IjIifQ=="
        },
        {
          "index_key": "aws-account",
          "schema_version": 2,
          "attributes": {
            "allows_deletions": false,
            "allows_force_pushes": false,
            "enforce_admins": true,
            "force_push_bypassers": null,
            "id": "BPR_kwDOBBAe1s4ExglW",
            "lock_branch": false,
            "pattern": "main",
            "repository_id": "aws-account",
            "require_conversation_resolution": false,
            "require_signed_commits": false,
            "required_linear_history": false,
            "required_pull_request_reviews": [],
            "required_status_checks": [
              {
                "contexts": [
                  "Build / Build (pull_request)",
                  "policy-bot: main"
                ],
                "strict": true
              }
            ],
            "restrict_pushes": []
          },
          "sensitive_attributes": [],
          "private": "eyJzY2hlbWFfdmVyc2lvbiI6IjIifQ=="
        },
        {
          "index_key": "ballista",
          "schema_version": 2,
          "attributes": {
            "allows_deletions": false,
            "allows_force_pushes": false,
            "enforce_admins": true,
            "force_push_bypassers": null,
            "id": "BPR_kwDOA2XGMc4Exglr",
            "lock_branch": false,
            "pattern": "main",
            "repository_id": "ballista",
            "require_conversation_resolution": false,
            "require_signed_commits": false,
            "required_linear_history": false,
            "required_pull_request_reviews": [],
            "required_status_checks": [
              {
                "contexts": [
                  "Build / Build (pull_request)",
                  "policy-bot: main"
                ],
                "strict": true
              }
            ],
            "restrict_pushes": []
          },
          "sensitive_attributes": [],
          "private": "eyJzY2hlbWFfdmVyc2lvbiI6IjIifQ=="
        },
        {
          "index_key": "basiccache",
          "schema_version": 2,
          "attributes": {
            "allows_deletions": false,
            "allows_force_pushes": false,
            "enforce_admins": true,
            "force_push_bypassers": null,
            "id": "BPR_kwDOAMly_M4ExglS",
            "lock_branch": false,
            "pattern": "main",
            "repository_id": "basiccache",
            "require_conversation_resolution": false,
            "require_signed_commits": false,
            "required_linear_history": false,
            "required_pull_request_reviews": [],
            "required_status_checks": [
              {
                "contexts": [
                  "Build / Build (pull_request)",
                  "policy-bot: main"
                ],
                "strict": true
              }
            ],
            "restrict_pushes": []
          },
          "sensitive_attributes": [],
          "private": "eyJzY2hlbWFfdmVyc2lvbiI6IjIifQ=="
        },
        {
          "index_key": "blindclock",
          "schema_version": 2,
          "attributes": {
            "allows_deletions": false,
            "allows_force_pushes": false,
            "enforce_admins": true,
            "force_push_bypassers": null,
            "id": "BPR_kwDOJpIhhM4ExgpK",
            "lock_branch": false,
            "pattern": "main",
            "repository_id": "blindclock",
            "require_conversation_resolution": false,
            "require_signed_commits": false,
            "required_linear_history": false,
            "required_pull_request_reviews": [],
            "required_status_checks": [
              {
                "contexts": [
                  "Build / Build (pull_request)",
                  "policy-bot: main"
                ],
                "strict": true
              }
            ],
            "restrict_pushes": []
          },
          "sensitive_attributes": [],
          "private": "eyJzY2hlbWFfdmVyc2lvbiI6IjIifQ=="
        },
        {
          "index_key": "blog",
          "schema_version": 2,
          "attributes": {
            "allows_deletions": false,
            "allows_force_pushes": false,
            "enforce_admins": true,
            "force_push_bypassers": null,
            "id": "BPR_kwDOAMxWds4Exglp",
            "lock_branch": false,
            "pattern": "main",
            "repository_id": "blog",
            "require_conversation_resolution": false,
            "require_signed_commits": false,
            "required_linear_history": false,
            "required_pull_request_reviews": [],
            "required_status_checks": [
              {
                "contexts": [
                  "Build / Build (pull_request)",
                  "policy-bot: main"
                ],
                "strict": true
              }
            ],
            "restrict_pushes": []
          },
          "sensitive_attributes": [],
          "private": "eyJzY2hlbWFfdmVyc2lvbiI6IjIifQ=="
        },
        {
          "index_key": "burglar",
          "schema_version": 2,
          "attributes": {
            "allows_deletions": false,
            "allows_force_pushes": false,
            "enforce_admins": true,
            "force_push_bypassers": null,
            "id": "BPR_kwDOA887U84Exgn0",
            "lock_branch": false,
            "pattern": "main",
            "repository_id": "burglar",
            "require_conversation_resolution": false,
            "require_signed_commits": false,
            "required_linear_history": false,
            "required_pull_request_reviews": [],
            "required_status_checks": [
              {
                "contexts": [
                  "Build / Build (pull_request)",
                  "policy-bot: main"
                ],
                "strict": true
              }
            ],
            "restrict_pushes": []
          },
          "sensitive_attributes": [],
          "private": "eyJzY2hlbWFfdmVyc2lvbiI6IjIifQ=="
        },
        {
          "index_key": "config-template",
          "schema_version": 2,
          "attributes": {
            "allows_deletions": false,
            "allows_force_pushes": false,
            "enforce_admins": true,
            "force_push_bypassers": null,
            "id": "BPR_kwDOCmnKtM4ExgoY",
            "lock_branch": false,
            "pattern": "main",
            "repository_id": "config-template",
            "require_conversation_resolution": false,
            "require_signed_commits": false,
            "required_linear_history": false,
            "required_pull_request_reviews": [],
            "required_status_checks": [
              {
                "contexts": [
                  "Build / Build (pull_request)",
                  "policy-bot: main"
                ],
                "strict": true
              }
            ],
            "restrict_pushes": []
          },
          "sensitive_attributes": [],
          "private": "eyJzY2hlbWFfdmVyc2lvbiI6IjIifQ=="
        },
        {
          "index_key": "configvault",
          "schema_version": 2,
          "attributes": {
            "allows_deletions": false,
            "allows_force_pushes": false,
            "enforce_admins": true,
            "force_push_bypassers": null,
            "id": "BPR_kwDOHBYFm84Exgl-",
            "lock_branch": false,
            "pattern": "main",
            "repository_id": "configvault",
            "require_conversation_resolution": false,
            "require_signed_commits": false,
            "required_linear_history": false,
            "required_pull_request_reviews": [],
            "required_status_checks": [
              {
                "contexts": [
                  "Build / Build (pull_request)",
                  "policy-bot: main"
                ],
                "strict": true
              }
            ],
            "restrict_pushes": []
          },
          "sensitive_attributes": [],
          "private": "eyJzY2hlbWFfdmVyc2lvbiI6IjIifQ=="
        },
        {
          "index_key": "cultivator",
          "schema_version": 2,
          "attributes": {
            "allows_deletions": false,
            "allows_force_pushes": false,
            "enforce_admins": true,
            "force_push_bypassers": null,
            "id": "BPR_kwDOJrztmc4Exgmr",
            "lock_branch": false,
            "pattern": "main",
            "repository_id": "cultivator",
            "require_conversation_resolution": false,
            "require_signed_commits": false,
            "required_linear_history": false,
            "required_pull_request_reviews": [],
            "required_status_checks": [
              {
                "contexts": [
                  "Build / Build (pull_request)",
                  "policy-bot: main"
                ],
                "strict": true
              }
            ],
            "restrict_pushes": []
          },
          "sensitive_attributes": [],
          "private": "eyJzY2hlbWFfdmVyc2lvbiI6IjIifQ=="
        },
        {
          "index_key": "cultivator-puppetfile",
          "schema_version": 2,
          "attributes": {
            "allows_deletions": false,
            "allows_force_pushes": false,
            "enforce_admins": true,
            "force_push_bypassers": null,
            "id": "BPR_kwDOJ3RMxM4Exgpf",
            "lock_branch": false,
            "pattern": "main",
            "repository_id": "cultivator-puppetfile",
            "require_conversation_resolution": false,
            "require_signed_commits": false,
            "required_linear_history": false,
            "required_pull_request_reviews": [],
            "required_status_checks": [
              {
                "contexts": [
                  "Build / Build (pull_request)",
                  "policy-bot: main"
                ],
                "strict": true
              }
            ],
            "restrict_pushes": []
          },
          "sensitive_attributes": [],
          "private": "eyJzY2hlbWFfdmVyc2lvbiI6IjIifQ=="
        },
        {
          "index_key": "cultivator-rubygems",
          "schema_version": 2,
          "attributes": {
            "allows_deletions": false,
            "allows_force_pushes": false,
            "enforce_admins": true,
            "force_push_bypassers": null,
            "id": "BPR_kwDOJ4xwOs4Exgp1",
            "lock_branch": false,
            "pattern": "main",
            "repository_id": "cultivator-rubygems",
            "require_conversation_resolution": false,
            "require_signed_commits": false,
            "required_linear_history": false,
            "required_pull_request_reviews": [],
            "required_status_checks": [
              {
                "contexts": [
                  "Build / Build (pull_request)",
                  "policy-bot: main"
                ],
                "strict": true
              }
            ],
            "restrict_pushes": []
          },
          "sensitive_attributes": [],
          "private": "eyJzY2hlbWFfdmVyc2lvbiI6IjIifQ=="
        },
        {
          "index_key": "cymbal",
          "schema_version": 2,
          "attributes": {
            "allows_deletions": false,
            "allows_force_pushes": false,
            "enforce_admins": true,
            "force_push_bypassers": null,
            "id": "BPR_kwDOAaq-Wc4Exgpk",
            "lock_branch": false,
            "pattern": "main",
            "repository_id": "cymbal",
            "require_conversation_resolution": false,
            "require_signed_commits": false,
            "required_linear_history": false,
            "required_pull_request_reviews": [],
            "required_status_checks": [
              {
                "contexts": [
                  "Build / Build (pull_request)",
                  "policy-bot: main"
                ],
                "strict": true
              }
            ],
            "restrict_pushes": []
          },
          "sensitive_attributes": [],
          "private": "eyJzY2hlbWFfdmVyc2lvbiI6IjIifQ=="
        },
        {
          "index_key": "dcs-library",
          "schema_version": 2,
          "attributes": {
            "allows_deletions": false,
            "allows_force_pushes": false,
            "enforce_admins": true,
            "force_push_bypassers": null,
            "id": "BPR_kwDOB-45g84ExgnM",
            "lock_branch": false,
            "pattern": "main",
            "repository_id": "dcs-library",
            "require_conversation_resolution": false,
            "require_signed_commits": false,
            "required_linear_history": false,
            "required_pull_request_reviews": [],
            "required_status_checks": [
              {
                "contexts": [
                  "Build / Build (pull_request)",
                  "policy-bot: main"
                ],
                "strict": true
              }
            ],
            "restrict_pushes": []
          },
          "sensitive_attributes": [],
          "private": "eyJzY2hlbWFfdmVyc2lvbiI6IjIifQ=="
        },
        {
          "index_key": "dotfiles",
          "schema_version": 2,
          "attributes": {
            "allows_deletions": false,
            "allows_force_pushes": false,
            "enforce_admins": true,
            "force_push_bypassers": null,
            "id": "BPR_kwDOAGr2Xc4Exglf",
            "lock_branch": false,
            "pattern": "main",
            "repository_id": "dotfiles",
            "require_conversation_resolution": false,
            "require_signed_commits": false,
            "required_linear_history": false,
            "required_pull_request_reviews": [],
            "required_status_checks": [
              {
                "contexts": [
                  "Build / Build (pull_request)",
                  "policy-bot: main"
                ],
                "strict": true
              }
            ],
            "restrict_pushes": []
          },
          "sensitive_attributes": [],
          "private": "eyJzY2hlbWFfdmVyc2lvbiI6IjIifQ=="
        },
        {
          "index_key": "frame",
          "schema_version": 2,
          "attributes": {
            "allows_deletions": false,
            "allows_force_pushes": false,
            "enforce_admins": true,
            "force_push_bypassers": null,
            "id": "BPR_kwDOJqbUIc4ExgmD",
            "lock_branch": false,
            "pattern": "main",
            "repository_id": "frame",
            "require_conversation_resolution": false,
            "require_signed_commits": false,
            "required_linear_history": false,
            "required_pull_request_reviews": [],
            "required_status_checks": [
              {
                "contexts": [
                  "Build / Build (pull_request)",
                  "policy-bot: main"
                ],
                "strict": true
              }
            ],
            "restrict_pushes": []
          },
          "sensitive_attributes": [],
          "private": "eyJzY2hlbWFfdmVyc2lvbiI6IjIifQ=="
        },
        {
          "index_key": "gandi-account",
          "schema_version": 2,
          "attributes": {
            "allows_deletions": false,
            "allows_force_pushes": false,
            "enforce_admins": true,
            "force_push_bypassers": null,
            "id": "BPR_kwDOKAJjs84Exgpg",
            "lock_branch": false,
            "pattern": "main",
            "repository_id": "gandi-account",
            "require_conversation_resolution": false,
            "require_signed_commits": false,
            "required_linear_history": false,
            "required_pull_request_reviews": [],
            "required_status_checks": [
              {
                "contexts": [
                  "Build / Build (pull_request)",
                  "policy-bot: main"
                ],
                "strict": true
              }
            ],
            "restrict_pushes": []
          },
          "sensitive_attributes": [],
          "private": "eyJzY2hlbWFfdmVyc2lvbiI6IjIifQ=="
        },
        {
          "index_key": "github-account",
          "schema_version": 2,
          "attributes": {
            "allows_deletions": false,
            "allows_force_pushes": false,
            "enforce_admins": true,
            "force_push_bypassers": null,
            "id": "BPR_kwDOJrbhLs4Exglx",
            "lock_branch": false,
            "pattern": "main",
            "repository_id": "github-account",
            "require_conversation_resolution": false,
            "require_signed_commits": false,
            "required_linear_history": false,
            "required_pull_request_reviews": [],
            "required_status_checks": [
              {
                "contexts": [
                  "Build / Build (pull_request)",
                  "policy-bot: main"
                ],
                "strict": true
              }
            ],
            "restrict_pushes": []
          },
          "sensitive_attributes": [],
          "private": "eyJzY2hlbWFfdmVyc2lvbiI6IjIifQ=="
        },
        {
          "index_key": "github-auth-lambda",
          "schema_version": 2,
          "attributes": {
            "allows_deletions": false,
            "allows_force_pushes": false,
            "enforce_admins": true,
            "force_push_bypassers": null,
            "id": "BPR_kwDOB1piRc4ExglU",
            "lock_branch": false,
            "pattern": "main",
            "repository_id": "github-auth-lambda",
            "require_conversation_resolution": false,
            "require_signed_commits": false,
            "required_linear_history": false,
            "required_pull_request_reviews": [],
            "required_status_checks": [
              {
                "contexts": [
                  "Build / Build (pull_request)",
                  "policy-bot: main"
                ],
                "strict": true
              }
            ],
            "restrict_pushes": []
          },
          "sensitive_attributes": [],
          "private": "eyJzY2hlbWFfdmVyc2lvbiI6IjIifQ=="
        },
        {
          "index_key": "githubchart",
          "schema_version": 2,
          "attributes": {
            "allows_deletions": false,
            "allows_force_pushes": false,
            "enforce_admins": true,
            "force_push_bypassers": null,
            "id": "BPR_kwDOAMWe784ExgoV",
            "lock_branch": false,
            "pattern": "main",
            "repository_id": "githubchart",
            "require_conversation_resolution": false,
            "require_signed_commits": false,
            "required_linear_history": false,
            "required_pull_request_reviews": [],
            "required_status_checks": [
              {
                "contexts": [
                  "Build / Build (pull_request)",
                  "policy-bot: main"
                ],
                "strict": true
              }
            ],
            "restrict_pushes": []
          },
          "sensitive_attributes": [],
          "private": "eyJzY2hlbWFfdmVyc2lvbiI6IjIifQ=="
        },
        {
          "index_key": "githubstats",
          "schema_version": 2,
          "attributes": {
            "allows_deletions": false,
            "allows_force_pushes": false,
            "enforce_admins": true,
            "force_push_bypassers": null,
            "id": "BPR_kwDOAMamAs4ExgnF",
            "lock_branch": false,
            "pattern": "main",
            "repository_id": "githubstats",
            "require_conversation_resolution": false,
            "require_signed_commits": false,
            "required_linear_history": false,
            "required_pull_request_reviews": [],
            "required_status_checks": [
              {
                "contexts": [
                  "Build / Build (pull_request)",
                  "policy-bot: main"
                ],
                "strict": true
              }
            ],
            "restrict_pushes": []
          },
          "sensitive_attributes": [],
          "private": "eyJzY2hlbWFfdmVyc2lvbiI6IjIifQ=="
        },
        {
          "index_key": "go-indefinite-article",
          "schema_version": 2,
          "attributes": {
            "allows_deletions": false,
            "allows_force_pushes": false,
            "enforce_admins": true,
            "force_push_bypassers": null,
            "id": "BPR_kwDOCK9lKs4ExgnS",
            "lock_branch": false,
            "pattern": "main",
            "repository_id": "go-indefinite-article",
            "require_conversation_resolution": false,
            "require_signed_commits": false,
            "required_linear_history": false,
            "required_pull_request_reviews": [],
            "required_status_checks": [
              {
                "contexts": [
                  "Build / Build (pull_request)",
                  "policy-bot: main"
                ],
                "strict": true
              }
            ],
            "restrict_pushes": []
          },
          "sensitive_attributes": [],
          "private": "eyJzY2hlbWFfdmVyc2lvbiI6IjIifQ=="
        },
        {
          "index_key": "go-lambda",
          "schema_version": 2,
          "attributes": {
            "allows_deletions": false,
            "allows_force_pushes": false,
            "enforce_admins": true,
            "force_push_bypassers": null,
            "id": "BPR_kwDOB1Fn_84ExgmA",
            "lock_branch": false,
            "pattern": "main",
            "repository_id": "go-lambda",
            "require_conversation_resolution": false,
            "require_signed_commits": false,
            "required_linear_history": false,
            "required_pull_request_reviews": [],
            "required_status_checks": [
              {
                "contexts": [
                  "Build / Build (pull_request)",
                  "policy-bot: main"
                ],
                "strict": true
              }
            ],
            "restrict_pushes": []
          },
          "sensitive_attributes": [],
          "private": "eyJzY2hlbWFfdmVyc2lvbiI6IjIifQ=="
        },
        {
          "index_key": "goodcop",
          "schema_version": 2,
          "attributes": {
            "allows_deletions": false,
            "allows_force_pushes": false,
            "enforce_admins": true,
            "force_push_bypassers": null,
            "id": "BPR_kwDOBi5-584Exgnv",
            "lock_branch": false,
            "pattern": "main",
            "repository_id": "goodcop",
            "require_conversation_resolution": false,
            "require_signed_commits": false,
            "required_linear_history": false,
            "required_pull_request_reviews": [],
            "required_status_checks": [
              {
                "contexts": [
                  "Build / Build (pull_request)",
                  "policy-bot: main"
                ],
                "strict": true
              }
            ],
            "restrict_pushes": []
          },
          "sensitive_attributes": [],
          "private": "eyJzY2hlbWFfdmVyc2lvbiI6IjIifQ=="
        },
        {
          "index_key": "grafana-json",
          "schema_version": 2,
          "attributes": {
            "allows_deletions": false,
            "allows_force_pushes": false,
            "enforce_admins": true,
            "force_push_bypassers": null,
            "id": "BPR_kwDONU0Rec4Exgo6",
            "lock_branch": false,
            "pattern": "main",
            "repository_id": "grafana-json",
            "require_conversation_resolution": false,
            "require_signed_commits": false,
            "required_linear_history": false,
            "required_pull_request_reviews": [],
            "required_status_checks": [
              {
                "contexts": [
                  "Build / Build (pull_request)",
                  "policy-bot: main"
                ],
                "strict": true
              }
            ],
            "restrict_pushes": []
          },
          "sensitive_attributes": [],
          "private": "eyJzY2hlbWFfdmVyc2lvbiI6IjIifQ=="
        },
        {
          "index_key": "grafana-json-ledger",
          "schema_version": 2,
          "attributes": {
            "allows_deletions": false,
            "allows_force_pushes": false,
            "enforce_admins": true,
            "force_push_bypassers": null,
            "id": "BPR_kwDONU0Dys4Exgo5",
            "lock_branch": false,
            "pattern": "main",
            "repository_id": "grafana-json-ledger",
            "require_conversation_resolution": false,
            "require_signed_commits": false,
            "required_linear_history": false,
            "required_pull_request_reviews": [],
            "required_status_checks": [
              {
                "contexts": [
                  "Build / Build (pull_request)",
                  "policy-bot: main"
                ],
                "strict": true
              }
            ],
            "restrict_pushes": []
          },
          "sensitive_attributes": [],
          "private": "eyJzY2hlbWFfdmVyc2lvbiI6IjIifQ=="
        },
        {
          "index_key": "hf-library",
          "schema_version": 2,
          "attributes": {
            "allows_deletions": false,
            "allows_force_pushes": false,
            "enforce_admins": true,
            "force_push_bypassers": null,
            "id": "BPR_kwDOBitBm84Exgmj",
            "lock_branch": false,
            "pattern": "main",
            "repository_id": "hf-library",
            "require_conversation_resolution": false,
            "require_signed_commits": false,
            "required_linear_history": false,
            "required_pull_request_reviews": [],
            "required_status_checks": [
              {
                "contexts": [
                  "Build / Build (pull_request)",
                  "policy-bot: main"
                ],
                "strict": true
              }
            ],
            "restrict_pushes": []
          },
          "sensitive_attributes": [],
          "private": "eyJzY2hlbWFfdmVyc2lvbiI6IjIifQ=="
        },
        {
          "index_key": "hook-exporter",
          "schema_version": 2,
          "attributes": {
            "allows_deletions": false,
            "allows_force_pushes": false,
            "enforce_admins": true,
            "force_push_bypassers": null,
            "id": "BPR_kwDOJtLAZM4Exgph",
            "lock_branch": false,
            "pattern": "main",
            "repository_id": "hook-exporter",
            "require_conversation_resolution": false,
            "require_signed_commits": false,
            "required_linear_history": false,
            "required_pull_request_reviews": [],
            "required_status_checks": [
              {
                "contexts": [
                  "Build / Build (pull_request)",
                  "policy-bot: main"
                ],
                "strict": true
              }
            ],
            "restrict_pushes": []
          },
          "sensitive_attributes": [],
          "private": "eyJzY2hlbWFfdmVyc2lvbiI6IjIifQ=="
        },
        {
          "index_key": "hss",
          "schema_version": 2,
          "attributes": {
            "allows_deletions": false,
            "allows_force_pushes": false,
            "enforce_admins": true,
            "force_push_bypassers": null,
            "id": "BPR_kwDOALU16M4ExgoO",
            "lock_branch": false,
            "pattern": "main",
            "repository_id": "hss",
            "require_conversation_resolution": false,
            "require_signed_commits": false,
            "required_linear_history": false,
            "required_pull_request_reviews": [],
            "required_status_checks": [
              {
                "contexts": [
                  "Build / Build (pull_request)",
                  "policy-bot: main"
                ],
                "strict": true
              }
            ],
            "restrict_pushes": []
          },
          "sensitive_attributes": [],
          "private": "eyJzY2hlbWFfdmVyc2lvbiI6IjIifQ=="
        },
        {
          "index_key": "input",
          "schema_version": 2,
          "attributes": {
            "allows_deletions": false,
            "allows_force_pushes": false,
            "enforce_admins": true,
            "force_push_bypassers": null,
            "id": "BPR_kwDODAHVVM4ExgoT",
            "lock_branch": false,
            "pattern": "main",
            "repository_id": "input",
            "require_conversation_resolution": false,
            "require_signed_commits": false,
            "required_linear_history": false,
            "required_pull_request_reviews": [],
            "required_status_checks": [
              {
                "contexts": [
                  "Build / Build (pull_request)",
                  "policy-bot: main"
                ],
                "strict": true
              }
            ],
            "restrict_pushes": []
          },
          "sensitive_attributes": [],
          "private": "eyJzY2hlbWFfdmVyc2lvbiI6IjIifQ=="
        },
        {
          "index_key": "keyboard",
          "schema_version": 2,
          "attributes": {
            "allows_deletions": false,
            "allows_force_pushes": false,
            "enforce_admins": true,
            "force_push_bypassers": null,
            "id": "BPR_kwDOCEQN1c4ExgmO",
            "lock_branch": false,
            "pattern": "main",
            "repository_id": "keyboard",
            "require_conversation_resolution": false,
            "require_signed_commits": false,
            "required_linear_history": false,
            "required_pull_request_reviews": [],
            "required_status_checks": [
              {
                "contexts": [
                  "Build / Build (pull_request)",
                  "policy-bot: main"
                ],
                "strict": true
              }
            ],
            "restrict_pushes": []
          },
          "sensitive_attributes": [],
          "private": "eyJzY2hlbWFfdmVyc2lvbiI6IjIifQ=="
        },
        {
          "index_key": "keylime",
          "schema_version": 2,
          "attributes": {
            "allows_deletions": false,
            "allows_force_pushes": false,
            "enforce_admins": true,
            "force_push_bypassers": null,
            "id": "BPR_kwDOAvirLc4Exgnz",
            "lock_branch": false,
            "pattern": "main",
            "repository_id": "keylime",
            "require_conversation_resolution": false,
            "require_signed_commits": false,
            "required_linear_history": false,
            "required_pull_request_reviews": [],
            "required_status_checks": [
              {
                "contexts": [
                  "Build / Build (pull_request)",
                  "policy-bot: main"
                ],
                "strict": true
              }
            ],
            "restrict_pushes": []
          },
          "sensitive_attributes": [],
          "private": "eyJzY2hlbWFfdmVyc2lvbiI6IjIifQ=="
        },
        {
          "index_key": "kvmtoggle",
          "schema_version": 2,
          "attributes": {
            "allows_deletions": false,
            "allows_force_pushes": false,
            "enforce_admins": true,
            "force_push_bypassers": null,
            "id": "BPR_kwDOIrBC9c4Exgof",
            "lock_branch": false,
            "pattern": "main",
            "repository_id": "kvmtoggle",
            "require_conversation_resolution": false,
            "require_signed_commits": false,
            "required_linear_history": false,
            "required_pull_request_reviews": [],
            "required_status_checks": [
              {
                "contexts": [
                  "Build / Build (pull_request)",
                  "policy-bot: main"
                ],
                "strict": true
              }
            ],
            "restrict_pushes": []
          },
          "sensitive_attributes": [],
          "private": "eyJzY2hlbWFfdmVyc2lvbiI6IjIifQ=="
        },
        {
          "index_key": "lambda-basic-auth",
          "schema_version": 2,
          "attributes": {
            "allows_deletions": false,
            "allows_force_pushes": false,
            "enforce_admins": true,
            "force_push_bypassers": null,
            "id": "BPR_kwDOJrG_sc4ExgmK",
            "lock_branch": false,
            "pattern": "main",
            "repository_id": "lambda-basic-auth",
            "require_conversation_resolution": false,
            "require_signed_commits": false,
            "required_linear_history": false,
            "required_pull_request_reviews": [],
            "required_status_checks": [
              {
                "contexts": [
                  "Build / Build (pull_request)",
                  "policy-bot: main"
                ],
                "strict": true
              }
            ],
            "restrict_pushes": []
          },
          "sensitive_attributes": [],
          "private": "eyJzY2hlbWFfdmVyc2lvbiI6IjIifQ=="
        },
        {
          "index_key": "ledgergraph",
          "schema_version": 2,
          "attributes": {
            "allows_deletions": false,
            "allows_force_pushes": false,
            "enforce_admins": true,
            "force_push_bypassers": null,
            "id": "BPR_kwDONV5LRc4Exgla",
            "lock_branch": false,
            "pattern": "main",
            "repository_id": "ledgergraph",
            "require_conversation_resolution": false,
            "require_signed_commits": false,
            "required_linear_history": false,
            "required_pull_request_reviews": [],
            "required_status_checks": [
              {
                "contexts": [
                  "Build / Build (pull_request)",
                  "policy-bot: main"
                ],
                "strict": true
              }
            ],
            "restrict_pushes": []
          },
          "sensitive_attributes": [],
          "private": "eyJzY2hlbWFfdmVyc2lvbiI6IjIifQ=="
        },
        {
          "index_key": "ledgerhelpers",
          "schema_version": 2,
          "attributes": {
            "allows_deletions": false,
            "allows_force_pushes": false,
            "enforce_admins": true,
            "force_push_bypassers": null,
            "id": "BPR_kwDOA2hYvc4ExgoU",
            "lock_branch": false,
            "pattern": "main",
            "repository_id": "ledgerhelpers",
            "require_conversation_resolution": false,
            "require_signed_commits": false,
            "required_linear_history": false,
            "required_pull_request_reviews": [],
            "required_status_checks": [
              {
                "contexts": [
                  "Build / Build (pull_request)",
                  "policy-bot: main"
                ],
                "strict": true
              }
            ],
            "restrict_pushes": []
          },
          "sensitive_attributes": [],
          "private": "eyJzY2hlbWFfdmVyc2lvbiI6IjIifQ=="
        },
        {
          "index_key": "libledger",
          "schema_version": 2,
          "attributes": {
            "allows_deletions": false,
            "allows_force_pushes": false,
            "enforce_admins": true,
            "force_push_bypassers": null,
            "id": "BPR_kwDOA2XHrc4ExgnG",
            "lock_branch": false,
            "pattern": "main",
            "repository_id": "libledger",
            "require_conversation_resolution": false,
            "require_signed_commits": false,
            "required_linear_history": false,
            "required_pull_request_reviews": [],
            "required_status_checks": [
              {
                "contexts": [
                  "Build / Build (pull_request)",
                  "policy-bot: main"
                ],
                "strict": true
              }
            ],
            "restrict_pushes": []
          },
          "sensitive_attributes": [],
          "private": "eyJzY2hlbWFfdmVyc2lvbiI6IjIifQ=="
        },
        {
          "index_key": "linode-account",
          "schema_version": 2,
          "attributes": {
            "allows_deletions": false,
            "allows_force_pushes": false,
            "enforce_admins": true,
            "force_push_bypassers": null,
            "id": "BPR_kwDOCI7YL84Exgo9",
            "lock_branch": false,
            "pattern": "main",
            "repository_id": "linode-account",
            "require_conversation_resolution": false,
            "require_signed_commits": false,
            "required_linear_history": false,
            "required_pull_request_reviews": [],
            "required_status_checks": [
              {
                "contexts": [
                  "Build / Build (pull_request)",
                  "policy-bot: main"
                ],
                "strict": true
              }
            ],
            "restrict_pushes": []
          },
          "sensitive_attributes": [],
          "private": "eyJzY2hlbWFfdmVyc2lvbiI6IjIifQ=="
        },
        {
          "index_key": "littlesnitch",
          "schema_version": 2,
          "attributes": {
            "allows_deletions": false,
            "allows_force_pushes": false,
            "enforce_admins": true,
            "force_push_bypassers": null,
            "id": "BPR_kwDOIZDoU84ExgoM",
            "lock_branch": false,
            "pattern": "main",
            "repository_id": "littlesnitch",
            "require_conversation_resolution": false,
            "require_signed_commits": false,
            "required_linear_history": false,
            "required_pull_request_reviews": [],
            "required_status_checks": [
              {
                "contexts": [
                  "Build / Build (pull_request)",
                  "policy-bot: main"
                ],
                "strict": true
              }
            ],
            "restrict_pushes": []
          },
          "sensitive_attributes": [],
          "private": "eyJzY2hlbWFfdmVyc2lvbiI6IjIifQ=="
        },
        {
          "index_key": "logcabin",
          "schema_version": 2,
          "attributes": {
            "allows_deletions": false,
            "allows_force_pushes": false,
            "enforce_admins": true,
            "force_push_bypassers": null,
            "id": "BPR_kwDOAuZjxM4Exgmt",
            "lock_branch": false,
            "pattern": "main",
            "repository_id": "logcabin",
            "require_conversation_resolution": false,
            "require_signed_commits": false,
            "required_linear_history": false,
            "required_pull_request_reviews": [],
            "required_status_checks": [
              {
                "contexts": [
                  "Build / Build (pull_request)",
                  "policy-bot: main"
                ],
                "strict": true
              }
            ],
            "restrict_pushes": []
          },
          "sensitive_attributes": [],
          "private": "eyJzY2hlbWFfdmVyc2lvbiI6IjIifQ=="
        },
        {
          "index_key": "macroquest",
          "schema_version": 2,
          "attributes": {
            "allows_deletions": false,
            "allows_force_pushes": false,
            "enforce_admins": true,
            "force_push_bypassers": null,
            "id": "BPR_kwDOQPLrgc4Exgne",
            "lock_branch": false,
            "pattern": "main",
            "repository_id": "macroquest",
            "require_conversation_resolution": false,
            "require_signed_commits": false,
            "required_linear_history": false,
            "required_pull_request_reviews": [],
            "required_status_checks": [
              {
                "contexts": [
                  "Build / Build (pull_request)",
                  "policy-bot: main"
                ],
                "strict": true
              }
            ],
            "restrict_pushes": []
          },
          "sensitive_attributes": [],
          "private": "eyJzY2hlbWFfdmVyc2lvbiI6IjIifQ=="
        },
        {
          "index_key": "madlibrarian",
          "schema_version": 2,
          "attributes": {
            "allows_deletions": false,
            "allows_force_pushes": false,
            "enforce_admins": true,
            "force_push_bypassers": null,
            "id": "BPR_kwDOBiOdcs4ExgnT",
            "lock_branch": false,
            "pattern": "main",
            "repository_id": "madlibrarian",
            "require_conversation_resolution": false,
            "require_signed_commits": false,
            "required_linear_history": false,
            "required_pull_request_reviews": [],
            "required_status_checks": [
              {
                "contexts": [
                  "Build / Build (pull_request)",
                  "policy-bot: main"
                ],
                "strict": true
              }
            ],
            "restrict_pushes": []
          },
          "sensitive_attributes": [],
          "private": "eyJzY2hlbWFfdmVyc2lvbiI6IjIifQ=="
        },
        {
          "index_key": "madlibrarian-lambda",
          "schema_version": 2,
          "attributes": {
            "allows_deletions": false,
            "allows_force_pushes": false,
            "enforce_admins": true,
            "force_push_bypassers": null,
            "id": "BPR_kwDOBikc384ExgmC",
            "lock_branch": false,
            "pattern": "main",
            "repository_id": "madlibrarian-lambda",
            "require_conversation_resolution": false,
            "require_signed_commits": false,
            "required_linear_history": false,
            "required_pull_request_reviews": [],
            "required_status_checks": [
              {
                "contexts": [
                  "Build / Build (pull_request)",
                  "policy-bot: main"
                ],
                "strict": true
              }
            ],
            "restrict_pushes": []
          },
          "sensitive_attributes": [],
          "private": "eyJzY2hlbWFfdmVyc2lvbiI6IjIifQ=="
        },
        {
          "index_key": "meld",
          "schema_version": 2,
          "attributes": {
            "allows_deletions": false,
            "allows_force_pushes": false,
            "enforce_admins": true,
            "force_push_bypassers": null,
            "id": "BPR_kwDOAbLZTc4ExgpC",
            "lock_branch": false,
            "pattern": "main",
            "repository_id": "meld",
            "require_conversation_resolution": false,
            "require_signed_commits": false,
            "required_linear_history": false,
            "required_pull_request_reviews": [],
            "required_status_checks": [
              {
                "contexts": [
                  "Build / Build (pull_request)",
                  "policy-bot: main"
                ],
                "strict": true
              }
            ],
            "restrict_pushes": []
          },
          "sensitive_attributes": [],
          "private": "eyJzY2hlbWFfdmVyc2lvbiI6IjIifQ=="
        },
        {
          "index_key": "metrics",
          "schema_version": 2,
          "attributes": {
            "allows_deletions": false,
            "allows_force_pushes": false,
            "enforce_admins": true,
            "force_push_bypassers": null,
            "id": "BPR_kwDOPrLM0c4ExgqF",
            "lock_branch": false,
            "pattern": "main",
            "repository_id": "metrics",
            "require_conversation_resolution": false,
            "require_signed_commits": false,
            "required_linear_history": false,
            "required_pull_request_reviews": [],
            "required_status_checks": [
              {
                "contexts": [
                  "Build / Build (pull_request)",
                  "policy-bot: main"
                ],
                "strict": true
              }
            ],
            "restrict_pushes": []
          },
          "sensitive_attributes": [],
          "private": "eyJzY2hlbWFfdmVyc2lvbiI6IjIifQ=="
        },
        {
          "index_key": "mq2glasses",
          "schema_version": 2,
          "attributes": {
            "allows_deletions": false,
            "allows_force_pushes": false,
            "enforce_admins": true,
            "force_push_bypassers": null,
            "id": "BPR_kwDOQQHRQc4Exgo8",
            "lock_branch": false,
            "pattern": "main",
            "repository_id": "mq2glasses",
            "require_conversation_resolution": false,
            "require_signed_commits": false,
            "required_linear_history": false,
            "required_pull_request_reviews": [],
            "required_status_checks": [
              {
                "contexts": [
                  "Build / Build (pull_request)",
                  "policy-bot: main"
                ],
                "strict": true
              }
            ],
            "restrict_pushes": []
          },
          "sensitive_attributes": [],
          "private": "eyJzY2hlbWFfdmVyc2lvbiI6IjIifQ=="
        },
        {
          "index_key": "navigate",
          "schema_version": 2,
          "attributes": {
            "allows_deletions": false,
            "allows_force_pushes": false,
            "enforce_admins": true,
            "force_push_bypassers": null,
            "id": "BPR_kwDOIqW9s84Exgpw",
            "lock_branch": false,
            "pattern": "main",
            "repository_id": "navigate",
            "require_conversation_resolution": false,
            "require_signed_commits": false,
            "required_linear_history": false,
            "required_pull_request_reviews": [],
            "required_status_checks": [
              {
                "contexts": [
                  "Build / Build (pull_request)",
                  "policy-bot: main"
                ],
                "strict": true
              }
            ],
            "restrict_pushes": []
          },
          "sensitive_attributes": [],
          "private": "eyJzY2hlbWFfdmVyc2lvbiI6IjIifQ=="
        },
        {
          "index_key": "octoauth",
          "schema_version": 2,
          "attributes": {
            "allows_deletions": false,
            "allows_force_pushes": false,
            "enforce_admins": true,
            "force_push_bypassers": null,
            "id": "BPR_kwDOARR66s4ExgoL",
            "lock_branch": false,
            "pattern": "main",
            "repository_id": "octoauth",
            "require_conversation_resolution": false,
            "require_signed_commits": false,
            "required_linear_history": false,
            "required_pull_request_reviews": [],
            "required_status_checks": [
              {
                "contexts": [
                  "Build / Build (pull_request)",
                  "policy-bot: main"
                ],
                "strict": true
              }
            ],
            "restrict_pushes": []
          },
          "sensitive_attributes": [],
          "private": "eyJzY2hlbWFfdmVyc2lvbiI6IjIifQ=="
        },
        {
          "index_key": "otgkey",
          "schema_version": 2,
          "attributes": {
            "allows_deletions": false,
            "allows_force_pushes": false,
            "enforce_admins": true,
            "force_push_bypassers": null,
            "id": "BPR_kwDOIrACKM4ExglY",
            "lock_branch": false,
            "pattern": "main",
            "repository_id": "otgkey",
            "require_conversation_resolution": false,
            "require_signed_commits": false,
            "required_linear_history": false,
            "required_pull_request_reviews": [],
            "required_status_checks": [
              {
                "contexts": [
                  "Build / Build (pull_request)",
                  "policy-bot: main"
                ],
                "strict": true
              }
            ],
            "restrict_pushes": []
          },
          "sensitive_attributes": [],
          "private": "eyJzY2hlbWFfdmVyc2lvbiI6IjIifQ=="
        },
        {
          "index_key": "pkgforge",
          "schema_version": 2,
          "attributes": {
            "allows_deletions": false,
            "allows_force_pushes": false,
            "enforce_admins": true,
            "force_push_bypassers": null,
            "id": "BPR_kwDOA-5XHs4Exgos",
            "lock_branch": false,
            "pattern": "main",
            "repository_id": "pkgforge",
            "require_conversation_resolution": false,
            "require_signed_commits": false,
            "required_linear_history": false,
            "required_pull_request_reviews": [],
            "required_status_checks": [
              {
                "contexts": [
                  "Build / Build (pull_request)",
                  "policy-bot: main"
                ],
                "strict": true
              }
            ],
            "restrict_pushes": []
          },
          "sensitive_attributes": [],
          "private": "eyJzY2hlbWFfdmVyc2lvbiI6IjIifQ=="
        },
        {
          "index_key": "pkgforge-golang-helper",
          "schema_version": 2,
          "attributes": {
            "allows_deletions": false,
            "allows_force_pushes": false,
            "enforce_admins": true,
            "force_push_bypassers": null,
            "id": "BPR_kwDOB1EBe84Exgom",
            "lock_branch": false,
            "pattern": "main",
            "repository_id": "pkgforge-golang-helper",
            "require_conversation_resolution": false,
            "require_signed_commits": false,
            "required_linear_history": false,
            "required_pull_request_reviews": [],
            "required_status_checks": [
              {
                "contexts": [
                  "Build / Build (pull_request)",
                  "policy-bot: main"
                ],
                "strict": true
              }
            ],
            "restrict_pushes": []
          },
          "sensitive_attributes": [],
          "private": "eyJzY2hlbWFfdmVyc2lvbiI6IjIifQ=="
        },
        {
          "index_key": "pkgforge-helper",
          "schema_version": 2,
          "attributes": {
            "allows_deletions": false,
            "allows_force_pushes": false,
            "enforce_admins": true,
            "force_push_bypassers": null,
            "id": "BPR_kwDOA_JLbs4ExgnR",
            "lock_branch": false,
            "pattern": "main",
            "repository_id": "pkgforge-helper",
            "require_conversation_resolution": false,
            "require_signed_commits": false,
            "required_linear_history": false,
            "required_pull_request_reviews": [],
            "required_status_checks": [
              {
                "contexts": [
                  "Build / Build (pull_request)",
                  "policy-bot: main"
                ],
                "strict": true
              }
            ],
            "restrict_pushes": []
          },
          "sensitive_attributes": [],
          "private": "eyJzY2hlbWFfdmVyc2lvbiI6IjIifQ=="
        },
        {
          "index_key": "plaid-bootstrap",
          "schema_version": 2,
          "attributes": {
            "allows_deletions": false,
            "allows_force_pushes": false,
            "enforce_admins": true,
            "force_push_bypassers": null,
            "id": "BPR_kwDOD8U_ys4Exgm_",
            "lock_branch": false,
            "pattern": "main",
            "repository_id": "plaid-bootstrap",
            "require_conversation_resolution": false,
            "require_signed_commits": false,
            "required_linear_history": false,
            "required_pull_request_reviews": [],
            "required_status_checks": [
              {
                "contexts": [
                  "Build / Build (pull_request)",
                  "policy-bot: main"
                ],
                "strict": true
              }
            ],
            "restrict_pushes": []
          },
          "sensitive_attributes": [],
          "private": "eyJzY2hlbWFfdmVyc2lvbiI6IjIifQ=="
        },
        {
          "index_key": "quotes",
          "schema_version": 2,
          "attributes": {
            "allows_deletions": false,
            "allows_force_pushes": false,
            "enforce_admins": true,
            "force_push_bypassers": null,
            "id": "BPR_kwDOALYxic4ExglX",
            "lock_branch": false,
            "pattern": "main",
            "repository_id": "quotes",
            "require_conversation_resolution": false,
            "require_signed_commits": false,
            "required_linear_history": false,
            "required_pull_request_reviews": [],
            "required_status_checks": [
              {
                "contexts": [
                  "Build / Build (pull_request)",
                  "policy-bot: main"
                ],
                "strict": true
              }
            ],
            "restrict_pushes": []
          },
          "sensitive_attributes": [],
          "private": "eyJzY2hlbWFfdmVyc2lvbiI6IjIifQ=="
        },
        {
          "index_key": "repo-checks",
          "schema_version": 2,
          "attributes": {
            "allows_deletions": false,
            "allows_force_pushes": false,
            "enforce_admins": true,
            "force_push_bypassers": null,
            "id": "BPR_kwDOJy8MKc4Exgn5",
            "lock_branch": false,
            "pattern": "main",
            "repository_id": "repo-checks",
            "require_conversation_resolution": false,
            "require_signed_commits": false,
            "required_linear_history": false,
            "required_pull_request_reviews": [],
            "required_status_checks": [
              {
                "contexts": [
                  "Build / Build (pull_request)",
                  "policy-bot: main"
                ],
                "strict": true
              }
            ],
            "restrict_pushes": []
          },
          "sensitive_attributes": [],
          "private": "eyJzY2hlbWFfdmVyc2lvbiI6IjIifQ=="
        },
        {
          "index_key": "s3-auth-proxy",
          "schema_version": 2,
          "attributes": {
            "allows_deletions": false,
            "allows_force_pushes": false,
            "enforce_admins": true,
            "force_push_bypassers": null,
            "id": "BPR_kwDOCmlkSM4Exgn2",
            "lock_branch": false,
            "pattern": "main",
            "repository_id": "s3-auth-proxy",
            "require_conversation_resolution": false,
            "require_signed_commits": false,
            "required_linear_history": false,
            "required_pull_request_reviews": [],
            "required_status_checks": [
              {
                "contexts": [
                  "Build / Build (pull_request)",
                  "policy-bot: main"
                ],
                "strict": true
              }
            ],
            "restrict_pushes": []
          },
          "sensitive_attributes": [],
          "private": "eyJzY2hlbWFfdmVyc2lvbiI6IjIifQ=="
        },
        {
          "index_key": "scripts",
          "schema_version": 2,
          "attributes": {
            "allows_deletions": false,
            "allows_force_pushes": false,
            "enforce_admins": true,
            "force_push_bypassers": null,
            "id": "BPR_kwDOAKD9Hc4Exgl6",
            "lock_branch": false,
            "pattern": "main",
            "repository_id": "scripts",
            "require_conversation_resolution": false,
            "require_signed_commits": false,
            "required_linear_history": false,
            "required_pull_request_reviews": [],
            "required_status_checks": [
              {
                "contexts": [
                  "Build / Build (pull_request)",
                  "policy-bot: main"
                ],
                "strict": true
              }
            ],
            "restrict_pushes": []
          },
          "sensitive_attributes": [],
          "private": "eyJzY2hlbWFfdmVyc2lvbiI6IjIifQ=="
        },
        {
          "index_key": "simplefin-exporter",
          "schema_version": 2,
          "attributes": {
            "allows_deletions": false,
            "allows_force_pushes": false,
            "enforce_admins": true,
            "force_push_bypassers": null,
            "id": "BPR_kwDOPrn5ks4Exgmv",
            "lock_branch": false,
            "pattern": "main",
            "repository_id": "simplefin-exporter",
            "require_conversation_resolution": false,
            "require_signed_commits": false,
            "required_linear_history": false,
            "required_pull_request_reviews": [],
            "required_status_checks": [
              {
                "contexts": [
                  "Build / Build (pull_request)",
                  "policy-bot: main"
                ],
                "strict": true
              }
            ],
            "restrict_pushes": []
          },
          "sensitive_attributes": [],
          "private": "eyJzY2hlbWFfdmVyc2lvbiI6IjIifQ=="
        },
        {
          "index_key": "slack-mastodon",
          "schema_version": 2,
          "attributes": {
            "allows_deletions": false,
            "allows_force_pushes": false,
            "enforce_admins": true,
            "force_push_bypassers": null,
            "id": "BPR_kwDOIpiXG84Exgnx",
            "lock_branch": false,
            "pattern": "main",
            "repository_id": "slack-mastodon",
            "require_conversation_resolution": false,
            "require_signed_commits": false,
            "required_linear_history": false,
            "required_pull_request_reviews": [],
            "required_status_checks": [
              {
                "contexts": [
                  "Build / Build (pull_request)",
                  "policy-bot: main"
                ],
                "strict": true
              }
            ],
            "restrict_pushes": []
          },
          "sensitive_attributes": [],
          "private": "eyJzY2hlbWFfdmVyc2lvbiI6IjIifQ=="
        },
        {
          "index_key": "smoosh",
          "schema_version": 2,
          "attributes": {
            "allows_deletions": false,
            "allows_force_pushes": false,
            "enforce_admins": true,
            "force_push_bypassers": null,
            "id": "BPR_kwDOInptlM4ExgmB",
            "lock_branch": false,
            "pattern": "main",
            "repository_id": "smoosh",
            "require_conversation_resolution": false,
            "require_signed_commits": false,
            "required_linear_history": false,
            "required_pull_request_reviews": [],
            "required_status_checks": [
              {
                "contexts": [
                  "Build / Build (pull_request)",
                  "policy-bot: main"
                ],
                "strict": true
              }
            ],
            "restrict_pushes": []
          },
          "sensitive_attributes": [],
          "private": "eyJzY2hlbWFfdmVyc2lvbiI6IjIifQ=="
        },
        {
          "index_key": "spaarti",
          "schema_version": 2,
          "attributes": {
            "allows_deletions": false,
            "allows_force_pushes": false,
            "enforce_admins": true,
            "force_push_bypassers": null,
            "id": "BPR_kwDOAWy29c4ExglZ",
            "lock_branch": false,
            "pattern": "main",
            "repository_id": "spaarti",
            "require_conversation_resolution": false,
            "require_signed_commits": false,
            "required_linear_history": false,
            "required_pull_request_reviews": [],
            "required_status_checks": [
              {
                "contexts": [
                  "Build / Build (pull_request)",
                  "policy-bot: main"
                ],
                "strict": true
              }
            ],
            "restrict_pushes": []
          },
          "sensitive_attributes": [],
          "private": "eyJzY2hlbWFfdmVyc2lvbiI6IjIifQ=="
        },
        {
          "index_key": "speculate",
          "schema_version": 2,
          "attributes": {
            "allows_deletions": false,
            "allows_force_pushes": false,
            "enforce_admins": true,
            "force_push_bypassers": null,
            "id": "BPR_kwDOBRi28c4ExgoC",
            "lock_branch": false,
            "pattern": "main",
            "repository_id": "speculate",
            "require_conversation_resolution": false,
            "require_signed_commits": false,
            "required_linear_history": false,
            "required_pull_request_reviews": [],
            "required_status_checks": [
              {
                "contexts": [
                  "Build / Build (pull_request)",
                  "policy-bot: main"
                ],
                "strict": true
              }
            ],
            "restrict_pushes": []
          },
          "sensitive_attributes": [],
          "private": "eyJzY2hlbWFfdmVyc2lvbiI6IjIifQ=="
        },
        {
          "index_key": "stock-exporter",
          "schema_version": 2,
          "attributes": {
            "allows_deletions": false,
            "allows_force_pushes": false,
            "enforce_admins": true,
            "force_push_bypassers": null,
            "id": "BPR_kwDOPrLonc4Exgmn",
            "lock_branch": false,
            "pattern": "main",
            "repository_id": "stock-exporter",
            "require_conversation_resolution": false,
            "require_signed_commits": false,
            "required_linear_history": false,
            "required_pull_request_reviews": [],
            "required_status_checks": [
              {
                "contexts": [
                  "Build / Build (pull_request)",
                  "policy-bot: main"
                ],
                "strict": true
              }
            ],
            "restrict_pushes": []
          },
          "sensitive_attributes": [],
          "private": "eyJzY2hlbWFfdmVyc2lvbiI6IjIifQ=="
        },
        {
          "index_key": "syncgithub",
          "schema_version": 2,
          "attributes": {
            "allows_deletions": false,
            "allows_force_pushes": false,
            "enforce_admins": true,
            "force_push_bypassers": null,
            "id": "BPR_kwDOHt3vQ84ExgqD",
            "lock_branch": false,
            "pattern": "main",
            "repository_id": "syncgithub",
            "require_conversation_resolution": false,
            "require_signed_commits": false,
            "required_linear_history": false,
            "required_pull_request_reviews": [],
            "required_status_checks": [
              {
                "contexts": [
                  "Build / Build (pull_request)",
                  "policy-bot: main"
                ],
                "strict": true
              }
            ],
            "restrict_pushes": []
          },
          "sensitive_attributes": [],
          "private": "eyJzY2hlbWFfdmVyc2lvbiI6IjIifQ=="
        },
        {
          "index_key": "targit",
          "schema_version": 2,
          "attributes": {
            "allows_deletions": false,
            "allows_force_pushes": false,
            "enforce_admins": true,
            "force_push_bypassers": null,
            "id": "BPR_kwDOAUVEnM4ExgnQ",
            "lock_branch": false,
            "pattern": "main",
            "repository_id": "targit",
            "require_conversation_resolution": false,
            "require_signed_commits": false,
            "required_linear_history": false,
            "required_pull_request_reviews": [],
            "required_status_checks": [
              {
                "contexts": [
                  "Build / Build (pull_request)",
                  "policy-bot: main"
                ],
                "strict": true
              }
            ],
            "restrict_pushes": []
          },
          "sensitive_attributes": [],
          "private": "eyJzY2hlbWFfdmVyc2lvbiI6IjIifQ=="
        },
        {
          "index_key": "templates-s3",
          "schema_version": 2,
          "attributes": {
            "allows_deletions": false,
            "allows_force_pushes": false,
            "enforce_admins": true,
            "force_push_bypassers": null,
            "id": "BPR_kwDOH4MntM4Exgmi",
            "lock_branch": false,
            "pattern": "main",
            "repository_id": "templates-s3",
            "require_conversation_resolution": false,
            "require_signed_commits": false,
            "required_linear_history": false,
            "required_pull_request_reviews": [],
            "required_status_checks": [
              {
                "contexts": [
                  "Build / Build (pull_request)",
                  "policy-bot: main"
                ],
                "strict": true
              }
            ],
            "restrict_pushes": []
          },
          "sensitive_attributes": [],
          "private": "eyJzY2hlbWFfdmVyc2lvbiI6IjIifQ=="
        },
        {
          "index_key": "thanksgiving",
          "schema_version": 2,
          "attributes": {
            "allows_deletions": false,
            "allows_force_pushes": false,
            "enforce_admins": true,
            "force_push_bypassers": null,
            "id": "BPR_kwDOIfbDy84Exgoh",
            "lock_branch": false,
            "pattern": "main",
            "repository_id": "thanksgiving",
            "require_conversation_resolution": false,
            "require_signed_commits": false,
            "required_linear_history": false,
            "required_pull_request_reviews": [],
            "required_status_checks": [
              {
                "contexts": [
                  "Build / Build (pull_request)",
                  "policy-bot: main"
                ],
                "strict": true
              }
            ],
            "restrict_pushes": []
          },
          "sensitive_attributes": [],
          "private": "eyJzY2hlbWFfdmVyc2lvbiI6IjIifQ=="
        },
        {
          "index_key": "timber",
          "schema_version": 2,
          "attributes": {
            "allows_deletions": false,
            "allows_force_pushes": false,
            "enforce_admins": true,
            "force_push_bypassers": null,
            "id": "BPR_kwDOCP1I1s4Exgmh",
            "lock_branch": false,
            "pattern": "main",
            "repository_id": "timber",
            "require_conversation_resolution": false,
            "require_signed_commits": false,
            "required_linear_history": false,
            "required_pull_request_reviews": [],
            "required_status_checks": [
              {
                "contexts": [
                  "Build / Build (pull_request)",
                  "policy-bot: main"
                ],
                "strict": true
              }
            ],
            "restrict_pushes": []
          },
          "sensitive_attributes": [],
          "private": "eyJzY2hlbWFfdmVyc2lvbiI6IjIifQ=="
        },
        {
          "index_key": "unifi-site",
          "schema_version": 2,
          "attributes": {
            "allows_deletions": false,
            "allows_force_pushes": false,
            "enforce_admins": true,
            "force_push_bypassers": null,
            "id": "BPR_kwDOJ9IctM4ExgnL",
            "lock_branch": false,
            "pattern": "main",
            "repository_id": "unifi-site",
            "require_conversation_resolution": false,
            "require_signed_commits": false,
            "required_linear_history": false,
            "required_pull_request_reviews": [],
            "required_status_checks": [
              {
                "contexts": [
                  "Build / Build (pull_request)",
                  "policy-bot: main"
                ],
                "strict": true
              }
            ],
            "restrict_pushes": []
          },
          "sensitive_attributes": [],
          "private": "eyJzY2hlbWFfdmVyc2lvbiI6IjIifQ=="
        },
        {
          "index_key": "userinput",
          "schema_version": 2,
          "attributes": {
            "allows_deletions": false,
            "allows_force_pushes": false,
            "enforce_admins": true,
            "force_push_bypassers": null,
            "id": "BPR_kwDOARZ8qc4ExgnJ",
            "lock_branch": false,
            "pattern": "main",
            "repository_id": "userinput",
            "require_conversation_resolution": false,
            "require_signed_commits": false,
            "required_linear_history": false,
            "required_pull_request_reviews": [],
            "required_status_checks": [
              {
                "contexts": [
                  "Build / Build (pull_request)",
                  "policy-bot: main"
                ],
                "strict": true
              }
            ],
            "restrict_pushes": []
          },
          "sensitive_attributes": [],
          "private": "eyJzY2hlbWFfdmVyc2lvbiI6IjIifQ=="
        },
        {
          "index_key": "voyager",
          "schema_version": 2,
          "attributes": {
            "allows_deletions": false,
            "allows_force_pushes": false,
            "enforce_admins": true,
            "force_push_bypassers": null,
            "id": "BPR_kwDOBXV0v84Exgl3",
            "lock_branch": false,
            "pattern": "main",
            "repository_id": "voyager",
            "require_conversation_resolution": false,
            "require_signed_commits": false,
            "required_linear_history": false,
            "required_pull_request_reviews": [],
            "required_status_checks": [
              {
                "contexts": [
                  "Build / Build (pull_request)",
                  "policy-bot: main"
                ],
                "strict": true
              }
            ],
            "restrict_pushes": []
          },
          "sensitive_attributes": [],
          "private": "eyJzY2hlbWFfdmVyc2lvbiI6IjIifQ=="
        },
        {
          "index_key": "watchdog-lambda",
          "schema_version": 2,
          "attributes": {
            "allows_deletions": false,
            "allows_force_pushes": false,
            "enforce_admins": true,
            "force_push_bypassers": null,
            "id": "BPR_kwDOIG_kQs4ExgoG",
            "lock_branch": false,
            "pattern": "main",
            "repository_id": "watchdog-lambda",
            "require_conversation_resolution": false,
            "require_signed_commits": false,
            "required_linear_history": false,
            "required_pull_request_reviews": [],
            "required_status_checks": [
              {
                "contexts": [
                  "Build / Build (pull_request)",
                  "policy-bot: main"
                ],
                "strict": true
              }
            ],
            "restrict_pushes": []
          },
          "sensitive_attributes": [],
          "private": "eyJzY2hlbWFfdmVyc2lvbiI6IjIifQ=="
        },
        {
          "index_key": "wh31e",
          "schema_version": 2,
          "attributes": {
            "allows_deletions": false,
            "allows_force_pushes": false,
            "enforce_admins": true,
            "force_push_bypassers": null,
            "id": "BPR_kwDOM5B5ms4ExgpW",
            "lock_branch": false,
            "pattern": "main",
            "repository_id": "wh31e",
            "require_conversation_resolution": false,
            "require_signed_commits": false,
            "required_linear_history": false,
            "required_pull_request_reviews": [],
            "required_status_checks": [
              {
                "contexts": [
                  "Build / Build (pull_request)",
                  "policy-bot: main"
                ],
                "strict": true
              }
            ],
            "restrict_pushes": []
          },
          "sensitive_attributes": [],
          "private": "eyJzY2hlbWFfdmVyc2lvbiI6IjIifQ=="
        },
        {
          "index_key": "yubiotp",
          "schema_version": 2,
          "attributes": {
            "allows_deletions": false,
            "allows_force_pushes": false,
            "enforce_admins": true,
            "force_push_bypassers": null,
            "id": "BPR_kwDOIuRMQc4Exgmm",
            "lock_branch": false,
            "pattern": "main",
            "repository_id": "yubiotp",
            "require_conversation_resolution": false,
            "require_signed_commits": false,
            "required_linear_history": false,
            "required_pull_request_reviews": [],
            "required_status_checks": [
              {
                "contexts": [
                  "Build / Build (pull_request)",
                  "policy-bot: main"
                ],
                "strict": true
              }
            ],
            "restrict_pushes": []
          },
          "sensitive_attributes": [],
          "private": "eyJzY2hlbWFfdmVyc2lvbiI6IjIifQ=="
        }
      ]
    },
    {
      "module": "module.akerl",
      "mode": "managed",
      "type": "github_issue_labels",
      "name": "each",
      "provider": "provider[\"registry.terraform.io/integrations/github\"].akerl",
      "instances": [
        {
          "index_key": ".github",
          "schema_version": 0,
          "attributes": {
            "id": ".github",
            "label": [
              {
                "color": "0000ff",
                "description": "",
                "name": "feature",
                "url": "https://api.github.com/repos/akerl/.github/labels/feature"
              },
              {
                "color": "008000",
                "description": "",
                "name": "mergewhenready",
                "url": "https://api.github.com/repos/akerl/.github/labels/mergewhenready"
              },
              {
                "color": "ff0000",
                "description": "",
                "name": "donotmerge",
                "url": "https://api.github.com/repos/akerl/.github/labels/donotmerge"
              },
              {
                "color": "ffa500",
                "description": "",
                "name": "bug",
                "url": "https://api.github.com/repos/akerl/.github/labels/bug"
              }
            ],
            "repository": ".github"
          },
          "sensitive_attributes": [],
          "private": "bnVsbA=="
        },
        {
          "index_key": "Alfred-Audio-Device",
          "schema_version": 0,
          "attributes": {
            "id": "Alfred-Audio-Device",
            "label": [
              {
                "color": "0000ff",
                "description": "",
                "name": "feature",
                "url": "https://api.github.com/repos/akerl/Alfred-Audio-Device/labels/feature"
              },
              {
                "color": "008000",
                "description": "",
                "name": "mergewhenready",
                "url": "https://api.github.com/repos/akerl/Alfred-Audio-Device/labels/mergewhenready"
              },
              {
                "color": "ff0000",
                "description": "",
                "name": "donotmerge",
                "url": "https://api.github.com/repos/akerl/Alfred-Audio-Device/labels/donotmerge"
              },
              {
                "color": "ffa500",
                "description": "",
                "name": "bug",
                "url": "https://api.github.com/repos/akerl/Alfred-Audio-Device/labels/bug"
              }
            ],
            "repository": "Alfred-Audio-Device"
          },
          "sensitive_attributes": [],
          "private": "eyJzY2hlbWFfdmVyc2lvbiI6IjAifQ=="
        },
        {
          "index_key": "accounting",
          "schema_version": 0,
          "attributes": {
            "id": "accounting",
            "label": [
              {
                "color": "0000ff",
                "description": "",
                "name": "feature",
                "url": "https://api.github.com/repos/akerl/accounting/labels/feature"
              },
              {
                "color": "008000",
                "description": "",
                "name": "mergewhenready",
                "url": "https://api.github.com/repos/akerl/accounting/labels/mergewhenready"
              },
              {
                "color": "ff0000",
                "description": "",
                "name": "donotmerge",
                "url": "https://api.github.com/repos/akerl/accounting/labels/donotmerge"
              },
              {
                "color": "ffa500",
                "description": "",
                "name": "bug",
                "url": "https://api.github.com/repos/akerl/accounting/labels/bug"
              }
            ],
            "repository": "accounting"
          },
          "sensitive_attributes": [],
          "private": "eyJzY2hlbWFfdmVyc2lvbiI6IjAifQ=="
        },
        {
          "index_key": "adventofcode",
          "schema_version": 0,
          "attributes": {
            "id": "adventofcode",
            "label": [
              {
                "color": "0000ff",
                "description": "",
                "name": "feature",
                "url": "https://api.github.com/repos/akerl/adventofcode/labels/feature"
              },
              {
                "color": "008000",
                "description": "",
                "name": "mergewhenready",
                "url": "https://api.github.com/repos/akerl/adventofcode/labels/mergewhenready"
              },
              {
                "color": "ff0000",
                "description": "",
                "name": "donotmerge",
                "url": "https://api.github.com/repos/akerl/adventofcode/labels/donotmerge"
              },
              {
                "color": "ffa500",
                "description": "",
                "name": "bug",
                "url": "https://api.github.com/repos/akerl/adventofcode/labels/bug"
              }
            ],
            "repository": "adventofcode"
          },
          "sensitive_attributes": [],
          "private": "bnVsbA=="
        },
        {
          "index_key": "alfred-switchaudio",
          "schema_version": 0,
          "attributes": {
            "id": "alfred-switchaudio",
            "label": [
              {
                "color": "0000ff",
                "description": "",
                "name": "feature",
                "url": "https://api.github.com/repos/akerl/alfred-switchaudio/labels/feature"
              },
              {
                "color": "008000",
                "description": "",
                "name": "mergewhenready",
                "url": "https://api.github.com/repos/akerl/alfred-switchaudio/labels/mergewhenready"
              },
              {
                "color": "ff0000",
                "description": "",
                "name": "donotmerge",
                "url": "https://api.github.com/repos/akerl/alfred-switchaudio/labels/donotmerge"
              },
              {
                "color": "ffa500",
                "description": "",
                "name": "bug",
                "url": "https://api.github.com/repos/akerl/alfred-switchaudio/labels/bug"
              }
            ],
            "repository": "alfred-switchaudio"
          },
          "sensitive_attributes": [],
          "private": "eyJzY2hlbWFfdmVyc2lvbiI6IjAifQ=="
        },
        {
          "index_key": "aws-account",
          "schema_version": 0,
          "attributes": {
            "id": "aws-account",
            "label": [
              {
                "color": "0000ff",
                "description": "",
                "name": "feature",
                "url": "https://api.github.com/repos/akerl/aws-account/labels/feature"
              },
              {
                "color": "008000",
                "description": "",
                "name": "mergewhenready",
                "url": "https://api.github.com/repos/akerl/aws-account/labels/mergewhenready"
              },
              {
                "color": "ff0000",
                "description": "",
                "name": "donotmerge",
                "url": "https://api.github.com/repos/akerl/aws-account/labels/donotmerge"
              },
              {
                "color": "ffa500",
                "description": "",
                "name": "bug",
                "url": "https://api.github.com/repos/akerl/aws-account/labels/bug"
              }
            ],
            "repository": "aws-account"
          },
          "sensitive_attributes": [],
          "private": "eyJzY2hlbWFfdmVyc2lvbiI6IjAifQ=="
        },
        {
          "index_key": "ballista",
          "schema_version": 0,
          "attributes": {
            "id": "ballista",
            "label": [
              {
                "color": "0000ff",
                "description": "",
                "name": "feature",
                "url": "https://api.github.com/repos/akerl/ballista/labels/feature"
              },
              {
                "color": "008000",
                "description": "",
                "name": "mergewhenready",
                "url": "https://api.github.com/repos/akerl/ballista/labels/mergewhenready"
              },
              {
                "color": "ff0000",
                "description": "",
                "name": "donotmerge",
                "url": "https://api.github.com/repos/akerl/ballista/labels/donotmerge"
              },
              {
                "color": "ffa500",
                "description": "",
                "name": "bug",
                "url": "https://api.github.com/repos/akerl/ballista/labels/bug"
              }
            ],
            "repository": "ballista"
          },
          "sensitive_attributes": [],
          "private": "eyJzY2hlbWFfdmVyc2lvbiI6IjAifQ=="
        },
        {
          "index_key": "basiccache",
          "schema_version": 0,
          "attributes": {
            "id": "basiccache",
            "label": [
              {
                "color": "0000ff",
                "description": "",
                "name": "feature",
                "url": "https://api.github.com/repos/akerl/basiccache/labels/feature"
              },
              {
                "color": "008000",
                "description": "",
                "name": "mergewhenready",
                "url": "https://api.github.com/repos/akerl/basiccache/labels/mergewhenready"
              },
              {
                "color": "ff0000",
                "description": "",
                "name": "donotmerge",
                "url": "https://api.github.com/repos/akerl/basiccache/labels/donotmerge"
              },
              {
                "color": "ffa500",
                "description": "",
                "name": "bug",
                "url": "https://api.github.com/repos/akerl/basiccache/labels/bug"
              }
            ],
            "repository": "basiccache"
          },
          "sensitive_attributes": [],
          "private": "eyJzY2hlbWFfdmVyc2lvbiI6IjAifQ=="
        },
        {
          "index_key": "blindclock",
          "schema_version": 0,
          "attributes": {
            "id": "blindclock",
            "label": [
              {
                "color": "0000ff",
                "description": "",
                "name": "feature",
                "url": "https://api.github.com/repos/akerl/blindclock/labels/feature"
              },
              {
                "color": "008000",
                "description": "",
                "name": "mergewhenready",
                "url": "https://api.github.com/repos/akerl/blindclock/labels/mergewhenready"
              },
              {
                "color": "ff0000",
                "description": "",
                "name": "donotmerge",
                "url": "https://api.github.com/repos/akerl/blindclock/labels/donotmerge"
              },
              {
                "color": "ffa500",
                "description": "",
                "name": "bug",
                "url": "https://api.github.com/repos/akerl/blindclock/labels/bug"
              }
            ],
            "repository": "blindclock"
          },
          "sensitive_attributes": [],
          "private": "eyJzY2hlbWFfdmVyc2lvbiI6IjAifQ=="
        },
        {
          "index_key": "blog",
          "schema_version": 0,
          "attributes": {
            "id": "blog",
            "label": [
              {
                "color": "0000ff",
                "description": "",
                "name": "feature",
                "url": "https://api.github.com/repos/akerl/blog/labels/feature"
              },
              {
                "color": "008000",
                "description": "",
                "name": "mergewhenready",
                "url": "https://api.github.com/repos/akerl/blog/labels/mergewhenready"
              },
              {
                "color": "ff0000",
                "description": "",
                "name": "donotmerge",
                "url": "https://api.github.com/repos/akerl/blog/labels/donotmerge"
              },
              {
                "color": "ffa500",
                "description": "",
                "name": "bug",
                "url": "https://api.github.com/repos/akerl/blog/labels/bug"
              }
            ],
            "repository": "blog"
          },
          "sensitive_attributes": [],
          "private": "eyJzY2hlbWFfdmVyc2lvbiI6IjAifQ=="
        },
        {
          "index_key": "burglar",
          "schema_version": 0,
          "attributes": {
            "id": "burglar",
            "label": [
              {
                "color": "0000ff",
                "description": "",
                "name": "feature",
                "url": "https://api.github.com/repos/akerl/burglar/labels/feature"
              },
              {
                "color": "008000",
                "description": "",
                "name": "mergewhenready",
                "url": "https://api.github.com/repos/akerl/burglar/labels/mergewhenready"
              },
              {
                "color": "ff0000",
                "description": "",
                "name": "donotmerge",
                "url": "https://api.github.com/repos/akerl/burglar/labels/donotmerge"
              },
              {
                "color": "ffa500",
                "description": "",
                "name": "bug",
                "url": "https://api.github.com/repos/akerl/burglar/labels/bug"
              }
            ],
            "repository": "burglar"
          },
          "sensitive_attributes": [],
          "private": "eyJzY2hlbWFfdmVyc2lvbiI6IjAifQ=="
        },
        {
          "index_key": "config-template",
          "schema_version": 0,
          "attributes": {
            "id": "config-template",
            "label": [
              {
                "color": "0000ff",
                "description": "",
                "name": "feature",
                "url": "https://api.github.com/repos/akerl/config-template/labels/feature"
              },
              {
                "color": "008000",
                "description": "",
                "name": "mergewhenready",
                "url": "https://api.github.com/repos/akerl/config-template/labels/mergewhenready"
              },
              {
                "color": "ff0000",
                "description": "",
                "name": "donotmerge",
                "url": "https://api.github.com/repos/akerl/config-template/labels/donotmerge"
              },
              {
                "color": "ffa500",
                "description": "",
                "name": "bug",
                "url": "https://api.github.com/repos/akerl/config-template/labels/bug"
              }
            ],
            "repository": "config-template"
          },
          "sensitive_attributes": [],
          "private": "eyJzY2hlbWFfdmVyc2lvbiI6IjAifQ=="
        },
        {
          "index_key": "configvault",
          "schema_version": 0,
          "attributes": {
            "id": "configvault",
            "label": [
              {
                "color": "0000ff",
                "description": "",
                "name": "feature",
                "url": "https://api.github.com/repos/akerl/configvault/labels/feature"
              },
              {
                "color": "008000",
                "description": "",
                "name": "mergewhenready",
                "url": "https://api.github.com/repos/akerl/configvault/labels/mergewhenready"
              },
              {
                "color": "ff0000",
                "description": "",
                "name": "donotmerge",
                "url": "https://api.github.com/repos/akerl/configvault/labels/donotmerge"
              },
              {
                "color": "ffa500",
                "description": "",
                "name": "bug",
                "url": "https://api.github.com/repos/akerl/configvault/labels/bug"
              }
            ],
            "repository": "configvault"
          },
          "sensitive_attributes": [],
          "private": "eyJzY2hlbWFfdmVyc2lvbiI6IjAifQ=="
        },
        {
          "index_key": "cultivator",
          "schema_version": 0,
          "attributes": {
            "id": "cultivator",
            "label": [
              {
                "color": "0000ff",
                "description": "",
                "name": "feature",
                "url": "https://api.github.com/repos/akerl/cultivator/labels/feature"
              },
              {
                "color": "008000",
                "description": "",
                "name": "mergewhenready",
                "url": "https://api.github.com/repos/akerl/cultivator/labels/mergewhenready"
              },
              {
                "color": "ff0000",
                "description": "",
                "name": "donotmerge",
                "url": "https://api.github.com/repos/akerl/cultivator/labels/donotmerge"
              },
              {
                "color": "ffa500",
                "description": "",
                "name": "bug",
                "url": "https://api.github.com/repos/akerl/cultivator/labels/bug"
              }
            ],
            "repository": "cultivator"
          },
          "sensitive_attributes": [],
          "private": "eyJzY2hlbWFfdmVyc2lvbiI6IjAifQ=="
        },
        {
          "index_key": "cultivator-puppetfile",
          "schema_version": 0,
          "attributes": {
            "id": "cultivator-puppetfile",
            "label": [
              {
                "color": "0000ff",
                "description": "",
                "name": "feature",
                "url": "https://api.github.com/repos/akerl/cultivator-puppetfile/labels/feature"
              },
              {
                "color": "008000",
                "description": "",
                "name": "mergewhenready",
                "url": "https://api.github.com/repos/akerl/cultivator-puppetfile/labels/mergewhenready"
              },
              {
                "color": "ff0000",
                "description": "",
                "name": "donotmerge",
                "url": "https://api.github.com/repos/akerl/cultivator-puppetfile/labels/donotmerge"
              },
              {
                "color": "ffa500",
                "description": "",
                "name": "bug",
                "url": "https://api.github.com/repos/akerl/cultivator-puppetfile/labels/bug"
              }
            ],
            "repository": "cultivator-puppetfile"
          },
          "sensitive_attributes": [],
          "private": "bnVsbA=="
        },
        {
          "index_key": "cultivator-rubygems",
          "schema_version": 0,
          "attributes": {
            "id": "cultivator-rubygems",
            "label": [
              {
                "color": "0000ff",
                "description": "",
                "name": "feature",
                "url": "https://api.github.com/repos/akerl/cultivator-rubygems/labels/feature"
              },
              {
                "color": "008000",
                "description": "",
                "name": "mergewhenready",
                "url": "https://api.github.com/repos/akerl/cultivator-rubygems/labels/mergewhenready"
              },
              {
                "color": "ff0000",
                "description": "",
                "name": "donotmerge",
                "url": "https://api.github.com/repos/akerl/cultivator-rubygems/labels/donotmerge"
              },
              {
                "color": "ffa500",
                "description": "",
                "name": "bug",
                "url": "https://api.github.com/repos/akerl/cultivator-rubygems/labels/bug"
              }
            ],
            "repository": "cultivator-rubygems"
          },
          "sensitive_attributes": [],
          "private": "bnVsbA=="
        },
        {
          "index_key": "cymbal",
          "schema_version": 0,
          "attributes": {
            "id": "cymbal",
            "label": [
              {
                "color": "0000ff",
                "description": "",
                "name": "feature",
                "url": "https://api.github.com/repos/akerl/cymbal/labels/feature"
              },
              {
                "color": "008000",
                "description": "",
                "name": "mergewhenready",
                "url": "https://api.github.com/repos/akerl/cymbal/labels/mergewhenready"
              },
              {
                "color": "ff0000",
                "description": "",
                "name": "donotmerge",
                "url": "https://api.github.com/repos/akerl/cymbal/labels/donotmerge"
              },
              {
                "color": "ffa500",
                "description": "",
                "name": "bug",
                "url": "https://api.github.com/repos/akerl/cymbal/labels/bug"
              }
            ],
            "repository": "cymbal"
          },
          "sensitive_attributes": [],
          "private": "eyJzY2hlbWFfdmVyc2lvbiI6IjAifQ=="
        },
        {
          "index_key": "dcs-library",
          "schema_version": 0,
          "attributes": {
            "id": "dcs-library",
            "label": [
              {
                "color": "0000ff",
                "description": "",
                "name": "feature",
                "url": "https://api.github.com/repos/akerl/dcs-library/labels/feature"
              },
              {
                "color": "008000",
                "description": "",
                "name": "mergewhenready",
                "url": "https://api.github.com/repos/akerl/dcs-library/labels/mergewhenready"
              },
              {
                "color": "ff0000",
                "description": "",
                "name": "donotmerge",
                "url": "https://api.github.com/repos/akerl/dcs-library/labels/donotmerge"
              },
              {
                "color": "ffa500",
                "description": "",
                "name": "bug",
                "url": "https://api.github.com/repos/akerl/dcs-library/labels/bug"
              }
            ],
            "repository": "dcs-library"
          },
          "sensitive_attributes": [],
          "private": "eyJzY2hlbWFfdmVyc2lvbiI6IjAifQ=="
        },
        {
          "index_key": "dotfiles",
          "schema_version": 0,
          "attributes": {
            "id": "dotfiles",
            "label": [
              {
                "color": "0000ff",
                "description": "",
                "name": "feature",
                "url": "https://api.github.com/repos/akerl/dotfiles/labels/feature"
              },
              {
                "color": "008000",
                "description": "",
                "name": "mergewhenready",
                "url": "https://api.github.com/repos/akerl/dotfiles/labels/mergewhenready"
              },
              {
                "color": "ff0000",
                "description": "",
                "name": "donotmerge",
                "url": "https://api.github.com/repos/akerl/dotfiles/labels/donotmerge"
              },
              {
                "color": "ffa500",
                "description": "",
                "name": "bug",
                "url": "https://api.github.com/repos/akerl/dotfiles/labels/bug"
              }
            ],
            "repository": "dotfiles"
          },
          "sensitive_attributes": [],
          "private": "eyJzY2hlbWFfdmVyc2lvbiI6IjAifQ=="
        },
        {
          "index_key": "frame",
          "schema_version": 0,
          "attributes": {
            "id": "frame",
            "label": [
              {
                "color": "0000ff",
                "description": "",
                "name": "feature",
                "url": "https://api.github.com/repos/akerl/frame/labels/feature"
              },
              {
                "color": "008000",
                "description": "",
                "name": "mergewhenready",
                "url": "https://api.github.com/repos/akerl/frame/labels/mergewhenready"
              },
              {
                "color": "ff0000",
                "description": "",
                "name": "donotmerge",
                "url": "https://api.github.com/repos/akerl/frame/labels/donotmerge"
              },
              {
                "color": "ffa500",
                "description": "",
                "name": "bug",
                "url": "https://api.github.com/repos/akerl/frame/labels/bug"
              }
            ],
            "repository": "frame"
          },
          "sensitive_attributes": [],
          "private": "eyJzY2hlbWFfdmVyc2lvbiI6IjAifQ=="
        },
        {
          "index_key": "gandi-account",
          "schema_version": 0,
          "attributes": {
            "id": "gandi-account",
            "label": [
              {
                "color": "0000ff",
                "description": "",
                "name": "feature",
                "url": "https://api.github.com/repos/akerl/gandi-account/labels/feature"
              },
              {
                "color": "008000",
                "description": "",
                "name": "mergewhenready",
                "url": "https://api.github.com/repos/akerl/gandi-account/labels/mergewhenready"
              },
              {
                "color": "ff0000",
                "description": "",
                "name": "donotmerge",
                "url": "https://api.github.com/repos/akerl/gandi-account/labels/donotmerge"
              },
              {
                "color": "ffa500",
                "description": "",
                "name": "bug",
                "url": "https://api.github.com/repos/akerl/gandi-account/labels/bug"
              }
            ],
            "repository": "gandi-account"
          },
          "sensitive_attributes": [],
          "private": "bnVsbA=="
        },
        {
          "index_key": "github-account",
          "schema_version": 0,
          "attributes": {
            "id": "github-account",
            "label": [
              {
                "color": "0000ff",
                "description": "",
                "name": "feature",
                "url": "https://api.github.com/repos/akerl/github-account/labels/feature"
              },
              {
                "color": "008000",
                "description": "",
                "name": "mergewhenready",
                "url": "https://api.github.com/repos/akerl/github-account/labels/mergewhenready"
              },
              {
                "color": "ff0000",
                "description": "",
                "name": "donotmerge",
                "url": "https://api.github.com/repos/akerl/github-account/labels/donotmerge"
              },
              {
                "color": "ffa500",
                "description": "",
                "name": "bug",
                "url": "https://api.github.com/repos/akerl/github-account/labels/bug"
              }
            ],
            "repository": "github-account"
          },
          "sensitive_attributes": [],
          "private": "eyJzY2hlbWFfdmVyc2lvbiI6IjAifQ=="
        },
        {
          "index_key": "github-auth-lambda",
          "schema_version": 0,
          "attributes": {
            "id": "github-auth-lambda",
            "label": [
              {
                "color": "0000ff",
                "description": "",
                "name": "feature",
                "url": "https://api.github.com/repos/akerl/github-auth-lambda/labels/feature"
              },
              {
                "color": "008000",
                "description": "",
                "name": "mergewhenready",
                "url": "https://api.github.com/repos/akerl/github-auth-lambda/labels/mergewhenready"
              },
              {
                "color": "ff0000",
                "description": "",
                "name": "donotmerge",
                "url": "https://api.github.com/repos/akerl/github-auth-lambda/labels/donotmerge"
              },
              {
                "color": "ffa500",
                "description": "",
                "name": "bug",
                "url": "https://api.github.com/repos/akerl/github-auth-lambda/labels/bug"
              }
            ],
            "repository": "github-auth-lambda"
          },
          "sensitive_attributes": [],
          "private": "eyJzY2hlbWFfdmVyc2lvbiI6IjAifQ=="
        },
        {
          "index_key": "githubchart",
          "schema_version": 0,
          "attributes": {
            "id": "githubchart",
            "label": [
              {
                "color": "0000ff",
                "description": "",
                "name": "feature",
                "url": "https://api.github.com/repos/akerl/githubchart/labels/feature"
              },
              {
                "color": "008000",
                "description": "",
                "name": "mergewhenready",
                "url": "https://api.github.com/repos/akerl/githubchart/labels/mergewhenready"
              },
              {
                "color": "ff0000",
                "description": "",
                "name": "donotmerge",
                "url": "https://api.github.com/repos/akerl/githubchart/labels/donotmerge"
              },
              {
                "color": "ffa500",
                "description": "",
                "name": "bug",
                "url": "https://api.github.com/repos/akerl/githubchart/labels/bug"
              }
            ],
            "repository": "githubchart"
          },
          "sensitive_attributes": [],
          "private": "eyJzY2hlbWFfdmVyc2lvbiI6IjAifQ=="
        },
        {
          "index_key": "githubstats",
          "schema_version": 0,
          "attributes": {
            "id": "githubstats",
            "label": [
              {
                "color": "0000ff",
                "description": "",
                "name": "feature",
                "url": "https://api.github.com/repos/akerl/githubstats/labels/feature"
              },
              {
                "color": "008000",
                "description": "",
                "name": "mergewhenready",
                "url": "https://api.github.com/repos/akerl/githubstats/labels/mergewhenready"
              },
              {
                "color": "ff0000",
                "description": "",
                "name": "donotmerge",
                "url": "https://api.github.com/repos/akerl/githubstats/labels/donotmerge"
              },
              {
                "color": "ffa500",
                "description": "",
                "name": "bug",
                "url": "https://api.github.com/repos/akerl/githubstats/labels/bug"
              }
            ],
            "repository": "githubstats"
          },
          "sensitive_attributes": [],
          "private": "eyJzY2hlbWFfdmVyc2lvbiI6IjAifQ=="
        },
        {
          "index_key": "go-indefinite-article",
          "schema_version": 0,
          "attributes": {
            "id": "go-indefinite-article",
            "label": [
              {
                "color": "0000ff",
                "description": "",
                "name": "feature",
                "url": "https://api.github.com/repos/akerl/go-indefinite-article/labels/feature"
              },
              {
                "color": "008000",
                "description": "",
                "name": "mergewhenready",
                "url": "https://api.github.com/repos/akerl/go-indefinite-article/labels/mergewhenready"
              },
              {
                "color": "ff0000",
                "description": "",
                "name": "donotmerge",
                "url": "https://api.github.com/repos/akerl/go-indefinite-article/labels/donotmerge"
              },
              {
                "color": "ffa500",
                "description": "",
                "name": "bug",
                "url": "https://api.github.com/repos/akerl/go-indefinite-article/labels/bug"
              }
            ],
            "repository": "go-indefinite-article"
          },
          "sensitive_attributes": [],
          "private": "eyJzY2hlbWFfdmVyc2lvbiI6IjAifQ=="
        },
        {
          "index_key": "go-lambda",
          "schema_version": 0,
          "attributes": {
            "id": "go-lambda",
            "label": [
              {
                "color": "0000ff",
                "description": "",
                "name": "feature",
                "url": "https://api.github.com/repos/akerl/go-lambda/labels/feature"
              },
              {
                "color": "008000",
                "description": "",
                "name": "mergewhenready",
                "url": "https://api.github.com/repos/akerl/go-lambda/labels/mergewhenready"
              },
              {
                "color": "ff0000",
                "description": "",
                "name": "donotmerge",
                "url": "https://api.github.com/repos/akerl/go-lambda/labels/donotmerge"
              },
              {
                "color": "ffa500",
                "description": "",
                "name": "bug",
                "url": "https://api.github.com/repos/akerl/go-lambda/labels/bug"
              }
            ],
            "repository": "go-lambda"
          },
          "sensitive_attributes": [],
          "private": "eyJzY2hlbWFfdmVyc2lvbiI6IjAifQ=="
        },
        {
          "index_key": "goodcop",
          "schema_version": 0,
          "attributes": {
            "id": "goodcop",
            "label": [
              {
                "color": "0000ff",
                "description": "",
                "name": "feature",
                "url": "https://api.github.com/repos/akerl/goodcop/labels/feature"
              },
              {
                "color": "008000",
                "description": "",
                "name": "mergewhenready",
                "url": "https://api.github.com/repos/akerl/goodcop/labels/mergewhenready"
              },
              {
                "color": "ff0000",
                "description": "",
                "name": "donotmerge",
                "url": "https://api.github.com/repos/akerl/goodcop/labels/donotmerge"
              },
              {
                "color": "ffa500",
                "description": "",
                "name": "bug",
                "url": "https://api.github.com/repos/akerl/goodcop/labels/bug"
              }
            ],
            "repository": "goodcop"
          },
          "sensitive_attributes": [],
          "private": "eyJzY2hlbWFfdmVyc2lvbiI6IjAifQ=="
        },
        {
          "index_key": "grafana-json",
          "schema_version": 0,
          "attributes": {
            "id": "grafana-json",
            "label": [
              {
                "color": "0000ff",
                "description": "",
                "name": "feature",
                "url": "https://api.github.com/repos/akerl/grafana-json/labels/feature"
              },
              {
                "color": "008000",
                "description": "",
                "name": "mergewhenready",
                "url": "https://api.github.com/repos/akerl/grafana-json/labels/mergewhenready"
              },
              {
                "color": "ff0000",
                "description": "",
                "name": "donotmerge",
                "url": "https://api.github.com/repos/akerl/grafana-json/labels/donotmerge"
              },
              {
                "color": "ffa500",
                "description": "",
                "name": "bug",
                "url": "https://api.github.com/repos/akerl/grafana-json/labels/bug"
              }
            ],
            "repository": "grafana-json"
          },
          "sensitive_attributes": [],
          "private": "bnVsbA=="
        },
        {
          "index_key": "grafana-json-ledger",
          "schema_version": 0,
          "attributes": {
            "id": "grafana-json-ledger",
            "label": [
              {
                "color": "0000ff",
                "description": "",
                "name": "feature",
                "url": "https://api.github.com/repos/akerl/grafana-json-ledger/labels/feature"
              },
              {
                "color": "008000",
                "description": "",
                "name": "mergewhenready",
                "url": "https://api.github.com/repos/akerl/grafana-json-ledger/labels/mergewhenready"
              },
              {
                "color": "ff0000",
                "description": "",
                "name": "donotmerge",
                "url": "https://api.github.com/repos/akerl/grafana-json-ledger/labels/donotmerge"
              },
              {
                "color": "ffa500",
                "description": "",
                "name": "bug",
                "url": "https://api.github.com/repos/akerl/grafana-json-ledger/labels/bug"
              }
            ],
            "repository": "grafana-json-ledger"
          },
          "sensitive_attributes": [],
          "private": "bnVsbA=="
        },
        {
          "index_key": "hf-library",
          "schema_version": 0,
          "attributes": {
            "id": "hf-library",
            "label": [
              {
                "color": "0000ff",
                "description": "",
                "name": "feature",
                "url": "https://api.github.com/repos/akerl/hf-library/labels/feature"
              },
              {
                "color": "008000",
                "description": "",
                "name": "mergewhenready",
                "url": "https://api.github.com/repos/akerl/hf-library/labels/mergewhenready"
              },
              {
                "color": "ff0000",
                "description": "",
                "name": "donotmerge",
                "url": "https://api.github.com/repos/akerl/hf-library/labels/donotmerge"
              },
              {
                "color": "ffa500",
                "description": "",
                "name": "bug",
                "url": "https://api.github.com/repos/akerl/hf-library/labels/bug"
              }
            ],
            "repository": "hf-library"
          },
          "sensitive_attributes": [],
          "private": "eyJzY2hlbWFfdmVyc2lvbiI6IjAifQ=="
        },
        {
          "index_key": "hook-exporter",
          "schema_version": 0,
          "attributes": {
            "id": "hook-exporter",
            "label": [
              {
                "color": "0000ff",
                "description": "",
                "name": "feature",
                "url": "https://api.github.com/repos/akerl/hook-exporter/labels/feature"
              },
              {
                "color": "008000",
                "description": "",
                "name": "mergewhenready",
                "url": "https://api.github.com/repos/akerl/hook-exporter/labels/mergewhenready"
              },
              {
                "color": "ff0000",
                "description": "",
                "name": "donotmerge",
                "url": "https://api.github.com/repos/akerl/hook-exporter/labels/donotmerge"
              },
              {
                "color": "ffa500",
                "description": "",
                "name": "bug",
                "url": "https://api.github.com/repos/akerl/hook-exporter/labels/bug"
              }
            ],
            "repository": "hook-exporter"
          },
          "sensitive_attributes": [],
          "private": "eyJzY2hlbWFfdmVyc2lvbiI6IjAifQ=="
        },
        {
          "index_key": "hss",
          "schema_version": 0,
          "attributes": {
            "id": "hss",
            "label": [
              {
                "color": "0000ff",
                "description": "",
                "name": "feature",
                "url": "https://api.github.com/repos/akerl/hss/labels/feature"
              },
              {
                "color": "008000",
                "description": "",
                "name": "mergewhenready",
                "url": "https://api.github.com/repos/akerl/hss/labels/mergewhenready"
              },
              {
                "color": "ff0000",
                "description": "",
                "name": "donotmerge",
                "url": "https://api.github.com/repos/akerl/hss/labels/donotmerge"
              },
              {
                "color": "ffa500",
                "description": "",
                "name": "bug",
                "url": "https://api.github.com/repos/akerl/hss/labels/bug"
              }
            ],
            "repository": "hss"
          },
          "sensitive_attributes": [],
          "private": "eyJzY2hlbWFfdmVyc2lvbiI6IjAifQ=="
        },
        {
          "index_key": "input",
          "schema_version": 0,
          "attributes": {
            "id": "input",
            "label": [
              {
                "color": "0000ff",
                "description": "",
                "name": "feature",
                "url": "https://api.github.com/repos/akerl/input/labels/feature"
              },
              {
                "color": "008000",
                "description": "",
                "name": "mergewhenready",
                "url": "https://api.github.com/repos/akerl/input/labels/mergewhenready"
              },
              {
                "color": "ff0000",
                "description": "",
                "name": "donotmerge",
                "url": "https://api.github.com/repos/akerl/input/labels/donotmerge"
              },
              {
                "color": "ffa500",
                "description": "",
                "name": "bug",
                "url": "https://api.github.com/repos/akerl/input/labels/bug"
              }
            ],
            "repository": "input"
          },
          "sensitive_attributes": [],
          "private": "eyJzY2hlbWFfdmVyc2lvbiI6IjAifQ=="
        },
        {
          "index_key": "keyboard",
          "schema_version": 0,
          "attributes": {
            "id": "keyboard",
            "label": [
              {
                "color": "0000ff",
                "description": "",
                "name": "feature",
                "url": "https://api.github.com/repos/akerl/keyboard/labels/feature"
              },
              {
                "color": "008000",
                "description": "",
                "name": "mergewhenready",
                "url": "https://api.github.com/repos/akerl/keyboard/labels/mergewhenready"
              },
              {
                "color": "ff0000",
                "description": "",
                "name": "donotmerge",
                "url": "https://api.github.com/repos/akerl/keyboard/labels/donotmerge"
              },
              {
                "color": "ffa500",
                "description": "",
                "name": "bug",
                "url": "https://api.github.com/repos/akerl/keyboard/labels/bug"
              }
            ],
            "repository": "keyboard"
          },
          "sensitive_attributes": [],
          "private": "eyJzY2hlbWFfdmVyc2lvbiI6IjAifQ=="
        },
        {
          "index_key": "keylime",
          "schema_version": 0,
          "attributes": {
            "id": "keylime",
            "label": [
              {
                "color": "0000ff",
                "description": "",
                "name": "feature",
                "url": "https://api.github.com/repos/akerl/keylime/labels/feature"
              },
              {
                "color": "008000",
                "description": "",
                "name": "mergewhenready",
                "url": "https://api.github.com/repos/akerl/keylime/labels/mergewhenready"
              },
              {
                "color": "ff0000",
                "description": "",
                "name": "donotmerge",
                "url": "https://api.github.com/repos/akerl/keylime/labels/donotmerge"
              },
              {
                "color": "ffa500",
                "description": "",
                "name": "bug",
                "url": "https://api.github.com/repos/akerl/keylime/labels/bug"
              }
            ],
            "repository": "keylime"
          },
          "sensitive_attributes": [],
          "private": "eyJzY2hlbWFfdmVyc2lvbiI6IjAifQ=="
        },
        {
          "index_key": "kvmtoggle",
          "schema_version": 0,
          "attributes": {
            "id": "kvmtoggle",
            "label": [
              {
                "color": "0000ff",
                "description": "",
                "name": "feature",
                "url": "https://api.github.com/repos/akerl/kvmtoggle/labels/feature"
              },
              {
                "color": "008000",
                "description": "",
                "name": "mergewhenready",
                "url": "https://api.github.com/repos/akerl/kvmtoggle/labels/mergewhenready"
              },
              {
                "color": "ff0000",
                "description": "",
                "name": "donotmerge",
                "url": "https://api.github.com/repos/akerl/kvmtoggle/labels/donotmerge"
              },
              {
                "color": "ffa500",
                "description": "",
                "name": "bug",
                "url": "https://api.github.com/repos/akerl/kvmtoggle/labels/bug"
              }
            ],
            "repository": "kvmtoggle"
          },
          "sensitive_attributes": [],
          "private": "eyJzY2hlbWFfdmVyc2lvbiI6IjAifQ=="
        },
        {
          "index_key": "lambda-basic-auth",
          "schema_version": 0,
          "attributes": {
            "id": "lambda-basic-auth",
            "label": [
              {
                "color": "0000ff",
                "description": "",
                "name": "feature",
                "url": "https://api.github.com/repos/akerl/lambda-basic-auth/labels/feature"
              },
              {
                "color": "008000",
                "description": "",
                "name": "mergewhenready",
                "url": "https://api.github.com/repos/akerl/lambda-basic-auth/labels/mergewhenready"
              },
              {
                "color": "ff0000",
                "description": "",
                "name": "donotmerge",
                "url": "https://api.github.com/repos/akerl/lambda-basic-auth/labels/donotmerge"
              },
              {
                "color": "ffa500",
                "description": "",
                "name": "bug",
                "url": "https://api.github.com/repos/akerl/lambda-basic-auth/labels/bug"
              }
            ],
            "repository": "lambda-basic-auth"
          },
          "sensitive_attributes": [],
          "private": "eyJzY2hlbWFfdmVyc2lvbiI6IjAifQ=="
        },
        {
          "index_key": "ledgergraph",
          "schema_version": 0,
          "attributes": {
            "id": "ledgergraph",
            "label": [
              {
                "color": "0000ff",
                "description": "",
                "name": "feature",
                "url": "https://api.github.com/repos/akerl/ledgergraph/labels/feature"
              },
              {
                "color": "008000",
                "description": "",
                "name": "mergewhenready",
                "url": "https://api.github.com/repos/akerl/ledgergraph/labels/mergewhenready"
              },
              {
                "color": "ff0000",
                "description": "",
                "name": "donotmerge",
                "url": "https://api.github.com/repos/akerl/ledgergraph/labels/donotmerge"
              },
              {
                "color": "ffa500",
                "description": "",
                "name": "bug",
                "url": "https://api.github.com/repos/akerl/ledgergraph/labels/bug"
              }
            ],
            "repository": "ledgergraph"
          },
          "sensitive_attributes": [],
          "private": "bnVsbA=="
        },
        {
          "index_key": "ledgerhelpers",
          "schema_version": 0,
          "attributes": {
            "id": "ledgerhelpers",
            "label": [
              {
                "color": "0000ff",
                "description": "",
                "name": "feature",
                "url": "https://api.github.com/repos/akerl/ledgerhelpers/labels/feature"
              },
              {
                "color": "008000",
                "description": "",
                "name": "mergewhenready",
                "url": "https://api.github.com/repos/akerl/ledgerhelpers/labels/mergewhenready"
              },
              {
                "color": "ff0000",
                "description": "",
                "name": "donotmerge",
                "url": "https://api.github.com/repos/akerl/ledgerhelpers/labels/donotmerge"
              },
              {
                "color": "ffa500",
                "description": "",
                "name": "bug",
                "url": "https://api.github.com/repos/akerl/ledgerhelpers/labels/bug"
              }
            ],
            "repository": "ledgerhelpers"
          },
          "sensitive_attributes": [],
          "private": "eyJzY2hlbWFfdmVyc2lvbiI6IjAifQ=="
        },
        {
          "index_key": "libledger",
          "schema_version": 0,
          "attributes": {
            "id": "libledger",
            "label": [
              {
                "color": "0000ff",
                "description": "",
                "name": "feature",
                "url": "https://api.github.com/repos/akerl/libledger/labels/feature"
              },
              {
                "color": "008000",
                "description": "",
                "name": "mergewhenready",
                "url": "https://api.github.com/repos/akerl/libledger/labels/mergewhenready"
              },
              {
                "color": "ff0000",
                "description": "",
                "name": "donotmerge",
                "url": "https://api.github.com/repos/akerl/libledger/labels/donotmerge"
              },
              {
                "color": "ffa500",
                "description": "",
                "name": "bug",
                "url": "https://api.github.com/repos/akerl/libledger/labels/bug"
              }
            ],
            "repository": "libledger"
          },
          "sensitive_attributes": [],
          "private": "eyJzY2hlbWFfdmVyc2lvbiI6IjAifQ=="
        },
        {
          "index_key": "linode-account",
          "schema_version": 0,
          "attributes": {
            "id": "linode-account",
            "label": [
              {
                "color": "0000ff",
                "description": "",
                "name": "feature",
                "url": "https://api.github.com/repos/akerl/linode-account/labels/feature"
              },
              {
                "color": "008000",
                "description": "",
                "name": "mergewhenready",
                "url": "https://api.github.com/repos/akerl/linode-account/labels/mergewhenready"
              },
              {
                "color": "ff0000",
                "description": "",
                "name": "donotmerge",
                "url": "https://api.github.com/repos/akerl/linode-account/labels/donotmerge"
              },
              {
                "color": "ffa500",
                "description": "",
                "name": "bug",
                "url": "https://api.github.com/repos/akerl/linode-account/labels/bug"
              }
            ],
            "repository": "linode-account"
          },
          "sensitive_attributes": [],
          "private": "eyJzY2hlbWFfdmVyc2lvbiI6IjAifQ=="
        },
        {
          "index_key": "littlesnitch",
          "schema_version": 0,
          "attributes": {
            "id": "littlesnitch",
            "label": [
              {
                "color": "0000ff",
                "description": "",
                "name": "feature",
                "url": "https://api.github.com/repos/akerl/littlesnitch/labels/feature"
              },
              {
                "color": "008000",
                "description": "",
                "name": "mergewhenready",
                "url": "https://api.github.com/repos/akerl/littlesnitch/labels/mergewhenready"
              },
              {
                "color": "ff0000",
                "description": "",
                "name": "donotmerge",
                "url": "https://api.github.com/repos/akerl/littlesnitch/labels/donotmerge"
              },
              {
                "color": "ffa500",
                "description": "",
                "name": "bug",
                "url": "https://api.github.com/repos/akerl/littlesnitch/labels/bug"
              }
            ],
            "repository": "littlesnitch"
          },
          "sensitive_attributes": [],
          "private": "eyJzY2hlbWFfdmVyc2lvbiI6IjAifQ=="
        },
        {
          "index_key": "logcabin",
          "schema_version": 0,
          "attributes": {
            "id": "logcabin",
            "label": [
              {
                "color": "0000ff",
                "description": "",
                "name": "feature",
                "url": "https://api.github.com/repos/akerl/logcabin/labels/feature"
              },
              {
                "color": "008000",
                "description": "",
                "name": "mergewhenready",
                "url": "https://api.github.com/repos/akerl/logcabin/labels/mergewhenready"
              },
              {
                "color": "ff0000",
                "description": "",
                "name": "donotmerge",
                "url": "https://api.github.com/repos/akerl/logcabin/labels/donotmerge"
              },
              {
                "color": "ffa500",
                "description": "",
                "name": "bug",
                "url": "https://api.github.com/repos/akerl/logcabin/labels/bug"
              }
            ],
            "repository": "logcabin"
          },
          "sensitive_attributes": [],
          "private": "eyJzY2hlbWFfdmVyc2lvbiI6IjAifQ=="
        },
        {
          "index_key": "macroquest",
          "schema_version": 0,
          "attributes": {
            "id": "macroquest",
            "label": [
              {
                "color": "0000ff",
                "description": "",
                "name": "feature",
                "url": "https://api.github.com/repos/akerl/macroquest/labels/feature"
              },
              {
                "color": "008000",
                "description": "",
                "name": "mergewhenready",
                "url": "https://api.github.com/repos/akerl/macroquest/labels/mergewhenready"
              },
              {
                "color": "ff0000",
                "description": "",
                "name": "donotmerge",
                "url": "https://api.github.com/repos/akerl/macroquest/labels/donotmerge"
              },
              {
                "color": "ffa500",
                "description": "",
                "name": "bug",
                "url": "https://api.github.com/repos/akerl/macroquest/labels/bug"
              }
            ],
            "repository": "macroquest"
          },
          "sensitive_attributes": [],
          "private": "bnVsbA=="
        },
        {
          "index_key": "madlibrarian",
          "schema_version": 0,
          "attributes": {
            "id": "madlibrarian",
            "label": [
              {
                "color": "0000ff",
                "description": "",
                "name": "feature",
                "url": "https://api.github.com/repos/akerl/madlibrarian/labels/feature"
              },
              {
                "color": "008000",
                "description": "",
                "name": "mergewhenready",
                "url": "https://api.github.com/repos/akerl/madlibrarian/labels/mergewhenready"
              },
              {
                "color": "ff0000",
                "description": "",
                "name": "donotmerge",
                "url": "https://api.github.com/repos/akerl/madlibrarian/labels/donotmerge"
              },
              {
                "color": "ffa500",
                "description": "",
                "name": "bug",
                "url": "https://api.github.com/repos/akerl/madlibrarian/labels/bug"
              }
            ],
            "repository": "madlibrarian"
          },
          "sensitive_attributes": [],
          "private": "eyJzY2hlbWFfdmVyc2lvbiI6IjAifQ=="
        },
        {
          "index_key": "madlibrarian-lambda",
          "schema_version": 0,
          "attributes": {
            "id": "madlibrarian-lambda",
            "label": [
              {
                "color": "0000ff",
                "description": "",
                "name": "feature",
                "url": "https://api.github.com/repos/akerl/madlibrarian-lambda/labels/feature"
              },
              {
                "color": "008000",
                "description": "",
                "name": "mergewhenready",
                "url": "https://api.github.com/repos/akerl/madlibrarian-lambda/labels/mergewhenready"
              },
              {
                "color": "ff0000",
                "description": "",
                "name": "donotmerge",
                "url": "https://api.github.com/repos/akerl/madlibrarian-lambda/labels/donotmerge"
              },
              {
                "color": "ffa500",
                "description": "",
                "name": "bug",
                "url": "https://api.github.com/repos/akerl/madlibrarian-lambda/labels/bug"
              }
            ],
            "repository": "madlibrarian-lambda"
          },
          "sensitive_attributes": [],
          "private": "eyJzY2hlbWFfdmVyc2lvbiI6IjAifQ=="
        },
        {
          "index_key": "meld",
          "schema_version": 0,
          "attributes": {
            "id": "meld",
            "label": [
              {
                "color": "0000ff",
                "description": "",
                "name": "feature",
                "url": "https://api.github.com/repos/akerl/meld/labels/feature"
              },
              {
                "color": "008000",
                "description": "",
                "name": "mergewhenready",
                "url": "https://api.github.com/repos/akerl/meld/labels/mergewhenready"
              },
              {
                "color": "ff0000",
                "description": "",
                "name": "donotmerge",
                "url": "https://api.github.com/repos/akerl/meld/labels/donotmerge"
              },
              {
                "color": "ffa500",
                "description": "",
                "name": "bug",
                "url": "https://api.github.com/repos/akerl/meld/labels/bug"
              }
            ],
            "repository": "meld"
          },
          "sensitive_attributes": [],
          "private": "eyJzY2hlbWFfdmVyc2lvbiI6IjAifQ=="
        },
        {
          "index_key": "metrics",
          "schema_version": 0,
          "attributes": {
            "id": "metrics",
            "label": [
              {
                "color": "0000ff",
                "description": "",
                "name": "feature",
                "url": "https://api.github.com/repos/akerl/metrics/labels/feature"
              },
              {
                "color": "008000",
                "description": "",
                "name": "mergewhenready",
                "url": "https://api.github.com/repos/akerl/metrics/labels/mergewhenready"
              },
              {
                "color": "ff0000",
                "description": "",
                "name": "donotmerge",
                "url": "https://api.github.com/repos/akerl/metrics/labels/donotmerge"
              },
              {
                "color": "ffa500",
                "description": "",
                "name": "bug",
                "url": "https://api.github.com/repos/akerl/metrics/labels/bug"
              }
            ],
            "repository": "metrics"
          },
          "sensitive_attributes": [],
          "private": "bnVsbA=="
        },
        {
          "index_key": "mq2glasses",
          "schema_version": 0,
          "attributes": {
            "id": "mq2glasses",
            "label": [
              {
                "color": "0000ff",
                "description": "",
                "name": "feature",
                "url": "https://api.github.com/repos/akerl/mq2glasses/labels/feature"
              },
              {
                "color": "008000",
                "description": "",
                "name": "mergewhenready",
                "url": "https://api.github.com/repos/akerl/mq2glasses/labels/mergewhenready"
              },
              {
                "color": "ff0000",
                "description": "",
                "name": "donotmerge",
                "url": "https://api.github.com/repos/akerl/mq2glasses/labels/donotmerge"
              },
              {
                "color": "ffa500",
                "description": "",
                "name": "bug",
                "url": "https://api.github.com/repos/akerl/mq2glasses/labels/bug"
              }
            ],
            "repository": "mq2glasses"
          },
          "sensitive_attributes": [],
          "private": "bnVsbA=="
        },
        {
          "index_key": "navigate",
          "schema_version": 0,
          "attributes": {
            "id": "navigate",
            "label": [
              {
                "color": "0000ff",
                "description": "",
                "name": "feature",
                "url": "https://api.github.com/repos/akerl/navigate/labels/feature"
              },
              {
                "color": "008000",
                "description": "",
                "name": "mergewhenready",
                "url": "https://api.github.com/repos/akerl/navigate/labels/mergewhenready"
              },
              {
                "color": "ff0000",
                "description": "",
                "name": "donotmerge",
                "url": "https://api.github.com/repos/akerl/navigate/labels/donotmerge"
              },
              {
                "color": "ffa500",
                "description": "",
                "name": "bug",
                "url": "https://api.github.com/repos/akerl/navigate/labels/bug"
              }
            ],
            "repository": "navigate"
          },
          "sensitive_attributes": [],
          "private": "eyJzY2hlbWFfdmVyc2lvbiI6IjAifQ=="
        },
        {
          "index_key": "octoauth",
          "schema_version": 0,
          "attributes": {
            "id": "octoauth",
            "label": [
              {
                "color": "0000ff",
                "description": "",
                "name": "feature",
                "url": "https://api.github.com/repos/akerl/octoauth/labels/feature"
              },
              {
                "color": "008000",
                "description": "",
                "name": "mergewhenready",
                "url": "https://api.github.com/repos/akerl/octoauth/labels/mergewhenready"
              },
              {
                "color": "ff0000",
                "description": "",
                "name": "donotmerge",
                "url": "https://api.github.com/repos/akerl/octoauth/labels/donotmerge"
              },
              {
                "color": "ffa500",
                "description": "",
                "name": "bug",
                "url": "https://api.github.com/repos/akerl/octoauth/labels/bug"
              }
            ],
            "repository": "octoauth"
          },
          "sensitive_attributes": [],
          "private": "eyJzY2hlbWFfdmVyc2lvbiI6IjAifQ=="
        },
        {
          "index_key": "otgkey",
          "schema_version": 0,
          "attributes": {
            "id": "otgkey",
            "label": [
              {
                "color": "0000ff",
                "description": "",
                "name": "feature",
                "url": "https://api.github.com/repos/akerl/otgkey/labels/feature"
              },
              {
                "color": "008000",
                "description": "",
                "name": "mergewhenready",
                "url": "https://api.github.com/repos/akerl/otgkey/labels/mergewhenready"
              },
              {
                "color": "ff0000",
                "description": "",
                "name": "donotmerge",
                "url": "https://api.github.com/repos/akerl/otgkey/labels/donotmerge"
              },
              {
                "color": "ffa500",
                "description": "",
                "name": "bug",
                "url": "https://api.github.com/repos/akerl/otgkey/labels/bug"
              }
            ],
            "repository": "otgkey"
          },
          "sensitive_attributes": [],
          "private": "eyJzY2hlbWFfdmVyc2lvbiI6IjAifQ=="
        },
        {
          "index_key": "pkgforge",
          "schema_version": 0,
          "attributes": {
            "id": "pkgforge",
            "label": [
              {
                "color": "0000ff",
                "description": "",
                "name": "feature",
                "url": "https://api.github.com/repos/akerl/pkgforge/labels/feature"
              },
              {
                "color": "008000",
                "description": "",
                "name": "mergewhenready",
                "url": "https://api.github.com/repos/akerl/pkgforge/labels/mergewhenready"
              },
              {
                "color": "ff0000",
                "description": "",
                "name": "donotmerge",
                "url": "https://api.github.com/repos/akerl/pkgforge/labels/donotmerge"
              },
              {
                "color": "ffa500",
                "description": "",
                "name": "bug",
                "url": "https://api.github.com/repos/akerl/pkgforge/labels/bug"
              }
            ],
            "repository": "pkgforge"
          },
          "sensitive_attributes": [],
          "private": "eyJzY2hlbWFfdmVyc2lvbiI6IjAifQ=="
        },
        {
          "index_key": "pkgforge-golang-helper",
          "schema_version": 0,
          "attributes": {
            "id": "pkgforge-golang-helper",
            "label": [
              {
                "color": "0000ff",
                "description": "",
                "name": "feature",
                "url": "https://api.github.com/repos/akerl/pkgforge-golang-helper/labels/feature"
              },
              {
                "color": "008000",
                "description": "",
                "name": "mergewhenready",
                "url": "https://api.github.com/repos/akerl/pkgforge-golang-helper/labels/mergewhenready"
              },
              {
                "color": "ff0000",
                "description": "",
                "name": "donotmerge",
                "url": "https://api.github.com/repos/akerl/pkgforge-golang-helper/labels/donotmerge"
              },
              {
                "color": "ffa500",
                "description": "",
                "name": "bug",
                "url": "https://api.github.com/repos/akerl/pkgforge-golang-helper/labels/bug"
              }
            ],
            "repository": "pkgforge-golang-helper"
          },
          "sensitive_attributes": [],
          "private": "eyJzY2hlbWFfdmVyc2lvbiI6IjAifQ=="
        },
        {
          "index_key": "pkgforge-helper",
          "schema_version": 0,
          "attributes": {
            "id": "pkgforge-helper",
            "label": [
              {
                "color": "0000ff",
                "description": "",
                "name": "feature",
                "url": "https://api.github.com/repos/akerl/pkgforge-helper/labels/feature"
              },
              {
                "color": "008000",
                "description": "",
                "name": "mergewhenready",
                "url": "https://api.github.com/repos/akerl/pkgforge-helper/labels/mergewhenready"
              },
              {
                "color": "ff0000",
                "description": "",
                "name": "donotmerge",
                "url": "https://api.github.com/repos/akerl/pkgforge-helper/labels/donotmerge"
              },
              {
                "color": "ffa500",
                "description": "",
                "name": "bug",
                "url": "https://api.github.com/repos/akerl/pkgforge-helper/labels/bug"
              }
            ],
            "repository": "pkgforge-helper"
          },
          "sensitive_attributes": [],
          "private": "eyJzY2hlbWFfdmVyc2lvbiI6IjAifQ=="
        },
        {
          "index_key": "plaid-bootstrap",
          "schema_version": 0,
          "attributes": {
            "id": "plaid-bootstrap",
            "label": [
              {
                "color": "0000ff",
                "description": "",
                "name": "feature",
                "url": "https://api.github.com/repos/akerl/plaid-bootstrap/labels/feature"
              },
              {
                "color": "008000",
                "description": "",
                "name": "mergewhenready",
                "url": "https://api.github.com/repos/akerl/plaid-bootstrap/labels/mergewhenready"
              },
              {
                "color": "ff0000",
                "description": "",
                "name": "donotmerge",
                "url": "https://api.github.com/repos/akerl/plaid-bootstrap/labels/donotmerge"
              },
              {
                "color": "ffa500",
                "description": "",
                "name": "bug",
                "url": "https://api.github.com/repos/akerl/plaid-bootstrap/labels/bug"
              }
            ],
            "repository": "plaid-bootstrap"
          },
          "sensitive_attributes": [],
          "private": "eyJzY2hlbWFfdmVyc2lvbiI6IjAifQ=="
        },
        {
          "index_key": "quotes",
          "schema_version": 0,
          "attributes": {
            "id": "quotes",
            "label": [
              {
                "color": "0000ff",
                "description": "",
                "name": "feature",
                "url": "https://api.github.com/repos/akerl/quotes/labels/feature"
              },
              {
                "color": "008000",
                "description": "",
                "name": "mergewhenready",
                "url": "https://api.github.com/repos/akerl/quotes/labels/mergewhenready"
              },
              {
                "color": "ff0000",
                "description": "",
                "name": "donotmerge",
                "url": "https://api.github.com/repos/akerl/quotes/labels/donotmerge"
              },
              {
                "color": "ffa500",
                "description": "",
                "name": "bug",
                "url": "https://api.github.com/repos/akerl/quotes/labels/bug"
              }
            ],
            "repository": "quotes"
          },
          "sensitive_attributes": [],
          "private": "eyJzY2hlbWFfdmVyc2lvbiI6IjAifQ=="
        },
        {
          "index_key": "repo-checks",
          "schema_version": 0,
          "attributes": {
            "id": "repo-checks",
            "label": [
              {
                "color": "0000ff",
                "description": "",
                "name": "feature",
                "url": "https://api.github.com/repos/akerl/repo-checks/labels/feature"
              },
              {
                "color": "008000",
                "description": "",
                "name": "mergewhenready",
                "url": "https://api.github.com/repos/akerl/repo-checks/labels/mergewhenready"
              },
              {
                "color": "ff0000",
                "description": "",
                "name": "donotmerge",
                "url": "https://api.github.com/repos/akerl/repo-checks/labels/donotmerge"
              },
              {
                "color": "ffa500",
                "description": "",
                "name": "bug",
                "url": "https://api.github.com/repos/akerl/repo-checks/labels/bug"
              }
            ],
            "repository": "repo-checks"
          },
          "sensitive_attributes": [],
          "private": "bnVsbA=="
        },
        {
          "index_key": "s3-auth-proxy",
          "schema_version": 0,
          "attributes": {
            "id": "s3-auth-proxy",
            "label": [
              {
                "color": "0000ff",
                "description": "",
                "name": "feature",
                "url": "https://api.github.com/repos/akerl/s3-auth-proxy/labels/feature"
              },
              {
                "color": "008000",
                "description": "",
                "name": "mergewhenready",
                "url": "https://api.github.com/repos/akerl/s3-auth-proxy/labels/mergewhenready"
              },
              {
                "color": "ff0000",
                "description": "",
                "name": "donotmerge",
                "url": "https://api.github.com/repos/akerl/s3-auth-proxy/labels/donotmerge"
              },
              {
                "color": "ffa500",
                "description": "",
                "name": "bug",
                "url": "https://api.github.com/repos/akerl/s3-auth-proxy/labels/bug"
              }
            ],
            "repository": "s3-auth-proxy"
          },
          "sensitive_attributes": [],
          "private": "eyJzY2hlbWFfdmVyc2lvbiI6IjAifQ=="
        },
        {
          "index_key": "scripts",
          "schema_version": 0,
          "attributes": {
            "id": "scripts",
            "label": [
              {
                "color": "0000ff",
                "description": "",
                "name": "feature",
                "url": "https://api.github.com/repos/akerl/scripts/labels/feature"
              },
              {
                "color": "008000",
                "description": "",
                "name": "mergewhenready",
                "url": "https://api.github.com/repos/akerl/scripts/labels/mergewhenready"
              },
              {
                "color": "ff0000",
                "description": "",
                "name": "donotmerge",
                "url": "https://api.github.com/repos/akerl/scripts/labels/donotmerge"
              },
              {
                "color": "ffa500",
                "description": "",
                "name": "bug",
                "url": "https://api.github.com/repos/akerl/scripts/labels/bug"
              }
            ],
            "repository": "scripts"
          },
          "sensitive_attributes": [],
          "private": "eyJzY2hlbWFfdmVyc2lvbiI6IjAifQ=="
        },
        {
          "index_key": "simplefin-exporter",
          "schema_version": 0,
          "attributes": {
            "id": "simplefin-exporter",
            "label": [
              {
                "color": "0000ff",
                "description": "",
                "name": "feature",
                "url": "https://api.github.com/repos/akerl/simplefin-exporter/labels/feature"
              },
              {
                "color": "008000",
                "description": "",
                "name": "mergewhenready",
                "url": "https://api.github.com/repos/akerl/simplefin-exporter/labels/mergewhenready"
              },
              {
                "color": "ff0000",
                "description": "",
                "name": "donotmerge",
                "url": "https://api.github.com/repos/akerl/simplefin-exporter/labels/donotmerge"
              },
              {
                "color": "ffa500",
                "description": "",
                "name": "bug",
                "url": "https://api.github.com/repos/akerl/simplefin-exporter/labels/bug"
              }
            ],
            "repository": "simplefin-exporter"
          },
          "sensitive_attributes": [],
          "private": "bnVsbA=="
        },
        {
          "index_key": "slack-mastodon",
          "schema_version": 0,
          "attributes": {
            "id": "slack-mastodon",
            "label": [
              {
                "color": "0000ff",
                "description": "",
                "name": "feature",
                "url": "https://api.github.com/repos/akerl/slack-mastodon/labels/feature"
              },
              {
                "color": "008000",
                "description": "",
                "name": "mergewhenready",
                "url": "https://api.github.com/repos/akerl/slack-mastodon/labels/mergewhenready"
              },
              {
                "color": "ff0000",
                "description": "",
                "name": "donotmerge",
                "url": "https://api.github.com/repos/akerl/slack-mastodon/labels/donotmerge"
              },
              {
                "color": "ffa500",
                "description": "",
                "name": "bug",
                "url": "https://api.github.com/repos/akerl/slack-mastodon/labels/bug"
              }
            ],
            "repository": "slack-mastodon"
          },
          "sensitive_attributes": [],
          "private": "eyJzY2hlbWFfdmVyc2lvbiI6IjAifQ=="
        },
        {
          "index_key": "smoosh",
          "schema_version": 0,
          "attributes": {
            "id": "smoosh",
            "label": [
              {
                "color": "0000ff",
                "description": "",
                "name": "feature",
                "url": "https://api.github.com/repos/akerl/smoosh/labels/feature"
              },
              {
                "color": "008000",
                "description": "",
                "name": "mergewhenready",
                "url": "https://api.github.com/repos/akerl/smoosh/labels/mergewhenready"
              },
              {
                "color": "ff0000",
                "description": "",
                "name": "donotmerge",
                "url": "https://api.github.com/repos/akerl/smoosh/labels/donotmerge"
              },
              {
                "color": "ffa500",
                "description": "",
                "name": "bug",
                "url": "https://api.github.com/repos/akerl/smoosh/labels/bug"
              }
            ],
            "repository": "smoosh"
          },
          "sensitive_attributes": [],
          "private": "eyJzY2hlbWFfdmVyc2lvbiI6IjAifQ=="
        },
        {
          "index_key": "spaarti",
          "schema_version": 0,
          "attributes": {
            "id": "spaarti",
            "label": [
              {
                "color": "0000ff",
                "description": "",
                "name": "feature",
                "url": "https://api.github.com/repos/akerl/spaarti/labels/feature"
              },
              {
                "color": "008000",
                "description": "",
                "name": "mergewhenready",
                "url": "https://api.github.com/repos/akerl/spaarti/labels/mergewhenready"
              },
              {
                "color": "ff0000",
                "description": "",
                "name": "donotmerge",
                "url": "https://api.github.com/repos/akerl/spaarti/labels/donotmerge"
              },
              {
                "color": "ffa500",
                "description": "",
                "name": "bug",
                "url": "https://api.github.com/repos/akerl/spaarti/labels/bug"
              }
            ],
            "repository": "spaarti"
          },
          "sensitive_attributes": [],
          "private": "eyJzY2hlbWFfdmVyc2lvbiI6IjAifQ=="
        },
        {
          "index_key": "speculate",
          "schema_version": 0,
          "attributes": {
            "id": "speculate",
            "label": [
              {
                "color": "0000ff",
                "description": "",
                "name": "feature",
                "url": "https://api.github.com/repos/akerl/speculate/labels/feature"
              },
              {
                "color": "008000",
                "description": "",
                "name": "mergewhenready",
                "url": "https://api.github.com/repos/akerl/speculate/labels/mergewhenready"
              },
              {
                "color": "ff0000",
                "description": "",
                "name": "donotmerge",
                "url": "https://api.github.com/repos/akerl/speculate/labels/donotmerge"
              },
              {
                "color": "ffa500",
                "description": "",
                "name": "bug",
                "url": "https://api.github.com/repos/akerl/speculate/labels/bug"
              }
            ],
            "repository": "speculate"
          },
          "sensitive_attributes": [],
          "private": "eyJzY2hlbWFfdmVyc2lvbiI6IjAifQ=="
        },
        {
          "index_key": "stock-exporter",
          "schema_version": 0,
          "attributes": {
            "id": "stock-exporter",
            "label": [
              {
                "color": "0000ff",
                "description": "",
                "name": "feature",
                "url": "https://api.github.com/repos/akerl/stock-exporter/labels/feature"
              },
              {
                "color": "008000",
                "description": "",
                "name": "mergewhenready",
                "url": "https://api.github.com/repos/akerl/stock-exporter/labels/mergewhenready"
              },
              {
                "color": "ff0000",
                "description": "",
                "name": "donotmerge",
                "url": "https://api.github.com/repos/akerl/stock-exporter/labels/donotmerge"
              },
              {
                "color": "ffa500",
                "description": "",
                "name": "bug",
                "url": "https://api.github.com/repos/akerl/stock-exporter/labels/bug"
              }
            ],
            "repository": "stock-exporter"
          },
          "sensitive_attributes": [],
          "private": "bnVsbA=="
        },
        {
          "index_key": "syncgithub",
          "schema_version": 0,
          "attributes": {
            "id": "syncgithub",
            "label": [
              {
                "color": "0000ff",
                "description": "",
                "name": "feature",
                "url": "https://api.github.com/repos/akerl/syncgithub/labels/feature"
              },
              {
                "color": "008000",
                "description": "",
                "name": "mergewhenready",
                "url": "https://api.github.com/repos/akerl/syncgithub/labels/mergewhenready"
              },
              {
                "color": "ff0000",
                "description": "",
                "name": "donotmerge",
                "url": "https://api.github.com/repos/akerl/syncgithub/labels/donotmerge"
              },
              {
                "color": "ffa500",
                "description": "",
                "name": "bug",
                "url": "https://api.github.com/repos/akerl/syncgithub/labels/bug"
              }
            ],
            "repository": "syncgithub"
          },
          "sensitive_attributes": [],
          "private": "eyJzY2hlbWFfdmVyc2lvbiI6IjAifQ=="
        },
        {
          "index_key": "targit",
          "schema_version": 0,
          "attributes": {
            "id": "targit",
            "label": [
              {
                "color": "0000ff",
                "description": "",
                "name": "feature",
                "url": "https://api.github.com/repos/akerl/targit/labels/feature"
              },
              {
                "color": "008000",
                "description": "",
                "name": "mergewhenready",
                "url": "https://api.github.com/repos/akerl/targit/labels/mergewhenready"
              },
              {
                "color": "ff0000",
                "description": "",
                "name": "donotmerge",
                "url": "https://api.github.com/repos/akerl/targit/labels/donotmerge"
              },
              {
                "color": "ffa500",
                "description": "",
                "name": "bug",
                "url": "https://api.github.com/repos/akerl/targit/labels/bug"
              }
            ],
            "repository": "targit"
          },
          "sensitive_attributes": [],
          "private": "eyJzY2hlbWFfdmVyc2lvbiI6IjAifQ=="
        },
        {
          "index_key": "templates-s3",
          "schema_version": 0,
          "attributes": {
            "id": "templates-s3",
            "label": [
              {
                "color": "0000ff",
                "description": "",
                "name": "feature",
                "url": "https://api.github.com/repos/akerl/templates-s3/labels/feature"
              },
              {
                "color": "008000",
                "description": "",
                "name": "mergewhenready",
                "url": "https://api.github.com/repos/akerl/templates-s3/labels/mergewhenready"
              },
              {
                "color": "ff0000",
                "description": "",
                "name": "donotmerge",
                "url": "https://api.github.com/repos/akerl/templates-s3/labels/donotmerge"
              },
              {
                "color": "ffa500",
                "description": "",
                "name": "bug",
                "url": "https://api.github.com/repos/akerl/templates-s3/labels/bug"
              }
            ],
            "repository": "templates-s3"
          },
          "sensitive_attributes": [],
          "private": "eyJzY2hlbWFfdmVyc2lvbiI6IjAifQ=="
        },
        {
          "index_key": "thanksgiving",
          "schema_version": 0,
          "attributes": {
            "id": "thanksgiving",
            "label": [
              {
                "color": "0000ff",
                "description": "",
                "name": "feature",
                "url": "https://api.github.com/repos/akerl/thanksgiving/labels/feature"
              },
              {
                "color": "008000",
                "description": "",
                "name": "mergewhenready",
                "url": "https://api.github.com/repos/akerl/thanksgiving/labels/mergewhenready"
              },
              {
                "color": "ff0000",
                "description": "",
                "name": "donotmerge",
                "url": "https://api.github.com/repos/akerl/thanksgiving/labels/donotmerge"
              },
              {
                "color": "ffa500",
                "description": "",
                "name": "bug",
                "url": "https://api.github.com/repos/akerl/thanksgiving/labels/bug"
              }
            ],
            "repository": "thanksgiving"
          },
          "sensitive_attributes": [],
          "private": "eyJzY2hlbWFfdmVyc2lvbiI6IjAifQ=="
        },
        {
          "index_key": "timber",
          "schema_version": 0,
          "attributes": {
            "id": "timber",
            "label": [
              {
                "color": "0000ff",
                "description": "",
                "name": "feature",
                "url": "https://api.github.com/repos/akerl/timber/labels/feature"
              },
              {
                "color": "008000",
                "description": "",
                "name": "mergewhenready",
                "url": "https://api.github.com/repos/akerl/timber/labels/mergewhenready"
              },
              {
                "color": "ff0000",
                "description": "",
                "name": "donotmerge",
                "url": "https://api.github.com/repos/akerl/timber/labels/donotmerge"
              },
              {
                "color": "ffa500",
                "description": "",
                "name": "bug",
                "url": "https://api.github.com/repos/akerl/timber/labels/bug"
              }
            ],
            "repository": "timber"
          },
          "sensitive_attributes": [],
          "private": "eyJzY2hlbWFfdmVyc2lvbiI6IjAifQ=="
        },
        {
          "index_key": "unifi-site",
          "schema_version": 0,
          "attributes": {
            "id": "unifi-site",
            "label": [
              {
                "color": "0000ff",
                "description": "",
                "name": "feature",
                "url": "https://api.github.com/repos/akerl/unifi-site/labels/feature"
              },
              {
                "color": "008000",
                "description": "",
                "name": "mergewhenready",
                "url": "https://api.github.com/repos/akerl/unifi-site/labels/mergewhenready"
              },
              {
                "color": "ff0000",
                "description": "",
                "name": "donotmerge",
                "url": "https://api.github.com/repos/akerl/unifi-site/labels/donotmerge"
              },
              {
                "color": "ffa500",
                "description": "",
                "name": "bug",
                "url": "https://api.github.com/repos/akerl/unifi-site/labels/bug"
              }
            ],
            "repository": "unifi-site"
          },
          "sensitive_attributes": [],
          "private": "bnVsbA=="
        },
        {
          "index_key": "userinput",
          "schema_version": 0,
          "attributes": {
            "id": "userinput",
            "label": [
              {
                "color": "0000ff",
                "description": "",
                "name": "feature",
                "url": "https://api.github.com/repos/akerl/userinput/labels/feature"
              },
              {
                "color": "008000",
                "description": "",
                "name": "mergewhenready",
                "url": "https://api.github.com/repos/akerl/userinput/labels/mergewhenready"
              },
              {
                "color": "ff0000",
                "description": "",
                "name": "donotmerge",
                "url": "https://api.github.com/repos/akerl/userinput/labels/donotmerge"
              },
              {
                "color": "ffa500",
                "description": "",
                "name": "bug",
                "url": "https://api.github.com/repos/akerl/userinput/labels/bug"
              }
            ],
            "repository": "userinput"
          },
          "sensitive_attributes": [],
          "private": "eyJzY2hlbWFfdmVyc2lvbiI6IjAifQ=="
        },
        {
          "index_key": "voyager",
          "schema_version": 0,
          "attributes": {
            "id": "voyager",
            "label": [
              {
                "color": "0000ff",
                "description": "",
                "name": "feature",
                "url": "https://api.github.com/repos/akerl/voyager/labels/feature"
              },
              {
                "color": "008000",
                "description": "",
                "name": "mergewhenready",
                "url": "https://api.github.com/repos/akerl/voyager/labels/mergewhenready"
              },
              {
                "color": "ff0000",
                "description": "",
                "name": "donotmerge",
                "url": "https://api.github.com/repos/akerl/voyager/labels/donotmerge"
              },
              {
                "color": "ffa500",
                "description": "",
                "name": "bug",
                "url": "https://api.github.com/repos/akerl/voyager/labels/bug"
              }
            ],
            "repository": "voyager"
          },
          "sensitive_attributes": [],
          "private": "eyJzY2hlbWFfdmVyc2lvbiI6IjAifQ=="
        },
        {
          "index_key": "watchdog-lambda",
          "schema_version": 0,
          "attributes": {
            "id": "watchdog-lambda",
            "label": [
              {
                "color": "0000ff",
                "description": "",
                "name": "feature",
                "url": "https://api.github.com/repos/akerl/watchdog-lambda/labels/feature"
              },
              {
                "color": "008000",
                "description": "",
                "name": "mergewhenready",
                "url": "https://api.github.com/repos/akerl/watchdog-lambda/labels/mergewhenready"
              },
              {
                "color": "ff0000",
                "description": "",
                "name": "donotmerge",
                "url": "https://api.github.com/repos/akerl/watchdog-lambda/labels/donotmerge"
              },
              {
                "color": "ffa500",
                "description": "",
                "name": "bug",
                "url": "https://api.github.com/repos/akerl/watchdog-lambda/labels/bug"
              }
            ],
            "repository": "watchdog-lambda"
          },
          "sensitive_attributes": [],
          "private": "eyJzY2hlbWFfdmVyc2lvbiI6IjAifQ=="
        },
        {
          "index_key": "wh31e",
          "schema_version": 0,
          "attributes": {
            "id": "wh31e",
            "label": [
              {
                "color": "0000ff",
                "description": "",
                "name": "feature",
                "url": "https://api.github.com/repos/akerl/wh31e/labels/feature"
              },
              {
                "color": "008000",
                "description": "",
                "name": "mergewhenready",
                "url": "https://api.github.com/repos/akerl/wh31e/labels/mergewhenready"
              },
              {
                "color": "ff0000",
                "description": "",
                "name": "donotmerge",
                "url": "https://api.github.com/repos/akerl/wh31e/labels/donotmerge"
              },
              {
                "color": "ffa500",
                "description": "",
                "name": "bug",
                "url": "https://api.github.com/repos/akerl/wh31e/labels/bug"
              }
            ],
            "repository": "wh31e"
          },
          "sensitive_attributes": [],
          "private": "bnVsbA=="
        },
        {
          "index_key": "yubiotp",
          "schema_version": 0,
          "attributes": {
            "id": "yubiotp",
            "label": [
              {
                "color": "0000ff",
                "description": "",
                "name": "feature",
                "url": "https://api.github.com/repos/akerl/yubiotp/labels/feature"
              },
              {
                "color": "008000",
                "description": "",
                "name": "mergewhenready",
                "url": "https://api.github.com/repos/akerl/yubiotp/labels/mergewhenready"
              },
              {
                "color": "ff0000",
                "description": "",
                "name": "donotmerge",
                "url": "https://api.github.com/repos/akerl/yubiotp/labels/donotmerge"
              },
              {
                "color": "ffa500",
                "description": "",
                "name": "bug",
                "url": "https://api.github.com/repos/akerl/yubiotp/labels/bug"
              }
            ],
            "repository": "yubiotp"
          },
          "sensitive_attributes": [],
          "private": "eyJzY2hlbWFfdmVyc2lvbiI6IjAifQ=="
        }
      ]
    },
    {
      "module": "module.akerl",
      "mode": "managed",
      "type": "github_repository",
      "name": "each",
      "provider": "provider[\"registry.terraform.io/integrations/github\"].akerl",
      "instances": [
        {
          "index_key": ".github",
          "schema_version": 1,
          "attributes": {
            "allow_auto_merge": false,
            "allow_forking": true,
            "allow_merge_commit": false,
            "allow_rebase_merge": false,
            "allow_squash_merge": true,
            "allow_update_branch": true,
            "archive_on_destroy": null,
            "archived": false,
            "auto_init": false,
            "default_branch": "main",
            "delete_branch_on_merge": true,
            "description": "",
            "etag": "W/\"cc97244335315d1688187c918f4f2a915863387c682c6729569ec73e5d120d60\"",
            "fork": "false",
            "full_name": "akerl/.github",
            "git_clone_url": "git://github.com/akerl/.github.git",
            "gitignore_template": null,
            "has_discussions": false,
            "has_downloads": false,
            "has_issues": true,
            "has_projects": false,
            "has_wiki": false,
            "homepage_url": "",
            "html_url": "https://github.com/akerl/.github",
            "http_clone_url": "https://github.com/akerl/.github.git",
            "id": ".github",
            "ignore_vulnerability_alerts_during_read": null,
            "is_template": false,
            "license_template": null,
            "merge_commit_message": "PR_TITLE",
            "merge_commit_title": "MERGE_MESSAGE",
            "name": ".github",
            "node_id": "R_kgDOTU8ITA",
            "pages": [],
            "primary_language": "",
            "private": false,
            "repo_id": 1297025100,
            "security_and_analysis": [
              {
                "advanced_security": [],
                "code_security": [],
                "secret_scanning": [
                  {
                    "status": "enabled"
                  }
                ],
                "secret_scanning_ai_detection": [],
                "secret_scanning_non_provider_patterns": [],
                "secret_scanning_push_protection": [
                  {
                    "status": "enabled"
                  }
                ]
              }
            ],
            "source_owner": "",
            "source_repo": "",
            "squash_merge_commit_message": "COMMIT_MESSAGES",
            "squash_merge_commit_title": "COMMIT_OR_PR_TITLE",
            "ssh_clone_url": "git@github.com:akerl/.github.git",
            "svn_url": "https://github.com/akerl/.github",
            "template": [],
            "topics": [],
            "visibility": "public",
            "vulnerability_alerts": false,
            "web_commit_signoff_required": false
          },
          "sensitive_attributes": [],
          "private": "eyJzY2hlbWFfdmVyc2lvbiI6IjEifQ=="
        },
        {
          "index_key": "Alfred-Audio-Device",
          "schema_version": 1,
          "attributes": {
            "allow_auto_merge": false,
            "allow_forking": true,
            "allow_merge_commit": false,
            "allow_rebase_merge": false,
            "allow_squash_merge": true,
            "allow_update_branch": true,
            "archive_on_destroy": null,
            "archived": false,
            "auto_init": false,
            "default_branch": "master",
            "delete_branch_on_merge": true,
            "description": "http://michael.thegrebs.com/2013/01/18/alfred2-audio-device/",
            "etag": "W/\"e0dacf81a473302cf16fccfa08b87dba20d76949401d1cabb1c2e2c5da724908\"",
            "fork": "false",
            "full_name": "akerl/Alfred-Audio-Device",
            "git_clone_url": "git://github.com/akerl/Alfred-Audio-Device.git",
            "gitignore_template": null,
            "has_discussions": false,
            "has_downloads": false,
            "has_issues": true,
            "has_projects": false,
            "has_wiki": false,
            "homepage_url": "",
            "html_url": "https://github.com/akerl/Alfred-Audio-Device",
            "http_clone_url": "https://github.com/akerl/Alfred-Audio-Device.git",
            "id": "Alfred-Audio-Device",
            "ignore_vulnerability_alerts_during_read": null,
            "is_template": false,
            "license_template": null,
            "merge_commit_message": "PR_TITLE",
            "merge_commit_title": "MERGE_MESSAGE",
            "name": "Alfred-Audio-Device",
            "node_id": "MDEwOlJlcG9zaXRvcnkxODk2NDMyNA==",
            "pages": [],
            "primary_language": "Perl",
            "private": false,
            "repo_id": 18964324,
            "security_and_analysis": [
              {
                "advanced_security": [],
                "code_security": [],
                "secret_scanning": [
                  {
                    "status": "disabled"
                  }
                ],
                "secret_scanning_ai_detection": [],
                "secret_scanning_non_provider_patterns": [],
                "secret_scanning_push_protection": [
                  {
                    "status": "disabled"
                  }
                ]
              }
            ],
            "source_owner": "",
            "source_repo": "",
            "squash_merge_commit_message": "COMMIT_MESSAGES",
            "squash_merge_commit_title": "COMMIT_OR_PR_TITLE",
            "ssh_clone_url": "git@github.com:akerl/Alfred-Audio-Device.git",
            "svn_url": "https://github.com/akerl/Alfred-Audio-Device",
            "template": [],
            "topics": [],
            "visibility": "public",
            "vulnerability_alerts": false,
            "web_commit_signoff_required": false
          },
          "sensitive_attributes": [],
          "private": "eyJzY2hlbWFfdmVyc2lvbiI6IjEifQ=="
        },
        {
          "index_key": "accounting",
          "schema_version": 1,
          "attributes": {
            "allow_auto_merge": false,
            "allow_forking": true,
            "allow_merge_commit": false,
            "allow_rebase_merge": false,
            "allow_squash_merge": true,
            "allow_update_branch": true,
            "archive_on_destroy": null,
            "archived": false,
            "auto_init": false,
            "default_branch": "main",
            "delete_branch_on_merge": true,
            "description": "Personal ledger",
            "etag": "W/\"275b9e5428266a765fd0e3be1b539160afdcfdd7a26c68a8fc29680955838e70\"",
            "fork": "false",
            "full_name": "akerl/accounting",
            "git_clone_url": "git://github.com/akerl/accounting.git",
            "gitignore_template": null,
            "has_discussions": false,
            "has_downloads": false,
            "has_issues": true,
            "has_projects": false,
            "has_wiki": false,
            "homepage_url": "",
            "html_url": "https://github.com/akerl/accounting",
            "http_clone_url": "https://github.com/akerl/accounting.git",
            "id": "accounting",
            "ignore_vulnerability_alerts_during_read": null,
            "is_template": false,
            "license_template": null,
            "merge_commit_message": "PR_TITLE",
            "merge_commit_title": "MERGE_MESSAGE",
            "name": "accounting",
            "node_id": "MDEwOlJlcG9zaXRvcnk1Njk5MTQ4Ng==",
            "pages": [],
            "primary_language": "",
            "private": true,
            "repo_id": 56991486,
            "security_and_analysis": [],
            "source_owner": "",
            "source_repo": "",
            "squash_merge_commit_message": "COMMIT_MESSAGES",
            "squash_merge_commit_title": "COMMIT_OR_PR_TITLE",
            "ssh_clone_url": "git@github.com:akerl/accounting.git",
            "svn_url": "https://github.com/akerl/accounting",
            "template": [],
            "topics": [],
            "visibility": "private",
            "vulnerability_alerts": null,
            "web_commit_signoff_required": false
          },
          "sensitive_attributes": [],
          "private": "eyJzY2hlbWFfdmVyc2lvbiI6IjEifQ=="
        },
        {
          "index_key": "adventofcode",
          "schema_version": 1,
          "attributes": {
            "allow_auto_merge": false,
            "allow_forking": true,
            "allow_merge_commit": false,
            "allow_rebase_merge": false,
            "allow_squash_merge": true,
            "allow_update_branch": true,
            "archive_on_destroy": null,
            "archived": false,
            "auto_init": false,
            "default_branch": "main",
            "delete_branch_on_merge": true,
            "description": "Advent of Code problems",
            "etag": "W/\"0c5e936beb51d2bdac6acb49d020705e27dbf8b66b22b285de5a391a418bf2ca\"",
            "fork": "false",
            "full_name": "akerl/adventofcode",
            "git_clone_url": "git://github.com/akerl/adventofcode.git",
            "gitignore_template": null,
            "has_discussions": false,
            "has_downloads": false,
            "has_issues": true,
            "has_projects": false,
            "has_wiki": false,
            "homepage_url": "",
            "html_url": "https://github.com/akerl/adventofcode",
            "http_clone_url": "https://github.com/akerl/adventofcode.git",
            "id": "adventofcode",
            "ignore_vulnerability_alerts_during_read": null,
            "is_template": false,
            "license_template": null,
            "merge_commit_message": "PR_TITLE",
            "merge_commit_title": "MERGE_MESSAGE",
            "name": "adventofcode",
            "node_id": "MDEwOlJlcG9zaXRvcnk3NTg5OTM4Ng==",
            "pages": [],
            "primary_language": "Ruby",
            "private": false,
            "repo_id": 75899386,
            "security_and_analysis": [
              {
                "advanced_security": [],
                "code_security": [],
                "secret_scanning": [
                  {
                    "status": "disabled"
                  }
                ],
                "secret_scanning_ai_detection": [],
                "secret_scanning_non_provider_patterns": [],
                "secret_scanning_push_protection": [
                  {
                    "status": "disabled"
                  }
                ]
              }
            ],
            "source_owner": "",
            "source_repo": "",
            "squash_merge_commit_message": "COMMIT_MESSAGES",
            "squash_merge_commit_title": "COMMIT_OR_PR_TITLE",
            "ssh_clone_url": "git@github.com:akerl/adventofcode.git",
            "svn_url": "https://github.com/akerl/adventofcode",
            "template": [],
            "topics": [],
            "visibility": "public",
            "vulnerability_alerts": false,
            "web_commit_signoff_required": false
          },
          "sensitive_attributes": [],
          "private": "eyJzY2hlbWFfdmVyc2lvbiI6IjEifQ=="
        },
        {
          "index_key": "alfred-switchaudio",
          "schema_version": 1,
          "attributes": {
            "allow_auto_merge": false,
            "allow_forking": true,
            "allow_merge_commit": false,
            "allow_rebase_merge": false,
            "allow_squash_merge": true,
            "allow_update_branch": true,
            "archive_on_destroy": null,
            "archived": false,
            "auto_init": false,
            "default_branch": "main",
            "delete_branch_on_merge": true,
            "description": "",
            "etag": "W/\"242f12f228a54cd27cf38c6291caf650ecbbdf78025b7a6fc879c55b248e3c57\"",
            "fork": "false",
            "full_name": "akerl/alfred-switchaudio",
            "git_clone_url": "git://github.com/akerl/alfred-switchaudio.git",
            "gitignore_template": null,
            "has_discussions": false,
            "has_downloads": false,
            "has_issues": true,
            "has_projects": false,
            "has_wiki": false,
            "homepage_url": "",
            "html_url": "https://github.com/akerl/alfred-switchaudio",
            "http_clone_url": "https://github.com/akerl/alfred-switchaudio.git",
            "id": "alfred-switchaudio",
            "ignore_vulnerability_alerts_during_read": null,
            "is_template": false,
            "license_template": null,
            "merge_commit_message": "PR_TITLE",
            "merge_commit_title": "MERGE_MESSAGE",
            "name": "alfred-switchaudio",
            "node_id": "MDEwOlJlcG9zaXRvcnkzNDEyNzc0MDQ=",
            "pages": [],
            "primary_language": "Go",
            "private": false,
            "repo_id": 341277404,
            "security_and_analysis": [
              {
                "advanced_security": [],
                "code_security": [],
                "secret_scanning": [
                  {
                    "status": "disabled"
                  }
                ],
                "secret_scanning_ai_detection": [],
                "secret_scanning_non_provider_patterns": [],
                "secret_scanning_push_protection": [
                  {
                    "status": "disabled"
                  }
                ]
              }
            ],
            "source_owner": "",
            "source_repo": "",
            "squash_merge_commit_message": "COMMIT_MESSAGES",
            "squash_merge_commit_title": "COMMIT_OR_PR_TITLE",
            "ssh_clone_url": "git@github.com:akerl/alfred-switchaudio.git",
            "svn_url": "https://github.com/akerl/alfred-switchaudio",
            "template": [],
            "topics": [],
            "visibility": "public",
            "vulnerability_alerts": false,
            "web_commit_signoff_required": false
          },
          "sensitive_attributes": [],
          "private": "eyJzY2hlbWFfdmVyc2lvbiI6IjEifQ=="
        },
        {
          "index_key": "aws-account",
          "schema_version": 1,
          "attributes": {
            "allow_auto_merge": false,
            "allow_forking": true,
            "allow_merge_commit": false,
            "allow_rebase_merge": false,
            "allow_squash_merge": true,
            "allow_update_branch": true,
            "archive_on_destroy": null,
            "archived": false,
            "auto_init": false,
            "default_branch": "main",
            "delete_branch_on_merge": true,
            "description": "Configuration for my AWS account",
            "etag": "W/\"b0198a848f66140d3ee095a3031c661dca197303c2dab9680090c53937f1e82d\"",
            "fork": "false",
            "full_name": "akerl/aws-account",
            "git_clone_url": "git://github.com/akerl/aws-account.git",
            "gitignore_template": null,
            "has_discussions": false,
            "has_downloads": false,
            "has_issues": true,
            "has_projects": false,
            "has_wiki": false,
            "homepage_url": "",
            "html_url": "https://github.com/akerl/aws-account",
            "http_clone_url": "https://github.com/akerl/aws-account.git",
            "id": "aws-account",
            "ignore_vulnerability_alerts_during_read": null,
            "is_template": false,
            "license_template": null,
            "merge_commit_message": "PR_TITLE",
            "merge_commit_title": "MERGE_MESSAGE",
            "name": "aws-account",
            "node_id": "MDEwOlJlcG9zaXRvcnk2ODE2NTMzNA==",
            "pages": [],
            "primary_language": "HCL",
            "private": false,
            "repo_id": 68165334,
            "security_and_analysis": [
              {
                "advanced_security": [],
                "code_security": [],
                "secret_scanning": [
                  {
                    "status": "disabled"
                  }
                ],
                "secret_scanning_ai_detection": [],
                "secret_scanning_non_provider_patterns": [],
                "secret_scanning_push_protection": [
                  {
                    "status": "disabled"
                  }
                ]
              }
            ],
            "source_owner": "",
            "source_repo": "",
            "squash_merge_commit_message": "COMMIT_MESSAGES",
            "squash_merge_commit_title": "COMMIT_OR_PR_TITLE",
            "ssh_clone_url": "git@github.com:akerl/aws-account.git",
            "svn_url": "https://github.com/akerl/aws-account",
            "template": [],
            "topics": [],
            "visibility": "public",
            "vulnerability_alerts": false,
            "web_commit_signoff_required": false
          },
          "sensitive_attributes": [],
          "private": "eyJzY2hlbWFfdmVyc2lvbiI6IjEifQ=="
        },
        {
          "index_key": "ballista",
          "schema_version": 1,
          "attributes": {
            "allow_auto_merge": false,
            "allow_forking": true,
            "allow_merge_commit": false,
            "allow_rebase_merge": false,
            "allow_squash_merge": true,
            "allow_update_branch": true,
            "archive_on_destroy": null,
            "archived": false,
            "auto_init": false,
            "default_branch": "main",
            "delete_branch_on_merge": true,
            "description": "",
            "etag": "W/\"94aa73908e95cc53283660c486c20a3e74fd2204be10610e0660b8a4d00e0436\"",
            "fork": "false",
            "full_name": "akerl/ballista",
            "git_clone_url": "git://github.com/akerl/ballista.git",
            "gitignore_template": null,
            "has_discussions": false,
            "has_downloads": false,
            "has_issues": true,
            "has_projects": false,
            "has_wiki": false,
            "homepage_url": "",
            "html_url": "https://github.com/akerl/ballista",
            "http_clone_url": "https://github.com/akerl/ballista.git",
            "id": "ballista",
            "ignore_vulnerability_alerts_during_read": null,
            "is_template": false,
            "license_template": null,
            "merge_commit_message": "PR_TITLE",
            "merge_commit_title": "MERGE_MESSAGE",
            "name": "ballista",
            "node_id": "MDEwOlJlcG9zaXRvcnk1NzAwMTUyMQ==",
            "pages": [],
            "primary_language": "Ruby",
            "private": false,
            "repo_id": 57001521,
            "security_and_analysis": [
              {
                "advanced_security": [],
                "code_security": [],
                "secret_scanning": [
                  {
                    "status": "disabled"
                  }
                ],
                "secret_scanning_ai_detection": [],
                "secret_scanning_non_provider_patterns": [],
                "secret_scanning_push_protection": [
                  {
                    "status": "disabled"
                  }
                ]
              }
            ],
            "source_owner": "",
            "source_repo": "",
            "squash_merge_commit_message": "COMMIT_MESSAGES",
            "squash_merge_commit_title": "COMMIT_OR_PR_TITLE",
            "ssh_clone_url": "git@github.com:akerl/ballista.git",
            "svn_url": "https://github.com/akerl/ballista",
            "template": [],
            "topics": [],
            "visibility": "public",
            "vulnerability_alerts": false,
            "web_commit_signoff_required": false
          },
          "sensitive_attributes": [],
          "private": "eyJzY2hlbWFfdmVyc2lvbiI6IjEifQ=="
        },
        {
          "index_key": "basiccache",
          "schema_version": 1,
          "attributes": {
            "allow_auto_merge": false,
            "allow_forking": true,
            "allow_merge_commit": false,
            "allow_rebase_merge": false,
            "allow_squash_merge": true,
            "allow_update_branch": true,
            "archive_on_destroy": null,
            "archived": false,
            "auto_init": false,
            "default_branch": "main",
            "delete_branch_on_merge": true,
            "description": "Simple key/value cache",
            "etag": "W/\"0c9e4b2c067736becdadd74f18ca40d84f6e8af8313dbe2c44101ea3fdd08f59\"",
            "fork": "false",
            "full_name": "akerl/basiccache",
            "git_clone_url": "git://github.com/akerl/basiccache.git",
            "gitignore_template": null,
            "has_discussions": false,
            "has_downloads": false,
            "has_issues": true,
            "has_projects": false,
            "has_wiki": false,
            "homepage_url": "",
            "html_url": "https://github.com/akerl/basiccache",
            "http_clone_url": "https://github.com/akerl/basiccache.git",
            "id": "basiccache",
            "ignore_vulnerability_alerts_during_read": null,
            "is_template": false,
            "license_template": null,
            "merge_commit_message": "PR_TITLE",
            "merge_commit_title": "MERGE_MESSAGE",
            "name": "basiccache",
            "node_id": "MDEwOlJlcG9zaXRvcnkxMzIwMjE3Mg==",
            "pages": [],
            "primary_language": "Ruby",
            "private": false,
            "repo_id": 13202172,
            "security_and_analysis": [
              {
                "advanced_security": [],
                "code_security": [],
                "secret_scanning": [
                  {
                    "status": "disabled"
                  }
                ],
                "secret_scanning_ai_detection": [],
                "secret_scanning_non_provider_patterns": [],
                "secret_scanning_push_protection": [
                  {
                    "status": "disabled"
                  }
                ]
              }
            ],
            "source_owner": "",
            "source_repo": "",
            "squash_merge_commit_message": "COMMIT_MESSAGES",
            "squash_merge_commit_title": "COMMIT_OR_PR_TITLE",
            "ssh_clone_url": "git@github.com:akerl/basiccache.git",
            "svn_url": "https://github.com/akerl/basiccache",
            "template": [],
            "topics": [],
            "visibility": "public",
            "vulnerability_alerts": false,
            "web_commit_signoff_required": false
          },
          "sensitive_attributes": [],
          "private": "eyJzY2hlbWFfdmVyc2lvbiI6IjEifQ=="
        },
        {
          "index_key": "blindclock",
          "schema_version": 1,
          "attributes": {
            "allow_auto_merge": false,
            "allow_forking": true,
            "allow_merge_commit": false,
            "allow_rebase_merge": false,
            "allow_squash_merge": true,
            "allow_update_branch": true,
            "archive_on_destroy": null,
            "archived": false,
            "auto_init": false,
            "default_branch": "main",
            "delete_branch_on_merge": true,
            "description": "",
            "etag": "W/\"78bac8822d0b38a0739bc53325d695fff660da4e070420c5a3460a27f74cb4a7\"",
            "fork": "false",
            "full_name": "akerl/blindclock",
            "git_clone_url": "git://github.com/akerl/blindclock.git",
            "gitignore_template": null,
            "has_discussions": false,
            "has_downloads": false,
            "has_issues": true,
            "has_projects": false,
            "has_wiki": false,
            "homepage_url": "",
            "html_url": "https://github.com/akerl/blindclock",
            "http_clone_url": "https://github.com/akerl/blindclock.git",
            "id": "blindclock",
            "ignore_vulnerability_alerts_during_read": null,
            "is_template": false,
            "license_template": null,
            "merge_commit_message": "PR_TITLE",
            "merge_commit_title": "MERGE_MESSAGE",
            "name": "blindclock",
            "node_id": "R_kgDOJpIhhA",
            "pages": [],
            "primary_language": "Go",
            "private": false,
            "repo_id": 647111044,
            "security_and_analysis": [
              {
                "advanced_security": [],
                "code_security": [],
                "secret_scanning": [
                  {
                    "status": "disabled"
                  }
                ],
                "secret_scanning_ai_detection": [],
                "secret_scanning_non_provider_patterns": [],
                "secret_scanning_push_protection": [
                  {
                    "status": "disabled"
                  }
                ]
              }
            ],
            "source_owner": "",
            "source_repo": "",
            "squash_merge_commit_message": "COMMIT_MESSAGES",
            "squash_merge_commit_title": "COMMIT_OR_PR_TITLE",
            "ssh_clone_url": "git@github.com:akerl/blindclock.git",
            "svn_url": "https://github.com/akerl/blindclock",
            "template": [],
            "topics": [],
            "visibility": "public",
            "vulnerability_alerts": false,
            "web_commit_signoff_required": false
          },
          "sensitive_attributes": [],
          "private": "eyJzY2hlbWFfdmVyc2lvbiI6IjEifQ=="
        },
        {
          "index_key": "blog",
          "schema_version": 1,
          "attributes": {
            "allow_auto_merge": false,
            "allow_forking": true,
            "allow_merge_commit": false,
            "allow_rebase_merge": false,
            "allow_squash_merge": true,
            "allow_update_branch": true,
            "archive_on_destroy": null,
            "archived": false,
            "auto_init": false,
            "default_branch": "main",
            "delete_branch_on_merge": true,
            "description": "Jekyll blog for akerl.org",
            "etag": "W/\"b5fb7060efea19b9e52390dd43334e39caf5bb33f49174c980146957ecffba98\"",
            "fork": "false",
            "full_name": "akerl/blog",
            "git_clone_url": "git://github.com/akerl/blog.git",
            "gitignore_template": null,
            "has_discussions": false,
            "has_downloads": false,
            "has_issues": true,
            "has_projects": false,
            "has_wiki": false,
            "homepage_url": "",
            "html_url": "https://github.com/akerl/blog",
            "http_clone_url": "https://github.com/akerl/blog.git",
            "id": "blog",
            "ignore_vulnerability_alerts_during_read": null,
            "is_template": false,
            "license_template": null,
            "merge_commit_message": "PR_TITLE",
            "merge_commit_title": "MERGE_MESSAGE",
            "name": "blog",
            "node_id": "MDEwOlJlcG9zaXRvcnkxMzM5MTQ3OA==",
            "pages": [],
            "primary_language": "CSS",
            "private": false,
            "repo_id": 13391478,
            "security_and_analysis": [
              {
                "advanced_security": [],
                "code_security": [],
                "secret_scanning": [
                  {
                    "status": "disabled"
                  }
                ],
                "secret_scanning_ai_detection": [],
                "secret_scanning_non_provider_patterns": [],
                "secret_scanning_push_protection": [
                  {
                    "status": "disabled"
                  }
                ]
              }
            ],
            "source_owner": "",
            "source_repo": "",
            "squash_merge_commit_message": "COMMIT_MESSAGES",
            "squash_merge_commit_title": "COMMIT_OR_PR_TITLE",
            "ssh_clone_url": "git@github.com:akerl/blog.git",
            "svn_url": "https://github.com/akerl/blog",
            "template": [],
            "topics": [],
            "visibility": "public",
            "vulnerability_alerts": false,
            "web_commit_signoff_required": false
          },
          "sensitive_attributes": [],
          "private": "eyJzY2hlbWFfdmVyc2lvbiI6IjEifQ=="
        },
        {
          "index_key": "burglar",
          "schema_version": 1,
          "attributes": {
            "allow_auto_merge": false,
            "allow_forking": true,
            "allow_merge_commit": false,
            "allow_rebase_merge": false,
            "allow_squash_merge": true,
            "allow_update_branch": true,
            "archive_on_destroy": null,
            "archived": false,
            "auto_init": false,
            "default_branch": "main",
            "delete_branch_on_merge": true,
            "description": "",
            "etag": "W/\"ddeb953a599471b74f170edccca90511815fbdefda6af5369cfb1c4a62f27600\"",
            "fork": "false",
            "full_name": "akerl/burglar",
            "git_clone_url": "git://github.com/akerl/burglar.git",
            "gitignore_template": null,
            "has_discussions": false,
            "has_downloads": false,
            "has_issues": true,
            "has_projects": false,
            "has_wiki": false,
            "homepage_url": "",
            "html_url": "https://github.com/akerl/burglar",
            "http_clone_url": "https://github.com/akerl/burglar.git",
            "id": "burglar",
            "ignore_vulnerability_alerts_during_read": null,
            "is_template": false,
            "license_template": null,
            "merge_commit_message": "PR_TITLE",
            "merge_commit_title": "MERGE_MESSAGE",
            "name": "burglar",
            "node_id": "MDEwOlJlcG9zaXRvcnk2MzkxMjc4Nw==",
            "pages": [],
            "primary_language": "Ruby",
            "private": false,
            "repo_id": 63912787,
            "security_and_analysis": [
              {
                "advanced_security": [],
                "code_security": [],
                "secret_scanning": [
                  {
                    "status": "disabled"
                  }
                ],
                "secret_scanning_ai_detection": [],
                "secret_scanning_non_provider_patterns": [],
                "secret_scanning_push_protection": [
                  {
                    "status": "disabled"
                  }
                ]
              }
            ],
            "source_owner": "",
            "source_repo": "",
            "squash_merge_commit_message": "COMMIT_MESSAGES",
            "squash_merge_commit_title": "COMMIT_OR_PR_TITLE",
            "ssh_clone_url": "git@github.com:akerl/burglar.git",
            "svn_url": "https://github.com/akerl/burglar",
            "template": [],
            "topics": [],
            "visibility": "public",
            "vulnerability_alerts": false,
            "web_commit_signoff_required": false
          },
          "sensitive_attributes": [],
          "private": "eyJzY2hlbWFfdmVyc2lvbiI6IjEifQ=="
        },
        {
          "index_key": "config-template",
          "schema_version": 1,
          "attributes": {
            "allow_auto_merge": false,
            "allow_forking": true,
            "allow_merge_commit": false,
            "allow_rebase_merge": false,
            "allow_squash_merge": true,
            "allow_update_branch": true,
            "archive_on_destroy": null,
            "archived": false,
            "auto_init": false,
            "default_branch": "main",
            "delete_branch_on_merge": true,
            "description": "Template for CI-driven config files",
            "etag": "W/\"e532f440b9eb90e93c3aa35002596bbd8bc67b33716b532ec43ccf758002089c\"",
            "fork": "false",
            "full_name": "akerl/config-template",
            "git_clone_url": "git://github.com/akerl/config-template.git",
            "gitignore_template": null,
            "has_discussions": false,
            "has_downloads": false,
            "has_issues": true,
            "has_projects": false,
            "has_wiki": false,
            "homepage_url": "",
            "html_url": "https://github.com/akerl/config-template",
            "http_clone_url": "https://github.com/akerl/config-template.git",
            "id": "config-template",
            "ignore_vulnerability_alerts_during_read": null,
            "is_template": false,
            "license_template": null,
            "merge_commit_message": "PR_TITLE",
            "merge_commit_title": "MERGE_MESSAGE",
            "name": "config-template",
            "node_id": "MDEwOlJlcG9zaXRvcnkxNzQ3MDUzMzI=",
            "pages": [],
            "primary_language": "Python",
            "private": false,
            "repo_id": 174705332,
            "security_and_analysis": [
              {
                "advanced_security": [],
                "code_security": [],
                "secret_scanning": [
                  {
                    "status": "disabled"
                  }
                ],
                "secret_scanning_ai_detection": [],
                "secret_scanning_non_provider_patterns": [],
                "secret_scanning_push_protection": [
                  {
                    "status": "disabled"
                  }
                ]
              }
            ],
            "source_owner": "",
            "source_repo": "",
            "squash_merge_commit_message": "COMMIT_MESSAGES",
            "squash_merge_commit_title": "COMMIT_OR_PR_TITLE",
            "ssh_clone_url": "git@github.com:akerl/config-template.git",
            "svn_url": "https://github.com/akerl/config-template",
            "template": [],
            "topics": [],
            "visibility": "public",
            "vulnerability_alerts": false,
            "web_commit_signoff_required": false
          },
          "sensitive_attributes": [],
          "private": "eyJzY2hlbWFfdmVyc2lvbiI6IjEifQ=="
        },
        {
          "index_key": "configvault",
          "schema_version": 1,
          "attributes": {
            "allow_auto_merge": false,
            "allow_forking": true,
            "allow_merge_commit": false,
            "allow_rebase_merge": false,
            "allow_squash_merge": true,
            "allow_update_branch": true,
            "archive_on_destroy": null,
            "archived": false,
            "auto_init": false,
            "default_branch": "main",
            "delete_branch_on_merge": true,
            "description": "Tool for managing configvault contents",
            "etag": "W/\"1925337e154e4bbb9e8e981b17d59a5167171248b3e60e94a20c04023762d909\"",
            "fork": "false",
            "full_name": "akerl/configvault",
            "git_clone_url": "git://github.com/akerl/configvault.git",
            "gitignore_template": null,
            "has_discussions": false,
            "has_downloads": false,
            "has_issues": true,
            "has_projects": false,
            "has_wiki": false,
            "homepage_url": "",
            "html_url": "https://github.com/akerl/configvault",
            "http_clone_url": "https://github.com/akerl/configvault.git",
            "id": "configvault",
            "ignore_vulnerability_alerts_during_read": null,
            "is_template": false,
            "license_template": null,
            "merge_commit_message": "PR_TITLE",
            "merge_commit_title": "MERGE_MESSAGE",
            "name": "configvault",
            "node_id": "R_kgDOHBYFmw",
            "pages": [],
            "primary_language": "Go",
            "private": false,
            "repo_id": 471205275,
            "security_and_analysis": [
              {
                "advanced_security": [],
                "code_security": [],
                "secret_scanning": [
                  {
                    "status": "disabled"
                  }
                ],
                "secret_scanning_ai_detection": [],
                "secret_scanning_non_provider_patterns": [],
                "secret_scanning_push_protection": [
                  {
                    "status": "disabled"
                  }
                ]
              }
            ],
            "source_owner": "",
            "source_repo": "",
            "squash_merge_commit_message": "COMMIT_MESSAGES",
            "squash_merge_commit_title": "COMMIT_OR_PR_TITLE",
            "ssh_clone_url": "git@github.com:akerl/configvault.git",
            "svn_url": "https://github.com/akerl/configvault",
            "template": [],
            "topics": [],
            "visibility": "public",
            "vulnerability_alerts": false,
            "web_commit_signoff_required": false
          },
          "sensitive_attributes": [],
          "private": "eyJzY2hlbWFfdmVyc2lvbiI6IjEifQ=="
        },
        {
          "index_key": "cultivator",
          "schema_version": 1,
          "attributes": {
            "allow_auto_merge": false,
            "allow_forking": true,
            "allow_merge_commit": false,
            "allow_rebase_merge": false,
            "allow_squash_merge": true,
            "allow_update_branch": true,
            "archive_on_destroy": null,
            "archived": false,
            "auto_init": false,
            "default_branch": "main",
            "delete_branch_on_merge": true,
            "description": "",
            "etag": "W/\"b958c901671c6069deb1e0074990c953e6849dd9e41e6f6ae9a10e1f6dd18ca5\"",
            "fork": "false",
            "full_name": "akerl/cultivator",
            "git_clone_url": "git://github.com/akerl/cultivator.git",
            "gitignore_template": null,
            "has_discussions": false,
            "has_downloads": false,
            "has_issues": true,
            "has_projects": false,
            "has_wiki": false,
            "homepage_url": "",
            "html_url": "https://github.com/akerl/cultivator",
            "http_clone_url": "https://github.com/akerl/cultivator.git",
            "id": "cultivator",
            "ignore_vulnerability_alerts_during_read": null,
            "is_template": false,
            "license_template": null,
            "merge_commit_message": "PR_TITLE",
            "merge_commit_title": "MERGE_MESSAGE",
            "name": "cultivator",
            "node_id": "R_kgDOJrztmQ",
            "pages": [],
            "primary_language": "Go",
            "private": false,
            "repo_id": 649915801,
            "security_and_analysis": [
              {
                "advanced_security": [],
                "code_security": [],
                "secret_scanning": [
                  {
                    "status": "disabled"
                  }
                ],
                "secret_scanning_ai_detection": [],
                "secret_scanning_non_provider_patterns": [],
                "secret_scanning_push_protection": [
                  {
                    "status": "disabled"
                  }
                ]
              }
            ],
            "source_owner": "",
            "source_repo": "",
            "squash_merge_commit_message": "COMMIT_MESSAGES",
            "squash_merge_commit_title": "COMMIT_OR_PR_TITLE",
            "ssh_clone_url": "git@github.com:akerl/cultivator.git",
            "svn_url": "https://github.com/akerl/cultivator",
            "template": [],
            "topics": [],
            "visibility": "public",
            "vulnerability_alerts": false,
            "web_commit_signoff_required": false
          },
          "sensitive_attributes": [],
          "private": "eyJzY2hlbWFfdmVyc2lvbiI6IjEifQ=="
        },
        {
          "index_key": "cultivator-puppetfile",
          "schema_version": 1,
          "attributes": {
            "allow_auto_merge": false,
            "allow_forking": true,
            "allow_merge_commit": false,
            "allow_rebase_merge": false,
            "allow_squash_merge": true,
            "allow_update_branch": true,
            "archive_on_destroy": null,
            "archived": false,
            "auto_init": false,
            "default_branch": "main",
            "delete_branch_on_merge": true,
            "description": "",
            "etag": "W/\"cc196a22a87bcbb33105bb9b4cb23b7175b198cfd8d7a5bc267af590ba9f4d69\"",
            "fork": "false",
            "full_name": "akerl/cultivator-puppetfile",
            "git_clone_url": "git://github.com/akerl/cultivator-puppetfile.git",
            "gitignore_template": null,
            "has_discussions": false,
            "has_downloads": false,
            "has_issues": true,
            "has_projects": false,
            "has_wiki": false,
            "homepage_url": "",
            "html_url": "https://github.com/akerl/cultivator-puppetfile",
            "http_clone_url": "https://github.com/akerl/cultivator-puppetfile.git",
            "id": "cultivator-puppetfile",
            "ignore_vulnerability_alerts_during_read": null,
            "is_template": false,
            "license_template": null,
            "merge_commit_message": "PR_TITLE",
            "merge_commit_title": "MERGE_MESSAGE",
            "name": "cultivator-puppetfile",
            "node_id": "R_kgDOJ3RMxA",
            "pages": [],
            "primary_language": "Go",
            "private": false,
            "repo_id": 661933252,
            "security_and_analysis": [
              {
                "advanced_security": [],
                "code_security": [],
                "secret_scanning": [
                  {
                    "status": "disabled"
                  }
                ],
                "secret_scanning_ai_detection": [],
                "secret_scanning_non_provider_patterns": [],
                "secret_scanning_push_protection": [
                  {
                    "status": "disabled"
                  }
                ]
              }
            ],
            "source_owner": "",
            "source_repo": "",
            "squash_merge_commit_message": "COMMIT_MESSAGES",
            "squash_merge_commit_title": "COMMIT_OR_PR_TITLE",
            "ssh_clone_url": "git@github.com:akerl/cultivator-puppetfile.git",
            "svn_url": "https://github.com/akerl/cultivator-puppetfile",
            "template": [],
            "topics": [],
            "visibility": "public",
            "vulnerability_alerts": false,
            "web_commit_signoff_required": false
          },
          "sensitive_attributes": [],
          "private": "eyJzY2hlbWFfdmVyc2lvbiI6IjEifQ=="
        },
        {
          "index_key": "cultivator-rubygems",
          "schema_version": 1,
          "attributes": {
            "allow_auto_merge": false,
            "allow_forking": true,
            "allow_merge_commit": false,
            "allow_rebase_merge": false,
            "allow_squash_merge": true,
            "allow_update_branch": true,
            "archive_on_destroy": null,
            "archived": false,
            "auto_init": false,
            "default_branch": "main",
            "delete_branch_on_merge": true,
            "description": "",
            "etag": "W/\"f5d3694d9f4b75cd9f34863a0e1c12e3d899593e104a7bd3c93c8d45add1e7f2\"",
            "fork": "false",
            "full_name": "akerl/cultivator-rubygems",
            "git_clone_url": "git://github.com/akerl/cultivator-rubygems.git",
            "gitignore_template": null,
            "has_discussions": false,
            "has_downloads": false,
            "has_issues": true,
            "has_projects": false,
            "has_wiki": false,
            "homepage_url": "",
            "html_url": "https://github.com/akerl/cultivator-rubygems",
            "http_clone_url": "https://github.com/akerl/cultivator-rubygems.git",
            "id": "cultivator-rubygems",
            "ignore_vulnerability_alerts_during_read": null,
            "is_template": false,
            "license_template": null,
            "merge_commit_message": "PR_TITLE",
            "merge_commit_title": "MERGE_MESSAGE",
            "name": "cultivator-rubygems",
            "node_id": "R_kgDOJ4xwOg",
            "pages": [],
            "primary_language": "Go",
            "private": false,
            "repo_id": 663515194,
            "security_and_analysis": [
              {
                "advanced_security": [],
                "code_security": [],
                "secret_scanning": [
                  {
                    "status": "disabled"
                  }
                ],
                "secret_scanning_ai_detection": [],
                "secret_scanning_non_provider_patterns": [],
                "secret_scanning_push_protection": [
                  {
                    "status": "disabled"
                  }
                ]
              }
            ],
            "source_owner": "",
            "source_repo": "",
            "squash_merge_commit_message": "COMMIT_MESSAGES",
            "squash_merge_commit_title": "COMMIT_OR_PR_TITLE",
            "ssh_clone_url": "git@github.com:akerl/cultivator-rubygems.git",
            "svn_url": "https://github.com/akerl/cultivator-rubygems",
            "template": [],
            "topics": [],
            "visibility": "public",
            "vulnerability_alerts": false,
            "web_commit_signoff_required": false
          },
          "sensitive_attributes": [],
          "private": "eyJzY2hlbWFfdmVyc2lvbiI6IjEifQ=="
        },
        {
          "index_key": "cymbal",
          "schema_version": 1,
          "attributes": {
            "allow_auto_merge": false,
            "allow_forking": true,
            "allow_merge_commit": false,
            "allow_rebase_merge": false,
            "allow_squash_merge": true,
            "allow_update_branch": true,
            "archive_on_destroy": null,
            "archived": false,
            "auto_init": false,
            "default_branch": "main",
            "delete_branch_on_merge": true,
            "description": "Converts Ruby hash keys to symbols",
            "etag": "W/\"568a827b35fa738ae1287433f5faec4d412a576ea349ef5cb3a8e52dbd0fef9f\"",
            "fork": "false",
            "full_name": "akerl/cymbal",
            "git_clone_url": "git://github.com/akerl/cymbal.git",
            "gitignore_template": null,
            "has_discussions": false,
            "has_downloads": false,
            "has_issues": true,
            "has_projects": false,
            "has_wiki": false,
            "homepage_url": "",
            "html_url": "https://github.com/akerl/cymbal",
            "http_clone_url": "https://github.com/akerl/cymbal.git",
            "id": "cymbal",
            "ignore_vulnerability_alerts_during_read": null,
            "is_template": false,
            "license_template": null,
            "merge_commit_message": "PR_TITLE",
            "merge_commit_title": "MERGE_MESSAGE",
            "name": "cymbal",
            "node_id": "MDEwOlJlcG9zaXRvcnkyNzk2NzA2NQ==",
            "pages": [],
            "primary_language": "Ruby",
            "private": false,
            "repo_id": 27967065,
            "security_and_analysis": [
              {
                "advanced_security": [],
                "code_security": [],
                "secret_scanning": [
                  {
                    "status": "disabled"
                  }
                ],
                "secret_scanning_ai_detection": [],
                "secret_scanning_non_provider_patterns": [],
                "secret_scanning_push_protection": [
                  {
                    "status": "disabled"
                  }
                ]
              }
            ],
            "source_owner": "",
            "source_repo": "",
            "squash_merge_commit_message": "COMMIT_MESSAGES",
            "squash_merge_commit_title": "COMMIT_OR_PR_TITLE",
            "ssh_clone_url": "git@github.com:akerl/cymbal.git",
            "svn_url": "https://github.com/akerl/cymbal",
            "template": [],
            "topics": [],
            "visibility": "public",
            "vulnerability_alerts": false,
            "web_commit_signoff_required": false
          },
          "sensitive_attributes": [],
          "private": "eyJzY2hlbWFfdmVyc2lvbiI6IjEifQ=="
        },
        {
          "index_key": "dcs-library",
          "schema_version": 1,
          "attributes": {
            "allow_auto_merge": false,
            "allow_forking": true,
            "allow_merge_commit": false,
            "allow_rebase_merge": false,
            "allow_squash_merge": true,
            "allow_update_branch": true,
            "archive_on_destroy": null,
            "archived": false,
            "auto_init": false,
            "default_branch": "main",
            "delete_branch_on_merge": true,
            "description": "",
            "etag": "W/\"170496c9ab7bd6a252eec990a0f38d4598dd7c46673b210beb75ad5556b458e2\"",
            "fork": "false",
            "full_name": "akerl/dcs-library",
            "git_clone_url": "git://github.com/akerl/dcs-library.git",
            "gitignore_template": null,
            "has_discussions": false,
            "has_downloads": false,
            "has_issues": true,
            "has_projects": false,
            "has_wiki": false,
            "homepage_url": "",
            "html_url": "https://github.com/akerl/dcs-library",
            "http_clone_url": "https://github.com/akerl/dcs-library.git",
            "id": "dcs-library",
            "ignore_vulnerability_alerts_during_read": null,
            "is_template": false,
            "license_template": null,
            "merge_commit_message": "PR_TITLE",
            "merge_commit_title": "MERGE_MESSAGE",
            "name": "dcs-library",
            "node_id": "MDEwOlJlcG9zaXRvcnkxMzMwNTI4MDM=",
            "pages": [],
            "primary_language": "Ruby",
            "private": true,
            "repo_id": 133052803,
            "security_and_analysis": [],
            "source_owner": "",
            "source_repo": "",
            "squash_merge_commit_message": "COMMIT_MESSAGES",
            "squash_merge_commit_title": "COMMIT_OR_PR_TITLE",
            "ssh_clone_url": "git@github.com:akerl/dcs-library.git",
            "svn_url": "https://github.com/akerl/dcs-library",
            "template": [],
            "topics": [],
            "visibility": "private",
            "vulnerability_alerts": null,
            "web_commit_signoff_required": false
          },
          "sensitive_attributes": [],
          "private": "eyJzY2hlbWFfdmVyc2lvbiI6IjEifQ=="
        },
        {
          "index_key": "dotfiles",
          "schema_version": 1,
          "attributes": {
            "allow_auto_merge": false,
            "allow_forking": true,
            "allow_merge_commit": false,
            "allow_rebase_merge": false,
            "allow_squash_merge": true,
            "allow_update_branch": true,
            "archive_on_destroy": null,
            "archived": false,
            "auto_init": false,
            "default_branch": "main",
            "delete_branch_on_merge": true,
            "description": "Personal system environment",
            "etag": "W/\"7878f62bf9c40f021a864d11afd5b5efb55cbd50ed024cfa0a645686e95c3a97\"",
            "fork": "false",
            "full_name": "akerl/dotfiles",
            "git_clone_url": "git://github.com/akerl/dotfiles.git",
            "gitignore_template": null,
            "has_discussions": false,
            "has_downloads": false,
            "has_issues": true,
            "has_projects": false,
            "has_wiki": false,
            "homepage_url": "",
            "html_url": "https://github.com/akerl/dotfiles",
            "http_clone_url": "https://github.com/akerl/dotfiles.git",
            "id": "dotfiles",
            "ignore_vulnerability_alerts_during_read": null,
            "is_template": false,
            "license_template": null,
            "merge_commit_message": "PR_TITLE",
            "merge_commit_title": "MERGE_MESSAGE",
            "name": "dotfiles",
            "node_id": "MDEwOlJlcG9zaXRvcnk3MDA5ODg1",
            "pages": [],
            "primary_language": "Shell",
            "private": false,
            "repo_id": 7009885,
            "security_and_analysis": [
              {
                "advanced_security": [],
                "code_security": [],
                "secret_scanning": [
                  {
                    "status": "disabled"
                  }
                ],
                "secret_scanning_ai_detection": [],
                "secret_scanning_non_provider_patterns": [],
                "secret_scanning_push_protection": [
                  {
                    "status": "disabled"
                  }
                ]
              }
            ],
            "source_owner": "",
            "source_repo": "",
            "squash_merge_commit_message": "COMMIT_MESSAGES",
            "squash_merge_commit_title": "COMMIT_OR_PR_TITLE",
            "ssh_clone_url": "git@github.com:akerl/dotfiles.git",
            "svn_url": "https://github.com/akerl/dotfiles",
            "template": [],
            "topics": [],
            "visibility": "public",
            "vulnerability_alerts": false,
            "web_commit_signoff_required": false
          },
          "sensitive_attributes": [],
          "private": "eyJzY2hlbWFfdmVyc2lvbiI6IjEifQ=="
        },
        {
          "index_key": "frame",
          "schema_version": 1,
          "attributes": {
            "allow_auto_merge": false,
            "allow_forking": true,
            "allow_merge_commit": false,
            "allow_rebase_merge": false,
            "allow_squash_merge": true,
            "allow_update_branch": true,
            "archive_on_destroy": null,
            "archived": false,
            "auto_init": false,
            "default_branch": "main",
            "delete_branch_on_merge": true,
            "description": "",
            "etag": "W/\"bbe844be4aff79f9b6658f1b98600acd684f2e3235e2a7d90a5b171280d25374\"",
            "fork": "false",
            "full_name": "akerl/frame",
            "git_clone_url": "git://github.com/akerl/frame.git",
            "gitignore_template": null,
            "has_discussions": false,
            "has_downloads": false,
            "has_issues": true,
            "has_projects": false,
            "has_wiki": false,
            "homepage_url": "",
            "html_url": "https://github.com/akerl/frame",
            "http_clone_url": "https://github.com/akerl/frame.git",
            "id": "frame",
            "ignore_vulnerability_alerts_during_read": null,
            "is_template": false,
            "license_template": null,
            "merge_commit_message": "PR_TITLE",
            "merge_commit_title": "MERGE_MESSAGE",
            "name": "frame",
            "node_id": "R_kgDOJqbUIQ",
            "pages": [],
            "primary_language": "Go",
            "private": false,
            "repo_id": 648467489,
            "security_and_analysis": [
              {
                "advanced_security": [],
                "code_security": [],
                "secret_scanning": [
                  {
                    "status": "disabled"
                  }
                ],
                "secret_scanning_ai_detection": [],
                "secret_scanning_non_provider_patterns": [],
                "secret_scanning_push_protection": [
                  {
                    "status": "disabled"
                  }
                ]
              }
            ],
            "source_owner": "",
            "source_repo": "",
            "squash_merge_commit_message": "COMMIT_MESSAGES",
            "squash_merge_commit_title": "COMMIT_OR_PR_TITLE",
            "ssh_clone_url": "git@github.com:akerl/frame.git",
            "svn_url": "https://github.com/akerl/frame",
            "template": [],
            "topics": [],
            "visibility": "public",
            "vulnerability_alerts": false,
            "web_commit_signoff_required": false
          },
          "sensitive_attributes": [],
          "private": "eyJzY2hlbWFfdmVyc2lvbiI6IjEifQ=="
        },
        {
          "index_key": "gandi-account",
          "schema_version": 1,
          "attributes": {
            "allow_auto_merge": false,
            "allow_forking": true,
            "allow_merge_commit": false,
            "allow_rebase_merge": false,
            "allow_squash_merge": true,
            "allow_update_branch": true,
            "archive_on_destroy": null,
            "archived": false,
            "auto_init": false,
            "default_branch": "main",
            "delete_branch_on_merge": true,
            "description": "Gandi account configuration",
            "etag": "W/\"9792b4c7d6b9947325eb40c092b4cb9c4821e3d5294c78b94477d7cab4a11d14\"",
            "fork": "false",
            "full_name": "akerl/gandi-account",
            "git_clone_url": "git://github.com/akerl/gandi-account.git",
            "gitignore_template": null,
            "has_discussions": false,
            "has_downloads": false,
            "has_issues": true,
            "has_projects": false,
            "has_wiki": false,
            "homepage_url": "",
            "html_url": "https://github.com/akerl/gandi-account",
            "http_clone_url": "https://github.com/akerl/gandi-account.git",
            "id": "gandi-account",
            "ignore_vulnerability_alerts_during_read": null,
            "is_template": false,
            "license_template": null,
            "merge_commit_message": "PR_TITLE",
            "merge_commit_title": "MERGE_MESSAGE",
            "name": "gandi-account",
            "node_id": "R_kgDOKAJjsw",
            "pages": [],
            "primary_language": "HCL",
            "private": false,
            "repo_id": 671245235,
            "security_and_analysis": [
              {
                "advanced_security": [],
                "code_security": [],
                "secret_scanning": [
                  {
                    "status": "disabled"
                  }
                ],
                "secret_scanning_ai_detection": [],
                "secret_scanning_non_provider_patterns": [],
                "secret_scanning_push_protection": [
                  {
                    "status": "disabled"
                  }
                ]
              }
            ],
            "source_owner": "",
            "source_repo": "",
            "squash_merge_commit_message": "COMMIT_MESSAGES",
            "squash_merge_commit_title": "COMMIT_OR_PR_TITLE",
            "ssh_clone_url": "git@github.com:akerl/gandi-account.git",
            "svn_url": "https://github.com/akerl/gandi-account",
            "template": [],
            "topics": [],
            "visibility": "public",
            "vulnerability_alerts": false,
            "web_commit_signoff_required": false
          },
          "sensitive_attributes": [],
          "private": "eyJzY2hlbWFfdmVyc2lvbiI6IjEifQ=="
        },
        {
          "index_key": "github-account",
          "schema_version": 1,
          "attributes": {
            "allow_auto_merge": false,
            "allow_forking": true,
            "allow_merge_commit": false,
            "allow_rebase_merge": false,
            "allow_squash_merge": true,
            "allow_update_branch": true,
            "archive_on_destroy": null,
            "archived": false,
            "auto_init": false,
            "default_branch": "main",
            "delete_branch_on_merge": true,
            "description": "",
            "etag": "W/\"97c62abe9955d01fc28b54f15a20925183acac4ee949e28958dbce89bd02dda7\"",
            "fork": "false",
            "full_name": "akerl/github-account",
            "git_clone_url": "git://github.com/akerl/github-account.git",
            "gitignore_template": null,
            "has_discussions": false,
            "has_downloads": false,
            "has_issues": true,
            "has_projects": false,
            "has_wiki": false,
            "homepage_url": "",
            "html_url": "https://github.com/akerl/github-account",
            "http_clone_url": "https://github.com/akerl/github-account.git",
            "id": "github-account",
            "ignore_vulnerability_alerts_during_read": null,
            "is_template": false,
            "license_template": null,
            "merge_commit_message": "PR_TITLE",
            "merge_commit_title": "MERGE_MESSAGE",
            "name": "github-account",
            "node_id": "R_kgDOJrbhLg",
            "pages": [],
            "primary_language": "HCL",
            "private": false,
            "repo_id": 649519406,
            "security_and_analysis": [
              {
                "advanced_security": [],
                "code_security": [],
                "secret_scanning": [
                  {
                    "status": "disabled"
                  }
                ],
                "secret_scanning_ai_detection": [],
                "secret_scanning_non_provider_patterns": [],
                "secret_scanning_push_protection": [
                  {
                    "status": "disabled"
                  }
                ]
              }
            ],
            "source_owner": "",
            "source_repo": "",
            "squash_merge_commit_message": "COMMIT_MESSAGES",
            "squash_merge_commit_title": "COMMIT_OR_PR_TITLE",
            "ssh_clone_url": "git@github.com:akerl/github-account.git",
            "svn_url": "https://github.com/akerl/github-account",
            "template": [],
            "topics": [],
            "visibility": "public",
            "vulnerability_alerts": false,
            "web_commit_signoff_required": false
          },
          "sensitive_attributes": [],
          "private": "eyJzY2hlbWFfdmVyc2lvbiI6IjEifQ=="
        },
        {
          "index_key": "github-auth-lambda",
          "schema_version": 1,
          "attributes": {
            "allow_auto_merge": false,
            "allow_forking": true,
            "allow_merge_commit": false,
            "allow_rebase_merge": false,
            "allow_squash_merge": true,
            "allow_update_branch": true,
            "archive_on_destroy": null,
            "archived": false,
            "auto_init": false,
            "default_branch": "main",
            "delete_branch_on_merge": true,
            "description": "Handle Github OAuth via a Lambda",
            "etag": "W/\"7d41e2bf979e0ea2de82d8ede659087d7ee0b232143c47cce6dc7b6c010f2045\"",
            "fork": "false",
            "full_name": "akerl/github-auth-lambda",
            "git_clone_url": "git://github.com/akerl/github-auth-lambda.git",
            "gitignore_template": null,
            "has_discussions": false,
            "has_downloads": false,
            "has_issues": true,
            "has_projects": false,
            "has_wiki": false,
            "homepage_url": "",
            "html_url": "https://github.com/akerl/github-auth-lambda",
            "http_clone_url": "https://github.com/akerl/github-auth-lambda.git",
            "id": "github-auth-lambda",
            "ignore_vulnerability_alerts_during_read": null,
            "is_template": false,
            "license_template": null,
            "merge_commit_message": "PR_TITLE",
            "merge_commit_title": "MERGE_MESSAGE",
            "name": "github-auth-lambda",
            "node_id": "MDEwOlJlcG9zaXRvcnkxMjMzNjM5MDk=",
            "pages": [],
            "primary_language": "Go",
            "private": false,
            "repo_id": 123363909,
            "security_and_analysis": [
              {
                "advanced_security": [],
                "code_security": [],
                "secret_scanning": [
                  {
                    "status": "disabled"
                  }
                ],
                "secret_scanning_ai_detection": [],
                "secret_scanning_non_provider_patterns": [],
                "secret_scanning_push_protection": [
                  {
                    "status": "disabled"
                  }
                ]
              }
            ],
            "source_owner": "",
            "source_repo": "",
            "squash_merge_commit_message": "COMMIT_MESSAGES",
            "squash_merge_commit_title": "COMMIT_OR_PR_TITLE",
            "ssh_clone_url": "git@github.com:akerl/github-auth-lambda.git",
            "svn_url": "https://github.com/akerl/github-auth-lambda",
            "template": [],
            "topics": [],
            "visibility": "public",
            "vulnerability_alerts": false,
            "web_commit_signoff_required": false
          },
          "sensitive_attributes": [],
          "private": "eyJzY2hlbWFfdmVyc2lvbiI6IjEifQ=="
        },
        {
          "index_key": "githubchart",
          "schema_version": 1,
          "attributes": {
            "allow_auto_merge": false,
            "allow_forking": true,
            "allow_merge_commit": false,
            "allow_rebase_merge": false,
            "allow_squash_merge": true,
            "allow_update_branch": true,
            "archive_on_destroy": null,
            "archived": false,
            "auto_init": false,
            "default_branch": "main",
            "delete_branch_on_merge": true,
            "description": "Contribution plotting from GitHub's feed",
            "etag": "W/\"9859e142f75929892b0073d2027efadd1b7ace1e893cdb84db2783642ceb6584\"",
            "fork": "false",
            "full_name": "akerl/githubchart",
            "git_clone_url": "git://github.com/akerl/githubchart.git",
            "gitignore_template": null,
            "has_discussions": false,
            "has_downloads": false,
            "has_issues": true,
            "has_projects": false,
            "has_wiki": false,
            "homepage_url": "",
            "html_url": "https://github.com/akerl/githubchart",
            "http_clone_url": "https://github.com/akerl/githubchart.git",
            "id": "githubchart",
            "ignore_vulnerability_alerts_during_read": null,
            "is_template": false,
            "license_template": null,
            "merge_commit_message": "PR_TITLE",
            "merge_commit_title": "MERGE_MESSAGE",
            "name": "githubchart",
            "node_id": "MDEwOlJlcG9zaXRvcnkxMjk1MTI3OQ==",
            "pages": [],
            "primary_language": "Ruby",
            "private": false,
            "repo_id": 12951279,
            "security_and_analysis": [
              {
                "advanced_security": [],
                "code_security": [],
                "secret_scanning": [
                  {
                    "status": "disabled"
                  }
                ],
                "secret_scanning_ai_detection": [],
                "secret_scanning_non_provider_patterns": [],
                "secret_scanning_push_protection": [
                  {
                    "status": "disabled"
                  }
                ]
              }
            ],
            "source_owner": "",
            "source_repo": "",
            "squash_merge_commit_message": "COMMIT_MESSAGES",
            "squash_merge_commit_title": "COMMIT_OR_PR_TITLE",
            "ssh_clone_url": "git@github.com:akerl/githubchart.git",
            "svn_url": "https://github.com/akerl/githubchart",
            "template": [],
            "topics": [],
            "visibility": "public",
            "vulnerability_alerts": false,
            "web_commit_signoff_required": false
          },
          "sensitive_attributes": [],
          "private": "eyJzY2hlbWFfdmVyc2lvbiI6IjEifQ=="
        },
        {
          "index_key": "githubstats",
          "schema_version": 1,
          "attributes": {
            "allow_auto_merge": false,
            "allow_forking": true,
            "allow_merge_commit": false,
            "allow_rebase_merge": false,
            "allow_squash_merge": true,
            "allow_update_branch": true,
            "archive_on_destroy": null,
            "archived": false,
            "auto_init": false,
            "default_branch": "main",
            "delete_branch_on_merge": true,
            "description": "Object oriented interface for Github's contribution scoring system",
            "etag": "W/\"b0022daebead91b5f6785680302fd580a3d4d8468001fae4aad852bce73e2110\"",
            "fork": "false",
            "full_name": "akerl/githubstats",
            "git_clone_url": "git://github.com/akerl/githubstats.git",
            "gitignore_template": null,
            "has_discussions": false,
            "has_downloads": false,
            "has_issues": true,
            "has_projects": false,
            "has_wiki": false,
            "homepage_url": "",
            "html_url": "https://github.com/akerl/githubstats",
            "http_clone_url": "https://github.com/akerl/githubstats.git",
            "id": "githubstats",
            "ignore_vulnerability_alerts_during_read": null,
            "is_template": false,
            "license_template": null,
            "merge_commit_message": "PR_TITLE",
            "merge_commit_title": "MERGE_MESSAGE",
            "name": "githubstats",
            "node_id": "MDEwOlJlcG9zaXRvcnkxMzAxODYyNg==",
            "pages": [],
            "primary_language": "Ruby",
            "private": false,
            "repo_id": 13018626,
            "security_and_analysis": [
              {
                "advanced_security": [],
                "code_security": [],
                "secret_scanning": [
                  {
                    "status": "disabled"
                  }
                ],
                "secret_scanning_ai_detection": [],
                "secret_scanning_non_provider_patterns": [],
                "secret_scanning_push_protection": [
                  {
                    "status": "disabled"
                  }
                ]
              }
            ],
            "source_owner": "",
            "source_repo": "",
            "squash_merge_commit_message": "COMMIT_MESSAGES",
            "squash_merge_commit_title": "COMMIT_OR_PR_TITLE",
            "ssh_clone_url": "git@github.com:akerl/githubstats.git",
            "svn_url": "https://github.com/akerl/githubstats",
            "template": [],
            "topics": [],
            "visibility": "public",
            "vulnerability_alerts": false,
            "web_commit_signoff_required": false
          },
          "sensitive_attributes": [],
          "private": "eyJzY2hlbWFfdmVyc2lvbiI6IjEifQ=="
        },
        {
          "index_key": "go-indefinite-article",
          "schema_version": 1,
          "attributes": {
            "allow_auto_merge": false,
            "allow_forking": true,
            "allow_merge_commit": false,
            "allow_rebase_merge": false,
            "allow_squash_merge": true,
            "allow_update_branch": true,
            "archive_on_destroy": null,
            "archived": false,
            "auto_init": false,
            "default_branch": "main",
            "delete_branch_on_merge": true,
            "description": "Indefinite article parser for Go",
            "etag": "W/\"5c6cc14ec2c5ba9a226ccb4741796eb6ed635133599fa6c659f7a5235bbd9c10\"",
            "fork": "false",
            "full_name": "akerl/go-indefinite-article",
            "git_clone_url": "git://github.com/akerl/go-indefinite-article.git",
            "gitignore_template": null,
            "has_discussions": false,
            "has_downloads": false,
            "has_issues": true,
            "has_projects": false,
            "has_wiki": false,
            "homepage_url": "",
            "html_url": "https://github.com/akerl/go-indefinite-article",
            "http_clone_url": "https://github.com/akerl/go-indefinite-article.git",
            "id": "go-indefinite-article",
            "ignore_vulnerability_alerts_during_read": null,
            "is_template": false,
            "license_template": null,
            "merge_commit_message": "PR_TITLE",
            "merge_commit_title": "MERGE_MESSAGE",
            "name": "go-indefinite-article",
            "node_id": "MDEwOlJlcG9zaXRvcnkxNDU3MTI0MjY=",
            "pages": [],
            "primary_language": "Go",
            "private": false,
            "repo_id": 145712426,
            "security_and_analysis": [
              {
                "advanced_security": [],
                "code_security": [],
                "secret_scanning": [
                  {
                    "status": "disabled"
                  }
                ],
                "secret_scanning_ai_detection": [],
                "secret_scanning_non_provider_patterns": [],
                "secret_scanning_push_protection": [
                  {
                    "status": "disabled"
                  }
                ]
              }
            ],
            "source_owner": "",
            "source_repo": "",
            "squash_merge_commit_message": "COMMIT_MESSAGES",
            "squash_merge_commit_title": "COMMIT_OR_PR_TITLE",
            "ssh_clone_url": "git@github.com:akerl/go-indefinite-article.git",
            "svn_url": "https://github.com/akerl/go-indefinite-article",
            "template": [],
            "topics": [],
            "visibility": "public",
            "vulnerability_alerts": false,
            "web_commit_signoff_required": false
          },
          "sensitive_attributes": [],
          "private": "eyJzY2hlbWFfdmVyc2lvbiI6IjEifQ=="
        },
        {
          "index_key": "go-lambda",
          "schema_version": 1,
          "attributes": {
            "allow_auto_merge": false,
            "allow_forking": true,
            "allow_merge_commit": false,
            "allow_rebase_merge": false,
            "allow_squash_merge": true,
            "allow_update_branch": true,
            "archive_on_destroy": null,
            "archived": false,
            "auto_init": false,
            "default_branch": "main",
            "delete_branch_on_merge": true,
            "description": "Helper for running Golang AWS Lambdas",
            "etag": "W/\"6b73b0a64e07b9b71498d3d632fa4f7529f4579df6463eab9e5954b497a1ea38\"",
            "fork": "false",
            "full_name": "akerl/go-lambda",
            "git_clone_url": "git://github.com/akerl/go-lambda.git",
            "gitignore_template": null,
            "has_discussions": false,
            "has_downloads": false,
            "has_issues": true,
            "has_projects": false,
            "has_wiki": false,
            "homepage_url": "",
            "html_url": "https://github.com/akerl/go-lambda",
            "http_clone_url": "https://github.com/akerl/go-lambda.git",
            "id": "go-lambda",
            "ignore_vulnerability_alerts_during_read": null,
            "is_template": false,
            "license_template": null,
            "merge_commit_message": "PR_TITLE",
            "merge_commit_title": "MERGE_MESSAGE",
            "name": "go-lambda",
            "node_id": "MDEwOlJlcG9zaXRvcnkxMjI3NzU1NTE=",
            "pages": [],
            "primary_language": "Go",
            "private": false,
            "repo_id": 122775551,
            "security_and_analysis": [
              {
                "advanced_security": [],
                "code_security": [],
                "secret_scanning": [
                  {
                    "status": "disabled"
                  }
                ],
                "secret_scanning_ai_detection": [],
                "secret_scanning_non_provider_patterns": [],
                "secret_scanning_push_protection": [
                  {
                    "status": "disabled"
                  }
                ]
              }
            ],
            "source_owner": "",
            "source_repo": "",
            "squash_merge_commit_message": "COMMIT_MESSAGES",
            "squash_merge_commit_title": "COMMIT_OR_PR_TITLE",
            "ssh_clone_url": "git@github.com:akerl/go-lambda.git",
            "svn_url": "https://github.com/akerl/go-lambda",
            "template": [],
            "topics": [],
            "visibility": "public",
            "vulnerability_alerts": false,
            "web_commit_signoff_required": false
          },
          "sensitive_attributes": [],
          "private": "eyJzY2hlbWFfdmVyc2lvbiI6IjEifQ=="
        },
        {
          "index_key": "goodcop",
          "schema_version": 1,
          "attributes": {
            "allow_auto_merge": false,
            "allow_forking": true,
            "allow_merge_commit": false,
            "allow_rebase_merge": false,
            "allow_squash_merge": true,
            "allow_update_branch": true,
            "archive_on_destroy": null,
            "archived": false,
            "auto_init": false,
            "default_branch": "main",
            "delete_branch_on_merge": true,
            "description": "",
            "etag": "W/\"5481aa0dc92ab6e5a34f6ae9ce5f0f25c1251df0700efad0b491bf817f6f6c19\"",
            "fork": "false",
            "full_name": "akerl/goodcop",
            "git_clone_url": "git://github.com/akerl/goodcop.git",
            "gitignore_template": null,
            "has_discussions": false,
            "has_downloads": false,
            "has_issues": true,
            "has_projects": false,
            "has_wiki": false,
            "homepage_url": "",
            "html_url": "https://github.com/akerl/goodcop",
            "http_clone_url": "https://github.com/akerl/goodcop.git",
            "id": "goodcop",
            "ignore_vulnerability_alerts_during_read": null,
            "is_template": false,
            "license_template": null,
            "merge_commit_message": "PR_TITLE",
            "merge_commit_title": "MERGE_MESSAGE",
            "name": "goodcop",
            "node_id": "MDEwOlJlcG9zaXRvcnkxMDM3MTA0Mzk=",
            "pages": [],
            "primary_language": "Ruby",
            "private": false,
            "repo_id": 103710439,
            "security_and_analysis": [
              {
                "advanced_security": [],
                "code_security": [],
                "secret_scanning": [
                  {
                    "status": "disabled"
                  }
                ],
                "secret_scanning_ai_detection": [],
                "secret_scanning_non_provider_patterns": [],
                "secret_scanning_push_protection": [
                  {
                    "status": "disabled"
                  }
                ]
              }
            ],
            "source_owner": "",
            "source_repo": "",
            "squash_merge_commit_message": "COMMIT_MESSAGES",
            "squash_merge_commit_title": "COMMIT_OR_PR_TITLE",
            "ssh_clone_url": "git@github.com:akerl/goodcop.git",
            "svn_url": "https://github.com/akerl/goodcop",
            "template": [],
            "topics": [],
            "visibility": "public",
            "vulnerability_alerts": false,
            "web_commit_signoff_required": false
          },
          "sensitive_attributes": [],
          "private": "eyJzY2hlbWFfdmVyc2lvbiI6IjEifQ=="
        },
        {
          "index_key": "grafana-json",
          "schema_version": 1,
          "attributes": {
            "allow_auto_merge": false,
            "allow_forking": true,
            "allow_merge_commit": false,
            "allow_rebase_merge": false,
            "allow_squash_merge": true,
            "allow_update_branch": true,
            "archive_on_destroy": null,
            "archived": false,
            "auto_init": false,
            "default_branch": "main",
            "delete_branch_on_merge": true,
            "description": "",
            "etag": "W/\"b6f8ee1b9618574ac5002a98c05742f3cac98cbfd88e8bf8c18b825b94eb7d35\"",
            "fork": "false",
            "full_name": "akerl/grafana-json",
            "git_clone_url": "git://github.com/akerl/grafana-json.git",
            "gitignore_template": null,
            "has_discussions": false,
            "has_downloads": false,
            "has_issues": true,
            "has_projects": false,
            "has_wiki": false,
            "homepage_url": "",
            "html_url": "https://github.com/akerl/grafana-json",
            "http_clone_url": "https://github.com/akerl/grafana-json.git",
            "id": "grafana-json",
            "ignore_vulnerability_alerts_during_read": null,
            "is_template": false,
            "license_template": null,
            "merge_commit_message": "PR_TITLE",
            "merge_commit_title": "MERGE_MESSAGE",
            "name": "grafana-json",
            "node_id": "R_kgDONU0ReQ",
            "pages": [],
            "primary_language": "Go",
            "private": false,
            "repo_id": 894243193,
            "security_and_analysis": [
              {
                "advanced_security": [],
                "code_security": [],
                "secret_scanning": [
                  {
                    "status": "enabled"
                  }
                ],
                "secret_scanning_ai_detection": [],
                "secret_scanning_non_provider_patterns": [],
                "secret_scanning_push_protection": [
                  {
                    "status": "enabled"
                  }
                ]
              }
            ],
            "source_owner": "",
            "source_repo": "",
            "squash_merge_commit_message": "COMMIT_MESSAGES",
            "squash_merge_commit_title": "COMMIT_OR_PR_TITLE",
            "ssh_clone_url": "git@github.com:akerl/grafana-json.git",
            "svn_url": "https://github.com/akerl/grafana-json",
            "template": [],
            "topics": [],
            "visibility": "public",
            "vulnerability_alerts": false,
            "web_commit_signoff_required": false
          },
          "sensitive_attributes": [],
          "private": "eyJzY2hlbWFfdmVyc2lvbiI6IjEifQ=="
        },
        {
          "index_key": "grafana-json-ledger",
          "schema_version": 1,
          "attributes": {
            "allow_auto_merge": false,
            "allow_forking": true,
            "allow_merge_commit": false,
            "allow_rebase_merge": false,
            "allow_squash_merge": true,
            "allow_update_branch": true,
            "archive_on_destroy": null,
            "archived": false,
            "auto_init": false,
            "default_branch": "main",
            "delete_branch_on_merge": true,
            "description": "",
            "etag": "W/\"cec0728642967e71272592355b684aca49d6516174c649f181ba9d44b75cc015\"",
            "fork": "false",
            "full_name": "akerl/grafana-json-ledger",
            "git_clone_url": "git://github.com/akerl/grafana-json-ledger.git",
            "gitignore_template": null,
            "has_discussions": false,
            "has_downloads": false,
            "has_issues": true,
            "has_projects": false,
            "has_wiki": false,
            "homepage_url": "",
            "html_url": "https://github.com/akerl/grafana-json-ledger",
            "http_clone_url": "https://github.com/akerl/grafana-json-ledger.git",
            "id": "grafana-json-ledger",
            "ignore_vulnerability_alerts_during_read": null,
            "is_template": false,
            "license_template": null,
            "merge_commit_message": "PR_TITLE",
            "merge_commit_title": "MERGE_MESSAGE",
            "name": "grafana-json-ledger",
            "node_id": "R_kgDONU0Dyg",
            "pages": [],
            "primary_language": "Go",
            "private": false,
            "repo_id": 894239690,
            "security_and_analysis": [
              {
                "advanced_security": [],
                "code_security": [],
                "secret_scanning": [
                  {
                    "status": "enabled"
                  }
                ],
                "secret_scanning_ai_detection": [],
                "secret_scanning_non_provider_patterns": [],
                "secret_scanning_push_protection": [
                  {
                    "status": "enabled"
                  }
                ]
              }
            ],
            "source_owner": "",
            "source_repo": "",
            "squash_merge_commit_message": "COMMIT_MESSAGES",
            "squash_merge_commit_title": "COMMIT_OR_PR_TITLE",
            "ssh_clone_url": "git@github.com:akerl/grafana-json-ledger.git",
            "svn_url": "https://github.com/akerl/grafana-json-ledger",
            "template": [],
            "topics": [],
            "visibility": "public",
            "vulnerability_alerts": false,
            "web_commit_signoff_required": false
          },
          "sensitive_attributes": [],
          "private": "eyJzY2hlbWFfdmVyc2lvbiI6IjEifQ=="
        },
        {
          "index_key": "hf-library",
          "schema_version": 1,
          "attributes": {
            "allow_auto_merge": false,
            "allow_forking": true,
            "allow_merge_commit": false,
            "allow_rebase_merge": false,
            "allow_squash_merge": true,
            "allow_update_branch": true,
            "archive_on_destroy": null,
            "archived": false,
            "auto_init": false,
            "default_branch": "main",
            "delete_branch_on_merge": true,
            "description": "Quotes",
            "etag": "W/\"4eb8be69cc1e8bc2e131be86f74568f65d40bd7feb732459ef9f7495135f20e9\"",
            "fork": "false",
            "full_name": "akerl/hf-library",
            "git_clone_url": "git://github.com/akerl/hf-library.git",
            "gitignore_template": null,
            "has_discussions": false,
            "has_downloads": false,
            "has_issues": true,
            "has_projects": false,
            "has_wiki": false,
            "homepage_url": "",
            "html_url": "https://github.com/akerl/hf-library",
            "http_clone_url": "https://github.com/akerl/hf-library.git",
            "id": "hf-library",
            "ignore_vulnerability_alerts_during_read": null,
            "is_template": false,
            "license_template": null,
            "merge_commit_message": "PR_TITLE",
            "merge_commit_title": "MERGE_MESSAGE",
            "name": "hf-library",
            "node_id": "MDEwOlJlcG9zaXRvcnkxMDM0OTgxMzk=",
            "pages": [],
            "primary_language": "Ruby",
            "private": true,
            "repo_id": 103498139,
            "security_and_analysis": [],
            "source_owner": "",
            "source_repo": "",
            "squash_merge_commit_message": "COMMIT_MESSAGES",
            "squash_merge_commit_title": "COMMIT_OR_PR_TITLE",
            "ssh_clone_url": "git@github.com:akerl/hf-library.git",
            "svn_url": "https://github.com/akerl/hf-library",
            "template": [],
            "topics": [],
            "visibility": "private",
            "vulnerability_alerts": null,
            "web_commit_signoff_required": false
          },
          "sensitive_attributes": [],
          "private": "eyJzY2hlbWFfdmVyc2lvbiI6IjEifQ=="
        },
        {
          "index_key": "hook-exporter",
          "schema_version": 1,
          "attributes": {
            "allow_auto_merge": false,
            "allow_forking": true,
            "allow_merge_commit": false,
            "allow_rebase_merge": false,
            "allow_squash_merge": true,
            "allow_update_branch": true,
            "archive_on_destroy": null,
            "archived": false,
            "auto_init": false,
            "default_branch": "main",
            "delete_branch_on_merge": true,
            "description": "",
            "etag": "W/\"39507ea0b7d5700753560e98742a273938e2f51556226a5317cf9781cca9f566\"",
            "fork": "false",
            "full_name": "akerl/hook-exporter",
            "git_clone_url": "git://github.com/akerl/hook-exporter.git",
            "gitignore_template": null,
            "has_discussions": false,
            "has_downloads": false,
            "has_issues": true,
            "has_projects": false,
            "has_wiki": false,
            "homepage_url": "",
            "html_url": "https://github.com/akerl/hook-exporter",
            "http_clone_url": "https://github.com/akerl/hook-exporter.git",
            "id": "hook-exporter",
            "ignore_vulnerability_alerts_during_read": null,
            "is_template": false,
            "license_template": null,
            "merge_commit_message": "PR_TITLE",
            "merge_commit_title": "MERGE_MESSAGE",
            "name": "hook-exporter",
            "node_id": "R_kgDOJtLAZA",
            "pages": [],
            "primary_language": "Go",
            "private": false,
            "repo_id": 651346020,
            "security_and_analysis": [
              {
                "advanced_security": [],
                "code_security": [],
                "secret_scanning": [
                  {
                    "status": "disabled"
                  }
                ],
                "secret_scanning_ai_detection": [],
                "secret_scanning_non_provider_patterns": [],
                "secret_scanning_push_protection": [
                  {
                    "status": "disabled"
                  }
                ]
              }
            ],
            "source_owner": "",
            "source_repo": "",
            "squash_merge_commit_message": "COMMIT_MESSAGES",
            "squash_merge_commit_title": "COMMIT_OR_PR_TITLE",
            "ssh_clone_url": "git@github.com:akerl/hook-exporter.git",
            "svn_url": "https://github.com/akerl/hook-exporter",
            "template": [],
            "topics": [],
            "visibility": "public",
            "vulnerability_alerts": false,
            "web_commit_signoff_required": false
          },
          "sensitive_attributes": [],
          "private": "eyJzY2hlbWFfdmVyc2lvbiI6IjEifQ=="
        },
        {
          "index_key": "hss",
          "schema_version": 1,
          "attributes": {
            "allow_auto_merge": false,
            "allow_forking": true,
            "allow_merge_commit": false,
            "allow_rebase_merge": false,
            "allow_squash_merge": true,
            "allow_update_branch": true,
            "archive_on_destroy": null,
            "archived": false,
            "auto_init": false,
            "default_branch": "main",
            "delete_branch_on_merge": true,
            "description": "SSH helper",
            "etag": "W/\"ffe0c15fc0396be0a85e84d7c73fb47d11eda58e1b13f25cb4d0d604e3388b0e\"",
            "fork": "false",
            "full_name": "akerl/hss",
            "git_clone_url": "git://github.com/akerl/hss.git",
            "gitignore_template": null,
            "has_discussions": false,
            "has_downloads": false,
            "has_issues": true,
            "has_projects": false,
            "has_wiki": false,
            "homepage_url": "",
            "html_url": "https://github.com/akerl/hss",
            "http_clone_url": "https://github.com/akerl/hss.git",
            "id": "hss",
            "ignore_vulnerability_alerts_during_read": null,
            "is_template": false,
            "license_template": null,
            "merge_commit_message": "PR_TITLE",
            "merge_commit_title": "MERGE_MESSAGE",
            "name": "hss",
            "node_id": "MDEwOlJlcG9zaXRvcnkxMTg3NTgxNg==",
            "pages": [],
            "primary_language": "Ruby",
            "private": false,
            "repo_id": 11875816,
            "security_and_analysis": [
              {
                "advanced_security": [],
                "code_security": [],
                "secret_scanning": [
                  {
                    "status": "disabled"
                  }
                ],
                "secret_scanning_ai_detection": [],
                "secret_scanning_non_provider_patterns": [],
                "secret_scanning_push_protection": [
                  {
                    "status": "disabled"
                  }
                ]
              }
            ],
            "source_owner": "",
            "source_repo": "",
            "squash_merge_commit_message": "COMMIT_MESSAGES",
            "squash_merge_commit_title": "COMMIT_OR_PR_TITLE",
            "ssh_clone_url": "git@github.com:akerl/hss.git",
            "svn_url": "https://github.com/akerl/hss",
            "template": [],
            "topics": [],
            "visibility": "public",
            "vulnerability_alerts": false,
            "web_commit_signoff_required": false
          },
          "sensitive_attributes": [],
          "private": "eyJzY2hlbWFfdmVyc2lvbiI6IjEifQ=="
        },
        {
          "index_key": "input",
          "schema_version": 1,
          "attributes": {
            "allow_auto_merge": false,
            "allow_forking": true,
            "allow_merge_commit": false,
            "allow_rebase_merge": false,
            "allow_squash_merge": true,
            "allow_update_branch": true,
            "archive_on_destroy": null,
            "archived": false,
            "auto_init": false,
            "default_branch": "main",
            "delete_branch_on_merge": true,
            "description": "Simple golang library for soliciting user input via configurable methods",
            "etag": "W/\"30934e71baef6b24d9d39bd085cc4b629220a73fa10beebe916198f5b61b5706\"",
            "fork": "false",
            "full_name": "akerl/input",
            "git_clone_url": "git://github.com/akerl/input.git",
            "gitignore_template": null,
            "has_discussions": false,
            "has_downloads": false,
            "has_issues": true,
            "has_projects": false,
            "has_wiki": false,
            "homepage_url": "",
            "html_url": "https://github.com/akerl/input",
            "http_clone_url": "https://github.com/akerl/input.git",
            "id": "input",
            "ignore_vulnerability_alerts_during_read": null,
            "is_template": false,
            "license_template": null,
            "merge_commit_message": "PR_TITLE",
            "merge_commit_title": "MERGE_MESSAGE",
            "name": "input",
            "node_id": "MDEwOlJlcG9zaXRvcnkyMDE0NDY3NDA=",
            "pages": [],
            "primary_language": "Go",
            "private": false,
            "repo_id": 201446740,
            "security_and_analysis": [
              {
                "advanced_security": [],
                "code_security": [],
                "secret_scanning": [
                  {
                    "status": "disabled"
                  }
                ],
                "secret_scanning_ai_detection": [],
                "secret_scanning_non_provider_patterns": [],
                "secret_scanning_push_protection": [
                  {
                    "status": "disabled"
                  }
                ]
              }
            ],
            "source_owner": "",
            "source_repo": "",
            "squash_merge_commit_message": "COMMIT_MESSAGES",
            "squash_merge_commit_title": "COMMIT_OR_PR_TITLE",
            "ssh_clone_url": "git@github.com:akerl/input.git",
            "svn_url": "https://github.com/akerl/input",
            "template": [],
            "topics": [],
            "visibility": "public",
            "vulnerability_alerts": false,
            "web_commit_signoff_required": false
          },
          "sensitive_attributes": [],
          "private": "eyJzY2hlbWFfdmVyc2lvbiI6IjEifQ=="
        },
        {
          "index_key": "keyboard",
          "schema_version": 1,
          "attributes": {
            "allow_auto_merge": false,
            "allow_forking": true,
            "allow_merge_commit": false,
            "allow_rebase_merge": false,
            "allow_squash_merge": true,
            "allow_update_branch": true,
            "archive_on_destroy": null,
            "archived": false,
            "auto_init": false,
            "default_branch": "main",
            "delete_branch_on_merge": true,
            "description": "Model 01 firmware",
            "etag": "W/\"810647a57f77134e033eaff872e7bc33012e6a245a3f9f6a74df253cb85cd8c1\"",
            "fork": "false",
            "full_name": "akerl/keyboard",
            "git_clone_url": "git://github.com/akerl/keyboard.git",
            "gitignore_template": null,
            "has_discussions": false,
            "has_downloads": false,
            "has_issues": true,
            "has_projects": false,
            "has_wiki": false,
            "homepage_url": "",
            "html_url": "https://github.com/akerl/keyboard",
            "http_clone_url": "https://github.com/akerl/keyboard.git",
            "id": "keyboard",
            "ignore_vulnerability_alerts_during_read": null,
            "is_template": false,
            "license_template": null,
            "merge_commit_message": "PR_TITLE",
            "merge_commit_title": "MERGE_MESSAGE",
            "name": "keyboard",
            "node_id": "MDEwOlJlcG9zaXRvcnkxMzg2Nzc3MTc=",
            "pages": [],
            "primary_language": "C++",
            "private": false,
            "repo_id": 138677717,
            "security_and_analysis": [
              {
                "advanced_security": [],
                "code_security": [],
                "secret_scanning": [
                  {
                    "status": "disabled"
                  }
                ],
                "secret_scanning_ai_detection": [],
                "secret_scanning_non_provider_patterns": [],
                "secret_scanning_push_protection": [
                  {
                    "status": "disabled"
                  }
                ]
              }
            ],
            "source_owner": "",
            "source_repo": "",
            "squash_merge_commit_message": "COMMIT_MESSAGES",
            "squash_merge_commit_title": "COMMIT_OR_PR_TITLE",
            "ssh_clone_url": "git@github.com:akerl/keyboard.git",
            "svn_url": "https://github.com/akerl/keyboard",
            "template": [],
            "topics": [],
            "visibility": "public",
            "vulnerability_alerts": false,
            "web_commit_signoff_required": false
          },
          "sensitive_attributes": [],
          "private": "eyJzY2hlbWFfdmVyc2lvbiI6IjEifQ=="
        },
        {
          "index_key": "keylime",
          "schema_version": 1,
          "attributes": {
            "allow_auto_merge": false,
            "allow_forking": true,
            "allow_merge_commit": false,
            "allow_rebase_merge": false,
            "allow_squash_merge": true,
            "allow_update_branch": true,
            "archive_on_destroy": null,
            "archived": false,
            "auto_init": false,
            "default_branch": "main",
            "delete_branch_on_merge": true,
            "description": "Simple wrapper for using Mac Keychain",
            "etag": "W/\"c587fd96df73d8d5375801879d80bd66e8fa52af4510ad607618fb0e510d24ea\"",
            "fork": "false",
            "full_name": "akerl/keylime",
            "git_clone_url": "git://github.com/akerl/keylime.git",
            "gitignore_template": null,
            "has_discussions": false,
            "has_downloads": false,
            "has_issues": true,
            "has_projects": false,
            "has_wiki": false,
            "homepage_url": "",
            "html_url": "https://github.com/akerl/keylime",
            "http_clone_url": "https://github.com/akerl/keylime.git",
            "id": "keylime",
            "ignore_vulnerability_alerts_during_read": null,
            "is_template": false,
            "license_template": null,
            "merge_commit_message": "PR_TITLE",
            "merge_commit_title": "MERGE_MESSAGE",
            "name": "keylime",
            "node_id": "MDEwOlJlcG9zaXRvcnk0OTg1MTE4MQ==",
            "pages": [],
            "primary_language": "Ruby",
            "private": false,
            "repo_id": 49851181,
            "security_and_analysis": [
              {
                "advanced_security": [],
                "code_security": [],
                "secret_scanning": [
                  {
                    "status": "disabled"
                  }
                ],
                "secret_scanning_ai_detection": [],
                "secret_scanning_non_provider_patterns": [],
                "secret_scanning_push_protection": [
                  {
                    "status": "disabled"
                  }
                ]
              }
            ],
            "source_owner": "",
            "source_repo": "",
            "squash_merge_commit_message": "COMMIT_MESSAGES",
            "squash_merge_commit_title": "COMMIT_OR_PR_TITLE",
            "ssh_clone_url": "git@github.com:akerl/keylime.git",
            "svn_url": "https://github.com/akerl/keylime",
            "template": [],
            "topics": [],
            "visibility": "public",
            "vulnerability_alerts": false,
            "web_commit_signoff_required": false
          },
          "sensitive_attributes": [],
          "private": "eyJzY2hlbWFfdmVyc2lvbiI6IjEifQ=="
        },
        {
          "index_key": "kvmtoggle",
          "schema_version": 1,
          "attributes": {
            "allow_auto_merge": false,
            "allow_forking": true,
            "allow_merge_commit": false,
            "allow_rebase_merge": false,
            "allow_squash_merge": true,
            "allow_update_branch": true,
            "archive_on_destroy": null,
            "archived": false,
            "auto_init": false,
            "default_branch": "main",
            "delete_branch_on_merge": true,
            "description": "Simple webserver to trigger KVM toggle shortcuts via USB OTG",
            "etag": "W/\"0957fd400928664aa3f0adb0851562a1d8c6d2f49f4f190f73ef23caa5c9899e\"",
            "fork": "false",
            "full_name": "akerl/kvmtoggle",
            "git_clone_url": "git://github.com/akerl/kvmtoggle.git",
            "gitignore_template": null,
            "has_discussions": false,
            "has_downloads": false,
            "has_issues": true,
            "has_projects": false,
            "has_wiki": false,
            "homepage_url": "",
            "html_url": "https://github.com/akerl/kvmtoggle",
            "http_clone_url": "https://github.com/akerl/kvmtoggle.git",
            "id": "kvmtoggle",
            "ignore_vulnerability_alerts_during_read": null,
            "is_template": false,
            "license_template": null,
            "merge_commit_message": "PR_TITLE",
            "merge_commit_title": "MERGE_MESSAGE",
            "name": "kvmtoggle",
            "node_id": "R_kgDOIrBC9Q",
            "pages": [],
            "primary_language": "Go",
            "private": false,
            "repo_id": 581976821,
            "security_and_analysis": [
              {
                "advanced_security": [],
                "code_security": [],
                "secret_scanning": [
                  {
                    "status": "disabled"
                  }
                ],
                "secret_scanning_ai_detection": [],
                "secret_scanning_non_provider_patterns": [],
                "secret_scanning_push_protection": [
                  {
                    "status": "disabled"
                  }
                ]
              }
            ],
            "source_owner": "",
            "source_repo": "",
            "squash_merge_commit_message": "COMMIT_MESSAGES",
            "squash_merge_commit_title": "COMMIT_OR_PR_TITLE",
            "ssh_clone_url": "git@github.com:akerl/kvmtoggle.git",
            "svn_url": "https://github.com/akerl/kvmtoggle",
            "template": [],
            "topics": [],
            "visibility": "public",
            "vulnerability_alerts": false,
            "web_commit_signoff_required": false
          },
          "sensitive_attributes": [],
          "private": "eyJzY2hlbWFfdmVyc2lvbiI6IjEifQ=="
        },
        {
          "index_key": "lambda-basic-auth",
          "schema_version": 1,
          "attributes": {
            "allow_auto_merge": false,
            "allow_forking": true,
            "allow_merge_commit": false,
            "allow_rebase_merge": false,
            "allow_squash_merge": true,
            "allow_update_branch": true,
            "archive_on_destroy": null,
            "archived": false,
            "auto_init": false,
            "default_branch": "main",
            "delete_branch_on_merge": true,
            "description": "",
            "etag": "W/\"649c86b20e1c0cee675ad0d41fb1b2e3ac8daedce3bd6f2528a0b83c2bad5172\"",
            "fork": "false",
            "full_name": "akerl/lambda-basic-auth",
            "git_clone_url": "git://github.com/akerl/lambda-basic-auth.git",
            "gitignore_template": null,
            "has_discussions": false,
            "has_downloads": false,
            "has_issues": true,
            "has_projects": false,
            "has_wiki": false,
            "homepage_url": "",
            "html_url": "https://github.com/akerl/lambda-basic-auth",
            "http_clone_url": "https://github.com/akerl/lambda-basic-auth.git",
            "id": "lambda-basic-auth",
            "ignore_vulnerability_alerts_during_read": null,
            "is_template": false,
            "license_template": null,
            "merge_commit_message": "PR_TITLE",
            "merge_commit_title": "MERGE_MESSAGE",
            "name": "lambda-basic-auth",
            "node_id": "R_kgDOJrG_sQ",
            "pages": [],
            "primary_language": "Go",
            "private": false,
            "repo_id": 649183153,
            "security_and_analysis": [
              {
                "advanced_security": [],
                "code_security": [],
                "secret_scanning": [
                  {
                    "status": "disabled"
                  }
                ],
                "secret_scanning_ai_detection": [],
                "secret_scanning_non_provider_patterns": [],
                "secret_scanning_push_protection": [
                  {
                    "status": "disabled"
                  }
                ]
              }
            ],
            "source_owner": "",
            "source_repo": "",
            "squash_merge_commit_message": "COMMIT_MESSAGES",
            "squash_merge_commit_title": "COMMIT_OR_PR_TITLE",
            "ssh_clone_url": "git@github.com:akerl/lambda-basic-auth.git",
            "svn_url": "https://github.com/akerl/lambda-basic-auth",
            "template": [],
            "topics": [],
            "visibility": "public",
            "vulnerability_alerts": false,
            "web_commit_signoff_required": false
          },
          "sensitive_attributes": [],
          "private": "eyJzY2hlbWFfdmVyc2lvbiI6IjEifQ=="
        },
        {
          "index_key": "ledgergraph",
          "schema_version": 1,
          "attributes": {
            "allow_auto_merge": false,
            "allow_forking": true,
            "allow_merge_commit": false,
            "allow_rebase_merge": false,
            "allow_squash_merge": true,
            "allow_update_branch": true,
            "archive_on_destroy": null,
            "archived": false,
            "auto_init": false,
            "default_branch": "main",
            "delete_branch_on_merge": true,
            "description": "",
            "etag": "W/\"95e393e6b2e165267e3cb10208e3fc124cbbfaaa3c18fb7631f8fd728edffe5e\"",
            "fork": "false",
            "full_name": "akerl/ledgergraph",
            "git_clone_url": "git://github.com/akerl/ledgergraph.git",
            "gitignore_template": null,
            "has_discussions": false,
            "has_downloads": false,
            "has_issues": true,
            "has_projects": false,
            "has_wiki": false,
            "homepage_url": "",
            "html_url": "https://github.com/akerl/ledgergraph",
            "http_clone_url": "https://github.com/akerl/ledgergraph.git",
            "id": "ledgergraph",
            "ignore_vulnerability_alerts_during_read": null,
            "is_template": false,
            "license_template": null,
            "merge_commit_message": "PR_TITLE",
            "merge_commit_title": "MERGE_MESSAGE",
            "name": "ledgergraph",
            "node_id": "R_kgDONV5LRQ",
            "pages": [],
            "primary_language": "Go",
            "private": false,
            "repo_id": 895372101,
            "security_and_analysis": [
              {
                "advanced_security": [],
                "code_security": [],
                "secret_scanning": [
                  {
                    "status": "enabled"
                  }
                ],
                "secret_scanning_ai_detection": [],
                "secret_scanning_non_provider_patterns": [],
                "secret_scanning_push_protection": [
                  {
                    "status": "enabled"
                  }
                ]
              }
            ],
            "source_owner": "",
            "source_repo": "",
            "squash_merge_commit_message": "COMMIT_MESSAGES",
            "squash_merge_commit_title": "COMMIT_OR_PR_TITLE",
            "ssh_clone_url": "git@github.com:akerl/ledgergraph.git",
            "svn_url": "https://github.com/akerl/ledgergraph",
            "template": [],
            "topics": [],
            "visibility": "public",
            "vulnerability_alerts": false,
            "web_commit_signoff_required": false
          },
          "sensitive_attributes": [],
          "private": "eyJzY2hlbWFfdmVyc2lvbiI6IjEifQ=="
        },
        {
          "index_key": "ledgerhelpers",
          "schema_version": 1,
          "attributes": {
            "allow_auto_merge": false,
            "allow_forking": true,
            "allow_merge_commit": false,
            "allow_rebase_merge": false,
            "allow_squash_merge": true,
            "allow_update_branch": true,
            "archive_on_destroy": null,
            "archived": false,
            "auto_init": false,
            "default_branch": "main",
            "delete_branch_on_merge": true,
            "description": "Helpers for my use of Ledger CLI",
            "etag": "W/\"e556eb6618462f4900f703b2d18665c1fca5148403fa12d4b7671f477ffcb217\"",
            "fork": "false",
            "full_name": "akerl/ledgerhelpers",
            "git_clone_url": "git://github.com/akerl/ledgerhelpers.git",
            "gitignore_template": null,
            "has_discussions": false,
            "has_downloads": false,
            "has_issues": true,
            "has_projects": false,
            "has_wiki": false,
            "homepage_url": "",
            "html_url": "https://github.com/akerl/ledgerhelpers",
            "http_clone_url": "https://github.com/akerl/ledgerhelpers.git",
            "id": "ledgerhelpers",
            "ignore_vulnerability_alerts_during_read": null,
            "is_template": false,
            "license_template": null,
            "merge_commit_message": "PR_TITLE",
            "merge_commit_title": "MERGE_MESSAGE",
            "name": "ledgerhelpers",
            "node_id": "MDEwOlJlcG9zaXRvcnk1NzE3MDEwOQ==",
            "pages": [],
            "primary_language": "Ruby",
            "private": false,
            "repo_id": 57170109,
            "security_and_analysis": [
              {
                "advanced_security": [],
                "code_security": [],
                "secret_scanning": [
                  {
                    "status": "disabled"
                  }
                ],
                "secret_scanning_ai_detection": [],
                "secret_scanning_non_provider_patterns": [],
                "secret_scanning_push_protection": [
                  {
                    "status": "disabled"
                  }
                ]
              }
            ],
            "source_owner": "",
            "source_repo": "",
            "squash_merge_commit_message": "COMMIT_MESSAGES",
            "squash_merge_commit_title": "COMMIT_OR_PR_TITLE",
            "ssh_clone_url": "git@github.com:akerl/ledgerhelpers.git",
            "svn_url": "https://github.com/akerl/ledgerhelpers",
            "template": [],
            "topics": [],
            "visibility": "public",
            "vulnerability_alerts": false,
            "web_commit_signoff_required": false
          },
          "sensitive_attributes": [],
          "private": "eyJzY2hlbWFfdmVyc2lvbiI6IjEifQ=="
        },
        {
          "index_key": "libledger",
          "schema_version": 1,
          "attributes": {
            "allow_auto_merge": false,
            "allow_forking": true,
            "allow_merge_commit": false,
            "allow_rebase_merge": false,
            "allow_squash_merge": true,
            "allow_update_branch": true,
            "archive_on_destroy": null,
            "archived": false,
            "auto_init": false,
            "default_branch": "main",
            "delete_branch_on_merge": true,
            "description": "Library for reading and writing Ledger transactions",
            "etag": "W/\"8d4a6f24ae26a876dc42dacbbc93bd78b2a20c4078d1d7d67c1a42cc7baf2572\"",
            "fork": "false",
            "full_name": "akerl/libledger",
            "git_clone_url": "git://github.com/akerl/libledger.git",
            "gitignore_template": null,
            "has_discussions": false,
            "has_downloads": false,
            "has_issues": true,
            "has_projects": false,
            "has_wiki": false,
            "homepage_url": "",
            "html_url": "https://github.com/akerl/libledger",
            "http_clone_url": "https://github.com/akerl/libledger.git",
            "id": "libledger",
            "ignore_vulnerability_alerts_during_read": null,
            "is_template": false,
            "license_template": null,
            "merge_commit_message": "PR_TITLE",
            "merge_commit_title": "MERGE_MESSAGE",
            "name": "libledger",
            "node_id": "MDEwOlJlcG9zaXRvcnk1NzAwMTkwMQ==",
            "pages": [],
            "primary_language": "Ruby",
            "private": false,
            "repo_id": 57001901,
            "security_and_analysis": [
              {
                "advanced_security": [],
                "code_security": [],
                "secret_scanning": [
                  {
                    "status": "disabled"
                  }
                ],
                "secret_scanning_ai_detection": [],
                "secret_scanning_non_provider_patterns": [],
                "secret_scanning_push_protection": [
                  {
                    "status": "disabled"
                  }
                ]
              }
            ],
            "source_owner": "",
            "source_repo": "",
            "squash_merge_commit_message": "COMMIT_MESSAGES",
            "squash_merge_commit_title": "COMMIT_OR_PR_TITLE",
            "ssh_clone_url": "git@github.com:akerl/libledger.git",
            "svn_url": "https://github.com/akerl/libledger",
            "template": [],
            "topics": [],
            "visibility": "public",
            "vulnerability_alerts": false,
            "web_commit_signoff_required": false
          },
          "sensitive_attributes": [],
          "private": "eyJzY2hlbWFfdmVyc2lvbiI6IjEifQ=="
        },
        {
          "index_key": "linode-account",
          "schema_version": 1,
          "attributes": {
            "allow_auto_merge": false,
            "allow_forking": true,
            "allow_merge_commit": false,
            "allow_rebase_merge": false,
            "allow_squash_merge": true,
            "allow_update_branch": true,
            "archive_on_destroy": null,
            "archived": false,
            "auto_init": false,
            "default_branch": "main",
            "delete_branch_on_merge": true,
            "description": "Terraform for my Linode account",
            "etag": "W/\"8fafdf6d11949da94fd8bd2403ae461191fab5a5e3340463fc412eb718976f33\"",
            "fork": "false",
            "full_name": "akerl/linode-account",
            "git_clone_url": "git://github.com/akerl/linode-account.git",
            "gitignore_template": null,
            "has_discussions": false,
            "has_downloads": false,
            "has_issues": true,
            "has_projects": false,
            "has_wiki": false,
            "homepage_url": "",
            "html_url": "https://github.com/akerl/linode-account",
            "http_clone_url": "https://github.com/akerl/linode-account.git",
            "id": "linode-account",
            "ignore_vulnerability_alerts_during_read": null,
            "is_template": false,
            "license_template": null,
            "merge_commit_message": "PR_TITLE",
            "merge_commit_title": "MERGE_MESSAGE",
            "name": "linode-account",
            "node_id": "MDEwOlJlcG9zaXRvcnkxNDM1NzkxODM=",
            "pages": [],
            "primary_language": "HCL",
            "private": false,
            "repo_id": 143579183,
            "security_and_analysis": [
              {
                "advanced_security": [],
                "code_security": [],
                "secret_scanning": [
                  {
                    "status": "disabled"
                  }
                ],
                "secret_scanning_ai_detection": [],
                "secret_scanning_non_provider_patterns": [],
                "secret_scanning_push_protection": [
                  {
                    "status": "disabled"
                  }
                ]
              }
            ],
            "source_owner": "",
            "source_repo": "",
            "squash_merge_commit_message": "COMMIT_MESSAGES",
            "squash_merge_commit_title": "COMMIT_OR_PR_TITLE",
            "ssh_clone_url": "git@github.com:akerl/linode-account.git",
            "svn_url": "https://github.com/akerl/linode-account",
            "template": [],
            "topics": [],
            "visibility": "public",
            "vulnerability_alerts": false,
            "web_commit_signoff_required": false
          },
          "sensitive_attributes": [],
          "private": "eyJzY2hlbWFfdmVyc2lvbiI6IjEifQ=="
        },
        {
          "index_key": "littlesnitch",
          "schema_version": 1,
          "attributes": {
            "allow_auto_merge": false,
            "allow_forking": true,
            "allow_merge_commit": false,
            "allow_rebase_merge": false,
            "allow_squash_merge": true,
            "allow_update_branch": true,
            "archive_on_destroy": null,
            "archived": false,
            "auto_init": false,
            "default_branch": "main",
            "delete_branch_on_merge": true,
            "description": "LittleSnitch rule groups",
            "etag": "W/\"ebda82a2616524c59758c95e9a18d65c301089c4a8010edfa17ceb29b2a5f5ab\"",
            "fork": "false",
            "full_name": "akerl/littlesnitch",
            "git_clone_url": "git://github.com/akerl/littlesnitch.git",
            "gitignore_template": null,
            "has_discussions": false,
            "has_downloads": false,
            "has_issues": true,
            "has_projects": false,
            "has_wiki": false,
            "homepage_url": "",
            "html_url": "https://github.com/akerl/littlesnitch",
            "http_clone_url": "https://github.com/akerl/littlesnitch.git",
            "id": "littlesnitch",
            "ignore_vulnerability_alerts_during_read": null,
            "is_template": false,
            "license_template": null,
            "merge_commit_message": "PR_TITLE",
            "merge_commit_title": "MERGE_MESSAGE",
            "name": "littlesnitch",
            "node_id": "R_kgDOIZDoUw",
            "pages": [],
            "primary_language": "JavaScript",
            "private": false,
            "repo_id": 563144787,
            "security_and_analysis": [
              {
                "advanced_security": [],
                "code_security": [],
                "secret_scanning": [
                  {
                    "status": "disabled"
                  }
                ],
                "secret_scanning_ai_detection": [],
                "secret_scanning_non_provider_patterns": [],
                "secret_scanning_push_protection": [
                  {
                    "status": "disabled"
                  }
                ]
              }
            ],
            "source_owner": "",
            "source_repo": "",
            "squash_merge_commit_message": "COMMIT_MESSAGES",
            "squash_merge_commit_title": "COMMIT_OR_PR_TITLE",
            "ssh_clone_url": "git@github.com:akerl/littlesnitch.git",
            "svn_url": "https://github.com/akerl/littlesnitch",
            "template": [],
            "topics": [],
            "visibility": "public",
            "vulnerability_alerts": false,
            "web_commit_signoff_required": false
          },
          "sensitive_attributes": [],
          "private": "eyJzY2hlbWFfdmVyc2lvbiI6IjEifQ=="
        },
        {
          "index_key": "logcabin",
          "schema_version": 1,
          "attributes": {
            "allow_auto_merge": false,
            "allow_forking": true,
            "allow_merge_commit": false,
            "allow_rebase_merge": false,
            "allow_squash_merge": true,
            "allow_update_branch": true,
            "archive_on_destroy": null,
            "archived": false,
            "auto_init": false,
            "default_branch": "main",
            "delete_branch_on_merge": true,
            "description": "Support dynamic loading of modules at runtime",
            "etag": "W/\"20a5a151fee13dfe988aabe2ad8015230b316010df664fa0e6f7650ea2d2ff55\"",
            "fork": "false",
            "full_name": "akerl/logcabin",
            "git_clone_url": "git://github.com/akerl/logcabin.git",
            "gitignore_template": null,
            "has_discussions": false,
            "has_downloads": false,
            "has_issues": true,
            "has_projects": false,
            "has_wiki": false,
            "homepage_url": "",
            "html_url": "https://github.com/akerl/logcabin",
            "http_clone_url": "https://github.com/akerl/logcabin.git",
            "id": "logcabin",
            "ignore_vulnerability_alerts_during_read": null,
            "is_template": false,
            "license_template": null,
            "merge_commit_message": "PR_TITLE",
            "merge_commit_title": "MERGE_MESSAGE",
            "name": "logcabin",
            "node_id": "MDEwOlJlcG9zaXRvcnk0ODY1MzI1Mg==",
            "pages": [],
            "primary_language": "Ruby",
            "private": false,
            "repo_id": 48653252,
            "security_and_analysis": [
              {
                "advanced_security": [],
                "code_security": [],
                "secret_scanning": [
                  {
                    "status": "disabled"
                  }
                ],
                "secret_scanning_ai_detection": [],
                "secret_scanning_non_provider_patterns": [],
                "secret_scanning_push_protection": [
                  {
                    "status": "disabled"
                  }
                ]
              }
            ],
            "source_owner": "",
            "source_repo": "",
            "squash_merge_commit_message": "COMMIT_MESSAGES",
            "squash_merge_commit_title": "COMMIT_OR_PR_TITLE",
            "ssh_clone_url": "git@github.com:akerl/logcabin.git",
            "svn_url": "https://github.com/akerl/logcabin",
            "template": [],
            "topics": [],
            "visibility": "public",
            "vulnerability_alerts": false,
            "web_commit_signoff_required": false
          },
          "sensitive_attributes": [],
          "private": "eyJzY2hlbWFfdmVyc2lvbiI6IjEifQ=="
        },
        {
          "index_key": "macroquest",
          "schema_version": 1,
          "attributes": {
            "allow_auto_merge": false,
            "allow_forking": true,
            "allow_merge_commit": false,
            "allow_rebase_merge": false,
            "allow_squash_merge": true,
            "allow_update_branch": true,
            "archive_on_destroy": null,
            "archived": false,
            "auto_init": false,
            "default_branch": "master",
            "delete_branch_on_merge": true,
            "description": "",
            "etag": "W/\"83e2322f88868d79429467b5964ace8a2b30807d5e76d60224b609b8751b328a\"",
            "fork": "false",
            "full_name": "akerl/macroquest",
            "git_clone_url": "git://github.com/akerl/macroquest.git",
            "gitignore_template": null,
            "has_discussions": false,
            "has_downloads": false,
            "has_issues": true,
            "has_projects": false,
            "has_wiki": false,
            "homepage_url": "",
            "html_url": "https://github.com/akerl/macroquest",
            "http_clone_url": "https://github.com/akerl/macroquest.git",
            "id": "macroquest",
            "ignore_vulnerability_alerts_during_read": null,
            "is_template": false,
            "license_template": null,
            "merge_commit_message": "PR_TITLE",
            "merge_commit_title": "MERGE_MESSAGE",
            "name": "macroquest",
            "node_id": "R_kgDOQPLrgQ",
            "pages": [],
            "primary_language": "C++",
            "private": true,
            "repo_id": 1089661825,
            "security_and_analysis": [],
            "source_owner": "",
            "source_repo": "",
            "squash_merge_commit_message": "COMMIT_MESSAGES",
            "squash_merge_commit_title": "COMMIT_OR_PR_TITLE",
            "ssh_clone_url": "git@github.com:akerl/macroquest.git",
            "svn_url": "https://github.com/akerl/macroquest",
            "template": [],
            "topics": [],
            "visibility": "private",
            "vulnerability_alerts": null,
            "web_commit_signoff_required": false
          },
          "sensitive_attributes": [],
          "private": "eyJzY2hlbWFfdmVyc2lvbiI6IjEifQ=="
        },
        {
          "index_key": "madlibrarian",
          "schema_version": 1,
          "attributes": {
            "allow_auto_merge": false,
            "allow_forking": true,
            "allow_merge_commit": false,
            "allow_rebase_merge": false,
            "allow_squash_merge": true,
            "allow_update_branch": true,
            "archive_on_destroy": null,
            "archived": false,
            "auto_init": false,
            "default_branch": "main",
            "delete_branch_on_merge": true,
            "description": "S3-backed quote library",
            "etag": "W/\"2174bca63e1ed71d0c0eb8d7310ab150b2e8f67fb1360d7de9f23da3b57022a5\"",
            "fork": "false",
            "full_name": "akerl/madlibrarian",
            "git_clone_url": "git://github.com/akerl/madlibrarian.git",
            "gitignore_template": null,
            "has_discussions": false,
            "has_downloads": false,
            "has_issues": true,
            "has_projects": false,
            "has_wiki": false,
            "homepage_url": "",
            "html_url": "https://github.com/akerl/madlibrarian",
            "http_clone_url": "https://github.com/akerl/madlibrarian.git",
            "id": "madlibrarian",
            "ignore_vulnerability_alerts_during_read": null,
            "is_template": false,
            "license_template": null,
            "merge_commit_message": "PR_TITLE",
            "merge_commit_title": "MERGE_MESSAGE",
            "name": "madlibrarian",
            "node_id": "MDEwOlJlcG9zaXRvcnkxMDI5OTczNjI=",
            "pages": [],
            "primary_language": "Go",
            "private": false,
            "repo_id": 102997362,
            "security_and_analysis": [
              {
                "advanced_security": [],
                "code_security": [],
                "secret_scanning": [
                  {
                    "status": "disabled"
                  }
                ],
                "secret_scanning_ai_detection": [],
                "secret_scanning_non_provider_patterns": [],
                "secret_scanning_push_protection": [
                  {
                    "status": "disabled"
                  }
                ]
              }
            ],
            "source_owner": "",
            "source_repo": "",
            "squash_merge_commit_message": "COMMIT_MESSAGES",
            "squash_merge_commit_title": "COMMIT_OR_PR_TITLE",
            "ssh_clone_url": "git@github.com:akerl/madlibrarian.git",
            "svn_url": "https://github.com/akerl/madlibrarian",
            "template": [],
            "topics": [],
            "visibility": "public",
            "vulnerability_alerts": false,
            "web_commit_signoff_required": false
          },
          "sensitive_attributes": [],
          "private": "eyJzY2hlbWFfdmVyc2lvbiI6IjEifQ=="
        },
        {
          "index_key": "madlibrarian-lambda",
          "schema_version": 1,
          "attributes": {
            "allow_auto_merge": false,
            "allow_forking": true,
            "allow_merge_commit": false,
            "allow_rebase_merge": false,
            "allow_squash_merge": true,
            "allow_update_branch": true,
            "archive_on_destroy": null,
            "archived": false,
            "auto_init": false,
            "default_branch": "main",
            "delete_branch_on_merge": true,
            "description": "Lambda code for MadLibrarian",
            "etag": "W/\"f0cd3ed7a7bd20f68a09b254ac606bfb97b408d974ed8f23c2ebe9c59aa0027f\"",
            "fork": "false",
            "full_name": "akerl/madlibrarian-lambda",
            "git_clone_url": "git://github.com/akerl/madlibrarian-lambda.git",
            "gitignore_template": null,
            "has_discussions": false,
            "has_downloads": false,
            "has_issues": true,
            "has_projects": false,
            "has_wiki": false,
            "homepage_url": "",
            "html_url": "https://github.com/akerl/madlibrarian-lambda",
            "http_clone_url": "https://github.com/akerl/madlibrarian-lambda.git",
            "id": "madlibrarian-lambda",
            "ignore_vulnerability_alerts_during_read": null,
            "is_template": false,
            "license_template": null,
            "merge_commit_message": "PR_TITLE",
            "merge_commit_title": "MERGE_MESSAGE",
            "name": "madlibrarian-lambda",
            "node_id": "MDEwOlJlcG9zaXRvcnkxMDMzNTc2NjM=",
            "pages": [],
            "primary_language": "Go",
            "private": false,
            "repo_id": 103357663,
            "security_and_analysis": [
              {
                "advanced_security": [],
                "code_security": [],
                "secret_scanning": [
                  {
                    "status": "disabled"
                  }
                ],
                "secret_scanning_ai_detection": [],
                "secret_scanning_non_provider_patterns": [],
                "secret_scanning_push_protection": [
                  {
                    "status": "disabled"
                  }
                ]
              }
            ],
            "source_owner": "",
            "source_repo": "",
            "squash_merge_commit_message": "COMMIT_MESSAGES",
            "squash_merge_commit_title": "COMMIT_OR_PR_TITLE",
            "ssh_clone_url": "git@github.com:akerl/madlibrarian-lambda.git",
            "svn_url": "https://github.com/akerl/madlibrarian-lambda",
            "template": [],
            "topics": [],
            "visibility": "public",
            "vulnerability_alerts": false,
            "web_commit_signoff_required": false
          },
          "sensitive_attributes": [],
          "private": "eyJzY2hlbWFfdmVyc2lvbiI6IjEifQ=="
        },
        {
          "index_key": "meld",
          "schema_version": 1,
          "attributes": {
            "allow_auto_merge": false,
            "allow_forking": true,
            "allow_merge_commit": false,
            "allow_rebase_merge": false,
            "allow_squash_merge": true,
            "allow_update_branch": true,
            "archive_on_destroy": null,
            "archived": false,
            "auto_init": false,
            "default_branch": "main",
            "delete_branch_on_merge": true,
            "description": "Utility library for combining objects",
            "etag": "W/\"6ff289251f28a3c59aac2601144f605ec4bd42e6e43243722d950409f4fc2d89\"",
            "fork": "false",
            "full_name": "akerl/meld",
            "git_clone_url": "git://github.com/akerl/meld.git",
            "gitignore_template": null,
            "has_discussions": false,
            "has_downloads": false,
            "has_issues": true,
            "has_projects": false,
            "has_wiki": false,
            "homepage_url": "",
            "html_url": "https://github.com/akerl/meld",
            "http_clone_url": "https://github.com/akerl/meld.git",
            "id": "meld",
            "ignore_vulnerability_alerts_during_read": null,
            "is_template": false,
            "license_template": null,
            "merge_commit_message": "PR_TITLE",
            "merge_commit_title": "MERGE_MESSAGE",
            "name": "meld",
            "node_id": "MDEwOlJlcG9zaXRvcnkyODQ5ODI1Mw==",
            "pages": [],
            "primary_language": "Ruby",
            "private": false,
            "repo_id": 28498253,
            "security_and_analysis": [
              {
                "advanced_security": [],
                "code_security": [],
                "secret_scanning": [
                  {
                    "status": "disabled"
                  }
                ],
                "secret_scanning_ai_detection": [],
                "secret_scanning_non_provider_patterns": [],
                "secret_scanning_push_protection": [
                  {
                    "status": "disabled"
                  }
                ]
              }
            ],
            "source_owner": "",
            "source_repo": "",
            "squash_merge_commit_message": "COMMIT_MESSAGES",
            "squash_merge_commit_title": "COMMIT_OR_PR_TITLE",
            "ssh_clone_url": "git@github.com:akerl/meld.git",
            "svn_url": "https://github.com/akerl/meld",
            "template": [],
            "topics": [],
            "visibility": "public",
            "vulnerability_alerts": false,
            "web_commit_signoff_required": false
          },
          "sensitive_attributes": [],
          "private": "eyJzY2hlbWFfdmVyc2lvbiI6IjEifQ=="
        },
        {
          "index_key": "metrics",
          "schema_version": 1,
          "attributes": {
            "allow_auto_merge": false,
            "allow_forking": true,
            "allow_merge_commit": false,
            "allow_rebase_merge": false,
            "allow_squash_merge": true,
            "allow_update_branch": true,
            "archive_on_destroy": null,
            "archived": false,
            "auto_init": false,
            "default_branch": "main",
            "delete_branch_on_merge": true,
            "description": "Simple Go library to emit Prometheus metrics",
            "etag": "W/\"d09b4c4d711e937d84c480b6a3e7c565e0e701c860cd68277d8e9121a4e3942b\"",
            "fork": "false",
            "full_name": "akerl/metrics",
            "git_clone_url": "git://github.com/akerl/metrics.git",
            "gitignore_template": null,
            "has_discussions": false,
            "has_downloads": false,
            "has_issues": true,
            "has_projects": false,
            "has_wiki": false,
            "homepage_url": "",
            "html_url": "https://github.com/akerl/metrics",
            "http_clone_url": "https://github.com/akerl/metrics.git",
            "id": "metrics",
            "ignore_vulnerability_alerts_during_read": null,
            "is_template": false,
            "license_template": null,
            "merge_commit_message": "PR_TITLE",
            "merge_commit_title": "MERGE_MESSAGE",
            "name": "metrics",
            "node_id": "R_kgDOPrLM0Q",
            "pages": [],
            "primary_language": "Go",
            "private": false,
            "repo_id": 1051905233,
            "security_and_analysis": [
              {
                "advanced_security": [],
                "code_security": [],
                "secret_scanning": [
                  {
                    "status": "enabled"
                  }
                ],
                "secret_scanning_ai_detection": [],
                "secret_scanning_non_provider_patterns": [],
                "secret_scanning_push_protection": [
                  {
                    "status": "enabled"
                  }
                ]
              }
            ],
            "source_owner": "",
            "source_repo": "",
            "squash_merge_commit_message": "COMMIT_MESSAGES",
            "squash_merge_commit_title": "COMMIT_OR_PR_TITLE",
            "ssh_clone_url": "git@github.com:akerl/metrics.git",
            "svn_url": "https://github.com/akerl/metrics",
            "template": [],
            "topics": [],
            "visibility": "public",
            "vulnerability_alerts": false,
            "web_commit_signoff_required": false
          },
          "sensitive_attributes": [],
          "private": "eyJzY2hlbWFfdmVyc2lvbiI6IjEifQ=="
        },
        {
          "index_key": "mq2glasses",
          "schema_version": 1,
          "attributes": {
            "allow_auto_merge": false,
            "allow_forking": true,
            "allow_merge_commit": false,
            "allow_rebase_merge": false,
            "allow_squash_merge": true,
            "allow_update_branch": true,
            "archive_on_destroy": null,
            "archived": false,
            "auto_init": false,
            "default_branch": "main",
            "delete_branch_on_merge": true,
            "description": "HUD-driven UI engine",
            "etag": "W/\"daf110315bbdc72bd5ba9df4de0568586f5a23d9e0fbfd2248e00507de39395d\"",
            "fork": "false",
            "full_name": "akerl/mq2glasses",
            "git_clone_url": "git://github.com/akerl/mq2glasses.git",
            "gitignore_template": null,
            "has_discussions": false,
            "has_downloads": false,
            "has_issues": true,
            "has_projects": false,
            "has_wiki": false,
            "homepage_url": "",
            "html_url": "https://github.com/akerl/mq2glasses",
            "http_clone_url": "https://github.com/akerl/mq2glasses.git",
            "id": "mq2glasses",
            "ignore_vulnerability_alerts_during_read": null,
            "is_template": false,
            "license_template": null,
            "merge_commit_message": "PR_TITLE",
            "merge_commit_title": "MERGE_MESSAGE",
            "name": "mq2glasses",
            "node_id": "R_kgDOQQHRQQ",
            "pages": [],
            "primary_language": "C++",
            "private": true,
            "repo_id": 1090638145,
            "security_and_analysis": [],
            "source_owner": "",
            "source_repo": "",
            "squash_merge_commit_message": "COMMIT_MESSAGES",
            "squash_merge_commit_title": "COMMIT_OR_PR_TITLE",
            "ssh_clone_url": "git@github.com:akerl/mq2glasses.git",
            "svn_url": "https://github.com/akerl/mq2glasses",
            "template": [],
            "topics": [],
            "visibility": "private",
            "vulnerability_alerts": null,
            "web_commit_signoff_required": false
          },
          "sensitive_attributes": [],
          "private": "eyJzY2hlbWFfdmVyc2lvbiI6IjEifQ=="
        },
        {
          "index_key": "navigate",
          "schema_version": 1,
          "attributes": {
            "allow_auto_merge": false,
            "allow_forking": true,
            "allow_merge_commit": false,
            "allow_rebase_merge": false,
            "allow_squash_merge": true,
            "allow_update_branch": true,
            "archive_on_destroy": null,
            "archived": false,
            "auto_init": false,
            "default_branch": "main",
            "delete_branch_on_merge": true,
            "description": "Use Chrome Devtools to navigate to a new URL from the command line",
            "etag": "W/\"d411a172f847c96fdb18ec5ac388578812a138958ad7d652e5c200f3bd6c00df\"",
            "fork": "false",
            "full_name": "akerl/navigate",
            "git_clone_url": "git://github.com/akerl/navigate.git",
            "gitignore_template": null,
            "has_discussions": false,
            "has_downloads": false,
            "has_issues": true,
            "has_projects": false,
            "has_wiki": false,
            "homepage_url": "",
            "html_url": "https://github.com/akerl/navigate",
            "http_clone_url": "https://github.com/akerl/navigate.git",
            "id": "navigate",
            "ignore_vulnerability_alerts_during_read": null,
            "is_template": false,
            "license_template": null,
            "merge_commit_message": "PR_TITLE",
            "merge_commit_title": "MERGE_MESSAGE",
            "name": "navigate",
            "node_id": "R_kgDOIqW9sw",
            "pages": [],
            "primary_language": "Go",
            "private": false,
            "repo_id": 581287347,
            "security_and_analysis": [
              {
                "advanced_security": [],
                "code_security": [],
                "secret_scanning": [
                  {
                    "status": "disabled"
                  }
                ],
                "secret_scanning_ai_detection": [],
                "secret_scanning_non_provider_patterns": [],
                "secret_scanning_push_protection": [
                  {
                    "status": "disabled"
                  }
                ]
              }
            ],
            "source_owner": "",
            "source_repo": "",
            "squash_merge_commit_message": "COMMIT_MESSAGES",
            "squash_merge_commit_title": "COMMIT_OR_PR_TITLE",
            "ssh_clone_url": "git@github.com:akerl/navigate.git",
            "svn_url": "https://github.com/akerl/navigate",
            "template": [],
            "topics": [],
            "visibility": "public",
            "vulnerability_alerts": false,
            "web_commit_signoff_required": false
          },
          "sensitive_attributes": [],
          "private": "eyJzY2hlbWFfdmVyc2lvbiI6IjEifQ=="
        },
        {
          "index_key": "octoauth",
          "schema_version": 1,
          "attributes": {
            "allow_auto_merge": false,
            "allow_forking": true,
            "allow_merge_commit": false,
            "allow_rebase_merge": false,
            "allow_squash_merge": true,
            "allow_update_branch": true,
            "archive_on_destroy": null,
            "archived": false,
            "auto_init": false,
            "default_branch": "main",
            "delete_branch_on_merge": true,
            "description": "Lightweight wrapper to sanely handle OAuth tokens with Octokit",
            "etag": "W/\"fe0c09e242aa55d2977bbd75eddddeb626c9d867b61e8d78d90e039e808f2d1b\"",
            "fork": "false",
            "full_name": "akerl/octoauth",
            "git_clone_url": "git://github.com/akerl/octoauth.git",
            "gitignore_template": null,
            "has_discussions": false,
            "has_downloads": false,
            "has_issues": true,
            "has_projects": false,
            "has_wiki": false,
            "homepage_url": "",
            "html_url": "https://github.com/akerl/octoauth",
            "http_clone_url": "https://github.com/akerl/octoauth.git",
            "id": "octoauth",
            "ignore_vulnerability_alerts_during_read": null,
            "is_template": false,
            "license_template": null,
            "merge_commit_message": "PR_TITLE",
            "merge_commit_title": "MERGE_MESSAGE",
            "name": "octoauth",
            "node_id": "MDEwOlJlcG9zaXRvcnkxODExOTQwMg==",
            "pages": [],
            "primary_language": "Ruby",
            "private": false,
            "repo_id": 18119402,
            "security_and_analysis": [
              {
                "advanced_security": [],
                "code_security": [],
                "secret_scanning": [
                  {
                    "status": "disabled"
                  }
                ],
                "secret_scanning_ai_detection": [],
                "secret_scanning_non_provider_patterns": [],
                "secret_scanning_push_protection": [
                  {
                    "status": "disabled"
                  }
                ]
              }
            ],
            "source_owner": "",
            "source_repo": "",
            "squash_merge_commit_message": "COMMIT_MESSAGES",
            "squash_merge_commit_title": "COMMIT_OR_PR_TITLE",
            "ssh_clone_url": "git@github.com:akerl/octoauth.git",
            "svn_url": "https://github.com/akerl/octoauth",
            "template": [],
            "topics": [],
            "visibility": "public",
            "vulnerability_alerts": false,
            "web_commit_signoff_required": false
          },
          "sensitive_attributes": [],
          "private": "eyJzY2hlbWFfdmVyc2lvbiI6IjEifQ=="
        },
        {
          "index_key": "otgkey",
          "schema_version": 1,
          "attributes": {
            "allow_auto_merge": false,
            "allow_forking": true,
            "allow_merge_commit": false,
            "allow_rebase_merge": false,
            "allow_squash_merge": true,
            "allow_update_branch": true,
            "archive_on_destroy": null,
            "archived": false,
            "auto_init": false,
            "default_branch": "main",
            "delete_branch_on_merge": true,
            "description": "Send keypresses via USB gadget interface",
            "etag": "W/\"b24daa5eb5dd1c922ce3ea13f4507bbf434a51dce43282acfaad5d4ffb72ea40\"",
            "fork": "false",
            "full_name": "akerl/otgkey",
            "git_clone_url": "git://github.com/akerl/otgkey.git",
            "gitignore_template": null,
            "has_discussions": false,
            "has_downloads": false,
            "has_issues": true,
            "has_projects": false,
            "has_wiki": false,
            "homepage_url": "",
            "html_url": "https://github.com/akerl/otgkey",
            "http_clone_url": "https://github.com/akerl/otgkey.git",
            "id": "otgkey",
            "ignore_vulnerability_alerts_during_read": null,
            "is_template": false,
            "license_template": null,
            "merge_commit_message": "PR_TITLE",
            "merge_commit_title": "MERGE_MESSAGE",
            "name": "otgkey",
            "node_id": "R_kgDOIrACKA",
            "pages": [],
            "primary_language": "Go",
            "private": false,
            "repo_id": 581960232,
            "security_and_analysis": [
              {
                "advanced_security": [],
                "code_security": [],
                "secret_scanning": [
                  {
                    "status": "disabled"
                  }
                ],
                "secret_scanning_ai_detection": [],
                "secret_scanning_non_provider_patterns": [],
                "secret_scanning_push_protection": [
                  {
                    "status": "disabled"
                  }
                ]
              }
            ],
            "source_owner": "",
            "source_repo": "",
            "squash_merge_commit_message": "COMMIT_MESSAGES",
            "squash_merge_commit_title": "COMMIT_OR_PR_TITLE",
            "ssh_clone_url": "git@github.com:akerl/otgkey.git",
            "svn_url": "https://github.com/akerl/otgkey",
            "template": [],
            "topics": [],
            "visibility": "public",
            "vulnerability_alerts": false,
            "web_commit_signoff_required": false
          },
          "sensitive_attributes": [],
          "private": "eyJzY2hlbWFfdmVyc2lvbiI6IjEifQ=="
        },
        {
          "index_key": "pkgforge",
          "schema_version": 1,
          "attributes": {
            "allow_auto_merge": false,
            "allow_forking": true,
            "allow_merge_commit": false,
            "allow_rebase_merge": false,
            "allow_squash_merge": true,
            "allow_update_branch": true,
            "archive_on_destroy": null,
            "archived": false,
            "auto_init": false,
            "default_branch": "main",
            "delete_branch_on_merge": true,
            "description": "",
            "etag": "W/\"8f021619dcf2279d7ab5668a3d8f1f0459bea6b9c5522125a671646548097b0f\"",
            "fork": "false",
            "full_name": "akerl/pkgforge",
            "git_clone_url": "git://github.com/akerl/pkgforge.git",
            "gitignore_template": null,
            "has_discussions": false,
            "has_downloads": false,
            "has_issues": true,
            "has_projects": false,
            "has_wiki": false,
            "homepage_url": "",
            "html_url": "https://github.com/akerl/pkgforge",
            "http_clone_url": "https://github.com/akerl/pkgforge.git",
            "id": "pkgforge",
            "ignore_vulnerability_alerts_during_read": null,
            "is_template": false,
            "license_template": null,
            "merge_commit_message": "PR_TITLE",
            "merge_commit_title": "MERGE_MESSAGE",
            "name": "pkgforge",
            "node_id": "MDEwOlJlcG9zaXRvcnk2NTk1MTUxOA==",
            "pages": [],
            "primary_language": "Ruby",
            "private": false,
            "repo_id": 65951518,
            "security_and_analysis": [
              {
                "advanced_security": [],
                "code_security": [],
                "secret_scanning": [
                  {
                    "status": "disabled"
                  }
                ],
                "secret_scanning_ai_detection": [],
                "secret_scanning_non_provider_patterns": [],
                "secret_scanning_push_protection": [
                  {
                    "status": "disabled"
                  }
                ]
              }
            ],
            "source_owner": "",
            "source_repo": "",
            "squash_merge_commit_message": "COMMIT_MESSAGES",
            "squash_merge_commit_title": "COMMIT_OR_PR_TITLE",
            "ssh_clone_url": "git@github.com:akerl/pkgforge.git",
            "svn_url": "https://github.com/akerl/pkgforge",
            "template": [],
            "topics": [],
            "visibility": "public",
            "vulnerability_alerts": false,
            "web_commit_signoff_required": false
          },
          "sensitive_attributes": [],
          "private": "eyJzY2hlbWFfdmVyc2lvbiI6IjEifQ=="
        },
        {
          "index_key": "pkgforge-golang-helper",
          "schema_version": 1,
          "attributes": {
            "allow_auto_merge": false,
            "allow_forking": true,
            "allow_merge_commit": false,
            "allow_rebase_merge": false,
            "allow_squash_merge": true,
            "allow_update_branch": true,
            "archive_on_destroy": null,
            "archived": false,
            "auto_init": false,
            "default_branch": "main",
            "delete_branch_on_merge": true,
            "description": "Helper for packaging golang tools",
            "etag": "W/\"a3b8dc21fdfaf2c438426b3ec2801e407b4ff178ca8c316ad6647a3191622282\"",
            "fork": "false",
            "full_name": "akerl/pkgforge-golang-helper",
            "git_clone_url": "git://github.com/akerl/pkgforge-golang-helper.git",
            "gitignore_template": null,
            "has_discussions": false,
            "has_downloads": false,
            "has_issues": true,
            "has_projects": false,
            "has_wiki": false,
            "homepage_url": "",
            "html_url": "https://github.com/akerl/pkgforge-golang-helper",
            "http_clone_url": "https://github.com/akerl/pkgforge-golang-helper.git",
            "id": "pkgforge-golang-helper",
            "ignore_vulnerability_alerts_during_read": null,
            "is_template": false,
            "license_template": null,
            "merge_commit_message": "PR_TITLE",
            "merge_commit_title": "MERGE_MESSAGE",
            "name": "pkgforge-golang-helper",
            "node_id": "MDEwOlJlcG9zaXRvcnkxMjI3NDkzMDc=",
            "pages": [],
            "primary_language": "Makefile",
            "private": false,
            "repo_id": 122749307,
            "security_and_analysis": [
              {
                "advanced_security": [],
                "code_security": [],
                "secret_scanning": [
                  {
                    "status": "disabled"
                  }
                ],
                "secret_scanning_ai_detection": [],
                "secret_scanning_non_provider_patterns": [],
                "secret_scanning_push_protection": [
                  {
                    "status": "disabled"
                  }
                ]
              }
            ],
            "source_owner": "",
            "source_repo": "",
            "squash_merge_commit_message": "COMMIT_MESSAGES",
            "squash_merge_commit_title": "COMMIT_OR_PR_TITLE",
            "ssh_clone_url": "git@github.com:akerl/pkgforge-golang-helper.git",
            "svn_url": "https://github.com/akerl/pkgforge-golang-helper",
            "template": [],
            "topics": [],
            "visibility": "public",
            "vulnerability_alerts": false,
            "web_commit_signoff_required": false
          },
          "sensitive_attributes": [],
          "private": "eyJzY2hlbWFfdmVyc2lvbiI6IjEifQ=="
        },
        {
          "index_key": "pkgforge-helper",
          "schema_version": 1,
          "attributes": {
            "allow_auto_merge": false,
            "allow_forking": true,
            "allow_merge_commit": false,
            "allow_rebase_merge": false,
            "allow_squash_merge": true,
            "allow_update_branch": true,
            "archive_on_destroy": null,
            "archived": false,
            "auto_init": false,
            "default_branch": "main",
            "delete_branch_on_merge": true,
            "description": "Helper repo for building with pkgforge",
            "etag": "W/\"bb15f195d30d3fa7ac5b1b6f4bf3968d2853da33d281491926653964fb93eaba\"",
            "fork": "false",
            "full_name": "akerl/pkgforge-helper",
            "git_clone_url": "git://github.com/akerl/pkgforge-helper.git",
            "gitignore_template": null,
            "has_discussions": false,
            "has_downloads": false,
            "has_issues": true,
            "has_projects": false,
            "has_wiki": false,
            "homepage_url": "",
            "html_url": "https://github.com/akerl/pkgforge-helper",
            "http_clone_url": "https://github.com/akerl/pkgforge-helper.git",
            "id": "pkgforge-helper",
            "ignore_vulnerability_alerts_during_read": null,
            "is_template": false,
            "license_template": null,
            "merge_commit_message": "PR_TITLE",
            "merge_commit_title": "MERGE_MESSAGE",
            "name": "pkgforge-helper",
            "node_id": "MDEwOlJlcG9zaXRvcnk2NjIxMDY3MA==",
            "pages": [],
            "primary_language": "Makefile",
            "private": false,
            "repo_id": 66210670,
            "security_and_analysis": [
              {
                "advanced_security": [],
                "code_security": [],
                "secret_scanning": [
                  {
                    "status": "disabled"
                  }
                ],
                "secret_scanning_ai_detection": [],
                "secret_scanning_non_provider_patterns": [],
                "secret_scanning_push_protection": [
                  {
                    "status": "disabled"
                  }
                ]
              }
            ],
            "source_owner": "",
            "source_repo": "",
            "squash_merge_commit_message": "COMMIT_MESSAGES",
            "squash_merge_commit_title": "COMMIT_OR_PR_TITLE",
            "ssh_clone_url": "git@github.com:akerl/pkgforge-helper.git",
            "svn_url": "https://github.com/akerl/pkgforge-helper",
            "template": [],
            "topics": [],
            "visibility": "public",
            "vulnerability_alerts": false,
            "web_commit_signoff_required": false
          },
          "sensitive_attributes": [],
          "private": "eyJzY2hlbWFfdmVyc2lvbiI6IjEifQ=="
        },
        {
          "index_key": "plaid-bootstrap",
          "schema_version": 1,
          "attributes": {
            "allow_auto_merge": false,
            "allow_forking": true,
            "allow_merge_commit": false,
            "allow_rebase_merge": false,
            "allow_squash_merge": true,
            "allow_update_branch": true,
            "archive_on_destroy": null,
            "archived": false,
            "auto_init": false,
            "default_branch": "main",
            "delete_branch_on_merge": true,
            "description": "",
            "etag": "W/\"a4f3ef9b75a4df9ecc945a4df1748918443c4051e8dcc37e7c951b28ed0776f0\"",
            "fork": "false",
            "full_name": "akerl/plaid-bootstrap",
            "git_clone_url": "git://github.com/akerl/plaid-bootstrap.git",
            "gitignore_template": null,
            "has_discussions": false,
            "has_downloads": false,
            "has_issues": true,
            "has_projects": false,
            "has_wiki": false,
            "homepage_url": "",
            "html_url": "https://github.com/akerl/plaid-bootstrap",
            "http_clone_url": "https://github.com/akerl/plaid-bootstrap.git",
            "id": "plaid-bootstrap",
            "ignore_vulnerability_alerts_during_read": null,
            "is_template": false,
            "license_template": null,
            "merge_commit_message": "PR_TITLE",
            "merge_commit_title": "MERGE_MESSAGE",
            "name": "plaid-bootstrap",
            "node_id": "MDEwOlJlcG9zaXRvcnkyNjQ1ODUxNjI=",
            "pages": [],
            "primary_language": "HTML",
            "private": false,
            "repo_id": 264585162,
            "security_and_analysis": [
              {
                "advanced_security": [],
                "code_security": [],
                "secret_scanning": [
                  {
                    "status": "disabled"
                  }
                ],
                "secret_scanning_ai_detection": [],
                "secret_scanning_non_provider_patterns": [],
                "secret_scanning_push_protection": [
                  {
                    "status": "disabled"
                  }
                ]
              }
            ],
            "source_owner": "",
            "source_repo": "",
            "squash_merge_commit_message": "COMMIT_MESSAGES",
            "squash_merge_commit_title": "COMMIT_OR_PR_TITLE",
            "ssh_clone_url": "git@github.com:akerl/plaid-bootstrap.git",
            "svn_url": "https://github.com/akerl/plaid-bootstrap",
            "template": [],
            "topics": [],
            "visibility": "public",
            "vulnerability_alerts": false,
            "web_commit_signoff_required": false
          },
          "sensitive_attributes": [],
          "private": "eyJzY2hlbWFfdmVyc2lvbiI6IjEifQ=="
        },
        {
          "index_key": "quotes",
          "schema_version": 1,
          "attributes": {
            "allow_auto_merge": false,
            "allow_forking": true,
            "allow_merge_commit": false,
            "allow_rebase_merge": false,
            "allow_squash_merge": true,
            "allow_update_branch": true,
            "archive_on_destroy": null,
            "archived": false,
            "auto_init": false,
            "default_branch": "main",
            "delete_branch_on_merge": true,
            "description": "Collection of quotes",
            "etag": "W/\"cada40bb8c085265f66200bf93149c9a3296950a0451632cff81e7f65974bc13\"",
            "fork": "false",
            "full_name": "akerl/quotes",
            "git_clone_url": "git://github.com/akerl/quotes.git",
            "gitignore_template": null,
            "has_discussions": false,
            "has_downloads": false,
            "has_issues": true,
            "has_projects": false,
            "has_wiki": false,
            "homepage_url": "",
            "html_url": "https://github.com/akerl/quotes",
            "http_clone_url": "https://github.com/akerl/quotes.git",
            "id": "quotes",
            "ignore_vulnerability_alerts_during_read": null,
            "is_template": false,
            "license_template": null,
            "merge_commit_message": "PR_TITLE",
            "merge_commit_title": "MERGE_MESSAGE",
            "name": "quotes",
            "node_id": "MDEwOlJlcG9zaXRvcnkxMTk0MDIzMw==",
            "pages": [],
            "primary_language": "Ruby",
            "private": false,
            "repo_id": 11940233,
            "security_and_analysis": [
              {
                "advanced_security": [],
                "code_security": [],
                "secret_scanning": [
                  {
                    "status": "disabled"
                  }
                ],
                "secret_scanning_ai_detection": [],
                "secret_scanning_non_provider_patterns": [],
                "secret_scanning_push_protection": [
                  {
                    "status": "disabled"
                  }
                ]
              }
            ],
            "source_owner": "",
            "source_repo": "",
            "squash_merge_commit_message": "COMMIT_MESSAGES",
            "squash_merge_commit_title": "COMMIT_OR_PR_TITLE",
            "ssh_clone_url": "git@github.com:akerl/quotes.git",
            "svn_url": "https://github.com/akerl/quotes",
            "template": [],
            "topics": [],
            "visibility": "public",
            "vulnerability_alerts": false,
            "web_commit_signoff_required": false
          },
          "sensitive_attributes": [],
          "private": "eyJzY2hlbWFfdmVyc2lvbiI6IjEifQ=="
        },
        {
          "index_key": "repo-checks",
          "schema_version": 1,
          "attributes": {
            "allow_auto_merge": false,
            "allow_forking": true,
            "allow_merge_commit": false,
            "allow_rebase_merge": false,
            "allow_squash_merge": true,
            "allow_update_branch": true,
            "archive_on_destroy": null,
            "archived": false,
            "auto_init": false,
            "default_branch": "main",
            "delete_branch_on_merge": true,
            "description": "",
            "etag": "W/\"0e37721cd14cbc6d77a810bfbab2205f0a40c22fe9f703355d0fdf13629e413e\"",
            "fork": "false",
            "full_name": "akerl/repo-checks",
            "git_clone_url": "git://github.com/akerl/repo-checks.git",
            "gitignore_template": null,
            "has_discussions": false,
            "has_downloads": false,
            "has_issues": true,
            "has_projects": false,
            "has_wiki": false,
            "homepage_url": "",
            "html_url": "https://github.com/akerl/repo-checks",
            "http_clone_url": "https://github.com/akerl/repo-checks.git",
            "id": "repo-checks",
            "ignore_vulnerability_alerts_during_read": null,
            "is_template": false,
            "license_template": null,
            "merge_commit_message": "PR_TITLE",
            "merge_commit_title": "MERGE_MESSAGE",
            "name": "repo-checks",
            "node_id": "R_kgDOJy8MKQ",
            "pages": [],
            "primary_language": "Shell",
            "private": false,
            "repo_id": 657394729,
            "security_and_analysis": [
              {
                "advanced_security": [],
                "code_security": [],
                "secret_scanning": [
                  {
                    "status": "disabled"
                  }
                ],
                "secret_scanning_ai_detection": [],
                "secret_scanning_non_provider_patterns": [],
                "secret_scanning_push_protection": [
                  {
                    "status": "disabled"
                  }
                ]
              }
            ],
            "source_owner": "",
            "source_repo": "",
            "squash_merge_commit_message": "COMMIT_MESSAGES",
            "squash_merge_commit_title": "COMMIT_OR_PR_TITLE",
            "ssh_clone_url": "git@github.com:akerl/repo-checks.git",
            "svn_url": "https://github.com/akerl/repo-checks",
            "template": [],
            "topics": [],
            "visibility": "public",
            "vulnerability_alerts": false,
            "web_commit_signoff_required": false
          },
          "sensitive_attributes": [],
          "private": "eyJzY2hlbWFfdmVyc2lvbiI6IjEifQ=="
        },
        {
          "index_key": "s3-auth-proxy",
          "schema_version": 1,
          "attributes": {
            "allow_auto_merge": false,
            "allow_forking": true,
            "allow_merge_commit": false,
            "allow_rebase_merge": false,
            "allow_squash_merge": true,
            "allow_update_branch": true,
            "archive_on_destroy": null,
            "archived": false,
            "auto_init": false,
            "default_branch": "main",
            "delete_branch_on_merge": true,
            "description": "Authenticated Lambda to proxy requests to S3",
            "etag": "W/\"d6d6a9e45e5adc024ade51dd38f4b6c8e6485afd12acd74f170fe03a3c3d19a4\"",
            "fork": "false",
            "full_name": "akerl/s3-auth-proxy",
            "git_clone_url": "git://github.com/akerl/s3-auth-proxy.git",
            "gitignore_template": null,
            "has_discussions": false,
            "has_downloads": false,
            "has_issues": true,
            "has_projects": false,
            "has_wiki": false,
            "homepage_url": "",
            "html_url": "https://github.com/akerl/s3-auth-proxy",
            "http_clone_url": "https://github.com/akerl/s3-auth-proxy.git",
            "id": "s3-auth-proxy",
            "ignore_vulnerability_alerts_during_read": null,
            "is_template": false,
            "license_template": null,
            "merge_commit_message": "PR_TITLE",
            "merge_commit_title": "MERGE_MESSAGE",
            "name": "s3-auth-proxy",
            "node_id": "MDEwOlJlcG9zaXRvcnkxNzQ2NzkxMTI=",
            "pages": [],
            "primary_language": "Go",
            "private": false,
            "repo_id": 174679112,
            "security_and_analysis": [
              {
                "advanced_security": [],
                "code_security": [],
                "secret_scanning": [
                  {
                    "status": "disabled"
                  }
                ],
                "secret_scanning_ai_detection": [],
                "secret_scanning_non_provider_patterns": [],
                "secret_scanning_push_protection": [
                  {
                    "status": "disabled"
                  }
                ]
              }
            ],
            "source_owner": "",
            "source_repo": "",
            "squash_merge_commit_message": "COMMIT_MESSAGES",
            "squash_merge_commit_title": "COMMIT_OR_PR_TITLE",
            "ssh_clone_url": "git@github.com:akerl/s3-auth-proxy.git",
            "svn_url": "https://github.com/akerl/s3-auth-proxy",
            "template": [],
            "topics": [],
            "visibility": "public",
            "vulnerability_alerts": false,
            "web_commit_signoff_required": false
          },
          "sensitive_attributes": [],
          "private": "eyJzY2hlbWFfdmVyc2lvbiI6IjEifQ=="
        },
        {
          "index_key": "scripts",
          "schema_version": 1,
          "attributes": {
            "allow_auto_merge": false,
            "allow_forking": true,
            "allow_merge_commit": false,
            "allow_rebase_merge": false,
            "allow_squash_merge": true,
            "allow_update_branch": true,
            "archive_on_destroy": null,
            "archived": false,
            "auto_init": false,
            "default_branch": "main",
            "delete_branch_on_merge": true,
            "description": "personal helper scripts",
            "etag": "W/\"5a06a1e2de2518117659c2631e7e23e6065e295fefb434f3191bc160dc7a561c\"",
            "fork": "false",
            "full_name": "akerl/scripts",
            "git_clone_url": "git://github.com/akerl/scripts.git",
            "gitignore_template": null,
            "has_discussions": false,
            "has_downloads": false,
            "has_issues": true,
            "has_projects": false,
            "has_wiki": false,
            "homepage_url": "",
            "html_url": "https://github.com/akerl/scripts",
            "http_clone_url": "https://github.com/akerl/scripts.git",
            "id": "scripts",
            "ignore_vulnerability_alerts_during_read": null,
            "is_template": false,
            "license_template": null,
            "merge_commit_message": "PR_TITLE",
            "merge_commit_title": "MERGE_MESSAGE",
            "name": "scripts",
            "node_id": "MDEwOlJlcG9zaXRvcnkxMDU1MDU1Nw==",
            "pages": [],
            "primary_language": "Ruby",
            "private": false,
            "repo_id": 10550557,
            "security_and_analysis": [
              {
                "advanced_security": [],
                "code_security": [],
                "secret_scanning": [
                  {
                    "status": "disabled"
                  }
                ],
                "secret_scanning_ai_detection": [],
                "secret_scanning_non_provider_patterns": [],
                "secret_scanning_push_protection": [
                  {
                    "status": "disabled"
                  }
                ]
              }
            ],
            "source_owner": "",
            "source_repo": "",
            "squash_merge_commit_message": "COMMIT_MESSAGES",
            "squash_merge_commit_title": "COMMIT_OR_PR_TITLE",
            "ssh_clone_url": "git@github.com:akerl/scripts.git",
            "svn_url": "https://github.com/akerl/scripts",
            "template": [],
            "topics": [],
            "visibility": "public",
            "vulnerability_alerts": false,
            "web_commit_signoff_required": false
          },
          "sensitive_attributes": [],
          "private": "eyJzY2hlbWFfdmVyc2lvbiI6IjEifQ=="
        },
        {
          "index_key": "simplefin-exporter",
          "schema_version": 1,
          "attributes": {
            "allow_auto_merge": false,
            "allow_forking": true,
            "allow_merge_commit": false,
            "allow_rebase_merge": false,
            "allow_squash_merge": true,
            "allow_update_branch": true,
            "archive_on_destroy": null,
            "archived": false,
            "auto_init": false,
            "default_branch": "main",
            "delete_branch_on_merge": true,
            "description": "SimpleFIN metrics exporter",
            "etag": "W/\"8760c1fca54bd50632c4f75c71138764ea2f64714755e43eb9c52752e726184b\"",
            "fork": "false",
            "full_name": "akerl/simplefin-exporter",
            "git_clone_url": "git://github.com/akerl/simplefin-exporter.git",
            "gitignore_template": null,
            "has_discussions": false,
            "has_downloads": false,
            "has_issues": true,
            "has_projects": false,
            "has_wiki": false,
            "homepage_url": "",
            "html_url": "https://github.com/akerl/simplefin-exporter",
            "http_clone_url": "https://github.com/akerl/simplefin-exporter.git",
            "id": "simplefin-exporter",
            "ignore_vulnerability_alerts_during_read": null,
            "is_template": false,
            "license_template": null,
            "merge_commit_message": "PR_TITLE",
            "merge_commit_title": "MERGE_MESSAGE",
            "name": "simplefin-exporter",
            "node_id": "R_kgDOPrn5kg",
            "pages": [],
            "primary_language": "Go",
            "private": false,
            "repo_id": 1052375442,
            "security_and_analysis": [
              {
                "advanced_security": [],
                "code_security": [],
                "secret_scanning": [
                  {
                    "status": "enabled"
                  }
                ],
                "secret_scanning_ai_detection": [],
                "secret_scanning_non_provider_patterns": [],
                "secret_scanning_push_protection": [
                  {
                    "status": "enabled"
                  }
                ]
              }
            ],
            "source_owner": "",
            "source_repo": "",
            "squash_merge_commit_message": "COMMIT_MESSAGES",
            "squash_merge_commit_title": "COMMIT_OR_PR_TITLE",
            "ssh_clone_url": "git@github.com:akerl/simplefin-exporter.git",
            "svn_url": "https://github.com/akerl/simplefin-exporter",
            "template": [],
            "topics": [],
            "visibility": "public",
            "vulnerability_alerts": false,
            "web_commit_signoff_required": false
          },
          "sensitive_attributes": [],
          "private": "eyJzY2hlbWFfdmVyc2lvbiI6IjEifQ=="
        },
        {
          "index_key": "slack-mastodon",
          "schema_version": 1,
          "attributes": {
            "allow_auto_merge": false,
            "allow_forking": true,
            "allow_merge_commit": false,
            "allow_rebase_merge": false,
            "allow_squash_merge": true,
            "allow_update_branch": true,
            "archive_on_destroy": null,
            "archived": false,
            "auto_init": false,
            "default_branch": "main",
            "delete_branch_on_merge": true,
            "description": "Slack bot that posts new things from a Mastodon feed",
            "etag": "W/\"c6b6d43b7d369c1f333e479513b84af0df02287b8052bbd5293d4f17d3264f27\"",
            "fork": "false",
            "full_name": "akerl/slack-mastodon",
            "git_clone_url": "git://github.com/akerl/slack-mastodon.git",
            "gitignore_template": null,
            "has_discussions": false,
            "has_downloads": false,
            "has_issues": true,
            "has_projects": false,
            "has_wiki": false,
            "homepage_url": "",
            "html_url": "https://github.com/akerl/slack-mastodon",
            "http_clone_url": "https://github.com/akerl/slack-mastodon.git",
            "id": "slack-mastodon",
            "ignore_vulnerability_alerts_during_read": null,
            "is_template": false,
            "license_template": null,
            "merge_commit_message": "PR_TITLE",
            "merge_commit_title": "MERGE_MESSAGE",
            "name": "slack-mastodon",
            "node_id": "R_kgDOIpiXGw",
            "pages": [],
            "primary_language": "Go",
            "private": false,
            "repo_id": 580425499,
            "security_and_analysis": [
              {
                "advanced_security": [],
                "code_security": [],
                "secret_scanning": [
                  {
                    "status": "disabled"
                  }
                ],
                "secret_scanning_ai_detection": [],
                "secret_scanning_non_provider_patterns": [],
                "secret_scanning_push_protection": [
                  {
                    "status": "disabled"
                  }
                ]
              }
            ],
            "source_owner": "",
            "source_repo": "",
            "squash_merge_commit_message": "COMMIT_MESSAGES",
            "squash_merge_commit_title": "COMMIT_OR_PR_TITLE",
            "ssh_clone_url": "git@github.com:akerl/slack-mastodon.git",
            "svn_url": "https://github.com/akerl/slack-mastodon",
            "template": [],
            "topics": [],
            "visibility": "public",
            "vulnerability_alerts": false,
            "web_commit_signoff_required": false
          },
          "sensitive_attributes": [],
          "private": "eyJzY2hlbWFfdmVyc2lvbiI6IjEifQ=="
        },
        {
          "index_key": "smoosh",
          "schema_version": 1,
          "attributes": {
            "allow_auto_merge": false,
            "allow_forking": true,
            "allow_merge_commit": false,
            "allow_rebase_merge": false,
            "allow_squash_merge": true,
            "allow_update_branch": true,
            "archive_on_destroy": null,
            "archived": false,
            "auto_init": false,
            "default_branch": "main",
            "delete_branch_on_merge": true,
            "description": "Tool for smooshing files from source repos into a target directory",
            "etag": "W/\"cbae1e40e2400553c4a05482826324b12bbe4007099ed85d97b0267bdfd0c848\"",
            "fork": "false",
            "full_name": "akerl/smoosh",
            "git_clone_url": "git://github.com/akerl/smoosh.git",
            "gitignore_template": null,
            "has_discussions": false,
            "has_downloads": false,
            "has_issues": true,
            "has_projects": false,
            "has_wiki": false,
            "homepage_url": "",
            "html_url": "https://github.com/akerl/smoosh",
            "http_clone_url": "https://github.com/akerl/smoosh.git",
            "id": "smoosh",
            "ignore_vulnerability_alerts_during_read": null,
            "is_template": false,
            "license_template": null,
            "merge_commit_message": "PR_TITLE",
            "merge_commit_title": "MERGE_MESSAGE",
            "name": "smoosh",
            "node_id": "R_kgDOInptlA",
            "pages": [],
            "primary_language": "Go",
            "private": false,
            "repo_id": 578448788,
            "security_and_analysis": [
              {
                "advanced_security": [],
                "code_security": [],
                "secret_scanning": [
                  {
                    "status": "disabled"
                  }
                ],
                "secret_scanning_ai_detection": [],
                "secret_scanning_non_provider_patterns": [],
                "secret_scanning_push_protection": [
                  {
                    "status": "disabled"
                  }
                ]
              }
            ],
            "source_owner": "",
            "source_repo": "",
            "squash_merge_commit_message": "COMMIT_MESSAGES",
            "squash_merge_commit_title": "COMMIT_OR_PR_TITLE",
            "ssh_clone_url": "git@github.com:akerl/smoosh.git",
            "svn_url": "https://github.com/akerl/smoosh",
            "template": [],
            "topics": [],
            "visibility": "public",
            "vulnerability_alerts": false,
            "web_commit_signoff_required": false
          },
          "sensitive_attributes": [],
          "private": "eyJzY2hlbWFfdmVyc2lvbiI6IjEifQ=="
        },
        {
          "index_key": "spaarti",
          "schema_version": 1,
          "attributes": {
            "allow_auto_merge": false,
            "allow_forking": true,
            "allow_merge_commit": false,
            "allow_rebase_merge": false,
            "allow_squash_merge": true,
            "allow_update_branch": true,
            "archive_on_destroy": null,
            "archived": false,
            "auto_init": false,
            "default_branch": "main",
            "delete_branch_on_merge": true,
            "description": "Tool to maintain local clones of repos you have access to on GitHub",
            "etag": "W/\"774ca424ab853f1c1190cfd3f405983b5f5a8931a25cd8efe668c1e041cfc40f\"",
            "fork": "false",
            "full_name": "akerl/spaarti",
            "git_clone_url": "git://github.com/akerl/spaarti.git",
            "gitignore_template": null,
            "has_discussions": false,
            "has_downloads": false,
            "has_issues": true,
            "has_projects": false,
            "has_wiki": false,
            "homepage_url": "",
            "html_url": "https://github.com/akerl/spaarti",
            "http_clone_url": "https://github.com/akerl/spaarti.git",
            "id": "spaarti",
            "ignore_vulnerability_alerts_during_read": null,
            "is_template": false,
            "license_template": null,
            "merge_commit_message": "PR_TITLE",
            "merge_commit_title": "MERGE_MESSAGE",
            "name": "spaarti",
            "node_id": "MDEwOlJlcG9zaXRvcnkyMzkwMTk0MQ==",
            "pages": [],
            "primary_language": "Ruby",
            "private": false,
            "repo_id": 23901941,
            "security_and_analysis": [
              {
                "advanced_security": [],
                "code_security": [],
                "secret_scanning": [
                  {
                    "status": "disabled"
                  }
                ],
                "secret_scanning_ai_detection": [],
                "secret_scanning_non_provider_patterns": [],
                "secret_scanning_push_protection": [
                  {
                    "status": "disabled"
                  }
                ]
              }
            ],
            "source_owner": "",
            "source_repo": "",
            "squash_merge_commit_message": "COMMIT_MESSAGES",
            "squash_merge_commit_title": "COMMIT_OR_PR_TITLE",
            "ssh_clone_url": "git@github.com:akerl/spaarti.git",
            "svn_url": "https://github.com/akerl/spaarti",
            "template": [],
            "topics": [],
            "visibility": "public",
            "vulnerability_alerts": false,
            "web_commit_signoff_required": false
          },
          "sensitive_attributes": [],
          "private": "eyJzY2hlbWFfdmVyc2lvbiI6IjEifQ=="
        },
        {
          "index_key": "speculate",
          "schema_version": 1,
          "attributes": {
            "allow_auto_merge": false,
            "allow_forking": true,
            "allow_merge_commit": false,
            "allow_rebase_merge": false,
            "allow_squash_merge": true,
            "allow_update_branch": true,
            "archive_on_destroy": null,
            "archived": false,
            "auto_init": false,
            "default_branch": "main",
            "delete_branch_on_merge": true,
            "description": "Tool for assuming roles in AWS accounts",
            "etag": "W/\"8c3fae87e5b1b31d24afe9cc669cfd2a01ae527aa12d799195be42953be483ca\"",
            "fork": "false",
            "full_name": "akerl/speculate",
            "git_clone_url": "git://github.com/akerl/speculate.git",
            "gitignore_template": null,
            "has_discussions": false,
            "has_downloads": false,
            "has_issues": true,
            "has_projects": false,
            "has_wiki": false,
            "homepage_url": "",
            "html_url": "https://github.com/akerl/speculate",
            "http_clone_url": "https://github.com/akerl/speculate.git",
            "id": "speculate",
            "ignore_vulnerability_alerts_during_read": null,
            "is_template": false,
            "license_template": null,
            "merge_commit_message": "PR_TITLE",
            "merge_commit_title": "MERGE_MESSAGE",
            "name": "speculate",
            "node_id": "MDEwOlJlcG9zaXRvcnk4NTUwNTc3Nw==",
            "pages": [],
            "primary_language": "Go",
            "private": false,
            "repo_id": 85505777,
            "security_and_analysis": [
              {
                "advanced_security": [],
                "code_security": [],
                "secret_scanning": [
                  {
                    "status": "disabled"
                  }
                ],
                "secret_scanning_ai_detection": [],
                "secret_scanning_non_provider_patterns": [],
                "secret_scanning_push_protection": [
                  {
                    "status": "disabled"
                  }
                ]
              }
            ],
            "source_owner": "",
            "source_repo": "",
            "squash_merge_commit_message": "COMMIT_MESSAGES",
            "squash_merge_commit_title": "COMMIT_OR_PR_TITLE",
            "ssh_clone_url": "git@github.com:akerl/speculate.git",
            "svn_url": "https://github.com/akerl/speculate",
            "template": [],
            "topics": [],
            "visibility": "public",
            "vulnerability_alerts": false,
            "web_commit_signoff_required": false
          },
          "sensitive_attributes": [],
          "private": "eyJzY2hlbWFfdmVyc2lvbiI6IjEifQ=="
        },
        {
          "index_key": "stock-exporter",
          "schema_version": 1,
          "attributes": {
            "allow_auto_merge": false,
            "allow_forking": true,
            "allow_merge_commit": false,
            "allow_rebase_merge": false,
            "allow_squash_merge": true,
            "allow_update_branch": true,
            "archive_on_destroy": null,
            "archived": false,
            "auto_init": false,
            "default_branch": "main",
            "delete_branch_on_merge": true,
            "description": "Metrics exporter for stock ticker data",
            "etag": "W/\"2b53171ef715431732bcd4a709de28c93fa74eabf7e0ea57853732418d4b3699\"",
            "fork": "false",
            "full_name": "akerl/stock-exporter",
            "git_clone_url": "git://github.com/akerl/stock-exporter.git",
            "gitignore_template": null,
            "has_discussions": false,
            "has_downloads": false,
            "has_issues": true,
            "has_projects": false,
            "has_wiki": false,
            "homepage_url": "",
            "html_url": "https://github.com/akerl/stock-exporter",
            "http_clone_url": "https://github.com/akerl/stock-exporter.git",
            "id": "stock-exporter",
            "ignore_vulnerability_alerts_during_read": null,
            "is_template": false,
            "license_template": null,
            "merge_commit_message": "PR_TITLE",
            "merge_commit_title": "MERGE_MESSAGE",
            "name": "stock-exporter",
            "node_id": "R_kgDOPrLonQ",
            "pages": [],
            "primary_language": "Go",
            "private": false,
            "repo_id": 1051912349,
            "security_and_analysis": [
              {
                "advanced_security": [],
                "code_security": [],
                "secret_scanning": [
                  {
                    "status": "enabled"
                  }
                ],
                "secret_scanning_ai_detection": [],
                "secret_scanning_non_provider_patterns": [],
                "secret_scanning_push_protection": [
                  {
                    "status": "enabled"
                  }
                ]
              }
            ],
            "source_owner": "",
            "source_repo": "",
            "squash_merge_commit_message": "COMMIT_MESSAGES",
            "squash_merge_commit_title": "COMMIT_OR_PR_TITLE",
            "ssh_clone_url": "git@github.com:akerl/stock-exporter.git",
            "svn_url": "https://github.com/akerl/stock-exporter",
            "template": [],
            "topics": [],
            "visibility": "public",
            "vulnerability_alerts": false,
            "web_commit_signoff_required": false
          },
          "sensitive_attributes": [],
          "private": "eyJzY2hlbWFfdmVyc2lvbiI6IjEifQ=="
        },
        {
          "index_key": "syncgithub",
          "schema_version": 1,
          "attributes": {
            "allow_auto_merge": false,
            "allow_forking": true,
            "allow_merge_commit": false,
            "allow_rebase_merge": false,
            "allow_squash_merge": true,
            "allow_update_branch": true,
            "archive_on_destroy": null,
            "archived": false,
            "auto_init": false,
            "default_branch": "main",
            "delete_branch_on_merge": true,
            "description": "Golang helper to sync GitHub repos",
            "etag": "W/\"ac0ac716c348702ac8645b89abd0f7b3d251f90d3025068d2c0372b21c0c62ed\"",
            "fork": "false",
            "full_name": "akerl/syncgithub",
            "git_clone_url": "git://github.com/akerl/syncgithub.git",
            "gitignore_template": null,
            "has_discussions": false,
            "has_downloads": false,
            "has_issues": true,
            "has_projects": false,
            "has_wiki": false,
            "homepage_url": "",
            "html_url": "https://github.com/akerl/syncgithub",
            "http_clone_url": "https://github.com/akerl/syncgithub.git",
            "id": "syncgithub",
            "ignore_vulnerability_alerts_during_read": null,
            "is_template": false,
            "license_template": null,
            "merge_commit_message": "PR_TITLE",
            "merge_commit_title": "MERGE_MESSAGE",
            "name": "syncgithub",
            "node_id": "R_kgDOHt3vQw",
            "pages": [],
            "primary_language": "Go",
            "private": false,
            "repo_id": 517861187,
            "security_and_analysis": [
              {
                "advanced_security": [],
                "code_security": [],
                "secret_scanning": [
                  {
                    "status": "disabled"
                  }
                ],
                "secret_scanning_ai_detection": [],
                "secret_scanning_non_provider_patterns": [],
                "secret_scanning_push_protection": [
                  {
                    "status": "disabled"
                  }
                ]
              }
            ],
            "source_owner": "",
            "source_repo": "",
            "squash_merge_commit_message": "COMMIT_MESSAGES",
            "squash_merge_commit_title": "COMMIT_OR_PR_TITLE",
            "ssh_clone_url": "git@github.com:akerl/syncgithub.git",
            "svn_url": "https://github.com/akerl/syncgithub",
            "template": [],
            "topics": [],
            "visibility": "public",
            "vulnerability_alerts": false,
            "web_commit_signoff_required": false
          },
          "sensitive_attributes": [],
          "private": "eyJzY2hlbWFfdmVyc2lvbiI6IjEifQ=="
        },
        {
          "index_key": "targit",
          "schema_version": 1,
          "attributes": {
            "allow_auto_merge": false,
            "allow_forking": true,
            "allow_merge_commit": false,
            "allow_rebase_merge": false,
            "allow_squash_merge": true,
            "allow_update_branch": true,
            "archive_on_destroy": null,
            "archived": false,
            "auto_init": false,
            "default_branch": "main",
            "delete_branch_on_merge": true,
            "description": "Tool for adding GitHub release assets",
            "etag": "W/\"7eb76ca273a0f043c700d5babe5047a49ea7cf05cf309b8db1910544dd1d32d3\"",
            "fork": "false",
            "full_name": "akerl/targit",
            "git_clone_url": "git://github.com/akerl/targit.git",
            "gitignore_template": null,
            "has_discussions": false,
            "has_downloads": false,
            "has_issues": true,
            "has_projects": false,
            "has_wiki": false,
            "homepage_url": "",
            "html_url": "https://github.com/akerl/targit",
            "http_clone_url": "https://github.com/akerl/targit.git",
            "id": "targit",
            "ignore_vulnerability_alerts_during_read": null,
            "is_template": false,
            "license_template": null,
            "merge_commit_message": "PR_TITLE",
            "merge_commit_title": "MERGE_MESSAGE",
            "name": "targit",
            "node_id": "MDEwOlJlcG9zaXRvcnkyMTMxNjc2NA==",
            "pages": [],
            "primary_language": "Ruby",
            "private": false,
            "repo_id": 21316764,
            "security_and_analysis": [
              {
                "advanced_security": [],
                "code_security": [],
                "secret_scanning": [
                  {
                    "status": "disabled"
                  }
                ],
                "secret_scanning_ai_detection": [],
                "secret_scanning_non_provider_patterns": [],
                "secret_scanning_push_protection": [
                  {
                    "status": "disabled"
                  }
                ]
              }
            ],
            "source_owner": "",
            "source_repo": "",
            "squash_merge_commit_message": "COMMIT_MESSAGES",
            "squash_merge_commit_title": "COMMIT_OR_PR_TITLE",
            "ssh_clone_url": "git@github.com:akerl/targit.git",
            "svn_url": "https://github.com/akerl/targit",
            "template": [],
            "topics": [],
            "visibility": "public",
            "vulnerability_alerts": false,
            "web_commit_signoff_required": false
          },
          "sensitive_attributes": [],
          "private": "eyJzY2hlbWFfdmVyc2lvbiI6IjEifQ=="
        },
        {
          "index_key": "templates-s3",
          "schema_version": 1,
          "attributes": {
            "allow_auto_merge": false,
            "allow_forking": true,
            "allow_merge_commit": false,
            "allow_rebase_merge": false,
            "allow_squash_merge": true,
            "allow_update_branch": true,
            "archive_on_destroy": null,
            "archived": false,
            "auto_init": false,
            "default_branch": "main",
            "delete_branch_on_merge": true,
            "description": "",
            "etag": "W/\"2fdf27f9167ca96eb15551f39eb5e159df300337ad98f73509a204efeae20b04\"",
            "fork": "false",
            "full_name": "akerl/templates-s3",
            "git_clone_url": "git://github.com/akerl/templates-s3.git",
            "gitignore_template": null,
            "has_discussions": false,
            "has_downloads": false,
            "has_issues": true,
            "has_projects": false,
            "has_wiki": false,
            "homepage_url": "",
            "html_url": "https://github.com/akerl/templates-s3",
            "http_clone_url": "https://github.com/akerl/templates-s3.git",
            "id": "templates-s3",
            "ignore_vulnerability_alerts_during_read": null,
            "is_template": false,
            "license_template": null,
            "merge_commit_message": "PR_TITLE",
            "merge_commit_title": "MERGE_MESSAGE",
            "name": "templates-s3",
            "node_id": "R_kgDOH4MntA",
            "pages": [],
            "primary_language": "Jinja",
            "private": true,
            "repo_id": 528689076,
            "security_and_analysis": [],
            "source_owner": "",
            "source_repo": "",
            "squash_merge_commit_message": "COMMIT_MESSAGES",
            "squash_merge_commit_title": "COMMIT_OR_PR_TITLE",
            "ssh_clone_url": "git@github.com:akerl/templates-s3.git",
            "svn_url": "https://github.com/akerl/templates-s3",
            "template": [],
            "topics": [],
            "visibility": "private",
            "vulnerability_alerts": null,
            "web_commit_signoff_required": false
          },
          "sensitive_attributes": [],
          "private": "eyJzY2hlbWFfdmVyc2lvbiI6IjEifQ=="
        },
        {
          "index_key": "thanksgiving",
          "schema_version": 1,
          "attributes": {
            "allow_auto_merge": false,
            "allow_forking": true,
            "allow_merge_commit": false,
            "allow_rebase_merge": false,
            "allow_squash_merge": true,
            "allow_update_branch": true,
            "archive_on_destroy": null,
            "archived": false,
            "auto_init": false,
            "default_branch": "main",
            "delete_branch_on_merge": true,
            "description": "",
            "etag": "W/\"5441158fcc027442c48a5894b891d505a1577b846785814dc45e7c737d7dc83d\"",
            "fork": "false",
            "full_name": "akerl/thanksgiving",
            "git_clone_url": "git://github.com/akerl/thanksgiving.git",
            "gitignore_template": null,
            "has_discussions": false,
            "has_downloads": false,
            "has_issues": true,
            "has_projects": false,
            "has_wiki": false,
            "homepage_url": "",
            "html_url": "https://github.com/akerl/thanksgiving",
            "http_clone_url": "https://github.com/akerl/thanksgiving.git",
            "id": "thanksgiving",
            "ignore_vulnerability_alerts_during_read": null,
            "is_template": false,
            "license_template": null,
            "merge_commit_message": "PR_TITLE",
            "merge_commit_title": "MERGE_MESSAGE",
            "name": "thanksgiving",
            "node_id": "R_kgDOIfbDyw",
            "pages": [],
            "primary_language": "Ruby",
            "private": false,
            "repo_id": 569820107,
            "security_and_analysis": [
              {
                "advanced_security": [],
                "code_security": [],
                "secret_scanning": [
                  {
                    "status": "disabled"
                  }
                ],
                "secret_scanning_ai_detection": [],
                "secret_scanning_non_provider_patterns": [],
                "secret_scanning_push_protection": [
                  {
                    "status": "disabled"
                  }
                ]
              }
            ],
            "source_owner": "",
            "source_repo": "",
            "squash_merge_commit_message": "COMMIT_MESSAGES",
            "squash_merge_commit_title": "COMMIT_OR_PR_TITLE",
            "ssh_clone_url": "git@github.com:akerl/thanksgiving.git",
            "svn_url": "https://github.com/akerl/thanksgiving",
            "template": [],
            "topics": [],
            "visibility": "public",
            "vulnerability_alerts": false,
            "web_commit_signoff_required": false
          },
          "sensitive_attributes": [],
          "private": "eyJzY2hlbWFfdmVyc2lvbiI6IjEifQ=="
        },
        {
          "index_key": "timber",
          "schema_version": 1,
          "attributes": {
            "allow_auto_merge": false,
            "allow_forking": true,
            "allow_merge_commit": false,
            "allow_rebase_merge": false,
            "allow_squash_merge": true,
            "allow_update_branch": true,
            "archive_on_destroy": null,
            "archived": false,
            "auto_init": false,
            "default_branch": "main",
            "delete_branch_on_merge": true,
            "description": "Simple golang logging library",
            "etag": "W/\"498f2d6dec8f6e30a021d97b520cc3bf533de7ca68303b4e0613ef3607a5384f\"",
            "fork": "false",
            "full_name": "akerl/timber",
            "git_clone_url": "git://github.com/akerl/timber.git",
            "gitignore_template": null,
            "has_discussions": false,
            "has_downloads": false,
            "has_issues": true,
            "has_projects": false,
            "has_wiki": false,
            "homepage_url": "",
            "html_url": "https://github.com/akerl/timber",
            "http_clone_url": "https://github.com/akerl/timber.git",
            "id": "timber",
            "ignore_vulnerability_alerts_during_read": null,
            "is_template": false,
            "license_template": null,
            "merge_commit_message": "PR_TITLE",
            "merge_commit_title": "MERGE_MESSAGE",
            "name": "timber",
            "node_id": "MDEwOlJlcG9zaXRvcnkxNTA4MTY5ODI=",
            "pages": [],
            "primary_language": "Go",
            "private": false,
            "repo_id": 150816982,
            "security_and_analysis": [
              {
                "advanced_security": [],
                "code_security": [],
                "secret_scanning": [
                  {
                    "status": "disabled"
                  }
                ],
                "secret_scanning_ai_detection": [],
                "secret_scanning_non_provider_patterns": [],
                "secret_scanning_push_protection": [
                  {
                    "status": "disabled"
                  }
                ]
              }
            ],
            "source_owner": "",
            "source_repo": "",
            "squash_merge_commit_message": "COMMIT_MESSAGES",
            "squash_merge_commit_title": "COMMIT_OR_PR_TITLE",
            "ssh_clone_url": "git@github.com:akerl/timber.git",
            "svn_url": "https://github.com/akerl/timber",
            "template": [],
            "topics": [],
            "visibility": "public",
            "vulnerability_alerts": false,
            "web_commit_signoff_required": false
          },
          "sensitive_attributes": [],
          "private": "eyJzY2hlbWFfdmVyc2lvbiI6IjEifQ=="
        },
        {
          "index_key": "unifi-site",
          "schema_version": 1,
          "attributes": {
            "allow_auto_merge": false,
            "allow_forking": true,
            "allow_merge_commit": false,
            "allow_rebase_merge": false,
            "allow_squash_merge": true,
            "allow_update_branch": true,
            "archive_on_destroy": null,
            "archived": false,
            "auto_init": false,
            "default_branch": "main",
            "delete_branch_on_merge": true,
            "description": "",
            "etag": "W/\"7664709cdf3c877b71ad26e0ece9d7af44cc6aa1f0b9c36916c6649c0aef76bd\"",
            "fork": "false",
            "full_name": "akerl/unifi-site",
            "git_clone_url": "git://github.com/akerl/unifi-site.git",
            "gitignore_template": null,
            "has_discussions": false,
            "has_downloads": false,
            "has_issues": true,
            "has_projects": false,
            "has_wiki": false,
            "homepage_url": "",
            "html_url": "https://github.com/akerl/unifi-site",
            "http_clone_url": "https://github.com/akerl/unifi-site.git",
            "id": "unifi-site",
            "ignore_vulnerability_alerts_during_read": null,
            "is_template": false,
            "license_template": null,
            "merge_commit_message": "PR_TITLE",
            "merge_commit_title": "MERGE_MESSAGE",
            "name": "unifi-site",
            "node_id": "R_kgDOJ9IctA",
            "pages": [],
            "primary_language": "HCL",
            "private": false,
            "repo_id": 668081332,
            "security_and_analysis": [
              {
                "advanced_security": [],
                "code_security": [],
                "secret_scanning": [
                  {
                    "status": "disabled"
                  }
                ],
                "secret_scanning_ai_detection": [],
                "secret_scanning_non_provider_patterns": [],
                "secret_scanning_push_protection": [
                  {
                    "status": "disabled"
                  }
                ]
              }
            ],
            "source_owner": "",
            "source_repo": "",
            "squash_merge_commit_message": "COMMIT_MESSAGES",
            "squash_merge_commit_title": "COMMIT_OR_PR_TITLE",
            "ssh_clone_url": "git@github.com:akerl/unifi-site.git",
            "svn_url": "https://github.com/akerl/unifi-site",
            "template": [],
            "topics": [],
            "visibility": "public",
            "vulnerability_alerts": false,
            "web_commit_signoff_required": false
          },
          "sensitive_attributes": [],
          "private": "eyJzY2hlbWFfdmVyc2lvbiI6IjEifQ=="
        },
        {
          "index_key": "userinput",
          "schema_version": 1,
          "attributes": {
            "allow_auto_merge": false,
            "allow_forking": true,
            "allow_merge_commit": false,
            "allow_rebase_merge": false,
            "allow_squash_merge": true,
            "allow_update_branch": true,
            "archive_on_destroy": null,
            "archived": false,
            "auto_init": false,
            "default_branch": "main",
            "delete_branch_on_merge": true,
            "description": "Simple user input library",
            "etag": "W/\"6c291392ca6310251d897876fcd64c026e3802795ab99a52b3f2e82285d7ff31\"",
            "fork": "false",
            "full_name": "akerl/userinput",
            "git_clone_url": "git://github.com/akerl/userinput.git",
            "gitignore_template": null,
            "has_discussions": false,
            "has_downloads": false,
            "has_issues": true,
            "has_projects": false,
            "has_wiki": false,
            "homepage_url": "",
            "html_url": "https://github.com/akerl/userinput",
            "http_clone_url": "https://github.com/akerl/userinput.git",
            "id": "userinput",
            "ignore_vulnerability_alerts_during_read": null,
            "is_template": false,
            "license_template": null,
            "merge_commit_message": "PR_TITLE",
            "merge_commit_title": "MERGE_MESSAGE",
            "name": "userinput",
            "node_id": "MDEwOlJlcG9zaXRvcnkxODI1MDkyMQ==",
            "pages": [],
            "primary_language": "Ruby",
            "private": false,
            "repo_id": 18250921,
            "security_and_analysis": [
              {
                "advanced_security": [],
                "code_security": [],
                "secret_scanning": [
                  {
                    "status": "disabled"
                  }
                ],
                "secret_scanning_ai_detection": [],
                "secret_scanning_non_provider_patterns": [],
                "secret_scanning_push_protection": [
                  {
                    "status": "disabled"
                  }
                ]
              }
            ],
            "source_owner": "",
            "source_repo": "",
            "squash_merge_commit_message": "COMMIT_MESSAGES",
            "squash_merge_commit_title": "COMMIT_OR_PR_TITLE",
            "ssh_clone_url": "git@github.com:akerl/userinput.git",
            "svn_url": "https://github.com/akerl/userinput",
            "template": [],
            "topics": [],
            "visibility": "public",
            "vulnerability_alerts": false,
            "web_commit_signoff_required": false
          },
          "sensitive_attributes": [],
          "private": "eyJzY2hlbWFfdmVyc2lvbiI6IjEifQ=="
        },
        {
          "index_key": "voyager",
          "schema_version": 1,
          "attributes": {
            "allow_auto_merge": false,
            "allow_forking": true,
            "allow_merge_commit": false,
            "allow_rebase_merge": false,
            "allow_squash_merge": true,
            "allow_update_branch": true,
            "archive_on_destroy": null,
            "archived": false,
            "auto_init": false,
            "default_branch": "main",
            "delete_branch_on_merge": true,
            "description": "Helper for assuming roles on AWS accounts",
            "etag": "W/\"96199d17eb20685a44280570a6a0e258e2457cba34eff4badd275ef07281e204\"",
            "fork": "false",
            "full_name": "akerl/voyager",
            "git_clone_url": "git://github.com/akerl/voyager.git",
            "gitignore_template": null,
            "has_discussions": false,
            "has_downloads": false,
            "has_issues": true,
            "has_projects": false,
            "has_wiki": false,
            "homepage_url": "",
            "html_url": "https://github.com/akerl/voyager",
            "http_clone_url": "https://github.com/akerl/voyager.git",
            "id": "voyager",
            "ignore_vulnerability_alerts_during_read": null,
            "is_template": false,
            "license_template": null,
            "merge_commit_message": "PR_TITLE",
            "merge_commit_title": "MERGE_MESSAGE",
            "name": "voyager",
            "node_id": "MDEwOlJlcG9zaXRvcnk5MTU4MzY3OQ==",
            "pages": [],
            "primary_language": "Go",
            "private": false,
            "repo_id": 91583679,
            "security_and_analysis": [
              {
                "advanced_security": [],
                "code_security": [],
                "secret_scanning": [
                  {
                    "status": "disabled"
                  }
                ],
                "secret_scanning_ai_detection": [],
                "secret_scanning_non_provider_patterns": [],
                "secret_scanning_push_protection": [
                  {
                    "status": "disabled"
                  }
                ]
              }
            ],
            "source_owner": "",
            "source_repo": "",
            "squash_merge_commit_message": "COMMIT_MESSAGES",
            "squash_merge_commit_title": "COMMIT_OR_PR_TITLE",
            "ssh_clone_url": "git@github.com:akerl/voyager.git",
            "svn_url": "https://github.com/akerl/voyager",
            "template": [],
            "topics": [],
            "visibility": "public",
            "vulnerability_alerts": false,
            "web_commit_signoff_required": false
          },
          "sensitive_attributes": [],
          "private": "eyJzY2hlbWFfdmVyc2lvbiI6IjEifQ=="
        },
        {
          "index_key": "watchdog-lambda",
          "schema_version": 1,
          "attributes": {
            "allow_auto_merge": false,
            "allow_forking": true,
            "allow_merge_commit": false,
            "allow_rebase_merge": false,
            "allow_squash_merge": true,
            "allow_update_branch": true,
            "archive_on_destroy": null,
            "archived": false,
            "auto_init": false,
            "default_branch": "main",
            "delete_branch_on_merge": true,
            "description": "Watchdog service via AWS Lambda",
            "etag": "W/\"b5a89a8ac3dffccc863901ac18f18093e269dbacb5045c2166deaf6dc8c98e1c\"",
            "fork": "false",
            "full_name": "akerl/watchdog-lambda",
            "git_clone_url": "git://github.com/akerl/watchdog-lambda.git",
            "gitignore_template": null,
            "has_discussions": false,
            "has_downloads": false,
            "has_issues": true,
            "has_projects": false,
            "has_wiki": false,
            "homepage_url": "",
            "html_url": "https://github.com/akerl/watchdog-lambda",
            "http_clone_url": "https://github.com/akerl/watchdog-lambda.git",
            "id": "watchdog-lambda",
            "ignore_vulnerability_alerts_during_read": null,
            "is_template": false,
            "license_template": null,
            "merge_commit_message": "PR_TITLE",
            "merge_commit_title": "MERGE_MESSAGE",
            "name": "watchdog-lambda",
            "node_id": "R_kgDOIG_kQg",
            "pages": [],
            "primary_language": "Go",
            "private": false,
            "repo_id": 544203842,
            "security_and_analysis": [
              {
                "advanced_security": [],
                "code_security": [],
                "secret_scanning": [
                  {
                    "status": "disabled"
                  }
                ],
                "secret_scanning_ai_detection": [],
                "secret_scanning_non_provider_patterns": [],
                "secret_scanning_push_protection": [
                  {
                    "status": "disabled"
                  }
                ]
              }
            ],
            "source_owner": "",
            "source_repo": "",
            "squash_merge_commit_message": "COMMIT_MESSAGES",
            "squash_merge_commit_title": "COMMIT_OR_PR_TITLE",
            "ssh_clone_url": "git@github.com:akerl/watchdog-lambda.git",
            "svn_url": "https://github.com/akerl/watchdog-lambda",
            "template": [],
            "topics": [],
            "visibility": "public",
            "vulnerability_alerts": false,
            "web_commit_signoff_required": false
          },
          "sensitive_attributes": [],
          "private": "eyJzY2hlbWFfdmVyc2lvbiI6IjEifQ=="
        },
        {
          "index_key": "wh31e",
          "schema_version": 1,
          "attributes": {
            "allow_auto_merge": false,
            "allow_forking": true,
            "allow_merge_commit": false,
            "allow_rebase_merge": false,
            "allow_squash_merge": true,
            "allow_update_branch": true,
            "archive_on_destroy": null,
            "archived": false,
            "auto_init": false,
            "default_branch": "main",
            "delete_branch_on_merge": true,
            "description": "Capture WH31E events and serve in Prometheus format",
            "etag": "W/\"1d4dcd978d34d402bf0e4fd0542d83288432958cc0c907919fe37ebb57159d1a\"",
            "fork": "false",
            "full_name": "akerl/wh31e",
            "git_clone_url": "git://github.com/akerl/wh31e.git",
            "gitignore_template": null,
            "has_discussions": false,
            "has_downloads": false,
            "has_issues": true,
            "has_projects": false,
            "has_wiki": false,
            "homepage_url": "",
            "html_url": "https://github.com/akerl/wh31e",
            "http_clone_url": "https://github.com/akerl/wh31e.git",
            "id": "wh31e",
            "ignore_vulnerability_alerts_during_read": null,
            "is_template": false,
            "license_template": null,
            "merge_commit_message": "PR_TITLE",
            "merge_commit_title": "MERGE_MESSAGE",
            "name": "wh31e",
            "node_id": "R_kgDOM5B5mg",
            "pages": [],
            "primary_language": "Go",
            "private": false,
            "repo_id": 865106330,
            "security_and_analysis": [
              {
                "advanced_security": [],
                "code_security": [],
                "secret_scanning": [
                  {
                    "status": "enabled"
                  }
                ],
                "secret_scanning_ai_detection": [],
                "secret_scanning_non_provider_patterns": [],
                "secret_scanning_push_protection": [
                  {
                    "status": "enabled"
                  }
                ]
              }
            ],
            "source_owner": "",
            "source_repo": "",
            "squash_merge_commit_message": "COMMIT_MESSAGES",
            "squash_merge_commit_title": "COMMIT_OR_PR_TITLE",
            "ssh_clone_url": "git@github.com:akerl/wh31e.git",
            "svn_url": "https://github.com/akerl/wh31e",
            "template": [],
            "topics": [],
            "visibility": "public",
            "vulnerability_alerts": false,
            "web_commit_signoff_required": false
          },
          "sensitive_attributes": [],
          "private": "eyJzY2hlbWFfdmVyc2lvbiI6IjEifQ=="
        },
        {
          "index_key": "yubiotp",
          "schema_version": 1,
          "attributes": {
            "allow_auto_merge": false,
            "allow_forking": true,
            "allow_merge_commit": false,
            "allow_rebase_merge": false,
            "allow_squash_merge": true,
            "allow_update_branch": true,
            "archive_on_destroy": null,
            "archived": false,
            "auto_init": false,
            "default_branch": "main",
            "delete_branch_on_merge": true,
            "description": "Fetch MFA code from multiple connected yubikeys",
            "etag": "W/\"4a416c2035297048eef97642126f7b73b910ab49a4eca80af56aa0a25dbd5ab8\"",
            "fork": "false",
            "full_name": "akerl/yubiotp",
            "git_clone_url": "git://github.com/akerl/yubiotp.git",
            "gitignore_template": null,
            "has_discussions": false,
            "has_downloads": false,
            "has_issues": true,
            "has_projects": false,
            "has_wiki": false,
            "homepage_url": "",
            "html_url": "https://github.com/akerl/yubiotp",
            "http_clone_url": "https://github.com/akerl/yubiotp.git",
            "id": "yubiotp",
            "ignore_vulnerability_alerts_during_read": null,
            "is_template": false,
            "license_template": null,
            "merge_commit_message": "PR_TITLE",
            "merge_commit_title": "MERGE_MESSAGE",
            "name": "yubiotp",
            "node_id": "R_kgDOIuRMQQ",
            "pages": [],
            "primary_language": "Go",
            "private": false,
            "repo_id": 585387073,
            "security_and_analysis": [
              {
                "advanced_security": [],
                "code_security": [],
                "secret_scanning": [
                  {
                    "status": "disabled"
                  }
                ],
                "secret_scanning_ai_detection": [],
                "secret_scanning_non_provider_patterns": [],
                "secret_scanning_push_protection": [
                  {
                    "status": "disabled"
                  }
                ]
              }
            ],
            "source_owner": "",
            "source_repo": "",
            "squash_merge_commit_message": "COMMIT_MESSAGES",
            "squash_merge_commit_title": "COMMIT_OR_PR_TITLE",
            "ssh_clone_url": "git@github.com:akerl/yubiotp.git",
            "svn_url": "https://github.com/akerl/yubiotp",
            "template": [],
            "topics": [],
            "visibility": "public",
            "vulnerability_alerts": false,
            "web_commit_signoff_required": false
          },
          "sensitive_attributes": [],
          "private": "eyJzY2hlbWFfdmVyc2lvbiI6IjEifQ=="
        }
      ]
    },
    {
      "module": "module.akerl",
      "mode": "managed",
      "type": "github_repository_pages",
      "name": "each",
      "provider": "provider[\"registry.terraform.io/integrations/github\"].akerl",
      "instances": [
        {
          "index_key": "githubchart",
          "schema_version": 0,
          "attributes": {
            "api_url": "https://api.github.com/repos/akerl/githubchart/pages",
            "build_status": "built",
            "build_type": "legacy",
            "cname": "",
            "custom_404": false,
            "html_url": "http://akerl.github.io/githubchart/",
            "https_enforced": false,
            "id": "12951279",
            "public": true,
            "repository": "githubchart",
            "repository_id": 12951279,
            "source": [
              {
                "branch": "gh-pages",
                "path": "/"
              }
            ]
          },
          "sensitive_attributes": [],
          "private": "eyJzY2hlbWFfdmVyc2lvbiI6IjAifQ=="
        }
      ]
    },
    {
      "module": "module.akerl",
      "mode": "managed",
      "type": "github_repository_vulnerability_alerts",
      "name": "each",
      "provider": "provider[\"registry.terraform.io/integrations/github\"].akerl",
      "instances": [
        {
          "index_key": ".github",
          "schema_version": 0,
          "attributes": {
            "enabled": false,
            "id": "1297025100",
            "repository": ".github",
            "repository_id": 1297025100
          },
          "sensitive_attributes": [],
          "private": "eyJzY2hlbWFfdmVyc2lvbiI6IjAifQ=="
        },
        {
          "index_key": "Alfred-Audio-Device",
          "schema_version": 0,
          "attributes": {
            "enabled": false,
            "id": "18964324",
            "repository": "Alfred-Audio-Device",
            "repository_id": 18964324
          },
          "sensitive_attributes": [],
          "private": "eyJzY2hlbWFfdmVyc2lvbiI6IjAifQ=="
        },
        {
          "index_key": "accounting",
          "schema_version": 0,
          "attributes": {
            "enabled": false,
            "id": "56991486",
            "repository": "accounting",
            "repository_id": 56991486
          },
          "sensitive_attributes": [],
          "private": "eyJzY2hlbWFfdmVyc2lvbiI6IjAifQ=="
        },
        {
          "index_key": "adventofcode",
          "schema_version": 0,
          "attributes": {
            "enabled": false,
            "id": "75899386",
            "repository": "adventofcode",
            "repository_id": 75899386
          },
          "sensitive_attributes": [],
          "private": "eyJzY2hlbWFfdmVyc2lvbiI6IjAifQ=="
        },
        {
          "index_key": "alfred-switchaudio",
          "schema_version": 0,
          "attributes": {
            "enabled": false,
            "id": "341277404",
            "repository": "alfred-switchaudio",
            "repository_id": 341277404
          },
          "sensitive_attributes": [],
          "private": "eyJzY2hlbWFfdmVyc2lvbiI6IjAifQ=="
        },
        {
          "index_key": "aws-account",
          "schema_version": 0,
          "attributes": {
            "enabled": false,
            "id": "68165334",
            "repository": "aws-account",
            "repository_id": 68165334
          },
          "sensitive_attributes": [],
          "private": "eyJzY2hlbWFfdmVyc2lvbiI6IjAifQ=="
        },
        {
          "index_key": "ballista",
          "schema_version": 0,
          "attributes": {
            "enabled": false,
            "id": "57001521",
            "repository": "ballista",
            "repository_id": 57001521
          },
          "sensitive_attributes": [],
          "private": "eyJzY2hlbWFfdmVyc2lvbiI6IjAifQ=="
        },
        {
          "index_key": "basiccache",
          "schema_version": 0,
          "attributes": {
            "enabled": false,
            "id": "13202172",
            "repository": "basiccache",
            "repository_id": 13202172
          },
          "sensitive_attributes": [],
          "private": "eyJzY2hlbWFfdmVyc2lvbiI6IjAifQ=="
        },
        {
          "index_key": "blindclock",
          "schema_version": 0,
          "attributes": {
            "enabled": false,
            "id": "647111044",
            "repository": "blindclock",
            "repository_id": 647111044
          },
          "sensitive_attributes": [],
          "private": "eyJzY2hlbWFfdmVyc2lvbiI6IjAifQ=="
        },
        {
          "index_key": "blog",
          "schema_version": 0,
          "attributes": {
            "enabled": false,
            "id": "13391478",
            "repository": "blog",
            "repository_id": 13391478
          },
          "sensitive_attributes": [],
          "private": "eyJzY2hlbWFfdmVyc2lvbiI6IjAifQ=="
        },
        {
          "index_key": "burglar",
          "schema_version": 0,
          "attributes": {
            "enabled": false,
            "id": "63912787",
            "repository": "burglar",
            "repository_id": 63912787
          },
          "sensitive_attributes": [],
          "private": "eyJzY2hlbWFfdmVyc2lvbiI6IjAifQ=="
        },
        {
          "index_key": "config-template",
          "schema_version": 0,
          "attributes": {
            "enabled": false,
            "id": "174705332",
            "repository": "config-template",
            "repository_id": 174705332
          },
          "sensitive_attributes": [],
          "private": "eyJzY2hlbWFfdmVyc2lvbiI6IjAifQ=="
        },
        {
          "index_key": "configvault",
          "schema_version": 0,
          "attributes": {
            "enabled": false,
            "id": "471205275",
            "repository": "configvault",
            "repository_id": 471205275
          },
          "sensitive_attributes": [],
          "private": "eyJzY2hlbWFfdmVyc2lvbiI6IjAifQ=="
        },
        {
          "index_key": "cultivator",
          "schema_version": 0,
          "attributes": {
            "enabled": false,
            "id": "649915801",
            "repository": "cultivator",
            "repository_id": 649915801
          },
          "sensitive_attributes": [],
          "private": "eyJzY2hlbWFfdmVyc2lvbiI6IjAifQ=="
        },
        {
          "index_key": "cultivator-puppetfile",
          "schema_version": 0,
          "attributes": {
            "enabled": false,
            "id": "661933252",
            "repository": "cultivator-puppetfile",
            "repository_id": 661933252
          },
          "sensitive_attributes": [],
          "private": "eyJzY2hlbWFfdmVyc2lvbiI6IjAifQ=="
        },
        {
          "index_key": "cultivator-rubygems",
          "schema_version": 0,
          "attributes": {
            "enabled": false,
            "id": "663515194",
            "repository": "cultivator-rubygems",
            "repository_id": 663515194
          },
          "sensitive_attributes": [],
          "private": "eyJzY2hlbWFfdmVyc2lvbiI6IjAifQ=="
        },
        {
          "index_key": "cymbal",
          "schema_version": 0,
          "attributes": {
            "enabled": false,
            "id": "27967065",
            "repository": "cymbal",
            "repository_id": 27967065
          },
          "sensitive_attributes": [],
          "private": "eyJzY2hlbWFfdmVyc2lvbiI6IjAifQ=="
        },
        {
          "index_key": "dcs-library",
          "schema_version": 0,
          "attributes": {
            "enabled": false,
            "id": "133052803",
            "repository": "dcs-library",
            "repository_id": 133052803
          },
          "sensitive_attributes": [],
          "private": "eyJzY2hlbWFfdmVyc2lvbiI6IjAifQ=="
        },
        {
          "index_key": "dotfiles",
          "schema_version": 0,
          "attributes": {
            "enabled": false,
            "id": "7009885",
            "repository": "dotfiles",
            "repository_id": 7009885
          },
          "sensitive_attributes": [],
          "private": "eyJzY2hlbWFfdmVyc2lvbiI6IjAifQ=="
        },
        {
          "index_key": "frame",
          "schema_version": 0,
          "attributes": {
            "enabled": false,
            "id": "648467489",
            "repository": "frame",
            "repository_id": 648467489
          },
          "sensitive_attributes": [],
          "private": "eyJzY2hlbWFfdmVyc2lvbiI6IjAifQ=="
        },
        {
          "index_key": "gandi-account",
          "schema_version": 0,
          "attributes": {
            "enabled": false,
            "id": "671245235",
            "repository": "gandi-account",
            "repository_id": 671245235
          },
          "sensitive_attributes": [],
          "private": "eyJzY2hlbWFfdmVyc2lvbiI6IjAifQ=="
        },
        {
          "index_key": "github-account",
          "schema_version": 0,
          "attributes": {
            "enabled": false,
            "id": "649519406",
            "repository": "github-account",
            "repository_id": 649519406
          },
          "sensitive_attributes": [],
          "private": "eyJzY2hlbWFfdmVyc2lvbiI6IjAifQ=="
        },
        {
          "index_key": "github-auth-lambda",
          "schema_version": 0,
          "attributes": {
            "enabled": false,
            "id": "123363909",
            "repository": "github-auth-lambda",
            "repository_id": 123363909
          },
          "sensitive_attributes": [],
          "private": "eyJzY2hlbWFfdmVyc2lvbiI6IjAifQ=="
        },
        {
          "index_key": "githubchart",
          "schema_version": 0,
          "attributes": {
            "enabled": false,
            "id": "12951279",
            "repository": "githubchart",
            "repository_id": 12951279
          },
          "sensitive_attributes": [],
          "private": "eyJzY2hlbWFfdmVyc2lvbiI6IjAifQ=="
        },
        {
          "index_key": "githubstats",
          "schema_version": 0,
          "attributes": {
            "enabled": false,
            "id": "13018626",
            "repository": "githubstats",
            "repository_id": 13018626
          },
          "sensitive_attributes": [],
          "private": "eyJzY2hlbWFfdmVyc2lvbiI6IjAifQ=="
        },
        {
          "index_key": "go-indefinite-article",
          "schema_version": 0,
          "attributes": {
            "enabled": false,
            "id": "145712426",
            "repository": "go-indefinite-article",
            "repository_id": 145712426
          },
          "sensitive_attributes": [],
          "private": "eyJzY2hlbWFfdmVyc2lvbiI6IjAifQ=="
        },
        {
          "index_key": "go-lambda",
          "schema_version": 0,
          "attributes": {
            "enabled": false,
            "id": "122775551",
            "repository": "go-lambda",
            "repository_id": 122775551
          },
          "sensitive_attributes": [],
          "private": "eyJzY2hlbWFfdmVyc2lvbiI6IjAifQ=="
        },
        {
          "index_key": "goodcop",
          "schema_version": 0,
          "attributes": {
            "enabled": false,
            "id": "103710439",
            "repository": "goodcop",
            "repository_id": 103710439
          },
          "sensitive_attributes": [],
          "private": "eyJzY2hlbWFfdmVyc2lvbiI6IjAifQ=="
        },
        {
          "index_key": "grafana-json",
          "schema_version": 0,
          "attributes": {
            "enabled": false,
            "id": "894243193",
            "repository": "grafana-json",
            "repository_id": 894243193
          },
          "sensitive_attributes": [],
          "private": "eyJzY2hlbWFfdmVyc2lvbiI6IjAifQ=="
        },
        {
          "index_key": "grafana-json-ledger",
          "schema_version": 0,
          "attributes": {
            "enabled": false,
            "id": "894239690",
            "repository": "grafana-json-ledger",
            "repository_id": 894239690
          },
          "sensitive_attributes": [],
          "private": "eyJzY2hlbWFfdmVyc2lvbiI6IjAifQ=="
        },
        {
          "index_key": "hf-library",
          "schema_version": 0,
          "attributes": {
            "enabled": false,
            "id": "103498139",
            "repository": "hf-library",
            "repository_id": 103498139
          },
          "sensitive_attributes": [],
          "private": "eyJzY2hlbWFfdmVyc2lvbiI6IjAifQ=="
        },
        {
          "index_key": "hook-exporter",
          "schema_version": 0,
          "attributes": {
            "enabled": false,
            "id": "651346020",
            "repository": "hook-exporter",
            "repository_id": 651346020
          },
          "sensitive_attributes": [],
          "private": "eyJzY2hlbWFfdmVyc2lvbiI6IjAifQ=="
        },
        {
          "index_key": "hss",
          "schema_version": 0,
          "attributes": {
            "enabled": false,
            "id": "11875816",
            "repository": "hss",
            "repository_id": 11875816
          },
          "sensitive_attributes": [],
          "private": "eyJzY2hlbWFfdmVyc2lvbiI6IjAifQ=="
        },
        {
          "index_key": "input",
          "schema_version": 0,
          "attributes": {
            "enabled": false,
            "id": "201446740",
            "repository": "input",
            "repository_id": 201446740
          },
          "sensitive_attributes": [],
          "private": "eyJzY2hlbWFfdmVyc2lvbiI6IjAifQ=="
        },
        {
          "index_key": "keyboard",
          "schema_version": 0,
          "attributes": {
            "enabled": false,
            "id": "138677717",
            "repository": "keyboard",
            "repository_id": 138677717
          },
          "sensitive_attributes": [],
          "private": "eyJzY2hlbWFfdmVyc2lvbiI6IjAifQ=="
        },
        {
          "index_key": "keylime",
          "schema_version": 0,
          "attributes": {
            "enabled": false,
            "id": "49851181",
            "repository": "keylime",
            "repository_id": 49851181
          },
          "sensitive_attributes": [],
          "private": "eyJzY2hlbWFfdmVyc2lvbiI6IjAifQ=="
        },
        {
          "index_key": "kvmtoggle",
          "schema_version": 0,
          "attributes": {
            "enabled": false,
            "id": "581976821",
            "repository": "kvmtoggle",
            "repository_id": 581976821
          },
          "sensitive_attributes": [],
          "private": "eyJzY2hlbWFfdmVyc2lvbiI6IjAifQ=="
        },
        {
          "index_key": "lambda-basic-auth",
          "schema_version": 0,
          "attributes": {
            "enabled": false,
            "id": "649183153",
            "repository": "lambda-basic-auth",
            "repository_id": 649183153
          },
          "sensitive_attributes": [],
          "private": "eyJzY2hlbWFfdmVyc2lvbiI6IjAifQ=="
        },
        {
          "index_key": "ledgergraph",
          "schema_version": 0,
          "attributes": {
            "enabled": false,
            "id": "895372101",
            "repository": "ledgergraph",
            "repository_id": 895372101
          },
          "sensitive_attributes": [],
          "private": "eyJzY2hlbWFfdmVyc2lvbiI6IjAifQ=="
        },
        {
          "index_key": "ledgerhelpers",
          "schema_version": 0,
          "attributes": {
            "enabled": false,
            "id": "57170109",
            "repository": "ledgerhelpers",
            "repository_id": 57170109
          },
          "sensitive_attributes": [],
          "private": "eyJzY2hlbWFfdmVyc2lvbiI6IjAifQ=="
        },
        {
          "index_key": "libledger",
          "schema_version": 0,
          "attributes": {
            "enabled": false,
            "id": "57001901",
            "repository": "libledger",
            "repository_id": 57001901
          },
          "sensitive_attributes": [],
          "private": "eyJzY2hlbWFfdmVyc2lvbiI6IjAifQ=="
        },
        {
          "index_key": "linode-account",
          "schema_version": 0,
          "attributes": {
            "enabled": false,
            "id": "143579183",
            "repository": "linode-account",
            "repository_id": 143579183
          },
          "sensitive_attributes": [],
          "private": "eyJzY2hlbWFfdmVyc2lvbiI6IjAifQ=="
        },
        {
          "index_key": "littlesnitch",
          "schema_version": 0,
          "attributes": {
            "enabled": false,
            "id": "563144787",
            "repository": "littlesnitch",
            "repository_id": 563144787
          },
          "sensitive_attributes": [],
          "private": "eyJzY2hlbWFfdmVyc2lvbiI6IjAifQ=="
        },
        {
          "index_key": "logcabin",
          "schema_version": 0,
          "attributes": {
            "enabled": false,
            "id": "48653252",
            "repository": "logcabin",
            "repository_id": 48653252
          },
          "sensitive_attributes": [],
          "private": "eyJzY2hlbWFfdmVyc2lvbiI6IjAifQ=="
        },
        {
          "index_key": "macroquest",
          "schema_version": 0,
          "attributes": {
            "enabled": false,
            "id": "1089661825",
            "repository": "macroquest",
            "repository_id": 1089661825
          },
          "sensitive_attributes": [],
          "private": "eyJzY2hlbWFfdmVyc2lvbiI6IjAifQ=="
        },
        {
          "index_key": "madlibrarian",
          "schema_version": 0,
          "attributes": {
            "enabled": false,
            "id": "102997362",
            "repository": "madlibrarian",
            "repository_id": 102997362
          },
          "sensitive_attributes": [],
          "private": "eyJzY2hlbWFfdmVyc2lvbiI6IjAifQ=="
        },
        {
          "index_key": "madlibrarian-lambda",
          "schema_version": 0,
          "attributes": {
            "enabled": false,
            "id": "103357663",
            "repository": "madlibrarian-lambda",
            "repository_id": 103357663
          },
          "sensitive_attributes": [],
          "private": "eyJzY2hlbWFfdmVyc2lvbiI6IjAifQ=="
        },
        {
          "index_key": "meld",
          "schema_version": 0,
          "attributes": {
            "enabled": false,
            "id": "28498253",
            "repository": "meld",
            "repository_id": 28498253
          },
          "sensitive_attributes": [],
          "private": "eyJzY2hlbWFfdmVyc2lvbiI6IjAifQ=="
        },
        {
          "index_key": "metrics",
          "schema_version": 0,
          "attributes": {
            "enabled": false,
            "id": "1051905233",
            "repository": "metrics",
            "repository_id": 1051905233
          },
          "sensitive_attributes": [],
          "private": "eyJzY2hlbWFfdmVyc2lvbiI6IjAifQ=="
        },
        {
          "index_key": "mq2glasses",
          "schema_version": 0,
          "attributes": {
            "enabled": false,
            "id": "1090638145",
            "repository": "mq2glasses",
            "repository_id": 1090638145
          },
          "sensitive_attributes": [],
          "private": "eyJzY2hlbWFfdmVyc2lvbiI6IjAifQ=="
        },
        {
          "index_key": "navigate",
          "schema_version": 0,
          "attributes": {
            "enabled": false,
            "id": "581287347",
            "repository": "navigate",
            "repository_id": 581287347
          },
          "sensitive_attributes": [],
          "private": "eyJzY2hlbWFfdmVyc2lvbiI6IjAifQ=="
        },
        {
          "index_key": "octoauth",
          "schema_version": 0,
          "attributes": {
            "enabled": false,
            "id": "18119402",
            "repository": "octoauth",
            "repository_id": 18119402
          },
          "sensitive_attributes": [],
          "private": "eyJzY2hlbWFfdmVyc2lvbiI6IjAifQ=="
        },
        {
          "index_key": "otgkey",
          "schema_version": 0,
          "attributes": {
            "enabled": false,
            "id": "581960232",
            "repository": "otgkey",
            "repository_id": 581960232
          },
          "sensitive_attributes": [],
          "private": "eyJzY2hlbWFfdmVyc2lvbiI6IjAifQ=="
        },
        {
          "index_key": "pkgforge",
          "schema_version": 0,
          "attributes": {
            "enabled": false,
            "id": "65951518",
            "repository": "pkgforge",
            "repository_id": 65951518
          },
          "sensitive_attributes": [],
          "private": "eyJzY2hlbWFfdmVyc2lvbiI6IjAifQ=="
        },
        {
          "index_key": "pkgforge-golang-helper",
          "schema_version": 0,
          "attributes": {
            "enabled": false,
            "id": "122749307",
            "repository": "pkgforge-golang-helper",
            "repository_id": 122749307
          },
          "sensitive_attributes": [],
          "private": "eyJzY2hlbWFfdmVyc2lvbiI6IjAifQ=="
        },
        {
          "index_key": "pkgforge-helper",
          "schema_version": 0,
          "attributes": {
            "enabled": false,
            "id": "66210670",
            "repository": "pkgforge-helper",
            "repository_id": 66210670
          },
          "sensitive_attributes": [],
          "private": "eyJzY2hlbWFfdmVyc2lvbiI6IjAifQ=="
        },
        {
          "index_key": "plaid-bootstrap",
          "schema_version": 0,
          "attributes": {
            "enabled": false,
            "id": "264585162",
            "repository": "plaid-bootstrap",
            "repository_id": 264585162
          },
          "sensitive_attributes": [],
          "private": "eyJzY2hlbWFfdmVyc2lvbiI6IjAifQ=="
        },
        {
          "index_key": "quotes",
          "schema_version": 0,
          "attributes": {
            "enabled": false,
            "id": "11940233",
            "repository": "quotes",
            "repository_id": 11940233
          },
          "sensitive_attributes": [],
          "private": "eyJzY2hlbWFfdmVyc2lvbiI6IjAifQ=="
        },
        {
          "index_key": "repo-checks",
          "schema_version": 0,
          "attributes": {
            "enabled": false,
            "id": "657394729",
            "repository": "repo-checks",
            "repository_id": 657394729
          },
          "sensitive_attributes": [],
          "private": "eyJzY2hlbWFfdmVyc2lvbiI6IjAifQ=="
        },
        {
          "index_key": "s3-auth-proxy",
          "schema_version": 0,
          "attributes": {
            "enabled": false,
            "id": "174679112",
            "repository": "s3-auth-proxy",
            "repository_id": 174679112
          },
          "sensitive_attributes": [],
          "private": "eyJzY2hlbWFfdmVyc2lvbiI6IjAifQ=="
        },
        {
          "index_key": "scripts",
          "schema_version": 0,
          "attributes": {
            "enabled": false,
            "id": "10550557",
            "repository": "scripts",
            "repository_id": 10550557
          },
          "sensitive_attributes": [],
          "private": "eyJzY2hlbWFfdmVyc2lvbiI6IjAifQ=="
        },
        {
          "index_key": "simplefin-exporter",
          "schema_version": 0,
          "attributes": {
            "enabled": false,
            "id": "1052375442",
            "repository": "simplefin-exporter",
            "repository_id": 1052375442
          },
          "sensitive_attributes": [],
          "private": "eyJzY2hlbWFfdmVyc2lvbiI6IjAifQ=="
        },
        {
          "index_key": "slack-mastodon",
          "schema_version": 0,
          "attributes": {
            "enabled": false,
            "id": "580425499",
            "repository": "slack-mastodon",
            "repository_id": 580425499
          },
          "sensitive_attributes": [],
          "private": "eyJzY2hlbWFfdmVyc2lvbiI6IjAifQ=="
        },
        {
          "index_key": "smoosh",
          "schema_version": 0,
          "attributes": {
            "enabled": false,
            "id": "578448788",
            "repository": "smoosh",
            "repository_id": 578448788
          },
          "sensitive_attributes": [],
          "private": "eyJzY2hlbWFfdmVyc2lvbiI6IjAifQ=="
        },
        {
          "index_key": "spaarti",
          "schema_version": 0,
          "attributes": {
            "enabled": false,
            "id": "23901941",
            "repository": "spaarti",
            "repository_id": 23901941
          },
          "sensitive_attributes": [],
          "private": "eyJzY2hlbWFfdmVyc2lvbiI6IjAifQ=="
        },
        {
          "index_key": "speculate",
          "schema_version": 0,
          "attributes": {
            "enabled": false,
            "id": "85505777",
            "repository": "speculate",
            "repository_id": 85505777
          },
          "sensitive_attributes": [],
          "private": "eyJzY2hlbWFfdmVyc2lvbiI6IjAifQ=="
        },
        {
          "index_key": "stock-exporter",
          "schema_version": 0,
          "attributes": {
            "enabled": false,
            "id": "1051912349",
            "repository": "stock-exporter",
            "repository_id": 1051912349
          },
          "sensitive_attributes": [],
          "private": "eyJzY2hlbWFfdmVyc2lvbiI6IjAifQ=="
        },
        {
          "index_key": "syncgithub",
          "schema_version": 0,
          "attributes": {
            "enabled": false,
            "id": "517861187",
            "repository": "syncgithub",
            "repository_id": 517861187
          },
          "sensitive_attributes": [],
          "private": "eyJzY2hlbWFfdmVyc2lvbiI6IjAifQ=="
        },
        {
          "index_key": "targit",
          "schema_version": 0,
          "attributes": {
            "enabled": false,
            "id": "21316764",
            "repository": "targit",
            "repository_id": 21316764
          },
          "sensitive_attributes": [],
          "private": "eyJzY2hlbWFfdmVyc2lvbiI6IjAifQ=="
        },
        {
          "index_key": "templates-s3",
          "schema_version": 0,
          "attributes": {
            "enabled": false,
            "id": "528689076",
            "repository": "templates-s3",
            "repository_id": 528689076
          },
          "sensitive_attributes": [],
          "private": "eyJzY2hlbWFfdmVyc2lvbiI6IjAifQ=="
        },
        {
          "index_key": "thanksgiving",
          "schema_version": 0,
          "attributes": {
            "enabled": false,
            "id": "569820107",
            "repository": "thanksgiving",
            "repository_id": 569820107
          },
          "sensitive_attributes": [],
          "private": "eyJzY2hlbWFfdmVyc2lvbiI6IjAifQ=="
        },
        {
          "index_key": "timber",
          "schema_version": 0,
          "attributes": {
            "enabled": false,
            "id": "150816982",
            "repository": "timber",
            "repository_id": 150816982
          },
          "sensitive_attributes": [],
          "private": "eyJzY2hlbWFfdmVyc2lvbiI6IjAifQ=="
        },
        {
          "index_key": "unifi-site",
          "schema_version": 0,
          "attributes": {
            "enabled": false,
            "id": "668081332",
            "repository": "unifi-site",
            "repository_id": 668081332
          },
          "sensitive_attributes": [],
          "private": "eyJzY2hlbWFfdmVyc2lvbiI6IjAifQ=="
        },
        {
          "index_key": "userinput",
          "schema_version": 0,
          "attributes": {
            "enabled": false,
            "id": "18250921",
            "repository": "userinput",
            "repository_id": 18250921
          },
          "sensitive_attributes": [],
          "private": "eyJzY2hlbWFfdmVyc2lvbiI6IjAifQ=="
        },
        {
          "index_key": "voyager",
          "schema_version": 0,
          "attributes": {
            "enabled": false,
            "id": "91583679",
            "repository": "voyager",
            "repository_id": 91583679
          },
          "sensitive_attributes": [],
          "private": "eyJzY2hlbWFfdmVyc2lvbiI6IjAifQ=="
        },
        {
          "index_key": "watchdog-lambda",
          "schema_version": 0,
          "attributes": {
            "enabled": false,
            "id": "544203842",
            "repository": "watchdog-lambda",
            "repository_id": 544203842
          },
          "sensitive_attributes": [],
          "private": "eyJzY2hlbWFfdmVyc2lvbiI6IjAifQ=="
        },
        {
          "index_key": "wh31e",
          "schema_version": 0,
          "attributes": {
            "enabled": false,
            "id": "865106330",
            "repository": "wh31e",
            "repository_id": 865106330
          },
          "sensitive_attributes": [],
          "private": "eyJzY2hlbWFfdmVyc2lvbiI6IjAifQ=="
        },
        {
          "index_key": "yubiotp",
          "schema_version": 0,
          "attributes": {
            "enabled": false,
            "id": "585387073",
            "repository": "yubiotp",
            "repository_id": 585387073
          },
          "sensitive_attributes": [],
          "private": "eyJzY2hlbWFfdmVyc2lvbiI6IjAifQ=="
        }
      ]
    },
    {
      "module": "module.amylum",
      "mode": "managed",
      "type": "github_branch_protection",
      "name": "each",
      "provider": "provider[\"registry.terraform.io/integrations/github\"].amylum",
      "instances": [
        {
          "index_key": ".github",
          "schema_version": 2,
          "attributes": {
            "allows_deletions": false,
            "allows_force_pushes": false,
            "enforce_admins": true,
            "force_push_bypassers": null,
            "id": "BPR_kwDOTU8Lrs4Exgqg",
            "lock_branch": false,
            "pattern": "main",
            "repository_id": ".github",
            "require_conversation_resolution": false,
            "require_signed_commits": false,
            "required_linear_history": false,
            "required_pull_request_reviews": [],
            "required_status_checks": [
              {
                "contexts": [
                  "Build / Build (pull_request)",
                  "policy-bot: main"
                ],
                "strict": true
              }
            ],
            "restrict_pushes": []
          },
          "sensitive_attributes": [],
          "private": "eyJzY2hlbWFfdmVyc2lvbiI6IjIifQ=="
        },
        {
          "index_key": "build",
          "schema_version": 2,
          "attributes": {
            "allows_deletions": false,
            "allows_force_pushes": false,
            "enforce_admins": true,
            "force_push_bypassers": null,
            "id": "BPR_kwDOKLOHAM4ExgqR",
            "lock_branch": false,
            "pattern": "main",
            "repository_id": "build",
            "require_conversation_resolution": false,
            "require_signed_commits": false,
            "required_linear_history": false,
            "required_pull_request_reviews": [],
            "required_status_checks": [
              {
                "contexts": [
                  "Build / Build (pull_request)",
                  "policy-bot: main"
                ],
                "strict": true
              }
            ],
            "restrict_pushes": []
          },
          "sensitive_attributes": [],
          "private": "eyJzY2hlbWFfdmVyc2lvbiI6IjIifQ=="
        },
        {
          "index_key": "repo",
          "schema_version": 2,
          "attributes": {
            "allows_deletions": false,
            "allows_force_pushes": false,
            "enforce_admins": true,
            "force_push_bypassers": null,
            "id": "BPR_kwDOAbX6M84ExgqU",
            "lock_branch": false,
            "pattern": "main",
            "repository_id": "repo",
            "require_conversation_resolution": false,
            "require_signed_commits": false,
            "required_linear_history": false,
            "required_pull_request_reviews": [],
            "required_status_checks": [
              {
                "contexts": [
                  "Build / Build (pull_request)",
                  "policy-bot: main"
                ],
                "strict": true
              }
            ],
            "restrict_pushes": []
          },
          "sensitive_attributes": [],
          "private": "eyJzY2hlbWFfdmVyc2lvbiI6IjIifQ=="
        },
        {
          "index_key": "s3repo",
          "schema_version": 2,
          "attributes": {
            "allows_deletions": false,
            "allows_force_pushes": false,
            "enforce_admins": true,
            "force_push_bypassers": null,
            "id": "BPR_kwDOAdtQfM4ExgqK",
            "lock_branch": false,
            "pattern": "main",
            "repository_id": "s3repo",
            "require_conversation_resolution": false,
            "require_signed_commits": false,
            "required_linear_history": false,
            "required_pull_request_reviews": [],
            "required_status_checks": [
              {
                "contexts": [
                  "Build / Build (pull_request)",
                  "policy-bot: main"
                ],
                "strict": true
              }
            ],
            "restrict_pushes": []
          },
          "sensitive_attributes": [],
          "private": "eyJzY2hlbWFfdmVyc2lvbiI6IjIifQ=="
        }
      ]
    },
    {
      "module": "module.amylum",
      "mode": "managed",
      "type": "github_issue_labels",
      "name": "each",
      "provider": "provider[\"registry.terraform.io/integrations/github\"].amylum",
      "instances": [
        {
          "index_key": ".github",
          "schema_version": 0,
          "attributes": {
            "id": ".github",
            "label": [
              {
                "color": "0000ff",
                "description": "",
                "name": "feature",
                "url": "https://api.github.com/repos/amylum/.github/labels/feature"
              },
              {
                "color": "008000",
                "description": "",
                "name": "mergewhenready",
                "url": "https://api.github.com/repos/amylum/.github/labels/mergewhenready"
              },
              {
                "color": "ff0000",
                "description": "",
                "name": "donotmerge",
                "url": "https://api.github.com/repos/amylum/.github/labels/donotmerge"
              },
              {
                "color": "ffa500",
                "description": "",
                "name": "bug",
                "url": "https://api.github.com/repos/amylum/.github/labels/bug"
              }
            ],
            "repository": ".github"
          },
          "sensitive_attributes": [],
          "private": "bnVsbA=="
        },
        {
          "index_key": "build",
          "schema_version": 0,
          "attributes": {
            "id": "build",
            "label": [
              {
                "color": "0000ff",
                "description": "",
                "name": "feature",
                "url": "https://api.github.com/repos/amylum/build/labels/feature"
              },
              {
                "color": "008000",
                "description": "",
                "name": "mergewhenready",
                "url": "https://api.github.com/repos/amylum/build/labels/mergewhenready"
              },
              {
                "color": "ff0000",
                "description": "",
                "name": "donotmerge",
                "url": "https://api.github.com/repos/amylum/build/labels/donotmerge"
              },
              {
                "color": "ffa500",
                "description": "",
                "name": "bug",
                "url": "https://api.github.com/repos/amylum/build/labels/bug"
              }
            ],
            "repository": "build"
          },
          "sensitive_attributes": [],
          "private": "bnVsbA=="
        },
        {
          "index_key": "repo",
          "schema_version": 0,
          "attributes": {
            "id": "repo",
            "label": [
              {
                "color": "0000ff",
                "description": "",
                "name": "feature",
                "url": "https://api.github.com/repos/amylum/repo/labels/feature"
              },
              {
                "color": "008000",
                "description": "",
                "name": "mergewhenready",
                "url": "https://api.github.com/repos/amylum/repo/labels/mergewhenready"
              },
              {
                "color": "ff0000",
                "description": "",
                "name": "donotmerge",
                "url": "https://api.github.com/repos/amylum/repo/labels/donotmerge"
              },
              {
                "color": "ffa500",
                "description": "",
                "name": "bug",
                "url": "https://api.github.com/repos/amylum/repo/labels/bug"
              }
            ],
            "repository": "repo"
          },
          "sensitive_attributes": [],
          "private": "eyJzY2hlbWFfdmVyc2lvbiI6IjAifQ=="
        },
        {
          "index_key": "s3repo",
          "schema_version": 0,
          "attributes": {
            "id": "s3repo",
            "label": [
              {
                "color": "0000ff",
                "description": "",
                "name": "feature",
                "url": "https://api.github.com/repos/amylum/s3repo/labels/feature"
              },
              {
                "color": "008000",
                "description": "",
                "name": "mergewhenready",
                "url": "https://api.github.com/repos/amylum/s3repo/labels/mergewhenready"
              },
              {
                "color": "ff0000",
                "description": "",
                "name": "donotmerge",
                "url": "https://api.github.com/repos/amylum/s3repo/labels/donotmerge"
              },
              {
                "color": "ffa500",
                "description": "",
                "name": "bug",
                "url": "https://api.github.com/repos/amylum/s3repo/labels/bug"
              }
            ],
            "repository": "s3repo"
          },
          "sensitive_attributes": [],
          "private": "eyJzY2hlbWFfdmVyc2lvbiI6IjAifQ=="
        }
      ]
    },
    {
      "module": "module.amylum",
      "mode": "managed",
      "type": "github_repository",
      "name": "each",
      "provider": "provider[\"registry.terraform.io/integrations/github\"].amylum",
      "instances": [
        {
          "index_key": ".github",
          "schema_version": 1,
          "attributes": {
            "allow_auto_merge": false,
            "allow_forking": true,
            "allow_merge_commit": false,
            "allow_rebase_merge": false,
            "allow_squash_merge": true,
            "allow_update_branch": true,
            "archive_on_destroy": null,
            "archived": false,
            "auto_init": false,
            "default_branch": "main",
            "delete_branch_on_merge": true,
            "description": "",
            "etag": "W/\"e2551177129f20a0817128510df853bdd743c4538210f4afddb4ad3b05de749f\"",
            "fork": "false",
            "full_name": "amylum/.github",
            "git_clone_url": "git://github.com/amylum/.github.git",
            "gitignore_template": null,
            "has_discussions": false,
            "has_downloads": false,
            "has_issues": true,
            "has_projects": false,
            "has_wiki": false,
            "homepage_url": "",
            "html_url": "https://github.com/amylum/.github",
            "http_clone_url": "https://github.com/amylum/.github.git",
            "id": ".github",
            "ignore_vulnerability_alerts_during_read": null,
            "is_template": false,
            "license_template": null,
            "merge_commit_message": "PR_TITLE",
            "merge_commit_title": "MERGE_MESSAGE",
            "name": ".github",
            "node_id": "R_kgDOTU8Lrg",
            "pages": [],
            "primary_language": "",
            "private": false,
            "repo_id": 1297025966,
            "security_and_analysis": [
              {
                "advanced_security": [],
                "code_security": [],
                "secret_scanning": [
                  {
                    "status": "disabled"
                  }
                ],
                "secret_scanning_ai_detection": [],
                "secret_scanning_non_provider_patterns": [],
                "secret_scanning_push_protection": [
                  {
                    "status": "disabled"
                  }
                ]
              }
            ],
            "source_owner": "",
            "source_repo": "",
            "squash_merge_commit_message": "COMMIT_MESSAGES",
            "squash_merge_commit_title": "COMMIT_OR_PR_TITLE",
            "ssh_clone_url": "git@github.com:amylum/.github.git",
            "svn_url": "https://github.com/amylum/.github",
            "template": [],
            "topics": [],
            "visibility": "public",
            "vulnerability_alerts": false,
            "web_commit_signoff_required": false
          },
          "sensitive_attributes": [],
          "private": "eyJzY2hlbWFfdmVyc2lvbiI6IjEifQ=="
        },
        {
          "index_key": "build",
          "schema_version": 1,
          "attributes": {
            "allow_auto_merge": false,
            "allow_forking": true,
            "allow_merge_commit": false,
            "allow_rebase_merge": false,
            "allow_squash_merge": true,
            "allow_update_branch": true,
            "archive_on_destroy": null,
            "archived": false,
            "auto_init": false,
            "default_branch": "main",
            "delete_branch_on_merge": true,
            "description": "Docker container for building packages",
            "etag": "W/\"aa6a09f581227162e0a334946d1fbd7e28cbda9ecca0af88b12af32e66b26133\"",
            "fork": "false",
            "full_name": "amylum/build",
            "git_clone_url": "git://github.com/amylum/build.git",
            "gitignore_template": null,
            "has_discussions": false,
            "has_downloads": false,
            "has_issues": true,
            "has_projects": false,
            "has_wiki": false,
            "homepage_url": "",
            "html_url": "https://github.com/amylum/build",
            "http_clone_url": "https://github.com/amylum/build.git",
            "id": "build",
            "ignore_vulnerability_alerts_during_read": null,
            "is_template": false,
            "license_template": null,
            "merge_commit_message": "PR_TITLE",
            "merge_commit_title": "MERGE_MESSAGE",
            "name": "build",
            "node_id": "R_kgDOKLOHAA",
            "pages": [],
            "primary_language": "Dockerfile",
            "private": false,
            "repo_id": 682854144,
            "security_and_analysis": [
              {
                "advanced_security": [],
                "code_security": [],
                "secret_scanning": [
                  {
                    "status": "disabled"
                  }
                ],
                "secret_scanning_ai_detection": [],
                "secret_scanning_non_provider_patterns": [],
                "secret_scanning_push_protection": [
                  {
                    "status": "disabled"
                  }
                ]
              }
            ],
            "source_owner": "",
            "source_repo": "",
            "squash_merge_commit_message": "COMMIT_MESSAGES",
            "squash_merge_commit_title": "COMMIT_OR_PR_TITLE",
            "ssh_clone_url": "git@github.com:amylum/build.git",
            "svn_url": "https://github.com/amylum/build",
            "template": [],
            "topics": [],
            "visibility": "public",
            "vulnerability_alerts": false,
            "web_commit_signoff_required": false
          },
          "sensitive_attributes": [],
          "private": "eyJzY2hlbWFfdmVyc2lvbiI6IjEifQ=="
        },
        {
          "index_key": "repo",
          "schema_version": 1,
          "attributes": {
            "allow_auto_merge": false,
            "allow_forking": true,
            "allow_merge_commit": false,
            "allow_rebase_merge": false,
            "allow_squash_merge": true,
            "allow_update_branch": true,
            "archive_on_destroy": null,
            "archived": false,
            "auto_init": false,
            "default_branch": "main",
            "delete_branch_on_merge": true,
            "description": "Arch package repository",
            "etag": "W/\"2c6e0caa3ded1f516756c7c8c22449f07af03ab5b65ca8cccf10f3fe4a21ed8d\"",
            "fork": "false",
            "full_name": "amylum/repo",
            "git_clone_url": "git://github.com/amylum/repo.git",
            "gitignore_template": null,
            "has_discussions": false,
            "has_downloads": false,
            "has_issues": true,
            "has_projects": false,
            "has_wiki": false,
            "homepage_url": "https://repo.scrtybybscrty.org/",
            "html_url": "https://github.com/amylum/repo",
            "http_clone_url": "https://github.com/amylum/repo.git",
            "id": "repo",
            "ignore_vulnerability_alerts_during_read": null,
            "is_template": false,
            "license_template": null,
            "merge_commit_message": "PR_TITLE",
            "merge_commit_title": "MERGE_MESSAGE",
            "name": "repo",
            "node_id": "MDEwOlJlcG9zaXRvcnkyODcwMzI4Mw==",
            "pages": [],
            "primary_language": "Shell",
            "private": false,
            "repo_id": 28703283,
            "security_and_analysis": [
              {
                "advanced_security": [],
                "code_security": [],
                "secret_scanning": [
                  {
                    "status": "disabled"
                  }
                ],
                "secret_scanning_ai_detection": [],
                "secret_scanning_non_provider_patterns": [],
                "secret_scanning_push_protection": [
                  {
                    "status": "disabled"
                  }
                ]
              }
            ],
            "source_owner": "",
            "source_repo": "",
            "squash_merge_commit_message": "COMMIT_MESSAGES",
            "squash_merge_commit_title": "COMMIT_OR_PR_TITLE",
            "ssh_clone_url": "git@github.com:amylum/repo.git",
            "svn_url": "https://github.com/amylum/repo",
            "template": [],
            "topics": [],
            "visibility": "public",
            "vulnerability_alerts": false,
            "web_commit_signoff_required": false
          },
          "sensitive_attributes": [],
          "private": "eyJzY2hlbWFfdmVyc2lvbiI6IjEifQ=="
        },
        {
          "index_key": "s3repo",
          "schema_version": 1,
          "attributes": {
            "allow_auto_merge": false,
            "allow_forking": true,
            "allow_merge_commit": false,
            "allow_rebase_merge": false,
            "allow_squash_merge": true,
            "allow_update_branch": true,
            "archive_on_destroy": null,
            "archived": false,
            "auto_init": false,
            "default_branch": "main",
            "delete_branch_on_merge": true,
            "description": "Simple library for interacting with Archlinux repos in S3",
            "etag": "W/\"f70650b155ec7fea145a29aed9f61a2a820659b97659c56fb609c2645c38ed5c\"",
            "fork": "false",
            "full_name": "amylum/s3repo",
            "git_clone_url": "git://github.com/amylum/s3repo.git",
            "gitignore_template": null,
            "has_discussions": false,
            "has_downloads": false,
            "has_issues": true,
            "has_projects": false,
            "has_wiki": false,
            "homepage_url": "",
            "html_url": "https://github.com/amylum/s3repo",
            "http_clone_url": "https://github.com/amylum/s3repo.git",
            "id": "s3repo",
            "ignore_vulnerability_alerts_during_read": null,
            "is_template": false,
            "license_template": null,
            "merge_commit_message": "PR_TITLE",
            "merge_commit_title": "MERGE_MESSAGE",
            "name": "s3repo",
            "node_id": "MDEwOlJlcG9zaXRvcnkzMTE1MDIwNA==",
            "pages": [],
            "primary_language": "Ruby",
            "private": false,
            "repo_id": 31150204,
            "security_and_analysis": [
              {
                "advanced_security": [],
                "code_security": [],
                "secret_scanning": [
                  {
                    "status": "disabled"
                  }
                ],
                "secret_scanning_ai_detection": [],
                "secret_scanning_non_provider_patterns": [],
                "secret_scanning_push_protection": [
                  {
                    "status": "disabled"
                  }
                ]
              }
            ],
            "source_owner": "",
            "source_repo": "",
            "squash_merge_commit_message": "COMMIT_MESSAGES",
            "squash_merge_commit_title": "COMMIT_OR_PR_TITLE",
            "ssh_clone_url": "git@github.com:amylum/s3repo.git",
            "svn_url": "https://github.com/amylum/s3repo",
            "template": [],
            "topics": [],
            "visibility": "public",
            "vulnerability_alerts": false,
            "web_commit_signoff_required": false
          },
          "sensitive_attributes": [],
          "private": "eyJzY2hlbWFfdmVyc2lvbiI6IjEifQ=="
        }
      ]
    },
    {
      "module": "module.amylum",
      "mode": "managed",
      "type": "github_repository_vulnerability_alerts",
      "name": "each",
      "provider": "provider[\"registry.terraform.io/integrations/github\"].amylum",
      "instances": [
        {
          "index_key": ".github",
          "schema_version": 0,
          "attributes": {
            "enabled": false,
            "id": "1297025966",
            "repository": ".github",
            "repository_id": 1297025966
          },
          "sensitive_attributes": [],
          "private": "eyJzY2hlbWFfdmVyc2lvbiI6IjAifQ=="
        },
        {
          "index_key": "build",
          "schema_version": 0,
          "attributes": {
            "enabled": false,
            "id": "682854144",
            "repository": "build",
            "repository_id": 682854144
          },
          "sensitive_attributes": [],
          "private": "eyJzY2hlbWFfdmVyc2lvbiI6IjAifQ=="
        },
        {
          "index_key": "repo",
          "schema_version": 0,
          "attributes": {
            "enabled": false,
            "id": "28703283",
            "repository": "repo",
            "repository_id": 28703283
          },
          "sensitive_attributes": [],
          "private": "eyJzY2hlbWFfdmVyc2lvbiI6IjAifQ=="
        },
        {
          "index_key": "s3repo",
          "schema_version": 0,
          "attributes": {
            "enabled": false,
            "id": "31150204",
            "repository": "s3repo",
            "repository_id": 31150204
          },
          "sensitive_attributes": [],
          "private": "eyJzY2hlbWFfdmVyc2lvbiI6IjAifQ=="
        }
      ]
    },
    {
      "module": "module.armorfret",
      "mode": "managed",
      "type": "github_branch_protection",
      "name": "each",
      "provider": "provider[\"registry.terraform.io/integrations/github\"].armorfret",
      "instances": [
        {
          "index_key": ".github",
          "schema_version": 2,
          "attributes": {
            "allows_deletions": false,
            "allows_force_pushes": false,
            "enforce_admins": true,
            "force_push_bypassers": null,
            "id": "BPR_kwDOTU8M3c4Exgrw",
            "lock_branch": false,
            "pattern": "main",
            "repository_id": ".github",
            "require_conversation_resolution": false,
            "require_signed_commits": false,
            "required_linear_history": false,
            "required_pull_request_reviews": [],
            "required_status_checks": [
              {
                "contexts": [
                  "Build / Build (pull_request)",
                  "policy-bot: main"
                ],
                "strict": true
              }
            ],
            "restrict_pushes": []
          },
          "sensitive_attributes": [],
          "private": "eyJzY2hlbWFfdmVyc2lvbiI6IjIifQ=="
        },
        {
          "index_key": "ci-helpers",
          "schema_version": 2,
          "attributes": {
            "allows_deletions": false,
            "allows_force_pushes": false,
            "enforce_admins": true,
            "force_push_bypassers": null,
            "id": "BPR_kwDOCmpSJc4ExgrQ",
            "lock_branch": false,
            "pattern": "main",
            "repository_id": "ci-helpers",
            "require_conversation_resolution": false,
            "require_signed_commits": false,
            "required_linear_history": false,
            "required_pull_request_reviews": [],
            "required_status_checks": [
              {
                "contexts": [
                  "Build / Build (pull_request)",
                  "policy-bot: main"
                ],
                "strict": true
              }
            ],
            "restrict_pushes": []
          },
          "sensitive_attributes": [],
          "private": "eyJzY2hlbWFfdmVyc2lvbiI6IjIifQ=="
        },
        {
          "index_key": "terraform-aws-acm-certificate",
          "schema_version": 2,
          "attributes": {
            "allows_deletions": false,
            "allows_force_pushes": false,
            "enforce_admins": true,
            "force_push_bypassers": null,
            "id": "BPR_kwDOCcnKPs4ExgrX",
            "lock_branch": false,
            "pattern": "main",
            "repository_id": "terraform-aws-acm-certificate",
            "require_conversation_resolution": false,
            "require_signed_commits": false,
            "required_linear_history": false,
            "required_pull_request_reviews": [],
            "required_status_checks": [
              {
                "contexts": [
                  "Build / Build (pull_request)",
                  "policy-bot: main"
                ],
                "strict": true
              }
            ],
            "restrict_pushes": []
          },
          "sensitive_attributes": [],
          "private": "eyJzY2hlbWFfdmVyc2lvbiI6IjIifQ=="
        },
        {
          "index_key": "terraform-aws-apigw-lambda",
          "schema_version": 2,
          "attributes": {
            "allows_deletions": false,
            "allows_force_pushes": false,
            "enforce_admins": true,
            "force_push_bypassers": null,
            "id": "BPR_kwDOCmtjGM4Exgra",
            "lock_branch": false,
            "pattern": "main",
            "repository_id": "terraform-aws-apigw-lambda",
            "require_conversation_resolution": false,
            "require_signed_commits": false,
            "required_linear_history": false,
            "required_pull_request_reviews": [],
            "required_status_checks": [
              {
                "contexts": [
                  "Build / Build (pull_request)",
                  "policy-bot: main"
                ],
                "strict": true
              }
            ],
            "restrict_pushes": []
          },
          "sensitive_attributes": [],
          "private": "eyJzY2hlbWFfdmVyc2lvbiI6IjIifQ=="
        },
        {
          "index_key": "terraform-aws-lambda",
          "schema_version": 2,
          "attributes": {
            "allows_deletions": false,
            "allows_force_pushes": false,
            "enforce_admins": true,
            "force_push_bypassers": null,
            "id": "BPR_kwDOCcwb184Exgqt",
            "lock_branch": false,
            "pattern": "main",
            "repository_id": "terraform-aws-lambda",
            "require_conversation_resolution": false,
            "require_signed_commits": false,
            "required_linear_history": false,
            "required_pull_request_reviews": [],
            "required_status_checks": [
              {
                "contexts": [
                  "Build / Build (pull_request)",
                  "policy-bot: main"
                ],
                "strict": true
              }
            ],
            "restrict_pushes": []
          },
          "sensitive_attributes": [],
          "private": "eyJzY2hlbWFfdmVyc2lvbiI6IjIifQ=="
        },
        {
          "index_key": "terraform-aws-lambda-blindclock",
          "schema_version": 2,
          "attributes": {
            "allows_deletions": false,
            "allows_force_pushes": false,
            "enforce_admins": true,
            "force_push_bypassers": null,
            "id": "BPR_kwDOJphYls4Exgqf",
            "lock_branch": false,
            "pattern": "main",
            "repository_id": "terraform-aws-lambda-blindclock",
            "require_conversation_resolution": false,
            "require_signed_commits": false,
            "required_linear_history": false,
            "required_pull_request_reviews": [],
            "required_status_checks": [
              {
                "contexts": [
                  "Build / Build (pull_request)",
                  "policy-bot: main"
                ],
                "strict": true
              }
            ],
            "restrict_pushes": []
          },
          "sensitive_attributes": [],
          "private": "eyJzY2hlbWFfdmVyc2lvbiI6IjIifQ=="
        },
        {
          "index_key": "terraform-aws-lambda-frame",
          "schema_version": 2,
          "attributes": {
            "allows_deletions": false,
            "allows_force_pushes": false,
            "enforce_admins": true,
            "force_push_bypassers": null,
            "id": "BPR_kwDOJqngts4ExgrV",
            "lock_branch": false,
            "pattern": "main",
            "repository_id": "terraform-aws-lambda-frame",
            "require_conversation_resolution": false,
            "require_signed_commits": false,
            "required_linear_history": false,
            "required_pull_request_reviews": [],
            "required_status_checks": [
              {
                "contexts": [
                  "Build / Build (pull_request)",
                  "policy-bot: main"
                ],
                "strict": true
              }
            ],
            "restrict_pushes": []
          },
          "sensitive_attributes": [],
          "private": "eyJzY2hlbWFfdmVyc2lvbiI6IjIifQ=="
        },
        {
          "index_key": "terraform-aws-lambda-githubauth",
          "schema_version": 2,
          "attributes": {
            "allows_deletions": false,
            "allows_force_pushes": false,
            "enforce_admins": true,
            "force_push_bypassers": null,
            "id": "BPR_kwDOCcnKbM4Exgrh",
            "lock_branch": false,
            "pattern": "main",
            "repository_id": "terraform-aws-lambda-githubauth",
            "require_conversation_resolution": false,
            "require_signed_commits": false,
            "required_linear_history": false,
            "required_pull_request_reviews": [],
            "required_status_checks": [
              {
                "contexts": [
                  "Build / Build (pull_request)",
                  "policy-bot: main"
                ],
                "strict": true
              }
            ],
            "restrict_pushes": []
          },
          "sensitive_attributes": [],
          "private": "eyJzY2hlbWFfdmVyc2lvbiI6IjIifQ=="
        },
        {
          "index_key": "terraform-aws-lambda-hookexporter",
          "schema_version": 2,
          "attributes": {
            "allows_deletions": false,
            "allows_force_pushes": false,
            "enforce_admins": true,
            "force_push_bypassers": null,
            "id": "BPR_kwDOJxVnD84Exgr3",
            "lock_branch": false,
            "pattern": "main",
            "repository_id": "terraform-aws-lambda-hookexporter",
            "require_conversation_resolution": false,
            "require_signed_commits": false,
            "required_linear_history": false,
            "required_pull_request_reviews": [],
            "required_status_checks": [
              {
                "contexts": [
                  "Build / Build (pull_request)",
                  "policy-bot: main"
                ],
                "strict": true
              }
            ],
            "restrict_pushes": []
          },
          "sensitive_attributes": [],
          "private": "eyJzY2hlbWFfdmVyc2lvbiI6IjIifQ=="
        },
        {
          "index_key": "terraform-aws-lambda-madlibrarian",
          "schema_version": 2,
          "attributes": {
            "allows_deletions": false,
            "allows_force_pushes": false,
            "enforce_admins": true,
            "force_push_bypassers": null,
            "id": "BPR_kwDOCcnKr84Exgq8",
            "lock_branch": false,
            "pattern": "main",
            "repository_id": "terraform-aws-lambda-madlibrarian",
            "require_conversation_resolution": false,
            "require_signed_commits": false,
            "required_linear_history": false,
            "required_pull_request_reviews": [],
            "required_status_checks": [
              {
                "contexts": [
                  "Build / Build (pull_request)",
                  "policy-bot: main"
                ],
                "strict": true
              }
            ],
            "restrict_pushes": []
          },
          "sensitive_attributes": [],
          "private": "eyJzY2hlbWFfdmVyc2lvbiI6IjIifQ=="
        },
        {
          "index_key": "terraform-aws-lambda-s3authproxy",
          "schema_version": 2,
          "attributes": {
            "allows_deletions": false,
            "allows_force_pushes": false,
            "enforce_admins": true,
            "force_push_bypassers": null,
            "id": "BPR_kwDOCmmJ7s4Exgq5",
            "lock_branch": false,
            "pattern": "main",
            "repository_id": "terraform-aws-lambda-s3authproxy",
            "require_conversation_resolution": false,
            "require_signed_commits": false,
            "required_linear_history": false,
            "required_pull_request_reviews": [],
            "required_status_checks": [
              {
                "contexts": [
                  "Build / Build (pull_request)",
                  "policy-bot: main"
                ],
                "strict": true
              }
            ],
            "restrict_pushes": []
          },
          "sensitive_attributes": [],
          "private": "eyJzY2hlbWFfdmVyc2lvbiI6IjIifQ=="
        },
        {
          "index_key": "terraform-aws-lambda-watchdog",
          "schema_version": 2,
          "attributes": {
            "allows_deletions": false,
            "allows_force_pushes": false,
            "enforce_admins": true,
            "force_push_bypassers": null,
            "id": "BPR_kwDOIHBXoM4ExgrR",
            "lock_branch": false,
            "pattern": "main",
            "repository_id": "terraform-aws-lambda-watchdog",
            "require_conversation_resolution": false,
            "require_signed_commits": false,
            "required_linear_history": false,
            "required_pull_request_reviews": [],
            "required_status_checks": [
              {
                "contexts": [
                  "Build / Build (pull_request)",
                  "policy-bot: main"
                ],
                "strict": true
              }
            ],
            "restrict_pushes": []
          },
          "sensitive_attributes": [],
          "private": "eyJzY2hlbWFfdmVyc2lvbiI6IjIifQ=="
        },
        {
          "index_key": "terraform-aws-r53-certbot",
          "schema_version": 2,
          "attributes": {
            "allows_deletions": false,
            "allows_force_pushes": false,
            "enforce_admins": true,
            "force_push_bypassers": null,
            "id": "BPR_kwDOEw_v1c4ExgrU",
            "lock_branch": false,
            "pattern": "main",
            "repository_id": "terraform-aws-r53-certbot",
            "require_conversation_resolution": false,
            "require_signed_commits": false,
            "required_linear_history": false,
            "required_pull_request_reviews": [],
            "required_status_checks": [
              {
                "contexts": [
                  "Build / Build (pull_request)",
                  "policy-bot: main"
                ],
                "strict": true
              }
            ],
            "restrict_pushes": []
          },
          "sensitive_attributes": [],
          "private": "eyJzY2hlbWFfdmVyc2lvbiI6IjIifQ=="
        },
        {
          "index_key": "terraform-aws-r53-zone",
          "schema_version": 2,
          "attributes": {
            "allows_deletions": false,
            "allows_force_pushes": false,
            "enforce_admins": true,
            "force_push_bypassers": null,
            "id": "BPR_kwDOCcnLAs4Exgrq",
            "lock_branch": false,
            "pattern": "main",
            "repository_id": "terraform-aws-r53-zone",
            "require_conversation_resolution": false,
            "require_signed_commits": false,
            "required_linear_history": false,
            "required_pull_request_reviews": [],
            "required_status_checks": [
              {
                "contexts": [
                  "Build / Build (pull_request)",
                  "policy-bot: main"
                ],
                "strict": true
              }
            ],
            "restrict_pushes": []
          },
          "sensitive_attributes": [],
          "private": "eyJzY2hlbWFfdmVyc2lvbiI6IjIifQ=="
        },
        {
          "index_key": "terraform-aws-s3-configvault",
          "schema_version": 2,
          "attributes": {
            "allows_deletions": false,
            "allows_force_pushes": false,
            "enforce_admins": true,
            "force_push_bypassers": null,
            "id": "BPR_kwDOG_0w884Exgq2",
            "lock_branch": false,
            "pattern": "main",
            "repository_id": "terraform-aws-s3-configvault",
            "require_conversation_resolution": false,
            "require_signed_commits": false,
            "required_linear_history": false,
            "required_pull_request_reviews": [],
            "required_status_checks": [
              {
                "contexts": [
                  "Build / Build (pull_request)",
                  "policy-bot: main"
                ],
                "strict": true
              }
            ],
            "restrict_pushes": []
          },
          "sensitive_attributes": [],
          "private": "eyJzY2hlbWFfdmVyc2lvbiI6IjIifQ=="
        },
        {
          "index_key": "terraform-aws-s3-publish",
          "schema_version": 2,
          "attributes": {
            "allows_deletions": false,
            "allows_force_pushes": false,
            "enforce_admins": true,
            "force_push_bypassers": null,
            "id": "BPR_kwDOCcnLYs4ExgrI",
            "lock_branch": false,
            "pattern": "main",
            "repository_id": "terraform-aws-s3-publish",
            "require_conversation_resolution": false,
            "require_signed_commits": false,
            "required_linear_history": false,
            "required_pull_request_reviews": [],
            "required_status_checks": [
              {
                "contexts": [
                  "Build / Build (pull_request)",
                  "policy-bot: main"
                ],
                "strict": true
              }
            ],
            "restrict_pushes": []
          },
          "sensitive_attributes": [],
          "private": "eyJzY2hlbWFfdmVyc2lvbiI6IjIifQ=="
        },
        {
          "index_key": "terraform-aws-s3-website",
          "schema_version": 2,
          "attributes": {
            "allows_deletions": false,
            "allows_force_pushes": false,
            "enforce_admins": true,
            "force_push_bypassers": null,
            "id": "BPR_kwDOCcnLjs4ExgrP",
            "lock_branch": false,
            "pattern": "main",
            "repository_id": "terraform-aws-s3-website",
            "require_conversation_resolution": false,
            "require_signed_commits": false,
            "required_linear_history": false,
            "required_pull_request_reviews": [],
            "required_status_checks": [
              {
                "contexts": [
                  "Build / Build (pull_request)",
                  "policy-bot: main"
                ],
                "strict": true
              }
            ],
            "restrict_pushes": []
          },
          "sensitive_attributes": [],
          "private": "eyJzY2hlbWFfdmVyc2lvbiI6IjIifQ=="
        },
        {
          "index_key": "terraform-provider-awscreds",
          "schema_version": 2,
          "attributes": {
            "allows_deletions": false,
            "allows_force_pushes": false,
            "enforce_admins": true,
            "force_push_bypassers": null,
            "id": "BPR_kwDOBAsaQc4Exgq1",
            "lock_branch": false,
            "pattern": "main",
            "repository_id": "terraform-provider-awscreds",
            "require_conversation_resolution": false,
            "require_signed_commits": false,
            "required_linear_history": false,
            "required_pull_request_reviews": [],
            "required_status_checks": [
              {
                "contexts": [
                  "Build / Build (pull_request)",
                  "policy-bot: main"
                ],
                "strict": true
              }
            ],
            "restrict_pushes": []
          },
          "sensitive_attributes": [],
          "private": "eyJzY2hlbWFfdmVyc2lvbiI6IjIifQ=="
        }
      ]
    },
    {
      "module": "module.armorfret",
      "mode": "managed",
      "type": "github_issue_labels",
      "name": "each",
      "provider": "provider[\"registry.terraform.io/integrations/github\"].armorfret",
      "instances": [
        {
          "index_key": ".github",
          "schema_version": 0,
          "attributes": {
            "id": ".github",
            "label": [
              {
                "color": "0000ff",
                "description": "",
                "name": "feature",
                "url": "https://api.github.com/repos/armorfret/.github/labels/feature"
              },
              {
                "color": "008000",
                "description": "",
                "name": "mergewhenready",
                "url": "https://api.github.com/repos/armorfret/.github/labels/mergewhenready"
              },
              {
                "color": "ff0000",
                "description": "",
                "name": "donotmerge",
                "url": "https://api.github.com/repos/armorfret/.github/labels/donotmerge"
              },
              {
                "color": "ffa500",
                "description": "",
                "name": "bug",
                "url": "https://api.github.com/repos/armorfret/.github/labels/bug"
              }
            ],
            "repository": ".github"
          },
          "sensitive_attributes": [],
          "private": "bnVsbA=="
        },
        {
          "index_key": "ci-helpers",
          "schema_version": 0,
          "attributes": {
            "id": "ci-helpers",
            "label": [
              {
                "color": "0000ff",
                "description": "",
                "name": "feature",
                "url": "https://api.github.com/repos/armorfret/ci-helpers/labels/feature"
              },
              {
                "color": "008000",
                "description": "",
                "name": "mergewhenready",
                "url": "https://api.github.com/repos/armorfret/ci-helpers/labels/mergewhenready"
              },
              {
                "color": "ff0000",
                "description": "",
                "name": "donotmerge",
                "url": "https://api.github.com/repos/armorfret/ci-helpers/labels/donotmerge"
              },
              {
                "color": "ffa500",
                "description": "",
                "name": "bug",
                "url": "https://api.github.com/repos/armorfret/ci-helpers/labels/bug"
              }
            ],
            "repository": "ci-helpers"
          },
          "sensitive_attributes": [],
          "private": "eyJzY2hlbWFfdmVyc2lvbiI6IjAifQ=="
        },
        {
          "index_key": "terraform-aws-acm-certificate",
          "schema_version": 0,
          "attributes": {
            "id": "terraform-aws-acm-certificate",
            "label": [
              {
                "color": "0000ff",
                "description": "",
                "name": "feature",
                "url": "https://api.github.com/repos/armorfret/terraform-aws-acm-certificate/labels/feature"
              },
              {
                "color": "008000",
                "description": "",
                "name": "mergewhenready",
                "url": "https://api.github.com/repos/armorfret/terraform-aws-acm-certificate/labels/mergewhenready"
              },
              {
                "color": "ff0000",
                "description": "",
                "name": "donotmerge",
                "url": "https://api.github.com/repos/armorfret/terraform-aws-acm-certificate/labels/donotmerge"
              },
              {
                "color": "ffa500",
                "description": "",
                "name": "bug",
                "url": "https://api.github.com/repos/armorfret/terraform-aws-acm-certificate/labels/bug"
              }
            ],
            "repository": "terraform-aws-acm-certificate"
          },
          "sensitive_attributes": [],
          "private": "eyJzY2hlbWFfdmVyc2lvbiI6IjAifQ=="
        },
        {
          "index_key": "terraform-aws-apigw-lambda",
          "schema_version": 0,
          "attributes": {
            "id": "terraform-aws-apigw-lambda",
            "label": [
              {
                "color": "0000ff",
                "description": "",
                "name": "feature",
                "url": "https://api.github.com/repos/armorfret/terraform-aws-apigw-lambda/labels/feature"
              },
              {
                "color": "008000",
                "description": "",
                "name": "mergewhenready",
                "url": "https://api.github.com/repos/armorfret/terraform-aws-apigw-lambda/labels/mergewhenready"
              },
              {
                "color": "ff0000",
                "description": "",
                "name": "donotmerge",
                "url": "https://api.github.com/repos/armorfret/terraform-aws-apigw-lambda/labels/donotmerge"
              },
              {
                "color": "ffa500",
                "description": "",
                "name": "bug",
                "url": "https://api.github.com/repos/armorfret/terraform-aws-apigw-lambda/labels/bug"
              }
            ],
            "repository": "terraform-aws-apigw-lambda"
          },
          "sensitive_attributes": [],
          "private": "eyJzY2hlbWFfdmVyc2lvbiI6IjAifQ=="
        },
        {
          "index_key": "terraform-aws-lambda",
          "schema_version": 0,
          "attributes": {
            "id": "terraform-aws-lambda",
            "label": [
              {
                "color": "0000ff",
                "description": "",
                "name": "feature",
                "url": "https://api.github.com/repos/armorfret/terraform-aws-lambda/labels/feature"
              },
              {
                "color": "008000",
                "description": "",
                "name": "mergewhenready",
                "url": "https://api.github.com/repos/armorfret/terraform-aws-lambda/labels/mergewhenready"
              },
              {
                "color": "ff0000",
                "description": "",
                "name": "donotmerge",
                "url": "https://api.github.com/repos/armorfret/terraform-aws-lambda/labels/donotmerge"
              },
              {
                "color": "ffa500",
                "description": "",
                "name": "bug",
                "url": "https://api.github.com/repos/armorfret/terraform-aws-lambda/labels/bug"
              }
            ],
            "repository": "terraform-aws-lambda"
          },
          "sensitive_attributes": [],
          "private": "eyJzY2hlbWFfdmVyc2lvbiI6IjAifQ=="
        },
        {
          "index_key": "terraform-aws-lambda-blindclock",
          "schema_version": 0,
          "attributes": {
            "id": "terraform-aws-lambda-blindclock",
            "label": [
              {
                "color": "0000ff",
                "description": "",
                "name": "feature",
                "url": "https://api.github.com/repos/armorfret/terraform-aws-lambda-blindclock/labels/feature"
              },
              {
                "color": "008000",
                "description": "",
                "name": "mergewhenready",
                "url": "https://api.github.com/repos/armorfret/terraform-aws-lambda-blindclock/labels/mergewhenready"
              },
              {
                "color": "ff0000",
                "description": "",
                "name": "donotmerge",
                "url": "https://api.github.com/repos/armorfret/terraform-aws-lambda-blindclock/labels/donotmerge"
              },
              {
                "color": "ffa500",
                "description": "",
                "name": "bug",
                "url": "https://api.github.com/repos/armorfret/terraform-aws-lambda-blindclock/labels/bug"
              }
            ],
            "repository": "terraform-aws-lambda-blindclock"
          },
          "sensitive_attributes": [],
          "private": "eyJzY2hlbWFfdmVyc2lvbiI6IjAifQ=="
        },
        {
          "index_key": "terraform-aws-lambda-frame",
          "schema_version": 0,
          "attributes": {
            "id": "terraform-aws-lambda-frame",
            "label": [
              {
                "color": "0000ff",
                "description": "",
                "name": "feature",
                "url": "https://api.github.com/repos/armorfret/terraform-aws-lambda-frame/labels/feature"
              },
              {
                "color": "008000",
                "description": "",
                "name": "mergewhenready",
                "url": "https://api.github.com/repos/armorfret/terraform-aws-lambda-frame/labels/mergewhenready"
              },
              {
                "color": "ff0000",
                "description": "",
                "name": "donotmerge",
                "url": "https://api.github.com/repos/armorfret/terraform-aws-lambda-frame/labels/donotmerge"
              },
              {
                "color": "ffa500",
                "description": "",
                "name": "bug",
                "url": "https://api.github.com/repos/armorfret/terraform-aws-lambda-frame/labels/bug"
              }
            ],
            "repository": "terraform-aws-lambda-frame"
          },
          "sensitive_attributes": [],
          "private": "eyJzY2hlbWFfdmVyc2lvbiI6IjAifQ=="
        },
        {
          "index_key": "terraform-aws-lambda-githubauth",
          "schema_version": 0,
          "attributes": {
            "id": "terraform-aws-lambda-githubauth",
            "label": [
              {
                "color": "0000ff",
                "description": "",
                "name": "feature",
                "url": "https://api.github.com/repos/armorfret/terraform-aws-lambda-githubauth/labels/feature"
              },
              {
                "color": "008000",
                "description": "",
                "name": "mergewhenready",
                "url": "https://api.github.com/repos/armorfret/terraform-aws-lambda-githubauth/labels/mergewhenready"
              },
              {
                "color": "ff0000",
                "description": "",
                "name": "donotmerge",
                "url": "https://api.github.com/repos/armorfret/terraform-aws-lambda-githubauth/labels/donotmerge"
              },
              {
                "color": "ffa500",
                "description": "",
                "name": "bug",
                "url": "https://api.github.com/repos/armorfret/terraform-aws-lambda-githubauth/labels/bug"
              }
            ],
            "repository": "terraform-aws-lambda-githubauth"
          },
          "sensitive_attributes": [],
          "private": "eyJzY2hlbWFfdmVyc2lvbiI6IjAifQ=="
        },
        {
          "index_key": "terraform-aws-lambda-hookexporter",
          "schema_version": 0,
          "attributes": {
            "id": "terraform-aws-lambda-hookexporter",
            "label": [
              {
                "color": "0000ff",
                "description": "",
                "name": "feature",
                "url": "https://api.github.com/repos/armorfret/terraform-aws-lambda-hookexporter/labels/feature"
              },
              {
                "color": "008000",
                "description": "",
                "name": "mergewhenready",
                "url": "https://api.github.com/repos/armorfret/terraform-aws-lambda-hookexporter/labels/mergewhenready"
              },
              {
                "color": "ff0000",
                "description": "",
                "name": "donotmerge",
                "url": "https://api.github.com/repos/armorfret/terraform-aws-lambda-hookexporter/labels/donotmerge"
              },
              {
                "color": "ffa500",
                "description": "",
                "name": "bug",
                "url": "https://api.github.com/repos/armorfret/terraform-aws-lambda-hookexporter/labels/bug"
              }
            ],
            "repository": "terraform-aws-lambda-hookexporter"
          },
          "sensitive_attributes": [],
          "private": "bnVsbA=="
        },
        {
          "index_key": "terraform-aws-lambda-madlibrarian",
          "schema_version": 0,
          "attributes": {
            "id": "terraform-aws-lambda-madlibrarian",
            "label": [
              {
                "color": "0000ff",
                "description": "",
                "name": "feature",
                "url": "https://api.github.com/repos/armorfret/terraform-aws-lambda-madlibrarian/labels/feature"
              },
              {
                "color": "008000",
                "description": "",
                "name": "mergewhenready",
                "url": "https://api.github.com/repos/armorfret/terraform-aws-lambda-madlibrarian/labels/mergewhenready"
              },
              {
                "color": "ff0000",
                "description": "",
                "name": "donotmerge",
                "url": "https://api.github.com/repos/armorfret/terraform-aws-lambda-madlibrarian/labels/donotmerge"
              },
              {
                "color": "ffa500",
                "description": "",
                "name": "bug",
                "url": "https://api.github.com/repos/armorfret/terraform-aws-lambda-madlibrarian/labels/bug"
              }
            ],
            "repository": "terraform-aws-lambda-madlibrarian"
          },
          "sensitive_attributes": [],
          "private": "eyJzY2hlbWFfdmVyc2lvbiI6IjAifQ=="
        },
        {
          "index_key": "terraform-aws-lambda-s3authproxy",
          "schema_version": 0,
          "attributes": {
            "id": "terraform-aws-lambda-s3authproxy",
            "label": [
              {
                "color": "0000ff",
                "description": "",
                "name": "feature",
                "url": "https://api.github.com/repos/armorfret/terraform-aws-lambda-s3authproxy/labels/feature"
              },
              {
                "color": "008000",
                "description": "",
                "name": "mergewhenready",
                "url": "https://api.github.com/repos/armorfret/terraform-aws-lambda-s3authproxy/labels/mergewhenready"
              },
              {
                "color": "ff0000",
                "description": "",
                "name": "donotmerge",
                "url": "https://api.github.com/repos/armorfret/terraform-aws-lambda-s3authproxy/labels/donotmerge"
              },
              {
                "color": "ffa500",
                "description": "",
                "name": "bug",
                "url": "https://api.github.com/repos/armorfret/terraform-aws-lambda-s3authproxy/labels/bug"
              }
            ],
            "repository": "terraform-aws-lambda-s3authproxy"
          },
          "sensitive_attributes": [],
          "private": "eyJzY2hlbWFfdmVyc2lvbiI6IjAifQ=="
        },
        {
          "index_key": "terraform-aws-lambda-watchdog",
          "schema_version": 0,
          "attributes": {
            "id": "terraform-aws-lambda-watchdog",
            "label": [
              {
                "color": "0000ff",
                "description": "",
                "name": "feature",
                "url": "https://api.github.com/repos/armorfret/terraform-aws-lambda-watchdog/labels/feature"
              },
              {
                "color": "008000",
                "description": "",
                "name": "mergewhenready",
                "url": "https://api.github.com/repos/armorfret/terraform-aws-lambda-watchdog/labels/mergewhenready"
              },
              {
                "color": "ff0000",
                "description": "",
                "name": "donotmerge",
                "url": "https://api.github.com/repos/armorfret/terraform-aws-lambda-watchdog/labels/donotmerge"
              },
              {
                "color": "ffa500",
                "description": "",
                "name": "bug",
                "url": "https://api.github.com/repos/armorfret/terraform-aws-lambda-watchdog/labels/bug"
              }
            ],
            "repository": "terraform-aws-lambda-watchdog"
          },
          "sensitive_attributes": [],
          "private": "eyJzY2hlbWFfdmVyc2lvbiI6IjAifQ=="
        },
        {
          "index_key": "terraform-aws-r53-certbot",
          "schema_version": 0,
          "attributes": {
            "id": "terraform-aws-r53-certbot",
            "label": [
              {
                "color": "0000ff",
                "description": "",
                "name": "feature",
                "url": "https://api.github.com/repos/armorfret/terraform-aws-r53-certbot/labels/feature"
              },
              {
                "color": "008000",
                "description": "",
                "name": "mergewhenready",
                "url": "https://api.github.com/repos/armorfret/terraform-aws-r53-certbot/labels/mergewhenready"
              },
              {
                "color": "ff0000",
                "description": "",
                "name": "donotmerge",
                "url": "https://api.github.com/repos/armorfret/terraform-aws-r53-certbot/labels/donotmerge"
              },
              {
                "color": "ffa500",
                "description": "",
                "name": "bug",
                "url": "https://api.github.com/repos/armorfret/terraform-aws-r53-certbot/labels/bug"
              }
            ],
            "repository": "terraform-aws-r53-certbot"
          },
          "sensitive_attributes": [],
          "private": "eyJzY2hlbWFfdmVyc2lvbiI6IjAifQ=="
        },
        {
          "index_key": "terraform-aws-r53-zone",
          "schema_version": 0,
          "attributes": {
            "id": "terraform-aws-r53-zone",
            "label": [
              {
                "color": "0000ff",
                "description": "",
                "name": "feature",
                "url": "https://api.github.com/repos/armorfret/terraform-aws-r53-zone/labels/feature"
              },
              {
                "color": "008000",
                "description": "",
                "name": "mergewhenready",
                "url": "https://api.github.com/repos/armorfret/terraform-aws-r53-zone/labels/mergewhenready"
              },
              {
                "color": "ff0000",
                "description": "",
                "name": "donotmerge",
                "url": "https://api.github.com/repos/armorfret/terraform-aws-r53-zone/labels/donotmerge"
              },
              {
                "color": "ffa500",
                "description": "",
                "name": "bug",
                "url": "https://api.github.com/repos/armorfret/terraform-aws-r53-zone/labels/bug"
              }
            ],
            "repository": "terraform-aws-r53-zone"
          },
          "sensitive_attributes": [],
          "private": "eyJzY2hlbWFfdmVyc2lvbiI6IjAifQ=="
        },
        {
          "index_key": "terraform-aws-s3-configvault",
          "schema_version": 0,
          "attributes": {
            "id": "terraform-aws-s3-configvault",
            "label": [
              {
                "color": "0000ff",
                "description": "",
                "name": "feature",
                "url": "https://api.github.com/repos/armorfret/terraform-aws-s3-configvault/labels/feature"
              },
              {
                "color": "008000",
                "description": "",
                "name": "mergewhenready",
                "url": "https://api.github.com/repos/armorfret/terraform-aws-s3-configvault/labels/mergewhenready"
              },
              {
                "color": "ff0000",
                "description": "",
                "name": "donotmerge",
                "url": "https://api.github.com/repos/armorfret/terraform-aws-s3-configvault/labels/donotmerge"
              },
              {
                "color": "ffa500",
                "description": "",
                "name": "bug",
                "url": "https://api.github.com/repos/armorfret/terraform-aws-s3-configvault/labels/bug"
              }
            ],
            "repository": "terraform-aws-s3-configvault"
          },
          "sensitive_attributes": [],
          "private": "eyJzY2hlbWFfdmVyc2lvbiI6IjAifQ=="
        },
        {
          "index_key": "terraform-aws-s3-publish",
          "schema_version": 0,
          "attributes": {
            "id": "terraform-aws-s3-publish",
            "label": [
              {
                "color": "0000ff",
                "description": "",
                "name": "feature",
                "url": "https://api.github.com/repos/armorfret/terraform-aws-s3-publish/labels/feature"
              },
              {
                "color": "008000",
                "description": "",
                "name": "mergewhenready",
                "url": "https://api.github.com/repos/armorfret/terraform-aws-s3-publish/labels/mergewhenready"
              },
              {
                "color": "ff0000",
                "description": "",
                "name": "donotmerge",
                "url": "https://api.github.com/repos/armorfret/terraform-aws-s3-publish/labels/donotmerge"
              },
              {
                "color": "ffa500",
                "description": "",
                "name": "bug",
                "url": "https://api.github.com/repos/armorfret/terraform-aws-s3-publish/labels/bug"
              }
            ],
            "repository": "terraform-aws-s3-publish"
          },
          "sensitive_attributes": [],
          "private": "eyJzY2hlbWFfdmVyc2lvbiI6IjAifQ=="
        },
        {
          "index_key": "terraform-aws-s3-website",
          "schema_version": 0,
          "attributes": {
            "id": "terraform-aws-s3-website",
            "label": [
              {
                "color": "0000ff",
                "description": "",
                "name": "feature",
                "url": "https://api.github.com/repos/armorfret/terraform-aws-s3-website/labels/feature"
              },
              {
                "color": "008000",
                "description": "",
                "name": "mergewhenready",
                "url": "https://api.github.com/repos/armorfret/terraform-aws-s3-website/labels/mergewhenready"
              },
              {
                "color": "ff0000",
                "description": "",
                "name": "donotmerge",
                "url": "https://api.github.com/repos/armorfret/terraform-aws-s3-website/labels/donotmerge"
              },
              {
                "color": "ffa500",
                "description": "",
                "name": "bug",
                "url": "https://api.github.com/repos/armorfret/terraform-aws-s3-website/labels/bug"
              }
            ],
            "repository": "terraform-aws-s3-website"
          },
          "sensitive_attributes": [],
          "private": "eyJzY2hlbWFfdmVyc2lvbiI6IjAifQ=="
        },
        {
          "index_key": "terraform-provider-awscreds",
          "schema_version": 0,
          "attributes": {
            "id": "terraform-provider-awscreds",
            "label": [
              {
                "color": "0000ff",
                "description": "",
                "name": "feature",
                "url": "https://api.github.com/repos/armorfret/terraform-provider-awscreds/labels/feature"
              },
              {
                "color": "008000",
                "description": "",
                "name": "mergewhenready",
                "url": "https://api.github.com/repos/armorfret/terraform-provider-awscreds/labels/mergewhenready"
              },
              {
                "color": "ff0000",
                "description": "",
                "name": "donotmerge",
                "url": "https://api.github.com/repos/armorfret/terraform-provider-awscreds/labels/donotmerge"
              },
              {
                "color": "ffa500",
                "description": "",
                "name": "bug",
                "url": "https://api.github.com/repos/armorfret/terraform-provider-awscreds/labels/bug"
              }
            ],
            "repository": "terraform-provider-awscreds"
          },
          "sensitive_attributes": [],
          "private": "eyJzY2hlbWFfdmVyc2lvbiI6IjAifQ=="
        }
      ]
    },
    {
      "module": "module.armorfret",
      "mode": "managed",
      "type": "github_repository",
      "name": "each",
      "provider": "provider[\"registry.terraform.io/integrations/github\"].armorfret",
      "instances": [
        {
          "index_key": ".github",
          "schema_version": 1,
          "attributes": {
            "allow_auto_merge": false,
            "allow_forking": true,
            "allow_merge_commit": false,
            "allow_rebase_merge": false,
            "allow_squash_merge": true,
            "allow_update_branch": true,
            "archive_on_destroy": null,
            "archived": false,
            "auto_init": false,
            "default_branch": "main",
            "delete_branch_on_merge": true,
            "description": "",
            "etag": "W/\"0c3e614550dc2e4fcf9b82f28fbdd325d073fe424ca0245d77cc6b4741d96136\"",
            "fork": "false",
            "full_name": "armorfret/.github",
            "git_clone_url": "git://github.com/armorfret/.github.git",
            "gitignore_template": null,
            "has_discussions": false,
            "has_downloads": false,
            "has_issues": true,
            "has_projects": false,
            "has_wiki": false,
            "homepage_url": "",
            "html_url": "https://github.com/armorfret/.github",
            "http_clone_url": "https://github.com/armorfret/.github.git",
            "id": ".github",
            "ignore_vulnerability_alerts_during_read": null,
            "is_template": false,
            "license_template": null,
            "merge_commit_message": "PR_TITLE",
            "merge_commit_title": "MERGE_MESSAGE",
            "name": ".github",
            "node_id": "R_kgDOTU8M3Q",
            "pages": [],
            "primary_language": "",
            "private": false,
            "repo_id": 1297026269,
            "security_and_analysis": [
              {
                "advanced_security": [],
                "code_security": [],
                "secret_scanning": [
                  {
                    "status": "disabled"
                  }
                ],
                "secret_scanning_ai_detection": [],
                "secret_scanning_non_provider_patterns": [],
                "secret_scanning_push_protection": [
                  {
                    "status": "disabled"
                  }
                ]
              }
            ],
            "source_owner": "",
            "source_repo": "",
            "squash_merge_commit_message": "COMMIT_MESSAGES",
            "squash_merge_commit_title": "COMMIT_OR_PR_TITLE",
            "ssh_clone_url": "git@github.com:armorfret/.github.git",
            "svn_url": "https://github.com/armorfret/.github",
            "template": [],
            "topics": [],
            "visibility": "public",
            "vulnerability_alerts": false,
            "web_commit_signoff_required": false
          },
          "sensitive_attributes": [],
          "private": "eyJzY2hlbWFfdmVyc2lvbiI6IjEifQ=="
        },
        {
          "index_key": "ci-helpers",
          "schema_version": 1,
          "attributes": {
            "allow_auto_merge": false,
            "allow_forking": true,
            "allow_merge_commit": false,
            "allow_rebase_merge": false,
            "allow_squash_merge": true,
            "allow_update_branch": true,
            "archive_on_destroy": null,
            "archived": false,
            "auto_init": false,
            "default_branch": "main",
            "delete_branch_on_merge": true,
            "description": "",
            "etag": "W/\"5ce80b8108c177793addd83ce8d799ed36a918c6b61770fe9f8810e7166bef87\"",
            "fork": "false",
            "full_name": "armorfret/ci-helpers",
            "git_clone_url": "git://github.com/armorfret/ci-helpers.git",
            "gitignore_template": null,
            "has_discussions": false,
            "has_downloads": false,
            "has_issues": true,
            "has_projects": false,
            "has_wiki": false,
            "homepage_url": "",
            "html_url": "https://github.com/armorfret/ci-helpers",
            "http_clone_url": "https://github.com/armorfret/ci-helpers.git",
            "id": "ci-helpers",
            "ignore_vulnerability_alerts_during_read": null,
            "is_template": false,
            "license_template": null,
            "merge_commit_message": "PR_TITLE",
            "merge_commit_title": "MERGE_MESSAGE",
            "name": "ci-helpers",
            "node_id": "MDEwOlJlcG9zaXRvcnkxNzQ3NDAwMDU=",
            "pages": [],
            "primary_language": "Shell",
            "private": false,
            "repo_id": 174740005,
            "security_and_analysis": [
              {
                "advanced_security": [],
                "code_security": [],
                "secret_scanning": [
                  {
                    "status": "disabled"
                  }
                ],
                "secret_scanning_ai_detection": [],
                "secret_scanning_non_provider_patterns": [],
                "secret_scanning_push_protection": [
                  {
                    "status": "disabled"
                  }
                ]
              }
            ],
            "source_owner": "",
            "source_repo": "",
            "squash_merge_commit_message": "COMMIT_MESSAGES",
            "squash_merge_commit_title": "COMMIT_OR_PR_TITLE",
            "ssh_clone_url": "git@github.com:armorfret/ci-helpers.git",
            "svn_url": "https://github.com/armorfret/ci-helpers",
            "template": [],
            "topics": [],
            "visibility": "public",
            "vulnerability_alerts": false,
            "web_commit_signoff_required": false
          },
          "sensitive_attributes": [],
          "private": "eyJzY2hlbWFfdmVyc2lvbiI6IjEifQ=="
        },
        {
          "index_key": "terraform-aws-acm-certificate",
          "schema_version": 1,
          "attributes": {
            "allow_auto_merge": false,
            "allow_forking": true,
            "allow_merge_commit": false,
            "allow_rebase_merge": false,
            "allow_squash_merge": true,
            "allow_update_branch": true,
            "archive_on_destroy": null,
            "archived": false,
            "auto_init": false,
            "default_branch": "main",
            "delete_branch_on_merge": true,
            "description": "Terraform module for provisioning ACM TLS certificates",
            "etag": "W/\"25253fec9368f6358b851c6684700168b7b264cded327a5694d8be0dcc25aea6\"",
            "fork": "false",
            "full_name": "armorfret/terraform-aws-acm-certificate",
            "git_clone_url": "git://github.com/armorfret/terraform-aws-acm-certificate.git",
            "gitignore_template": null,
            "has_discussions": false,
            "has_downloads": false,
            "has_issues": true,
            "has_projects": false,
            "has_wiki": false,
            "homepage_url": "",
            "html_url": "https://github.com/armorfret/terraform-aws-acm-certificate",
            "http_clone_url": "https://github.com/armorfret/terraform-aws-acm-certificate.git",
            "id": "terraform-aws-acm-certificate",
            "ignore_vulnerability_alerts_during_read": null,
            "is_template": false,
            "license_template": null,
            "merge_commit_message": "PR_TITLE",
            "merge_commit_title": "MERGE_MESSAGE",
            "name": "terraform-aws-acm-certificate",
            "node_id": "MDEwOlJlcG9zaXRvcnkxNjQyMTk0NTQ=",
            "pages": [],
            "primary_language": "HCL",
            "private": false,
            "repo_id": 164219454,
            "security_and_analysis": [
              {
                "advanced_security": [],
                "code_security": [],
                "secret_scanning": [
                  {
                    "status": "disabled"
                  }
                ],
                "secret_scanning_ai_detection": [],
                "secret_scanning_non_provider_patterns": [],
                "secret_scanning_push_protection": [
                  {
                    "status": "disabled"
                  }
                ]
              }
            ],
            "source_owner": "",
            "source_repo": "",
            "squash_merge_commit_message": "COMMIT_MESSAGES",
            "squash_merge_commit_title": "COMMIT_OR_PR_TITLE",
            "ssh_clone_url": "git@github.com:armorfret/terraform-aws-acm-certificate.git",
            "svn_url": "https://github.com/armorfret/terraform-aws-acm-certificate",
            "template": [],
            "topics": [],
            "visibility": "public",
            "vulnerability_alerts": false,
            "web_commit_signoff_required": false
          },
          "sensitive_attributes": [],
          "private": "eyJzY2hlbWFfdmVyc2lvbiI6IjEifQ=="
        },
        {
          "index_key": "terraform-aws-apigw-lambda",
          "schema_version": 1,
          "attributes": {
            "allow_auto_merge": false,
            "allow_forking": true,
            "allow_merge_commit": false,
            "allow_rebase_merge": false,
            "allow_squash_merge": true,
            "allow_update_branch": true,
            "archive_on_destroy": null,
            "archived": false,
            "auto_init": false,
            "default_branch": "main",
            "delete_branch_on_merge": true,
            "description": "AWS API Gateway backed by a Lambda function",
            "etag": "W/\"88b8554cd919853d741dc49e75fd5333dd944badca9580f56afb385fcf97f211\"",
            "fork": "false",
            "full_name": "armorfret/terraform-aws-apigw-lambda",
            "git_clone_url": "git://github.com/armorfret/terraform-aws-apigw-lambda.git",
            "gitignore_template": null,
            "has_discussions": false,
            "has_downloads": false,
            "has_issues": true,
            "has_projects": false,
            "has_wiki": false,
            "homepage_url": "",
            "html_url": "https://github.com/armorfret/terraform-aws-apigw-lambda",
            "http_clone_url": "https://github.com/armorfret/terraform-aws-apigw-lambda.git",
            "id": "terraform-aws-apigw-lambda",
            "ignore_vulnerability_alerts_during_read": null,
            "is_template": false,
            "license_template": null,
            "merge_commit_message": "PR_TITLE",
            "merge_commit_title": "MERGE_MESSAGE",
            "name": "terraform-aws-apigw-lambda",
            "node_id": "MDEwOlJlcG9zaXRvcnkxNzQ4MDk4ODA=",
            "pages": [],
            "primary_language": "HCL",
            "private": false,
            "repo_id": 174809880,
            "security_and_analysis": [
              {
                "advanced_security": [],
                "code_security": [],
                "secret_scanning": [
                  {
                    "status": "disabled"
                  }
                ],
                "secret_scanning_ai_detection": [],
                "secret_scanning_non_provider_patterns": [],
                "secret_scanning_push_protection": [
                  {
                    "status": "disabled"
                  }
                ]
              }
            ],
            "source_owner": "",
            "source_repo": "",
            "squash_merge_commit_message": "COMMIT_MESSAGES",
            "squash_merge_commit_title": "COMMIT_OR_PR_TITLE",
            "ssh_clone_url": "git@github.com:armorfret/terraform-aws-apigw-lambda.git",
            "svn_url": "https://github.com/armorfret/terraform-aws-apigw-lambda",
            "template": [],
            "topics": [],
            "visibility": "public",
            "vulnerability_alerts": false,
            "web_commit_signoff_required": false
          },
          "sensitive_attributes": [],
          "private": "eyJzY2hlbWFfdmVyc2lvbiI6IjEifQ=="
        },
        {
          "index_key": "terraform-aws-lambda",
          "schema_version": 1,
          "attributes": {
            "allow_auto_merge": false,
            "allow_forking": true,
            "allow_merge_commit": false,
            "allow_rebase_merge": false,
            "allow_squash_merge": true,
            "allow_update_branch": true,
            "archive_on_destroy": null,
            "archived": false,
            "auto_init": false,
            "default_branch": "main",
            "delete_branch_on_merge": true,
            "description": "Terraform module for deploying AWS Lambdas",
            "etag": "W/\"334463f7a016c5e77c938489a2f07b3acb3d8af829967626dffa7a1b923a824d\"",
            "fork": "false",
            "full_name": "armorfret/terraform-aws-lambda",
            "git_clone_url": "git://github.com/armorfret/terraform-aws-lambda.git",
            "gitignore_template": null,
            "has_discussions": false,
            "has_downloads": false,
            "has_issues": true,
            "has_projects": false,
            "has_wiki": false,
            "homepage_url": "",
            "html_url": "https://github.com/armorfret/terraform-aws-lambda",
            "http_clone_url": "https://github.com/armorfret/terraform-aws-lambda.git",
            "id": "terraform-aws-lambda",
            "ignore_vulnerability_alerts_during_read": null,
            "is_template": false,
            "license_template": null,
            "merge_commit_message": "PR_TITLE",
            "merge_commit_title": "MERGE_MESSAGE",
            "name": "terraform-aws-lambda",
            "node_id": "MDEwOlJlcG9zaXRvcnkxNjQzNzE0MTU=",
            "pages": [],
            "primary_language": "HCL",
            "private": false,
            "repo_id": 164371415,
            "security_and_analysis": [
              {
                "advanced_security": [],
                "code_security": [],
                "secret_scanning": [
                  {
                    "status": "disabled"
                  }
                ],
                "secret_scanning_ai_detection": [],
                "secret_scanning_non_provider_patterns": [],
                "secret_scanning_push_protection": [
                  {
                    "status": "disabled"
                  }
                ]
              }
            ],
            "source_owner": "",
            "source_repo": "",
            "squash_merge_commit_message": "COMMIT_MESSAGES",
            "squash_merge_commit_title": "COMMIT_OR_PR_TITLE",
            "ssh_clone_url": "git@github.com:armorfret/terraform-aws-lambda.git",
            "svn_url": "https://github.com/armorfret/terraform-aws-lambda",
            "template": [],
            "topics": [],
            "visibility": "public",
            "vulnerability_alerts": false,
            "web_commit_signoff_required": false
          },
          "sensitive_attributes": [],
          "private": "eyJzY2hlbWFfdmVyc2lvbiI6IjEifQ=="
        },
        {
          "index_key": "terraform-aws-lambda-blindclock",
          "schema_version": 1,
          "attributes": {
            "allow_auto_merge": false,
            "allow_forking": true,
            "allow_merge_commit": false,
            "allow_rebase_merge": false,
            "allow_squash_merge": true,
            "allow_update_branch": true,
            "archive_on_destroy": null,
            "archived": false,
            "auto_init": false,
            "default_branch": "main",
            "delete_branch_on_merge": true,
            "description": "",
            "etag": "W/\"e783df95aba4f175b5c03a6ec34f01497178939754d5d7854a5d978799f768ca\"",
            "fork": "false",
            "full_name": "armorfret/terraform-aws-lambda-blindclock",
            "git_clone_url": "git://github.com/armorfret/terraform-aws-lambda-blindclock.git",
            "gitignore_template": null,
            "has_discussions": false,
            "has_downloads": false,
            "has_issues": true,
            "has_projects": false,
            "has_wiki": false,
            "homepage_url": "",
            "html_url": "https://github.com/armorfret/terraform-aws-lambda-blindclock",
            "http_clone_url": "https://github.com/armorfret/terraform-aws-lambda-blindclock.git",
            "id": "terraform-aws-lambda-blindclock",
            "ignore_vulnerability_alerts_during_read": null,
            "is_template": false,
            "license_template": null,
            "merge_commit_message": "PR_TITLE",
            "merge_commit_title": "MERGE_MESSAGE",
            "name": "terraform-aws-lambda-blindclock",
            "node_id": "R_kgDOJphYlg",
            "pages": [],
            "primary_language": "HCL",
            "private": false,
            "repo_id": 647518358,
            "security_and_analysis": [
              {
                "advanced_security": [],
                "code_security": [],
                "secret_scanning": [
                  {
                    "status": "disabled"
                  }
                ],
                "secret_scanning_ai_detection": [],
                "secret_scanning_non_provider_patterns": [],
                "secret_scanning_push_protection": [
                  {
                    "status": "disabled"
                  }
                ]
              }
            ],
            "source_owner": "",
            "source_repo": "",
            "squash_merge_commit_message": "COMMIT_MESSAGES",
            "squash_merge_commit_title": "COMMIT_OR_PR_TITLE",
            "ssh_clone_url": "git@github.com:armorfret/terraform-aws-lambda-blindclock.git",
            "svn_url": "https://github.com/armorfret/terraform-aws-lambda-blindclock",
            "template": [],
            "topics": [],
            "visibility": "public",
            "vulnerability_alerts": false,
            "web_commit_signoff_required": false
          },
          "sensitive_attributes": [],
          "private": "eyJzY2hlbWFfdmVyc2lvbiI6IjEifQ=="
        },
        {
          "index_key": "terraform-aws-lambda-frame",
          "schema_version": 1,
          "attributes": {
            "allow_auto_merge": false,
            "allow_forking": true,
            "allow_merge_commit": false,
            "allow_rebase_merge": false,
            "allow_squash_merge": true,
            "allow_update_branch": true,
            "archive_on_destroy": null,
            "archived": false,
            "auto_init": false,
            "default_branch": "main",
            "delete_branch_on_merge": true,
            "description": "",
            "etag": "W/\"7f3f6c12126e4e9e22780f804b4c3228c4f8ef78a72796d02e4cd4e36cc011f1\"",
            "fork": "false",
            "full_name": "armorfret/terraform-aws-lambda-frame",
            "git_clone_url": "git://github.com/armorfret/terraform-aws-lambda-frame.git",
            "gitignore_template": null,
            "has_discussions": false,
            "has_downloads": false,
            "has_issues": true,
            "has_projects": false,
            "has_wiki": false,
            "homepage_url": "",
            "html_url": "https://github.com/armorfret/terraform-aws-lambda-frame",
            "http_clone_url": "https://github.com/armorfret/terraform-aws-lambda-frame.git",
            "id": "terraform-aws-lambda-frame",
            "ignore_vulnerability_alerts_during_read": null,
            "is_template": false,
            "license_template": null,
            "merge_commit_message": "PR_TITLE",
            "merge_commit_title": "MERGE_MESSAGE",
            "name": "terraform-aws-lambda-frame",
            "node_id": "R_kgDOJqngtg",
            "pages": [],
            "primary_language": "HCL",
            "private": false,
            "repo_id": 648667318,
            "security_and_analysis": [
              {
                "advanced_security": [],
                "code_security": [],
                "secret_scanning": [
                  {
                    "status": "disabled"
                  }
                ],
                "secret_scanning_ai_detection": [],
                "secret_scanning_non_provider_patterns": [],
                "secret_scanning_push_protection": [
                  {
                    "status": "disabled"
                  }
                ]
              }
            ],
            "source_owner": "",
            "source_repo": "",
            "squash_merge_commit_message": "COMMIT_MESSAGES",
            "squash_merge_commit_title": "COMMIT_OR_PR_TITLE",
            "ssh_clone_url": "git@github.com:armorfret/terraform-aws-lambda-frame.git",
            "svn_url": "https://github.com/armorfret/terraform-aws-lambda-frame",
            "template": [],
            "topics": [],
            "visibility": "public",
            "vulnerability_alerts": false,
            "web_commit_signoff_required": false
          },
          "sensitive_attributes": [],
          "private": "eyJzY2hlbWFfdmVyc2lvbiI6IjEifQ=="
        },
        {
          "index_key": "terraform-aws-lambda-githubauth",
          "schema_version": 1,
          "attributes": {
            "allow_auto_merge": false,
            "allow_forking": true,
            "allow_merge_commit": false,
            "allow_rebase_merge": false,
            "allow_squash_merge": true,
            "allow_update_branch": true,
            "archive_on_destroy": null,
            "archived": false,
            "auto_init": false,
            "default_branch": "main",
            "delete_branch_on_merge": true,
            "description": "Terraform module for provisioning akerl/github-auth-lambda",
            "etag": "W/\"c9c181ddb231fc9a80a2159e8cd73a854deea0512c97bca9e960486614d93c30\"",
            "fork": "false",
            "full_name": "armorfret/terraform-aws-lambda-githubauth",
            "git_clone_url": "git://github.com/armorfret/terraform-aws-lambda-githubauth.git",
            "gitignore_template": null,
            "has_discussions": false,
            "has_downloads": false,
            "has_issues": true,
            "has_projects": false,
            "has_wiki": false,
            "homepage_url": "",
            "html_url": "https://github.com/armorfret/terraform-aws-lambda-githubauth",
            "http_clone_url": "https://github.com/armorfret/terraform-aws-lambda-githubauth.git",
            "id": "terraform-aws-lambda-githubauth",
            "ignore_vulnerability_alerts_during_read": null,
            "is_template": false,
            "license_template": null,
            "merge_commit_message": "PR_TITLE",
            "merge_commit_title": "MERGE_MESSAGE",
            "name": "terraform-aws-lambda-githubauth",
            "node_id": "MDEwOlJlcG9zaXRvcnkxNjQyMTk1MDA=",
            "pages": [],
            "primary_language": "HCL",
            "private": false,
            "repo_id": 164219500,
            "security_and_analysis": [
              {
                "advanced_security": [],
                "code_security": [],
                "secret_scanning": [
                  {
                    "status": "disabled"
                  }
                ],
                "secret_scanning_ai_detection": [],
                "secret_scanning_non_provider_patterns": [],
                "secret_scanning_push_protection": [
                  {
                    "status": "disabled"
                  }
                ]
              }
            ],
            "source_owner": "",
            "source_repo": "",
            "squash_merge_commit_message": "COMMIT_MESSAGES",
            "squash_merge_commit_title": "COMMIT_OR_PR_TITLE",
            "ssh_clone_url": "git@github.com:armorfret/terraform-aws-lambda-githubauth.git",
            "svn_url": "https://github.com/armorfret/terraform-aws-lambda-githubauth",
            "template": [],
            "topics": [],
            "visibility": "public",
            "vulnerability_alerts": false,
            "web_commit_signoff_required": false
          },
          "sensitive_attributes": [],
          "private": "eyJzY2hlbWFfdmVyc2lvbiI6IjEifQ=="
        },
        {
          "index_key": "terraform-aws-lambda-hookexporter",
          "schema_version": 1,
          "attributes": {
            "allow_auto_merge": false,
            "allow_forking": true,
            "allow_merge_commit": false,
            "allow_rebase_merge": false,
            "allow_squash_merge": true,
            "allow_update_branch": true,
            "archive_on_destroy": null,
            "archived": false,
            "auto_init": false,
            "default_branch": "main",
            "delete_branch_on_merge": true,
            "description": "",
            "etag": "W/\"023aed844e9382f40b7d079b4aa418d497602bfff81e67017e8aa59242d8bca5\"",
            "fork": "false",
            "full_name": "armorfret/terraform-aws-lambda-hookexporter",
            "git_clone_url": "git://github.com/armorfret/terraform-aws-lambda-hookexporter.git",
            "gitignore_template": null,
            "has_discussions": false,
            "has_downloads": false,
            "has_issues": true,
            "has_projects": false,
            "has_wiki": false,
            "homepage_url": "",
            "html_url": "https://github.com/armorfret/terraform-aws-lambda-hookexporter",
            "http_clone_url": "https://github.com/armorfret/terraform-aws-lambda-hookexporter.git",
            "id": "terraform-aws-lambda-hookexporter",
            "ignore_vulnerability_alerts_during_read": null,
            "is_template": false,
            "license_template": null,
            "merge_commit_message": "PR_TITLE",
            "merge_commit_title": "MERGE_MESSAGE",
            "name": "terraform-aws-lambda-hookexporter",
            "node_id": "R_kgDOJxVnDw",
            "pages": [],
            "primary_language": "HCL",
            "private": false,
            "repo_id": 655714063,
            "security_and_analysis": [
              {
                "advanced_security": [],
                "code_security": [],
                "secret_scanning": [
                  {
                    "status": "disabled"
                  }
                ],
                "secret_scanning_ai_detection": [],
                "secret_scanning_non_provider_patterns": [],
                "secret_scanning_push_protection": [
                  {
                    "status": "disabled"
                  }
                ]
              }
            ],
            "source_owner": "",
            "source_repo": "",
            "squash_merge_commit_message": "COMMIT_MESSAGES",
            "squash_merge_commit_title": "COMMIT_OR_PR_TITLE",
            "ssh_clone_url": "git@github.com:armorfret/terraform-aws-lambda-hookexporter.git",
            "svn_url": "https://github.com/armorfret/terraform-aws-lambda-hookexporter",
            "template": [],
            "topics": [],
            "visibility": "public",
            "vulnerability_alerts": false,
            "web_commit_signoff_required": false
          },
          "sensitive_attributes": [],
          "private": "eyJzY2hlbWFfdmVyc2lvbiI6IjEifQ=="
        },
        {
          "index_key": "terraform-aws-lambda-madlibrarian",
          "schema_version": 1,
          "attributes": {
            "allow_auto_merge": false,
            "allow_forking": true,
            "allow_merge_commit": false,
            "allow_rebase_merge": false,
            "allow_squash_merge": true,
            "allow_update_branch": true,
            "archive_on_destroy": null,
            "archived": false,
            "auto_init": false,
            "default_branch": "main",
            "delete_branch_on_merge": true,
            "description": "Terraform module for provisioning akerl/madlibrarian-lambda",
            "etag": "W/\"f5169b83e723d64f32112a2c170ed70c01b7090bdfcc102badd3a40ec5d597fe\"",
            "fork": "false",
            "full_name": "armorfret/terraform-aws-lambda-madlibrarian",
            "git_clone_url": "git://github.com/armorfret/terraform-aws-lambda-madlibrarian.git",
            "gitignore_template": null,
            "has_discussions": false,
            "has_downloads": false,
            "has_issues": true,
            "has_projects": false,
            "has_wiki": false,
            "homepage_url": "",
            "html_url": "https://github.com/armorfret/terraform-aws-lambda-madlibrarian",
            "http_clone_url": "https://github.com/armorfret/terraform-aws-lambda-madlibrarian.git",
            "id": "terraform-aws-lambda-madlibrarian",
            "ignore_vulnerability_alerts_during_read": null,
            "is_template": false,
            "license_template": null,
            "merge_commit_message": "PR_TITLE",
            "merge_commit_title": "MERGE_MESSAGE",
            "name": "terraform-aws-lambda-madlibrarian",
            "node_id": "MDEwOlJlcG9zaXRvcnkxNjQyMTk1Njc=",
            "pages": [],
            "primary_language": "HCL",
            "private": false,
            "repo_id": 164219567,
            "security_and_analysis": [
              {
                "advanced_security": [],
                "code_security": [],
                "secret_scanning": [
                  {
                    "status": "disabled"
                  }
                ],
                "secret_scanning_ai_detection": [],
                "secret_scanning_non_provider_patterns": [],
                "secret_scanning_push_protection": [
                  {
                    "status": "disabled"
                  }
                ]
              }
            ],
            "source_owner": "",
            "source_repo": "",
            "squash_merge_commit_message": "COMMIT_MESSAGES",
            "squash_merge_commit_title": "COMMIT_OR_PR_TITLE",
            "ssh_clone_url": "git@github.com:armorfret/terraform-aws-lambda-madlibrarian.git",
            "svn_url": "https://github.com/armorfret/terraform-aws-lambda-madlibrarian",
            "template": [],
            "topics": [],
            "visibility": "public",
            "vulnerability_alerts": false,
            "web_commit_signoff_required": false
          },
          "sensitive_attributes": [],
          "private": "eyJzY2hlbWFfdmVyc2lvbiI6IjEifQ=="
        },
        {
          "index_key": "terraform-aws-lambda-s3authproxy",
          "schema_version": 1,
          "attributes": {
            "allow_auto_merge": false,
            "allow_forking": true,
            "allow_merge_commit": false,
            "allow_rebase_merge": false,
            "allow_squash_merge": true,
            "allow_update_branch": true,
            "archive_on_destroy": null,
            "archived": false,
            "auto_init": false,
            "default_branch": "main",
            "delete_branch_on_merge": true,
            "description": "AWS Lambda for generated signed S3 URLs",
            "etag": "W/\"18bdb705f05336b76d7670ad131e3898ebe63eaf1ec3db0fec2c8b813c558d0f\"",
            "fork": "false",
            "full_name": "armorfret/terraform-aws-lambda-s3authproxy",
            "git_clone_url": "git://github.com/armorfret/terraform-aws-lambda-s3authproxy.git",
            "gitignore_template": null,
            "has_discussions": false,
            "has_downloads": false,
            "has_issues": true,
            "has_projects": false,
            "has_wiki": false,
            "homepage_url": "",
            "html_url": "https://github.com/armorfret/terraform-aws-lambda-s3authproxy",
            "http_clone_url": "https://github.com/armorfret/terraform-aws-lambda-s3authproxy.git",
            "id": "terraform-aws-lambda-s3authproxy",
            "ignore_vulnerability_alerts_during_read": null,
            "is_template": false,
            "license_template": null,
            "merge_commit_message": "PR_TITLE",
            "merge_commit_title": "MERGE_MESSAGE",
            "name": "terraform-aws-lambda-s3authproxy",
            "node_id": "MDEwOlJlcG9zaXRvcnkxNzQ2ODg3NTA=",
            "pages": [],
            "primary_language": "HCL",
            "private": false,
            "repo_id": 174688750,
            "security_and_analysis": [
              {
                "advanced_security": [],
                "code_security": [],
                "secret_scanning": [
                  {
                    "status": "disabled"
                  }
                ],
                "secret_scanning_ai_detection": [],
                "secret_scanning_non_provider_patterns": [],
                "secret_scanning_push_protection": [
                  {
                    "status": "disabled"
                  }
                ]
              }
            ],
            "source_owner": "",
            "source_repo": "",
            "squash_merge_commit_message": "COMMIT_MESSAGES",
            "squash_merge_commit_title": "COMMIT_OR_PR_TITLE",
            "ssh_clone_url": "git@github.com:armorfret/terraform-aws-lambda-s3authproxy.git",
            "svn_url": "https://github.com/armorfret/terraform-aws-lambda-s3authproxy",
            "template": [],
            "topics": [],
            "visibility": "public",
            "vulnerability_alerts": false,
            "web_commit_signoff_required": false
          },
          "sensitive_attributes": [],
          "private": "eyJzY2hlbWFfdmVyc2lvbiI6IjEifQ=="
        },
        {
          "index_key": "terraform-aws-lambda-watchdog",
          "schema_version": 1,
          "attributes": {
            "allow_auto_merge": false,
            "allow_forking": true,
            "allow_merge_commit": false,
            "allow_rebase_merge": false,
            "allow_squash_merge": true,
            "allow_update_branch": true,
            "archive_on_destroy": null,
            "archived": false,
            "auto_init": false,
            "default_branch": "main",
            "delete_branch_on_merge": true,
            "description": "Module for deploying watchdog-lambda",
            "etag": "W/\"3d6af1443ae4b089e8305cc4e928a3439864b8d26564771319797c48e329f213\"",
            "fork": "false",
            "full_name": "armorfret/terraform-aws-lambda-watchdog",
            "git_clone_url": "git://github.com/armorfret/terraform-aws-lambda-watchdog.git",
            "gitignore_template": null,
            "has_discussions": false,
            "has_downloads": false,
            "has_issues": true,
            "has_projects": false,
            "has_wiki": false,
            "homepage_url": "",
            "html_url": "https://github.com/armorfret/terraform-aws-lambda-watchdog",
            "http_clone_url": "https://github.com/armorfret/terraform-aws-lambda-watchdog.git",
            "id": "terraform-aws-lambda-watchdog",
            "ignore_vulnerability_alerts_during_read": null,
            "is_template": false,
            "license_template": null,
            "merge_commit_message": "PR_TITLE",
            "merge_commit_title": "MERGE_MESSAGE",
            "name": "terraform-aws-lambda-watchdog",
            "node_id": "R_kgDOIHBXoA",
            "pages": [],
            "primary_language": "HCL",
            "private": false,
            "repo_id": 544233376,
            "security_and_analysis": [
              {
                "advanced_security": [],
                "code_security": [],
                "secret_scanning": [
                  {
                    "status": "disabled"
                  }
                ],
                "secret_scanning_ai_detection": [],
                "secret_scanning_non_provider_patterns": [],
                "secret_scanning_push_protection": [
                  {
                    "status": "disabled"
                  }
                ]
              }
            ],
            "source_owner": "",
            "source_repo": "",
            "squash_merge_commit_message": "COMMIT_MESSAGES",
            "squash_merge_commit_title": "COMMIT_OR_PR_TITLE",
            "ssh_clone_url": "git@github.com:armorfret/terraform-aws-lambda-watchdog.git",
            "svn_url": "https://github.com/armorfret/terraform-aws-lambda-watchdog",
            "template": [],
            "topics": [],
            "visibility": "public",
            "vulnerability_alerts": false,
            "web_commit_signoff_required": false
          },
          "sensitive_attributes": [],
          "private": "eyJzY2hlbWFfdmVyc2lvbiI6IjEifQ=="
        },
        {
          "index_key": "terraform-aws-r53-certbot",
          "schema_version": 1,
          "attributes": {
            "allow_auto_merge": false,
            "allow_forking": true,
            "allow_merge_commit": false,
            "allow_rebase_merge": false,
            "allow_squash_merge": true,
            "allow_update_branch": true,
            "archive_on_destroy": null,
            "archived": false,
            "auto_init": false,
            "default_branch": "main",
            "delete_branch_on_merge": true,
            "description": "Terraform module for delegating a zone for certbot to manage LetsEncrypt certificates",
            "etag": "W/\"a8234500f99dd1054898236dec014ce35624dda35c3a991b33dba9a8ba9e4beb\"",
            "fork": "false",
            "full_name": "armorfret/terraform-aws-r53-certbot",
            "git_clone_url": "git://github.com/armorfret/terraform-aws-r53-certbot.git",
            "gitignore_template": null,
            "has_discussions": false,
            "has_downloads": false,
            "has_issues": true,
            "has_projects": false,
            "has_wiki": false,
            "homepage_url": "",
            "html_url": "https://github.com/armorfret/terraform-aws-r53-certbot",
            "http_clone_url": "https://github.com/armorfret/terraform-aws-r53-certbot.git",
            "id": "terraform-aws-r53-certbot",
            "ignore_vulnerability_alerts_during_read": null,
            "is_template": false,
            "license_template": null,
            "merge_commit_message": "PR_TITLE",
            "merge_commit_title": "MERGE_MESSAGE",
            "name": "terraform-aws-r53-certbot",
            "node_id": "MDEwOlJlcG9zaXRvcnkzMTk4MTE1NDE=",
            "pages": [],
            "primary_language": "HCL",
            "private": false,
            "repo_id": 319811541,
            "security_and_analysis": [
              {
                "advanced_security": [],
                "code_security": [],
                "secret_scanning": [
                  {
                    "status": "disabled"
                  }
                ],
                "secret_scanning_ai_detection": [],
                "secret_scanning_non_provider_patterns": [],
                "secret_scanning_push_protection": [
                  {
                    "status": "disabled"
                  }
                ]
              }
            ],
            "source_owner": "",
            "source_repo": "",
            "squash_merge_commit_message": "COMMIT_MESSAGES",
            "squash_merge_commit_title": "COMMIT_OR_PR_TITLE",
            "ssh_clone_url": "git@github.com:armorfret/terraform-aws-r53-certbot.git",
            "svn_url": "https://github.com/armorfret/terraform-aws-r53-certbot",
            "template": [],
            "topics": [],
            "visibility": "public",
            "vulnerability_alerts": false,
            "web_commit_signoff_required": false
          },
          "sensitive_attributes": [],
          "private": "eyJzY2hlbWFfdmVyc2lvbiI6IjEifQ=="
        },
        {
          "index_key": "terraform-aws-r53-zone",
          "schema_version": 1,
          "attributes": {
            "allow_auto_merge": false,
            "allow_forking": true,
            "allow_merge_commit": false,
            "allow_rebase_merge": false,
            "allow_squash_merge": true,
            "allow_update_branch": true,
            "archive_on_destroy": null,
            "archived": false,
            "auto_init": false,
            "default_branch": "main",
            "delete_branch_on_merge": true,
            "description": "Terraform module for provisioning Route53 zones with some default records",
            "etag": "W/\"aab5b84766495b47ff89188862dccbf735330f340e837db59a1481584da8e898\"",
            "fork": "false",
            "full_name": "armorfret/terraform-aws-r53-zone",
            "git_clone_url": "git://github.com/armorfret/terraform-aws-r53-zone.git",
            "gitignore_template": null,
            "has_discussions": false,
            "has_downloads": false,
            "has_issues": true,
            "has_projects": false,
            "has_wiki": false,
            "homepage_url": "",
            "html_url": "https://github.com/armorfret/terraform-aws-r53-zone",
            "http_clone_url": "https://github.com/armorfret/terraform-aws-r53-zone.git",
            "id": "terraform-aws-r53-zone",
            "ignore_vulnerability_alerts_during_read": null,
            "is_template": false,
            "license_template": null,
            "merge_commit_message": "PR_TITLE",
            "merge_commit_title": "MERGE_MESSAGE",
            "name": "terraform-aws-r53-zone",
            "node_id": "MDEwOlJlcG9zaXRvcnkxNjQyMTk2NTA=",
            "pages": [],
            "primary_language": "HCL",
            "private": false,
            "repo_id": 164219650,
            "security_and_analysis": [
              {
                "advanced_security": [],
                "code_security": [],
                "secret_scanning": [
                  {
                    "status": "disabled"
                  }
                ],
                "secret_scanning_ai_detection": [],
                "secret_scanning_non_provider_patterns": [],
                "secret_scanning_push_protection": [
                  {
                    "status": "disabled"
                  }
                ]
              }
            ],
            "source_owner": "",
            "source_repo": "",
            "squash_merge_commit_message": "COMMIT_MESSAGES",
            "squash_merge_commit_title": "COMMIT_OR_PR_TITLE",
            "ssh_clone_url": "git@github.com:armorfret/terraform-aws-r53-zone.git",
            "svn_url": "https://github.com/armorfret/terraform-aws-r53-zone",
            "template": [],
            "topics": [],
            "visibility": "public",
            "vulnerability_alerts": false,
            "web_commit_signoff_required": false
          },
          "sensitive_attributes": [],
          "private": "eyJzY2hlbWFfdmVyc2lvbiI6IjEifQ=="
        },
        {
          "index_key": "terraform-aws-s3-configvault",
          "schema_version": 1,
          "attributes": {
            "allow_auto_merge": false,
            "allow_forking": true,
            "allow_merge_commit": false,
            "allow_rebase_merge": false,
            "allow_squash_merge": true,
            "allow_update_branch": true,
            "archive_on_destroy": null,
            "archived": false,
            "auto_init": false,
            "default_branch": "main",
            "delete_branch_on_merge": true,
            "description": "Manage S3 bucket for shared server configuration",
            "etag": "W/\"85db47e6fcf7ccb515b459a6240c5f12b65a93d86b09088d05c9d3fdcac73c3b\"",
            "fork": "false",
            "full_name": "armorfret/terraform-aws-s3-configvault",
            "git_clone_url": "git://github.com/armorfret/terraform-aws-s3-configvault.git",
            "gitignore_template": null,
            "has_discussions": false,
            "has_downloads": false,
            "has_issues": true,
            "has_projects": false,
            "has_wiki": false,
            "homepage_url": "",
            "html_url": "https://github.com/armorfret/terraform-aws-s3-configvault",
            "http_clone_url": "https://github.com/armorfret/terraform-aws-s3-configvault.git",
            "id": "terraform-aws-s3-configvault",
            "ignore_vulnerability_alerts_during_read": null,
            "is_template": false,
            "license_template": null,
            "merge_commit_message": "PR_TITLE",
            "merge_commit_title": "MERGE_MESSAGE",
            "name": "terraform-aws-s3-configvault",
            "node_id": "R_kgDOG_0w8w",
            "pages": [],
            "primary_language": "HCL",
            "private": false,
            "repo_id": 469577971,
            "security_and_analysis": [
              {
                "advanced_security": [],
                "code_security": [],
                "secret_scanning": [
                  {
                    "status": "disabled"
                  }
                ],
                "secret_scanning_ai_detection": [],
                "secret_scanning_non_provider_patterns": [],
                "secret_scanning_push_protection": [
                  {
                    "status": "disabled"
                  }
                ]
              }
            ],
            "source_owner": "",
            "source_repo": "",
            "squash_merge_commit_message": "COMMIT_MESSAGES",
            "squash_merge_commit_title": "COMMIT_OR_PR_TITLE",
            "ssh_clone_url": "git@github.com:armorfret/terraform-aws-s3-configvault.git",
            "svn_url": "https://github.com/armorfret/terraform-aws-s3-configvault",
            "template": [],
            "topics": [],
            "visibility": "public",
            "vulnerability_alerts": false,
            "web_commit_signoff_required": false
          },
          "sensitive_attributes": [],
          "private": "eyJzY2hlbWFfdmVyc2lvbiI6IjEifQ=="
        },
        {
          "index_key": "terraform-aws-s3-publish",
          "schema_version": 1,
          "attributes": {
            "allow_auto_merge": false,
            "allow_forking": true,
            "allow_merge_commit": false,
            "allow_rebase_merge": false,
            "allow_squash_merge": true,
            "allow_update_branch": true,
            "archive_on_destroy": null,
            "archived": false,
            "auto_init": false,
            "default_branch": "main",
            "delete_branch_on_merge": true,
            "description": "Terraform module for provisioning S3 buckets for object publishing",
            "etag": "W/\"5e2e95b11d9bbd3d14bef87a9bd5d79619ace5322a214d09dc3a018a8322405d\"",
            "fork": "false",
            "full_name": "armorfret/terraform-aws-s3-publish",
            "git_clone_url": "git://github.com/armorfret/terraform-aws-s3-publish.git",
            "gitignore_template": null,
            "has_discussions": false,
            "has_downloads": false,
            "has_issues": true,
            "has_projects": false,
            "has_wiki": false,
            "homepage_url": "",
            "html_url": "https://github.com/armorfret/terraform-aws-s3-publish",
            "http_clone_url": "https://github.com/armorfret/terraform-aws-s3-publish.git",
            "id": "terraform-aws-s3-publish",
            "ignore_vulnerability_alerts_during_read": null,
            "is_template": false,
            "license_template": null,
            "merge_commit_message": "PR_TITLE",
            "merge_commit_title": "MERGE_MESSAGE",
            "name": "terraform-aws-s3-publish",
            "node_id": "MDEwOlJlcG9zaXRvcnkxNjQyMTk3NDY=",
            "pages": [],
            "primary_language": "HCL",
            "private": false,
            "repo_id": 164219746,
            "security_and_analysis": [
              {
                "advanced_security": [],
                "code_security": [],
                "secret_scanning": [
                  {
                    "status": "disabled"
                  }
                ],
                "secret_scanning_ai_detection": [],
                "secret_scanning_non_provider_patterns": [],
                "secret_scanning_push_protection": [
                  {
                    "status": "disabled"
                  }
                ]
              }
            ],
            "source_owner": "",
            "source_repo": "",
            "squash_merge_commit_message": "COMMIT_MESSAGES",
            "squash_merge_commit_title": "COMMIT_OR_PR_TITLE",
            "ssh_clone_url": "git@github.com:armorfret/terraform-aws-s3-publish.git",
            "svn_url": "https://github.com/armorfret/terraform-aws-s3-publish",
            "template": [],
            "topics": [],
            "visibility": "public",
            "vulnerability_alerts": false,
            "web_commit_signoff_required": false
          },
          "sensitive_attributes": [],
          "private": "eyJzY2hlbWFfdmVyc2lvbiI6IjEifQ=="
        },
        {
          "index_key": "terraform-aws-s3-website",
          "schema_version": 1,
          "attributes": {
            "allow_auto_merge": false,
            "allow_forking": true,
            "allow_merge_commit": false,
            "allow_rebase_merge": false,
            "allow_squash_merge": true,
            "allow_update_branch": true,
            "archive_on_destroy": null,
            "archived": false,
            "auto_init": false,
            "default_branch": "main",
            "delete_branch_on_merge": true,
            "description": "Terraform module for provisioning TLS-enabled S3-hosted static sites",
            "etag": "W/\"3e88d138af486f7e15bfff85d96faaec5ca03df33a0041f21e64fec3c11f782f\"",
            "fork": "false",
            "full_name": "armorfret/terraform-aws-s3-website",
            "git_clone_url": "git://github.com/armorfret/terraform-aws-s3-website.git",
            "gitignore_template": null,
            "has_discussions": false,
            "has_downloads": false,
            "has_issues": true,
            "has_projects": false,
            "has_wiki": false,
            "homepage_url": "",
            "html_url": "https://github.com/armorfret/terraform-aws-s3-website",
            "http_clone_url": "https://github.com/armorfret/terraform-aws-s3-website.git",
            "id": "terraform-aws-s3-website",
            "ignore_vulnerability_alerts_during_read": null,
            "is_template": false,
            "license_template": null,
            "merge_commit_message": "PR_TITLE",
            "merge_commit_title": "MERGE_MESSAGE",
            "name": "terraform-aws-s3-website",
            "node_id": "MDEwOlJlcG9zaXRvcnkxNjQyMTk3OTA=",
            "pages": [],
            "primary_language": "HCL",
            "private": false,
            "repo_id": 164219790,
            "security_and_analysis": [
              {
                "advanced_security": [],
                "code_security": [],
                "secret_scanning": [
                  {
                    "status": "disabled"
                  }
                ],
                "secret_scanning_ai_detection": [],
                "secret_scanning_non_provider_patterns": [],
                "secret_scanning_push_protection": [
                  {
                    "status": "disabled"
                  }
                ]
              }
            ],
            "source_owner": "",
            "source_repo": "",
            "squash_merge_commit_message": "COMMIT_MESSAGES",
            "squash_merge_commit_title": "COMMIT_OR_PR_TITLE",
            "ssh_clone_url": "git@github.com:armorfret/terraform-aws-s3-website.git",
            "svn_url": "https://github.com/armorfret/terraform-aws-s3-website",
            "template": [],
            "topics": [],
            "visibility": "public",
            "vulnerability_alerts": false,
            "web_commit_signoff_required": false
          },
          "sensitive_attributes": [],
          "private": "eyJzY2hlbWFfdmVyc2lvbiI6IjEifQ=="
        },
        {
          "index_key": "terraform-provider-awscreds",
          "schema_version": 1,
          "attributes": {
            "allow_auto_merge": false,
            "allow_forking": true,
            "allow_merge_commit": false,
            "allow_rebase_merge": false,
            "allow_squash_merge": true,
            "allow_update_branch": true,
            "archive_on_destroy": null,
            "archived": false,
            "auto_init": false,
            "default_branch": "main",
            "delete_branch_on_merge": true,
            "description": "Terraform Provider to generate IAM access keys without storing the secret in the statefile",
            "etag": "W/\"9e0f36feb505d699e248e54ca1b03cd530485f0605b69712adedfca55935f1fd\"",
            "fork": "false",
            "full_name": "armorfret/terraform-provider-awscreds",
            "git_clone_url": "git://github.com/armorfret/terraform-provider-awscreds.git",
            "gitignore_template": null,
            "has_discussions": false,
            "has_downloads": false,
            "has_issues": true,
            "has_projects": false,
            "has_wiki": false,
            "homepage_url": "",
            "html_url": "https://github.com/armorfret/terraform-provider-awscreds",
            "http_clone_url": "https://github.com/armorfret/terraform-provider-awscreds.git",
            "id": "terraform-provider-awscreds",
            "ignore_vulnerability_alerts_during_read": null,
            "is_template": false,
            "license_template": null,
            "merge_commit_message": "PR_TITLE",
            "merge_commit_title": "MERGE_MESSAGE",
            "name": "terraform-provider-awscreds",
            "node_id": "MDEwOlJlcG9zaXRvcnk2NzgzNjQ4MQ==",
            "pages": [],
            "primary_language": "Go",
            "private": false,
            "repo_id": 67836481,
            "security_and_analysis": [
              {
                "advanced_security": [],
                "code_security": [],
                "secret_scanning": [
                  {
                    "status": "disabled"
                  }
                ],
                "secret_scanning_ai_detection": [],
                "secret_scanning_non_provider_patterns": [],
                "secret_scanning_push_protection": [
                  {
                    "status": "disabled"
                  }
                ]
              }
            ],
            "source_owner": "",
            "source_repo": "",
            "squash_merge_commit_message": "COMMIT_MESSAGES",
            "squash_merge_commit_title": "COMMIT_OR_PR_TITLE",
            "ssh_clone_url": "git@github.com:armorfret/terraform-provider-awscreds.git",
            "svn_url": "https://github.com/armorfret/terraform-provider-awscreds",
            "template": [],
            "topics": [],
            "visibility": "public",
            "vulnerability_alerts": false,
            "web_commit_signoff_required": false
          },
          "sensitive_attributes": [],
          "private": "eyJzY2hlbWFfdmVyc2lvbiI6IjEifQ=="
        }
      ]
    },
    {
      "module": "module.armorfret",
      "mode": "managed",
      "type": "github_repository_vulnerability_alerts",
      "name": "each",
      "provider": "provider[\"registry.terraform.io/integrations/github\"].armorfret",
      "instances": [
        {
          "index_key": ".github",
          "schema_version": 0,
          "attributes": {
            "enabled": false,
            "id": "1297026269",
            "repository": ".github",
            "repository_id": 1297026269
          },
          "sensitive_attributes": [],
          "private": "eyJzY2hlbWFfdmVyc2lvbiI6IjAifQ=="
        },
        {
          "index_key": "ci-helpers",
          "schema_version": 0,
          "attributes": {
            "enabled": false,
            "id": "174740005",
            "repository": "ci-helpers",
            "repository_id": 174740005
          },
          "sensitive_attributes": [],
          "private": "eyJzY2hlbWFfdmVyc2lvbiI6IjAifQ=="
        },
        {
          "index_key": "terraform-aws-acm-certificate",
          "schema_version": 0,
          "attributes": {
            "enabled": false,
            "id": "164219454",
            "repository": "terraform-aws-acm-certificate",
            "repository_id": 164219454
          },
          "sensitive_attributes": [],
          "private": "eyJzY2hlbWFfdmVyc2lvbiI6IjAifQ=="
        },
        {
          "index_key": "terraform-aws-apigw-lambda",
          "schema_version": 0,
          "attributes": {
            "enabled": false,
            "id": "174809880",
            "repository": "terraform-aws-apigw-lambda",
            "repository_id": 174809880
          },
          "sensitive_attributes": [],
          "private": "eyJzY2hlbWFfdmVyc2lvbiI6IjAifQ=="
        },
        {
          "index_key": "terraform-aws-lambda",
          "schema_version": 0,
          "attributes": {
            "enabled": false,
            "id": "164371415",
            "repository": "terraform-aws-lambda",
            "repository_id": 164371415
          },
          "sensitive_attributes": [],
          "private": "eyJzY2hlbWFfdmVyc2lvbiI6IjAifQ=="
        },
        {
          "index_key": "terraform-aws-lambda-blindclock",
          "schema_version": 0,
          "attributes": {
            "enabled": false,
            "id": "647518358",
            "repository": "terraform-aws-lambda-blindclock",
            "repository_id": 647518358
          },
          "sensitive_attributes": [],
          "private": "eyJzY2hlbWFfdmVyc2lvbiI6IjAifQ=="
        },
        {
          "index_key": "terraform-aws-lambda-frame",
          "schema_version": 0,
          "attributes": {
            "enabled": false,
            "id": "648667318",
            "repository": "terraform-aws-lambda-frame",
            "repository_id": 648667318
          },
          "sensitive_attributes": [],
          "private": "eyJzY2hlbWFfdmVyc2lvbiI6IjAifQ=="
        },
        {
          "index_key": "terraform-aws-lambda-githubauth",
          "schema_version": 0,
          "attributes": {
            "enabled": false,
            "id": "164219500",
            "repository": "terraform-aws-lambda-githubauth",
            "repository_id": 164219500
          },
          "sensitive_attributes": [],
          "private": "eyJzY2hlbWFfdmVyc2lvbiI6IjAifQ=="
        },
        {
          "index_key": "terraform-aws-lambda-hookexporter",
          "schema_version": 0,
          "attributes": {
            "enabled": false,
            "id": "655714063",
            "repository": "terraform-aws-lambda-hookexporter",
            "repository_id": 655714063
          },
          "sensitive_attributes": [],
          "private": "eyJzY2hlbWFfdmVyc2lvbiI6IjAifQ=="
        },
        {
          "index_key": "terraform-aws-lambda-madlibrarian",
          "schema_version": 0,
          "attributes": {
            "enabled": false,
            "id": "164219567",
            "repository": "terraform-aws-lambda-madlibrarian",
            "repository_id": 164219567
          },
          "sensitive_attributes": [],
          "private": "eyJzY2hlbWFfdmVyc2lvbiI6IjAifQ=="
        },
        {
          "index_key": "terraform-aws-lambda-s3authproxy",
          "schema_version": 0,
          "attributes": {
            "enabled": false,
            "id": "174688750",
            "repository": "terraform-aws-lambda-s3authproxy",
            "repository_id": 174688750
          },
          "sensitive_attributes": [],
          "private": "eyJzY2hlbWFfdmVyc2lvbiI6IjAifQ=="
        },
        {
          "index_key": "terraform-aws-lambda-watchdog",
          "schema_version": 0,
          "attributes": {
            "enabled": false,
            "id": "544233376",
            "repository": "terraform-aws-lambda-watchdog",
            "repository_id": 544233376
          },
          "sensitive_attributes": [],
          "private": "eyJzY2hlbWFfdmVyc2lvbiI6IjAifQ=="
        },
        {
          "index_key": "terraform-aws-r53-certbot",
          "schema_version": 0,
          "attributes": {
            "enabled": false,
            "id": "319811541",
            "repository": "terraform-aws-r53-certbot",
            "repository_id": 319811541
          },
          "sensitive_attributes": [],
          "private": "eyJzY2hlbWFfdmVyc2lvbiI6IjAifQ=="
        },
        {
          "index_key": "terraform-aws-r53-zone",
          "schema_version": 0,
          "attributes": {
            "enabled": false,
            "id": "164219650",
            "repository": "terraform-aws-r53-zone",
            "repository_id": 164219650
          },
          "sensitive_attributes": [],
          "private": "eyJzY2hlbWFfdmVyc2lvbiI6IjAifQ=="
        },
        {
          "index_key": "terraform-aws-s3-configvault",
          "schema_version": 0,
          "attributes": {
            "enabled": false,
            "id": "469577971",
            "repository": "terraform-aws-s3-configvault",
            "repository_id": 469577971
          },
          "sensitive_attributes": [],
          "private": "eyJzY2hlbWFfdmVyc2lvbiI6IjAifQ=="
        },
        {
          "index_key": "terraform-aws-s3-publish",
          "schema_version": 0,
          "attributes": {
            "enabled": false,
            "id": "164219746",
            "repository": "terraform-aws-s3-publish",
            "repository_id": 164219746
          },
          "sensitive_attributes": [],
          "private": "eyJzY2hlbWFfdmVyc2lvbiI6IjAifQ=="
        },
        {
          "index_key": "terraform-aws-s3-website",
          "schema_version": 0,
          "attributes": {
            "enabled": false,
            "id": "164219790",
            "repository": "terraform-aws-s3-website",
            "repository_id": 164219790
          },
          "sensitive_attributes": [],
          "private": "eyJzY2hlbWFfdmVyc2lvbiI6IjAifQ=="
        },
        {
          "index_key": "terraform-provider-awscreds",
          "schema_version": 0,
          "attributes": {
            "enabled": false,
            "id": "67836481",
            "repository": "terraform-provider-awscreds",
            "repository_id": 67836481
          },
          "sensitive_attributes": [],
          "private": "eyJzY2hlbWFfdmVyc2lvbiI6IjAifQ=="
        }
      ]
    },
    {
      "module": "module.dock0",
      "mode": "managed",
      "type": "github_branch_protection",
      "name": "each",
      "provider": "provider[\"registry.terraform.io/integrations/github\"].dock0",
      "instances": [
        {
          "index_key": ".github",
          "schema_version": 2,
          "attributes": {
            "allows_deletions": false,
            "allows_force_pushes": false,
            "enforce_admins": true,
            "force_push_bypassers": null,
            "id": "BPR_kwDOTU8NUc4Exgqv",
            "lock_branch": false,
            "pattern": "main",
            "repository_id": ".github",
            "require_conversation_resolution": false,
            "require_signed_commits": false,
            "required_linear_history": false,
            "required_pull_request_reviews": [],
            "required_status_checks": [
              {
                "contexts": [
                  "Build / Build (pull_request)",
                  "policy-bot: main"
                ],
                "strict": true
              }
            ],
            "restrict_pushes": []
          },
          "sensitive_attributes": [],
          "private": "eyJzY2hlbWFfdmVyc2lvbiI6IjIifQ=="
        },
        {
          "index_key": "action-helper",
          "schema_version": 2,
          "attributes": {
            "allows_deletions": false,
            "allows_force_pushes": false,
            "enforce_admins": true,
            "force_push_bypassers": null,
            "id": "BPR_kwDODjPxV84Exgpp",
            "lock_branch": false,
            "pattern": "main",
            "repository_id": "action-helper",
            "require_conversation_resolution": false,
            "require_signed_commits": false,
            "required_linear_history": false,
            "required_pull_request_reviews": [],
            "required_status_checks": [
              {
                "contexts": [
                  "Build / Build (pull_request)",
                  "policy-bot: main"
                ],
                "strict": true
              }
            ],
            "restrict_pushes": []
          },
          "sensitive_attributes": [],
          "private": "eyJzY2hlbWFfdmVyc2lvbiI6IjIifQ=="
        },
        {
          "index_key": "arch",
          "schema_version": 2,
          "attributes": {
            "allows_deletions": false,
            "allows_force_pushes": false,
            "enforce_admins": true,
            "force_push_bypassers": null,
            "id": "BPR_kwDOAQF43c4ExgqB",
            "lock_branch": false,
            "pattern": "main",
            "repository_id": "arch",
            "require_conversation_resolution": false,
            "require_signed_commits": false,
            "required_linear_history": false,
            "required_pull_request_reviews": [],
            "required_status_checks": [
              {
                "contexts": [
                  "Build / Build (pull_request)",
                  "policy-bot: main"
                ],
                "strict": true
              }
            ],
            "restrict_pushes": []
          },
          "sensitive_attributes": [],
          "private": "eyJzY2hlbWFfdmVyc2lvbiI6IjIifQ=="
        },
        {
          "index_key": "base_arch",
          "schema_version": 2,
          "attributes": {
            "allows_deletions": false,
            "allows_force_pushes": false,
            "enforce_admins": true,
            "force_push_bypassers": null,
            "id": "BPR_kwDODk7Ess4ExgqM",
            "lock_branch": false,
            "pattern": "main",
            "repository_id": "base_arch",
            "require_conversation_resolution": false,
            "require_signed_commits": false,
            "required_linear_history": false,
            "required_pull_request_reviews": [],
            "required_status_checks": [
              {
                "contexts": [
                  "Build / Build (pull_request)",
                  "policy-bot: main"
                ],
                "strict": true
              }
            ],
            "restrict_pushes": []
          },
          "sensitive_attributes": [],
          "private": "eyJzY2hlbWFfdmVyc2lvbiI6IjIifQ=="
        },
        {
          "index_key": "build",
          "schema_version": 2,
          "attributes": {
            "allows_deletions": false,
            "allows_force_pushes": false,
            "enforce_admins": true,
            "force_push_bypassers": null,
            "id": "BPR_kwDOAaX2ec4Exgqz",
            "lock_branch": false,
            "pattern": "main",
            "repository_id": "build",
            "require_conversation_resolution": false,
            "require_signed_commits": false,
            "required_linear_history": false,
            "required_pull_request_reviews": [],
            "required_status_checks": [
              {
                "contexts": [
                  "Build / Build (pull_request)",
                  "policy-bot: main"
                ],
                "strict": true
              }
            ],
            "restrict_pushes": []
          },
          "sensitive_attributes": [],
          "private": "eyJzY2hlbWFfdmVyc2lvbiI6IjIifQ=="
        },
        {
          "index_key": "dock0",
          "schema_version": 2,
          "attributes": {
            "allows_deletions": false,
            "allows_force_pushes": false,
            "enforce_admins": true,
            "force_push_bypassers": null,
            "id": "BPR_kwDOAPJ60s4Exgqx",
            "lock_branch": false,
            "pattern": "main",
            "repository_id": "dock0",
            "require_conversation_resolution": false,
            "require_signed_commits": false,
            "required_linear_history": false,
            "required_pull_request_reviews": [],
            "required_status_checks": [
              {
                "contexts": [
                  "Build / Build (pull_request)",
                  "policy-bot: main"
                ],
                "strict": true
              }
            ],
            "restrict_pushes": []
          },
          "sensitive_attributes": [],
          "private": "eyJzY2hlbWFfdmVyc2lvbiI6IjIifQ=="
        },
        {
          "index_key": "ducktape",
          "schema_version": 2,
          "attributes": {
            "allows_deletions": false,
            "allows_force_pushes": false,
            "enforce_admins": true,
            "force_push_bypassers": null,
            "id": "BPR_kwDOAUWeDc4Exgqj",
            "lock_branch": false,
            "pattern": "main",
            "repository_id": "ducktape",
            "require_conversation_resolution": false,
            "require_signed_commits": false,
            "required_linear_history": false,
            "required_pull_request_reviews": [],
            "required_status_checks": [
              {
                "contexts": [
                  "Build / Build (pull_request)",
                  "policy-bot: main"
                ],
                "strict": true
              }
            ],
            "restrict_pushes": []
          },
          "sensitive_attributes": [],
          "private": "eyJzY2hlbWFfdmVyc2lvbiI6IjIifQ=="
        },
        {
          "index_key": "pkgforge",
          "schema_version": 2,
          "attributes": {
            "allows_deletions": false,
            "allows_force_pushes": false,
            "enforce_admins": true,
            "force_push_bypassers": null,
            "id": "BPR_kwDOA_JEuM4ExgqT",
            "lock_branch": false,
            "pattern": "main",
            "repository_id": "pkgforge",
            "require_conversation_resolution": false,
            "require_signed_commits": false,
            "required_linear_history": false,
            "required_pull_request_reviews": [],
            "required_status_checks": [
              {
                "contexts": [
                  "Build / Build (pull_request)",
                  "policy-bot: main"
                ],
                "strict": true
              }
            ],
            "restrict_pushes": []
          },
          "sensitive_attributes": [],
          "private": "eyJzY2hlbWFfdmVyc2lvbiI6IjIifQ=="
        },
        {
          "index_key": "pkgforge-golang",
          "schema_version": 2,
          "attributes": {
            "allows_deletions": false,
            "allows_force_pushes": false,
            "enforce_admins": true,
            "force_push_bypassers": null,
            "id": "BPR_kwDOB1EftM4Exgqw",
            "lock_branch": false,
            "pattern": "main",
            "repository_id": "pkgforge-golang",
            "require_conversation_resolution": false,
            "require_signed_commits": false,
            "required_linear_history": false,
            "required_pull_request_reviews": [],
            "required_status_checks": [
              {
                "contexts": [
                  "Build / Build (pull_request)",
                  "policy-bot: main"
                ],
                "strict": true
              }
            ],
            "restrict_pushes": []
          },
          "sensitive_attributes": [],
          "private": "eyJzY2hlbWFfdmVyc2lvbiI6IjIifQ=="
        },
        {
          "index_key": "pkgforge-golang-cross",
          "schema_version": 2,
          "attributes": {
            "allows_deletions": false,
            "allows_force_pushes": false,
            "enforce_admins": true,
            "force_push_bypassers": null,
            "id": "BPR_kwDOCib2VM4Exgqo",
            "lock_branch": false,
            "pattern": "main",
            "repository_id": "pkgforge-golang-cross",
            "require_conversation_resolution": false,
            "require_signed_commits": false,
            "required_linear_history": false,
            "required_pull_request_reviews": [],
            "required_status_checks": [
              {
                "contexts": [
                  "Build / Build (pull_request)",
                  "policy-bot: main"
                ],
                "strict": true
              }
            ],
            "restrict_pushes": []
          },
          "sensitive_attributes": [],
          "private": "eyJzY2hlbWFfdmVyc2lvbiI6IjIifQ=="
        },
        {
          "index_key": "tarball_arch",
          "schema_version": 2,
          "attributes": {
            "allows_deletions": false,
            "allows_force_pushes": false,
            "enforce_admins": true,
            "force_push_bypassers": null,
            "id": "BPR_kwDODjC5984ExgqE",
            "lock_branch": false,
            "pattern": "main",
            "repository_id": "tarball_arch",
            "require_conversation_resolution": false,
            "require_signed_commits": false,
            "required_linear_history": false,
            "required_pull_request_reviews": [],
            "required_status_checks": [
              {
                "contexts": [
                  "Build / Build (pull_request)",
                  "policy-bot: main"
                ],
                "strict": true
              }
            ],
            "restrict_pushes": []
          },
          "sensitive_attributes": [],
          "private": "eyJzY2hlbWFfdmVyc2lvbiI6IjIifQ=="
        }
      ]
    },
    {
      "module": "module.dock0",
      "mode": "managed",
      "type": "github_issue_labels",
      "name": "each",
      "provider": "provider[\"registry.terraform.io/integrations/github\"].dock0",
      "instances": [
        {
          "index_key": ".github",
          "schema_version": 0,
          "attributes": {
            "id": ".github",
            "label": [
              {
                "color": "0000ff",
                "description": "",
                "name": "feature",
                "url": "https://api.github.com/repos/dock0/.github/labels/feature"
              },
              {
                "color": "008000",
                "description": "",
                "name": "mergewhenready",
                "url": "https://api.github.com/repos/dock0/.github/labels/mergewhenready"
              },
              {
                "color": "ff0000",
                "description": "",
                "name": "donotmerge",
                "url": "https://api.github.com/repos/dock0/.github/labels/donotmerge"
              },
              {
                "color": "ffa500",
                "description": "",
                "name": "bug",
                "url": "https://api.github.com/repos/dock0/.github/labels/bug"
              }
            ],
            "repository": ".github"
          },
          "sensitive_attributes": [],
          "private": "bnVsbA=="
        },
        {
          "index_key": "action-helper",
          "schema_version": 0,
          "attributes": {
            "id": "action-helper",
            "label": [
              {
                "color": "0000ff",
                "description": "",
                "name": "feature",
                "url": "https://api.github.com/repos/dock0/action-helper/labels/feature"
              },
              {
                "color": "008000",
                "description": "",
                "name": "mergewhenready",
                "url": "https://api.github.com/repos/dock0/action-helper/labels/mergewhenready"
              },
              {
                "color": "ff0000",
                "description": "",
                "name": "donotmerge",
                "url": "https://api.github.com/repos/dock0/action-helper/labels/donotmerge"
              },
              {
                "color": "ffa500",
                "description": "",
                "name": "bug",
                "url": "https://api.github.com/repos/dock0/action-helper/labels/bug"
              }
            ],
            "repository": "action-helper"
          },
          "sensitive_attributes": [],
          "private": "eyJzY2hlbWFfdmVyc2lvbiI6IjAifQ=="
        },
        {
          "index_key": "arch",
          "schema_version": 0,
          "attributes": {
            "id": "arch",
            "label": [
              {
                "color": "0000ff",
                "description": "",
                "name": "feature",
                "url": "https://api.github.com/repos/dock0/arch/labels/feature"
              },
              {
                "color": "008000",
                "description": "",
                "name": "mergewhenready",
                "url": "https://api.github.com/repos/dock0/arch/labels/mergewhenready"
              },
              {
                "color": "ff0000",
                "description": "",
                "name": "donotmerge",
                "url": "https://api.github.com/repos/dock0/arch/labels/donotmerge"
              },
              {
                "color": "ffa500",
                "description": "",
                "name": "bug",
                "url": "https://api.github.com/repos/dock0/arch/labels/bug"
              }
            ],
            "repository": "arch"
          },
          "sensitive_attributes": [],
          "private": "eyJzY2hlbWFfdmVyc2lvbiI6IjAifQ=="
        },
        {
          "index_key": "base_arch",
          "schema_version": 0,
          "attributes": {
            "id": "base_arch",
            "label": [
              {
                "color": "0000ff",
                "description": "",
                "name": "feature",
                "url": "https://api.github.com/repos/dock0/base_arch/labels/feature"
              },
              {
                "color": "008000",
                "description": "",
                "name": "mergewhenready",
                "url": "https://api.github.com/repos/dock0/base_arch/labels/mergewhenready"
              },
              {
                "color": "ff0000",
                "description": "",
                "name": "donotmerge",
                "url": "https://api.github.com/repos/dock0/base_arch/labels/donotmerge"
              },
              {
                "color": "ffa500",
                "description": "",
                "name": "bug",
                "url": "https://api.github.com/repos/dock0/base_arch/labels/bug"
              }
            ],
            "repository": "base_arch"
          },
          "sensitive_attributes": [],
          "private": "eyJzY2hlbWFfdmVyc2lvbiI6IjAifQ=="
        },
        {
          "index_key": "build",
          "schema_version": 0,
          "attributes": {
            "id": "build",
            "label": [
              {
                "color": "0000ff",
                "description": "",
                "name": "feature",
                "url": "https://api.github.com/repos/dock0/build/labels/feature"
              },
              {
                "color": "008000",
                "description": "",
                "name": "mergewhenready",
                "url": "https://api.github.com/repos/dock0/build/labels/mergewhenready"
              },
              {
                "color": "ff0000",
                "description": "",
                "name": "donotmerge",
                "url": "https://api.github.com/repos/dock0/build/labels/donotmerge"
              },
              {
                "color": "ffa500",
                "description": "",
                "name": "bug",
                "url": "https://api.github.com/repos/dock0/build/labels/bug"
              }
            ],
            "repository": "build"
          },
          "sensitive_attributes": [],
          "private": "eyJzY2hlbWFfdmVyc2lvbiI6IjAifQ=="
        },
        {
          "index_key": "dock0",
          "schema_version": 0,
          "attributes": {
            "id": "dock0",
            "label": [
              {
                "color": "0000ff",
                "description": "",
                "name": "feature",
                "url": "https://api.github.com/repos/dock0/dock0/labels/feature"
              },
              {
                "color": "008000",
                "description": "",
                "name": "mergewhenready",
                "url": "https://api.github.com/repos/dock0/dock0/labels/mergewhenready"
              },
              {
                "color": "ff0000",
                "description": "",
                "name": "donotmerge",
                "url": "https://api.github.com/repos/dock0/dock0/labels/donotmerge"
              },
              {
                "color": "ffa500",
                "description": "",
                "name": "bug",
                "url": "https://api.github.com/repos/dock0/dock0/labels/bug"
              }
            ],
            "repository": "dock0"
          },
          "sensitive_attributes": [],
          "private": "eyJzY2hlbWFfdmVyc2lvbiI6IjAifQ=="
        },
        {
          "index_key": "ducktape",
          "schema_version": 0,
          "attributes": {
            "id": "ducktape",
            "label": [
              {
                "color": "0000ff",
                "description": "",
                "name": "feature",
                "url": "https://api.github.com/repos/dock0/ducktape/labels/feature"
              },
              {
                "color": "008000",
                "description": "",
                "name": "mergewhenready",
                "url": "https://api.github.com/repos/dock0/ducktape/labels/mergewhenready"
              },
              {
                "color": "ff0000",
                "description": "",
                "name": "donotmerge",
                "url": "https://api.github.com/repos/dock0/ducktape/labels/donotmerge"
              },
              {
                "color": "ffa500",
                "description": "",
                "name": "bug",
                "url": "https://api.github.com/repos/dock0/ducktape/labels/bug"
              }
            ],
            "repository": "ducktape"
          },
          "sensitive_attributes": [],
          "private": "eyJzY2hlbWFfdmVyc2lvbiI6IjAifQ=="
        },
        {
          "index_key": "pkgforge",
          "schema_version": 0,
          "attributes": {
            "id": "pkgforge",
            "label": [
              {
                "color": "0000ff",
                "description": "",
                "name": "feature",
                "url": "https://api.github.com/repos/dock0/pkgforge/labels/feature"
              },
              {
                "color": "008000",
                "description": "",
                "name": "mergewhenready",
                "url": "https://api.github.com/repos/dock0/pkgforge/labels/mergewhenready"
              },
              {
                "color": "ff0000",
                "description": "",
                "name": "donotmerge",
                "url": "https://api.github.com/repos/dock0/pkgforge/labels/donotmerge"
              },
              {
                "color": "ffa500",
                "description": "",
                "name": "bug",
                "url": "https://api.github.com/repos/dock0/pkgforge/labels/bug"
              }
            ],
            "repository": "pkgforge"
          },
          "sensitive_attributes": [],
          "private": "eyJzY2hlbWFfdmVyc2lvbiI6IjAifQ=="
        },
        {
          "index_key": "pkgforge-golang",
          "schema_version": 0,
          "attributes": {
            "id": "pkgforge-golang",
            "label": [
              {
                "color": "0000ff",
                "description": "",
                "name": "feature",
                "url": "https://api.github.com/repos/dock0/pkgforge-golang/labels/feature"
              },
              {
                "color": "008000",
                "description": "",
                "name": "mergewhenready",
                "url": "https://api.github.com/repos/dock0/pkgforge-golang/labels/mergewhenready"
              },
              {
                "color": "ff0000",
                "description": "",
                "name": "donotmerge",
                "url": "https://api.github.com/repos/dock0/pkgforge-golang/labels/donotmerge"
              },
              {
                "color": "ffa500",
                "description": "",
                "name": "bug",
                "url": "https://api.github.com/repos/dock0/pkgforge-golang/labels/bug"
              }
            ],
            "repository": "pkgforge-golang"
          },
          "sensitive_attributes": [],
          "private": "eyJzY2hlbWFfdmVyc2lvbiI6IjAifQ=="
        },
        {
          "index_key": "pkgforge-golang-cross",
          "schema_version": 0,
          "attributes": {
            "id": "pkgforge-golang-cross",
            "label": [
              {
                "color": "0000ff",
                "description": "",
                "name": "feature",
                "url": "https://api.github.com/repos/dock0/pkgforge-golang-cross/labels/feature"
              },
              {
                "color": "008000",
                "description": "",
                "name": "mergewhenready",
                "url": "https://api.github.com/repos/dock0/pkgforge-golang-cross/labels/mergewhenready"
              },
              {
                "color": "ff0000",
                "description": "",
                "name": "donotmerge",
                "url": "https://api.github.com/repos/dock0/pkgforge-golang-cross/labels/donotmerge"
              },
              {
                "color": "ffa500",
                "description": "",
                "name": "bug",
                "url": "https://api.github.com/repos/dock0/pkgforge-golang-cross/labels/bug"
              }
            ],
            "repository": "pkgforge-golang-cross"
          },
          "sensitive_attributes": [],
          "private": "eyJzY2hlbWFfdmVyc2lvbiI6IjAifQ=="
        },
        {
          "index_key": "tarball_arch",
          "schema_version": 0,
          "attributes": {
            "id": "tarball_arch",
            "label": [
              {
                "color": "0000ff",
                "description": "",
                "name": "feature",
                "url": "https://api.github.com/repos/dock0/tarball_arch/labels/feature"
              },
              {
                "color": "008000",
                "description": "",
                "name": "mergewhenready",
                "url": "https://api.github.com/repos/dock0/tarball_arch/labels/mergewhenready"
              },
              {
                "color": "ff0000",
                "description": "",
                "name": "donotmerge",
                "url": "https://api.github.com/repos/dock0/tarball_arch/labels/donotmerge"
              },
              {
                "color": "ffa500",
                "description": "",
                "name": "bug",
                "url": "https://api.github.com/repos/dock0/tarball_arch/labels/bug"
              }
            ],
            "repository": "tarball_arch"
          },
          "sensitive_attributes": [],
          "private": "eyJzY2hlbWFfdmVyc2lvbiI6IjAifQ=="
        }
      ]
    },
    {
      "module": "module.dock0",
      "mode": "managed",
      "type": "github_repository",
      "name": "each",
      "provider": "provider[\"registry.terraform.io/integrations/github\"].dock0",
      "instances": [
        {
          "index_key": ".github",
          "schema_version": 1,
          "attributes": {
            "allow_auto_merge": false,
            "allow_forking": true,
            "allow_merge_commit": false,
            "allow_rebase_merge": false,
            "allow_squash_merge": true,
            "allow_update_branch": true,
            "archive_on_destroy": null,
            "archived": false,
            "auto_init": false,
            "default_branch": "main",
            "delete_branch_on_merge": true,
            "description": "",
            "etag": "W/\"b2daf6c6715c678e4d9e1ae80061f20a4d3b565bc470c186b613d61897a34c6b\"",
            "fork": "false",
            "full_name": "dock0/.github",
            "git_clone_url": "git://github.com/dock0/.github.git",
            "gitignore_template": null,
            "has_discussions": false,
            "has_downloads": false,
            "has_issues": true,
            "has_projects": false,
            "has_wiki": false,
            "homepage_url": "",
            "html_url": "https://github.com/dock0/.github",
            "http_clone_url": "https://github.com/dock0/.github.git",
            "id": ".github",
            "ignore_vulnerability_alerts_during_read": null,
            "is_template": false,
            "license_template": null,
            "merge_commit_message": "PR_TITLE",
            "merge_commit_title": "MERGE_MESSAGE",
            "name": ".github",
            "node_id": "R_kgDOTU8NUQ",
            "pages": [],
            "primary_language": "",
            "private": false,
            "repo_id": 1297026385,
            "security_and_analysis": [
              {
                "advanced_security": [],
                "code_security": [],
                "secret_scanning": [
                  {
                    "status": "disabled"
                  }
                ],
                "secret_scanning_ai_detection": [],
                "secret_scanning_non_provider_patterns": [],
                "secret_scanning_push_protection": [
                  {
                    "status": "disabled"
                  }
                ]
              }
            ],
            "source_owner": "",
            "source_repo": "",
            "squash_merge_commit_message": "COMMIT_MESSAGES",
            "squash_merge_commit_title": "COMMIT_OR_PR_TITLE",
            "ssh_clone_url": "git@github.com:dock0/.github.git",
            "svn_url": "https://github.com/dock0/.github",
            "template": [],
            "topics": [],
            "visibility": "public",
            "vulnerability_alerts": false,
            "web_commit_signoff_required": false
          },
          "sensitive_attributes": [],
          "private": "eyJzY2hlbWFfdmVyc2lvbiI6IjEifQ=="
        },
        {
          "index_key": "action-helper",
          "schema_version": 1,
          "attributes": {
            "allow_auto_merge": false,
            "allow_forking": true,
            "allow_merge_commit": false,
            "allow_rebase_merge": false,
            "allow_squash_merge": true,
            "allow_update_branch": true,
            "archive_on_destroy": null,
            "archived": false,
            "auto_init": false,
            "default_branch": "main",
            "delete_branch_on_merge": true,
            "description": "Helpers for GitHub Actions",
            "etag": "W/\"2a4924356551683f7bdfc5b92e4692dfc8745845780b9eb15a6919006e5d0f5d\"",
            "fork": "false",
            "full_name": "dock0/action-helper",
            "git_clone_url": "git://github.com/dock0/action-helper.git",
            "gitignore_template": null,
            "has_discussions": false,
            "has_downloads": false,
            "has_issues": true,
            "has_projects": false,
            "has_wiki": false,
            "homepage_url": "",
            "html_url": "https://github.com/dock0/action-helper",
            "http_clone_url": "https://github.com/dock0/action-helper.git",
            "id": "action-helper",
            "ignore_vulnerability_alerts_during_read": null,
            "is_template": false,
            "license_template": null,
            "merge_commit_message": "PR_TITLE",
            "merge_commit_title": "MERGE_MESSAGE",
            "name": "action-helper",
            "node_id": "MDEwOlJlcG9zaXRvcnkyMzgyODUxNDM=",
            "pages": [],
            "primary_language": "Ruby",
            "private": false,
            "repo_id": 238285143,
            "security_and_analysis": [
              {
                "advanced_security": [],
                "code_security": [],
                "secret_scanning": [
                  {
                    "status": "disabled"
                  }
                ],
                "secret_scanning_ai_detection": [],
                "secret_scanning_non_provider_patterns": [],
                "secret_scanning_push_protection": [
                  {
                    "status": "disabled"
                  }
                ]
              }
            ],
            "source_owner": "",
            "source_repo": "",
            "squash_merge_commit_message": "COMMIT_MESSAGES",
            "squash_merge_commit_title": "COMMIT_OR_PR_TITLE",
            "ssh_clone_url": "git@github.com:dock0/action-helper.git",
            "svn_url": "https://github.com/dock0/action-helper",
            "template": [],
            "topics": [],
            "visibility": "public",
            "vulnerability_alerts": false,
            "web_commit_signoff_required": false
          },
          "sensitive_attributes": [],
          "private": "eyJzY2hlbWFfdmVyc2lvbiI6IjEifQ=="
        },
        {
          "index_key": "arch",
          "schema_version": 1,
          "attributes": {
            "allow_auto_merge": false,
            "allow_forking": true,
            "allow_merge_commit": false,
            "allow_rebase_merge": false,
            "allow_squash_merge": true,
            "allow_update_branch": true,
            "archive_on_destroy": null,
            "archived": false,
            "auto_init": false,
            "default_branch": "main",
            "delete_branch_on_merge": true,
            "description": "Minimal base Arch image",
            "etag": "W/\"576cc540b5ff7d292b2229145fb1134866af1172cb21ff112db3b64aac9ae367\"",
            "fork": "false",
            "full_name": "dock0/arch",
            "git_clone_url": "git://github.com/dock0/arch.git",
            "gitignore_template": null,
            "has_discussions": false,
            "has_downloads": false,
            "has_issues": true,
            "has_projects": false,
            "has_wiki": false,
            "homepage_url": "",
            "html_url": "https://github.com/dock0/arch",
            "http_clone_url": "https://github.com/dock0/arch.git",
            "id": "arch",
            "ignore_vulnerability_alerts_during_read": null,
            "is_template": false,
            "license_template": null,
            "merge_commit_message": "PR_TITLE",
            "merge_commit_title": "MERGE_MESSAGE",
            "name": "arch",
            "node_id": "MDEwOlJlcG9zaXRvcnkxNjg3MzY5Mw==",
            "pages": [],
            "primary_language": "Dockerfile",
            "private": false,
            "repo_id": 16873693,
            "security_and_analysis": [
              {
                "advanced_security": [],
                "code_security": [],
                "secret_scanning": [
                  {
                    "status": "disabled"
                  }
                ],
                "secret_scanning_ai_detection": [],
                "secret_scanning_non_provider_patterns": [],
                "secret_scanning_push_protection": [
                  {
                    "status": "disabled"
                  }
                ]
              }
            ],
            "source_owner": "",
            "source_repo": "",
            "squash_merge_commit_message": "COMMIT_MESSAGES",
            "squash_merge_commit_title": "COMMIT_OR_PR_TITLE",
            "ssh_clone_url": "git@github.com:dock0/arch.git",
            "svn_url": "https://github.com/dock0/arch",
            "template": [],
            "topics": [],
            "visibility": "public",
            "vulnerability_alerts": false,
            "web_commit_signoff_required": false
          },
          "sensitive_attributes": [],
          "private": "eyJzY2hlbWFfdmVyc2lvbiI6IjEifQ=="
        },
        {
          "index_key": "base_arch",
          "schema_version": 1,
          "attributes": {
            "allow_auto_merge": false,
            "allow_forking": true,
            "allow_merge_commit": false,
            "allow_rebase_merge": false,
            "allow_squash_merge": true,
            "allow_update_branch": true,
            "archive_on_destroy": null,
            "archived": false,
            "auto_init": false,
            "default_branch": "main",
            "delete_branch_on_merge": true,
            "description": "Base Archlinux package",
            "etag": "W/\"363af779d0b2c304cdc8ea86e9b52c285c5ab80e9288fb90ab22a6db7103dc07\"",
            "fork": "false",
            "full_name": "dock0/base_arch",
            "git_clone_url": "git://github.com/dock0/base_arch.git",
            "gitignore_template": null,
            "has_discussions": false,
            "has_downloads": false,
            "has_issues": true,
            "has_projects": false,
            "has_wiki": false,
            "homepage_url": "",
            "html_url": "https://github.com/dock0/base_arch",
            "http_clone_url": "https://github.com/dock0/base_arch.git",
            "id": "base_arch",
            "ignore_vulnerability_alerts_during_read": null,
            "is_template": false,
            "license_template": null,
            "merge_commit_message": "PR_TITLE",
            "merge_commit_title": "MERGE_MESSAGE",
            "name": "base_arch",
            "node_id": "MDEwOlJlcG9zaXRvcnkyNDAwNDMxODY=",
            "pages": [],
            "primary_language": "Dockerfile",
            "private": false,
            "repo_id": 240043186,
            "security_and_analysis": [
              {
                "advanced_security": [],
                "code_security": [],
                "secret_scanning": [
                  {
                    "status": "disabled"
                  }
                ],
                "secret_scanning_ai_detection": [],
                "secret_scanning_non_provider_patterns": [],
                "secret_scanning_push_protection": [
                  {
                    "status": "disabled"
                  }
                ]
              }
            ],
            "source_owner": "",
            "source_repo": "",
            "squash_merge_commit_message": "COMMIT_MESSAGES",
            "squash_merge_commit_title": "COMMIT_OR_PR_TITLE",
            "ssh_clone_url": "git@github.com:dock0/base_arch.git",
            "svn_url": "https://github.com/dock0/base_arch",
            "template": [],
            "topics": [],
            "visibility": "public",
            "vulnerability_alerts": false,
            "web_commit_signoff_required": false
          },
          "sensitive_attributes": [],
          "private": "eyJzY2hlbWFfdmVyc2lvbiI6IjEifQ=="
        },
        {
          "index_key": "build",
          "schema_version": 1,
          "attributes": {
            "allow_auto_merge": false,
            "allow_forking": true,
            "allow_merge_commit": false,
            "allow_rebase_merge": false,
            "allow_squash_merge": true,
            "allow_update_branch": true,
            "archive_on_destroy": null,
            "archived": false,
            "auto_init": false,
            "default_branch": "main",
            "delete_branch_on_merge": true,
            "description": "Build container",
            "etag": "W/\"a43b040c491b0a4a4526a476329ff203c7f8ad08be5891b8ae13f594b5bb0d54\"",
            "fork": "false",
            "full_name": "dock0/build",
            "git_clone_url": "git://github.com/dock0/build.git",
            "gitignore_template": null,
            "has_discussions": false,
            "has_downloads": false,
            "has_issues": true,
            "has_projects": false,
            "has_wiki": false,
            "homepage_url": "",
            "html_url": "https://github.com/dock0/build",
            "http_clone_url": "https://github.com/dock0/build.git",
            "id": "build",
            "ignore_vulnerability_alerts_during_read": null,
            "is_template": false,
            "license_template": null,
            "merge_commit_message": "PR_TITLE",
            "merge_commit_title": "MERGE_MESSAGE",
            "name": "build",
            "node_id": "MDEwOlJlcG9zaXRvcnkyNzY1Mzc1Mw==",
            "pages": [],
            "primary_language": "Dockerfile",
            "private": false,
            "repo_id": 27653753,
            "security_and_analysis": [
              {
                "advanced_security": [],
                "code_security": [],
                "secret_scanning": [
                  {
                    "status": "disabled"
                  }
                ],
                "secret_scanning_ai_detection": [],
                "secret_scanning_non_provider_patterns": [],
                "secret_scanning_push_protection": [
                  {
                    "status": "disabled"
                  }
                ]
              }
            ],
            "source_owner": "",
            "source_repo": "",
            "squash_merge_commit_message": "COMMIT_MESSAGES",
            "squash_merge_commit_title": "COMMIT_OR_PR_TITLE",
            "ssh_clone_url": "git@github.com:dock0/build.git",
            "svn_url": "https://github.com/dock0/build",
            "template": [],
            "topics": [],
            "visibility": "public",
            "vulnerability_alerts": false,
            "web_commit_signoff_required": false
          },
          "sensitive_attributes": [],
          "private": "eyJzY2hlbWFfdmVyc2lvbiI6IjEifQ=="
        },
        {
          "index_key": "dock0",
          "schema_version": 1,
          "attributes": {
            "allow_auto_merge": false,
            "allow_forking": true,
            "allow_merge_commit": false,
            "allow_rebase_merge": false,
            "allow_squash_merge": true,
            "allow_update_branch": true,
            "archive_on_destroy": null,
            "archived": false,
            "auto_init": false,
            "default_branch": "main",
            "delete_branch_on_merge": true,
            "description": "Arch Docker host generator",
            "etag": "W/\"762fabdaa637352957ad4bbbf33c883c80975d62e92036dfa7341bb00c781fe0\"",
            "fork": "false",
            "full_name": "dock0/dock0",
            "git_clone_url": "git://github.com/dock0/dock0.git",
            "gitignore_template": null,
            "has_discussions": false,
            "has_downloads": false,
            "has_issues": true,
            "has_projects": false,
            "has_wiki": false,
            "homepage_url": "",
            "html_url": "https://github.com/dock0/dock0",
            "http_clone_url": "https://github.com/dock0/dock0.git",
            "id": "dock0",
            "ignore_vulnerability_alerts_during_read": null,
            "is_template": false,
            "license_template": null,
            "merge_commit_message": "PR_TITLE",
            "merge_commit_title": "MERGE_MESSAGE",
            "name": "dock0",
            "node_id": "MDEwOlJlcG9zaXRvcnkxNTg5MTE1NA==",
            "pages": [],
            "primary_language": "Ruby",
            "private": false,
            "repo_id": 15891154,
            "security_and_analysis": [
              {
                "advanced_security": [],
                "code_security": [],
                "secret_scanning": [
                  {
                    "status": "disabled"
                  }
                ],
                "secret_scanning_ai_detection": [],
                "secret_scanning_non_provider_patterns": [],
                "secret_scanning_push_protection": [
                  {
                    "status": "disabled"
                  }
                ]
              }
            ],
            "source_owner": "",
            "source_repo": "",
            "squash_merge_commit_message": "COMMIT_MESSAGES",
            "squash_merge_commit_title": "COMMIT_OR_PR_TITLE",
            "ssh_clone_url": "git@github.com:dock0/dock0.git",
            "svn_url": "https://github.com/dock0/dock0",
            "template": [],
            "topics": [],
            "visibility": "public",
            "vulnerability_alerts": false,
            "web_commit_signoff_required": false
          },
          "sensitive_attributes": [],
          "private": "eyJzY2hlbWFfdmVyc2lvbiI6IjEifQ=="
        },
        {
          "index_key": "ducktape",
          "schema_version": 1,
          "attributes": {
            "allow_auto_merge": false,
            "allow_forking": true,
            "allow_merge_commit": false,
            "allow_rebase_merge": false,
            "allow_squash_merge": true,
            "allow_update_branch": true,
            "archive_on_destroy": null,
            "archived": false,
            "auto_init": false,
            "default_branch": "main",
            "delete_branch_on_merge": true,
            "description": "Remote tarball unpacker for Docker images",
            "etag": "W/\"5f05682473d26e8210dc80fd85cdc6a301b3b17ade5fa0e36ffbb97c407cddf5\"",
            "fork": "false",
            "full_name": "dock0/ducktape",
            "git_clone_url": "git://github.com/dock0/ducktape.git",
            "gitignore_template": null,
            "has_discussions": false,
            "has_downloads": false,
            "has_issues": true,
            "has_projects": false,
            "has_wiki": false,
            "homepage_url": "",
            "html_url": "https://github.com/dock0/ducktape",
            "http_clone_url": "https://github.com/dock0/ducktape.git",
            "id": "ducktape",
            "ignore_vulnerability_alerts_during_read": null,
            "is_template": false,
            "license_template": null,
            "merge_commit_message": "PR_TITLE",
            "merge_commit_title": "MERGE_MESSAGE",
            "name": "ducktape",
            "node_id": "MDEwOlJlcG9zaXRvcnkyMTMzOTY2MQ==",
            "pages": [],
            "primary_language": "Go",
            "private": false,
            "repo_id": 21339661,
            "security_and_analysis": [
              {
                "advanced_security": [],
                "code_security": [],
                "secret_scanning": [
                  {
                    "status": "disabled"
                  }
                ],
                "secret_scanning_ai_detection": [],
                "secret_scanning_non_provider_patterns": [],
                "secret_scanning_push_protection": [
                  {
                    "status": "disabled"
                  }
                ]
              }
            ],
            "source_owner": "",
            "source_repo": "",
            "squash_merge_commit_message": "COMMIT_MESSAGES",
            "squash_merge_commit_title": "COMMIT_OR_PR_TITLE",
            "ssh_clone_url": "git@github.com:dock0/ducktape.git",
            "svn_url": "https://github.com/dock0/ducktape",
            "template": [],
            "topics": [],
            "visibility": "public",
            "vulnerability_alerts": false,
            "web_commit_signoff_required": false
          },
          "sensitive_attributes": [],
          "private": "eyJzY2hlbWFfdmVyc2lvbiI6IjEifQ=="
        },
        {
          "index_key": "pkgforge",
          "schema_version": 1,
          "attributes": {
            "allow_auto_merge": false,
            "allow_forking": true,
            "allow_merge_commit": false,
            "allow_rebase_merge": false,
            "allow_squash_merge": true,
            "allow_update_branch": true,
            "archive_on_destroy": null,
            "archived": false,
            "auto_init": false,
            "default_branch": "main",
            "delete_branch_on_merge": true,
            "description": "Container for building software",
            "etag": "W/\"8e16f95ac5dd433cfddd28b2a6b5bf8ad3aa96cdc01cb0f03e99449a498736c5\"",
            "fork": "false",
            "full_name": "dock0/pkgforge",
            "git_clone_url": "git://github.com/dock0/pkgforge.git",
            "gitignore_template": null,
            "has_discussions": false,
            "has_downloads": false,
            "has_issues": true,
            "has_projects": false,
            "has_wiki": false,
            "homepage_url": "",
            "html_url": "https://github.com/dock0/pkgforge",
            "http_clone_url": "https://github.com/dock0/pkgforge.git",
            "id": "pkgforge",
            "ignore_vulnerability_alerts_during_read": null,
            "is_template": false,
            "license_template": null,
            "merge_commit_message": "PR_TITLE",
            "merge_commit_title": "MERGE_MESSAGE",
            "name": "pkgforge",
            "node_id": "MDEwOlJlcG9zaXRvcnk2NjIwODk1Mg==",
            "pages": [],
            "primary_language": "Dockerfile",
            "private": false,
            "repo_id": 66208952,
            "security_and_analysis": [
              {
                "advanced_security": [],
                "code_security": [],
                "secret_scanning": [
                  {
                    "status": "disabled"
                  }
                ],
                "secret_scanning_ai_detection": [],
                "secret_scanning_non_provider_patterns": [],
                "secret_scanning_push_protection": [
                  {
                    "status": "disabled"
                  }
                ]
              }
            ],
            "source_owner": "",
            "source_repo": "",
            "squash_merge_commit_message": "COMMIT_MESSAGES",
            "squash_merge_commit_title": "COMMIT_OR_PR_TITLE",
            "ssh_clone_url": "git@github.com:dock0/pkgforge.git",
            "svn_url": "https://github.com/dock0/pkgforge",
            "template": [],
            "topics": [],
            "visibility": "public",
            "vulnerability_alerts": false,
            "web_commit_signoff_required": false
          },
          "sensitive_attributes": [],
          "private": "eyJzY2hlbWFfdmVyc2lvbiI6IjEifQ=="
        },
        {
          "index_key": "pkgforge-golang",
          "schema_version": 1,
          "attributes": {
            "allow_auto_merge": false,
            "allow_forking": true,
            "allow_merge_commit": false,
            "allow_rebase_merge": false,
            "allow_squash_merge": true,
            "allow_update_branch": true,
            "archive_on_destroy": null,
            "archived": false,
            "auto_init": false,
            "default_branch": "main",
            "delete_branch_on_merge": true,
            "description": "Helper for building golang packages",
            "etag": "W/\"c24dc1d524fcde767090a14bdc691c70ebb30bea2cfc2f3788fe2f2ba6c42643\"",
            "fork": "false",
            "full_name": "dock0/pkgforge-golang",
            "git_clone_url": "git://github.com/dock0/pkgforge-golang.git",
            "gitignore_template": null,
            "has_discussions": false,
            "has_downloads": false,
            "has_issues": true,
            "has_projects": false,
            "has_wiki": false,
            "homepage_url": "",
            "html_url": "https://github.com/dock0/pkgforge-golang",
            "http_clone_url": "https://github.com/dock0/pkgforge-golang.git",
            "id": "pkgforge-golang",
            "ignore_vulnerability_alerts_during_read": null,
            "is_template": false,
            "license_template": null,
            "merge_commit_message": "PR_TITLE",
            "merge_commit_title": "MERGE_MESSAGE",
            "name": "pkgforge-golang",
            "node_id": "MDEwOlJlcG9zaXRvcnkxMjI3NTcwNDQ=",
            "pages": [],
            "primary_language": "Dockerfile",
            "private": false,
            "repo_id": 122757044,
            "security_and_analysis": [
              {
                "advanced_security": [],
                "code_security": [],
                "secret_scanning": [
                  {
                    "status": "disabled"
                  }
                ],
                "secret_scanning_ai_detection": [],
                "secret_scanning_non_provider_patterns": [],
                "secret_scanning_push_protection": [
                  {
                    "status": "disabled"
                  }
                ]
              }
            ],
            "source_owner": "",
            "source_repo": "",
            "squash_merge_commit_message": "COMMIT_MESSAGES",
            "squash_merge_commit_title": "COMMIT_OR_PR_TITLE",
            "ssh_clone_url": "git@github.com:dock0/pkgforge-golang.git",
            "svn_url": "https://github.com/dock0/pkgforge-golang",
            "template": [],
            "topics": [],
            "visibility": "public",
            "vulnerability_alerts": false,
            "web_commit_signoff_required": false
          },
          "sensitive_attributes": [],
          "private": "eyJzY2hlbWFfdmVyc2lvbiI6IjEifQ=="
        },
        {
          "index_key": "pkgforge-golang-cross",
          "schema_version": 1,
          "attributes": {
            "allow_auto_merge": false,
            "allow_forking": true,
            "allow_merge_commit": false,
            "allow_rebase_merge": false,
            "allow_squash_merge": true,
            "allow_update_branch": true,
            "archive_on_destroy": null,
            "archived": false,
            "auto_init": false,
            "default_branch": "main",
            "delete_branch_on_merge": true,
            "description": "Pkgforge Docker image preloaded with Golang and cross-compilation libraries",
            "etag": "W/\"5c9b84cdcac87ebcc9119736f7fe5105b37942569e6cc5dc6bd2225d4bc3a5c6\"",
            "fork": "false",
            "full_name": "dock0/pkgforge-golang-cross",
            "git_clone_url": "git://github.com/dock0/pkgforge-golang-cross.git",
            "gitignore_template": null,
            "has_discussions": false,
            "has_downloads": false,
            "has_issues": true,
            "has_projects": false,
            "has_wiki": false,
            "homepage_url": "",
            "html_url": "https://github.com/dock0/pkgforge-golang-cross",
            "http_clone_url": "https://github.com/dock0/pkgforge-golang-cross.git",
            "id": "pkgforge-golang-cross",
            "ignore_vulnerability_alerts_during_read": null,
            "is_template": false,
            "license_template": null,
            "merge_commit_message": "PR_TITLE",
            "merge_commit_title": "MERGE_MESSAGE",
            "name": "pkgforge-golang-cross",
            "node_id": "MDEwOlJlcG9zaXRvcnkxNzAzMjU1ODg=",
            "pages": [],
            "primary_language": "Dockerfile",
            "private": false,
            "repo_id": 170325588,
            "security_and_analysis": [
              {
                "advanced_security": [],
                "code_security": [],
                "secret_scanning": [
                  {
                    "status": "disabled"
                  }
                ],
                "secret_scanning_ai_detection": [],
                "secret_scanning_non_provider_patterns": [],
                "secret_scanning_push_protection": [
                  {
                    "status": "disabled"
                  }
                ]
              }
            ],
            "source_owner": "",
            "source_repo": "",
            "squash_merge_commit_message": "COMMIT_MESSAGES",
            "squash_merge_commit_title": "COMMIT_OR_PR_TITLE",
            "ssh_clone_url": "git@github.com:dock0/pkgforge-golang-cross.git",
            "svn_url": "https://github.com/dock0/pkgforge-golang-cross",
            "template": [],
            "topics": [],
            "visibility": "public",
            "vulnerability_alerts": false,
            "web_commit_signoff_required": false
          },
          "sensitive_attributes": [],
          "private": "eyJzY2hlbWFfdmVyc2lvbiI6IjEifQ=="
        },
        {
          "index_key": "tarball_arch",
          "schema_version": 1,
          "attributes": {
            "allow_auto_merge": false,
            "allow_forking": true,
            "allow_merge_commit": false,
            "allow_rebase_merge": false,
            "allow_squash_merge": true,
            "allow_update_branch": true,
            "archive_on_destroy": null,
            "archived": false,
            "auto_init": false,
            "default_branch": "main",
            "delete_branch_on_merge": true,
            "description": "Barebones tarball contain Archlinux for minimal containersc",
            "etag": "W/\"a0095bc9946b1bb28bc507073348b78b0550eca88d648c6dc717d98fa6d0be19\"",
            "fork": "false",
            "full_name": "dock0/tarball_arch",
            "git_clone_url": "git://github.com/dock0/tarball_arch.git",
            "gitignore_template": null,
            "has_discussions": false,
            "has_downloads": false,
            "has_issues": true,
            "has_projects": false,
            "has_wiki": false,
            "homepage_url": "",
            "html_url": "https://github.com/dock0/tarball_arch",
            "http_clone_url": "https://github.com/dock0/tarball_arch.git",
            "id": "tarball_arch",
            "ignore_vulnerability_alerts_during_read": null,
            "is_template": false,
            "license_template": null,
            "merge_commit_message": "PR_TITLE",
            "merge_commit_title": "MERGE_MESSAGE",
            "name": "tarball_arch",
            "node_id": "MDEwOlJlcG9zaXRvcnkyMzgwNzQzNTk=",
            "pages": [],
            "primary_language": "Dockerfile",
            "private": false,
            "repo_id": 238074359,
            "security_and_analysis": [
              {
                "advanced_security": [],
                "code_security": [],
                "secret_scanning": [
                  {
                    "status": "disabled"
                  }
                ],
                "secret_scanning_ai_detection": [],
                "secret_scanning_non_provider_patterns": [],
                "secret_scanning_push_protection": [
                  {
                    "status": "disabled"
                  }
                ]
              }
            ],
            "source_owner": "",
            "source_repo": "",
            "squash_merge_commit_message": "COMMIT_MESSAGES",
            "squash_merge_commit_title": "COMMIT_OR_PR_TITLE",
            "ssh_clone_url": "git@github.com:dock0/tarball_arch.git",
            "svn_url": "https://github.com/dock0/tarball_arch",
            "template": [],
            "topics": [],
            "visibility": "public",
            "vulnerability_alerts": false,
            "web_commit_signoff_required": false
          },
          "sensitive_attributes": [],
          "private": "eyJzY2hlbWFfdmVyc2lvbiI6IjEifQ=="
        }
      ]
    },
    {
      "module": "module.dock0",
      "mode": "managed",
      "type": "github_repository_vulnerability_alerts",
      "name": "each",
      "provider": "provider[\"registry.terraform.io/integrations/github\"].dock0",
      "instances": [
        {
          "index_key": ".github",
          "schema_version": 0,
          "attributes": {
            "enabled": false,
            "id": "1297026385",
            "repository": ".github",
            "repository_id": 1297026385
          },
          "sensitive_attributes": [],
          "private": "eyJzY2hlbWFfdmVyc2lvbiI6IjAifQ=="
        },
        {
          "index_key": "action-helper",
          "schema_version": 0,
          "attributes": {
            "enabled": false,
            "id": "238285143",
            "repository": "action-helper",
            "repository_id": 238285143
          },
          "sensitive_attributes": [],
          "private": "eyJzY2hlbWFfdmVyc2lvbiI6IjAifQ=="
        },
        {
          "index_key": "arch",
          "schema_version": 0,
          "attributes": {
            "enabled": false,
            "id": "16873693",
            "repository": "arch",
            "repository_id": 16873693
          },
          "sensitive_attributes": [],
          "private": "eyJzY2hlbWFfdmVyc2lvbiI6IjAifQ=="
        },
        {
          "index_key": "base_arch",
          "schema_version": 0,
          "attributes": {
            "enabled": false,
            "id": "240043186",
            "repository": "base_arch",
            "repository_id": 240043186
          },
          "sensitive_attributes": [],
          "private": "eyJzY2hlbWFfdmVyc2lvbiI6IjAifQ=="
        },
        {
          "index_key": "build",
          "schema_version": 0,
          "attributes": {
            "enabled": false,
            "id": "27653753",
            "repository": "build",
            "repository_id": 27653753
          },
          "sensitive_attributes": [],
          "private": "eyJzY2hlbWFfdmVyc2lvbiI6IjAifQ=="
        },
        {
          "index_key": "dock0",
          "schema_version": 0,
          "attributes": {
            "enabled": false,
            "id": "15891154",
            "repository": "dock0",
            "repository_id": 15891154
          },
          "sensitive_attributes": [],
          "private": "eyJzY2hlbWFfdmVyc2lvbiI6IjAifQ=="
        },
        {
          "index_key": "ducktape",
          "schema_version": 0,
          "attributes": {
            "enabled": false,
            "id": "21339661",
            "repository": "ducktape",
            "repository_id": 21339661
          },
          "sensitive_attributes": [],
          "private": "eyJzY2hlbWFfdmVyc2lvbiI6IjAifQ=="
        },
        {
          "index_key": "pkgforge",
          "schema_version": 0,
          "attributes": {
            "enabled": false,
            "id": "66208952",
            "repository": "pkgforge",
            "repository_id": 66208952
          },
          "sensitive_attributes": [],
          "private": "eyJzY2hlbWFfdmVyc2lvbiI6IjAifQ=="
        },
        {
          "index_key": "pkgforge-golang",
          "schema_version": 0,
          "attributes": {
            "enabled": false,
            "id": "122757044",
            "repository": "pkgforge-golang",
            "repository_id": 122757044
          },
          "sensitive_attributes": [],
          "private": "eyJzY2hlbWFfdmVyc2lvbiI6IjAifQ=="
        },
        {
          "index_key": "pkgforge-golang-cross",
          "schema_version": 0,
          "attributes": {
            "enabled": false,
            "id": "170325588",
            "repository": "pkgforge-golang-cross",
            "repository_id": 170325588
          },
          "sensitive_attributes": [],
          "private": "eyJzY2hlbWFfdmVyc2lvbiI6IjAifQ=="
        },
        {
          "index_key": "tarball_arch",
          "schema_version": 0,
          "attributes": {
            "enabled": false,
            "id": "238074359",
            "repository": "tarball_arch",
            "repository_id": 238074359
          },
          "sensitive_attributes": [],
          "private": "eyJzY2hlbWFfdmVyc2lvbiI6IjAifQ=="
        }
      ]
    },
    {
      "module": "module.halyard",
      "mode": "managed",
      "type": "github_branch_protection",
      "name": "each",
      "provider": "provider[\"registry.terraform.io/integrations/github\"].halyard",
      "instances": [
        {
          "index_key": ".github",
          "schema_version": 2,
          "attributes": {
            "allows_deletions": false,
            "allows_force_pushes": false,
            "enforce_admins": true,
            "force_push_bypassers": null,
            "id": "BPR_kwDOTU5YHs4Exgvu",
            "lock_branch": false,
            "pattern": "main",
            "repository_id": ".github",
            "require_conversation_resolution": false,
            "require_signed_commits": false,
            "required_linear_history": false,
            "required_pull_request_reviews": [],
            "required_status_checks": [
              {
                "contexts": [
                  "Build / Build (pull_request)",
                  "policy-bot: main"
                ],
                "strict": true
              }
            ],
            "restrict_pushes": []
          },
          "sensitive_attributes": [],
          "private": "eyJzY2hlbWFfdmVyc2lvbiI6IjIifQ=="
        },
        {
          "index_key": "halyard",
          "schema_version": 2,
          "attributes": {
            "allows_deletions": false,
            "allows_force_pushes": false,
            "enforce_admins": true,
            "force_push_bypassers": null,
            "id": "BPR_kwDOAV9je84Exgvy",
            "lock_branch": false,
            "pattern": "main",
            "repository_id": "halyard",
            "require_conversation_resolution": false,
            "require_signed_commits": false,
            "required_linear_history": false,
            "required_pull_request_reviews": [],
            "required_status_checks": [
              {
                "contexts": [
                  "Build / Build (pull_request)",
                  "policy-bot: main"
                ],
                "strict": true
              }
            ],
            "restrict_pushes": []
          },
          "sensitive_attributes": [],
          "private": "eyJzY2hlbWFfdmVyc2lvbiI6IjIifQ=="
        },
        {
          "index_key": "halyard.github.io",
          "schema_version": 2,
          "attributes": {
            "allows_deletions": false,
            "allows_force_pushes": false,
            "enforce_admins": true,
            "force_push_bypassers": null,
            "id": "BPR_kwDOAWaypc4ExgsZ",
            "lock_branch": false,
            "pattern": "main",
            "repository_id": "halyard.github.io",
            "require_conversation_resolution": false,
            "require_signed_commits": false,
            "required_linear_history": false,
            "required_pull_request_reviews": [],
            "required_status_checks": [
              {
                "contexts": [
                  "Build / Build (pull_request)",
                  "policy-bot: main"
                ],
                "strict": true
              }
            ],
            "restrict_pushes": []
          },
          "sensitive_attributes": [],
          "private": "eyJzY2hlbWFfdmVyc2lvbiI6IjIifQ=="
        },
        {
          "index_key": "homebrew-core",
          "schema_version": 2,
          "attributes": {
            "allows_deletions": false,
            "allows_force_pushes": false,
            "enforce_admins": true,
            "force_push_bypassers": null,
            "id": "BPR_kwDOIl_Bvs4ExgvA",
            "lock_branch": false,
            "pattern": "main",
            "repository_id": "homebrew-core",
            "require_conversation_resolution": false,
            "require_signed_commits": false,
            "required_linear_history": false,
            "required_pull_request_reviews": [],
            "required_status_checks": [
              {
                "contexts": [
                  "Build / Build (pull_request)",
                  "policy-bot: main"
                ],
                "strict": true
              }
            ],
            "restrict_pushes": []
          },
          "sensitive_attributes": [],
          "private": "eyJzY2hlbWFfdmVyc2lvbiI6IjIifQ=="
        },
        {
          "index_key": "image-archlinux",
          "schema_version": 2,
          "attributes": {
            "allows_deletions": false,
            "allows_force_pushes": false,
            "enforce_admins": true,
            "force_push_bypassers": null,
            "id": "BPR_kwDOHQ-Wxc4Exgul",
            "lock_branch": false,
            "pattern": "main",
            "repository_id": "image-archlinux",
            "require_conversation_resolution": false,
            "require_signed_commits": false,
            "required_linear_history": false,
            "required_pull_request_reviews": [],
            "required_status_checks": [
              {
                "contexts": [
                  "Build / Build (pull_request)",
                  "policy-bot: main"
                ],
                "strict": true
              }
            ],
            "restrict_pushes": []
          },
          "sensitive_attributes": [],
          "private": "eyJzY2hlbWFfdmVyc2lvbiI6IjIifQ=="
        },
        {
          "index_key": "local-puppet-helper",
          "schema_version": 2,
          "attributes": {
            "allows_deletions": false,
            "allows_force_pushes": false,
            "enforce_admins": true,
            "force_push_bypassers": null,
            "id": "BPR_kwDOBb6Y-c4ExgvE",
            "lock_branch": false,
            "pattern": "main",
            "repository_id": "local-puppet-helper",
            "require_conversation_resolution": false,
            "require_signed_commits": false,
            "required_linear_history": false,
            "required_pull_request_reviews": [],
            "required_status_checks": [
              {
                "contexts": [
                  "Build / Build (pull_request)",
                  "policy-bot: main"
                ],
                "strict": true
              }
            ],
            "restrict_pushes": []
          },
          "sensitive_attributes": [],
          "private": "eyJzY2hlbWFfdmVyc2lvbiI6IjIifQ=="
        },
        {
          "index_key": "puppet-acme",
          "schema_version": 2,
          "attributes": {
            "allows_deletions": false,
            "allows_force_pushes": false,
            "enforce_admins": true,
            "force_push_bypassers": null,
            "id": "BPR_kwDOHUKIMs4Exgt9",
            "lock_branch": false,
            "pattern": "main",
            "repository_id": "puppet-acme",
            "require_conversation_resolution": false,
            "require_signed_commits": false,
            "required_linear_history": false,
            "required_pull_request_reviews": [],
            "required_status_checks": [
              {
                "contexts": [
                  "Build / Build (pull_request)",
                  "policy-bot: main"
                ],
                "strict": true
              }
            ],
            "restrict_pushes": []
          },
          "sensitive_attributes": [],
          "private": "eyJzY2hlbWFfdmVyc2lvbiI6IjIifQ=="
        },
        {
          "index_key": "puppet-babybuddy",
          "schema_version": 2,
          "attributes": {
            "allows_deletions": false,
            "allows_force_pushes": false,
            "enforce_admins": true,
            "force_push_bypassers": null,
            "id": "BPR_kwDOOgUm1M4Exgts",
            "lock_branch": false,
            "pattern": "main",
            "repository_id": "puppet-babybuddy",
            "require_conversation_resolution": false,
            "require_signed_commits": false,
            "required_linear_history": false,
            "required_pull_request_reviews": [],
            "required_status_checks": [
              {
                "contexts": [
                  "Build / Build (pull_request)",
                  "policy-bot: main"
                ],
                "strict": true
              }
            ],
            "restrict_pushes": []
          },
          "sensitive_attributes": [],
          "private": "eyJzY2hlbWFfdmVyc2lvbiI6IjIifQ=="
        },
        {
          "index_key": "puppet-backup",
          "schema_version": 2,
          "attributes": {
            "allows_deletions": false,
            "allows_force_pushes": false,
            "enforce_admins": true,
            "force_push_bypassers": null,
            "id": "BPR_kwDOIWuCKc4Exgu7",
            "lock_branch": false,
            "pattern": "main",
            "repository_id": "puppet-backup",
            "require_conversation_resolution": false,
            "require_signed_commits": false,
            "required_linear_history": false,
            "required_pull_request_reviews": [],
            "required_status_checks": [
              {
                "contexts": [
                  "Build / Build (pull_request)",
                  "policy-bot: main"
                ],
                "strict": true
              }
            ],
            "restrict_pushes": []
          },
          "sensitive_attributes": [],
          "private": "eyJzY2hlbWFfdmVyc2lvbiI6IjIifQ=="
        },
        {
          "index_key": "puppet-bulldozer",
          "schema_version": 2,
          "attributes": {
            "allows_deletions": false,
            "allows_force_pushes": false,
            "enforce_admins": true,
            "force_push_bypassers": null,
            "id": "BPR_kwDOTT5gxs4ExgvM",
            "lock_branch": false,
            "pattern": "main",
            "repository_id": "puppet-bulldozer",
            "require_conversation_resolution": false,
            "require_signed_commits": false,
            "required_linear_history": false,
            "required_pull_request_reviews": [],
            "required_status_checks": [
              {
                "contexts": [
                  "Build / Build (pull_request)",
                  "policy-bot: main"
                ],
                "strict": true
              }
            ],
            "restrict_pushes": []
          },
          "sensitive_attributes": [],
          "private": "eyJzY2hlbWFfdmVyc2lvbiI6IjIifQ=="
        },
        {
          "index_key": "puppet-configvault",
          "schema_version": 2,
          "attributes": {
            "allows_deletions": false,
            "allows_force_pushes": false,
            "enforce_admins": true,
            "force_push_bypassers": null,
            "id": "BPR_kwDOHGD7b84Exgvt",
            "lock_branch": false,
            "pattern": "main",
            "repository_id": "puppet-configvault",
            "require_conversation_resolution": false,
            "require_signed_commits": false,
            "required_linear_history": false,
            "required_pull_request_reviews": [],
            "required_status_checks": [
              {
                "contexts": [
                  "Build / Build (pull_request)",
                  "policy-bot: main"
                ],
                "strict": true
              }
            ],
            "restrict_pushes": []
          },
          "sensitive_attributes": [],
          "private": "eyJzY2hlbWFfdmVyc2lvbiI6IjIifQ=="
        },
        {
          "index_key": "puppet-console",
          "schema_version": 2,
          "attributes": {
            "allows_deletions": false,
            "allows_force_pushes": false,
            "enforce_admins": true,
            "force_push_bypassers": null,
            "id": "BPR_kwDOG-5i-s4Exgvs",
            "lock_branch": false,
            "pattern": "main",
            "repository_id": "puppet-console",
            "require_conversation_resolution": false,
            "require_signed_commits": false,
            "required_linear_history": false,
            "required_pull_request_reviews": [],
            "required_status_checks": [
              {
                "contexts": [
                  "Build / Build (pull_request)",
                  "policy-bot: main"
                ],
                "strict": true
              }
            ],
            "restrict_pushes": []
          },
          "sensitive_attributes": [],
          "private": "eyJzY2hlbWFfdmVyc2lvbiI6IjIifQ=="
        },
        {
          "index_key": "puppet-cultivator",
          "schema_version": 2,
          "attributes": {
            "allows_deletions": false,
            "allows_force_pushes": false,
            "enforce_admins": true,
            "force_push_bypassers": null,
            "id": "BPR_kwDOJy8G8M4Exgrc",
            "lock_branch": false,
            "pattern": "main",
            "repository_id": "puppet-cultivator",
            "require_conversation_resolution": false,
            "require_signed_commits": false,
            "required_linear_history": false,
            "required_pull_request_reviews": [],
            "required_status_checks": [
              {
                "contexts": [
                  "Build / Build (pull_request)",
                  "policy-bot: main"
                ],
                "strict": true
              }
            ],
            "restrict_pushes": []
          },
          "sensitive_attributes": [],
          "private": "eyJzY2hlbWFfdmVyc2lvbiI6IjIifQ=="
        },
        {
          "index_key": "puppet-disks",
          "schema_version": 2,
          "attributes": {
            "allows_deletions": false,
            "allows_force_pushes": false,
            "enforce_admins": true,
            "force_push_bypassers": null,
            "id": "BPR_kwDOG-4WIc4Exgvq",
            "lock_branch": false,
            "pattern": "main",
            "repository_id": "puppet-disks",
            "require_conversation_resolution": false,
            "require_signed_commits": false,
            "required_linear_history": false,
            "required_pull_request_reviews": [],
            "required_status_checks": [
              {
                "contexts": [
                  "Build / Build (pull_request)",
                  "policy-bot: main"
                ],
                "strict": true
              }
            ],
            "restrict_pushes": []
          },
          "sensitive_attributes": [],
          "private": "eyJzY2hlbWFfdmVyc2lvbiI6IjIifQ=="
        },
        {
          "index_key": "puppet-docker",
          "schema_version": 2,
          "attributes": {
            "allows_deletions": false,
            "allows_force_pushes": false,
            "enforce_admins": true,
            "force_push_bypassers": null,
            "id": "BPR_kwDOHT_zTc4ExgwK",
            "lock_branch": false,
            "pattern": "main",
            "repository_id": "puppet-docker",
            "require_conversation_resolution": false,
            "require_signed_commits": false,
            "required_linear_history": false,
            "required_pull_request_reviews": [],
            "required_status_checks": [
              {
                "contexts": [
                  "Build / Build (pull_request)",
                  "policy-bot: main"
                ],
                "strict": true
              }
            ],
            "restrict_pushes": []
          },
          "sensitive_attributes": [],
          "private": "eyJzY2hlbWFfdmVyc2lvbiI6IjIifQ=="
        },
        {
          "index_key": "puppet-ecowitt",
          "schema_version": 2,
          "attributes": {
            "allows_deletions": false,
            "allows_force_pushes": false,
            "enforce_admins": true,
            "force_push_bypassers": null,
            "id": "BPR_kwDOR6s9hc4Exgvz",
            "lock_branch": false,
            "pattern": "main",
            "repository_id": "puppet-ecowitt",
            "require_conversation_resolution": false,
            "require_signed_commits": false,
            "required_linear_history": false,
            "required_pull_request_reviews": [],
            "required_status_checks": [
              {
                "contexts": [
                  "Build / Build (pull_request)",
                  "policy-bot: main"
                ],
                "strict": true
              }
            ],
            "restrict_pushes": []
          },
          "sensitive_attributes": [],
          "private": "eyJzY2hlbWFfdmVyc2lvbiI6IjIifQ=="
        },
        {
          "index_key": "puppet-frameproxy",
          "schema_version": 2,
          "attributes": {
            "allows_deletions": false,
            "allows_force_pushes": false,
            "enforce_admins": true,
            "force_push_bypassers": null,
            "id": "BPR_kwDOLpjHi84Exgur",
            "lock_branch": false,
            "pattern": "main",
            "repository_id": "puppet-frameproxy",
            "require_conversation_resolution": false,
            "require_signed_commits": false,
            "required_linear_history": false,
            "required_pull_request_reviews": [],
            "required_status_checks": [
              {
                "contexts": [
                  "Build / Build (pull_request)",
                  "policy-bot: main"
                ],
                "strict": true
              }
            ],
            "restrict_pushes": []
          },
          "sensitive_attributes": [],
          "private": "eyJzY2hlbWFfdmVyc2lvbiI6IjIifQ=="
        },
        {
          "index_key": "puppet-garmin",
          "schema_version": 2,
          "attributes": {
            "allows_deletions": false,
            "allows_force_pushes": false,
            "enforce_admins": true,
            "force_push_bypassers": null,
            "id": "BPR_kwDOPP71MM4Exguk",
            "lock_branch": false,
            "pattern": "main",
            "repository_id": "puppet-garmin",
            "require_conversation_resolution": false,
            "require_signed_commits": false,
            "required_linear_history": false,
            "required_pull_request_reviews": [],
            "required_status_checks": [
              {
                "contexts": [
                  "Build / Build (pull_request)",
                  "policy-bot: main"
                ],
                "strict": true
              }
            ],
            "restrict_pushes": []
          },
          "sensitive_attributes": [],
          "private": "eyJzY2hlbWFfdmVyc2lvbiI6IjIifQ=="
        },
        {
          "index_key": "puppet-goat",
          "schema_version": 2,
          "attributes": {
            "allows_deletions": false,
            "allows_force_pushes": false,
            "enforce_admins": true,
            "force_push_bypassers": null,
            "id": "BPR_kwDOIG7DJc4Exgru",
            "lock_branch": false,
            "pattern": "main",
            "repository_id": "puppet-goat",
            "require_conversation_resolution": false,
            "require_signed_commits": false,
            "required_linear_history": false,
            "required_pull_request_reviews": [],
            "required_status_checks": [
              {
                "contexts": [
                  "Build / Build (pull_request)",
                  "policy-bot: main"
                ],
                "strict": true
              }
            ],
            "restrict_pushes": []
          },
          "sensitive_attributes": [],
          "private": "eyJzY2hlbWFfdmVyc2lvbiI6IjIifQ=="
        },
        {
          "index_key": "puppet-govee",
          "schema_version": 2,
          "attributes": {
            "allows_deletions": false,
            "allows_force_pushes": false,
            "enforce_admins": true,
            "force_push_bypassers": null,
            "id": "BPR_kwDOOeti7c4Exgtd",
            "lock_branch": false,
            "pattern": "main",
            "repository_id": "puppet-govee",
            "require_conversation_resolution": false,
            "require_signed_commits": false,
            "required_linear_history": false,
            "required_pull_request_reviews": [],
            "required_status_checks": [
              {
                "contexts": [
                  "Build / Build (pull_request)",
                  "policy-bot: main"
                ],
                "strict": true
              }
            ],
            "restrict_pushes": []
          },
          "sensitive_attributes": [],
          "private": "eyJzY2hlbWFfdmVyc2lvbiI6IjIifQ=="
        },
        {
          "index_key": "puppet-grafana",
          "schema_version": 2,
          "attributes": {
            "allows_deletions": false,
            "allows_force_pushes": false,
            "enforce_admins": true,
            "force_push_bypassers": null,
            "id": "BPR_kwDOHYLs-s4Exguu",
            "lock_branch": false,
            "pattern": "main",
            "repository_id": "puppet-grafana",
            "require_conversation_resolution": false,
            "require_signed_commits": false,
            "required_linear_history": false,
            "required_pull_request_reviews": [],
            "required_status_checks": [
              {
                "contexts": [
                  "Build / Build (pull_request)",
                  "policy-bot: main"
                ],
                "strict": true
              }
            ],
            "restrict_pushes": []
          },
          "sensitive_attributes": [],
          "private": "eyJzY2hlbWFfdmVyc2lvbiI6IjIifQ=="
        },
        {
          "index_key": "puppet-homeassistant",
          "schema_version": 2,
          "attributes": {
            "allows_deletions": false,
            "allows_force_pushes": false,
            "enforce_admins": true,
            "force_push_bypassers": null,
            "id": "BPR_kwDOHuoYRc4Exgsy",
            "lock_branch": false,
            "pattern": "main",
            "repository_id": "puppet-homeassistant",
            "require_conversation_resolution": false,
            "require_signed_commits": false,
            "required_linear_history": false,
            "required_pull_request_reviews": [],
            "required_status_checks": [
              {
                "contexts": [
                  "Build / Build (pull_request)",
                  "policy-bot: main"
                ],
                "strict": true
              }
            ],
            "restrict_pushes": []
          },
          "sensitive_attributes": [],
          "private": "eyJzY2hlbWFfdmVyc2lvbiI6IjIifQ=="
        },
        {
          "index_key": "puppet-hostname",
          "schema_version": 2,
          "attributes": {
            "allows_deletions": false,
            "allows_force_pushes": false,
            "enforce_admins": true,
            "force_push_bypassers": null,
            "id": "BPR_kwDOAWbmZs4Exgsr",
            "lock_branch": false,
            "pattern": "main",
            "repository_id": "puppet-hostname",
            "require_conversation_resolution": false,
            "require_signed_commits": false,
            "required_linear_history": false,
            "required_pull_request_reviews": [],
            "required_status_checks": [
              {
                "contexts": [
                  "Build / Build (pull_request)",
                  "policy-bot: main"
                ],
                "strict": true
              }
            ],
            "restrict_pushes": []
          },
          "sensitive_attributes": [],
          "private": "eyJzY2hlbWFfdmVyc2lvbiI6IjIifQ=="
        },
        {
          "index_key": "puppet-influxdb",
          "schema_version": 2,
          "attributes": {
            "allows_deletions": false,
            "allows_force_pushes": false,
            "enforce_admins": true,
            "force_push_bypassers": null,
            "id": "BPR_kwDOHT_z1M4ExgwE",
            "lock_branch": false,
            "pattern": "main",
            "repository_id": "puppet-influxdb",
            "require_conversation_resolution": false,
            "require_signed_commits": false,
            "required_linear_history": false,
            "required_pull_request_reviews": [],
            "required_status_checks": [
              {
                "contexts": [
                  "Build / Build (pull_request)",
                  "policy-bot: main"
                ],
                "strict": true
              }
            ],
            "restrict_pushes": []
          },
          "sensitive_attributes": [],
          "private": "eyJzY2hlbWFfdmVyc2lvbiI6IjIifQ=="
        },
        {
          "index_key": "puppet-iptables",
          "schema_version": 2,
          "attributes": {
            "allows_deletions": false,
            "allows_force_pushes": false,
            "enforce_admins": true,
            "force_push_bypassers": null,
            "id": "BPR_kwDOHvUMtM4ExgvB",
            "lock_branch": false,
            "pattern": "main",
            "repository_id": "puppet-iptables",
            "require_conversation_resolution": false,
            "require_signed_commits": false,
            "required_linear_history": false,
            "required_pull_request_reviews": [],
            "required_status_checks": [
              {
                "contexts": [
                  "Build / Build (pull_request)",
                  "policy-bot: main"
                ],
                "strict": true
              }
            ],
            "restrict_pushes": []
          },
          "sensitive_attributes": [],
          "private": "eyJzY2hlbWFfdmVyc2lvbiI6IjIifQ=="
        },
        {
          "index_key": "puppet-keyboard",
          "schema_version": 2,
          "attributes": {
            "allows_deletions": false,
            "allows_force_pushes": false,
            "enforce_admins": true,
            "force_push_bypassers": null,
            "id": "BPR_kwDOIyeZAM4Exgsm",
            "lock_branch": false,
            "pattern": "main",
            "repository_id": "puppet-keyboard",
            "require_conversation_resolution": false,
            "require_signed_commits": false,
            "required_linear_history": false,
            "required_pull_request_reviews": [],
            "required_status_checks": [
              {
                "contexts": [
                  "Build / Build (pull_request)",
                  "policy-bot: main"
                ],
                "strict": true
              }
            ],
            "restrict_pushes": []
          },
          "sensitive_attributes": [],
          "private": "eyJzY2hlbWFfdmVyc2lvbiI6IjIifQ=="
        },
        {
          "index_key": "puppet-kiosk",
          "schema_version": 2,
          "attributes": {
            "allows_deletions": false,
            "allows_force_pushes": false,
            "enforce_admins": true,
            "force_push_bypassers": null,
            "id": "BPR_kwDOHNE3kM4Exgtk",
            "lock_branch": false,
            "pattern": "main",
            "repository_id": "puppet-kiosk",
            "require_conversation_resolution": false,
            "require_signed_commits": false,
            "required_linear_history": false,
            "required_pull_request_reviews": [],
            "required_status_checks": [
              {
                "contexts": [
                  "Build / Build (pull_request)",
                  "policy-bot: main"
                ],
                "strict": true
              }
            ],
            "restrict_pushes": []
          },
          "sensitive_attributes": [],
          "private": "eyJzY2hlbWFfdmVyc2lvbiI6IjIifQ=="
        },
        {
          "index_key": "puppet-kvm",
          "schema_version": 2,
          "attributes": {
            "allows_deletions": false,
            "allows_force_pushes": false,
            "enforce_admins": true,
            "force_push_bypassers": null,
            "id": "BPR_kwDOHOR7H84ExgwI",
            "lock_branch": false,
            "pattern": "main",
            "repository_id": "puppet-kvm",
            "require_conversation_resolution": false,
            "require_signed_commits": false,
            "required_linear_history": false,
            "required_pull_request_reviews": [],
            "required_status_checks": [
              {
                "contexts": [
                  "Build / Build (pull_request)",
                  "policy-bot: main"
                ],
                "strict": true
              }
            ],
            "restrict_pushes": []
          },
          "sensitive_attributes": [],
          "private": "eyJzY2hlbWFfdmVyc2lvbiI6IjIifQ=="
        },
        {
          "index_key": "puppet-ledgergraph",
          "schema_version": 2,
          "attributes": {
            "allows_deletions": false,
            "allows_force_pushes": false,
            "enforce_admins": true,
            "force_push_bypassers": null,
            "id": "BPR_kwDONV2fbM4ExgvC",
            "lock_branch": false,
            "pattern": "main",
            "repository_id": "puppet-ledgergraph",
            "require_conversation_resolution": false,
            "require_signed_commits": false,
            "required_linear_history": false,
            "required_pull_request_reviews": [],
            "required_status_checks": [
              {
                "contexts": [
                  "Build / Build (pull_request)",
                  "policy-bot: main"
                ],
                "strict": true
              }
            ],
            "restrict_pushes": []
          },
          "sensitive_attributes": [],
          "private": "eyJzY2hlbWFfdmVyc2lvbiI6IjIifQ=="
        },
        {
          "index_key": "puppet-loki",
          "schema_version": 2,
          "attributes": {
            "allows_deletions": false,
            "allows_force_pushes": false,
            "enforce_admins": true,
            "force_push_bypassers": null,
            "id": "BPR_kwDOHw7Ox84ExgvT",
            "lock_branch": false,
            "pattern": "main",
            "repository_id": "puppet-loki",
            "require_conversation_resolution": false,
            "require_signed_commits": false,
            "required_linear_history": false,
            "required_pull_request_reviews": [],
            "required_status_checks": [
              {
                "contexts": [
                  "Build / Build (pull_request)",
                  "policy-bot: main"
                ],
                "strict": true
              }
            ],
            "restrict_pushes": []
          },
          "sensitive_attributes": [],
          "private": "eyJzY2hlbWFfdmVyc2lvbiI6IjIifQ=="
        },
        {
          "index_key": "puppet-maybe",
          "schema_version": 2,
          "attributes": {
            "allows_deletions": false,
            "allows_force_pushes": false,
            "enforce_admins": true,
            "force_push_bypassers": null,
            "id": "BPR_kwDONZqE284Exgrg",
            "lock_branch": false,
            "pattern": "main",
            "repository_id": "puppet-maybe",
            "require_conversation_resolution": false,
            "require_signed_commits": false,
            "required_linear_history": false,
            "required_pull_request_reviews": [],
            "required_status_checks": [
              {
                "contexts": [
                  "Build / Build (pull_request)",
                  "policy-bot: main"
                ],
                "strict": true
              }
            ],
            "restrict_pushes": []
          },
          "sensitive_attributes": [],
          "private": "eyJzY2hlbWFfdmVyc2lvbiI6IjIifQ=="
        },
        {
          "index_key": "puppet-mqtt",
          "schema_version": 2,
          "attributes": {
            "allows_deletions": false,
            "allows_force_pushes": false,
            "enforce_admins": true,
            "force_push_bypassers": null,
            "id": "BPR_kwDOK8yDCM4ExgtT",
            "lock_branch": false,
            "pattern": "main",
            "repository_id": "puppet-mqtt",
            "require_conversation_resolution": false,
            "require_signed_commits": false,
            "required_linear_history": false,
            "required_pull_request_reviews": [],
            "required_status_checks": [
              {
                "contexts": [
                  "Build / Build (pull_request)",
                  "policy-bot: main"
                ],
                "strict": true
              }
            ],
            "restrict_pushes": []
          },
          "sensitive_attributes": [],
          "private": "eyJzY2hlbWFfdmVyc2lvbiI6IjIifQ=="
        },
        {
          "index_key": "puppet-network",
          "schema_version": 2,
          "attributes": {
            "allows_deletions": false,
            "allows_force_pushes": false,
            "enforce_admins": true,
            "force_push_bypassers": null,
            "id": "BPR_kwDOArEM284Exgvb",
            "lock_branch": false,
            "pattern": "main",
            "repository_id": "puppet-network",
            "require_conversation_resolution": false,
            "require_signed_commits": false,
            "required_linear_history": false,
            "required_pull_request_reviews": [],
            "required_status_checks": [
              {
                "contexts": [
                  "Build / Build (pull_request)",
                  "policy-bot: main"
                ],
                "strict": true
              }
            ],
            "restrict_pushes": []
          },
          "sensitive_attributes": [],
          "private": "eyJzY2hlbWFfdmVyc2lvbiI6IjIifQ=="
        },
        {
          "index_key": "puppet-nginx",
          "schema_version": 2,
          "attributes": {
            "allows_deletions": false,
            "allows_force_pushes": false,
            "enforce_admins": true,
            "force_push_bypassers": null,
            "id": "BPR_kwDOHuRDbs4ExgwB",
            "lock_branch": false,
            "pattern": "main",
            "repository_id": "puppet-nginx",
            "require_conversation_resolution": false,
            "require_signed_commits": false,
            "required_linear_history": false,
            "required_pull_request_reviews": [],
            "required_status_checks": [
              {
                "contexts": [
                  "Build / Build (pull_request)",
                  "policy-bot: main"
                ],
                "strict": true
              }
            ],
            "restrict_pushes": []
          },
          "sensitive_attributes": [],
          "private": "eyJzY2hlbWFfdmVyc2lvbiI6IjIifQ=="
        },
        {
          "index_key": "puppet-ntp",
          "schema_version": 2,
          "attributes": {
            "allows_deletions": false,
            "allows_force_pushes": false,
            "enforce_admins": true,
            "force_push_bypassers": null,
            "id": "BPR_kwDOE1zAxM4Exgvd",
            "lock_branch": false,
            "pattern": "main",
            "repository_id": "puppet-ntp",
            "require_conversation_resolution": false,
            "require_signed_commits": false,
            "required_linear_history": false,
            "required_pull_request_reviews": [],
            "required_status_checks": [
              {
                "contexts": [
                  "Build / Build (pull_request)",
                  "policy-bot: main"
                ],
                "strict": true
              }
            ],
            "restrict_pushes": []
          },
          "sensitive_attributes": [],
          "private": "eyJzY2hlbWFfdmVyc2lvbiI6IjIifQ=="
        },
        {
          "index_key": "puppet-openssh",
          "schema_version": 2,
          "attributes": {
            "allows_deletions": false,
            "allows_force_pushes": false,
            "enforce_admins": true,
            "force_push_bypassers": null,
            "id": "BPR_kwDOE09g6M4Exgvx",
            "lock_branch": false,
            "pattern": "main",
            "repository_id": "puppet-openssh",
            "require_conversation_resolution": false,
            "require_signed_commits": false,
            "required_linear_history": false,
            "required_pull_request_reviews": [],
            "required_status_checks": [
              {
                "contexts": [
                  "Build / Build (pull_request)",
                  "policy-bot: main"
                ],
                "strict": true
              }
            ],
            "restrict_pushes": []
          },
          "sensitive_attributes": [],
          "private": "eyJzY2hlbWFfdmVyc2lvbiI6IjIifQ=="
        },
        {
          "index_key": "puppet-policybot",
          "schema_version": 2,
          "attributes": {
            "allows_deletions": false,
            "allows_force_pushes": false,
            "enforce_admins": true,
            "force_push_bypassers": null,
            "id": "BPR_kwDOTTUFmM4Exgun",
            "lock_branch": false,
            "pattern": "main",
            "repository_id": "puppet-policybot",
            "require_conversation_resolution": false,
            "require_signed_commits": false,
            "required_linear_history": false,
            "required_pull_request_reviews": [],
            "required_status_checks": [
              {
                "contexts": [
                  "Build / Build (pull_request)",
                  "policy-bot: main"
                ],
                "strict": true
              }
            ],
            "restrict_pushes": []
          },
          "sensitive_attributes": [],
          "private": "eyJzY2hlbWFfdmVyc2lvbiI6IjIifQ=="
        },
        {
          "index_key": "puppet-prometheus",
          "schema_version": 2,
          "attributes": {
            "allows_deletions": false,
            "allows_force_pushes": false,
            "enforce_admins": true,
            "force_push_bypassers": null,
            "id": "BPR_kwDOHKxX1M4Exgv1",
            "lock_branch": false,
            "pattern": "main",
            "repository_id": "puppet-prometheus",
            "require_conversation_resolution": false,
            "require_signed_commits": false,
            "required_linear_history": false,
            "required_pull_request_reviews": [],
            "required_status_checks": [
              {
                "contexts": [
                  "Build / Build (pull_request)",
                  "policy-bot: main"
                ],
                "strict": true
              }
            ],
            "restrict_pushes": []
          },
          "sensitive_attributes": [],
          "private": "eyJzY2hlbWFfdmVyc2lvbiI6IjIifQ=="
        },
        {
          "index_key": "puppet-sdr",
          "schema_version": 2,
          "attributes": {
            "allows_deletions": false,
            "allows_force_pushes": false,
            "enforce_admins": true,
            "force_push_bypassers": null,
            "id": "BPR_kwDOHOHTAM4Exgup",
            "lock_branch": false,
            "pattern": "main",
            "repository_id": "puppet-sdr",
            "require_conversation_resolution": false,
            "require_signed_commits": false,
            "required_linear_history": false,
            "required_pull_request_reviews": [],
            "required_status_checks": [
              {
                "contexts": [
                  "Build / Build (pull_request)",
                  "policy-bot: main"
                ],
                "strict": true
              }
            ],
            "restrict_pushes": []
          },
          "sensitive_attributes": [],
          "private": "eyJzY2hlbWFfdmVyc2lvbiI6IjIifQ=="
        },
        {
          "index_key": "puppet-serverless",
          "schema_version": 2,
          "attributes": {
            "allows_deletions": false,
            "allows_force_pushes": false,
            "enforce_admins": true,
            "force_push_bypassers": null,
            "id": "BPR_kwDOAi12_s4Exguj",
            "lock_branch": false,
            "pattern": "main",
            "repository_id": "puppet-serverless",
            "require_conversation_resolution": false,
            "require_signed_commits": false,
            "required_linear_history": false,
            "required_pull_request_reviews": [],
            "required_status_checks": [
              {
                "contexts": [
                  "Build / Build (pull_request)",
                  "policy-bot: main"
                ],
                "strict": true
              }
            ],
            "restrict_pushes": []
          },
          "sensitive_attributes": [],
          "private": "eyJzY2hlbWFfdmVyc2lvbiI6IjIifQ=="
        },
        {
          "index_key": "puppet-simplefin",
          "schema_version": 2,
          "attributes": {
            "allows_deletions": false,
            "allows_force_pushes": false,
            "enforce_admins": true,
            "force_push_bypassers": null,
            "id": "BPR_kwDOPrrSKs4Exguv",
            "lock_branch": false,
            "pattern": "main",
            "repository_id": "puppet-simplefin",
            "require_conversation_resolution": false,
            "require_signed_commits": false,
            "required_linear_history": false,
            "required_pull_request_reviews": [],
            "required_status_checks": [
              {
                "contexts": [
                  "Build / Build (pull_request)",
                  "policy-bot: main"
                ],
                "strict": true
              }
            ],
            "restrict_pushes": []
          },
          "sensitive_attributes": [],
          "private": "eyJzY2hlbWFfdmVyc2lvbiI6IjIifQ=="
        },
        {
          "index_key": "puppet-slackmastodon",
          "schema_version": 2,
          "attributes": {
            "allows_deletions": false,
            "allows_force_pushes": false,
            "enforce_admins": true,
            "force_push_bypassers": null,
            "id": "BPR_kwDOIpkHyM4ExgvD",
            "lock_branch": false,
            "pattern": "main",
            "repository_id": "puppet-slackmastodon",
            "require_conversation_resolution": false,
            "require_signed_commits": false,
            "required_linear_history": false,
            "required_pull_request_reviews": [],
            "required_status_checks": [
              {
                "contexts": [
                  "Build / Build (pull_request)",
                  "policy-bot: main"
                ],
                "strict": true
              }
            ],
            "restrict_pushes": []
          },
          "sensitive_attributes": [],
          "private": "eyJzY2hlbWFfdmVyc2lvbiI6IjIifQ=="
        },
        {
          "index_key": "puppet-smb",
          "schema_version": 2,
          "attributes": {
            "allows_deletions": false,
            "allows_force_pushes": false,
            "enforce_admins": true,
            "force_push_bypassers": null,
            "id": "BPR_kwDOHT-fx84ExgwL",
            "lock_branch": false,
            "pattern": "main",
            "repository_id": "puppet-smb",
            "require_conversation_resolution": false,
            "require_signed_commits": false,
            "required_linear_history": false,
            "required_pull_request_reviews": [],
            "required_status_checks": [
              {
                "contexts": [
                  "Build / Build (pull_request)",
                  "policy-bot: main"
                ],
                "strict": true
              }
            ],
            "restrict_pushes": []
          },
          "sensitive_attributes": [],
          "private": "eyJzY2hlbWFfdmVyc2lvbiI6IjIifQ=="
        },
        {
          "index_key": "puppet-stocks",
          "schema_version": 2,
          "attributes": {
            "allows_deletions": false,
            "allows_force_pushes": false,
            "enforce_admins": true,
            "force_push_bypassers": null,
            "id": "BPR_kwDOPrjLQc4ExgtJ",
            "lock_branch": false,
            "pattern": "main",
            "repository_id": "puppet-stocks",
            "require_conversation_resolution": false,
            "require_signed_commits": false,
            "required_linear_history": false,
            "required_pull_request_reviews": [],
            "required_status_checks": [
              {
                "contexts": [
                  "Build / Build (pull_request)",
                  "policy-bot: main"
                ],
                "strict": true
              }
            ],
            "restrict_pushes": []
          },
          "sensitive_attributes": [],
          "private": "eyJzY2hlbWFfdmVyc2lvbiI6IjIifQ=="
        },
        {
          "index_key": "puppet-sysctl",
          "schema_version": 2,
          "attributes": {
            "allows_deletions": false,
            "allows_force_pushes": false,
            "enforce_admins": true,
            "force_push_bypassers": null,
            "id": "BPR_kwDONYFT884ExgwC",
            "lock_branch": false,
            "pattern": "main",
            "repository_id": "puppet-sysctl",
            "require_conversation_resolution": false,
            "require_signed_commits": false,
            "required_linear_history": false,
            "required_pull_request_reviews": [],
            "required_status_checks": [
              {
                "contexts": [
                  "Build / Build (pull_request)",
                  "policy-bot: main"
                ],
                "strict": true
              }
            ],
            "restrict_pushes": []
          },
          "sensitive_attributes": [],
          "private": "eyJzY2hlbWFfdmVyc2lvbiI6IjIifQ=="
        },
        {
          "index_key": "puppet-teslamate",
          "schema_version": 2,
          "attributes": {
            "allows_deletions": false,
            "allows_force_pushes": false,
            "enforce_admins": true,
            "force_push_bypassers": null,
            "id": "BPR_kwDOIEmEZc4Exgus",
            "lock_branch": false,
            "pattern": "main",
            "repository_id": "puppet-teslamate",
            "require_conversation_resolution": false,
            "require_signed_commits": false,
            "required_linear_history": false,
            "required_pull_request_reviews": [],
            "required_status_checks": [
              {
                "contexts": [
                  "Build / Build (pull_request)",
                  "policy-bot: main"
                ],
                "strict": true
              }
            ],
            "restrict_pushes": []
          },
          "sensitive_attributes": [],
          "private": "eyJzY2hlbWFfdmVyc2lvbiI6IjIifQ=="
        },
        {
          "index_key": "puppet-unpoller",
          "schema_version": 2,
          "attributes": {
            "allows_deletions": false,
            "allows_force_pushes": false,
            "enforce_admins": true,
            "force_push_bypassers": null,
            "id": "BPR_kwDOJuKAzs4ExgrY",
            "lock_branch": false,
            "pattern": "main",
            "repository_id": "puppet-unpoller",
            "require_conversation_resolution": false,
            "require_signed_commits": false,
            "required_linear_history": false,
            "required_pull_request_reviews": [],
            "required_status_checks": [
              {
                "contexts": [
                  "Build / Build (pull_request)",
                  "policy-bot: main"
                ],
                "strict": true
              }
            ],
            "restrict_pushes": []
          },
          "sensitive_attributes": [],
          "private": "eyJzY2hlbWFfdmVyc2lvbiI6IjIifQ=="
        },
        {
          "index_key": "puppet-updates",
          "schema_version": 2,
          "attributes": {
            "allows_deletions": false,
            "allows_force_pushes": false,
            "enforce_admins": true,
            "force_push_bypassers": null,
            "id": "BPR_kwDOG-6ID84ExgvU",
            "lock_branch": false,
            "pattern": "main",
            "repository_id": "puppet-updates",
            "require_conversation_resolution": false,
            "require_signed_commits": false,
            "required_linear_history": false,
            "required_pull_request_reviews": [],
            "required_status_checks": [
              {
                "contexts": [
                  "Build / Build (pull_request)",
                  "policy-bot: main"
                ],
                "strict": true
              }
            ],
            "restrict_pushes": []
          },
          "sensitive_attributes": [],
          "private": "eyJzY2hlbWFfdmVyc2lvbiI6IjIifQ=="
        },
        {
          "index_key": "puppet-ups",
          "schema_version": 2,
          "attributes": {
            "allows_deletions": false,
            "allows_force_pushes": false,
            "enforce_admins": true,
            "force_push_bypassers": null,
            "id": "BPR_kwDOHyFZ8M4Exgvl",
            "lock_branch": false,
            "pattern": "main",
            "repository_id": "puppet-ups",
            "require_conversation_resolution": false,
            "require_signed_commits": false,
            "required_linear_history": false,
            "required_pull_request_reviews": [],
            "required_status_checks": [
              {
                "contexts": [
                  "Build / Build (pull_request)",
                  "policy-bot: main"
                ],
                "strict": true
              }
            ],
            "restrict_pushes": []
          },
          "sensitive_attributes": [],
          "private": "eyJzY2hlbWFfdmVyc2lvbiI6IjIifQ=="
        },
        {
          "index_key": "puppet-wh31e",
          "schema_version": 2,
          "attributes": {
            "allows_deletions": false,
            "allows_force_pushes": false,
            "enforce_admins": true,
            "force_push_bypassers": null,
            "id": "BPR_kwDOHOIHqs4ExgvX",
            "lock_branch": false,
            "pattern": "main",
            "repository_id": "puppet-wh31e",
            "require_conversation_resolution": false,
            "require_signed_commits": false,
            "required_linear_history": false,
            "required_pull_request_reviews": [],
            "required_status_checks": [
              {
                "contexts": [
                  "Build / Build (pull_request)",
                  "policy-bot: main"
                ],
                "strict": true
              }
            ],
            "restrict_pushes": []
          },
          "sensitive_attributes": [],
          "private": "eyJzY2hlbWFfdmVyc2lvbiI6IjIifQ=="
        },
        {
          "index_key": "puppet-wireguard",
          "schema_version": 2,
          "attributes": {
            "allows_deletions": false,
            "allows_force_pushes": false,
            "enforce_admins": true,
            "force_push_bypassers": null,
            "id": "BPR_kwDOHQQWIM4Exgr9",
            "lock_branch": false,
            "pattern": "main",
            "repository_id": "puppet-wireguard",
            "require_conversation_resolution": false,
            "require_signed_commits": false,
            "required_linear_history": false,
            "required_pull_request_reviews": [],
            "required_status_checks": [
              {
                "contexts": [
                  "Build / Build (pull_request)",
                  "policy-bot: main"
                ],
                "strict": true
              }
            ],
            "restrict_pushes": []
          },
          "sensitive_attributes": [],
          "private": "eyJzY2hlbWFfdmVyc2lvbiI6IjIifQ=="
        },
        {
          "index_key": "puppet-zwave",
          "schema_version": 2,
          "attributes": {
            "allows_deletions": false,
            "allows_force_pushes": false,
            "enforce_admins": true,
            "force_push_bypassers": null,
            "id": "BPR_kwDOHyJJFc4ExgwG",
            "lock_branch": false,
            "pattern": "main",
            "repository_id": "puppet-zwave",
            "require_conversation_resolution": false,
            "require_signed_commits": false,
            "required_linear_history": false,
            "required_pull_request_reviews": [],
            "required_status_checks": [
              {
                "contexts": [
                  "Build / Build (pull_request)",
                  "policy-bot: main"
                ],
                "strict": true
              }
            ],
            "restrict_pushes": []
          },
          "sensitive_attributes": [],
          "private": "eyJzY2hlbWFfdmVyc2lvbiI6IjIifQ=="
        }
      ]
    },
    {
      "module": "module.halyard",
      "mode": "managed",
      "type": "github_issue_labels",
      "name": "each",
      "provider": "provider[\"registry.terraform.io/integrations/github\"].halyard",
      "instances": [
        {
          "index_key": ".github",
          "schema_version": 0,
          "attributes": {
            "id": ".github",
            "label": [
              {
                "color": "0000ff",
                "description": "",
                "name": "feature",
                "url": "https://api.github.com/repos/halyard/.github/labels/feature"
              },
              {
                "color": "008000",
                "description": "",
                "name": "mergewhenready",
                "url": "https://api.github.com/repos/halyard/.github/labels/mergewhenready"
              },
              {
                "color": "ff0000",
                "description": "",
                "name": "donotmerge",
                "url": "https://api.github.com/repos/halyard/.github/labels/donotmerge"
              },
              {
                "color": "ffa500",
                "description": "",
                "name": "bug",
                "url": "https://api.github.com/repos/halyard/.github/labels/bug"
              }
            ],
            "repository": ".github"
          },
          "sensitive_attributes": [],
          "private": "bnVsbA=="
        },
        {
          "index_key": "halyard",
          "schema_version": 0,
          "attributes": {
            "id": "halyard",
            "label": [
              {
                "color": "0000ff",
                "description": "",
                "name": "feature",
                "url": "https://api.github.com/repos/halyard/halyard/labels/feature"
              },
              {
                "color": "008000",
                "description": "",
                "name": "mergewhenready",
                "url": "https://api.github.com/repos/halyard/halyard/labels/mergewhenready"
              },
              {
                "color": "ff0000",
                "description": "",
                "name": "donotmerge",
                "url": "https://api.github.com/repos/halyard/halyard/labels/donotmerge"
              },
              {
                "color": "ffa500",
                "description": "",
                "name": "bug",
                "url": "https://api.github.com/repos/halyard/halyard/labels/bug"
              }
            ],
            "repository": "halyard"
          },
          "sensitive_attributes": [],
          "private": "bnVsbA=="
        },
        {
          "index_key": "halyard.github.io",
          "schema_version": 0,
          "attributes": {
            "id": "halyard.github.io",
            "label": [
              {
                "color": "0000ff",
                "description": "",
                "name": "feature",
                "url": "https://api.github.com/repos/halyard/halyard.github.io/labels/feature"
              },
              {
                "color": "008000",
                "description": "",
                "name": "mergewhenready",
                "url": "https://api.github.com/repos/halyard/halyard.github.io/labels/mergewhenready"
              },
              {
                "color": "ff0000",
                "description": "",
                "name": "donotmerge",
                "url": "https://api.github.com/repos/halyard/halyard.github.io/labels/donotmerge"
              },
              {
                "color": "ffa500",
                "description": "",
                "name": "bug",
                "url": "https://api.github.com/repos/halyard/halyard.github.io/labels/bug"
              }
            ],
            "repository": "halyard.github.io"
          },
          "sensitive_attributes": [],
          "private": "eyJzY2hlbWFfdmVyc2lvbiI6IjAifQ=="
        },
        {
          "index_key": "homebrew-core",
          "schema_version": 0,
          "attributes": {
            "id": "homebrew-core",
            "label": [
              {
                "color": "0000ff",
                "description": "",
                "name": "feature",
                "url": "https://api.github.com/repos/halyard/homebrew-core/labels/feature"
              },
              {
                "color": "008000",
                "description": "",
                "name": "mergewhenready",
                "url": "https://api.github.com/repos/halyard/homebrew-core/labels/mergewhenready"
              },
              {
                "color": "ff0000",
                "description": "",
                "name": "donotmerge",
                "url": "https://api.github.com/repos/halyard/homebrew-core/labels/donotmerge"
              },
              {
                "color": "ffa500",
                "description": "",
                "name": "bug",
                "url": "https://api.github.com/repos/halyard/homebrew-core/labels/bug"
              }
            ],
            "repository": "homebrew-core"
          },
          "sensitive_attributes": [],
          "private": "eyJzY2hlbWFfdmVyc2lvbiI6IjAifQ=="
        },
        {
          "index_key": "image-archlinux",
          "schema_version": 0,
          "attributes": {
            "id": "image-archlinux",
            "label": [
              {
                "color": "0000ff",
                "description": "",
                "name": "feature",
                "url": "https://api.github.com/repos/halyard/image-archlinux/labels/feature"
              },
              {
                "color": "008000",
                "description": "",
                "name": "mergewhenready",
                "url": "https://api.github.com/repos/halyard/image-archlinux/labels/mergewhenready"
              },
              {
                "color": "ff0000",
                "description": "",
                "name": "donotmerge",
                "url": "https://api.github.com/repos/halyard/image-archlinux/labels/donotmerge"
              },
              {
                "color": "ffa500",
                "description": "",
                "name": "bug",
                "url": "https://api.github.com/repos/halyard/image-archlinux/labels/bug"
              }
            ],
            "repository": "image-archlinux"
          },
          "sensitive_attributes": [],
          "private": "bnVsbA=="
        },
        {
          "index_key": "local-puppet-helper",
          "schema_version": 0,
          "attributes": {
            "id": "local-puppet-helper",
            "label": [
              {
                "color": "0000ff",
                "description": "",
                "name": "feature",
                "url": "https://api.github.com/repos/halyard/local-puppet-helper/labels/feature"
              },
              {
                "color": "008000",
                "description": "",
                "name": "mergewhenready",
                "url": "https://api.github.com/repos/halyard/local-puppet-helper/labels/mergewhenready"
              },
              {
                "color": "ff0000",
                "description": "",
                "name": "donotmerge",
                "url": "https://api.github.com/repos/halyard/local-puppet-helper/labels/donotmerge"
              },
              {
                "color": "ffa500",
                "description": "",
                "name": "bug",
                "url": "https://api.github.com/repos/halyard/local-puppet-helper/labels/bug"
              }
            ],
            "repository": "local-puppet-helper"
          },
          "sensitive_attributes": [],
          "private": "eyJzY2hlbWFfdmVyc2lvbiI6IjAifQ=="
        },
        {
          "index_key": "puppet-acme",
          "schema_version": 0,
          "attributes": {
            "id": "puppet-acme",
            "label": [
              {
                "color": "0000ff",
                "description": "",
                "name": "feature",
                "url": "https://api.github.com/repos/halyard/puppet-acme/labels/feature"
              },
              {
                "color": "008000",
                "description": "",
                "name": "mergewhenready",
                "url": "https://api.github.com/repos/halyard/puppet-acme/labels/mergewhenready"
              },
              {
                "color": "ff0000",
                "description": "",
                "name": "donotmerge",
                "url": "https://api.github.com/repos/halyard/puppet-acme/labels/donotmerge"
              },
              {
                "color": "ffa500",
                "description": "",
                "name": "bug",
                "url": "https://api.github.com/repos/halyard/puppet-acme/labels/bug"
              }
            ],
            "repository": "puppet-acme"
          },
          "sensitive_attributes": [],
          "private": "bnVsbA=="
        },
        {
          "index_key": "puppet-babybuddy",
          "schema_version": 0,
          "attributes": {
            "id": "puppet-babybuddy",
            "label": [
              {
                "color": "0000ff",
                "description": "",
                "name": "feature",
                "url": "https://api.github.com/repos/halyard/puppet-babybuddy/labels/feature"
              },
              {
                "color": "008000",
                "description": "",
                "name": "mergewhenready",
                "url": "https://api.github.com/repos/halyard/puppet-babybuddy/labels/mergewhenready"
              },
              {
                "color": "ff0000",
                "description": "",
                "name": "donotmerge",
                "url": "https://api.github.com/repos/halyard/puppet-babybuddy/labels/donotmerge"
              },
              {
                "color": "ffa500",
                "description": "",
                "name": "bug",
                "url": "https://api.github.com/repos/halyard/puppet-babybuddy/labels/bug"
              }
            ],
            "repository": "puppet-babybuddy"
          },
          "sensitive_attributes": [],
          "private": "bnVsbA=="
        },
        {
          "index_key": "puppet-backup",
          "schema_version": 0,
          "attributes": {
            "id": "puppet-backup",
            "label": [
              {
                "color": "0000ff",
                "description": "",
                "name": "feature",
                "url": "https://api.github.com/repos/halyard/puppet-backup/labels/feature"
              },
              {
                "color": "008000",
                "description": "",
                "name": "mergewhenready",
                "url": "https://api.github.com/repos/halyard/puppet-backup/labels/mergewhenready"
              },
              {
                "color": "ff0000",
                "description": "",
                "name": "donotmerge",
                "url": "https://api.github.com/repos/halyard/puppet-backup/labels/donotmerge"
              },
              {
                "color": "ffa500",
                "description": "",
                "name": "bug",
                "url": "https://api.github.com/repos/halyard/puppet-backup/labels/bug"
              }
            ],
            "repository": "puppet-backup"
          },
          "sensitive_attributes": [],
          "private": "bnVsbA=="
        },
        {
          "index_key": "puppet-bulldozer",
          "schema_version": 0,
          "attributes": {
            "id": "puppet-bulldozer",
            "label": [
              {
                "color": "0000ff",
                "description": "",
                "name": "feature",
                "url": "https://api.github.com/repos/halyard/puppet-bulldozer/labels/feature"
              },
              {
                "color": "008000",
                "description": "",
                "name": "mergewhenready",
                "url": "https://api.github.com/repos/halyard/puppet-bulldozer/labels/mergewhenready"
              },
              {
                "color": "ff0000",
                "description": "",
                "name": "donotmerge",
                "url": "https://api.github.com/repos/halyard/puppet-bulldozer/labels/donotmerge"
              },
              {
                "color": "ffa500",
                "description": "",
                "name": "bug",
                "url": "https://api.github.com/repos/halyard/puppet-bulldozer/labels/bug"
              }
            ],
            "repository": "puppet-bulldozer"
          },
          "sensitive_attributes": [],
          "private": "bnVsbA=="
        },
        {
          "index_key": "puppet-configvault",
          "schema_version": 0,
          "attributes": {
            "id": "puppet-configvault",
            "label": [
              {
                "color": "0000ff",
                "description": "",
                "name": "feature",
                "url": "https://api.github.com/repos/halyard/puppet-configvault/labels/feature"
              },
              {
                "color": "008000",
                "description": "",
                "name": "mergewhenready",
                "url": "https://api.github.com/repos/halyard/puppet-configvault/labels/mergewhenready"
              },
              {
                "color": "ff0000",
                "description": "",
                "name": "donotmerge",
                "url": "https://api.github.com/repos/halyard/puppet-configvault/labels/donotmerge"
              },
              {
                "color": "ffa500",
                "description": "",
                "name": "bug",
                "url": "https://api.github.com/repos/halyard/puppet-configvault/labels/bug"
              }
            ],
            "repository": "puppet-configvault"
          },
          "sensitive_attributes": [],
          "private": "bnVsbA=="
        },
        {
          "index_key": "puppet-console",
          "schema_version": 0,
          "attributes": {
            "id": "puppet-console",
            "label": [
              {
                "color": "0000ff",
                "description": "",
                "name": "feature",
                "url": "https://api.github.com/repos/halyard/puppet-console/labels/feature"
              },
              {
                "color": "008000",
                "description": "",
                "name": "mergewhenready",
                "url": "https://api.github.com/repos/halyard/puppet-console/labels/mergewhenready"
              },
              {
                "color": "ff0000",
                "description": "",
                "name": "donotmerge",
                "url": "https://api.github.com/repos/halyard/puppet-console/labels/donotmerge"
              },
              {
                "color": "ffa500",
                "description": "",
                "name": "bug",
                "url": "https://api.github.com/repos/halyard/puppet-console/labels/bug"
              }
            ],
            "repository": "puppet-console"
          },
          "sensitive_attributes": [],
          "private": "bnVsbA=="
        },
        {
          "index_key": "puppet-cultivator",
          "schema_version": 0,
          "attributes": {
            "id": "puppet-cultivator",
            "label": [
              {
                "color": "0000ff",
                "description": "",
                "name": "feature",
                "url": "https://api.github.com/repos/halyard/puppet-cultivator/labels/feature"
              },
              {
                "color": "008000",
                "description": "",
                "name": "mergewhenready",
                "url": "https://api.github.com/repos/halyard/puppet-cultivator/labels/mergewhenready"
              },
              {
                "color": "ff0000",
                "description": "",
                "name": "donotmerge",
                "url": "https://api.github.com/repos/halyard/puppet-cultivator/labels/donotmerge"
              },
              {
                "color": "ffa500",
                "description": "",
                "name": "bug",
                "url": "https://api.github.com/repos/halyard/puppet-cultivator/labels/bug"
              }
            ],
            "repository": "puppet-cultivator"
          },
          "sensitive_attributes": [],
          "private": "bnVsbA=="
        },
        {
          "index_key": "puppet-disks",
          "schema_version": 0,
          "attributes": {
            "id": "puppet-disks",
            "label": [
              {
                "color": "0000ff",
                "description": "",
                "name": "feature",
                "url": "https://api.github.com/repos/halyard/puppet-disks/labels/feature"
              },
              {
                "color": "008000",
                "description": "",
                "name": "mergewhenready",
                "url": "https://api.github.com/repos/halyard/puppet-disks/labels/mergewhenready"
              },
              {
                "color": "ff0000",
                "description": "",
                "name": "donotmerge",
                "url": "https://api.github.com/repos/halyard/puppet-disks/labels/donotmerge"
              },
              {
                "color": "ffa500",
                "description": "",
                "name": "bug",
                "url": "https://api.github.com/repos/halyard/puppet-disks/labels/bug"
              }
            ],
            "repository": "puppet-disks"
          },
          "sensitive_attributes": [],
          "private": "bnVsbA=="
        },
        {
          "index_key": "puppet-docker",
          "schema_version": 0,
          "attributes": {
            "id": "puppet-docker",
            "label": [
              {
                "color": "0000ff",
                "description": "",
                "name": "feature",
                "url": "https://api.github.com/repos/halyard/puppet-docker/labels/feature"
              },
              {
                "color": "008000",
                "description": "",
                "name": "mergewhenready",
                "url": "https://api.github.com/repos/halyard/puppet-docker/labels/mergewhenready"
              },
              {
                "color": "ff0000",
                "description": "",
                "name": "donotmerge",
                "url": "https://api.github.com/repos/halyard/puppet-docker/labels/donotmerge"
              },
              {
                "color": "ffa500",
                "description": "",
                "name": "bug",
                "url": "https://api.github.com/repos/halyard/puppet-docker/labels/bug"
              }
            ],
            "repository": "puppet-docker"
          },
          "sensitive_attributes": [],
          "private": "bnVsbA=="
        },
        {
          "index_key": "puppet-ecowitt",
          "schema_version": 0,
          "attributes": {
            "id": "puppet-ecowitt",
            "label": [
              {
                "color": "0000ff",
                "description": "",
                "name": "feature",
                "url": "https://api.github.com/repos/halyard/puppet-ecowitt/labels/feature"
              },
              {
                "color": "008000",
                "description": "",
                "name": "mergewhenready",
                "url": "https://api.github.com/repos/halyard/puppet-ecowitt/labels/mergewhenready"
              },
              {
                "color": "ff0000",
                "description": "",
                "name": "donotmerge",
                "url": "https://api.github.com/repos/halyard/puppet-ecowitt/labels/donotmerge"
              },
              {
                "color": "ffa500",
                "description": "",
                "name": "bug",
                "url": "https://api.github.com/repos/halyard/puppet-ecowitt/labels/bug"
              }
            ],
            "repository": "puppet-ecowitt"
          },
          "sensitive_attributes": [],
          "private": "bnVsbA=="
        },
        {
          "index_key": "puppet-frameproxy",
          "schema_version": 0,
          "attributes": {
            "id": "puppet-frameproxy",
            "label": [
              {
                "color": "0000ff",
                "description": "",
                "name": "feature",
                "url": "https://api.github.com/repos/halyard/puppet-frameproxy/labels/feature"
              },
              {
                "color": "008000",
                "description": "",
                "name": "mergewhenready",
                "url": "https://api.github.com/repos/halyard/puppet-frameproxy/labels/mergewhenready"
              },
              {
                "color": "ff0000",
                "description": "",
                "name": "donotmerge",
                "url": "https://api.github.com/repos/halyard/puppet-frameproxy/labels/donotmerge"
              },
              {
                "color": "ffa500",
                "description": "",
                "name": "bug",
                "url": "https://api.github.com/repos/halyard/puppet-frameproxy/labels/bug"
              }
            ],
            "repository": "puppet-frameproxy"
          },
          "sensitive_attributes": [],
          "private": "bnVsbA=="
        },
        {
          "index_key": "puppet-garmin",
          "schema_version": 0,
          "attributes": {
            "id": "puppet-garmin",
            "label": [
              {
                "color": "0000ff",
                "description": "",
                "name": "feature",
                "url": "https://api.github.com/repos/halyard/puppet-garmin/labels/feature"
              },
              {
                "color": "008000",
                "description": "",
                "name": "mergewhenready",
                "url": "https://api.github.com/repos/halyard/puppet-garmin/labels/mergewhenready"
              },
              {
                "color": "ff0000",
                "description": "",
                "name": "donotmerge",
                "url": "https://api.github.com/repos/halyard/puppet-garmin/labels/donotmerge"
              },
              {
                "color": "ffa500",
                "description": "",
                "name": "bug",
                "url": "https://api.github.com/repos/halyard/puppet-garmin/labels/bug"
              }
            ],
            "repository": "puppet-garmin"
          },
          "sensitive_attributes": [],
          "private": "bnVsbA=="
        },
        {
          "index_key": "puppet-goat",
          "schema_version": 0,
          "attributes": {
            "id": "puppet-goat",
            "label": [
              {
                "color": "0000ff",
                "description": "",
                "name": "feature",
                "url": "https://api.github.com/repos/halyard/puppet-goat/labels/feature"
              },
              {
                "color": "008000",
                "description": "",
                "name": "mergewhenready",
                "url": "https://api.github.com/repos/halyard/puppet-goat/labels/mergewhenready"
              },
              {
                "color": "ff0000",
                "description": "",
                "name": "donotmerge",
                "url": "https://api.github.com/repos/halyard/puppet-goat/labels/donotmerge"
              },
              {
                "color": "ffa500",
                "description": "",
                "name": "bug",
                "url": "https://api.github.com/repos/halyard/puppet-goat/labels/bug"
              }
            ],
            "repository": "puppet-goat"
          },
          "sensitive_attributes": [],
          "private": "bnVsbA=="
        },
        {
          "index_key": "puppet-govee",
          "schema_version": 0,
          "attributes": {
            "id": "puppet-govee",
            "label": [
              {
                "color": "0000ff",
                "description": "",
                "name": "feature",
                "url": "https://api.github.com/repos/halyard/puppet-govee/labels/feature"
              },
              {
                "color": "008000",
                "description": "",
                "name": "mergewhenready",
                "url": "https://api.github.com/repos/halyard/puppet-govee/labels/mergewhenready"
              },
              {
                "color": "ff0000",
                "description": "",
                "name": "donotmerge",
                "url": "https://api.github.com/repos/halyard/puppet-govee/labels/donotmerge"
              },
              {
                "color": "ffa500",
                "description": "",
                "name": "bug",
                "url": "https://api.github.com/repos/halyard/puppet-govee/labels/bug"
              }
            ],
            "repository": "puppet-govee"
          },
          "sensitive_attributes": [],
          "private": "bnVsbA=="
        },
        {
          "index_key": "puppet-grafana",
          "schema_version": 0,
          "attributes": {
            "id": "puppet-grafana",
            "label": [
              {
                "color": "0000ff",
                "description": "",
                "name": "feature",
                "url": "https://api.github.com/repos/halyard/puppet-grafana/labels/feature"
              },
              {
                "color": "008000",
                "description": "",
                "name": "mergewhenready",
                "url": "https://api.github.com/repos/halyard/puppet-grafana/labels/mergewhenready"
              },
              {
                "color": "ff0000",
                "description": "",
                "name": "donotmerge",
                "url": "https://api.github.com/repos/halyard/puppet-grafana/labels/donotmerge"
              },
              {
                "color": "ffa500",
                "description": "",
                "name": "bug",
                "url": "https://api.github.com/repos/halyard/puppet-grafana/labels/bug"
              }
            ],
            "repository": "puppet-grafana"
          },
          "sensitive_attributes": [],
          "private": "bnVsbA=="
        },
        {
          "index_key": "puppet-homeassistant",
          "schema_version": 0,
          "attributes": {
            "id": "puppet-homeassistant",
            "label": [
              {
                "color": "0000ff",
                "description": "",
                "name": "feature",
                "url": "https://api.github.com/repos/halyard/puppet-homeassistant/labels/feature"
              },
              {
                "color": "008000",
                "description": "",
                "name": "mergewhenready",
                "url": "https://api.github.com/repos/halyard/puppet-homeassistant/labels/mergewhenready"
              },
              {
                "color": "ff0000",
                "description": "",
                "name": "donotmerge",
                "url": "https://api.github.com/repos/halyard/puppet-homeassistant/labels/donotmerge"
              },
              {
                "color": "ffa500",
                "description": "",
                "name": "bug",
                "url": "https://api.github.com/repos/halyard/puppet-homeassistant/labels/bug"
              }
            ],
            "repository": "puppet-homeassistant"
          },
          "sensitive_attributes": [],
          "private": "bnVsbA=="
        },
        {
          "index_key": "puppet-hostname",
          "schema_version": 0,
          "attributes": {
            "id": "puppet-hostname",
            "label": [
              {
                "color": "0000ff",
                "description": "",
                "name": "feature",
                "url": "https://api.github.com/repos/halyard/puppet-hostname/labels/feature"
              },
              {
                "color": "008000",
                "description": "",
                "name": "mergewhenready",
                "url": "https://api.github.com/repos/halyard/puppet-hostname/labels/mergewhenready"
              },
              {
                "color": "ff0000",
                "description": "",
                "name": "donotmerge",
                "url": "https://api.github.com/repos/halyard/puppet-hostname/labels/donotmerge"
              },
              {
                "color": "ffa500",
                "description": "",
                "name": "bug",
                "url": "https://api.github.com/repos/halyard/puppet-hostname/labels/bug"
              }
            ],
            "repository": "puppet-hostname"
          },
          "sensitive_attributes": [],
          "private": "bnVsbA=="
        },
        {
          "index_key": "puppet-influxdb",
          "schema_version": 0,
          "attributes": {
            "id": "puppet-influxdb",
            "label": [
              {
                "color": "0000ff",
                "description": "",
                "name": "feature",
                "url": "https://api.github.com/repos/halyard/puppet-influxdb/labels/feature"
              },
              {
                "color": "008000",
                "description": "",
                "name": "mergewhenready",
                "url": "https://api.github.com/repos/halyard/puppet-influxdb/labels/mergewhenready"
              },
              {
                "color": "ff0000",
                "description": "",
                "name": "donotmerge",
                "url": "https://api.github.com/repos/halyard/puppet-influxdb/labels/donotmerge"
              },
              {
                "color": "ffa500",
                "description": "",
                "name": "bug",
                "url": "https://api.github.com/repos/halyard/puppet-influxdb/labels/bug"
              }
            ],
            "repository": "puppet-influxdb"
          },
          "sensitive_attributes": [],
          "private": "bnVsbA=="
        },
        {
          "index_key": "puppet-iptables",
          "schema_version": 0,
          "attributes": {
            "id": "puppet-iptables",
            "label": [
              {
                "color": "0000ff",
                "description": "",
                "name": "feature",
                "url": "https://api.github.com/repos/halyard/puppet-iptables/labels/feature"
              },
              {
                "color": "008000",
                "description": "",
                "name": "mergewhenready",
                "url": "https://api.github.com/repos/halyard/puppet-iptables/labels/mergewhenready"
              },
              {
                "color": "ff0000",
                "description": "",
                "name": "donotmerge",
                "url": "https://api.github.com/repos/halyard/puppet-iptables/labels/donotmerge"
              },
              {
                "color": "ffa500",
                "description": "",
                "name": "bug",
                "url": "https://api.github.com/repos/halyard/puppet-iptables/labels/bug"
              }
            ],
            "repository": "puppet-iptables"
          },
          "sensitive_attributes": [],
          "private": "bnVsbA=="
        },
        {
          "index_key": "puppet-keyboard",
          "schema_version": 0,
          "attributes": {
            "id": "puppet-keyboard",
            "label": [
              {
                "color": "0000ff",
                "description": "",
                "name": "feature",
                "url": "https://api.github.com/repos/halyard/puppet-keyboard/labels/feature"
              },
              {
                "color": "008000",
                "description": "",
                "name": "mergewhenready",
                "url": "https://api.github.com/repos/halyard/puppet-keyboard/labels/mergewhenready"
              },
              {
                "color": "ff0000",
                "description": "",
                "name": "donotmerge",
                "url": "https://api.github.com/repos/halyard/puppet-keyboard/labels/donotmerge"
              },
              {
                "color": "ffa500",
                "description": "",
                "name": "bug",
                "url": "https://api.github.com/repos/halyard/puppet-keyboard/labels/bug"
              }
            ],
            "repository": "puppet-keyboard"
          },
          "sensitive_attributes": [],
          "private": "bnVsbA=="
        },
        {
          "index_key": "puppet-kiosk",
          "schema_version": 0,
          "attributes": {
            "id": "puppet-kiosk",
            "label": [
              {
                "color": "0000ff",
                "description": "",
                "name": "feature",
                "url": "https://api.github.com/repos/halyard/puppet-kiosk/labels/feature"
              },
              {
                "color": "008000",
                "description": "",
                "name": "mergewhenready",
                "url": "https://api.github.com/repos/halyard/puppet-kiosk/labels/mergewhenready"
              },
              {
                "color": "ff0000",
                "description": "",
                "name": "donotmerge",
                "url": "https://api.github.com/repos/halyard/puppet-kiosk/labels/donotmerge"
              },
              {
                "color": "ffa500",
                "description": "",
                "name": "bug",
                "url": "https://api.github.com/repos/halyard/puppet-kiosk/labels/bug"
              }
            ],
            "repository": "puppet-kiosk"
          },
          "sensitive_attributes": [],
          "private": "bnVsbA=="
        },
        {
          "index_key": "puppet-kvm",
          "schema_version": 0,
          "attributes": {
            "id": "puppet-kvm",
            "label": [
              {
                "color": "0000ff",
                "description": "",
                "name": "feature",
                "url": "https://api.github.com/repos/halyard/puppet-kvm/labels/feature"
              },
              {
                "color": "008000",
                "description": "",
                "name": "mergewhenready",
                "url": "https://api.github.com/repos/halyard/puppet-kvm/labels/mergewhenready"
              },
              {
                "color": "ff0000",
                "description": "",
                "name": "donotmerge",
                "url": "https://api.github.com/repos/halyard/puppet-kvm/labels/donotmerge"
              },
              {
                "color": "ffa500",
                "description": "",
                "name": "bug",
                "url": "https://api.github.com/repos/halyard/puppet-kvm/labels/bug"
              }
            ],
            "repository": "puppet-kvm"
          },
          "sensitive_attributes": [],
          "private": "bnVsbA=="
        },
        {
          "index_key": "puppet-ledgergraph",
          "schema_version": 0,
          "attributes": {
            "id": "puppet-ledgergraph",
            "label": [
              {
                "color": "0000ff",
                "description": "",
                "name": "feature",
                "url": "https://api.github.com/repos/halyard/puppet-ledgergraph/labels/feature"
              },
              {
                "color": "008000",
                "description": "",
                "name": "mergewhenready",
                "url": "https://api.github.com/repos/halyard/puppet-ledgergraph/labels/mergewhenready"
              },
              {
                "color": "ff0000",
                "description": "",
                "name": "donotmerge",
                "url": "https://api.github.com/repos/halyard/puppet-ledgergraph/labels/donotmerge"
              },
              {
                "color": "ffa500",
                "description": "",
                "name": "bug",
                "url": "https://api.github.com/repos/halyard/puppet-ledgergraph/labels/bug"
              }
            ],
            "repository": "puppet-ledgergraph"
          },
          "sensitive_attributes": [],
          "private": "bnVsbA=="
        },
        {
          "index_key": "puppet-loki",
          "schema_version": 0,
          "attributes": {
            "id": "puppet-loki",
            "label": [
              {
                "color": "0000ff",
                "description": "",
                "name": "feature",
                "url": "https://api.github.com/repos/halyard/puppet-loki/labels/feature"
              },
              {
                "color": "008000",
                "description": "",
                "name": "mergewhenready",
                "url": "https://api.github.com/repos/halyard/puppet-loki/labels/mergewhenready"
              },
              {
                "color": "ff0000",
                "description": "",
                "name": "donotmerge",
                "url": "https://api.github.com/repos/halyard/puppet-loki/labels/donotmerge"
              },
              {
                "color": "ffa500",
                "description": "",
                "name": "bug",
                "url": "https://api.github.com/repos/halyard/puppet-loki/labels/bug"
              }
            ],
            "repository": "puppet-loki"
          },
          "sensitive_attributes": [],
          "private": "bnVsbA=="
        },
        {
          "index_key": "puppet-maybe",
          "schema_version": 0,
          "attributes": {
            "id": "puppet-maybe",
            "label": [
              {
                "color": "0000ff",
                "description": "",
                "name": "feature",
                "url": "https://api.github.com/repos/halyard/puppet-maybe/labels/feature"
              },
              {
                "color": "008000",
                "description": "",
                "name": "mergewhenready",
                "url": "https://api.github.com/repos/halyard/puppet-maybe/labels/mergewhenready"
              },
              {
                "color": "ff0000",
                "description": "",
                "name": "donotmerge",
                "url": "https://api.github.com/repos/halyard/puppet-maybe/labels/donotmerge"
              },
              {
                "color": "ffa500",
                "description": "",
                "name": "bug",
                "url": "https://api.github.com/repos/halyard/puppet-maybe/labels/bug"
              }
            ],
            "repository": "puppet-maybe"
          },
          "sensitive_attributes": [],
          "private": "bnVsbA=="
        },
        {
          "index_key": "puppet-mqtt",
          "schema_version": 0,
          "attributes": {
            "id": "puppet-mqtt",
            "label": [
              {
                "color": "0000ff",
                "description": "",
                "name": "feature",
                "url": "https://api.github.com/repos/halyard/puppet-mqtt/labels/feature"
              },
              {
                "color": "008000",
                "description": "",
                "name": "mergewhenready",
                "url": "https://api.github.com/repos/halyard/puppet-mqtt/labels/mergewhenready"
              },
              {
                "color": "ff0000",
                "description": "",
                "name": "donotmerge",
                "url": "https://api.github.com/repos/halyard/puppet-mqtt/labels/donotmerge"
              },
              {
                "color": "ffa500",
                "description": "",
                "name": "bug",
                "url": "https://api.github.com/repos/halyard/puppet-mqtt/labels/bug"
              }
            ],
            "repository": "puppet-mqtt"
          },
          "sensitive_attributes": [],
          "private": "bnVsbA=="
        },
        {
          "index_key": "puppet-network",
          "schema_version": 0,
          "attributes": {
            "id": "puppet-network",
            "label": [
              {
                "color": "0000ff",
                "description": "",
                "name": "feature",
                "url": "https://api.github.com/repos/halyard/puppet-network/labels/feature"
              },
              {
                "color": "008000",
                "description": "",
                "name": "mergewhenready",
                "url": "https://api.github.com/repos/halyard/puppet-network/labels/mergewhenready"
              },
              {
                "color": "ff0000",
                "description": "",
                "name": "donotmerge",
                "url": "https://api.github.com/repos/halyard/puppet-network/labels/donotmerge"
              },
              {
                "color": "ffa500",
                "description": "",
                "name": "bug",
                "url": "https://api.github.com/repos/halyard/puppet-network/labels/bug"
              }
            ],
            "repository": "puppet-network"
          },
          "sensitive_attributes": [],
          "private": "bnVsbA=="
        },
        {
          "index_key": "puppet-nginx",
          "schema_version": 0,
          "attributes": {
            "id": "puppet-nginx",
            "label": [
              {
                "color": "0000ff",
                "description": "",
                "name": "feature",
                "url": "https://api.github.com/repos/halyard/puppet-nginx/labels/feature"
              },
              {
                "color": "008000",
                "description": "",
                "name": "mergewhenready",
                "url": "https://api.github.com/repos/halyard/puppet-nginx/labels/mergewhenready"
              },
              {
                "color": "ff0000",
                "description": "",
                "name": "donotmerge",
                "url": "https://api.github.com/repos/halyard/puppet-nginx/labels/donotmerge"
              },
              {
                "color": "ffa500",
                "description": "",
                "name": "bug",
                "url": "https://api.github.com/repos/halyard/puppet-nginx/labels/bug"
              }
            ],
            "repository": "puppet-nginx"
          },
          "sensitive_attributes": [],
          "private": "bnVsbA=="
        },
        {
          "index_key": "puppet-ntp",
          "schema_version": 0,
          "attributes": {
            "id": "puppet-ntp",
            "label": [
              {
                "color": "0000ff",
                "description": "",
                "name": "feature",
                "url": "https://api.github.com/repos/halyard/puppet-ntp/labels/feature"
              },
              {
                "color": "008000",
                "description": "",
                "name": "mergewhenready",
                "url": "https://api.github.com/repos/halyard/puppet-ntp/labels/mergewhenready"
              },
              {
                "color": "ff0000",
                "description": "",
                "name": "donotmerge",
                "url": "https://api.github.com/repos/halyard/puppet-ntp/labels/donotmerge"
              },
              {
                "color": "ffa500",
                "description": "",
                "name": "bug",
                "url": "https://api.github.com/repos/halyard/puppet-ntp/labels/bug"
              }
            ],
            "repository": "puppet-ntp"
          },
          "sensitive_attributes": [],
          "private": "bnVsbA=="
        },
        {
          "index_key": "puppet-openssh",
          "schema_version": 0,
          "attributes": {
            "id": "puppet-openssh",
            "label": [
              {
                "color": "0000ff",
                "description": "",
                "name": "feature",
                "url": "https://api.github.com/repos/halyard/puppet-openssh/labels/feature"
              },
              {
                "color": "008000",
                "description": "",
                "name": "mergewhenready",
                "url": "https://api.github.com/repos/halyard/puppet-openssh/labels/mergewhenready"
              },
              {
                "color": "ff0000",
                "description": "",
                "name": "donotmerge",
                "url": "https://api.github.com/repos/halyard/puppet-openssh/labels/donotmerge"
              },
              {
                "color": "ffa500",
                "description": "",
                "name": "bug",
                "url": "https://api.github.com/repos/halyard/puppet-openssh/labels/bug"
              }
            ],
            "repository": "puppet-openssh"
          },
          "sensitive_attributes": [],
          "private": "bnVsbA=="
        },
        {
          "index_key": "puppet-policybot",
          "schema_version": 0,
          "attributes": {
            "id": "puppet-policybot",
            "label": [
              {
                "color": "0000ff",
                "description": "",
                "name": "feature",
                "url": "https://api.github.com/repos/halyard/puppet-policybot/labels/feature"
              },
              {
                "color": "008000",
                "description": "",
                "name": "mergewhenready",
                "url": "https://api.github.com/repos/halyard/puppet-policybot/labels/mergewhenready"
              },
              {
                "color": "ff0000",
                "description": "",
                "name": "donotmerge",
                "url": "https://api.github.com/repos/halyard/puppet-policybot/labels/donotmerge"
              },
              {
                "color": "ffa500",
                "description": "",
                "name": "bug",
                "url": "https://api.github.com/repos/halyard/puppet-policybot/labels/bug"
              }
            ],
            "repository": "puppet-policybot"
          },
          "sensitive_attributes": [],
          "private": "bnVsbA=="
        },
        {
          "index_key": "puppet-prometheus",
          "schema_version": 0,
          "attributes": {
            "id": "puppet-prometheus",
            "label": [
              {
                "color": "0000ff",
                "description": "",
                "name": "feature",
                "url": "https://api.github.com/repos/halyard/puppet-prometheus/labels/feature"
              },
              {
                "color": "008000",
                "description": "",
                "name": "mergewhenready",
                "url": "https://api.github.com/repos/halyard/puppet-prometheus/labels/mergewhenready"
              },
              {
                "color": "ff0000",
                "description": "",
                "name": "donotmerge",
                "url": "https://api.github.com/repos/halyard/puppet-prometheus/labels/donotmerge"
              },
              {
                "color": "ffa500",
                "description": "",
                "name": "bug",
                "url": "https://api.github.com/repos/halyard/puppet-prometheus/labels/bug"
              }
            ],
            "repository": "puppet-prometheus"
          },
          "sensitive_attributes": [],
          "private": "bnVsbA=="
        },
        {
          "index_key": "puppet-sdr",
          "schema_version": 0,
          "attributes": {
            "id": "puppet-sdr",
            "label": [
              {
                "color": "0000ff",
                "description": "",
                "name": "feature",
                "url": "https://api.github.com/repos/halyard/puppet-sdr/labels/feature"
              },
              {
                "color": "008000",
                "description": "",
                "name": "mergewhenready",
                "url": "https://api.github.com/repos/halyard/puppet-sdr/labels/mergewhenready"
              },
              {
                "color": "ff0000",
                "description": "",
                "name": "donotmerge",
                "url": "https://api.github.com/repos/halyard/puppet-sdr/labels/donotmerge"
              },
              {
                "color": "ffa500",
                "description": "",
                "name": "bug",
                "url": "https://api.github.com/repos/halyard/puppet-sdr/labels/bug"
              }
            ],
            "repository": "puppet-sdr"
          },
          "sensitive_attributes": [],
          "private": "bnVsbA=="
        },
        {
          "index_key": "puppet-serverless",
          "schema_version": 0,
          "attributes": {
            "id": "puppet-serverless",
            "label": [
              {
                "color": "0000ff",
                "description": "",
                "name": "feature",
                "url": "https://api.github.com/repos/halyard/puppet-serverless/labels/feature"
              },
              {
                "color": "008000",
                "description": "",
                "name": "mergewhenready",
                "url": "https://api.github.com/repos/halyard/puppet-serverless/labels/mergewhenready"
              },
              {
                "color": "ff0000",
                "description": "",
                "name": "donotmerge",
                "url": "https://api.github.com/repos/halyard/puppet-serverless/labels/donotmerge"
              },
              {
                "color": "ffa500",
                "description": "",
                "name": "bug",
                "url": "https://api.github.com/repos/halyard/puppet-serverless/labels/bug"
              }
            ],
            "repository": "puppet-serverless"
          },
          "sensitive_attributes": [],
          "private": "bnVsbA=="
        },
        {
          "index_key": "puppet-simplefin",
          "schema_version": 0,
          "attributes": {
            "id": "puppet-simplefin",
            "label": [
              {
                "color": "0000ff",
                "description": "",
                "name": "feature",
                "url": "https://api.github.com/repos/halyard/puppet-simplefin/labels/feature"
              },
              {
                "color": "008000",
                "description": "",
                "name": "mergewhenready",
                "url": "https://api.github.com/repos/halyard/puppet-simplefin/labels/mergewhenready"
              },
              {
                "color": "ff0000",
                "description": "",
                "name": "donotmerge",
                "url": "https://api.github.com/repos/halyard/puppet-simplefin/labels/donotmerge"
              },
              {
                "color": "ffa500",
                "description": "",
                "name": "bug",
                "url": "https://api.github.com/repos/halyard/puppet-simplefin/labels/bug"
              }
            ],
            "repository": "puppet-simplefin"
          },
          "sensitive_attributes": [],
          "private": "bnVsbA=="
        },
        {
          "index_key": "puppet-slackmastodon",
          "schema_version": 0,
          "attributes": {
            "id": "puppet-slackmastodon",
            "label": [
              {
                "color": "0000ff",
                "description": "",
                "name": "feature",
                "url": "https://api.github.com/repos/halyard/puppet-slackmastodon/labels/feature"
              },
              {
                "color": "008000",
                "description": "",
                "name": "mergewhenready",
                "url": "https://api.github.com/repos/halyard/puppet-slackmastodon/labels/mergewhenready"
              },
              {
                "color": "ff0000",
                "description": "",
                "name": "donotmerge",
                "url": "https://api.github.com/repos/halyard/puppet-slackmastodon/labels/donotmerge"
              },
              {
                "color": "ffa500",
                "description": "",
                "name": "bug",
                "url": "https://api.github.com/repos/halyard/puppet-slackmastodon/labels/bug"
              }
            ],
            "repository": "puppet-slackmastodon"
          },
          "sensitive_attributes": [],
          "private": "bnVsbA=="
        },
        {
          "index_key": "puppet-smb",
          "schema_version": 0,
          "attributes": {
            "id": "puppet-smb",
            "label": [
              {
                "color": "0000ff",
                "description": "",
                "name": "feature",
                "url": "https://api.github.com/repos/halyard/puppet-smb/labels/feature"
              },
              {
                "color": "008000",
                "description": "",
                "name": "mergewhenready",
                "url": "https://api.github.com/repos/halyard/puppet-smb/labels/mergewhenready"
              },
              {
                "color": "ff0000",
                "description": "",
                "name": "donotmerge",
                "url": "https://api.github.com/repos/halyard/puppet-smb/labels/donotmerge"
              },
              {
                "color": "ffa500",
                "description": "",
                "name": "bug",
                "url": "https://api.github.com/repos/halyard/puppet-smb/labels/bug"
              }
            ],
            "repository": "puppet-smb"
          },
          "sensitive_attributes": [],
          "private": "bnVsbA=="
        },
        {
          "index_key": "puppet-stocks",
          "schema_version": 0,
          "attributes": {
            "id": "puppet-stocks",
            "label": [
              {
                "color": "0000ff",
                "description": "",
                "name": "feature",
                "url": "https://api.github.com/repos/halyard/puppet-stocks/labels/feature"
              },
              {
                "color": "008000",
                "description": "",
                "name": "mergewhenready",
                "url": "https://api.github.com/repos/halyard/puppet-stocks/labels/mergewhenready"
              },
              {
                "color": "ff0000",
                "description": "",
                "name": "donotmerge",
                "url": "https://api.github.com/repos/halyard/puppet-stocks/labels/donotmerge"
              },
              {
                "color": "ffa500",
                "description": "",
                "name": "bug",
                "url": "https://api.github.com/repos/halyard/puppet-stocks/labels/bug"
              }
            ],
            "repository": "puppet-stocks"
          },
          "sensitive_attributes": [],
          "private": "bnVsbA=="
        },
        {
          "index_key": "puppet-sysctl",
          "schema_version": 0,
          "attributes": {
            "id": "puppet-sysctl",
            "label": [
              {
                "color": "0000ff",
                "description": "",
                "name": "feature",
                "url": "https://api.github.com/repos/halyard/puppet-sysctl/labels/feature"
              },
              {
                "color": "008000",
                "description": "",
                "name": "mergewhenready",
                "url": "https://api.github.com/repos/halyard/puppet-sysctl/labels/mergewhenready"
              },
              {
                "color": "ff0000",
                "description": "",
                "name": "donotmerge",
                "url": "https://api.github.com/repos/halyard/puppet-sysctl/labels/donotmerge"
              },
              {
                "color": "ffa500",
                "description": "",
                "name": "bug",
                "url": "https://api.github.com/repos/halyard/puppet-sysctl/labels/bug"
              }
            ],
            "repository": "puppet-sysctl"
          },
          "sensitive_attributes": [],
          "private": "bnVsbA=="
        },
        {
          "index_key": "puppet-teslamate",
          "schema_version": 0,
          "attributes": {
            "id": "puppet-teslamate",
            "label": [
              {
                "color": "0000ff",
                "description": "",
                "name": "feature",
                "url": "https://api.github.com/repos/halyard/puppet-teslamate/labels/feature"
              },
              {
                "color": "008000",
                "description": "",
                "name": "mergewhenready",
                "url": "https://api.github.com/repos/halyard/puppet-teslamate/labels/mergewhenready"
              },
              {
                "color": "ff0000",
                "description": "",
                "name": "donotmerge",
                "url": "https://api.github.com/repos/halyard/puppet-teslamate/labels/donotmerge"
              },
              {
                "color": "ffa500",
                "description": "",
                "name": "bug",
                "url": "https://api.github.com/repos/halyard/puppet-teslamate/labels/bug"
              }
            ],
            "repository": "puppet-teslamate"
          },
          "sensitive_attributes": [],
          "private": "bnVsbA=="
        },
        {
          "index_key": "puppet-unpoller",
          "schema_version": 0,
          "attributes": {
            "id": "puppet-unpoller",
            "label": [
              {
                "color": "0000ff",
                "description": "",
                "name": "feature",
                "url": "https://api.github.com/repos/halyard/puppet-unpoller/labels/feature"
              },
              {
                "color": "008000",
                "description": "",
                "name": "mergewhenready",
                "url": "https://api.github.com/repos/halyard/puppet-unpoller/labels/mergewhenready"
              },
              {
                "color": "ff0000",
                "description": "",
                "name": "donotmerge",
                "url": "https://api.github.com/repos/halyard/puppet-unpoller/labels/donotmerge"
              },
              {
                "color": "ffa500",
                "description": "",
                "name": "bug",
                "url": "https://api.github.com/repos/halyard/puppet-unpoller/labels/bug"
              }
            ],
            "repository": "puppet-unpoller"
          },
          "sensitive_attributes": [],
          "private": "bnVsbA=="
        },
        {
          "index_key": "puppet-updates",
          "schema_version": 0,
          "attributes": {
            "id": "puppet-updates",
            "label": [
              {
                "color": "0000ff",
                "description": "",
                "name": "feature",
                "url": "https://api.github.com/repos/halyard/puppet-updates/labels/feature"
              },
              {
                "color": "008000",
                "description": "",
                "name": "mergewhenready",
                "url": "https://api.github.com/repos/halyard/puppet-updates/labels/mergewhenready"
              },
              {
                "color": "ff0000",
                "description": "",
                "name": "donotmerge",
                "url": "https://api.github.com/repos/halyard/puppet-updates/labels/donotmerge"
              },
              {
                "color": "ffa500",
                "description": "",
                "name": "bug",
                "url": "https://api.github.com/repos/halyard/puppet-updates/labels/bug"
              }
            ],
            "repository": "puppet-updates"
          },
          "sensitive_attributes": [],
          "private": "bnVsbA=="
        },
        {
          "index_key": "puppet-ups",
          "schema_version": 0,
          "attributes": {
            "id": "puppet-ups",
            "label": [
              {
                "color": "0000ff",
                "description": "",
                "name": "feature",
                "url": "https://api.github.com/repos/halyard/puppet-ups/labels/feature"
              },
              {
                "color": "008000",
                "description": "",
                "name": "mergewhenready",
                "url": "https://api.github.com/repos/halyard/puppet-ups/labels/mergewhenready"
              },
              {
                "color": "ff0000",
                "description": "",
                "name": "donotmerge",
                "url": "https://api.github.com/repos/halyard/puppet-ups/labels/donotmerge"
              },
              {
                "color": "ffa500",
                "description": "",
                "name": "bug",
                "url": "https://api.github.com/repos/halyard/puppet-ups/labels/bug"
              }
            ],
            "repository": "puppet-ups"
          },
          "sensitive_attributes": [],
          "private": "bnVsbA=="
        },
        {
          "index_key": "puppet-wh31e",
          "schema_version": 0,
          "attributes": {
            "id": "puppet-wh31e",
            "label": [
              {
                "color": "0000ff",
                "description": "",
                "name": "feature",
                "url": "https://api.github.com/repos/halyard/puppet-wh31e/labels/feature"
              },
              {
                "color": "008000",
                "description": "",
                "name": "mergewhenready",
                "url": "https://api.github.com/repos/halyard/puppet-wh31e/labels/mergewhenready"
              },
              {
                "color": "ff0000",
                "description": "",
                "name": "donotmerge",
                "url": "https://api.github.com/repos/halyard/puppet-wh31e/labels/donotmerge"
              },
              {
                "color": "ffa500",
                "description": "",
                "name": "bug",
                "url": "https://api.github.com/repos/halyard/puppet-wh31e/labels/bug"
              }
            ],
            "repository": "puppet-wh31e"
          },
          "sensitive_attributes": [],
          "private": "bnVsbA=="
        },
        {
          "index_key": "puppet-wireguard",
          "schema_version": 0,
          "attributes": {
            "id": "puppet-wireguard",
            "label": [
              {
                "color": "0000ff",
                "description": "",
                "name": "feature",
                "url": "https://api.github.com/repos/halyard/puppet-wireguard/labels/feature"
              },
              {
                "color": "008000",
                "description": "",
                "name": "mergewhenready",
                "url": "https://api.github.com/repos/halyard/puppet-wireguard/labels/mergewhenready"
              },
              {
                "color": "ff0000",
                "description": "",
                "name": "donotmerge",
                "url": "https://api.github.com/repos/halyard/puppet-wireguard/labels/donotmerge"
              },
              {
                "color": "ffa500",
                "description": "",
                "name": "bug",
                "url": "https://api.github.com/repos/halyard/puppet-wireguard/labels/bug"
              }
            ],
            "repository": "puppet-wireguard"
          },
          "sensitive_attributes": [],
          "private": "bnVsbA=="
        },
        {
          "index_key": "puppet-zwave",
          "schema_version": 0,
          "attributes": {
            "id": "puppet-zwave",
            "label": [
              {
                "color": "0000ff",
                "description": "",
                "name": "feature",
                "url": "https://api.github.com/repos/halyard/puppet-zwave/labels/feature"
              },
              {
                "color": "008000",
                "description": "",
                "name": "mergewhenready",
                "url": "https://api.github.com/repos/halyard/puppet-zwave/labels/mergewhenready"
              },
              {
                "color": "ff0000",
                "description": "",
                "name": "donotmerge",
                "url": "https://api.github.com/repos/halyard/puppet-zwave/labels/donotmerge"
              },
              {
                "color": "ffa500",
                "description": "",
                "name": "bug",
                "url": "https://api.github.com/repos/halyard/puppet-zwave/labels/bug"
              }
            ],
            "repository": "puppet-zwave"
          },
          "sensitive_attributes": [],
          "private": "bnVsbA=="
        }
      ]
    },
    {
      "module": "module.halyard",
      "mode": "managed",
      "type": "github_repository",
      "name": "each",
      "provider": "provider[\"registry.terraform.io/integrations/github\"].halyard",
      "instances": [
        {
          "index_key": ".github",
          "schema_version": 1,
          "attributes": {
            "allow_auto_merge": false,
            "allow_forking": true,
            "allow_merge_commit": false,
            "allow_rebase_merge": false,
            "allow_squash_merge": true,
            "allow_update_branch": true,
            "archive_on_destroy": null,
            "archived": false,
            "auto_init": false,
            "default_branch": "main",
            "delete_branch_on_merge": true,
            "description": "",
            "etag": "W/\"e5cc82c5e3f103a84501b768b7845808f0c481cec96450c2562a999711e550be\"",
            "fork": "false",
            "full_name": "halyard/.github",
            "git_clone_url": "git://github.com/halyard/.github.git",
            "gitignore_template": null,
            "has_discussions": false,
            "has_downloads": false,
            "has_issues": true,
            "has_projects": false,
            "has_wiki": false,
            "homepage_url": "",
            "html_url": "https://github.com/halyard/.github",
            "http_clone_url": "https://github.com/halyard/.github.git",
            "id": ".github",
            "ignore_vulnerability_alerts_during_read": null,
            "is_template": false,
            "license_template": null,
            "merge_commit_message": "PR_TITLE",
            "merge_commit_title": "MERGE_MESSAGE",
            "name": ".github",
            "node_id": "R_kgDOTU5YHg",
            "pages": [],
            "primary_language": "",
            "private": false,
            "repo_id": 1296979998,
            "security_and_analysis": [
              {
                "advanced_security": [],
                "code_security": [],
                "secret_scanning": [
                  {
                    "status": "disabled"
                  }
                ],
                "secret_scanning_ai_detection": [],
                "secret_scanning_non_provider_patterns": [],
                "secret_scanning_push_protection": [
                  {
                    "status": "disabled"
                  }
                ]
              }
            ],
            "source_owner": "",
            "source_repo": "",
            "squash_merge_commit_message": "COMMIT_MESSAGES",
            "squash_merge_commit_title": "COMMIT_OR_PR_TITLE",
            "ssh_clone_url": "git@github.com:halyard/.github.git",
            "svn_url": "https://github.com/halyard/.github",
            "template": [],
            "topics": [],
            "visibility": "public",
            "vulnerability_alerts": false,
            "web_commit_signoff_required": false
          },
          "sensitive_attributes": [],
          "private": "eyJzY2hlbWFfdmVyc2lvbiI6IjEifQ=="
        },
        {
          "index_key": "halyard",
          "schema_version": 1,
          "attributes": {
            "allow_auto_merge": false,
            "allow_forking": true,
            "allow_merge_commit": false,
            "allow_rebase_merge": false,
            "allow_squash_merge": true,
            "allow_update_branch": true,
            "archive_on_destroy": null,
            "archived": false,
            "auto_init": false,
            "default_branch": "main",
            "delete_branch_on_merge": true,
            "description": "Puppet repo for my Macs",
            "etag": "W/\"2b0c1d171167e73546c3de005c149e33b383b356b7d8dcb92ff53c9ecd9bfc4a\"",
            "fork": "false",
            "full_name": "halyard/halyard",
            "git_clone_url": "git://github.com/halyard/halyard.git",
            "gitignore_template": null,
            "has_discussions": false,
            "has_downloads": false,
            "has_issues": true,
            "has_projects": false,
            "has_wiki": false,
            "homepage_url": "",
            "html_url": "https://github.com/halyard/halyard",
            "http_clone_url": "https://github.com/halyard/halyard.git",
            "id": "halyard",
            "ignore_vulnerability_alerts_during_read": null,
            "is_template": false,
            "license_template": null,
            "merge_commit_message": "PR_TITLE",
            "merge_commit_title": "MERGE_MESSAGE",
            "name": "halyard",
            "node_id": "MDEwOlJlcG9zaXRvcnkyMzAyODYwMw==",
            "pages": [],
            "primary_language": "Python",
            "private": false,
            "repo_id": 23028603,
            "security_and_analysis": [
              {
                "advanced_security": [],
                "code_security": [],
                "secret_scanning": [
                  {
                    "status": "disabled"
                  }
                ],
                "secret_scanning_ai_detection": [],
                "secret_scanning_non_provider_patterns": [],
                "secret_scanning_push_protection": [
                  {
                    "status": "disabled"
                  }
                ]
              }
            ],
            "source_owner": "",
            "source_repo": "",
            "squash_merge_commit_message": "COMMIT_MESSAGES",
            "squash_merge_commit_title": "COMMIT_OR_PR_TITLE",
            "ssh_clone_url": "git@github.com:halyard/halyard.git",
            "svn_url": "https://github.com/halyard/halyard",
            "template": [],
            "topics": [],
            "visibility": "public",
            "vulnerability_alerts": false,
            "web_commit_signoff_required": false
          },
          "sensitive_attributes": [],
          "private": "eyJzY2hlbWFfdmVyc2lvbiI6IjEifQ=="
        },
        {
          "index_key": "halyard.github.io",
          "schema_version": 1,
          "attributes": {
            "allow_auto_merge": false,
            "allow_forking": true,
            "allow_merge_commit": false,
            "allow_rebase_merge": false,
            "allow_squash_merge": true,
            "allow_update_branch": true,
            "archive_on_destroy": null,
            "archived": false,
            "auto_init": false,
            "default_branch": "main",
            "delete_branch_on_merge": true,
            "description": "Web portal for halyard",
            "etag": "W/\"445a2a6462b1718000688eff29a14384172fdcf1850dd6280874dce04614e12d\"",
            "fork": "false",
            "full_name": "halyard/halyard.github.io",
            "git_clone_url": "git://github.com/halyard/halyard.github.io.git",
            "gitignore_template": null,
            "has_discussions": false,
            "has_downloads": false,
            "has_issues": true,
            "has_projects": false,
            "has_wiki": false,
            "homepage_url": "https://halyard.github.io",
            "html_url": "https://github.com/halyard/halyard.github.io",
            "http_clone_url": "https://github.com/halyard/halyard.github.io.git",
            "id": "halyard.github.io",
            "ignore_vulnerability_alerts_during_read": null,
            "is_template": false,
            "license_template": null,
            "merge_commit_message": "PR_TITLE",
            "merge_commit_title": "MERGE_MESSAGE",
            "name": "halyard.github.io",
            "node_id": "MDEwOlJlcG9zaXRvcnkyMzUwNzYyMQ==",
            "pages": [],
            "primary_language": "CSS",
            "private": false,
            "repo_id": 23507621,
            "security_and_analysis": [
              {
                "advanced_security": [],
                "code_security": [],
                "secret_scanning": [
                  {
                    "status": "disabled"
                  }
                ],
                "secret_scanning_ai_detection": [],
                "secret_scanning_non_provider_patterns": [],
                "secret_scanning_push_protection": [
                  {
                    "status": "disabled"
                  }
                ]
              }
            ],
            "source_owner": "",
            "source_repo": "",
            "squash_merge_commit_message": "COMMIT_MESSAGES",
            "squash_merge_commit_title": "COMMIT_OR_PR_TITLE",
            "ssh_clone_url": "git@github.com:halyard/halyard.github.io.git",
            "svn_url": "https://github.com/halyard/halyard.github.io",
            "template": [],
            "topics": [],
            "visibility": "public",
            "vulnerability_alerts": false,
            "web_commit_signoff_required": false
          },
          "sensitive_attributes": [],
          "private": "eyJzY2hlbWFfdmVyc2lvbiI6IjEifQ=="
        },
        {
          "index_key": "homebrew-core",
          "schema_version": 1,
          "attributes": {
            "allow_auto_merge": false,
            "allow_forking": true,
            "allow_merge_commit": false,
            "allow_rebase_merge": false,
            "allow_squash_merge": true,
            "allow_update_branch": true,
            "archive_on_destroy": null,
            "archived": false,
            "auto_init": false,
            "default_branch": "main",
            "delete_branch_on_merge": true,
            "description": "Custom Homebrew software repo",
            "etag": "W/\"e1eb88287c36a9e3076be61072e51c276678c2f51b555a0577446acea739b329\"",
            "fork": "false",
            "full_name": "halyard/homebrew-core",
            "git_clone_url": "git://github.com/halyard/homebrew-core.git",
            "gitignore_template": null,
            "has_discussions": false,
            "has_downloads": false,
            "has_issues": true,
            "has_projects": false,
            "has_wiki": false,
            "homepage_url": "",
            "html_url": "https://github.com/halyard/homebrew-core",
            "http_clone_url": "https://github.com/halyard/homebrew-core.git",
            "id": "homebrew-core",
            "ignore_vulnerability_alerts_during_read": null,
            "is_template": false,
            "license_template": null,
            "merge_commit_message": "PR_TITLE",
            "merge_commit_title": "MERGE_MESSAGE",
            "name": "homebrew-core",
            "node_id": "R_kgDOIl_Bvg",
            "pages": [],
            "primary_language": "Ruby",
            "private": false,
            "repo_id": 576700862,
            "security_and_analysis": [
              {
                "advanced_security": [],
                "code_security": [],
                "secret_scanning": [
                  {
                    "status": "disabled"
                  }
                ],
                "secret_scanning_ai_detection": [],
                "secret_scanning_non_provider_patterns": [],
                "secret_scanning_push_protection": [
                  {
                    "status": "disabled"
                  }
                ]
              }
            ],
            "source_owner": "",
            "source_repo": "",
            "squash_merge_commit_message": "COMMIT_MESSAGES",
            "squash_merge_commit_title": "COMMIT_OR_PR_TITLE",
            "ssh_clone_url": "git@github.com:halyard/homebrew-core.git",
            "svn_url": "https://github.com/halyard/homebrew-core",
            "template": [],
            "topics": [],
            "visibility": "public",
            "vulnerability_alerts": false,
            "web_commit_signoff_required": false
          },
          "sensitive_attributes": [],
          "private": "eyJzY2hlbWFfdmVyc2lvbiI6IjEifQ=="
        },
        {
          "index_key": "image-archlinux",
          "schema_version": 1,
          "attributes": {
            "allow_auto_merge": false,
            "allow_forking": true,
            "allow_merge_commit": false,
            "allow_rebase_merge": false,
            "allow_squash_merge": true,
            "allow_update_branch": true,
            "archive_on_destroy": null,
            "archived": false,
            "auto_init": false,
            "default_branch": "main",
            "delete_branch_on_merge": true,
            "description": "Archlinux OS image",
            "etag": "W/\"ff3a713a2f19b0ab8028d33bc416b4e1b7c78c53a42164b211e5e078470a990b\"",
            "fork": "false",
            "full_name": "halyard/image-archlinux",
            "git_clone_url": "git://github.com/halyard/image-archlinux.git",
            "gitignore_template": null,
            "has_discussions": false,
            "has_downloads": false,
            "has_issues": true,
            "has_projects": false,
            "has_wiki": false,
            "homepage_url": "",
            "html_url": "https://github.com/halyard/image-archlinux",
            "http_clone_url": "https://github.com/halyard/image-archlinux.git",
            "id": "image-archlinux",
            "ignore_vulnerability_alerts_during_read": null,
            "is_template": false,
            "license_template": null,
            "merge_commit_message": "PR_TITLE",
            "merge_commit_title": "MERGE_MESSAGE",
            "name": "image-archlinux",
            "node_id": "R_kgDOHQ-WxQ",
            "pages": [],
            "primary_language": "Shell",
            "private": false,
            "repo_id": 487560901,
            "security_and_analysis": [
              {
                "advanced_security": [],
                "code_security": [],
                "secret_scanning": [
                  {
                    "status": "disabled"
                  }
                ],
                "secret_scanning_ai_detection": [],
                "secret_scanning_non_provider_patterns": [],
                "secret_scanning_push_protection": [
                  {
                    "status": "disabled"
                  }
                ]
              }
            ],
            "source_owner": "",
            "source_repo": "",
            "squash_merge_commit_message": "COMMIT_MESSAGES",
            "squash_merge_commit_title": "COMMIT_OR_PR_TITLE",
            "ssh_clone_url": "git@github.com:halyard/image-archlinux.git",
            "svn_url": "https://github.com/halyard/image-archlinux",
            "template": [],
            "topics": [],
            "visibility": "public",
            "vulnerability_alerts": false,
            "web_commit_signoff_required": false
          },
          "sensitive_attributes": [],
          "private": "eyJzY2hlbWFfdmVyc2lvbiI6IjEifQ=="
        },
        {
          "index_key": "local-puppet-helper",
          "schema_version": 1,
          "attributes": {
            "allow_auto_merge": false,
            "allow_forking": true,
            "allow_merge_commit": false,
            "allow_rebase_merge": false,
            "allow_squash_merge": true,
            "allow_update_branch": true,
            "archive_on_destroy": null,
            "archived": false,
            "auto_init": false,
            "default_branch": "main",
            "delete_branch_on_merge": true,
            "description": "Helpers for puppet repos",
            "etag": "W/\"e5ee02db77345b751f3b2709710c55cb3cf56e0d543451833402c7d34f8b2315\"",
            "fork": "false",
            "full_name": "halyard/local-puppet-helper",
            "git_clone_url": "git://github.com/halyard/local-puppet-helper.git",
            "gitignore_template": null,
            "has_discussions": false,
            "has_downloads": false,
            "has_issues": true,
            "has_projects": false,
            "has_wiki": false,
            "homepage_url": "",
            "html_url": "https://github.com/halyard/local-puppet-helper",
            "http_clone_url": "https://github.com/halyard/local-puppet-helper.git",
            "id": "local-puppet-helper",
            "ignore_vulnerability_alerts_during_read": null,
            "is_template": false,
            "license_template": null,
            "merge_commit_message": "PR_TITLE",
            "merge_commit_title": "MERGE_MESSAGE",
            "name": "local-puppet-helper",
            "node_id": "MDEwOlJlcG9zaXRvcnk5NjM3NzA4MQ==",
            "pages": [],
            "primary_language": "Ruby",
            "private": false,
            "repo_id": 96377081,
            "security_and_analysis": [
              {
                "advanced_security": [],
                "code_security": [],
                "secret_scanning": [
                  {
                    "status": "disabled"
                  }
                ],
                "secret_scanning_ai_detection": [],
                "secret_scanning_non_provider_patterns": [],
                "secret_scanning_push_protection": [
                  {
                    "status": "disabled"
                  }
                ]
              }
            ],
            "source_owner": "",
            "source_repo": "",
            "squash_merge_commit_message": "COMMIT_MESSAGES",
            "squash_merge_commit_title": "COMMIT_OR_PR_TITLE",
            "ssh_clone_url": "git@github.com:halyard/local-puppet-helper.git",
            "svn_url": "https://github.com/halyard/local-puppet-helper",
            "template": [],
            "topics": [],
            "visibility": "public",
            "vulnerability_alerts": false,
            "web_commit_signoff_required": false
          },
          "sensitive_attributes": [],
          "private": "eyJzY2hlbWFfdmVyc2lvbiI6IjEifQ=="
        },
        {
          "index_key": "puppet-acme",
          "schema_version": 1,
          "attributes": {
            "allow_auto_merge": false,
            "allow_forking": true,
            "allow_merge_commit": false,
            "allow_rebase_merge": false,
            "allow_squash_merge": true,
            "allow_update_branch": true,
            "archive_on_destroy": null,
            "archived": false,
            "auto_init": false,
            "default_branch": "main",
            "delete_branch_on_merge": true,
            "description": "Module to configure ACME-based TLS certs",
            "etag": "W/\"6a70942a2b608d554dea8e1a79e577768bd05743598c4affe6030c235ef7a64e\"",
            "fork": "false",
            "full_name": "halyard/puppet-acme",
            "git_clone_url": "git://github.com/halyard/puppet-acme.git",
            "gitignore_template": null,
            "has_discussions": false,
            "has_downloads": false,
            "has_issues": true,
            "has_projects": false,
            "has_wiki": false,
            "homepage_url": "",
            "html_url": "https://github.com/halyard/puppet-acme",
            "http_clone_url": "https://github.com/halyard/puppet-acme.git",
            "id": "puppet-acme",
            "ignore_vulnerability_alerts_during_read": null,
            "is_template": false,
            "license_template": null,
            "merge_commit_message": "PR_TITLE",
            "merge_commit_title": "MERGE_MESSAGE",
            "name": "puppet-acme",
            "node_id": "R_kgDOHUKIMg",
            "pages": [],
            "primary_language": "Puppet",
            "private": false,
            "repo_id": 490899506,
            "security_and_analysis": [
              {
                "advanced_security": [],
                "code_security": [],
                "secret_scanning": [
                  {
                    "status": "disabled"
                  }
                ],
                "secret_scanning_ai_detection": [],
                "secret_scanning_non_provider_patterns": [],
                "secret_scanning_push_protection": [
                  {
                    "status": "disabled"
                  }
                ]
              }
            ],
            "source_owner": "",
            "source_repo": "",
            "squash_merge_commit_message": "COMMIT_MESSAGES",
            "squash_merge_commit_title": "COMMIT_OR_PR_TITLE",
            "ssh_clone_url": "git@github.com:halyard/puppet-acme.git",
            "svn_url": "https://github.com/halyard/puppet-acme",
            "template": [],
            "topics": [],
            "visibility": "public",
            "vulnerability_alerts": false,
            "web_commit_signoff_required": false
          },
          "sensitive_attributes": [],
          "private": "eyJzY2hlbWFfdmVyc2lvbiI6IjEifQ=="
        },
        {
          "index_key": "puppet-babybuddy",
          "schema_version": 1,
          "attributes": {
            "allow_auto_merge": false,
            "allow_forking": true,
            "allow_merge_commit": false,
            "allow_rebase_merge": false,
            "allow_squash_merge": true,
            "allow_update_branch": true,
            "archive_on_destroy": null,
            "archived": false,
            "auto_init": false,
            "default_branch": "main",
            "delete_branch_on_merge": true,
            "description": "",
            "etag": "W/\"b42d7713b173368dd883b86ba938381de98c37f1d5af1138d32f12e2e6209b3b\"",
            "fork": "false",
            "full_name": "halyard/puppet-babybuddy",
            "git_clone_url": "git://github.com/halyard/puppet-babybuddy.git",
            "gitignore_template": null,
            "has_discussions": false,
            "has_downloads": false,
            "has_issues": true,
            "has_projects": false,
            "has_wiki": false,
            "homepage_url": "",
            "html_url": "https://github.com/halyard/puppet-babybuddy",
            "http_clone_url": "https://github.com/halyard/puppet-babybuddy.git",
            "id": "puppet-babybuddy",
            "ignore_vulnerability_alerts_during_read": null,
            "is_template": false,
            "license_template": null,
            "merge_commit_message": "PR_TITLE",
            "merge_commit_title": "MERGE_MESSAGE",
            "name": "puppet-babybuddy",
            "node_id": "R_kgDOOgUm1A",
            "pages": [],
            "primary_language": "Ruby",
            "private": false,
            "repo_id": 973416148,
            "security_and_analysis": [
              {
                "advanced_security": [],
                "code_security": [],
                "secret_scanning": [
                  {
                    "status": "disabled"
                  }
                ],
                "secret_scanning_ai_detection": [],
                "secret_scanning_non_provider_patterns": [],
                "secret_scanning_push_protection": [
                  {
                    "status": "disabled"
                  }
                ]
              }
            ],
            "source_owner": "",
            "source_repo": "",
            "squash_merge_commit_message": "COMMIT_MESSAGES",
            "squash_merge_commit_title": "COMMIT_OR_PR_TITLE",
            "ssh_clone_url": "git@github.com:halyard/puppet-babybuddy.git",
            "svn_url": "https://github.com/halyard/puppet-babybuddy",
            "template": [],
            "topics": [],
            "visibility": "public",
            "vulnerability_alerts": false,
            "web_commit_signoff_required": false
          },
          "sensitive_attributes": [],
          "private": "eyJzY2hlbWFfdmVyc2lvbiI6IjEifQ=="
        },
        {
          "index_key": "puppet-backup",
          "schema_version": 1,
          "attributes": {
            "allow_auto_merge": false,
            "allow_forking": true,
            "allow_merge_commit": false,
            "allow_rebase_merge": false,
            "allow_squash_merge": true,
            "allow_update_branch": true,
            "archive_on_destroy": null,
            "archived": false,
            "auto_init": false,
            "default_branch": "main",
            "delete_branch_on_merge": true,
            "description": "Module for backing up with restic",
            "etag": "W/\"fa803529db8958c0b30ad28164845ca29e4e41757ec17b47a1793fa5c63395eb\"",
            "fork": "false",
            "full_name": "halyard/puppet-backup",
            "git_clone_url": "git://github.com/halyard/puppet-backup.git",
            "gitignore_template": null,
            "has_discussions": false,
            "has_downloads": false,
            "has_issues": true,
            "has_projects": false,
            "has_wiki": false,
            "homepage_url": "",
            "html_url": "https://github.com/halyard/puppet-backup",
            "http_clone_url": "https://github.com/halyard/puppet-backup.git",
            "id": "puppet-backup",
            "ignore_vulnerability_alerts_during_read": null,
            "is_template": false,
            "license_template": null,
            "merge_commit_message": "PR_TITLE",
            "merge_commit_title": "MERGE_MESSAGE",
            "name": "puppet-backup",
            "node_id": "R_kgDOIWuCKQ",
            "pages": [],
            "primary_language": "Puppet",
            "private": false,
            "repo_id": 560693801,
            "security_and_analysis": [
              {
                "advanced_security": [],
                "code_security": [],
                "secret_scanning": [
                  {
                    "status": "disabled"
                  }
                ],
                "secret_scanning_ai_detection": [],
                "secret_scanning_non_provider_patterns": [],
                "secret_scanning_push_protection": [
                  {
                    "status": "disabled"
                  }
                ]
              }
            ],
            "source_owner": "",
            "source_repo": "",
            "squash_merge_commit_message": "COMMIT_MESSAGES",
            "squash_merge_commit_title": "COMMIT_OR_PR_TITLE",
            "ssh_clone_url": "git@github.com:halyard/puppet-backup.git",
            "svn_url": "https://github.com/halyard/puppet-backup",
            "template": [],
            "topics": [],
            "visibility": "public",
            "vulnerability_alerts": false,
            "web_commit_signoff_required": false
          },
          "sensitive_attributes": [],
          "private": "eyJzY2hlbWFfdmVyc2lvbiI6IjEifQ=="
        },
        {
          "index_key": "puppet-bulldozer",
          "schema_version": 1,
          "attributes": {
            "allow_auto_merge": false,
            "allow_forking": true,
            "allow_merge_commit": false,
            "allow_rebase_merge": false,
            "allow_squash_merge": true,
            "allow_update_branch": true,
            "archive_on_destroy": null,
            "archived": false,
            "auto_init": false,
            "default_branch": "main",
            "delete_branch_on_merge": true,
            "description": "Deploy Bulldozer GitHub bot",
            "etag": "W/\"cde2b934fac7f8f3cfd2edf6e7d54fec7f72eaa23d3d85e8aa52d25d417e2678\"",
            "fork": "false",
            "full_name": "halyard/puppet-bulldozer",
            "git_clone_url": "git://github.com/halyard/puppet-bulldozer.git",
            "gitignore_template": null,
            "has_discussions": false,
            "has_downloads": false,
            "has_issues": true,
            "has_projects": false,
            "has_wiki": false,
            "homepage_url": "",
            "html_url": "https://github.com/halyard/puppet-bulldozer",
            "http_clone_url": "https://github.com/halyard/puppet-bulldozer.git",
            "id": "puppet-bulldozer",
            "ignore_vulnerability_alerts_during_read": null,
            "is_template": false,
            "license_template": null,
            "merge_commit_message": "PR_TITLE",
            "merge_commit_title": "MERGE_MESSAGE",
            "name": "puppet-bulldozer",
            "node_id": "R_kgDOTT5gxg",
            "pages": [],
            "primary_language": "Puppet",
            "private": false,
            "repo_id": 1295933638,
            "security_and_analysis": [
              {
                "advanced_security": [],
                "code_security": [],
                "secret_scanning": [
                  {
                    "status": "disabled"
                  }
                ],
                "secret_scanning_ai_detection": [],
                "secret_scanning_non_provider_patterns": [],
                "secret_scanning_push_protection": [
                  {
                    "status": "disabled"
                  }
                ]
              }
            ],
            "source_owner": "",
            "source_repo": "",
            "squash_merge_commit_message": "COMMIT_MESSAGES",
            "squash_merge_commit_title": "COMMIT_OR_PR_TITLE",
            "ssh_clone_url": "git@github.com:halyard/puppet-bulldozer.git",
            "svn_url": "https://github.com/halyard/puppet-bulldozer",
            "template": [],
            "topics": [],
            "visibility": "public",
            "vulnerability_alerts": false,
            "web_commit_signoff_required": false
          },
          "sensitive_attributes": [],
          "private": "eyJzY2hlbWFfdmVyc2lvbiI6IjEifQ=="
        },
        {
          "index_key": "puppet-configvault",
          "schema_version": 1,
          "attributes": {
            "allow_auto_merge": false,
            "allow_forking": true,
            "allow_merge_commit": false,
            "allow_rebase_merge": false,
            "allow_squash_merge": true,
            "allow_update_branch": true,
            "archive_on_destroy": null,
            "archived": false,
            "auto_init": false,
            "default_branch": "main",
            "delete_branch_on_merge": true,
            "description": "",
            "etag": "W/\"240facf987a0f46a16a22484b40347d575741822b2c9a09c0249dace028e65e2\"",
            "fork": "false",
            "full_name": "halyard/puppet-configvault",
            "git_clone_url": "git://github.com/halyard/puppet-configvault.git",
            "gitignore_template": null,
            "has_discussions": false,
            "has_downloads": false,
            "has_issues": true,
            "has_projects": false,
            "has_wiki": false,
            "homepage_url": "",
            "html_url": "https://github.com/halyard/puppet-configvault",
            "http_clone_url": "https://github.com/halyard/puppet-configvault.git",
            "id": "puppet-configvault",
            "ignore_vulnerability_alerts_during_read": null,
            "is_template": false,
            "license_template": null,
            "merge_commit_message": "PR_TITLE",
            "merge_commit_title": "MERGE_MESSAGE",
            "name": "puppet-configvault",
            "node_id": "R_kgDOHGD7bw",
            "pages": [],
            "primary_language": "Ruby",
            "private": false,
            "repo_id": 476117871,
            "security_and_analysis": [
              {
                "advanced_security": [],
                "code_security": [],
                "secret_scanning": [
                  {
                    "status": "disabled"
                  }
                ],
                "secret_scanning_ai_detection": [],
                "secret_scanning_non_provider_patterns": [],
                "secret_scanning_push_protection": [
                  {
                    "status": "disabled"
                  }
                ]
              }
            ],
            "source_owner": "",
            "source_repo": "",
            "squash_merge_commit_message": "COMMIT_MESSAGES",
            "squash_merge_commit_title": "COMMIT_OR_PR_TITLE",
            "ssh_clone_url": "git@github.com:halyard/puppet-configvault.git",
            "svn_url": "https://github.com/halyard/puppet-configvault",
            "template": [],
            "topics": [],
            "visibility": "public",
            "vulnerability_alerts": false,
            "web_commit_signoff_required": false
          },
          "sensitive_attributes": [],
          "private": "eyJzY2hlbWFfdmVyc2lvbiI6IjEifQ=="
        },
        {
          "index_key": "puppet-console",
          "schema_version": 1,
          "attributes": {
            "allow_auto_merge": false,
            "allow_forking": true,
            "allow_merge_commit": false,
            "allow_rebase_merge": false,
            "allow_squash_merge": true,
            "allow_update_branch": true,
            "archive_on_destroy": null,
            "archived": false,
            "auto_init": false,
            "default_branch": "main",
            "delete_branch_on_merge": true,
            "description": "Manage console",
            "etag": "W/\"ad7c76f8074d3b66e9506d2d82abf4067777a54d23e05ec725f73b02de3ef35c\"",
            "fork": "false",
            "full_name": "halyard/puppet-console",
            "git_clone_url": "git://github.com/halyard/puppet-console.git",
            "gitignore_template": null,
            "has_discussions": false,
            "has_downloads": false,
            "has_issues": true,
            "has_projects": false,
            "has_wiki": false,
            "homepage_url": "",
            "html_url": "https://github.com/halyard/puppet-console",
            "http_clone_url": "https://github.com/halyard/puppet-console.git",
            "id": "puppet-console",
            "ignore_vulnerability_alerts_during_read": null,
            "is_template": false,
            "license_template": null,
            "merge_commit_message": "PR_TITLE",
            "merge_commit_title": "MERGE_MESSAGE",
            "name": "puppet-console",
            "node_id": "R_kgDOG-5i-g",
            "pages": [],
            "primary_language": "Puppet",
            "private": false,
            "repo_id": 468607738,
            "security_and_analysis": [
              {
                "advanced_security": [],
                "code_security": [],
                "secret_scanning": [
                  {
                    "status": "disabled"
                  }
                ],
                "secret_scanning_ai_detection": [],
                "secret_scanning_non_provider_patterns": [],
                "secret_scanning_push_protection": [
                  {
                    "status": "disabled"
                  }
                ]
              }
            ],
            "source_owner": "",
            "source_repo": "",
            "squash_merge_commit_message": "COMMIT_MESSAGES",
            "squash_merge_commit_title": "COMMIT_OR_PR_TITLE",
            "ssh_clone_url": "git@github.com:halyard/puppet-console.git",
            "svn_url": "https://github.com/halyard/puppet-console",
            "template": [],
            "topics": [],
            "visibility": "public",
            "vulnerability_alerts": false,
            "web_commit_signoff_required": false
          },
          "sensitive_attributes": [],
          "private": "eyJzY2hlbWFfdmVyc2lvbiI6IjEifQ=="
        },
        {
          "index_key": "puppet-cultivator",
          "schema_version": 1,
          "attributes": {
            "allow_auto_merge": false,
            "allow_forking": true,
            "allow_merge_commit": false,
            "allow_rebase_merge": false,
            "allow_squash_merge": true,
            "allow_update_branch": true,
            "archive_on_destroy": null,
            "archived": false,
            "auto_init": false,
            "default_branch": "main",
            "delete_branch_on_merge": true,
            "description": "",
            "etag": "W/\"e4b9380aca02497447c17bc4157a77cce386d053352bc2b56e0d54a46183842f\"",
            "fork": "false",
            "full_name": "halyard/puppet-cultivator",
            "git_clone_url": "git://github.com/halyard/puppet-cultivator.git",
            "gitignore_template": null,
            "has_discussions": false,
            "has_downloads": false,
            "has_issues": true,
            "has_projects": false,
            "has_wiki": false,
            "homepage_url": "",
            "html_url": "https://github.com/halyard/puppet-cultivator",
            "http_clone_url": "https://github.com/halyard/puppet-cultivator.git",
            "id": "puppet-cultivator",
            "ignore_vulnerability_alerts_during_read": null,
            "is_template": false,
            "license_template": null,
            "merge_commit_message": "PR_TITLE",
            "merge_commit_title": "MERGE_MESSAGE",
            "name": "puppet-cultivator",
            "node_id": "R_kgDOJy8G8A",
            "pages": [],
            "primary_language": "Puppet",
            "private": false,
            "repo_id": 657393392,
            "security_and_analysis": [
              {
                "advanced_security": [],
                "code_security": [],
                "secret_scanning": [
                  {
                    "status": "disabled"
                  }
                ],
                "secret_scanning_ai_detection": [],
                "secret_scanning_non_provider_patterns": [],
                "secret_scanning_push_protection": [
                  {
                    "status": "disabled"
                  }
                ]
              }
            ],
            "source_owner": "",
            "source_repo": "",
            "squash_merge_commit_message": "COMMIT_MESSAGES",
            "squash_merge_commit_title": "COMMIT_OR_PR_TITLE",
            "ssh_clone_url": "git@github.com:halyard/puppet-cultivator.git",
            "svn_url": "https://github.com/halyard/puppet-cultivator",
            "template": [],
            "topics": [],
            "visibility": "public",
            "vulnerability_alerts": false,
            "web_commit_signoff_required": false
          },
          "sensitive_attributes": [],
          "private": "eyJzY2hlbWFfdmVyc2lvbiI6IjEifQ=="
        },
        {
          "index_key": "puppet-disks",
          "schema_version": 1,
          "attributes": {
            "allow_auto_merge": false,
            "allow_forking": true,
            "allow_merge_commit": false,
            "allow_rebase_merge": false,
            "allow_squash_merge": true,
            "allow_update_branch": true,
            "archive_on_destroy": null,
            "archived": false,
            "auto_init": false,
            "default_branch": "main",
            "delete_branch_on_merge": true,
            "description": "Configure devices and mounts",
            "etag": "W/\"9981ad1680b5c439b8b1bb001be1c6f452559ee3943785a44a7245c53c9d9f57\"",
            "fork": "false",
            "full_name": "halyard/puppet-disks",
            "git_clone_url": "git://github.com/halyard/puppet-disks.git",
            "gitignore_template": null,
            "has_discussions": false,
            "has_downloads": false,
            "has_issues": true,
            "has_projects": false,
            "has_wiki": false,
            "homepage_url": "",
            "html_url": "https://github.com/halyard/puppet-disks",
            "http_clone_url": "https://github.com/halyard/puppet-disks.git",
            "id": "puppet-disks",
            "ignore_vulnerability_alerts_during_read": null,
            "is_template": false,
            "license_template": null,
            "merge_commit_message": "PR_TITLE",
            "merge_commit_title": "MERGE_MESSAGE",
            "name": "puppet-disks",
            "node_id": "R_kgDOG-4WIQ",
            "pages": [],
            "primary_language": "Puppet",
            "private": false,
            "repo_id": 468588065,
            "security_and_analysis": [
              {
                "advanced_security": [],
                "code_security": [],
                "secret_scanning": [
                  {
                    "status": "disabled"
                  }
                ],
                "secret_scanning_ai_detection": [],
                "secret_scanning_non_provider_patterns": [],
                "secret_scanning_push_protection": [
                  {
                    "status": "disabled"
                  }
                ]
              }
            ],
            "source_owner": "",
            "source_repo": "",
            "squash_merge_commit_message": "COMMIT_MESSAGES",
            "squash_merge_commit_title": "COMMIT_OR_PR_TITLE",
            "ssh_clone_url": "git@github.com:halyard/puppet-disks.git",
            "svn_url": "https://github.com/halyard/puppet-disks",
            "template": [],
            "topics": [],
            "visibility": "public",
            "vulnerability_alerts": false,
            "web_commit_signoff_required": false
          },
          "sensitive_attributes": [],
          "private": "eyJzY2hlbWFfdmVyc2lvbiI6IjEifQ=="
        },
        {
          "index_key": "puppet-docker",
          "schema_version": 1,
          "attributes": {
            "allow_auto_merge": false,
            "allow_forking": true,
            "allow_merge_commit": false,
            "allow_rebase_merge": false,
            "allow_squash_merge": true,
            "allow_update_branch": true,
            "archive_on_destroy": null,
            "archived": false,
            "auto_init": false,
            "default_branch": "main",
            "delete_branch_on_merge": true,
            "description": "Configure Docker containers",
            "etag": "W/\"dc3ef384785bd10cd7d0cd12546812e1874b33ff81e42bcc81a3d4356678be41\"",
            "fork": "false",
            "full_name": "halyard/puppet-docker",
            "git_clone_url": "git://github.com/halyard/puppet-docker.git",
            "gitignore_template": null,
            "has_discussions": false,
            "has_downloads": false,
            "has_issues": true,
            "has_projects": false,
            "has_wiki": false,
            "homepage_url": "",
            "html_url": "https://github.com/halyard/puppet-docker",
            "http_clone_url": "https://github.com/halyard/puppet-docker.git",
            "id": "puppet-docker",
            "ignore_vulnerability_alerts_during_read": null,
            "is_template": false,
            "license_template": null,
            "merge_commit_message": "PR_TITLE",
            "merge_commit_title": "MERGE_MESSAGE",
            "name": "puppet-docker",
            "node_id": "R_kgDOHT_zTQ",
            "pages": [],
            "primary_language": "Puppet",
            "private": false,
            "repo_id": 490730317,
            "security_and_analysis": [
              {
                "advanced_security": [],
                "code_security": [],
                "secret_scanning": [
                  {
                    "status": "disabled"
                  }
                ],
                "secret_scanning_ai_detection": [],
                "secret_scanning_non_provider_patterns": [],
                "secret_scanning_push_protection": [
                  {
                    "status": "disabled"
                  }
                ]
              }
            ],
            "source_owner": "",
            "source_repo": "",
            "squash_merge_commit_message": "COMMIT_MESSAGES",
            "squash_merge_commit_title": "COMMIT_OR_PR_TITLE",
            "ssh_clone_url": "git@github.com:halyard/puppet-docker.git",
            "svn_url": "https://github.com/halyard/puppet-docker",
            "template": [],
            "topics": [],
            "visibility": "public",
            "vulnerability_alerts": false,
            "web_commit_signoff_required": false
          },
          "sensitive_attributes": [],
          "private": "eyJzY2hlbWFfdmVyc2lvbiI6IjEifQ=="
        },
        {
          "index_key": "puppet-ecowitt",
          "schema_version": 1,
          "attributes": {
            "allow_auto_merge": false,
            "allow_forking": true,
            "allow_merge_commit": false,
            "allow_rebase_merge": false,
            "allow_squash_merge": true,
            "allow_update_branch": true,
            "archive_on_destroy": null,
            "archived": false,
            "auto_init": false,
            "default_branch": "main",
            "delete_branch_on_merge": true,
            "description": "",
            "etag": "W/\"bf535346c5e1c20d30ec521e7e1caf11f569ac9dfcd6ec14f0cdeba60633b577\"",
            "fork": "false",
            "full_name": "halyard/puppet-ecowitt",
            "git_clone_url": "git://github.com/halyard/puppet-ecowitt.git",
            "gitignore_template": null,
            "has_discussions": false,
            "has_downloads": false,
            "has_issues": true,
            "has_projects": false,
            "has_wiki": false,
            "homepage_url": "",
            "html_url": "https://github.com/halyard/puppet-ecowitt",
            "http_clone_url": "https://github.com/halyard/puppet-ecowitt.git",
            "id": "puppet-ecowitt",
            "ignore_vulnerability_alerts_during_read": null,
            "is_template": false,
            "license_template": null,
            "merge_commit_message": "PR_TITLE",
            "merge_commit_title": "MERGE_MESSAGE",
            "name": "puppet-ecowitt",
            "node_id": "R_kgDOR6s9hQ",
            "pages": [],
            "primary_language": "Ruby",
            "private": false,
            "repo_id": 1202404741,
            "security_and_analysis": [
              {
                "advanced_security": [],
                "code_security": [],
                "secret_scanning": [
                  {
                    "status": "disabled"
                  }
                ],
                "secret_scanning_ai_detection": [],
                "secret_scanning_non_provider_patterns": [],
                "secret_scanning_push_protection": [
                  {
                    "status": "disabled"
                  }
                ]
              }
            ],
            "source_owner": "",
            "source_repo": "",
            "squash_merge_commit_message": "COMMIT_MESSAGES",
            "squash_merge_commit_title": "COMMIT_OR_PR_TITLE",
            "ssh_clone_url": "git@github.com:halyard/puppet-ecowitt.git",
            "svn_url": "https://github.com/halyard/puppet-ecowitt",
            "template": [],
            "topics": [],
            "visibility": "public",
            "vulnerability_alerts": false,
            "web_commit_signoff_required": false
          },
          "sensitive_attributes": [],
          "private": "eyJzY2hlbWFfdmVyc2lvbiI6IjEifQ=="
        },
        {
          "index_key": "puppet-frameproxy",
          "schema_version": 1,
          "attributes": {
            "allow_auto_merge": false,
            "allow_forking": true,
            "allow_merge_commit": false,
            "allow_rebase_merge": false,
            "allow_squash_merge": true,
            "allow_update_branch": true,
            "archive_on_destroy": null,
            "archived": false,
            "auto_init": false,
            "default_branch": "main",
            "delete_branch_on_merge": true,
            "description": "MITMProxy instance for Frame",
            "etag": "W/\"56be3da506a6f30b18af1722bc908ad1214184c9b0379ca9ab18fcabee80f4ed\"",
            "fork": "false",
            "full_name": "halyard/puppet-frameproxy",
            "git_clone_url": "git://github.com/halyard/puppet-frameproxy.git",
            "gitignore_template": null,
            "has_discussions": false,
            "has_downloads": false,
            "has_issues": true,
            "has_projects": false,
            "has_wiki": false,
            "homepage_url": "",
            "html_url": "https://github.com/halyard/puppet-frameproxy",
            "http_clone_url": "https://github.com/halyard/puppet-frameproxy.git",
            "id": "puppet-frameproxy",
            "ignore_vulnerability_alerts_during_read": null,
            "is_template": false,
            "license_template": null,
            "merge_commit_message": "PR_TITLE",
            "merge_commit_title": "MERGE_MESSAGE",
            "name": "puppet-frameproxy",
            "node_id": "R_kgDOLpjHiw",
            "pages": [],
            "primary_language": "Python",
            "private": false,
            "repo_id": 781764491,
            "security_and_analysis": [
              {
                "advanced_security": [],
                "code_security": [],
                "secret_scanning": [
                  {
                    "status": "disabled"
                  }
                ],
                "secret_scanning_ai_detection": [],
                "secret_scanning_non_provider_patterns": [],
                "secret_scanning_push_protection": [
                  {
                    "status": "disabled"
                  }
                ]
              }
            ],
            "source_owner": "",
            "source_repo": "",
            "squash_merge_commit_message": "COMMIT_MESSAGES",
            "squash_merge_commit_title": "COMMIT_OR_PR_TITLE",
            "ssh_clone_url": "git@github.com:halyard/puppet-frameproxy.git",
            "svn_url": "https://github.com/halyard/puppet-frameproxy",
            "template": [],
            "topics": [],
            "visibility": "public",
            "vulnerability_alerts": false,
            "web_commit_signoff_required": false
          },
          "sensitive_attributes": [],
          "private": "eyJzY2hlbWFfdmVyc2lvbiI6IjEifQ=="
        },
        {
          "index_key": "puppet-garmin",
          "schema_version": 1,
          "attributes": {
            "allow_auto_merge": false,
            "allow_forking": true,
            "allow_merge_commit": false,
            "allow_rebase_merge": false,
            "allow_squash_merge": true,
            "allow_update_branch": true,
            "archive_on_destroy": null,
            "archived": false,
            "auto_init": false,
            "default_branch": "main",
            "delete_branch_on_merge": true,
            "description": "Garmin importer for Grafana/Influx",
            "etag": "W/\"d1fa98a7b77d64d3773258097603104312bcef93fcc1f56642f62c0fa17024c5\"",
            "fork": "false",
            "full_name": "halyard/puppet-garmin",
            "git_clone_url": "git://github.com/halyard/puppet-garmin.git",
            "gitignore_template": null,
            "has_discussions": false,
            "has_downloads": false,
            "has_issues": true,
            "has_projects": false,
            "has_wiki": false,
            "homepage_url": "",
            "html_url": "https://github.com/halyard/puppet-garmin",
            "http_clone_url": "https://github.com/halyard/puppet-garmin.git",
            "id": "puppet-garmin",
            "ignore_vulnerability_alerts_during_read": null,
            "is_template": false,
            "license_template": null,
            "merge_commit_message": "PR_TITLE",
            "merge_commit_title": "MERGE_MESSAGE",
            "name": "puppet-garmin",
            "node_id": "R_kgDOPP71MA",
            "pages": [],
            "primary_language": "Puppet",
            "private": false,
            "repo_id": 1023341872,
            "security_and_analysis": [
              {
                "advanced_security": [],
                "code_security": [],
                "secret_scanning": [
                  {
                    "status": "disabled"
                  }
                ],
                "secret_scanning_ai_detection": [],
                "secret_scanning_non_provider_patterns": [],
                "secret_scanning_push_protection": [
                  {
                    "status": "disabled"
                  }
                ]
              }
            ],
            "source_owner": "",
            "source_repo": "",
            "squash_merge_commit_message": "COMMIT_MESSAGES",
            "squash_merge_commit_title": "COMMIT_OR_PR_TITLE",
            "ssh_clone_url": "git@github.com:halyard/puppet-garmin.git",
            "svn_url": "https://github.com/halyard/puppet-garmin",
            "template": [],
            "topics": [],
            "visibility": "public",
            "vulnerability_alerts": false,
            "web_commit_signoff_required": false
          },
          "sensitive_attributes": [],
          "private": "eyJzY2hlbWFfdmVyc2lvbiI6IjEifQ=="
        },
        {
          "index_key": "puppet-goat",
          "schema_version": 1,
          "attributes": {
            "allow_auto_merge": false,
            "allow_forking": true,
            "allow_merge_commit": false,
            "allow_rebase_merge": false,
            "allow_squash_merge": true,
            "allow_update_branch": true,
            "archive_on_destroy": null,
            "archived": false,
            "auto_init": false,
            "default_branch": "main",
            "delete_branch_on_merge": true,
            "description": "Puppet module for goatcounter",
            "etag": "W/\"61ddfbc7545a616318082ad4b5abdfa42b3e5c45f79040e91e2add66c3777f11\"",
            "fork": "false",
            "full_name": "halyard/puppet-goat",
            "git_clone_url": "git://github.com/halyard/puppet-goat.git",
            "gitignore_template": null,
            "has_discussions": false,
            "has_downloads": false,
            "has_issues": true,
            "has_projects": false,
            "has_wiki": false,
            "homepage_url": "",
            "html_url": "https://github.com/halyard/puppet-goat",
            "http_clone_url": "https://github.com/halyard/puppet-goat.git",
            "id": "puppet-goat",
            "ignore_vulnerability_alerts_during_read": null,
            "is_template": false,
            "license_template": null,
            "merge_commit_message": "PR_TITLE",
            "merge_commit_title": "MERGE_MESSAGE",
            "name": "puppet-goat",
            "node_id": "R_kgDOIG7DJQ",
            "pages": [],
            "primary_language": "Puppet",
            "private": false,
            "repo_id": 544129829,
            "security_and_analysis": [
              {
                "advanced_security": [],
                "code_security": [],
                "secret_scanning": [
                  {
                    "status": "disabled"
                  }
                ],
                "secret_scanning_ai_detection": [],
                "secret_scanning_non_provider_patterns": [],
                "secret_scanning_push_protection": [
                  {
                    "status": "disabled"
                  }
                ]
              }
            ],
            "source_owner": "",
            "source_repo": "",
            "squash_merge_commit_message": "COMMIT_MESSAGES",
            "squash_merge_commit_title": "COMMIT_OR_PR_TITLE",
            "ssh_clone_url": "git@github.com:halyard/puppet-goat.git",
            "svn_url": "https://github.com/halyard/puppet-goat",
            "template": [],
            "topics": [],
            "visibility": "public",
            "vulnerability_alerts": false,
            "web_commit_signoff_required": false
          },
          "sensitive_attributes": [],
          "private": "eyJzY2hlbWFfdmVyc2lvbiI6IjEifQ=="
        },
        {
          "index_key": "puppet-govee",
          "schema_version": 1,
          "attributes": {
            "allow_auto_merge": false,
            "allow_forking": true,
            "allow_merge_commit": false,
            "allow_rebase_merge": false,
            "allow_squash_merge": true,
            "allow_update_branch": true,
            "archive_on_destroy": null,
            "archived": false,
            "auto_init": false,
            "default_branch": "main",
            "delete_branch_on_merge": true,
            "description": "",
            "etag": "W/\"2aeceeadfa70d182188a68d031b32663b79fffb6be550307b2fa6b0d15d00724\"",
            "fork": "false",
            "full_name": "halyard/puppet-govee",
            "git_clone_url": "git://github.com/halyard/puppet-govee.git",
            "gitignore_template": null,
            "has_discussions": false,
            "has_downloads": false,
            "has_issues": true,
            "has_projects": false,
            "has_wiki": false,
            "homepage_url": "",
            "html_url": "https://github.com/halyard/puppet-govee",
            "http_clone_url": "https://github.com/halyard/puppet-govee.git",
            "id": "puppet-govee",
            "ignore_vulnerability_alerts_during_read": null,
            "is_template": false,
            "license_template": null,
            "merge_commit_message": "PR_TITLE",
            "merge_commit_title": "MERGE_MESSAGE",
            "name": "puppet-govee",
            "node_id": "R_kgDOOeti7Q",
            "pages": [],
            "primary_language": "Ruby",
            "private": false,
            "repo_id": 971727597,
            "security_and_analysis": [
              {
                "advanced_security": [],
                "code_security": [],
                "secret_scanning": [
                  {
                    "status": "disabled"
                  }
                ],
                "secret_scanning_ai_detection": [],
                "secret_scanning_non_provider_patterns": [],
                "secret_scanning_push_protection": [
                  {
                    "status": "disabled"
                  }
                ]
              }
            ],
            "source_owner": "",
            "source_repo": "",
            "squash_merge_commit_message": "COMMIT_MESSAGES",
            "squash_merge_commit_title": "COMMIT_OR_PR_TITLE",
            "ssh_clone_url": "git@github.com:halyard/puppet-govee.git",
            "svn_url": "https://github.com/halyard/puppet-govee",
            "template": [],
            "topics": [],
            "visibility": "public",
            "vulnerability_alerts": false,
            "web_commit_signoff_required": false
          },
          "sensitive_attributes": [],
          "private": "eyJzY2hlbWFfdmVyc2lvbiI6IjEifQ=="
        },
        {
          "index_key": "puppet-grafana",
          "schema_version": 1,
          "attributes": {
            "allow_auto_merge": false,
            "allow_forking": true,
            "allow_merge_commit": false,
            "allow_rebase_merge": false,
            "allow_squash_merge": true,
            "allow_update_branch": true,
            "archive_on_destroy": null,
            "archived": false,
            "auto_init": false,
            "default_branch": "main",
            "delete_branch_on_merge": true,
            "description": "Puppet module to manage Grafana",
            "etag": "W/\"344d90d9dff36d8b5a61500536464f9721bcba15a7472a0619f1670f54bd2246\"",
            "fork": "false",
            "full_name": "halyard/puppet-grafana",
            "git_clone_url": "git://github.com/halyard/puppet-grafana.git",
            "gitignore_template": null,
            "has_discussions": false,
            "has_downloads": false,
            "has_issues": true,
            "has_projects": false,
            "has_wiki": false,
            "homepage_url": "",
            "html_url": "https://github.com/halyard/puppet-grafana",
            "http_clone_url": "https://github.com/halyard/puppet-grafana.git",
            "id": "puppet-grafana",
            "ignore_vulnerability_alerts_during_read": null,
            "is_template": false,
            "license_template": null,
            "merge_commit_message": "PR_TITLE",
            "merge_commit_title": "MERGE_MESSAGE",
            "name": "puppet-grafana",
            "node_id": "R_kgDOHYLs-g",
            "pages": [],
            "primary_language": "Puppet",
            "private": false,
            "repo_id": 495119610,
            "security_and_analysis": [
              {
                "advanced_security": [],
                "code_security": [],
                "secret_scanning": [
                  {
                    "status": "disabled"
                  }
                ],
                "secret_scanning_ai_detection": [],
                "secret_scanning_non_provider_patterns": [],
                "secret_scanning_push_protection": [
                  {
                    "status": "disabled"
                  }
                ]
              }
            ],
            "source_owner": "",
            "source_repo": "",
            "squash_merge_commit_message": "COMMIT_MESSAGES",
            "squash_merge_commit_title": "COMMIT_OR_PR_TITLE",
            "ssh_clone_url": "git@github.com:halyard/puppet-grafana.git",
            "svn_url": "https://github.com/halyard/puppet-grafana",
            "template": [],
            "topics": [],
            "visibility": "public",
            "vulnerability_alerts": false,
            "web_commit_signoff_required": false
          },
          "sensitive_attributes": [],
          "private": "eyJzY2hlbWFfdmVyc2lvbiI6IjEifQ=="
        },
        {
          "index_key": "puppet-homeassistant",
          "schema_version": 1,
          "attributes": {
            "allow_auto_merge": false,
            "allow_forking": true,
            "allow_merge_commit": false,
            "allow_rebase_merge": false,
            "allow_squash_merge": true,
            "allow_update_branch": true,
            "archive_on_destroy": null,
            "archived": false,
            "auto_init": false,
            "default_branch": "main",
            "delete_branch_on_merge": true,
            "description": "Puppet module to install HomeAssistant",
            "etag": "W/\"80a9c356377af1a300cdc3ea258470f4e272614fe1bf40b08d49a77eefef0387\"",
            "fork": "false",
            "full_name": "halyard/puppet-homeassistant",
            "git_clone_url": "git://github.com/halyard/puppet-homeassistant.git",
            "gitignore_template": null,
            "has_discussions": false,
            "has_downloads": false,
            "has_issues": true,
            "has_projects": false,
            "has_wiki": false,
            "homepage_url": "",
            "html_url": "https://github.com/halyard/puppet-homeassistant",
            "http_clone_url": "https://github.com/halyard/puppet-homeassistant.git",
            "id": "puppet-homeassistant",
            "ignore_vulnerability_alerts_during_read": null,
            "is_template": false,
            "license_template": null,
            "merge_commit_message": "PR_TITLE",
            "merge_commit_title": "MERGE_MESSAGE",
            "name": "puppet-homeassistant",
            "node_id": "R_kgDOHuoYRQ",
            "pages": [],
            "primary_language": "Puppet",
            "private": false,
            "repo_id": 518658117,
            "security_and_analysis": [
              {
                "advanced_security": [],
                "code_security": [],
                "secret_scanning": [
                  {
                    "status": "disabled"
                  }
                ],
                "secret_scanning_ai_detection": [],
                "secret_scanning_non_provider_patterns": [],
                "secret_scanning_push_protection": [
                  {
                    "status": "disabled"
                  }
                ]
              }
            ],
            "source_owner": "",
            "source_repo": "",
            "squash_merge_commit_message": "COMMIT_MESSAGES",
            "squash_merge_commit_title": "COMMIT_OR_PR_TITLE",
            "ssh_clone_url": "git@github.com:halyard/puppet-homeassistant.git",
            "svn_url": "https://github.com/halyard/puppet-homeassistant",
            "template": [],
            "topics": [],
            "visibility": "public",
            "vulnerability_alerts": false,
            "web_commit_signoff_required": false
          },
          "sensitive_attributes": [],
          "private": "eyJzY2hlbWFfdmVyc2lvbiI6IjEifQ=="
        },
        {
          "index_key": "puppet-hostname",
          "schema_version": 1,
          "attributes": {
            "allow_auto_merge": false,
            "allow_forking": true,
            "allow_merge_commit": false,
            "allow_rebase_merge": false,
            "allow_squash_merge": true,
            "allow_update_branch": true,
            "archive_on_destroy": null,
            "archived": false,
            "auto_init": false,
            "default_branch": "main",
            "delete_branch_on_merge": true,
            "description": "Module to configure OSX hostname",
            "etag": "W/\"2bea07e268d6abc7451c98e7858bea2dd57879e8170ed4e9949f53ab5453f085\"",
            "fork": "false",
            "full_name": "halyard/puppet-hostname",
            "git_clone_url": "git://github.com/halyard/puppet-hostname.git",
            "gitignore_template": null,
            "has_discussions": false,
            "has_downloads": false,
            "has_issues": true,
            "has_projects": false,
            "has_wiki": false,
            "homepage_url": "",
            "html_url": "https://github.com/halyard/puppet-hostname",
            "http_clone_url": "https://github.com/halyard/puppet-hostname.git",
            "id": "puppet-hostname",
            "ignore_vulnerability_alerts_during_read": null,
            "is_template": false,
            "license_template": null,
            "merge_commit_message": "PR_TITLE",
            "merge_commit_title": "MERGE_MESSAGE",
            "name": "puppet-hostname",
            "node_id": "MDEwOlJlcG9zaXRvcnkyMzUyMDg3MA==",
            "pages": [],
            "primary_language": "Puppet",
            "private": false,
            "repo_id": 23520870,
            "security_and_analysis": [
              {
                "advanced_security": [],
                "code_security": [],
                "secret_scanning": [
                  {
                    "status": "disabled"
                  }
                ],
                "secret_scanning_ai_detection": [],
                "secret_scanning_non_provider_patterns": [],
                "secret_scanning_push_protection": [
                  {
                    "status": "disabled"
                  }
                ]
              }
            ],
            "source_owner": "",
            "source_repo": "",
            "squash_merge_commit_message": "COMMIT_MESSAGES",
            "squash_merge_commit_title": "COMMIT_OR_PR_TITLE",
            "ssh_clone_url": "git@github.com:halyard/puppet-hostname.git",
            "svn_url": "https://github.com/halyard/puppet-hostname",
            "template": [],
            "topics": [],
            "visibility": "public",
            "vulnerability_alerts": false,
            "web_commit_signoff_required": false
          },
          "sensitive_attributes": [],
          "private": "eyJzY2hlbWFfdmVyc2lvbiI6IjEifQ=="
        },
        {
          "index_key": "puppet-influxdb",
          "schema_version": 1,
          "attributes": {
            "allow_auto_merge": false,
            "allow_forking": true,
            "allow_merge_commit": false,
            "allow_rebase_merge": false,
            "allow_squash_merge": true,
            "allow_update_branch": true,
            "archive_on_destroy": null,
            "archived": false,
            "auto_init": false,
            "default_branch": "main",
            "delete_branch_on_merge": true,
            "description": "Configure InfluxDB",
            "etag": "W/\"a192eabf230f7d4f355d65c0fbda2e659c1041fb89413c70671258fc8fe3dfc0\"",
            "fork": "false",
            "full_name": "halyard/puppet-influxdb",
            "git_clone_url": "git://github.com/halyard/puppet-influxdb.git",
            "gitignore_template": null,
            "has_discussions": false,
            "has_downloads": false,
            "has_issues": true,
            "has_projects": false,
            "has_wiki": false,
            "homepage_url": "",
            "html_url": "https://github.com/halyard/puppet-influxdb",
            "http_clone_url": "https://github.com/halyard/puppet-influxdb.git",
            "id": "puppet-influxdb",
            "ignore_vulnerability_alerts_during_read": null,
            "is_template": false,
            "license_template": null,
            "merge_commit_message": "PR_TITLE",
            "merge_commit_title": "MERGE_MESSAGE",
            "name": "puppet-influxdb",
            "node_id": "R_kgDOHT_z1A",
            "pages": [],
            "primary_language": "Puppet",
            "private": false,
            "repo_id": 490730452,
            "security_and_analysis": [
              {
                "advanced_security": [],
                "code_security": [],
                "secret_scanning": [
                  {
                    "status": "disabled"
                  }
                ],
                "secret_scanning_ai_detection": [],
                "secret_scanning_non_provider_patterns": [],
                "secret_scanning_push_protection": [
                  {
                    "status": "disabled"
                  }
                ]
              }
            ],
            "source_owner": "",
            "source_repo": "",
            "squash_merge_commit_message": "COMMIT_MESSAGES",
            "squash_merge_commit_title": "COMMIT_OR_PR_TITLE",
            "ssh_clone_url": "git@github.com:halyard/puppet-influxdb.git",
            "svn_url": "https://github.com/halyard/puppet-influxdb",
            "template": [],
            "topics": [],
            "visibility": "public",
            "vulnerability_alerts": false,
            "web_commit_signoff_required": false
          },
          "sensitive_attributes": [],
          "private": "eyJzY2hlbWFfdmVyc2lvbiI6IjEifQ=="
        },
        {
          "index_key": "puppet-iptables",
          "schema_version": 1,
          "attributes": {
            "allow_auto_merge": false,
            "allow_forking": true,
            "allow_merge_commit": false,
            "allow_rebase_merge": false,
            "allow_squash_merge": true,
            "allow_update_branch": true,
            "archive_on_destroy": null,
            "archived": false,
            "auto_init": false,
            "default_branch": "main",
            "delete_branch_on_merge": true,
            "description": "Module to configure iptables rules",
            "etag": "W/\"b72f2ecd22963a6ba418563fbd6a803eb2fe245fa4fb78a5af2b0c59dce03a5f\"",
            "fork": "false",
            "full_name": "halyard/puppet-iptables",
            "git_clone_url": "git://github.com/halyard/puppet-iptables.git",
            "gitignore_template": null,
            "has_discussions": false,
            "has_downloads": false,
            "has_issues": true,
            "has_projects": false,
            "has_wiki": false,
            "homepage_url": "",
            "html_url": "https://github.com/halyard/puppet-iptables",
            "http_clone_url": "https://github.com/halyard/puppet-iptables.git",
            "id": "puppet-iptables",
            "ignore_vulnerability_alerts_during_read": null,
            "is_template": false,
            "license_template": null,
            "merge_commit_message": "PR_TITLE",
            "merge_commit_title": "MERGE_MESSAGE",
            "name": "puppet-iptables",
            "node_id": "R_kgDOHvUMtA",
            "pages": [],
            "primary_language": "Puppet",
            "private": false,
            "repo_id": 519376052,
            "security_and_analysis": [
              {
                "advanced_security": [],
                "code_security": [],
                "secret_scanning": [
                  {
                    "status": "disabled"
                  }
                ],
                "secret_scanning_ai_detection": [],
                "secret_scanning_non_provider_patterns": [],
                "secret_scanning_push_protection": [
                  {
                    "status": "disabled"
                  }
                ]
              }
            ],
            "source_owner": "",
            "source_repo": "",
            "squash_merge_commit_message": "COMMIT_MESSAGES",
            "squash_merge_commit_title": "COMMIT_OR_PR_TITLE",
            "ssh_clone_url": "git@github.com:halyard/puppet-iptables.git",
            "svn_url": "https://github.com/halyard/puppet-iptables",
            "template": [],
            "topics": [],
            "visibility": "public",
            "vulnerability_alerts": false,
            "web_commit_signoff_required": false
          },
          "sensitive_attributes": [],
          "private": "eyJzY2hlbWFfdmVyc2lvbiI6IjEifQ=="
        },
        {
          "index_key": "puppet-keyboard",
          "schema_version": 1,
          "attributes": {
            "allow_auto_merge": false,
            "allow_forking": true,
            "allow_merge_commit": false,
            "allow_rebase_merge": false,
            "allow_squash_merge": true,
            "allow_update_branch": true,
            "archive_on_destroy": null,
            "archived": false,
            "auto_init": false,
            "default_branch": "main",
            "delete_branch_on_merge": true,
            "description": "USB OTG keyboard gadget",
            "etag": "W/\"dd258e416393374bc6d6085ed520646017f42e267d0526f9600ecface98aaad7\"",
            "fork": "false",
            "full_name": "halyard/puppet-keyboard",
            "git_clone_url": "git://github.com/halyard/puppet-keyboard.git",
            "gitignore_template": null,
            "has_discussions": false,
            "has_downloads": false,
            "has_issues": true,
            "has_projects": false,
            "has_wiki": false,
            "homepage_url": "",
            "html_url": "https://github.com/halyard/puppet-keyboard",
            "http_clone_url": "https://github.com/halyard/puppet-keyboard.git",
            "id": "puppet-keyboard",
            "ignore_vulnerability_alerts_during_read": null,
            "is_template": false,
            "license_template": null,
            "merge_commit_message": "PR_TITLE",
            "merge_commit_title": "MERGE_MESSAGE",
            "name": "puppet-keyboard",
            "node_id": "R_kgDOIyeZAA",
            "pages": [],
            "primary_language": "Puppet",
            "private": false,
            "repo_id": 589797632,
            "security_and_analysis": [
              {
                "advanced_security": [],
                "code_security": [],
                "secret_scanning": [
                  {
                    "status": "disabled"
                  }
                ],
                "secret_scanning_ai_detection": [],
                "secret_scanning_non_provider_patterns": [],
                "secret_scanning_push_protection": [
                  {
                    "status": "disabled"
                  }
                ]
              }
            ],
            "source_owner": "",
            "source_repo": "",
            "squash_merge_commit_message": "COMMIT_MESSAGES",
            "squash_merge_commit_title": "COMMIT_OR_PR_TITLE",
            "ssh_clone_url": "git@github.com:halyard/puppet-keyboard.git",
            "svn_url": "https://github.com/halyard/puppet-keyboard",
            "template": [],
            "topics": [],
            "visibility": "public",
            "vulnerability_alerts": false,
            "web_commit_signoff_required": false
          },
          "sensitive_attributes": [],
          "private": "eyJzY2hlbWFfdmVyc2lvbiI6IjEifQ=="
        },
        {
          "index_key": "puppet-kiosk",
          "schema_version": 1,
          "attributes": {
            "allow_auto_merge": false,
            "allow_forking": true,
            "allow_merge_commit": false,
            "allow_rebase_merge": false,
            "allow_squash_merge": true,
            "allow_update_branch": true,
            "archive_on_destroy": null,
            "archived": false,
            "auto_init": false,
            "default_branch": "main",
            "delete_branch_on_merge": true,
            "description": "Configure kiosk display",
            "etag": "W/\"57c8c4103f4b6e4d1a812028e29833cdeeb13bdbd5f0d159456dc7b4c7727f97\"",
            "fork": "false",
            "full_name": "halyard/puppet-kiosk",
            "git_clone_url": "git://github.com/halyard/puppet-kiosk.git",
            "gitignore_template": null,
            "has_discussions": false,
            "has_downloads": false,
            "has_issues": true,
            "has_projects": false,
            "has_wiki": false,
            "homepage_url": "",
            "html_url": "https://github.com/halyard/puppet-kiosk",
            "http_clone_url": "https://github.com/halyard/puppet-kiosk.git",
            "id": "puppet-kiosk",
            "ignore_vulnerability_alerts_during_read": null,
            "is_template": false,
            "license_template": null,
            "merge_commit_message": "PR_TITLE",
            "merge_commit_title": "MERGE_MESSAGE",
            "name": "puppet-kiosk",
            "node_id": "R_kgDOHNE3kA",
            "pages": [],
            "primary_language": "Puppet",
            "private": false,
            "repo_id": 483473296,
            "security_and_analysis": [
              {
                "advanced_security": [],
                "code_security": [],
                "secret_scanning": [
                  {
                    "status": "disabled"
                  }
                ],
                "secret_scanning_ai_detection": [],
                "secret_scanning_non_provider_patterns": [],
                "secret_scanning_push_protection": [
                  {
                    "status": "disabled"
                  }
                ]
              }
            ],
            "source_owner": "",
            "source_repo": "",
            "squash_merge_commit_message": "COMMIT_MESSAGES",
            "squash_merge_commit_title": "COMMIT_OR_PR_TITLE",
            "ssh_clone_url": "git@github.com:halyard/puppet-kiosk.git",
            "svn_url": "https://github.com/halyard/puppet-kiosk",
            "template": [],
            "topics": [],
            "visibility": "public",
            "vulnerability_alerts": false,
            "web_commit_signoff_required": false
          },
          "sensitive_attributes": [],
          "private": "eyJzY2hlbWFfdmVyc2lvbiI6IjEifQ=="
        },
        {
          "index_key": "puppet-kvm",
          "schema_version": 1,
          "attributes": {
            "allow_auto_merge": false,
            "allow_forking": true,
            "allow_merge_commit": false,
            "allow_rebase_merge": false,
            "allow_squash_merge": true,
            "allow_update_branch": true,
            "archive_on_destroy": null,
            "archived": false,
            "auto_init": false,
            "default_branch": "main",
            "delete_branch_on_merge": true,
            "description": "Configure KVM virtual machines",
            "etag": "W/\"147da8d5471a466c0e4734b1585920333872db322b0b31e4922ad2d1bb20ce90\"",
            "fork": "false",
            "full_name": "halyard/puppet-kvm",
            "git_clone_url": "git://github.com/halyard/puppet-kvm.git",
            "gitignore_template": null,
            "has_discussions": false,
            "has_downloads": false,
            "has_issues": true,
            "has_projects": false,
            "has_wiki": false,
            "homepage_url": "",
            "html_url": "https://github.com/halyard/puppet-kvm",
            "http_clone_url": "https://github.com/halyard/puppet-kvm.git",
            "id": "puppet-kvm",
            "ignore_vulnerability_alerts_during_read": null,
            "is_template": false,
            "license_template": null,
            "merge_commit_message": "PR_TITLE",
            "merge_commit_title": "MERGE_MESSAGE",
            "name": "puppet-kvm",
            "node_id": "R_kgDOHOR7Hw",
            "pages": [],
            "primary_language": "Puppet",
            "private": false,
            "repo_id": 484735775,
            "security_and_analysis": [
              {
                "advanced_security": [],
                "code_security": [],
                "secret_scanning": [
                  {
                    "status": "disabled"
                  }
                ],
                "secret_scanning_ai_detection": [],
                "secret_scanning_non_provider_patterns": [],
                "secret_scanning_push_protection": [
                  {
                    "status": "disabled"
                  }
                ]
              }
            ],
            "source_owner": "",
            "source_repo": "",
            "squash_merge_commit_message": "COMMIT_MESSAGES",
            "squash_merge_commit_title": "COMMIT_OR_PR_TITLE",
            "ssh_clone_url": "git@github.com:halyard/puppet-kvm.git",
            "svn_url": "https://github.com/halyard/puppet-kvm",
            "template": [],
            "topics": [],
            "visibility": "public",
            "vulnerability_alerts": false,
            "web_commit_signoff_required": false
          },
          "sensitive_attributes": [],
          "private": "eyJzY2hlbWFfdmVyc2lvbiI6IjEifQ=="
        },
        {
          "index_key": "puppet-ledgergraph",
          "schema_version": 1,
          "attributes": {
            "allow_auto_merge": false,
            "allow_forking": true,
            "allow_merge_commit": false,
            "allow_rebase_merge": false,
            "allow_squash_merge": true,
            "allow_update_branch": true,
            "archive_on_destroy": null,
            "archived": false,
            "auto_init": false,
            "default_branch": "main",
            "delete_branch_on_merge": true,
            "description": "",
            "etag": "W/\"8fbacf7dc7cb80842ac98efa51175301fc00df3e461017656bcc21412b19178b\"",
            "fork": "false",
            "full_name": "halyard/puppet-ledgergraph",
            "git_clone_url": "git://github.com/halyard/puppet-ledgergraph.git",
            "gitignore_template": null,
            "has_discussions": false,
            "has_downloads": false,
            "has_issues": true,
            "has_projects": false,
            "has_wiki": false,
            "homepage_url": "",
            "html_url": "https://github.com/halyard/puppet-ledgergraph",
            "http_clone_url": "https://github.com/halyard/puppet-ledgergraph.git",
            "id": "puppet-ledgergraph",
            "ignore_vulnerability_alerts_during_read": null,
            "is_template": false,
            "license_template": null,
            "merge_commit_message": "PR_TITLE",
            "merge_commit_title": "MERGE_MESSAGE",
            "name": "puppet-ledgergraph",
            "node_id": "R_kgDONV2fbA",
            "pages": [],
            "primary_language": "Puppet",
            "private": false,
            "repo_id": 895328108,
            "security_and_analysis": [
              {
                "advanced_security": [],
                "code_security": [],
                "secret_scanning": [
                  {
                    "status": "disabled"
                  }
                ],
                "secret_scanning_ai_detection": [],
                "secret_scanning_non_provider_patterns": [],
                "secret_scanning_push_protection": [
                  {
                    "status": "disabled"
                  }
                ]
              }
            ],
            "source_owner": "",
            "source_repo": "",
            "squash_merge_commit_message": "COMMIT_MESSAGES",
            "squash_merge_commit_title": "COMMIT_OR_PR_TITLE",
            "ssh_clone_url": "git@github.com:halyard/puppet-ledgergraph.git",
            "svn_url": "https://github.com/halyard/puppet-ledgergraph",
            "template": [],
            "topics": [],
            "visibility": "public",
            "vulnerability_alerts": false,
            "web_commit_signoff_required": false
          },
          "sensitive_attributes": [],
          "private": "eyJzY2hlbWFfdmVyc2lvbiI6IjEifQ=="
        },
        {
          "index_key": "puppet-loki",
          "schema_version": 1,
          "attributes": {
            "allow_auto_merge": false,
            "allow_forking": true,
            "allow_merge_commit": false,
            "allow_rebase_merge": false,
            "allow_squash_merge": true,
            "allow_update_branch": true,
            "archive_on_destroy": null,
            "archived": false,
            "auto_init": false,
            "default_branch": "main",
            "delete_branch_on_merge": true,
            "description": "Module to install Loki",
            "etag": "W/\"5823de6f6b68174ec72c8cade23caabdd844a8dab23843b4e6108b5b4fbaf546\"",
            "fork": "false",
            "full_name": "halyard/puppet-loki",
            "git_clone_url": "git://github.com/halyard/puppet-loki.git",
            "gitignore_template": null,
            "has_discussions": false,
            "has_downloads": false,
            "has_issues": true,
            "has_projects": false,
            "has_wiki": false,
            "homepage_url": "",
            "html_url": "https://github.com/halyard/puppet-loki",
            "http_clone_url": "https://github.com/halyard/puppet-loki.git",
            "id": "puppet-loki",
            "ignore_vulnerability_alerts_during_read": null,
            "is_template": false,
            "license_template": null,
            "merge_commit_message": "PR_TITLE",
            "merge_commit_title": "MERGE_MESSAGE",
            "name": "puppet-loki",
            "node_id": "R_kgDOHw7Oxw",
            "pages": [],
            "primary_language": "Puppet",
            "private": false,
            "repo_id": 521064135,
            "security_and_analysis": [
              {
                "advanced_security": [],
                "code_security": [],
                "secret_scanning": [
                  {
                    "status": "disabled"
                  }
                ],
                "secret_scanning_ai_detection": [],
                "secret_scanning_non_provider_patterns": [],
                "secret_scanning_push_protection": [
                  {
                    "status": "disabled"
                  }
                ]
              }
            ],
            "source_owner": "",
            "source_repo": "",
            "squash_merge_commit_message": "COMMIT_MESSAGES",
            "squash_merge_commit_title": "COMMIT_OR_PR_TITLE",
            "ssh_clone_url": "git@github.com:halyard/puppet-loki.git",
            "svn_url": "https://github.com/halyard/puppet-loki",
            "template": [],
            "topics": [],
            "visibility": "public",
            "vulnerability_alerts": false,
            "web_commit_signoff_required": false
          },
          "sensitive_attributes": [],
          "private": "eyJzY2hlbWFfdmVyc2lvbiI6IjEifQ=="
        },
        {
          "index_key": "puppet-maybe",
          "schema_version": 1,
          "attributes": {
            "allow_auto_merge": false,
            "allow_forking": true,
            "allow_merge_commit": false,
            "allow_rebase_merge": false,
            "allow_squash_merge": true,
            "allow_update_branch": true,
            "archive_on_destroy": null,
            "archived": false,
            "auto_init": false,
            "default_branch": "main",
            "delete_branch_on_merge": true,
            "description": "",
            "etag": "W/\"53f41d5e6530e4490532ff131a74f7fff455e945c5232ea1151a6e68d1ba62fd\"",
            "fork": "false",
            "full_name": "halyard/puppet-maybe",
            "git_clone_url": "git://github.com/halyard/puppet-maybe.git",
            "gitignore_template": null,
            "has_discussions": false,
            "has_downloads": false,
            "has_issues": true,
            "has_projects": false,
            "has_wiki": false,
            "homepage_url": "",
            "html_url": "https://github.com/halyard/puppet-maybe",
            "http_clone_url": "https://github.com/halyard/puppet-maybe.git",
            "id": "puppet-maybe",
            "ignore_vulnerability_alerts_during_read": null,
            "is_template": false,
            "license_template": null,
            "merge_commit_message": "PR_TITLE",
            "merge_commit_title": "MERGE_MESSAGE",
            "name": "puppet-maybe",
            "node_id": "R_kgDONZqE2w",
            "pages": [],
            "primary_language": "Puppet",
            "private": false,
            "repo_id": 899319003,
            "security_and_analysis": [
              {
                "advanced_security": [],
                "code_security": [],
                "secret_scanning": [
                  {
                    "status": "disabled"
                  }
                ],
                "secret_scanning_ai_detection": [],
                "secret_scanning_non_provider_patterns": [],
                "secret_scanning_push_protection": [
                  {
                    "status": "disabled"
                  }
                ]
              }
            ],
            "source_owner": "",
            "source_repo": "",
            "squash_merge_commit_message": "COMMIT_MESSAGES",
            "squash_merge_commit_title": "COMMIT_OR_PR_TITLE",
            "ssh_clone_url": "git@github.com:halyard/puppet-maybe.git",
            "svn_url": "https://github.com/halyard/puppet-maybe",
            "template": [],
            "topics": [],
            "visibility": "public",
            "vulnerability_alerts": false,
            "web_commit_signoff_required": false
          },
          "sensitive_attributes": [],
          "private": "eyJzY2hlbWFfdmVyc2lvbiI6IjEifQ=="
        },
        {
          "index_key": "puppet-mqtt",
          "schema_version": 1,
          "attributes": {
            "allow_auto_merge": false,
            "allow_forking": true,
            "allow_merge_commit": false,
            "allow_rebase_merge": false,
            "allow_squash_merge": true,
            "allow_update_branch": true,
            "archive_on_destroy": null,
            "archived": false,
            "auto_init": false,
            "default_branch": "main",
            "delete_branch_on_merge": true,
            "description": "",
            "etag": "W/\"815aa24847b9be337f5d0c8332f2ed409d30a79159115aabf0904f1bb9e9f4ba\"",
            "fork": "false",
            "full_name": "halyard/puppet-mqtt",
            "git_clone_url": "git://github.com/halyard/puppet-mqtt.git",
            "gitignore_template": null,
            "has_discussions": false,
            "has_downloads": false,
            "has_issues": true,
            "has_projects": false,
            "has_wiki": false,
            "homepage_url": "",
            "html_url": "https://github.com/halyard/puppet-mqtt",
            "http_clone_url": "https://github.com/halyard/puppet-mqtt.git",
            "id": "puppet-mqtt",
            "ignore_vulnerability_alerts_during_read": null,
            "is_template": false,
            "license_template": null,
            "merge_commit_message": "PR_TITLE",
            "merge_commit_title": "MERGE_MESSAGE",
            "name": "puppet-mqtt",
            "node_id": "R_kgDOK8yDCA",
            "pages": [],
            "primary_language": "Puppet",
            "private": false,
            "repo_id": 734823176,
            "security_and_analysis": [
              {
                "advanced_security": [],
                "code_security": [],
                "secret_scanning": [
                  {
                    "status": "disabled"
                  }
                ],
                "secret_scanning_ai_detection": [],
                "secret_scanning_non_provider_patterns": [],
                "secret_scanning_push_protection": [
                  {
                    "status": "disabled"
                  }
                ]
              }
            ],
            "source_owner": "",
            "source_repo": "",
            "squash_merge_commit_message": "COMMIT_MESSAGES",
            "squash_merge_commit_title": "COMMIT_OR_PR_TITLE",
            "ssh_clone_url": "git@github.com:halyard/puppet-mqtt.git",
            "svn_url": "https://github.com/halyard/puppet-mqtt",
            "template": [],
            "topics": [],
            "visibility": "public",
            "vulnerability_alerts": false,
            "web_commit_signoff_required": false
          },
          "sensitive_attributes": [],
          "private": "eyJzY2hlbWFfdmVyc2lvbiI6IjEifQ=="
        },
        {
          "index_key": "puppet-network",
          "schema_version": 1,
          "attributes": {
            "allow_auto_merge": false,
            "allow_forking": true,
            "allow_merge_commit": false,
            "allow_rebase_merge": false,
            "allow_squash_merge": true,
            "allow_update_branch": true,
            "archive_on_destroy": null,
            "archived": false,
            "auto_init": false,
            "default_branch": "main",
            "delete_branch_on_merge": true,
            "description": "Configure network settings",
            "etag": "W/\"7d998c028196b583d7a17d80210b88b8e900f3b1dbc17f05bd22215ab8029c8d\"",
            "fork": "false",
            "full_name": "halyard/puppet-network",
            "git_clone_url": "git://github.com/halyard/puppet-network.git",
            "gitignore_template": null,
            "has_discussions": false,
            "has_downloads": false,
            "has_issues": true,
            "has_projects": false,
            "has_wiki": false,
            "homepage_url": "",
            "html_url": "https://github.com/halyard/puppet-network",
            "http_clone_url": "https://github.com/halyard/puppet-network.git",
            "id": "puppet-network",
            "ignore_vulnerability_alerts_during_read": null,
            "is_template": false,
            "license_template": null,
            "merge_commit_message": "PR_TITLE",
            "merge_commit_title": "MERGE_MESSAGE",
            "name": "puppet-network",
            "node_id": "MDEwOlJlcG9zaXRvcnk0NTE1NzU5NQ==",
            "pages": [],
            "primary_language": "Puppet",
            "private": false,
            "repo_id": 45157595,
            "security_and_analysis": [
              {
                "advanced_security": [],
                "code_security": [],
                "secret_scanning": [
                  {
                    "status": "disabled"
                  }
                ],
                "secret_scanning_ai_detection": [],
                "secret_scanning_non_provider_patterns": [],
                "secret_scanning_push_protection": [
                  {
                    "status": "disabled"
                  }
                ]
              }
            ],
            "source_owner": "",
            "source_repo": "",
            "squash_merge_commit_message": "COMMIT_MESSAGES",
            "squash_merge_commit_title": "COMMIT_OR_PR_TITLE",
            "ssh_clone_url": "git@github.com:halyard/puppet-network.git",
            "svn_url": "https://github.com/halyard/puppet-network",
            "template": [],
            "topics": [],
            "visibility": "public",
            "vulnerability_alerts": false,
            "web_commit_signoff_required": false
          },
          "sensitive_attributes": [],
          "private": "eyJzY2hlbWFfdmVyc2lvbiI6IjEifQ=="
        },
        {
          "index_key": "puppet-nginx",
          "schema_version": 1,
          "attributes": {
            "allow_auto_merge": false,
            "allow_forking": true,
            "allow_merge_commit": false,
            "allow_rebase_merge": false,
            "allow_squash_merge": true,
            "allow_update_branch": true,
            "archive_on_destroy": null,
            "archived": false,
            "auto_init": false,
            "default_branch": "main",
            "delete_branch_on_merge": true,
            "description": "Puppet module for nginx sites",
            "etag": "W/\"9fe89a42615dd57831b4178e5d97d47665ef5a66a03613499c40eecaa910d013\"",
            "fork": "false",
            "full_name": "halyard/puppet-nginx",
            "git_clone_url": "git://github.com/halyard/puppet-nginx.git",
            "gitignore_template": null,
            "has_discussions": false,
            "has_downloads": false,
            "has_issues": true,
            "has_projects": false,
            "has_wiki": false,
            "homepage_url": "",
            "html_url": "https://github.com/halyard/puppet-nginx",
            "http_clone_url": "https://github.com/halyard/puppet-nginx.git",
            "id": "puppet-nginx",
            "ignore_vulnerability_alerts_during_read": null,
            "is_template": false,
            "license_template": null,
            "merge_commit_message": "PR_TITLE",
            "merge_commit_title": "MERGE_MESSAGE",
            "name": "puppet-nginx",
            "node_id": "R_kgDOHuRDbg",
            "pages": [],
            "primary_language": "Puppet",
            "private": false,
            "repo_id": 518275950,
            "security_and_analysis": [
              {
                "advanced_security": [],
                "code_security": [],
                "secret_scanning": [
                  {
                    "status": "disabled"
                  }
                ],
                "secret_scanning_ai_detection": [],
                "secret_scanning_non_provider_patterns": [],
                "secret_scanning_push_protection": [
                  {
                    "status": "disabled"
                  }
                ]
              }
            ],
            "source_owner": "",
            "source_repo": "",
            "squash_merge_commit_message": "COMMIT_MESSAGES",
            "squash_merge_commit_title": "COMMIT_OR_PR_TITLE",
            "ssh_clone_url": "git@github.com:halyard/puppet-nginx.git",
            "svn_url": "https://github.com/halyard/puppet-nginx",
            "template": [],
            "topics": [],
            "visibility": "public",
            "vulnerability_alerts": false,
            "web_commit_signoff_required": false
          },
          "sensitive_attributes": [],
          "private": "eyJzY2hlbWFfdmVyc2lvbiI6IjEifQ=="
        },
        {
          "index_key": "puppet-ntp",
          "schema_version": 1,
          "attributes": {
            "allow_auto_merge": false,
            "allow_forking": true,
            "allow_merge_commit": false,
            "allow_rebase_merge": false,
            "allow_squash_merge": true,
            "allow_update_branch": true,
            "archive_on_destroy": null,
            "archived": false,
            "auto_init": false,
            "default_branch": "main",
            "delete_branch_on_merge": true,
            "description": "Puppet NTP module",
            "etag": "W/\"52461fcf87690116061444ce5a1b0e1aec55f920ab8bd1e4af1427250732e982\"",
            "fork": "false",
            "full_name": "halyard/puppet-ntp",
            "git_clone_url": "git://github.com/halyard/puppet-ntp.git",
            "gitignore_template": null,
            "has_discussions": false,
            "has_downloads": false,
            "has_issues": true,
            "has_projects": false,
            "has_wiki": false,
            "homepage_url": "",
            "html_url": "https://github.com/halyard/puppet-ntp",
            "http_clone_url": "https://github.com/halyard/puppet-ntp.git",
            "id": "puppet-ntp",
            "ignore_vulnerability_alerts_during_read": null,
            "is_template": false,
            "license_template": null,
            "merge_commit_message": "PR_TITLE",
            "merge_commit_title": "MERGE_MESSAGE",
            "name": "puppet-ntp",
            "node_id": "MDEwOlJlcG9zaXRvcnkzMjQ4NDU3NjQ=",
            "pages": [],
            "primary_language": "Ruby",
            "private": false,
            "repo_id": 324845764,
            "security_and_analysis": [
              {
                "advanced_security": [],
                "code_security": [],
                "secret_scanning": [
                  {
                    "status": "disabled"
                  }
                ],
                "secret_scanning_ai_detection": [],
                "secret_scanning_non_provider_patterns": [],
                "secret_scanning_push_protection": [
                  {
                    "status": "disabled"
                  }
                ]
              }
            ],
            "source_owner": "",
            "source_repo": "",
            "squash_merge_commit_message": "COMMIT_MESSAGES",
            "squash_merge_commit_title": "COMMIT_OR_PR_TITLE",
            "ssh_clone_url": "git@github.com:halyard/puppet-ntp.git",
            "svn_url": "https://github.com/halyard/puppet-ntp",
            "template": [],
            "topics": [],
            "visibility": "public",
            "vulnerability_alerts": false,
            "web_commit_signoff_required": false
          },
          "sensitive_attributes": [],
          "private": "eyJzY2hlbWFfdmVyc2lvbiI6IjEifQ=="
        },
        {
          "index_key": "puppet-openssh",
          "schema_version": 1,
          "attributes": {
            "allow_auto_merge": false,
            "allow_forking": true,
            "allow_merge_commit": false,
            "allow_rebase_merge": false,
            "allow_squash_merge": true,
            "allow_update_branch": true,
            "archive_on_destroy": null,
            "archived": false,
            "auto_init": false,
            "default_branch": "main",
            "delete_branch_on_merge": true,
            "description": "Puppet module to install openssh server",
            "etag": "W/\"8f4673b27aebda06e6a3eb7e7a5b4f583df1c5d60e9e1992e2779a87ade01ee5\"",
            "fork": "false",
            "full_name": "halyard/puppet-openssh",
            "git_clone_url": "git://github.com/halyard/puppet-openssh.git",
            "gitignore_template": null,
            "has_discussions": false,
            "has_downloads": false,
            "has_issues": true,
            "has_projects": false,
            "has_wiki": false,
            "homepage_url": "",
            "html_url": "https://github.com/halyard/puppet-openssh",
            "http_clone_url": "https://github.com/halyard/puppet-openssh.git",
            "id": "puppet-openssh",
            "ignore_vulnerability_alerts_during_read": null,
            "is_template": false,
            "license_template": null,
            "merge_commit_message": "PR_TITLE",
            "merge_commit_title": "MERGE_MESSAGE",
            "name": "puppet-openssh",
            "node_id": "MDEwOlJlcG9zaXRvcnkzMjM5NjkyNTY=",
            "pages": [],
            "primary_language": "Puppet",
            "private": false,
            "repo_id": 323969256,
            "security_and_analysis": [
              {
                "advanced_security": [],
                "code_security": [],
                "secret_scanning": [
                  {
                    "status": "disabled"
                  }
                ],
                "secret_scanning_ai_detection": [],
                "secret_scanning_non_provider_patterns": [],
                "secret_scanning_push_protection": [
                  {
                    "status": "disabled"
                  }
                ]
              }
            ],
            "source_owner": "",
            "source_repo": "",
            "squash_merge_commit_message": "COMMIT_MESSAGES",
            "squash_merge_commit_title": "COMMIT_OR_PR_TITLE",
            "ssh_clone_url": "git@github.com:halyard/puppet-openssh.git",
            "svn_url": "https://github.com/halyard/puppet-openssh",
            "template": [],
            "topics": [],
            "visibility": "public",
            "vulnerability_alerts": false,
            "web_commit_signoff_required": false
          },
          "sensitive_attributes": [],
          "private": "eyJzY2hlbWFfdmVyc2lvbiI6IjEifQ=="
        },
        {
          "index_key": "puppet-policybot",
          "schema_version": 1,
          "attributes": {
            "allow_auto_merge": false,
            "allow_forking": true,
            "allow_merge_commit": false,
            "allow_rebase_merge": false,
            "allow_squash_merge": true,
            "allow_update_branch": true,
            "archive_on_destroy": null,
            "archived": false,
            "auto_init": false,
            "default_branch": "main",
            "delete_branch_on_merge": true,
            "description": "Policy-bot Github App module",
            "etag": "W/\"19b7431693c83ab2d1095ee91241f17dfb22a8c5fae53cf788ebdfa890ea88d7\"",
            "fork": "false",
            "full_name": "halyard/puppet-policybot",
            "git_clone_url": "git://github.com/halyard/puppet-policybot.git",
            "gitignore_template": null,
            "has_discussions": false,
            "has_downloads": false,
            "has_issues": true,
            "has_projects": false,
            "has_wiki": false,
            "homepage_url": "",
            "html_url": "https://github.com/halyard/puppet-policybot",
            "http_clone_url": "https://github.com/halyard/puppet-policybot.git",
            "id": "puppet-policybot",
            "ignore_vulnerability_alerts_during_read": null,
            "is_template": false,
            "license_template": null,
            "merge_commit_message": "PR_TITLE",
            "merge_commit_title": "MERGE_MESSAGE",
            "name": "puppet-policybot",
            "node_id": "R_kgDOTTUFmA",
            "pages": [],
            "primary_language": "Puppet",
            "private": false,
            "repo_id": 1295320472,
            "security_and_analysis": [
              {
                "advanced_security": [],
                "code_security": [],
                "secret_scanning": [
                  {
                    "status": "disabled"
                  }
                ],
                "secret_scanning_ai_detection": [],
                "secret_scanning_non_provider_patterns": [],
                "secret_scanning_push_protection": [
                  {
                    "status": "disabled"
                  }
                ]
              }
            ],
            "source_owner": "",
            "source_repo": "",
            "squash_merge_commit_message": "COMMIT_MESSAGES",
            "squash_merge_commit_title": "COMMIT_OR_PR_TITLE",
            "ssh_clone_url": "git@github.com:halyard/puppet-policybot.git",
            "svn_url": "https://github.com/halyard/puppet-policybot",
            "template": [],
            "topics": [],
            "visibility": "public",
            "vulnerability_alerts": false,
            "web_commit_signoff_required": false
          },
          "sensitive_attributes": [],
          "private": "eyJzY2hlbWFfdmVyc2lvbiI6IjEifQ=="
        },
        {
          "index_key": "puppet-prometheus",
          "schema_version": 1,
          "attributes": {
            "allow_auto_merge": false,
            "allow_forking": true,
            "allow_merge_commit": false,
            "allow_rebase_merge": false,
            "allow_squash_merge": true,
            "allow_update_branch": true,
            "archive_on_destroy": null,
            "archived": false,
            "auto_init": false,
            "default_branch": "main",
            "delete_branch_on_merge": true,
            "description": "Manage Prometheus monitoring",
            "etag": "W/\"1ef9350c46b2016cb0db79a6bbf26075740895c60f237f13197664ebf088b87c\"",
            "fork": "false",
            "full_name": "halyard/puppet-prometheus",
            "git_clone_url": "git://github.com/halyard/puppet-prometheus.git",
            "gitignore_template": null,
            "has_discussions": false,
            "has_downloads": false,
            "has_issues": true,
            "has_projects": false,
            "has_wiki": false,
            "homepage_url": "",
            "html_url": "https://github.com/halyard/puppet-prometheus",
            "http_clone_url": "https://github.com/halyard/puppet-prometheus.git",
            "id": "puppet-prometheus",
            "ignore_vulnerability_alerts_during_read": null,
            "is_template": false,
            "license_template": null,
            "merge_commit_message": "PR_TITLE",
            "merge_commit_title": "MERGE_MESSAGE",
            "name": "puppet-prometheus",
            "node_id": "R_kgDOHKxX1A",
            "pages": [],
            "primary_language": "Puppet",
            "private": false,
            "repo_id": 481056724,
            "security_and_analysis": [
              {
                "advanced_security": [],
                "code_security": [],
                "secret_scanning": [
                  {
                    "status": "disabled"
                  }
                ],
                "secret_scanning_ai_detection": [],
                "secret_scanning_non_provider_patterns": [],
                "secret_scanning_push_protection": [
                  {
                    "status": "disabled"
                  }
                ]
              }
            ],
            "source_owner": "",
            "source_repo": "",
            "squash_merge_commit_message": "COMMIT_MESSAGES",
            "squash_merge_commit_title": "COMMIT_OR_PR_TITLE",
            "ssh_clone_url": "git@github.com:halyard/puppet-prometheus.git",
            "svn_url": "https://github.com/halyard/puppet-prometheus",
            "template": [],
            "topics": [],
            "visibility": "public",
            "vulnerability_alerts": false,
            "web_commit_signoff_required": false
          },
          "sensitive_attributes": [],
          "private": "eyJzY2hlbWFfdmVyc2lvbiI6IjEifQ=="
        },
        {
          "index_key": "puppet-sdr",
          "schema_version": 1,
          "attributes": {
            "allow_auto_merge": false,
            "allow_forking": true,
            "allow_merge_commit": false,
            "allow_rebase_merge": false,
            "allow_squash_merge": true,
            "allow_update_branch": true,
            "archive_on_destroy": null,
            "archived": false,
            "auto_init": false,
            "default_branch": "main",
            "delete_branch_on_merge": true,
            "description": "Configure SDR tools",
            "etag": "W/\"1ff4b52d657974b7312c8443c9b5c6ae44684865c4ec86e54c686b7e9b0426ea\"",
            "fork": "false",
            "full_name": "halyard/puppet-sdr",
            "git_clone_url": "git://github.com/halyard/puppet-sdr.git",
            "gitignore_template": null,
            "has_discussions": false,
            "has_downloads": false,
            "has_issues": true,
            "has_projects": false,
            "has_wiki": false,
            "homepage_url": "",
            "html_url": "https://github.com/halyard/puppet-sdr",
            "http_clone_url": "https://github.com/halyard/puppet-sdr.git",
            "id": "puppet-sdr",
            "ignore_vulnerability_alerts_during_read": null,
            "is_template": false,
            "license_template": null,
            "merge_commit_message": "PR_TITLE",
            "merge_commit_title": "MERGE_MESSAGE",
            "name": "puppet-sdr",
            "node_id": "R_kgDOHOHTAA",
            "pages": [],
            "primary_language": "Ruby",
            "private": false,
            "repo_id": 484561664,
            "security_and_analysis": [
              {
                "advanced_security": [],
                "code_security": [],
                "secret_scanning": [
                  {
                    "status": "disabled"
                  }
                ],
                "secret_scanning_ai_detection": [],
                "secret_scanning_non_provider_patterns": [],
                "secret_scanning_push_protection": [
                  {
                    "status": "disabled"
                  }
                ]
              }
            ],
            "source_owner": "",
            "source_repo": "",
            "squash_merge_commit_message": "COMMIT_MESSAGES",
            "squash_merge_commit_title": "COMMIT_OR_PR_TITLE",
            "ssh_clone_url": "git@github.com:halyard/puppet-sdr.git",
            "svn_url": "https://github.com/halyard/puppet-sdr",
            "template": [],
            "topics": [],
            "visibility": "public",
            "vulnerability_alerts": false,
            "web_commit_signoff_required": false
          },
          "sensitive_attributes": [],
          "private": "eyJzY2hlbWFfdmVyc2lvbiI6IjEifQ=="
        },
        {
          "index_key": "puppet-serverless",
          "schema_version": 1,
          "attributes": {
            "allow_auto_merge": false,
            "allow_forking": true,
            "allow_merge_commit": false,
            "allow_rebase_merge": false,
            "allow_squash_merge": true,
            "allow_update_branch": true,
            "archive_on_destroy": null,
            "archived": false,
            "auto_init": false,
            "default_branch": "main",
            "delete_branch_on_merge": true,
            "description": "Configure puppet to run automatically without a master",
            "etag": "W/\"82b04301daedf2831e42464d649bb789e230bac35eaf642108d49766f66fd3d2\"",
            "fork": "false",
            "full_name": "halyard/puppet-serverless",
            "git_clone_url": "git://github.com/halyard/puppet-serverless.git",
            "gitignore_template": null,
            "has_discussions": false,
            "has_downloads": false,
            "has_issues": true,
            "has_projects": false,
            "has_wiki": false,
            "homepage_url": "",
            "html_url": "https://github.com/halyard/puppet-serverless",
            "http_clone_url": "https://github.com/halyard/puppet-serverless.git",
            "id": "puppet-serverless",
            "ignore_vulnerability_alerts_during_read": null,
            "is_template": false,
            "license_template": null,
            "merge_commit_message": "PR_TITLE",
            "merge_commit_title": "MERGE_MESSAGE",
            "name": "puppet-serverless",
            "node_id": "MDEwOlJlcG9zaXRvcnkzNjUzNDAxNA==",
            "pages": [],
            "primary_language": "Puppet",
            "private": false,
            "repo_id": 36534014,
            "security_and_analysis": [
              {
                "advanced_security": [],
                "code_security": [],
                "secret_scanning": [
                  {
                    "status": "disabled"
                  }
                ],
                "secret_scanning_ai_detection": [],
                "secret_scanning_non_provider_patterns": [],
                "secret_scanning_push_protection": [
                  {
                    "status": "disabled"
                  }
                ]
              }
            ],
            "source_owner": "",
            "source_repo": "",
            "squash_merge_commit_message": "COMMIT_MESSAGES",
            "squash_merge_commit_title": "COMMIT_OR_PR_TITLE",
            "ssh_clone_url": "git@github.com:halyard/puppet-serverless.git",
            "svn_url": "https://github.com/halyard/puppet-serverless",
            "template": [],
            "topics": [],
            "visibility": "public",
            "vulnerability_alerts": false,
            "web_commit_signoff_required": false
          },
          "sensitive_attributes": [],
          "private": "eyJzY2hlbWFfdmVyc2lvbiI6IjEifQ=="
        },
        {
          "index_key": "puppet-simplefin",
          "schema_version": 1,
          "attributes": {
            "allow_auto_merge": false,
            "allow_forking": true,
            "allow_merge_commit": false,
            "allow_rebase_merge": false,
            "allow_squash_merge": true,
            "allow_update_branch": true,
            "archive_on_destroy": null,
            "archived": false,
            "auto_init": false,
            "default_branch": "main",
            "delete_branch_on_merge": true,
            "description": "Puppet module for simplefin exporter",
            "etag": "W/\"1dcaf10ca0fed00688fbb04a3695121c0a5b6516b099d115e12c17199906cad5\"",
            "fork": "false",
            "full_name": "halyard/puppet-simplefin",
            "git_clone_url": "git://github.com/halyard/puppet-simplefin.git",
            "gitignore_template": null,
            "has_discussions": false,
            "has_downloads": false,
            "has_issues": true,
            "has_projects": false,
            "has_wiki": false,
            "homepage_url": "",
            "html_url": "https://github.com/halyard/puppet-simplefin",
            "http_clone_url": "https://github.com/halyard/puppet-simplefin.git",
            "id": "puppet-simplefin",
            "ignore_vulnerability_alerts_during_read": null,
            "is_template": false,
            "license_template": null,
            "merge_commit_message": "PR_TITLE",
            "merge_commit_title": "MERGE_MESSAGE",
            "name": "puppet-simplefin",
            "node_id": "R_kgDOPrrSKg",
            "pages": [],
            "primary_language": "Puppet",
            "private": false,
            "repo_id": 1052430890,
            "security_and_analysis": [
              {
                "advanced_security": [],
                "code_security": [],
                "secret_scanning": [
                  {
                    "status": "disabled"
                  }
                ],
                "secret_scanning_ai_detection": [],
                "secret_scanning_non_provider_patterns": [],
                "secret_scanning_push_protection": [
                  {
                    "status": "disabled"
                  }
                ]
              }
            ],
            "source_owner": "",
            "source_repo": "",
            "squash_merge_commit_message": "COMMIT_MESSAGES",
            "squash_merge_commit_title": "COMMIT_OR_PR_TITLE",
            "ssh_clone_url": "git@github.com:halyard/puppet-simplefin.git",
            "svn_url": "https://github.com/halyard/puppet-simplefin",
            "template": [],
            "topics": [],
            "visibility": "public",
            "vulnerability_alerts": false,
            "web_commit_signoff_required": false
          },
          "sensitive_attributes": [],
          "private": "eyJzY2hlbWFfdmVyc2lvbiI6IjEifQ=="
        },
        {
          "index_key": "puppet-slackmastodon",
          "schema_version": 1,
          "attributes": {
            "allow_auto_merge": false,
            "allow_forking": true,
            "allow_merge_commit": false,
            "allow_rebase_merge": false,
            "allow_squash_merge": true,
            "allow_update_branch": true,
            "archive_on_destroy": null,
            "archived": false,
            "auto_init": false,
            "default_branch": "main",
            "delete_branch_on_merge": true,
            "description": "Puppet module to install akerl/slack-mastodon",
            "etag": "W/\"fd77d3650c7cd0e2955370addac621b322e3274feebad65ba67e9fcfd4d85552\"",
            "fork": "false",
            "full_name": "halyard/puppet-slackmastodon",
            "git_clone_url": "git://github.com/halyard/puppet-slackmastodon.git",
            "gitignore_template": null,
            "has_discussions": false,
            "has_downloads": false,
            "has_issues": true,
            "has_projects": false,
            "has_wiki": false,
            "homepage_url": "",
            "html_url": "https://github.com/halyard/puppet-slackmastodon",
            "http_clone_url": "https://github.com/halyard/puppet-slackmastodon.git",
            "id": "puppet-slackmastodon",
            "ignore_vulnerability_alerts_during_read": null,
            "is_template": false,
            "license_template": null,
            "merge_commit_message": "PR_TITLE",
            "merge_commit_title": "MERGE_MESSAGE",
            "name": "puppet-slackmastodon",
            "node_id": "R_kgDOIpkHyA",
            "pages": [],
            "primary_language": "Puppet",
            "private": false,
            "repo_id": 580454344,
            "security_and_analysis": [
              {
                "advanced_security": [],
                "code_security": [],
                "secret_scanning": [
                  {
                    "status": "disabled"
                  }
                ],
                "secret_scanning_ai_detection": [],
                "secret_scanning_non_provider_patterns": [],
                "secret_scanning_push_protection": [
                  {
                    "status": "disabled"
                  }
                ]
              }
            ],
            "source_owner": "",
            "source_repo": "",
            "squash_merge_commit_message": "COMMIT_MESSAGES",
            "squash_merge_commit_title": "COMMIT_OR_PR_TITLE",
            "ssh_clone_url": "git@github.com:halyard/puppet-slackmastodon.git",
            "svn_url": "https://github.com/halyard/puppet-slackmastodon",
            "template": [],
            "topics": [],
            "visibility": "public",
            "vulnerability_alerts": false,
            "web_commit_signoff_required": false
          },
          "sensitive_attributes": [],
          "private": "eyJzY2hlbWFfdmVyc2lvbiI6IjEifQ=="
        },
        {
          "index_key": "puppet-smb",
          "schema_version": 1,
          "attributes": {
            "allow_auto_merge": false,
            "allow_forking": true,
            "allow_merge_commit": false,
            "allow_rebase_merge": false,
            "allow_squash_merge": true,
            "allow_update_branch": true,
            "archive_on_destroy": null,
            "archived": false,
            "auto_init": false,
            "default_branch": "main",
            "delete_branch_on_merge": true,
            "description": "Module to configure SMB mounts",
            "etag": "W/\"29f390df01aab9f2a2afbf9e3f8895d04eddffad7504a5699fa03ba384e869e9\"",
            "fork": "false",
            "full_name": "halyard/puppet-smb",
            "git_clone_url": "git://github.com/halyard/puppet-smb.git",
            "gitignore_template": null,
            "has_discussions": false,
            "has_downloads": false,
            "has_issues": true,
            "has_projects": false,
            "has_wiki": false,
            "homepage_url": "",
            "html_url": "https://github.com/halyard/puppet-smb",
            "http_clone_url": "https://github.com/halyard/puppet-smb.git",
            "id": "puppet-smb",
            "ignore_vulnerability_alerts_during_read": null,
            "is_template": false,
            "license_template": null,
            "merge_commit_message": "PR_TITLE",
            "merge_commit_title": "MERGE_MESSAGE",
            "name": "puppet-smb",
            "node_id": "R_kgDOHT-fxw",
            "pages": [],
            "primary_language": "Ruby",
            "private": false,
            "repo_id": 490708935,
            "security_and_analysis": [
              {
                "advanced_security": [],
                "code_security": [],
                "secret_scanning": [
                  {
                    "status": "disabled"
                  }
                ],
                "secret_scanning_ai_detection": [],
                "secret_scanning_non_provider_patterns": [],
                "secret_scanning_push_protection": [
                  {
                    "status": "disabled"
                  }
                ]
              }
            ],
            "source_owner": "",
            "source_repo": "",
            "squash_merge_commit_message": "COMMIT_MESSAGES",
            "squash_merge_commit_title": "COMMIT_OR_PR_TITLE",
            "ssh_clone_url": "git@github.com:halyard/puppet-smb.git",
            "svn_url": "https://github.com/halyard/puppet-smb",
            "template": [],
            "topics": [],
            "visibility": "public",
            "vulnerability_alerts": false,
            "web_commit_signoff_required": false
          },
          "sensitive_attributes": [],
          "private": "eyJzY2hlbWFfdmVyc2lvbiI6IjEifQ=="
        },
        {
          "index_key": "puppet-stocks",
          "schema_version": 1,
          "attributes": {
            "allow_auto_merge": false,
            "allow_forking": true,
            "allow_merge_commit": false,
            "allow_rebase_merge": false,
            "allow_squash_merge": true,
            "allow_update_branch": true,
            "archive_on_destroy": null,
            "archived": false,
            "auto_init": false,
            "default_branch": "main",
            "delete_branch_on_merge": true,
            "description": "Stock ticker metrics module",
            "etag": "W/\"3da620166103bf231288d029194acf37e176649bbb64de73e6c3e2c499c6391a\"",
            "fork": "false",
            "full_name": "halyard/puppet-stocks",
            "git_clone_url": "git://github.com/halyard/puppet-stocks.git",
            "gitignore_template": null,
            "has_discussions": false,
            "has_downloads": false,
            "has_issues": true,
            "has_projects": false,
            "has_wiki": false,
            "homepage_url": "",
            "html_url": "https://github.com/halyard/puppet-stocks",
            "http_clone_url": "https://github.com/halyard/puppet-stocks.git",
            "id": "puppet-stocks",
            "ignore_vulnerability_alerts_during_read": null,
            "is_template": false,
            "license_template": null,
            "merge_commit_message": "PR_TITLE",
            "merge_commit_title": "MERGE_MESSAGE",
            "name": "puppet-stocks",
            "node_id": "R_kgDOPrjLQQ",
            "pages": [],
            "primary_language": "Puppet",
            "private": false,
            "repo_id": 1052298049,
            "security_and_analysis": [
              {
                "advanced_security": [],
                "code_security": [],
                "secret_scanning": [
                  {
                    "status": "disabled"
                  }
                ],
                "secret_scanning_ai_detection": [],
                "secret_scanning_non_provider_patterns": [],
                "secret_scanning_push_protection": [
                  {
                    "status": "disabled"
                  }
                ]
              }
            ],
            "source_owner": "",
            "source_repo": "",
            "squash_merge_commit_message": "COMMIT_MESSAGES",
            "squash_merge_commit_title": "COMMIT_OR_PR_TITLE",
            "ssh_clone_url": "git@github.com:halyard/puppet-stocks.git",
            "svn_url": "https://github.com/halyard/puppet-stocks",
            "template": [],
            "topics": [],
            "visibility": "public",
            "vulnerability_alerts": false,
            "web_commit_signoff_required": false
          },
          "sensitive_attributes": [],
          "private": "eyJzY2hlbWFfdmVyc2lvbiI6IjEifQ=="
        },
        {
          "index_key": "puppet-sysctl",
          "schema_version": 1,
          "attributes": {
            "allow_auto_merge": false,
            "allow_forking": true,
            "allow_merge_commit": false,
            "allow_rebase_merge": false,
            "allow_squash_merge": true,
            "allow_update_branch": true,
            "archive_on_destroy": null,
            "archived": false,
            "auto_init": false,
            "default_branch": "main",
            "delete_branch_on_merge": true,
            "description": "",
            "etag": "W/\"807d0e55ba96b3148acbb3f2a5ddef9584542f333705704dffa1a4f24744b5dd\"",
            "fork": "false",
            "full_name": "halyard/puppet-sysctl",
            "git_clone_url": "git://github.com/halyard/puppet-sysctl.git",
            "gitignore_template": null,
            "has_discussions": false,
            "has_downloads": false,
            "has_issues": true,
            "has_projects": false,
            "has_wiki": false,
            "homepage_url": "",
            "html_url": "https://github.com/halyard/puppet-sysctl",
            "http_clone_url": "https://github.com/halyard/puppet-sysctl.git",
            "id": "puppet-sysctl",
            "ignore_vulnerability_alerts_during_read": null,
            "is_template": false,
            "license_template": null,
            "merge_commit_message": "PR_TITLE",
            "merge_commit_title": "MERGE_MESSAGE",
            "name": "puppet-sysctl",
            "node_id": "R_kgDONYFT8w",
            "pages": [],
            "primary_language": "Ruby",
            "private": false,
            "repo_id": 897668083,
            "security_and_analysis": [
              {
                "advanced_security": [],
                "code_security": [],
                "secret_scanning": [
                  {
                    "status": "disabled"
                  }
                ],
                "secret_scanning_ai_detection": [],
                "secret_scanning_non_provider_patterns": [],
                "secret_scanning_push_protection": [
                  {
                    "status": "disabled"
                  }
                ]
              }
            ],
            "source_owner": "",
            "source_repo": "",
            "squash_merge_commit_message": "COMMIT_MESSAGES",
            "squash_merge_commit_title": "COMMIT_OR_PR_TITLE",
            "ssh_clone_url": "git@github.com:halyard/puppet-sysctl.git",
            "svn_url": "https://github.com/halyard/puppet-sysctl",
            "template": [],
            "topics": [],
            "visibility": "public",
            "vulnerability_alerts": false,
            "web_commit_signoff_required": false
          },
          "sensitive_attributes": [],
          "private": "eyJzY2hlbWFfdmVyc2lvbiI6IjEifQ=="
        },
        {
          "index_key": "puppet-teslamate",
          "schema_version": 1,
          "attributes": {
            "allow_auto_merge": false,
            "allow_forking": true,
            "allow_merge_commit": false,
            "allow_rebase_merge": false,
            "allow_squash_merge": true,
            "allow_update_branch": true,
            "archive_on_destroy": null,
            "archived": false,
            "auto_init": false,
            "default_branch": "main",
            "delete_branch_on_merge": true,
            "description": "Puppet module to install Teslamate",
            "etag": "W/\"407d52b609932519e91dc3c6632e9837386505299be651a54460dd602ca43371\"",
            "fork": "false",
            "full_name": "halyard/puppet-teslamate",
            "git_clone_url": "git://github.com/halyard/puppet-teslamate.git",
            "gitignore_template": null,
            "has_discussions": false,
            "has_downloads": false,
            "has_issues": true,
            "has_projects": false,
            "has_wiki": false,
            "homepage_url": "",
            "html_url": "https://github.com/halyard/puppet-teslamate",
            "http_clone_url": "https://github.com/halyard/puppet-teslamate.git",
            "id": "puppet-teslamate",
            "ignore_vulnerability_alerts_during_read": null,
            "is_template": false,
            "license_template": null,
            "merge_commit_message": "PR_TITLE",
            "merge_commit_title": "MERGE_MESSAGE",
            "name": "puppet-teslamate",
            "node_id": "R_kgDOIEmEZQ",
            "pages": [],
            "primary_language": "Puppet",
            "private": false,
            "repo_id": 541688933,
            "security_and_analysis": [
              {
                "advanced_security": [],
                "code_security": [],
                "secret_scanning": [
                  {
                    "status": "disabled"
                  }
                ],
                "secret_scanning_ai_detection": [],
                "secret_scanning_non_provider_patterns": [],
                "secret_scanning_push_protection": [
                  {
                    "status": "disabled"
                  }
                ]
              }
            ],
            "source_owner": "",
            "source_repo": "",
            "squash_merge_commit_message": "COMMIT_MESSAGES",
            "squash_merge_commit_title": "COMMIT_OR_PR_TITLE",
            "ssh_clone_url": "git@github.com:halyard/puppet-teslamate.git",
            "svn_url": "https://github.com/halyard/puppet-teslamate",
            "template": [],
            "topics": [],
            "visibility": "public",
            "vulnerability_alerts": false,
            "web_commit_signoff_required": false
          },
          "sensitive_attributes": [],
          "private": "eyJzY2hlbWFfdmVyc2lvbiI6IjEifQ=="
        },
        {
          "index_key": "puppet-unpoller",
          "schema_version": 1,
          "attributes": {
            "allow_auto_merge": false,
            "allow_forking": true,
            "allow_merge_commit": false,
            "allow_rebase_merge": false,
            "allow_squash_merge": true,
            "allow_update_branch": true,
            "archive_on_destroy": null,
            "archived": false,
            "auto_init": false,
            "default_branch": "main",
            "delete_branch_on_merge": true,
            "description": "",
            "etag": "W/\"7b86a7ea204865f3e0e878dd7368bdc66598dd2e36e9d90376b352284209e377\"",
            "fork": "false",
            "full_name": "halyard/puppet-unpoller",
            "git_clone_url": "git://github.com/halyard/puppet-unpoller.git",
            "gitignore_template": null,
            "has_discussions": false,
            "has_downloads": false,
            "has_issues": true,
            "has_projects": false,
            "has_wiki": false,
            "homepage_url": "",
            "html_url": "https://github.com/halyard/puppet-unpoller",
            "http_clone_url": "https://github.com/halyard/puppet-unpoller.git",
            "id": "puppet-unpoller",
            "ignore_vulnerability_alerts_during_read": null,
            "is_template": false,
            "license_template": null,
            "merge_commit_message": "PR_TITLE",
            "merge_commit_title": "MERGE_MESSAGE",
            "name": "puppet-unpoller",
            "node_id": "R_kgDOJuKAzg",
            "pages": [],
            "primary_language": "Puppet",
            "private": false,
            "repo_id": 652378318,
            "security_and_analysis": [
              {
                "advanced_security": [],
                "code_security": [],
                "secret_scanning": [
                  {
                    "status": "disabled"
                  }
                ],
                "secret_scanning_ai_detection": [],
                "secret_scanning_non_provider_patterns": [],
                "secret_scanning_push_protection": [
                  {
                    "status": "disabled"
                  }
                ]
              }
            ],
            "source_owner": "",
            "source_repo": "",
            "squash_merge_commit_message": "COMMIT_MESSAGES",
            "squash_merge_commit_title": "COMMIT_OR_PR_TITLE",
            "ssh_clone_url": "git@github.com:halyard/puppet-unpoller.git",
            "svn_url": "https://github.com/halyard/puppet-unpoller",
            "template": [],
            "topics": [],
            "visibility": "public",
            "vulnerability_alerts": false,
            "web_commit_signoff_required": false
          },
          "sensitive_attributes": [],
          "private": "eyJzY2hlbWFfdmVyc2lvbiI6IjEifQ=="
        },
        {
          "index_key": "puppet-updates",
          "schema_version": 1,
          "attributes": {
            "allow_auto_merge": false,
            "allow_forking": true,
            "allow_merge_commit": false,
            "allow_rebase_merge": false,
            "allow_squash_merge": true,
            "allow_update_branch": true,
            "archive_on_destroy": null,
            "archived": false,
            "auto_init": false,
            "default_branch": "main",
            "delete_branch_on_merge": true,
            "description": "Automatic system updates",
            "etag": "W/\"b9cb5553aa475c73dbf0993838a24c7828d1aca21818f48a21d0a9417381ef80\"",
            "fork": "false",
            "full_name": "halyard/puppet-updates",
            "git_clone_url": "git://github.com/halyard/puppet-updates.git",
            "gitignore_template": null,
            "has_discussions": false,
            "has_downloads": false,
            "has_issues": true,
            "has_projects": false,
            "has_wiki": false,
            "homepage_url": "",
            "html_url": "https://github.com/halyard/puppet-updates",
            "http_clone_url": "https://github.com/halyard/puppet-updates.git",
            "id": "puppet-updates",
            "ignore_vulnerability_alerts_during_read": null,
            "is_template": false,
            "license_template": null,
            "merge_commit_message": "PR_TITLE",
            "merge_commit_title": "MERGE_MESSAGE",
            "name": "puppet-updates",
            "node_id": "R_kgDOG-6IDw",
            "pages": [],
            "primary_language": "Puppet",
            "private": false,
            "repo_id": 468617231,
            "security_and_analysis": [
              {
                "advanced_security": [],
                "code_security": [],
                "secret_scanning": [
                  {
                    "status": "disabled"
                  }
                ],
                "secret_scanning_ai_detection": [],
                "secret_scanning_non_provider_patterns": [],
                "secret_scanning_push_protection": [
                  {
                    "status": "disabled"
                  }
                ]
              }
            ],
            "source_owner": "",
            "source_repo": "",
            "squash_merge_commit_message": "COMMIT_MESSAGES",
            "squash_merge_commit_title": "COMMIT_OR_PR_TITLE",
            "ssh_clone_url": "git@github.com:halyard/puppet-updates.git",
            "svn_url": "https://github.com/halyard/puppet-updates",
            "template": [],
            "topics": [],
            "visibility": "public",
            "vulnerability_alerts": false,
            "web_commit_signoff_required": false
          },
          "sensitive_attributes": [],
          "private": "eyJzY2hlbWFfdmVyc2lvbiI6IjEifQ=="
        },
        {
          "index_key": "puppet-ups",
          "schema_version": 1,
          "attributes": {
            "allow_auto_merge": false,
            "allow_forking": true,
            "allow_merge_commit": false,
            "allow_rebase_merge": false,
            "allow_squash_merge": true,
            "allow_update_branch": true,
            "archive_on_destroy": null,
            "archived": false,
            "auto_init": false,
            "default_branch": "main",
            "delete_branch_on_merge": true,
            "description": "Module to monitor a UPS",
            "etag": "W/\"9cb1b50f2785417d73b0773edc7ccf17b10b28a113e366ba9c23093fa12a2475\"",
            "fork": "false",
            "full_name": "halyard/puppet-ups",
            "git_clone_url": "git://github.com/halyard/puppet-ups.git",
            "gitignore_template": null,
            "has_discussions": false,
            "has_downloads": false,
            "has_issues": true,
            "has_projects": false,
            "has_wiki": false,
            "homepage_url": "",
            "html_url": "https://github.com/halyard/puppet-ups",
            "http_clone_url": "https://github.com/halyard/puppet-ups.git",
            "id": "puppet-ups",
            "ignore_vulnerability_alerts_during_read": null,
            "is_template": false,
            "license_template": null,
            "merge_commit_message": "PR_TITLE",
            "merge_commit_title": "MERGE_MESSAGE",
            "name": "puppet-ups",
            "node_id": "R_kgDOHyFZ8A",
            "pages": [],
            "primary_language": "Ruby",
            "private": false,
            "repo_id": 522279408,
            "security_and_analysis": [
              {
                "advanced_security": [],
                "code_security": [],
                "secret_scanning": [
                  {
                    "status": "disabled"
                  }
                ],
                "secret_scanning_ai_detection": [],
                "secret_scanning_non_provider_patterns": [],
                "secret_scanning_push_protection": [
                  {
                    "status": "disabled"
                  }
                ]
              }
            ],
            "source_owner": "",
            "source_repo": "",
            "squash_merge_commit_message": "COMMIT_MESSAGES",
            "squash_merge_commit_title": "COMMIT_OR_PR_TITLE",
            "ssh_clone_url": "git@github.com:halyard/puppet-ups.git",
            "svn_url": "https://github.com/halyard/puppet-ups",
            "template": [],
            "topics": [],
            "visibility": "public",
            "vulnerability_alerts": false,
            "web_commit_signoff_required": false
          },
          "sensitive_attributes": [],
          "private": "eyJzY2hlbWFfdmVyc2lvbiI6IjEifQ=="
        },
        {
          "index_key": "puppet-wh31e",
          "schema_version": 1,
          "attributes": {
            "allow_auto_merge": false,
            "allow_forking": true,
            "allow_merge_commit": false,
            "allow_rebase_merge": false,
            "allow_squash_merge": true,
            "allow_update_branch": true,
            "archive_on_destroy": null,
            "archived": false,
            "auto_init": false,
            "default_branch": "main",
            "delete_branch_on_merge": true,
            "description": "Configure wh31e_metrics",
            "etag": "W/\"bcbb59a476972c0188dc056ed6509a87ed6f90aacaaf897ac548a958bf64416c\"",
            "fork": "false",
            "full_name": "halyard/puppet-wh31e",
            "git_clone_url": "git://github.com/halyard/puppet-wh31e.git",
            "gitignore_template": null,
            "has_discussions": false,
            "has_downloads": false,
            "has_issues": true,
            "has_projects": false,
            "has_wiki": false,
            "homepage_url": "",
            "html_url": "https://github.com/halyard/puppet-wh31e",
            "http_clone_url": "https://github.com/halyard/puppet-wh31e.git",
            "id": "puppet-wh31e",
            "ignore_vulnerability_alerts_during_read": null,
            "is_template": false,
            "license_template": null,
            "merge_commit_message": "PR_TITLE",
            "merge_commit_title": "MERGE_MESSAGE",
            "name": "puppet-wh31e",
            "node_id": "R_kgDOHOIHqg",
            "pages": [],
            "primary_language": "Puppet",
            "private": false,
            "repo_id": 484575146,
            "security_and_analysis": [
              {
                "advanced_security": [],
                "code_security": [],
                "secret_scanning": [
                  {
                    "status": "disabled"
                  }
                ],
                "secret_scanning_ai_detection": [],
                "secret_scanning_non_provider_patterns": [],
                "secret_scanning_push_protection": [
                  {
                    "status": "disabled"
                  }
                ]
              }
            ],
            "source_owner": "",
            "source_repo": "",
            "squash_merge_commit_message": "COMMIT_MESSAGES",
            "squash_merge_commit_title": "COMMIT_OR_PR_TITLE",
            "ssh_clone_url": "git@github.com:halyard/puppet-wh31e.git",
            "svn_url": "https://github.com/halyard/puppet-wh31e",
            "template": [],
            "topics": [],
            "visibility": "public",
            "vulnerability_alerts": false,
            "web_commit_signoff_required": false
          },
          "sensitive_attributes": [],
          "private": "eyJzY2hlbWFfdmVyc2lvbiI6IjEifQ=="
        },
        {
          "index_key": "puppet-wireguard",
          "schema_version": 1,
          "attributes": {
            "allow_auto_merge": false,
            "allow_forking": true,
            "allow_merge_commit": false,
            "allow_rebase_merge": false,
            "allow_squash_merge": true,
            "allow_update_branch": true,
            "archive_on_destroy": null,
            "archived": false,
            "auto_init": false,
            "default_branch": "main",
            "delete_branch_on_merge": true,
            "description": "Configure Wireguard",
            "etag": "W/\"b8ff0950dd3e2d63cbe36034f2d967c00c9edc01e3037bcb3904b77f951ebe27\"",
            "fork": "false",
            "full_name": "halyard/puppet-wireguard",
            "git_clone_url": "git://github.com/halyard/puppet-wireguard.git",
            "gitignore_template": null,
            "has_discussions": false,
            "has_downloads": false,
            "has_issues": true,
            "has_projects": false,
            "has_wiki": false,
            "homepage_url": "",
            "html_url": "https://github.com/halyard/puppet-wireguard",
            "http_clone_url": "https://github.com/halyard/puppet-wireguard.git",
            "id": "puppet-wireguard",
            "ignore_vulnerability_alerts_during_read": null,
            "is_template": false,
            "license_template": null,
            "merge_commit_message": "PR_TITLE",
            "merge_commit_title": "MERGE_MESSAGE",
            "name": "puppet-wireguard",
            "node_id": "R_kgDOHQQWIA",
            "pages": [],
            "primary_language": "Puppet",
            "private": false,
            "repo_id": 486807072,
            "security_and_analysis": [
              {
                "advanced_security": [],
                "code_security": [],
                "secret_scanning": [
                  {
                    "status": "disabled"
                  }
                ],
                "secret_scanning_ai_detection": [],
                "secret_scanning_non_provider_patterns": [],
                "secret_scanning_push_protection": [
                  {
                    "status": "disabled"
                  }
                ]
              }
            ],
            "source_owner": "",
            "source_repo": "",
            "squash_merge_commit_message": "COMMIT_MESSAGES",
            "squash_merge_commit_title": "COMMIT_OR_PR_TITLE",
            "ssh_clone_url": "git@github.com:halyard/puppet-wireguard.git",
            "svn_url": "https://github.com/halyard/puppet-wireguard",
            "template": [],
            "topics": [],
            "visibility": "public",
            "vulnerability_alerts": false,
            "web_commit_signoff_required": false
          },
          "sensitive_attributes": [],
          "private": "eyJzY2hlbWFfdmVyc2lvbiI6IjEifQ=="
        },
        {
          "index_key": "puppet-zwave",
          "schema_version": 1,
          "attributes": {
            "allow_auto_merge": false,
            "allow_forking": true,
            "allow_merge_commit": false,
            "allow_rebase_merge": false,
            "allow_squash_merge": true,
            "allow_update_branch": true,
            "archive_on_destroy": null,
            "archived": false,
            "auto_init": false,
            "default_branch": "main",
            "delete_branch_on_merge": true,
            "description": "Module for ZWave server",
            "etag": "W/\"ce7af43676aa296dcb20679b5673131b35ebaa996b817308a4529536477fcb29\"",
            "fork": "false",
            "full_name": "halyard/puppet-zwave",
            "git_clone_url": "git://github.com/halyard/puppet-zwave.git",
            "gitignore_template": null,
            "has_discussions": false,
            "has_downloads": false,
            "has_issues": true,
            "has_projects": false,
            "has_wiki": false,
            "homepage_url": "",
            "html_url": "https://github.com/halyard/puppet-zwave",
            "http_clone_url": "https://github.com/halyard/puppet-zwave.git",
            "id": "puppet-zwave",
            "ignore_vulnerability_alerts_during_read": null,
            "is_template": false,
            "license_template": null,
            "merge_commit_message": "PR_TITLE",
            "merge_commit_title": "MERGE_MESSAGE",
            "name": "puppet-zwave",
            "node_id": "R_kgDOHyJJFQ",
            "pages": [],
            "primary_language": "Puppet",
            "private": false,
            "repo_id": 522340629,
            "security_and_analysis": [
              {
                "advanced_security": [],
                "code_security": [],
                "secret_scanning": [
                  {
                    "status": "disabled"
                  }
                ],
                "secret_scanning_ai_detection": [],
                "secret_scanning_non_provider_patterns": [],
                "secret_scanning_push_protection": [
                  {
                    "status": "disabled"
                  }
                ]
              }
            ],
            "source_owner": "",
            "source_repo": "",
            "squash_merge_commit_message": "COMMIT_MESSAGES",
            "squash_merge_commit_title": "COMMIT_OR_PR_TITLE",
            "ssh_clone_url": "git@github.com:halyard/puppet-zwave.git",
            "svn_url": "https://github.com/halyard/puppet-zwave",
            "template": [],
            "topics": [],
            "visibility": "public",
            "vulnerability_alerts": false,
            "web_commit_signoff_required": false
          },
          "sensitive_attributes": [],
          "private": "eyJzY2hlbWFfdmVyc2lvbiI6IjEifQ=="
        }
      ]
    },
    {
      "module": "module.halyard",
      "mode": "managed",
      "type": "github_repository_pages",
      "name": "each",
      "provider": "provider[\"registry.terraform.io/integrations/github\"].halyard",
      "instances": [
        {
          "index_key": "halyard.github.io",
          "schema_version": 0,
          "attributes": {
            "api_url": "https://api.github.com/repos/halyard/halyard.github.io/pages",
            "build_status": "built",
            "build_type": "legacy",
            "cname": "",
            "custom_404": false,
            "html_url": "http://halyard.github.io/",
            "https_enforced": false,
            "id": "23507621",
            "public": true,
            "repository": "halyard.github.io",
            "repository_id": 23507621,
            "source": [
              {
                "branch": "main",
                "path": "/"
              }
            ]
          },
          "sensitive_attributes": [],
          "private": "eyJzY2hlbWFfdmVyc2lvbiI6IjAifQ=="
        }
      ]
    },
    {
      "module": "module.halyard",
      "mode": "managed",
      "type": "github_repository_vulnerability_alerts",
      "name": "each",
      "provider": "provider[\"registry.terraform.io/integrations/github\"].halyard",
      "instances": [
        {
          "index_key": ".github",
          "schema_version": 0,
          "attributes": {
            "enabled": false,
            "id": "1296979998",
            "repository": ".github",
            "repository_id": 1296979998
          },
          "sensitive_attributes": [],
          "private": "eyJzY2hlbWFfdmVyc2lvbiI6IjAifQ=="
        },
        {
          "index_key": "halyard",
          "schema_version": 0,
          "attributes": {
            "enabled": false,
            "id": "23028603",
            "repository": "halyard",
            "repository_id": 23028603
          },
          "sensitive_attributes": [],
          "private": "eyJzY2hlbWFfdmVyc2lvbiI6IjAifQ=="
        },
        {
          "index_key": "halyard.github.io",
          "schema_version": 0,
          "attributes": {
            "enabled": false,
            "id": "23507621",
            "repository": "halyard.github.io",
            "repository_id": 23507621
          },
          "sensitive_attributes": [],
          "private": "eyJzY2hlbWFfdmVyc2lvbiI6IjAifQ=="
        },
        {
          "index_key": "homebrew-core",
          "schema_version": 0,
          "attributes": {
            "enabled": false,
            "id": "576700862",
            "repository": "homebrew-core",
            "repository_id": 576700862
          },
          "sensitive_attributes": [],
          "private": "eyJzY2hlbWFfdmVyc2lvbiI6IjAifQ=="
        },
        {
          "index_key": "image-archlinux",
          "schema_version": 0,
          "attributes": {
            "enabled": false,
            "id": "487560901",
            "repository": "image-archlinux",
            "repository_id": 487560901
          },
          "sensitive_attributes": [],
          "private": "eyJzY2hlbWFfdmVyc2lvbiI6IjAifQ=="
        },
        {
          "index_key": "local-puppet-helper",
          "schema_version": 0,
          "attributes": {
            "enabled": false,
            "id": "96377081",
            "repository": "local-puppet-helper",
            "repository_id": 96377081
          },
          "sensitive_attributes": [],
          "private": "eyJzY2hlbWFfdmVyc2lvbiI6IjAifQ=="
        },
        {
          "index_key": "puppet-acme",
          "schema_version": 0,
          "attributes": {
            "enabled": false,
            "id": "490899506",
            "repository": "puppet-acme",
            "repository_id": 490899506
          },
          "sensitive_attributes": [],
          "private": "eyJzY2hlbWFfdmVyc2lvbiI6IjAifQ=="
        },
        {
          "index_key": "puppet-babybuddy",
          "schema_version": 0,
          "attributes": {
            "enabled": false,
            "id": "973416148",
            "repository": "puppet-babybuddy",
            "repository_id": 973416148
          },
          "sensitive_attributes": [],
          "private": "eyJzY2hlbWFfdmVyc2lvbiI6IjAifQ=="
        },
        {
          "index_key": "puppet-backup",
          "schema_version": 0,
          "attributes": {
            "enabled": false,
            "id": "560693801",
            "repository": "puppet-backup",
            "repository_id": 560693801
          },
          "sensitive_attributes": [],
          "private": "eyJzY2hlbWFfdmVyc2lvbiI6IjAifQ=="
        },
        {
          "index_key": "puppet-bulldozer",
          "schema_version": 0,
          "attributes": {
            "enabled": false,
            "id": "1295933638",
            "repository": "puppet-bulldozer",
            "repository_id": 1295933638
          },
          "sensitive_attributes": [],
          "private": "eyJzY2hlbWFfdmVyc2lvbiI6IjAifQ=="
        },
        {
          "index_key": "puppet-configvault",
          "schema_version": 0,
          "attributes": {
            "enabled": false,
            "id": "476117871",
            "repository": "puppet-configvault",
            "repository_id": 476117871
          },
          "sensitive_attributes": [],
          "private": "eyJzY2hlbWFfdmVyc2lvbiI6IjAifQ=="
        },
        {
          "index_key": "puppet-console",
          "schema_version": 0,
          "attributes": {
            "enabled": false,
            "id": "468607738",
            "repository": "puppet-console",
            "repository_id": 468607738
          },
          "sensitive_attributes": [],
          "private": "eyJzY2hlbWFfdmVyc2lvbiI6IjAifQ=="
        },
        {
          "index_key": "puppet-cultivator",
          "schema_version": 0,
          "attributes": {
            "enabled": false,
            "id": "657393392",
            "repository": "puppet-cultivator",
            "repository_id": 657393392
          },
          "sensitive_attributes": [],
          "private": "eyJzY2hlbWFfdmVyc2lvbiI6IjAifQ=="
        },
        {
          "index_key": "puppet-disks",
          "schema_version": 0,
          "attributes": {
            "enabled": false,
            "id": "468588065",
            "repository": "puppet-disks",
            "repository_id": 468588065
          },
          "sensitive_attributes": [],
          "private": "eyJzY2hlbWFfdmVyc2lvbiI6IjAifQ=="
        },
        {
          "index_key": "puppet-docker",
          "schema_version": 0,
          "attributes": {
            "enabled": false,
            "id": "490730317",
            "repository": "puppet-docker",
            "repository_id": 490730317
          },
          "sensitive_attributes": [],
          "private": "eyJzY2hlbWFfdmVyc2lvbiI6IjAifQ=="
        },
        {
          "index_key": "puppet-ecowitt",
          "schema_version": 0,
          "attributes": {
            "enabled": false,
            "id": "1202404741",
            "repository": "puppet-ecowitt",
            "repository_id": 1202404741
          },
          "sensitive_attributes": [],
          "private": "eyJzY2hlbWFfdmVyc2lvbiI6IjAifQ=="
        },
        {
          "index_key": "puppet-frameproxy",
          "schema_version": 0,
          "attributes": {
            "enabled": false,
            "id": "781764491",
            "repository": "puppet-frameproxy",
            "repository_id": 781764491
          },
          "sensitive_attributes": [],
          "private": "eyJzY2hlbWFfdmVyc2lvbiI6IjAifQ=="
        },
        {
          "index_key": "puppet-garmin",
          "schema_version": 0,
          "attributes": {
            "enabled": false,
            "id": "1023341872",
            "repository": "puppet-garmin",
            "repository_id": 1023341872
          },
          "sensitive_attributes": [],
          "private": "eyJzY2hlbWFfdmVyc2lvbiI6IjAifQ=="
        },
        {
          "index_key": "puppet-goat",
          "schema_version": 0,
          "attributes": {
            "enabled": false,
            "id": "544129829",
            "repository": "puppet-goat",
            "repository_id": 544129829
          },
          "sensitive_attributes": [],
          "private": "eyJzY2hlbWFfdmVyc2lvbiI6IjAifQ=="
        },
        {
          "index_key": "puppet-govee",
          "schema_version": 0,
          "attributes": {
            "enabled": false,
            "id": "971727597",
            "repository": "puppet-govee",
            "repository_id": 971727597
          },
          "sensitive_attributes": [],
          "private": "eyJzY2hlbWFfdmVyc2lvbiI6IjAifQ=="
        },
        {
          "index_key": "puppet-grafana",
          "schema_version": 0,
          "attributes": {
            "enabled": false,
            "id": "495119610",
            "repository": "puppet-grafana",
            "repository_id": 495119610
          },
          "sensitive_attributes": [],
          "private": "eyJzY2hlbWFfdmVyc2lvbiI6IjAifQ=="
        },
        {
          "index_key": "puppet-homeassistant",
          "schema_version": 0,
          "attributes": {
            "enabled": false,
            "id": "518658117",
            "repository": "puppet-homeassistant",
            "repository_id": 518658117
          },
          "sensitive_attributes": [],
          "private": "eyJzY2hlbWFfdmVyc2lvbiI6IjAifQ=="
        },
        {
          "index_key": "puppet-hostname",
          "schema_version": 0,
          "attributes": {
            "enabled": false,
            "id": "23520870",
            "repository": "puppet-hostname",
            "repository_id": 23520870
          },
          "sensitive_attributes": [],
          "private": "eyJzY2hlbWFfdmVyc2lvbiI6IjAifQ=="
        },
        {
          "index_key": "puppet-influxdb",
          "schema_version": 0,
          "attributes": {
            "enabled": false,
            "id": "490730452",
            "repository": "puppet-influxdb",
            "repository_id": 490730452
          },
          "sensitive_attributes": [],
          "private": "eyJzY2hlbWFfdmVyc2lvbiI6IjAifQ=="
        },
        {
          "index_key": "puppet-iptables",
          "schema_version": 0,
          "attributes": {
            "enabled": false,
            "id": "519376052",
            "repository": "puppet-iptables",
            "repository_id": 519376052
          },
          "sensitive_attributes": [],
          "private": "eyJzY2hlbWFfdmVyc2lvbiI6IjAifQ=="
        },
        {
          "index_key": "puppet-keyboard",
          "schema_version": 0,
          "attributes": {
            "enabled": false,
            "id": "589797632",
            "repository": "puppet-keyboard",
            "repository_id": 589797632
          },
          "sensitive_attributes": [],
          "private": "eyJzY2hlbWFfdmVyc2lvbiI6IjAifQ=="
        },
        {
          "index_key": "puppet-kiosk",
          "schema_version": 0,
          "attributes": {
            "enabled": false,
            "id": "483473296",
            "repository": "puppet-kiosk",
            "repository_id": 483473296
          },
          "sensitive_attributes": [],
          "private": "eyJzY2hlbWFfdmVyc2lvbiI6IjAifQ=="
        },
        {
          "index_key": "puppet-kvm",
          "schema_version": 0,
          "attributes": {
            "enabled": false,
            "id": "484735775",
            "repository": "puppet-kvm",
            "repository_id": 484735775
          },
          "sensitive_attributes": [],
          "private": "eyJzY2hlbWFfdmVyc2lvbiI6IjAifQ=="
        },
        {
          "index_key": "puppet-ledgergraph",
          "schema_version": 0,
          "attributes": {
            "enabled": false,
            "id": "895328108",
            "repository": "puppet-ledgergraph",
            "repository_id": 895328108
          },
          "sensitive_attributes": [],
          "private": "eyJzY2hlbWFfdmVyc2lvbiI6IjAifQ=="
        },
        {
          "index_key": "puppet-loki",
          "schema_version": 0,
          "attributes": {
            "enabled": false,
            "id": "521064135",
            "repository": "puppet-loki",
            "repository_id": 521064135
          },
          "sensitive_attributes": [],
          "private": "eyJzY2hlbWFfdmVyc2lvbiI6IjAifQ=="
        },
        {
          "index_key": "puppet-maybe",
          "schema_version": 0,
          "attributes": {
            "enabled": false,
            "id": "899319003",
            "repository": "puppet-maybe",
            "repository_id": 899319003
          },
          "sensitive_attributes": [],
          "private": "eyJzY2hlbWFfdmVyc2lvbiI6IjAifQ=="
        },
        {
          "index_key": "puppet-mqtt",
          "schema_version": 0,
          "attributes": {
            "enabled": false,
            "id": "734823176",
            "repository": "puppet-mqtt",
            "repository_id": 734823176
          },
          "sensitive_attributes": [],
          "private": "eyJzY2hlbWFfdmVyc2lvbiI6IjAifQ=="
        },
        {
          "index_key": "puppet-network",
          "schema_version": 0,
          "attributes": {
            "enabled": false,
            "id": "45157595",
            "repository": "puppet-network",
            "repository_id": 45157595
          },
          "sensitive_attributes": [],
          "private": "eyJzY2hlbWFfdmVyc2lvbiI6IjAifQ=="
        },
        {
          "index_key": "puppet-nginx",
          "schema_version": 0,
          "attributes": {
            "enabled": false,
            "id": "518275950",
            "repository": "puppet-nginx",
            "repository_id": 518275950
          },
          "sensitive_attributes": [],
          "private": "eyJzY2hlbWFfdmVyc2lvbiI6IjAifQ=="
        },
        {
          "index_key": "puppet-ntp",
          "schema_version": 0,
          "attributes": {
            "enabled": false,
            "id": "324845764",
            "repository": "puppet-ntp",
            "repository_id": 324845764
          },
          "sensitive_attributes": [],
          "private": "eyJzY2hlbWFfdmVyc2lvbiI6IjAifQ=="
        },
        {
          "index_key": "puppet-openssh",
          "schema_version": 0,
          "attributes": {
            "enabled": false,
            "id": "323969256",
            "repository": "puppet-openssh",
            "repository_id": 323969256
          },
          "sensitive_attributes": [],
          "private": "eyJzY2hlbWFfdmVyc2lvbiI6IjAifQ=="
        },
        {
          "index_key": "puppet-policybot",
          "schema_version": 0,
          "attributes": {
            "enabled": false,
            "id": "1295320472",
            "repository": "puppet-policybot",
            "repository_id": 1295320472
          },
          "sensitive_attributes": [],
          "private": "eyJzY2hlbWFfdmVyc2lvbiI6IjAifQ=="
        },
        {
          "index_key": "puppet-prometheus",
          "schema_version": 0,
          "attributes": {
            "enabled": false,
            "id": "481056724",
            "repository": "puppet-prometheus",
            "repository_id": 481056724
          },
          "sensitive_attributes": [],
          "private": "eyJzY2hlbWFfdmVyc2lvbiI6IjAifQ=="
        },
        {
          "index_key": "puppet-sdr",
          "schema_version": 0,
          "attributes": {
            "enabled": false,
            "id": "484561664",
            "repository": "puppet-sdr",
            "repository_id": 484561664
          },
          "sensitive_attributes": [],
          "private": "eyJzY2hlbWFfdmVyc2lvbiI6IjAifQ=="
        },
        {
          "index_key": "puppet-serverless",
          "schema_version": 0,
          "attributes": {
            "enabled": false,
            "id": "36534014",
            "repository": "puppet-serverless",
            "repository_id": 36534014
          },
          "sensitive_attributes": [],
          "private": "eyJzY2hlbWFfdmVyc2lvbiI6IjAifQ=="
        },
        {
          "index_key": "puppet-simplefin",
          "schema_version": 0,
          "attributes": {
            "enabled": false,
            "id": "1052430890",
            "repository": "puppet-simplefin",
            "repository_id": 1052430890
          },
          "sensitive_attributes": [],
          "private": "eyJzY2hlbWFfdmVyc2lvbiI6IjAifQ=="
        },
        {
          "index_key": "puppet-slackmastodon",
          "schema_version": 0,
          "attributes": {
            "enabled": false,
            "id": "580454344",
            "repository": "puppet-slackmastodon",
            "repository_id": 580454344
          },
          "sensitive_attributes": [],
          "private": "eyJzY2hlbWFfdmVyc2lvbiI6IjAifQ=="
        },
        {
          "index_key": "puppet-smb",
          "schema_version": 0,
          "attributes": {
            "enabled": false,
            "id": "490708935",
            "repository": "puppet-smb",
            "repository_id": 490708935
          },
          "sensitive_attributes": [],
          "private": "eyJzY2hlbWFfdmVyc2lvbiI6IjAifQ=="
        },
        {
          "index_key": "puppet-stocks",
          "schema_version": 0,
          "attributes": {
            "enabled": false,
            "id": "1052298049",
            "repository": "puppet-stocks",
            "repository_id": 1052298049
          },
          "sensitive_attributes": [],
          "private": "eyJzY2hlbWFfdmVyc2lvbiI6IjAifQ=="
        },
        {
          "index_key": "puppet-sysctl",
          "schema_version": 0,
          "attributes": {
            "enabled": false,
            "id": "897668083",
            "repository": "puppet-sysctl",
            "repository_id": 897668083
          },
          "sensitive_attributes": [],
          "private": "eyJzY2hlbWFfdmVyc2lvbiI6IjAifQ=="
        },
        {
          "index_key": "puppet-teslamate",
          "schema_version": 0,
          "attributes": {
            "enabled": false,
            "id": "541688933",
            "repository": "puppet-teslamate",
            "repository_id": 541688933
          },
          "sensitive_attributes": [],
          "private": "eyJzY2hlbWFfdmVyc2lvbiI6IjAifQ=="
        },
        {
          "index_key": "puppet-unpoller",
          "schema_version": 0,
          "attributes": {
            "enabled": false,
            "id": "652378318",
            "repository": "puppet-unpoller",
            "repository_id": 652378318
          },
          "sensitive_attributes": [],
          "private": "eyJzY2hlbWFfdmVyc2lvbiI6IjAifQ=="
        },
        {
          "index_key": "puppet-updates",
          "schema_version": 0,
          "attributes": {
            "enabled": false,
            "id": "468617231",
            "repository": "puppet-updates",
            "repository_id": 468617231
          },
          "sensitive_attributes": [],
          "private": "eyJzY2hlbWFfdmVyc2lvbiI6IjAifQ=="
        },
        {
          "index_key": "puppet-ups",
          "schema_version": 0,
          "attributes": {
            "enabled": false,
            "id": "522279408",
            "repository": "puppet-ups",
            "repository_id": 522279408
          },
          "sensitive_attributes": [],
          "private": "eyJzY2hlbWFfdmVyc2lvbiI6IjAifQ=="
        },
        {
          "index_key": "puppet-wh31e",
          "schema_version": 0,
          "attributes": {
            "enabled": false,
            "id": "484575146",
            "repository": "puppet-wh31e",
            "repository_id": 484575146
          },
          "sensitive_attributes": [],
          "private": "eyJzY2hlbWFfdmVyc2lvbiI6IjAifQ=="
        },
        {
          "index_key": "puppet-wireguard",
          "schema_version": 0,
          "attributes": {
            "enabled": false,
            "id": "486807072",
            "repository": "puppet-wireguard",
            "repository_id": 486807072
          },
          "sensitive_attributes": [],
          "private": "eyJzY2hlbWFfdmVyc2lvbiI6IjAifQ=="
        },
        {
          "index_key": "puppet-zwave",
          "schema_version": 0,
          "attributes": {
            "enabled": false,
            "id": "522340629",
            "repository": "puppet-zwave",
            "repository_id": 522340629
          },
          "sensitive_attributes": [],
          "private": "eyJzY2hlbWFfdmVyc2lvbiI6IjAifQ=="
        }
      ]
    }
  ],
  "check_results": null
}
