{
  "version": 4,
  "terraform_version": "1.4.6",
  "serial": 29,
  "lineage": "130dee54-730f-8bda-f162-1cfed45ca9b6",
  "outputs": {},
  "resources": [
    {
      "module": "module.amylum",
      "mode": "data",
      "type": "github_repositories",
      "name": "all",
      "provider": "provider[\"registry.terraform.io/integrations/github\"].amylum",
      "instances": [
        {
          "schema_version": 0,
          "attributes": {
            "full_names": [
              "amylum/btrfs-progs",
              "amylum/zstd",
              "amylum/zlib",
              "amylum/xz",
              "amylum/which",
              "amylum/util-linux",
              "amylum/tre",
              "amylum/tinyssh",
              "amylum/tinc",
              "amylum/tar",
              "amylum/strace",
              "amylum/sqlite",
              "amylum/slacker",
              "amylum/skalibs",
              "amylum/shadow",
              "amylum/server",
              "amylum/sed",
              "amylum/s6-portable-utils",
              "amylum/s6-networking",
              "amylum/s6-linux-utils",
              "amylum/s6-linux-init",
              "amylum/s6-dns",
              "amylum/s6",
              "amylum/s3repo",
              "amylum/runc",
              "amylum/ripgrep",
              "amylum/repo",
              "amylum/readline",
              "amylum/radvd",
              "amylum/prospectus_pkgforge",
              "amylum/procps-ng",
              "amylum/popt",
              "amylum/pam",
              "amylum/pacman-mirrorlist",
              "amylum/pacman",
              "amylum/p11-kit",
              "amylum/openssl",
              "amylum/openssh",
              "amylum/openntpd",
              "amylum/obstack",
              "amylum/npth",
              "amylum/nettle",
              "amylum/ncurses",
              "amylum/musl",
              "amylum/mpfr",
              "amylum/mpc",
              "amylum/lzo",
              "amylum/lvm2",
              "amylum/linux-api-headers",
              "amylum/libunwind",
              "amylum/libunistring",
              "amylum/libtool",
              "amylum/libtirpc",
              "amylum/libtasn1",
              "amylum/libseccomp",
              "amylum/libpcap",
              "amylum/libnftnl",
              "amylum/libnfnetlink",
              "amylum/libnetfilter_conntrack",
              "amylum/libmnl",
              "amylum/libksba",
              "amylum/libidn2",
              "amylum/libidn",
              "amylum/libgpg-error",
              "amylum/libgcrypt",
              "amylum/libffi",
              "amylum/libcap",
              "amylum/libatomic_ops",
              "amylum/libassuan",
              "amylum/libargp",
              "amylum/libarchive",
              "amylum/libaio",
              "amylum/less",
              "amylum/krb5",
              "amylum/iputils",
              "amylum/iptables",
              "amylum/iproute2",
              "amylum/inetutils",
              "amylum/icu",
              "amylum/iana-etc",
              "amylum/gzip",
              "amylum/guile",
              "amylum/gtk-doc",
              "amylum/grep",
              "amylum/gpgme",
              "amylum/google-authenticator",
              "amylum/gnutls",
              "amylum/gnupg",
              "amylum/gmp",
              "amylum/git",
              "amylum/gcc",
              "amylum/gc",
              "amylum/fwknop",
              "amylum/fts",
              "amylum/findutils",
              "amylum/execline",
              "amylum/elfutils",
              "amylum/docker",
              "amylum/curl",
              "amylum/cryptsetup",
              "amylum/coreutils",
              "amylum/containerd",
              "amylum/cfssl",
              "amylum/ca-certificates",
              "amylum/builder",
              "amylum/bash",
              "amylum/autogen",
              "amylum/anopa"
            ],
            "id": "org:amylum",
            "include_repo_id": false,
            "names": [
              "btrfs-progs",
              "zstd",
              "zlib",
              "xz",
              "which",
              "util-linux",
              "tre",
              "tinyssh",
              "tinc",
              "tar",
              "strace",
              "sqlite",
              "slacker",
              "skalibs",
              "shadow",
              "server",
              "sed",
              "s6-portable-utils",
              "s6-networking",
              "s6-linux-utils",
              "s6-linux-init",
              "s6-dns",
              "s6",
              "s3repo",
              "runc",
              "ripgrep",
              "repo",
              "readline",
              "radvd",
              "prospectus_pkgforge",
              "procps-ng",
              "popt",
              "pam",
              "pacman-mirrorlist",
              "pacman",
              "p11-kit",
              "openssl",
              "openssh",
              "openntpd",
              "obstack",
              "npth",
              "nettle",
              "ncurses",
              "musl",
              "mpfr",
              "mpc",
              "lzo",
              "lvm2",
              "linux-api-headers",
              "libunwind",
              "libunistring",
              "libtool",
              "libtirpc",
              "libtasn1",
              "libseccomp",
              "libpcap",
              "libnftnl",
              "libnfnetlink",
              "libnetfilter_conntrack",
              "libmnl",
              "libksba",
              "libidn2",
              "libidn",
              "libgpg-error",
              "libgcrypt",
              "libffi",
              "libcap",
              "libatomic_ops",
              "libassuan",
              "libargp",
              "libarchive",
              "libaio",
              "less",
              "krb5",
              "iputils",
              "iptables",
              "iproute2",
              "inetutils",
              "icu",
              "iana-etc",
              "gzip",
              "guile",
              "gtk-doc",
              "grep",
              "gpgme",
              "google-authenticator",
              "gnutls",
              "gnupg",
              "gmp",
              "git",
              "gcc",
              "gc",
              "fwknop",
              "fts",
              "findutils",
              "execline",
              "elfutils",
              "docker",
              "curl",
              "cryptsetup",
              "coreutils",
              "containerd",
              "cfssl",
              "ca-certificates",
              "builder",
              "bash",
              "autogen",
              "anopa"
            ],
            "query": "org:amylum",
            "repo_ids": null,
            "results_per_page": 100,
            "sort": "updated"
          },
          "sensitive_attributes": []
        }
      ]
    },
    {
      "module": "module.amylum",
      "mode": "data",
      "type": "github_repository",
      "name": "each",
      "provider": "provider[\"registry.terraform.io/integrations/github\"].amylum",
      "instances": [
        {
          "index_key": "amylum/anopa",
          "schema_version": 0,
          "attributes": {
            "allow_auto_merge": false,
            "allow_merge_commit": true,
            "allow_rebase_merge": true,
            "allow_squash_merge": true,
            "archived": false,
            "default_branch": "main",
            "description": "Init framework built on s6",
            "fork": false,
            "full_name": "amylum/anopa",
            "git_clone_url": "git://github.com/amylum/anopa.git",
            "has_discussions": false,
            "has_downloads": true,
            "has_issues": true,
            "has_projects": true,
            "has_wiki": false,
            "homepage_url": "",
            "html_url": "https://github.com/amylum/anopa",
            "http_clone_url": "https://github.com/amylum/anopa.git",
            "id": "anopa",
            "is_template": false,
            "merge_commit_message": "PR_TITLE",
            "merge_commit_title": "MERGE_MESSAGE",
            "name": "anopa",
            "node_id": "MDEwOlJlcG9zaXRvcnkzMzc5ODI5OA==",
            "pages": [],
            "private": false,
            "repo_id": 33798298,
            "squash_merge_commit_message": "COMMIT_MESSAGES",
            "squash_merge_commit_title": "COMMIT_OR_PR_TITLE",
            "ssh_clone_url": "git@github.com:amylum/anopa.git",
            "svn_url": "https://github.com/amylum/anopa",
            "template": [],
            "topics": [],
            "visibility": "public"
          },
          "sensitive_attributes": []
        },
        {
          "index_key": "amylum/autogen",
          "schema_version": 0,
          "attributes": {
            "allow_auto_merge": false,
            "allow_merge_commit": true,
            "allow_rebase_merge": true,
            "allow_squash_merge": true,
            "archived": false,
            "default_branch": "main",
            "description": "Package for autogen",
            "fork": false,
            "full_name": "amylum/autogen",
            "git_clone_url": "git://github.com/amylum/autogen.git",
            "has_discussions": false,
            "has_downloads": true,
            "has_issues": true,
            "has_projects": true,
            "has_wiki": false,
            "homepage_url": "",
            "html_url": "https://github.com/amylum/autogen",
            "http_clone_url": "https://github.com/amylum/autogen.git",
            "id": "autogen",
            "is_template": false,
            "merge_commit_message": "PR_TITLE",
            "merge_commit_title": "MERGE_MESSAGE",
            "name": "autogen",
            "node_id": "MDEwOlJlcG9zaXRvcnk0NjIzODM2MQ==",
            "pages": [],
            "private": false,
            "repo_id": 46238361,
            "squash_merge_commit_message": "COMMIT_MESSAGES",
            "squash_merge_commit_title": "COMMIT_OR_PR_TITLE",
            "ssh_clone_url": "git@github.com:amylum/autogen.git",
            "svn_url": "https://github.com/amylum/autogen",
            "template": [],
            "topics": [],
            "visibility": "public"
          },
          "sensitive_attributes": []
        },
        {
          "index_key": "amylum/bash",
          "schema_version": 0,
          "attributes": {
            "allow_auto_merge": false,
            "allow_merge_commit": true,
            "allow_rebase_merge": true,
            "allow_squash_merge": true,
            "archived": false,
            "default_branch": "main",
            "description": "Package for bash",
            "fork": false,
            "full_name": "amylum/bash",
            "git_clone_url": "git://github.com/amylum/bash.git",
            "has_discussions": false,
            "has_downloads": true,
            "has_issues": true,
            "has_projects": true,
            "has_wiki": false,
            "homepage_url": "",
            "html_url": "https://github.com/amylum/bash",
            "http_clone_url": "https://github.com/amylum/bash.git",
            "id": "bash",
            "is_template": false,
            "merge_commit_message": "PR_TITLE",
            "merge_commit_title": "MERGE_MESSAGE",
            "name": "bash",
            "node_id": "MDEwOlJlcG9zaXRvcnk0MjA1NDIxNw==",
            "pages": [],
            "private": false,
            "repo_id": 42054217,
            "squash_merge_commit_message": "COMMIT_MESSAGES",
            "squash_merge_commit_title": "COMMIT_OR_PR_TITLE",
            "ssh_clone_url": "git@github.com:amylum/bash.git",
            "svn_url": "https://github.com/amylum/bash",
            "template": [],
            "topics": [],
            "visibility": "public"
          },
          "sensitive_attributes": []
        },
        {
          "index_key": "amylum/btrfs-progs",
          "schema_version": 0,
          "attributes": {
            "allow_auto_merge": false,
            "allow_merge_commit": true,
            "allow_rebase_merge": true,
            "allow_squash_merge": true,
            "archived": false,
            "default_branch": "main",
            "description": "Package for btrfs-progs",
            "fork": false,
            "full_name": "amylum/btrfs-progs",
            "git_clone_url": "git://github.com/amylum/btrfs-progs.git",
            "has_discussions": false,
            "has_downloads": true,
            "has_issues": true,
            "has_projects": true,
            "has_wiki": false,
            "homepage_url": "",
            "html_url": "https://github.com/amylum/btrfs-progs",
            "http_clone_url": "https://github.com/amylum/btrfs-progs.git",
            "id": "btrfs-progs",
            "is_template": false,
            "merge_commit_message": "PR_TITLE",
            "merge_commit_title": "MERGE_MESSAGE",
            "name": "btrfs-progs",
            "node_id": "MDEwOlJlcG9zaXRvcnkxMDQyOTg2NjE=",
            "pages": [],
            "private": false,
            "repo_id": 104298661,
            "squash_merge_commit_message": "COMMIT_MESSAGES",
            "squash_merge_commit_title": "COMMIT_OR_PR_TITLE",
            "ssh_clone_url": "git@github.com:amylum/btrfs-progs.git",
            "svn_url": "https://github.com/amylum/btrfs-progs",
            "template": [],
            "topics": [],
            "visibility": "public"
          },
          "sensitive_attributes": []
        },
        {
          "index_key": "amylum/builder",
          "schema_version": 0,
          "attributes": {
            "allow_auto_merge": false,
            "allow_merge_commit": true,
            "allow_rebase_merge": true,
            "allow_squash_merge": true,
            "archived": false,
            "default_branch": "main",
            "description": "Docker container for building packages",
            "fork": false,
            "full_name": "amylum/builder",
            "git_clone_url": "git://github.com/amylum/builder.git",
            "has_discussions": false,
            "has_downloads": true,
            "has_issues": true,
            "has_projects": true,
            "has_wiki": false,
            "homepage_url": "",
            "html_url": "https://github.com/amylum/builder",
            "http_clone_url": "https://github.com/amylum/builder.git",
            "id": "builder",
            "is_template": false,
            "merge_commit_message": "PR_TITLE",
            "merge_commit_title": "MERGE_MESSAGE",
            "name": "builder",
            "node_id": "MDEwOlJlcG9zaXRvcnkzMTU3Nzk2Ng==",
            "pages": [],
            "private": false,
            "repo_id": 31577966,
            "squash_merge_commit_message": "COMMIT_MESSAGES",
            "squash_merge_commit_title": "COMMIT_OR_PR_TITLE",
            "ssh_clone_url": "git@github.com:amylum/builder.git",
            "svn_url": "https://github.com/amylum/builder",
            "template": [],
            "topics": [],
            "visibility": "public"
          },
          "sensitive_attributes": []
        },
        {
          "index_key": "amylum/ca-certificates",
          "schema_version": 0,
          "attributes": {
            "allow_auto_merge": false,
            "allow_merge_commit": true,
            "allow_rebase_merge": true,
            "allow_squash_merge": true,
            "archived": false,
            "default_branch": "main",
            "description": "Package for ca-certificates",
            "fork": false,
            "full_name": "amylum/ca-certificates",
            "git_clone_url": "git://github.com/amylum/ca-certificates.git",
            "has_discussions": false,
            "has_downloads": true,
            "has_issues": true,
            "has_projects": true,
            "has_wiki": false,
            "homepage_url": "",
            "html_url": "https://github.com/amylum/ca-certificates",
            "http_clone_url": "https://github.com/amylum/ca-certificates.git",
            "id": "ca-certificates",
            "is_template": false,
            "merge_commit_message": "PR_TITLE",
            "merge_commit_title": "MERGE_MESSAGE",
            "name": "ca-certificates",
            "node_id": "MDEwOlJlcG9zaXRvcnk1MDgxMzIzOQ==",
            "pages": [],
            "private": false,
            "repo_id": 50813239,
            "squash_merge_commit_message": "COMMIT_MESSAGES",
            "squash_merge_commit_title": "COMMIT_OR_PR_TITLE",
            "ssh_clone_url": "git@github.com:amylum/ca-certificates.git",
            "svn_url": "https://github.com/amylum/ca-certificates",
            "template": [],
            "topics": [],
            "visibility": "public"
          },
          "sensitive_attributes": []
        },
        {
          "index_key": "amylum/cfssl",
          "schema_version": 0,
          "attributes": {
            "allow_auto_merge": false,
            "allow_merge_commit": true,
            "allow_rebase_merge": true,
            "allow_squash_merge": true,
            "archived": false,
            "default_branch": "main",
            "description": "Package for cfssl",
            "fork": false,
            "full_name": "amylum/cfssl",
            "git_clone_url": "git://github.com/amylum/cfssl.git",
            "has_discussions": false,
            "has_downloads": true,
            "has_issues": true,
            "has_projects": true,
            "has_wiki": false,
            "homepage_url": "",
            "html_url": "https://github.com/amylum/cfssl",
            "http_clone_url": "https://github.com/amylum/cfssl.git",
            "id": "cfssl",
            "is_template": false,
            "merge_commit_message": "PR_TITLE",
            "merge_commit_title": "MERGE_MESSAGE",
            "name": "cfssl",
            "node_id": "MDEwOlJlcG9zaXRvcnk2ODA1NzE5MA==",
            "pages": [],
            "private": false,
            "repo_id": 68057190,
            "squash_merge_commit_message": "COMMIT_MESSAGES",
            "squash_merge_commit_title": "COMMIT_OR_PR_TITLE",
            "ssh_clone_url": "git@github.com:amylum/cfssl.git",
            "svn_url": "https://github.com/amylum/cfssl",
            "template": [],
            "topics": [],
            "visibility": "public"
          },
          "sensitive_attributes": []
        },
        {
          "index_key": "amylum/containerd",
          "schema_version": 0,
          "attributes": {
            "allow_auto_merge": false,
            "allow_merge_commit": true,
            "allow_rebase_merge": true,
            "allow_squash_merge": true,
            "archived": false,
            "default_branch": "main",
            "description": "Package for containerd",
            "fork": false,
            "full_name": "amylum/containerd",
            "git_clone_url": "git://github.com/amylum/containerd.git",
            "has_discussions": false,
            "has_downloads": true,
            "has_issues": true,
            "has_projects": true,
            "has_wiki": false,
            "homepage_url": "",
            "html_url": "https://github.com/amylum/containerd",
            "http_clone_url": "https://github.com/amylum/containerd.git",
            "id": "containerd",
            "is_template": false,
            "merge_commit_message": "PR_TITLE",
            "merge_commit_title": "MERGE_MESSAGE",
            "name": "containerd",
            "node_id": "MDEwOlJlcG9zaXRvcnk1ODE0NTI0Mg==",
            "pages": [],
            "private": false,
            "repo_id": 58145242,
            "squash_merge_commit_message": "COMMIT_MESSAGES",
            "squash_merge_commit_title": "COMMIT_OR_PR_TITLE",
            "ssh_clone_url": "git@github.com:amylum/containerd.git",
            "svn_url": "https://github.com/amylum/containerd",
            "template": [],
            "topics": [],
            "visibility": "public"
          },
          "sensitive_attributes": []
        },
        {
          "index_key": "amylum/coreutils",
          "schema_version": 0,
          "attributes": {
            "allow_auto_merge": false,
            "allow_merge_commit": true,
            "allow_rebase_merge": true,
            "allow_squash_merge": true,
            "archived": false,
            "default_branch": "main",
            "description": "Package for coreutils",
            "fork": false,
            "full_name": "amylum/coreutils",
            "git_clone_url": "git://github.com/amylum/coreutils.git",
            "has_discussions": false,
            "has_downloads": true,
            "has_issues": true,
            "has_projects": true,
            "has_wiki": false,
            "homepage_url": "",
            "html_url": "https://github.com/amylum/coreutils",
            "http_clone_url": "https://github.com/amylum/coreutils.git",
            "id": "coreutils",
            "is_template": false,
            "merge_commit_message": "PR_TITLE",
            "merge_commit_title": "MERGE_MESSAGE",
            "name": "coreutils",
            "node_id": "MDEwOlJlcG9zaXRvcnk1MDM5NjcwMw==",
            "pages": [],
            "private": false,
            "repo_id": 50396703,
            "squash_merge_commit_message": "COMMIT_MESSAGES",
            "squash_merge_commit_title": "COMMIT_OR_PR_TITLE",
            "ssh_clone_url": "git@github.com:amylum/coreutils.git",
            "svn_url": "https://github.com/amylum/coreutils",
            "template": [],
            "topics": [],
            "visibility": "public"
          },
          "sensitive_attributes": []
        },
        {
          "index_key": "amylum/cryptsetup",
          "schema_version": 0,
          "attributes": {
            "allow_auto_merge": false,
            "allow_merge_commit": true,
            "allow_rebase_merge": true,
            "allow_squash_merge": true,
            "archived": false,
            "default_branch": "main",
            "description": "Package for cryptsetup",
            "fork": false,
            "full_name": "amylum/cryptsetup",
            "git_clone_url": "git://github.com/amylum/cryptsetup.git",
            "has_discussions": false,
            "has_downloads": true,
            "has_issues": true,
            "has_projects": true,
            "has_wiki": false,
            "homepage_url": "",
            "html_url": "https://github.com/amylum/cryptsetup",
            "http_clone_url": "https://github.com/amylum/cryptsetup.git",
            "id": "cryptsetup",
            "is_template": false,
            "merge_commit_message": "PR_TITLE",
            "merge_commit_title": "MERGE_MESSAGE",
            "name": "cryptsetup",
            "node_id": "MDEwOlJlcG9zaXRvcnk2NTE3MDUzMw==",
            "pages": [],
            "private": false,
            "repo_id": 65170533,
            "squash_merge_commit_message": "COMMIT_MESSAGES",
            "squash_merge_commit_title": "COMMIT_OR_PR_TITLE",
            "ssh_clone_url": "git@github.com:amylum/cryptsetup.git",
            "svn_url": "https://github.com/amylum/cryptsetup",
            "template": [],
            "topics": [],
            "visibility": "public"
          },
          "sensitive_attributes": []
        },
        {
          "index_key": "amylum/curl",
          "schema_version": 0,
          "attributes": {
            "allow_auto_merge": false,
            "allow_merge_commit": true,
            "allow_rebase_merge": true,
            "allow_squash_merge": true,
            "archived": false,
            "default_branch": "main",
            "description": "Package for curl",
            "fork": false,
            "full_name": "amylum/curl",
            "git_clone_url": "git://github.com/amylum/curl.git",
            "has_discussions": false,
            "has_downloads": true,
            "has_issues": true,
            "has_projects": true,
            "has_wiki": false,
            "homepage_url": "",
            "html_url": "https://github.com/amylum/curl",
            "http_clone_url": "https://github.com/amylum/curl.git",
            "id": "curl",
            "is_template": false,
            "merge_commit_message": "PR_TITLE",
            "merge_commit_title": "MERGE_MESSAGE",
            "name": "curl",
            "node_id": "MDEwOlJlcG9zaXRvcnk0NTc5MTk3Nw==",
            "pages": [],
            "private": false,
            "repo_id": 45791977,
            "squash_merge_commit_message": "COMMIT_MESSAGES",
            "squash_merge_commit_title": "COMMIT_OR_PR_TITLE",
            "ssh_clone_url": "git@github.com:amylum/curl.git",
            "svn_url": "https://github.com/amylum/curl",
            "template": [],
            "topics": [],
            "visibility": "public"
          },
          "sensitive_attributes": []
        },
        {
          "index_key": "amylum/docker",
          "schema_version": 0,
          "attributes": {
            "allow_auto_merge": false,
            "allow_merge_commit": true,
            "allow_rebase_merge": true,
            "allow_squash_merge": true,
            "archived": false,
            "default_branch": "main",
            "description": "Package builder for https://github.com/docker/docker",
            "fork": false,
            "full_name": "amylum/docker",
            "git_clone_url": "git://github.com/amylum/docker.git",
            "has_discussions": false,
            "has_downloads": true,
            "has_issues": true,
            "has_projects": true,
            "has_wiki": false,
            "homepage_url": "",
            "html_url": "https://github.com/amylum/docker",
            "http_clone_url": "https://github.com/amylum/docker.git",
            "id": "docker",
            "is_template": false,
            "merge_commit_message": "PR_TITLE",
            "merge_commit_title": "MERGE_MESSAGE",
            "name": "docker",
            "node_id": "MDEwOlJlcG9zaXRvcnkyODYxNjY0Ng==",
            "pages": [],
            "private": false,
            "repo_id": 28616646,
            "squash_merge_commit_message": "COMMIT_MESSAGES",
            "squash_merge_commit_title": "COMMIT_OR_PR_TITLE",
            "ssh_clone_url": "git@github.com:amylum/docker.git",
            "svn_url": "https://github.com/amylum/docker",
            "template": [],
            "topics": [],
            "visibility": "public"
          },
          "sensitive_attributes": []
        },
        {
          "index_key": "amylum/elfutils",
          "schema_version": 0,
          "attributes": {
            "allow_auto_merge": false,
            "allow_merge_commit": true,
            "allow_rebase_merge": true,
            "allow_squash_merge": true,
            "archived": false,
            "default_branch": "main",
            "description": "Package repo for elfutils",
            "fork": false,
            "full_name": "amylum/elfutils",
            "git_clone_url": "git://github.com/amylum/elfutils.git",
            "has_discussions": false,
            "has_downloads": true,
            "has_issues": true,
            "has_projects": true,
            "has_wiki": false,
            "homepage_url": "",
            "html_url": "https://github.com/amylum/elfutils",
            "http_clone_url": "https://github.com/amylum/elfutils.git",
            "id": "elfutils",
            "is_template": false,
            "merge_commit_message": "PR_TITLE",
            "merge_commit_title": "MERGE_MESSAGE",
            "name": "elfutils",
            "node_id": "MDEwOlJlcG9zaXRvcnkxMjA5MTE2NzQ=",
            "pages": [],
            "private": false,
            "repo_id": 120911674,
            "squash_merge_commit_message": "COMMIT_MESSAGES",
            "squash_merge_commit_title": "COMMIT_OR_PR_TITLE",
            "ssh_clone_url": "git@github.com:amylum/elfutils.git",
            "svn_url": "https://github.com/amylum/elfutils",
            "template": [],
            "topics": [],
            "visibility": "public"
          },
          "sensitive_attributes": []
        },
        {
          "index_key": "amylum/execline",
          "schema_version": 0,
          "attributes": {
            "allow_auto_merge": false,
            "allow_merge_commit": true,
            "allow_rebase_merge": true,
            "allow_squash_merge": true,
            "archived": false,
            "default_branch": "main",
            "description": "Package from http://www.skarnet.org/software/execline/",
            "fork": false,
            "full_name": "amylum/execline",
            "git_clone_url": "git://github.com/amylum/execline.git",
            "has_discussions": false,
            "has_downloads": true,
            "has_issues": true,
            "has_projects": true,
            "has_wiki": false,
            "homepage_url": "",
            "html_url": "https://github.com/amylum/execline",
            "http_clone_url": "https://github.com/amylum/execline.git",
            "id": "execline",
            "is_template": false,
            "merge_commit_message": "PR_TITLE",
            "merge_commit_title": "MERGE_MESSAGE",
            "name": "execline",
            "node_id": "MDEwOlJlcG9zaXRvcnkyMDAwMTk5OQ==",
            "pages": [],
            "private": false,
            "repo_id": 20001999,
            "squash_merge_commit_message": "COMMIT_MESSAGES",
            "squash_merge_commit_title": "COMMIT_OR_PR_TITLE",
            "ssh_clone_url": "git@github.com:amylum/execline.git",
            "svn_url": "https://github.com/amylum/execline",
            "template": [],
            "topics": [],
            "visibility": "public"
          },
          "sensitive_attributes": []
        },
        {
          "index_key": "amylum/findutils",
          "schema_version": 0,
          "attributes": {
            "allow_auto_merge": false,
            "allow_merge_commit": true,
            "allow_rebase_merge": true,
            "allow_squash_merge": true,
            "archived": false,
            "default_branch": "main",
            "description": "Package for findutils",
            "fork": false,
            "full_name": "amylum/findutils",
            "git_clone_url": "git://github.com/amylum/findutils.git",
            "has_discussions": false,
            "has_downloads": true,
            "has_issues": true,
            "has_projects": true,
            "has_wiki": false,
            "homepage_url": "",
            "html_url": "https://github.com/amylum/findutils",
            "http_clone_url": "https://github.com/amylum/findutils.git",
            "id": "findutils",
            "is_template": false,
            "merge_commit_message": "PR_TITLE",
            "merge_commit_title": "MERGE_MESSAGE",
            "name": "findutils",
            "node_id": "MDEwOlJlcG9zaXRvcnk0MTY1MzQyNg==",
            "pages": [],
            "private": false,
            "repo_id": 41653426,
            "squash_merge_commit_message": "COMMIT_MESSAGES",
            "squash_merge_commit_title": "COMMIT_OR_PR_TITLE",
            "ssh_clone_url": "git@github.com:amylum/findutils.git",
            "svn_url": "https://github.com/amylum/findutils",
            "template": [],
            "topics": [],
            "visibility": "public"
          },
          "sensitive_attributes": []
        },
        {
          "index_key": "amylum/fts",
          "schema_version": 0,
          "attributes": {
            "allow_auto_merge": false,
            "allow_merge_commit": true,
            "allow_rebase_merge": true,
            "allow_squash_merge": true,
            "archived": false,
            "default_branch": "main",
            "description": "Package repo for fts",
            "fork": false,
            "full_name": "amylum/fts",
            "git_clone_url": "git://github.com/amylum/fts.git",
            "has_discussions": false,
            "has_downloads": true,
            "has_issues": true,
            "has_projects": true,
            "has_wiki": false,
            "homepage_url": "",
            "html_url": "https://github.com/amylum/fts",
            "http_clone_url": "https://github.com/amylum/fts.git",
            "id": "fts",
            "is_template": false,
            "merge_commit_message": "PR_TITLE",
            "merge_commit_title": "MERGE_MESSAGE",
            "name": "fts",
            "node_id": "MDEwOlJlcG9zaXRvcnkxMjU2NTQwMzg=",
            "pages": [],
            "private": false,
            "repo_id": 125654038,
            "squash_merge_commit_message": "COMMIT_MESSAGES",
            "squash_merge_commit_title": "COMMIT_OR_PR_TITLE",
            "ssh_clone_url": "git@github.com:amylum/fts.git",
            "svn_url": "https://github.com/amylum/fts",
            "template": [],
            "topics": [],
            "visibility": "public"
          },
          "sensitive_attributes": []
        },
        {
          "index_key": "amylum/fwknop",
          "schema_version": 0,
          "attributes": {
            "allow_auto_merge": false,
            "allow_merge_commit": true,
            "allow_rebase_merge": true,
            "allow_squash_merge": true,
            "archived": false,
            "default_branch": "main",
            "description": "Package for fwknop",
            "fork": false,
            "full_name": "amylum/fwknop",
            "git_clone_url": "git://github.com/amylum/fwknop.git",
            "has_discussions": false,
            "has_downloads": true,
            "has_issues": true,
            "has_projects": true,
            "has_wiki": false,
            "homepage_url": "",
            "html_url": "https://github.com/amylum/fwknop",
            "http_clone_url": "https://github.com/amylum/fwknop.git",
            "id": "fwknop",
            "is_template": false,
            "merge_commit_message": "PR_TITLE",
            "merge_commit_title": "MERGE_MESSAGE",
            "name": "fwknop",
            "node_id": "MDEwOlJlcG9zaXRvcnk1NTkwOTczOQ==",
            "pages": [],
            "private": false,
            "repo_id": 55909739,
            "squash_merge_commit_message": "COMMIT_MESSAGES",
            "squash_merge_commit_title": "COMMIT_OR_PR_TITLE",
            "ssh_clone_url": "git@github.com:amylum/fwknop.git",
            "svn_url": "https://github.com/amylum/fwknop",
            "template": [],
            "topics": [],
            "visibility": "public"
          },
          "sensitive_attributes": []
        },
        {
          "index_key": "amylum/gc",
          "schema_version": 0,
          "attributes": {
            "allow_auto_merge": false,
            "allow_merge_commit": true,
            "allow_rebase_merge": true,
            "allow_squash_merge": true,
            "archived": false,
            "default_branch": "main",
            "description": "Package for gc",
            "fork": false,
            "full_name": "amylum/gc",
            "git_clone_url": "git://github.com/amylum/gc.git",
            "has_discussions": false,
            "has_downloads": true,
            "has_issues": true,
            "has_projects": true,
            "has_wiki": false,
            "homepage_url": "",
            "html_url": "https://github.com/amylum/gc",
            "http_clone_url": "https://github.com/amylum/gc.git",
            "id": "gc",
            "is_template": false,
            "merge_commit_message": "PR_TITLE",
            "merge_commit_title": "MERGE_MESSAGE",
            "name": "gc",
            "node_id": "MDEwOlJlcG9zaXRvcnk0NjI1MDQxNw==",
            "pages": [],
            "private": false,
            "repo_id": 46250417,
            "squash_merge_commit_message": "COMMIT_MESSAGES",
            "squash_merge_commit_title": "COMMIT_OR_PR_TITLE",
            "ssh_clone_url": "git@github.com:amylum/gc.git",
            "svn_url": "https://github.com/amylum/gc",
            "template": [],
            "topics": [],
            "visibility": "public"
          },
          "sensitive_attributes": []
        },
        {
          "index_key": "amylum/gcc",
          "schema_version": 0,
          "attributes": {
            "allow_auto_merge": false,
            "allow_merge_commit": true,
            "allow_rebase_merge": true,
            "allow_squash_merge": true,
            "archived": false,
            "default_branch": "main",
            "description": "Package for gcc",
            "fork": false,
            "full_name": "amylum/gcc",
            "git_clone_url": "git://github.com/amylum/gcc.git",
            "has_discussions": false,
            "has_downloads": true,
            "has_issues": true,
            "has_projects": true,
            "has_wiki": false,
            "homepage_url": "",
            "html_url": "https://github.com/amylum/gcc",
            "http_clone_url": "https://github.com/amylum/gcc.git",
            "id": "gcc",
            "is_template": false,
            "merge_commit_message": "PR_TITLE",
            "merge_commit_title": "MERGE_MESSAGE",
            "name": "gcc",
            "node_id": "MDEwOlJlcG9zaXRvcnkxNDI3MjM5MDA=",
            "pages": [],
            "private": false,
            "repo_id": 142723900,
            "squash_merge_commit_message": "COMMIT_MESSAGES",
            "squash_merge_commit_title": "COMMIT_OR_PR_TITLE",
            "ssh_clone_url": "git@github.com:amylum/gcc.git",
            "svn_url": "https://github.com/amylum/gcc",
            "template": [],
            "topics": [],
            "visibility": "public"
          },
          "sensitive_attributes": []
        },
        {
          "index_key": "amylum/git",
          "schema_version": 0,
          "attributes": {
            "allow_auto_merge": false,
            "allow_merge_commit": true,
            "allow_rebase_merge": true,
            "allow_squash_merge": true,
            "archived": false,
            "default_branch": "main",
            "description": "Package for git",
            "fork": false,
            "full_name": "amylum/git",
            "git_clone_url": "git://github.com/amylum/git.git",
            "has_discussions": false,
            "has_downloads": true,
            "has_issues": true,
            "has_projects": true,
            "has_wiki": false,
            "homepage_url": "",
            "html_url": "https://github.com/amylum/git",
            "http_clone_url": "https://github.com/amylum/git.git",
            "id": "git",
            "is_template": false,
            "merge_commit_message": "PR_TITLE",
            "merge_commit_title": "MERGE_MESSAGE",
            "name": "git",
            "node_id": "MDEwOlJlcG9zaXRvcnk0Njg3MTIyNQ==",
            "pages": [],
            "private": false,
            "repo_id": 46871225,
            "squash_merge_commit_message": "COMMIT_MESSAGES",
            "squash_merge_commit_title": "COMMIT_OR_PR_TITLE",
            "ssh_clone_url": "git@github.com:amylum/git.git",
            "svn_url": "https://github.com/amylum/git",
            "template": [],
            "topics": [],
            "visibility": "public"
          },
          "sensitive_attributes": []
        },
        {
          "index_key": "amylum/gmp",
          "schema_version": 0,
          "attributes": {
            "allow_auto_merge": false,
            "allow_merge_commit": true,
            "allow_rebase_merge": true,
            "allow_squash_merge": true,
            "archived": false,
            "default_branch": "main",
            "description": "Package for gmp",
            "fork": false,
            "full_name": "amylum/gmp",
            "git_clone_url": "git://github.com/amylum/gmp.git",
            "has_discussions": false,
            "has_downloads": true,
            "has_issues": true,
            "has_projects": true,
            "has_wiki": false,
            "homepage_url": "",
            "html_url": "https://github.com/amylum/gmp",
            "http_clone_url": "https://github.com/amylum/gmp.git",
            "id": "gmp",
            "is_template": false,
            "merge_commit_message": "PR_TITLE",
            "merge_commit_title": "MERGE_MESSAGE",
            "name": "gmp",
            "node_id": "MDEwOlJlcG9zaXRvcnk0NTk0OTU5Mw==",
            "pages": [],
            "private": false,
            "repo_id": 45949593,
            "squash_merge_commit_message": "COMMIT_MESSAGES",
            "squash_merge_commit_title": "COMMIT_OR_PR_TITLE",
            "ssh_clone_url": "git@github.com:amylum/gmp.git",
            "svn_url": "https://github.com/amylum/gmp",
            "template": [],
            "topics": [],
            "visibility": "public"
          },
          "sensitive_attributes": []
        },
        {
          "index_key": "amylum/gnupg",
          "schema_version": 0,
          "attributes": {
            "allow_auto_merge": false,
            "allow_merge_commit": true,
            "allow_rebase_merge": true,
            "allow_squash_merge": true,
            "archived": false,
            "default_branch": "main",
            "description": "Package for gnupg",
            "fork": false,
            "full_name": "amylum/gnupg",
            "git_clone_url": "git://github.com/amylum/gnupg.git",
            "has_discussions": false,
            "has_downloads": true,
            "has_issues": true,
            "has_projects": true,
            "has_wiki": false,
            "homepage_url": "",
            "html_url": "https://github.com/amylum/gnupg",
            "http_clone_url": "https://github.com/amylum/gnupg.git",
            "id": "gnupg",
            "is_template": false,
            "merge_commit_message": "PR_TITLE",
            "merge_commit_title": "MERGE_MESSAGE",
            "name": "gnupg",
            "node_id": "MDEwOlJlcG9zaXRvcnk0NTgxMDg0Nw==",
            "pages": [],
            "private": false,
            "repo_id": 45810847,
            "squash_merge_commit_message": "COMMIT_MESSAGES",
            "squash_merge_commit_title": "COMMIT_OR_PR_TITLE",
            "ssh_clone_url": "git@github.com:amylum/gnupg.git",
            "svn_url": "https://github.com/amylum/gnupg",
            "template": [],
            "topics": [],
            "visibility": "public"
          },
          "sensitive_attributes": []
        },
        {
          "index_key": "amylum/gnutls",
          "schema_version": 0,
          "attributes": {
            "allow_auto_merge": false,
            "allow_merge_commit": true,
            "allow_rebase_merge": true,
            "allow_squash_merge": true,
            "archived": false,
            "default_branch": "main",
            "description": "Package for gnutls",
            "fork": false,
            "full_name": "amylum/gnutls",
            "git_clone_url": "git://github.com/amylum/gnutls.git",
            "has_discussions": false,
            "has_downloads": true,
            "has_issues": true,
            "has_projects": true,
            "has_wiki": false,
            "homepage_url": "",
            "html_url": "https://github.com/amylum/gnutls",
            "http_clone_url": "https://github.com/amylum/gnutls.git",
            "id": "gnutls",
            "is_template": false,
            "merge_commit_message": "PR_TITLE",
            "merge_commit_title": "MERGE_MESSAGE",
            "name": "gnutls",
            "node_id": "MDEwOlJlcG9zaXRvcnk0NTg3NzUzNA==",
            "pages": [],
            "private": false,
            "repo_id": 45877534,
            "squash_merge_commit_message": "COMMIT_MESSAGES",
            "squash_merge_commit_title": "COMMIT_OR_PR_TITLE",
            "ssh_clone_url": "git@github.com:amylum/gnutls.git",
            "svn_url": "https://github.com/amylum/gnutls",
            "template": [],
            "topics": [],
            "visibility": "public"
          },
          "sensitive_attributes": []
        },
        {
          "index_key": "amylum/google-authenticator",
          "schema_version": 0,
          "attributes": {
            "allow_auto_merge": false,
            "allow_merge_commit": true,
            "allow_rebase_merge": true,
            "allow_squash_merge": true,
            "archived": false,
            "default_branch": "main",
            "description": "Package of the libpam portion of Google's 2 factor auth code",
            "fork": false,
            "full_name": "amylum/google-authenticator",
            "git_clone_url": "git://github.com/amylum/google-authenticator.git",
            "has_discussions": false,
            "has_downloads": true,
            "has_issues": true,
            "has_projects": true,
            "has_wiki": false,
            "homepage_url": "https://github.com/google/google-authenticator",
            "html_url": "https://github.com/amylum/google-authenticator",
            "http_clone_url": "https://github.com/amylum/google-authenticator.git",
            "id": "google-authenticator",
            "is_template": false,
            "merge_commit_message": "PR_TITLE",
            "merge_commit_title": "MERGE_MESSAGE",
            "name": "google-authenticator",
            "node_id": "MDEwOlJlcG9zaXRvcnk2NzIyMjI4",
            "pages": [],
            "private": false,
            "repo_id": 6722228,
            "squash_merge_commit_message": "COMMIT_MESSAGES",
            "squash_merge_commit_title": "COMMIT_OR_PR_TITLE",
            "ssh_clone_url": "git@github.com:amylum/google-authenticator.git",
            "svn_url": "https://github.com/amylum/google-authenticator",
            "template": [],
            "topics": [],
            "visibility": "public"
          },
          "sensitive_attributes": []
        },
        {
          "index_key": "amylum/gpgme",
          "schema_version": 0,
          "attributes": {
            "allow_auto_merge": false,
            "allow_merge_commit": true,
            "allow_rebase_merge": true,
            "allow_squash_merge": true,
            "archived": false,
            "default_branch": "main",
            "description": "Package for gpgme",
            "fork": false,
            "full_name": "amylum/gpgme",
            "git_clone_url": "git://github.com/amylum/gpgme.git",
            "has_discussions": false,
            "has_downloads": true,
            "has_issues": true,
            "has_projects": true,
            "has_wiki": false,
            "homepage_url": "",
            "html_url": "https://github.com/amylum/gpgme",
            "http_clone_url": "https://github.com/amylum/gpgme.git",
            "id": "gpgme",
            "is_template": false,
            "merge_commit_message": "PR_TITLE",
            "merge_commit_title": "MERGE_MESSAGE",
            "name": "gpgme",
            "node_id": "MDEwOlJlcG9zaXRvcnk0NTc5NzEwNw==",
            "pages": [],
            "private": false,
            "repo_id": 45797107,
            "squash_merge_commit_message": "COMMIT_MESSAGES",
            "squash_merge_commit_title": "COMMIT_OR_PR_TITLE",
            "ssh_clone_url": "git@github.com:amylum/gpgme.git",
            "svn_url": "https://github.com/amylum/gpgme",
            "template": [],
            "topics": [],
            "visibility": "public"
          },
          "sensitive_attributes": []
        },
        {
          "index_key": "amylum/grep",
          "schema_version": 0,
          "attributes": {
            "allow_auto_merge": false,
            "allow_merge_commit": true,
            "allow_rebase_merge": true,
            "allow_squash_merge": true,
            "archived": false,
            "default_branch": "main",
            "description": "Package for grep",
            "fork": false,
            "full_name": "amylum/grep",
            "git_clone_url": "git://github.com/amylum/grep.git",
            "has_discussions": false,
            "has_downloads": true,
            "has_issues": true,
            "has_projects": true,
            "has_wiki": false,
            "homepage_url": "",
            "html_url": "https://github.com/amylum/grep",
            "http_clone_url": "https://github.com/amylum/grep.git",
            "id": "grep",
            "is_template": false,
            "merge_commit_message": "PR_TITLE",
            "merge_commit_title": "MERGE_MESSAGE",
            "name": "grep",
            "node_id": "MDEwOlJlcG9zaXRvcnk0Njg4MDg0Mg==",
            "pages": [],
            "private": false,
            "repo_id": 46880842,
            "squash_merge_commit_message": "COMMIT_MESSAGES",
            "squash_merge_commit_title": "COMMIT_OR_PR_TITLE",
            "ssh_clone_url": "git@github.com:amylum/grep.git",
            "svn_url": "https://github.com/amylum/grep",
            "template": [],
            "topics": [],
            "visibility": "public"
          },
          "sensitive_attributes": []
        },
        {
          "index_key": "amylum/gtk-doc",
          "schema_version": 0,
          "attributes": {
            "allow_auto_merge": false,
            "allow_merge_commit": true,
            "allow_rebase_merge": true,
            "allow_squash_merge": true,
            "archived": false,
            "default_branch": "main",
            "description": "Package for gtk-doc",
            "fork": false,
            "full_name": "amylum/gtk-doc",
            "git_clone_url": "git://github.com/amylum/gtk-doc.git",
            "has_discussions": false,
            "has_downloads": true,
            "has_issues": true,
            "has_projects": true,
            "has_wiki": true,
            "homepage_url": "",
            "html_url": "https://github.com/amylum/gtk-doc",
            "http_clone_url": "https://github.com/amylum/gtk-doc.git",
            "id": "gtk-doc",
            "is_template": false,
            "merge_commit_message": "PR_TITLE",
            "merge_commit_title": "MERGE_MESSAGE",
            "name": "gtk-doc",
            "node_id": "MDEwOlJlcG9zaXRvcnkxMjc5OTg2MjM=",
            "pages": [],
            "private": false,
            "repo_id": 127998623,
            "squash_merge_commit_message": "COMMIT_MESSAGES",
            "squash_merge_commit_title": "COMMIT_OR_PR_TITLE",
            "ssh_clone_url": "git@github.com:amylum/gtk-doc.git",
            "svn_url": "https://github.com/amylum/gtk-doc",
            "template": [],
            "topics": [],
            "visibility": "public"
          },
          "sensitive_attributes": []
        },
        {
          "index_key": "amylum/guile",
          "schema_version": 0,
          "attributes": {
            "allow_auto_merge": false,
            "allow_merge_commit": true,
            "allow_rebase_merge": true,
            "allow_squash_merge": true,
            "archived": false,
            "default_branch": "main",
            "description": "Package for guile",
            "fork": false,
            "full_name": "amylum/guile",
            "git_clone_url": "git://github.com/amylum/guile.git",
            "has_discussions": false,
            "has_downloads": true,
            "has_issues": true,
            "has_projects": true,
            "has_wiki": false,
            "homepage_url": "",
            "html_url": "https://github.com/amylum/guile",
            "http_clone_url": "https://github.com/amylum/guile.git",
            "id": "guile",
            "is_template": false,
            "merge_commit_message": "PR_TITLE",
            "merge_commit_title": "MERGE_MESSAGE",
            "name": "guile",
            "node_id": "MDEwOlJlcG9zaXRvcnk0NjI0MDIxMQ==",
            "pages": [],
            "private": false,
            "repo_id": 46240211,
            "squash_merge_commit_message": "COMMIT_MESSAGES",
            "squash_merge_commit_title": "COMMIT_OR_PR_TITLE",
            "ssh_clone_url": "git@github.com:amylum/guile.git",
            "svn_url": "https://github.com/amylum/guile",
            "template": [],
            "topics": [],
            "visibility": "public"
          },
          "sensitive_attributes": []
        },
        {
          "index_key": "amylum/gzip",
          "schema_version": 0,
          "attributes": {
            "allow_auto_merge": false,
            "allow_merge_commit": true,
            "allow_rebase_merge": true,
            "allow_squash_merge": true,
            "archived": false,
            "default_branch": "main",
            "description": "Package for gzip",
            "fork": false,
            "full_name": "amylum/gzip",
            "git_clone_url": "git://github.com/amylum/gzip.git",
            "has_discussions": false,
            "has_downloads": true,
            "has_issues": true,
            "has_projects": true,
            "has_wiki": false,
            "homepage_url": "",
            "html_url": "https://github.com/amylum/gzip",
            "http_clone_url": "https://github.com/amylum/gzip.git",
            "id": "gzip",
            "is_template": false,
            "merge_commit_message": "PR_TITLE",
            "merge_commit_title": "MERGE_MESSAGE",
            "name": "gzip",
            "node_id": "MDEwOlJlcG9zaXRvcnk0Njg5NzQ5OQ==",
            "pages": [],
            "private": false,
            "repo_id": 46897499,
            "squash_merge_commit_message": "COMMIT_MESSAGES",
            "squash_merge_commit_title": "COMMIT_OR_PR_TITLE",
            "ssh_clone_url": "git@github.com:amylum/gzip.git",
            "svn_url": "https://github.com/amylum/gzip",
            "template": [],
            "topics": [],
            "visibility": "public"
          },
          "sensitive_attributes": []
        },
        {
          "index_key": "amylum/iana-etc",
          "schema_version": 0,
          "attributes": {
            "allow_auto_merge": false,
            "allow_merge_commit": true,
            "allow_rebase_merge": true,
            "allow_squash_merge": true,
            "archived": false,
            "default_branch": "main",
            "description": "Package for iana-etc",
            "fork": false,
            "full_name": "amylum/iana-etc",
            "git_clone_url": "git://github.com/amylum/iana-etc.git",
            "has_discussions": false,
            "has_downloads": true,
            "has_issues": true,
            "has_projects": true,
            "has_wiki": false,
            "homepage_url": "",
            "html_url": "https://github.com/amylum/iana-etc",
            "http_clone_url": "https://github.com/amylum/iana-etc.git",
            "id": "iana-etc",
            "is_template": false,
            "merge_commit_message": "PR_TITLE",
            "merge_commit_title": "MERGE_MESSAGE",
            "name": "iana-etc",
            "node_id": "MDEwOlJlcG9zaXRvcnk1MTI3ODE2NA==",
            "pages": [],
            "private": false,
            "repo_id": 51278164,
            "squash_merge_commit_message": "COMMIT_MESSAGES",
            "squash_merge_commit_title": "COMMIT_OR_PR_TITLE",
            "ssh_clone_url": "git@github.com:amylum/iana-etc.git",
            "svn_url": "https://github.com/amylum/iana-etc",
            "template": [],
            "topics": [],
            "visibility": "public"
          },
          "sensitive_attributes": []
        },
        {
          "index_key": "amylum/icu",
          "schema_version": 0,
          "attributes": {
            "allow_auto_merge": false,
            "allow_merge_commit": true,
            "allow_rebase_merge": true,
            "allow_squash_merge": true,
            "archived": false,
            "default_branch": "main",
            "description": "Package for icu",
            "fork": false,
            "full_name": "amylum/icu",
            "git_clone_url": "git://github.com/amylum/icu.git",
            "has_discussions": false,
            "has_downloads": true,
            "has_issues": true,
            "has_projects": true,
            "has_wiki": true,
            "homepage_url": "",
            "html_url": "https://github.com/amylum/icu",
            "http_clone_url": "https://github.com/amylum/icu.git",
            "id": "icu",
            "is_template": false,
            "merge_commit_message": "PR_TITLE",
            "merge_commit_title": "MERGE_MESSAGE",
            "name": "icu",
            "node_id": "MDEwOlJlcG9zaXRvcnkxNDE4NDEwMTc=",
            "pages": [],
            "private": false,
            "repo_id": 141841017,
            "squash_merge_commit_message": "COMMIT_MESSAGES",
            "squash_merge_commit_title": "COMMIT_OR_PR_TITLE",
            "ssh_clone_url": "git@github.com:amylum/icu.git",
            "svn_url": "https://github.com/amylum/icu",
            "template": [],
            "topics": [],
            "visibility": "public"
          },
          "sensitive_attributes": []
        },
        {
          "index_key": "amylum/inetutils",
          "schema_version": 0,
          "attributes": {
            "allow_auto_merge": false,
            "allow_merge_commit": true,
            "allow_rebase_merge": true,
            "allow_squash_merge": true,
            "archived": false,
            "default_branch": "main",
            "description": "Package for inetutils",
            "fork": false,
            "full_name": "amylum/inetutils",
            "git_clone_url": "git://github.com/amylum/inetutils.git",
            "has_discussions": false,
            "has_downloads": true,
            "has_issues": true,
            "has_projects": true,
            "has_wiki": false,
            "homepage_url": "",
            "html_url": "https://github.com/amylum/inetutils",
            "http_clone_url": "https://github.com/amylum/inetutils.git",
            "id": "inetutils",
            "is_template": false,
            "merge_commit_message": "PR_TITLE",
            "merge_commit_title": "MERGE_MESSAGE",
            "name": "inetutils",
            "node_id": "MDEwOlJlcG9zaXRvcnk2NTE2OTMyNw==",
            "pages": [],
            "private": false,
            "repo_id": 65169327,
            "squash_merge_commit_message": "COMMIT_MESSAGES",
            "squash_merge_commit_title": "COMMIT_OR_PR_TITLE",
            "ssh_clone_url": "git@github.com:amylum/inetutils.git",
            "svn_url": "https://github.com/amylum/inetutils",
            "template": [],
            "topics": [],
            "visibility": "public"
          },
          "sensitive_attributes": []
        },
        {
          "index_key": "amylum/iproute2",
          "schema_version": 0,
          "attributes": {
            "allow_auto_merge": false,
            "allow_merge_commit": true,
            "allow_rebase_merge": true,
            "allow_squash_merge": true,
            "archived": false,
            "default_branch": "main",
            "description": "Package for iproute2",
            "fork": false,
            "full_name": "amylum/iproute2",
            "git_clone_url": "git://github.com/amylum/iproute2.git",
            "has_discussions": false,
            "has_downloads": true,
            "has_issues": true,
            "has_projects": true,
            "has_wiki": false,
            "homepage_url": "",
            "html_url": "https://github.com/amylum/iproute2",
            "http_clone_url": "https://github.com/amylum/iproute2.git",
            "id": "iproute2",
            "is_template": false,
            "merge_commit_message": "PR_TITLE",
            "merge_commit_title": "MERGE_MESSAGE",
            "name": "iproute2",
            "node_id": "MDEwOlJlcG9zaXRvcnk1MDc5NTkzNA==",
            "pages": [],
            "private": false,
            "repo_id": 50795934,
            "squash_merge_commit_message": "COMMIT_MESSAGES",
            "squash_merge_commit_title": "COMMIT_OR_PR_TITLE",
            "ssh_clone_url": "git@github.com:amylum/iproute2.git",
            "svn_url": "https://github.com/amylum/iproute2",
            "template": [],
            "topics": [],
            "visibility": "public"
          },
          "sensitive_attributes": []
        },
        {
          "index_key": "amylum/iptables",
          "schema_version": 0,
          "attributes": {
            "allow_auto_merge": false,
            "allow_merge_commit": true,
            "allow_rebase_merge": true,
            "allow_squash_merge": true,
            "archived": false,
            "default_branch": "main",
            "description": "Package for iptables",
            "fork": false,
            "full_name": "amylum/iptables",
            "git_clone_url": "git://github.com/amylum/iptables.git",
            "has_discussions": false,
            "has_downloads": true,
            "has_issues": true,
            "has_projects": true,
            "has_wiki": false,
            "homepage_url": "",
            "html_url": "https://github.com/amylum/iptables",
            "http_clone_url": "https://github.com/amylum/iptables.git",
            "id": "iptables",
            "is_template": false,
            "merge_commit_message": "PR_TITLE",
            "merge_commit_title": "MERGE_MESSAGE",
            "name": "iptables",
            "node_id": "MDEwOlJlcG9zaXRvcnk0MTY0NzczMw==",
            "pages": [],
            "private": false,
            "repo_id": 41647733,
            "squash_merge_commit_message": "COMMIT_MESSAGES",
            "squash_merge_commit_title": "COMMIT_OR_PR_TITLE",
            "ssh_clone_url": "git@github.com:amylum/iptables.git",
            "svn_url": "https://github.com/amylum/iptables",
            "template": [],
            "topics": [],
            "visibility": "public"
          },
          "sensitive_attributes": []
        },
        {
          "index_key": "amylum/iputils",
          "schema_version": 0,
          "attributes": {
            "allow_auto_merge": false,
            "allow_merge_commit": true,
            "allow_rebase_merge": true,
            "allow_squash_merge": true,
            "archived": false,
            "default_branch": "main",
            "description": "Package for iputils",
            "fork": false,
            "full_name": "amylum/iputils",
            "git_clone_url": "git://github.com/amylum/iputils.git",
            "has_discussions": false,
            "has_downloads": true,
            "has_issues": true,
            "has_projects": true,
            "has_wiki": false,
            "homepage_url": "",
            "html_url": "https://github.com/amylum/iputils",
            "http_clone_url": "https://github.com/amylum/iputils.git",
            "id": "iputils",
            "is_template": false,
            "merge_commit_message": "PR_TITLE",
            "merge_commit_title": "MERGE_MESSAGE",
            "name": "iputils",
            "node_id": "MDEwOlJlcG9zaXRvcnk1MDc5ODk1NA==",
            "pages": [],
            "private": false,
            "repo_id": 50798954,
            "squash_merge_commit_message": "COMMIT_MESSAGES",
            "squash_merge_commit_title": "COMMIT_OR_PR_TITLE",
            "ssh_clone_url": "git@github.com:amylum/iputils.git",
            "svn_url": "https://github.com/amylum/iputils",
            "template": [],
            "topics": [],
            "visibility": "public"
          },
          "sensitive_attributes": []
        },
        {
          "index_key": "amylum/krb5",
          "schema_version": 0,
          "attributes": {
            "allow_auto_merge": false,
            "allow_merge_commit": true,
            "allow_rebase_merge": true,
            "allow_squash_merge": true,
            "archived": false,
            "default_branch": "main",
            "description": "Package for krb5",
            "fork": false,
            "full_name": "amylum/krb5",
            "git_clone_url": "git://github.com/amylum/krb5.git",
            "has_discussions": false,
            "has_downloads": true,
            "has_issues": true,
            "has_projects": true,
            "has_wiki": false,
            "homepage_url": "",
            "html_url": "https://github.com/amylum/krb5",
            "http_clone_url": "https://github.com/amylum/krb5.git",
            "id": "krb5",
            "is_template": false,
            "merge_commit_message": "PR_TITLE",
            "merge_commit_title": "MERGE_MESSAGE",
            "name": "krb5",
            "node_id": "MDEwOlJlcG9zaXRvcnk1MTk3Mzk4Nw==",
            "pages": [],
            "private": false,
            "repo_id": 51973987,
            "squash_merge_commit_message": "COMMIT_MESSAGES",
            "squash_merge_commit_title": "COMMIT_OR_PR_TITLE",
            "ssh_clone_url": "git@github.com:amylum/krb5.git",
            "svn_url": "https://github.com/amylum/krb5",
            "template": [],
            "topics": [],
            "visibility": "public"
          },
          "sensitive_attributes": []
        },
        {
          "index_key": "amylum/less",
          "schema_version": 0,
          "attributes": {
            "allow_auto_merge": false,
            "allow_merge_commit": true,
            "allow_rebase_merge": true,
            "allow_squash_merge": true,
            "archived": false,
            "default_branch": "main",
            "description": "Package for less",
            "fork": false,
            "full_name": "amylum/less",
            "git_clone_url": "git://github.com/amylum/less.git",
            "has_discussions": false,
            "has_downloads": true,
            "has_issues": true,
            "has_projects": true,
            "has_wiki": false,
            "homepage_url": "",
            "html_url": "https://github.com/amylum/less",
            "http_clone_url": "https://github.com/amylum/less.git",
            "id": "less",
            "is_template": false,
            "merge_commit_message": "PR_TITLE",
            "merge_commit_title": "MERGE_MESSAGE",
            "name": "less",
            "node_id": "MDEwOlJlcG9zaXRvcnk0MTY0OTg2OQ==",
            "pages": [],
            "private": false,
            "repo_id": 41649869,
            "squash_merge_commit_message": "COMMIT_MESSAGES",
            "squash_merge_commit_title": "COMMIT_OR_PR_TITLE",
            "ssh_clone_url": "git@github.com:amylum/less.git",
            "svn_url": "https://github.com/amylum/less",
            "template": [],
            "topics": [],
            "visibility": "public"
          },
          "sensitive_attributes": []
        },
        {
          "index_key": "amylum/libaio",
          "schema_version": 0,
          "attributes": {
            "allow_auto_merge": false,
            "allow_merge_commit": true,
            "allow_rebase_merge": true,
            "allow_squash_merge": true,
            "archived": false,
            "default_branch": "main",
            "description": "Package for libaio",
            "fork": false,
            "full_name": "amylum/libaio",
            "git_clone_url": "git://github.com/amylum/libaio.git",
            "has_discussions": false,
            "has_downloads": true,
            "has_issues": true,
            "has_projects": true,
            "has_wiki": false,
            "homepage_url": "",
            "html_url": "https://github.com/amylum/libaio",
            "http_clone_url": "https://github.com/amylum/libaio.git",
            "id": "libaio",
            "is_template": false,
            "merge_commit_message": "PR_TITLE",
            "merge_commit_title": "MERGE_MESSAGE",
            "name": "libaio",
            "node_id": "MDEwOlJlcG9zaXRvcnkxMzgzNTc4Mzk=",
            "pages": [],
            "private": false,
            "repo_id": 138357839,
            "squash_merge_commit_message": "COMMIT_MESSAGES",
            "squash_merge_commit_title": "COMMIT_OR_PR_TITLE",
            "ssh_clone_url": "git@github.com:amylum/libaio.git",
            "svn_url": "https://github.com/amylum/libaio",
            "template": [],
            "topics": [],
            "visibility": "public"
          },
          "sensitive_attributes": []
        },
        {
          "index_key": "amylum/libarchive",
          "schema_version": 0,
          "attributes": {
            "allow_auto_merge": false,
            "allow_merge_commit": true,
            "allow_rebase_merge": true,
            "allow_squash_merge": true,
            "archived": false,
            "default_branch": "main",
            "description": "Package for libarchive",
            "fork": false,
            "full_name": "amylum/libarchive",
            "git_clone_url": "git://github.com/amylum/libarchive.git",
            "has_discussions": false,
            "has_downloads": true,
            "has_issues": true,
            "has_projects": true,
            "has_wiki": false,
            "homepage_url": "",
            "html_url": "https://github.com/amylum/libarchive",
            "http_clone_url": "https://github.com/amylum/libarchive.git",
            "id": "libarchive",
            "is_template": false,
            "merge_commit_message": "PR_TITLE",
            "merge_commit_title": "MERGE_MESSAGE",
            "name": "libarchive",
            "node_id": "MDEwOlJlcG9zaXRvcnk0NTc5MDc2NQ==",
            "pages": [],
            "private": false,
            "repo_id": 45790765,
            "squash_merge_commit_message": "COMMIT_MESSAGES",
            "squash_merge_commit_title": "COMMIT_OR_PR_TITLE",
            "ssh_clone_url": "git@github.com:amylum/libarchive.git",
            "svn_url": "https://github.com/amylum/libarchive",
            "template": [],
            "topics": [],
            "visibility": "public"
          },
          "sensitive_attributes": []
        },
        {
          "index_key": "amylum/libargp",
          "schema_version": 0,
          "attributes": {
            "allow_auto_merge": false,
            "allow_merge_commit": true,
            "allow_rebase_merge": true,
            "allow_squash_merge": true,
            "archived": false,
            "default_branch": "main",
            "description": "Package repo for libargp",
            "fork": false,
            "full_name": "amylum/libargp",
            "git_clone_url": "git://github.com/amylum/libargp.git",
            "has_discussions": false,
            "has_downloads": true,
            "has_issues": true,
            "has_projects": true,
            "has_wiki": false,
            "homepage_url": "",
            "html_url": "https://github.com/amylum/libargp",
            "http_clone_url": "https://github.com/amylum/libargp.git",
            "id": "libargp",
            "is_template": false,
            "merge_commit_message": "PR_TITLE",
            "merge_commit_title": "MERGE_MESSAGE",
            "name": "libargp",
            "node_id": "MDEwOlJlcG9zaXRvcnkxMjA5MDg2NDM=",
            "pages": [],
            "private": false,
            "repo_id": 120908643,
            "squash_merge_commit_message": "COMMIT_MESSAGES",
            "squash_merge_commit_title": "COMMIT_OR_PR_TITLE",
            "ssh_clone_url": "git@github.com:amylum/libargp.git",
            "svn_url": "https://github.com/amylum/libargp",
            "template": [],
            "topics": [],
            "visibility": "public"
          },
          "sensitive_attributes": []
        },
        {
          "index_key": "amylum/libassuan",
          "schema_version": 0,
          "attributes": {
            "allow_auto_merge": false,
            "allow_merge_commit": true,
            "allow_rebase_merge": true,
            "allow_squash_merge": true,
            "archived": false,
            "default_branch": "main",
            "description": "Package for libassuan",
            "fork": false,
            "full_name": "amylum/libassuan",
            "git_clone_url": "git://github.com/amylum/libassuan.git",
            "has_discussions": false,
            "has_downloads": true,
            "has_issues": true,
            "has_projects": true,
            "has_wiki": false,
            "homepage_url": "",
            "html_url": "https://github.com/amylum/libassuan",
            "http_clone_url": "https://github.com/amylum/libassuan.git",
            "id": "libassuan",
            "is_template": false,
            "merge_commit_message": "PR_TITLE",
            "merge_commit_title": "MERGE_MESSAGE",
            "name": "libassuan",
            "node_id": "MDEwOlJlcG9zaXRvcnk0NTc5ODc0Nw==",
            "pages": [],
            "private": false,
            "repo_id": 45798747,
            "squash_merge_commit_message": "COMMIT_MESSAGES",
            "squash_merge_commit_title": "COMMIT_OR_PR_TITLE",
            "ssh_clone_url": "git@github.com:amylum/libassuan.git",
            "svn_url": "https://github.com/amylum/libassuan",
            "template": [],
            "topics": [],
            "visibility": "public"
          },
          "sensitive_attributes": []
        },
        {
          "index_key": "amylum/libatomic_ops",
          "schema_version": 0,
          "attributes": {
            "allow_auto_merge": false,
            "allow_merge_commit": true,
            "allow_rebase_merge": true,
            "allow_squash_merge": true,
            "archived": false,
            "default_branch": "main",
            "description": "Package for libatomic_ops",
            "fork": false,
            "full_name": "amylum/libatomic_ops",
            "git_clone_url": "git://github.com/amylum/libatomic_ops.git",
            "has_discussions": false,
            "has_downloads": true,
            "has_issues": true,
            "has_projects": true,
            "has_wiki": false,
            "homepage_url": "",
            "html_url": "https://github.com/amylum/libatomic_ops",
            "http_clone_url": "https://github.com/amylum/libatomic_ops.git",
            "id": "libatomic_ops",
            "is_template": false,
            "merge_commit_message": "PR_TITLE",
            "merge_commit_title": "MERGE_MESSAGE",
            "name": "libatomic_ops",
            "node_id": "MDEwOlJlcG9zaXRvcnk0NjI1MjAyMg==",
            "pages": [],
            "private": false,
            "repo_id": 46252022,
            "squash_merge_commit_message": "COMMIT_MESSAGES",
            "squash_merge_commit_title": "COMMIT_OR_PR_TITLE",
            "ssh_clone_url": "git@github.com:amylum/libatomic_ops.git",
            "svn_url": "https://github.com/amylum/libatomic_ops",
            "template": [],
            "topics": [],
            "visibility": "public"
          },
          "sensitive_attributes": []
        },
        {
          "index_key": "amylum/libcap",
          "schema_version": 0,
          "attributes": {
            "allow_auto_merge": false,
            "allow_merge_commit": true,
            "allow_rebase_merge": true,
            "allow_squash_merge": true,
            "archived": false,
            "default_branch": "main",
            "description": "Package for libcap",
            "fork": false,
            "full_name": "amylum/libcap",
            "git_clone_url": "git://github.com/amylum/libcap.git",
            "has_discussions": false,
            "has_downloads": true,
            "has_issues": true,
            "has_projects": true,
            "has_wiki": false,
            "homepage_url": "",
            "html_url": "https://github.com/amylum/libcap",
            "http_clone_url": "https://github.com/amylum/libcap.git",
            "id": "libcap",
            "is_template": false,
            "merge_commit_message": "PR_TITLE",
            "merge_commit_title": "MERGE_MESSAGE",
            "name": "libcap",
            "node_id": "MDEwOlJlcG9zaXRvcnk1MDgwMDg1Mg==",
            "pages": [],
            "private": false,
            "repo_id": 50800852,
            "squash_merge_commit_message": "COMMIT_MESSAGES",
            "squash_merge_commit_title": "COMMIT_OR_PR_TITLE",
            "ssh_clone_url": "git@github.com:amylum/libcap.git",
            "svn_url": "https://github.com/amylum/libcap",
            "template": [],
            "topics": [],
            "visibility": "public"
          },
          "sensitive_attributes": []
        },
        {
          "index_key": "amylum/libffi",
          "schema_version": 0,
          "attributes": {
            "allow_auto_merge": false,
            "allow_merge_commit": true,
            "allow_rebase_merge": true,
            "allow_squash_merge": true,
            "archived": false,
            "default_branch": "main",
            "description": "Package for libffi",
            "fork": false,
            "full_name": "amylum/libffi",
            "git_clone_url": "git://github.com/amylum/libffi.git",
            "has_discussions": false,
            "has_downloads": true,
            "has_issues": true,
            "has_projects": true,
            "has_wiki": false,
            "homepage_url": "",
            "html_url": "https://github.com/amylum/libffi",
            "http_clone_url": "https://github.com/amylum/libffi.git",
            "id": "libffi",
            "is_template": false,
            "merge_commit_message": "PR_TITLE",
            "merge_commit_title": "MERGE_MESSAGE",
            "name": "libffi",
            "node_id": "MDEwOlJlcG9zaXRvcnk0NjQ2MzM1Mg==",
            "pages": [],
            "private": false,
            "repo_id": 46463352,
            "squash_merge_commit_message": "COMMIT_MESSAGES",
            "squash_merge_commit_title": "COMMIT_OR_PR_TITLE",
            "ssh_clone_url": "git@github.com:amylum/libffi.git",
            "svn_url": "https://github.com/amylum/libffi",
            "template": [],
            "topics": [],
            "visibility": "public"
          },
          "sensitive_attributes": []
        },
        {
          "index_key": "amylum/libgcrypt",
          "schema_version": 0,
          "attributes": {
            "allow_auto_merge": false,
            "allow_merge_commit": true,
            "allow_rebase_merge": true,
            "allow_squash_merge": true,
            "archived": false,
            "default_branch": "main",
            "description": "Package for libgcrypt",
            "fork": false,
            "full_name": "amylum/libgcrypt",
            "git_clone_url": "git://github.com/amylum/libgcrypt.git",
            "has_discussions": false,
            "has_downloads": true,
            "has_issues": true,
            "has_projects": true,
            "has_wiki": false,
            "homepage_url": "",
            "html_url": "https://github.com/amylum/libgcrypt",
            "http_clone_url": "https://github.com/amylum/libgcrypt.git",
            "id": "libgcrypt",
            "is_template": false,
            "merge_commit_message": "PR_TITLE",
            "merge_commit_title": "MERGE_MESSAGE",
            "name": "libgcrypt",
            "node_id": "MDEwOlJlcG9zaXRvcnk0NTgxMTYzNA==",
            "pages": [],
            "private": false,
            "repo_id": 45811634,
            "squash_merge_commit_message": "COMMIT_MESSAGES",
            "squash_merge_commit_title": "COMMIT_OR_PR_TITLE",
            "ssh_clone_url": "git@github.com:amylum/libgcrypt.git",
            "svn_url": "https://github.com/amylum/libgcrypt",
            "template": [],
            "topics": [],
            "visibility": "public"
          },
          "sensitive_attributes": []
        },
        {
          "index_key": "amylum/libgpg-error",
          "schema_version": 0,
          "attributes": {
            "allow_auto_merge": false,
            "allow_merge_commit": true,
            "allow_rebase_merge": true,
            "allow_squash_merge": true,
            "archived": false,
            "default_branch": "main",
            "description": "Package for libgpg-error",
            "fork": false,
            "full_name": "amylum/libgpg-error",
            "git_clone_url": "git://github.com/amylum/libgpg-error.git",
            "has_discussions": false,
            "has_downloads": true,
            "has_issues": true,
            "has_projects": true,
            "has_wiki": false,
            "homepage_url": "",
            "html_url": "https://github.com/amylum/libgpg-error",
            "http_clone_url": "https://github.com/amylum/libgpg-error.git",
            "id": "libgpg-error",
            "is_template": false,
            "merge_commit_message": "PR_TITLE",
            "merge_commit_title": "MERGE_MESSAGE",
            "name": "libgpg-error",
            "node_id": "MDEwOlJlcG9zaXRvcnk0NTc5NzY0Ng==",
            "pages": [],
            "private": false,
            "repo_id": 45797646,
            "squash_merge_commit_message": "COMMIT_MESSAGES",
            "squash_merge_commit_title": "COMMIT_OR_PR_TITLE",
            "ssh_clone_url": "git@github.com:amylum/libgpg-error.git",
            "svn_url": "https://github.com/amylum/libgpg-error",
            "template": [],
            "topics": [],
            "visibility": "public"
          },
          "sensitive_attributes": []
        },
        {
          "index_key": "amylum/libidn",
          "schema_version": 0,
          "attributes": {
            "allow_auto_merge": false,
            "allow_merge_commit": true,
            "allow_rebase_merge": true,
            "allow_squash_merge": true,
            "archived": false,
            "default_branch": "main",
            "description": "Package for libidn",
            "fork": false,
            "full_name": "amylum/libidn",
            "git_clone_url": "git://github.com/amylum/libidn.git",
            "has_discussions": false,
            "has_downloads": true,
            "has_issues": true,
            "has_projects": true,
            "has_wiki": false,
            "homepage_url": "",
            "html_url": "https://github.com/amylum/libidn",
            "http_clone_url": "https://github.com/amylum/libidn.git",
            "id": "libidn",
            "is_template": false,
            "merge_commit_message": "PR_TITLE",
            "merge_commit_title": "MERGE_MESSAGE",
            "name": "libidn",
            "node_id": "MDEwOlJlcG9zaXRvcnk1ODkzNzUwMQ==",
            "pages": [],
            "private": false,
            "repo_id": 58937501,
            "squash_merge_commit_message": "COMMIT_MESSAGES",
            "squash_merge_commit_title": "COMMIT_OR_PR_TITLE",
            "ssh_clone_url": "git@github.com:amylum/libidn.git",
            "svn_url": "https://github.com/amylum/libidn",
            "template": [],
            "topics": [],
            "visibility": "public"
          },
          "sensitive_attributes": []
        },
        {
          "index_key": "amylum/libidn2",
          "schema_version": 0,
          "attributes": {
            "allow_auto_merge": false,
            "allow_merge_commit": true,
            "allow_rebase_merge": true,
            "allow_squash_merge": true,
            "archived": false,
            "default_branch": "main",
            "description": "Package for libidn2",
            "fork": false,
            "full_name": "amylum/libidn2",
            "git_clone_url": "git://github.com/amylum/libidn2.git",
            "has_discussions": false,
            "has_downloads": true,
            "has_issues": true,
            "has_projects": true,
            "has_wiki": true,
            "homepage_url": "",
            "html_url": "https://github.com/amylum/libidn2",
            "http_clone_url": "https://github.com/amylum/libidn2.git",
            "id": "libidn2",
            "is_template": false,
            "merge_commit_message": "PR_TITLE",
            "merge_commit_title": "MERGE_MESSAGE",
            "name": "libidn2",
            "node_id": "MDEwOlJlcG9zaXRvcnkxNjQxMDM4MjA=",
            "pages": [],
            "private": false,
            "repo_id": 164103820,
            "squash_merge_commit_message": "COMMIT_MESSAGES",
            "squash_merge_commit_title": "COMMIT_OR_PR_TITLE",
            "ssh_clone_url": "git@github.com:amylum/libidn2.git",
            "svn_url": "https://github.com/amylum/libidn2",
            "template": [],
            "topics": [],
            "visibility": "public"
          },
          "sensitive_attributes": []
        },
        {
          "index_key": "amylum/libksba",
          "schema_version": 0,
          "attributes": {
            "allow_auto_merge": false,
            "allow_merge_commit": true,
            "allow_rebase_merge": true,
            "allow_squash_merge": true,
            "archived": false,
            "default_branch": "main",
            "description": "Package for libksba",
            "fork": false,
            "full_name": "amylum/libksba",
            "git_clone_url": "git://github.com/amylum/libksba.git",
            "has_discussions": false,
            "has_downloads": true,
            "has_issues": true,
            "has_projects": true,
            "has_wiki": false,
            "homepage_url": "",
            "html_url": "https://github.com/amylum/libksba",
            "http_clone_url": "https://github.com/amylum/libksba.git",
            "id": "libksba",
            "is_template": false,
            "merge_commit_message": "PR_TITLE",
            "merge_commit_title": "MERGE_MESSAGE",
            "name": "libksba",
            "node_id": "MDEwOlJlcG9zaXRvcnk0NTgxMjg5MQ==",
            "pages": [],
            "private": false,
            "repo_id": 45812891,
            "squash_merge_commit_message": "COMMIT_MESSAGES",
            "squash_merge_commit_title": "COMMIT_OR_PR_TITLE",
            "ssh_clone_url": "git@github.com:amylum/libksba.git",
            "svn_url": "https://github.com/amylum/libksba",
            "template": [],
            "topics": [],
            "visibility": "public"
          },
          "sensitive_attributes": []
        },
        {
          "index_key": "amylum/libmnl",
          "schema_version": 0,
          "attributes": {
            "allow_auto_merge": false,
            "allow_merge_commit": true,
            "allow_rebase_merge": true,
            "allow_squash_merge": true,
            "archived": false,
            "default_branch": "main",
            "description": "Package for libmnl",
            "fork": false,
            "full_name": "amylum/libmnl",
            "git_clone_url": "git://github.com/amylum/libmnl.git",
            "has_discussions": false,
            "has_downloads": true,
            "has_issues": true,
            "has_projects": true,
            "has_wiki": false,
            "homepage_url": "",
            "html_url": "https://github.com/amylum/libmnl",
            "http_clone_url": "https://github.com/amylum/libmnl.git",
            "id": "libmnl",
            "is_template": false,
            "merge_commit_message": "PR_TITLE",
            "merge_commit_title": "MERGE_MESSAGE",
            "name": "libmnl",
            "node_id": "MDEwOlJlcG9zaXRvcnk0OTI4NTk2NA==",
            "pages": [],
            "private": false,
            "repo_id": 49285964,
            "squash_merge_commit_message": "COMMIT_MESSAGES",
            "squash_merge_commit_title": "COMMIT_OR_PR_TITLE",
            "ssh_clone_url": "git@github.com:amylum/libmnl.git",
            "svn_url": "https://github.com/amylum/libmnl",
            "template": [],
            "topics": [],
            "visibility": "public"
          },
          "sensitive_attributes": []
        },
        {
          "index_key": "amylum/libnetfilter_conntrack",
          "schema_version": 0,
          "attributes": {
            "allow_auto_merge": false,
            "allow_merge_commit": true,
            "allow_rebase_merge": true,
            "allow_squash_merge": true,
            "archived": false,
            "default_branch": "main",
            "description": "Package for libnetfilter_conntrack",
            "fork": false,
            "full_name": "amylum/libnetfilter_conntrack",
            "git_clone_url": "git://github.com/amylum/libnetfilter_conntrack.git",
            "has_discussions": false,
            "has_downloads": true,
            "has_issues": true,
            "has_projects": true,
            "has_wiki": true,
            "homepage_url": "",
            "html_url": "https://github.com/amylum/libnetfilter_conntrack",
            "http_clone_url": "https://github.com/amylum/libnetfilter_conntrack.git",
            "id": "libnetfilter_conntrack",
            "is_template": false,
            "merge_commit_message": "PR_TITLE",
            "merge_commit_title": "MERGE_MESSAGE",
            "name": "libnetfilter_conntrack",
            "node_id": "MDEwOlJlcG9zaXRvcnkxNjM5ODU2ODM=",
            "pages": [],
            "private": false,
            "repo_id": 163985683,
            "squash_merge_commit_message": "COMMIT_MESSAGES",
            "squash_merge_commit_title": "COMMIT_OR_PR_TITLE",
            "ssh_clone_url": "git@github.com:amylum/libnetfilter_conntrack.git",
            "svn_url": "https://github.com/amylum/libnetfilter_conntrack",
            "template": [],
            "topics": [],
            "visibility": "public"
          },
          "sensitive_attributes": []
        },
        {
          "index_key": "amylum/libnfnetlink",
          "schema_version": 0,
          "attributes": {
            "allow_auto_merge": false,
            "allow_merge_commit": true,
            "allow_rebase_merge": true,
            "allow_squash_merge": true,
            "archived": false,
            "default_branch": "main",
            "description": "Package for libnfnetlink",
            "fork": false,
            "full_name": "amylum/libnfnetlink",
            "git_clone_url": "git://github.com/amylum/libnfnetlink.git",
            "has_discussions": false,
            "has_downloads": true,
            "has_issues": true,
            "has_projects": true,
            "has_wiki": false,
            "homepage_url": "",
            "html_url": "https://github.com/amylum/libnfnetlink",
            "http_clone_url": "https://github.com/amylum/libnfnetlink.git",
            "id": "libnfnetlink",
            "is_template": false,
            "merge_commit_message": "PR_TITLE",
            "merge_commit_title": "MERGE_MESSAGE",
            "name": "libnfnetlink",
            "node_id": "MDEwOlJlcG9zaXRvcnkxNjM5MzM0OTk=",
            "pages": [],
            "private": false,
            "repo_id": 163933499,
            "squash_merge_commit_message": "COMMIT_MESSAGES",
            "squash_merge_commit_title": "COMMIT_OR_PR_TITLE",
            "ssh_clone_url": "git@github.com:amylum/libnfnetlink.git",
            "svn_url": "https://github.com/amylum/libnfnetlink",
            "template": [],
            "topics": [],
            "visibility": "public"
          },
          "sensitive_attributes": []
        },
        {
          "index_key": "amylum/libnftnl",
          "schema_version": 0,
          "attributes": {
            "allow_auto_merge": false,
            "allow_merge_commit": true,
            "allow_rebase_merge": true,
            "allow_squash_merge": true,
            "archived": false,
            "default_branch": "main",
            "description": "Package for libnftnl",
            "fork": false,
            "full_name": "amylum/libnftnl",
            "git_clone_url": "git://github.com/amylum/libnftnl.git",
            "has_discussions": false,
            "has_downloads": true,
            "has_issues": true,
            "has_projects": true,
            "has_wiki": false,
            "homepage_url": "",
            "html_url": "https://github.com/amylum/libnftnl",
            "http_clone_url": "https://github.com/amylum/libnftnl.git",
            "id": "libnftnl",
            "is_template": false,
            "merge_commit_message": "PR_TITLE",
            "merge_commit_title": "MERGE_MESSAGE",
            "name": "libnftnl",
            "node_id": "MDEwOlJlcG9zaXRvcnk0OTI4NTU5MA==",
            "pages": [],
            "private": false,
            "repo_id": 49285590,
            "squash_merge_commit_message": "COMMIT_MESSAGES",
            "squash_merge_commit_title": "COMMIT_OR_PR_TITLE",
            "ssh_clone_url": "git@github.com:amylum/libnftnl.git",
            "svn_url": "https://github.com/amylum/libnftnl",
            "template": [],
            "topics": [],
            "visibility": "public"
          },
          "sensitive_attributes": []
        },
        {
          "index_key": "amylum/libpcap",
          "schema_version": 0,
          "attributes": {
            "allow_auto_merge": false,
            "allow_merge_commit": true,
            "allow_rebase_merge": true,
            "allow_squash_merge": true,
            "archived": false,
            "default_branch": "main",
            "description": "Package for libpcap",
            "fork": false,
            "full_name": "amylum/libpcap",
            "git_clone_url": "git://github.com/amylum/libpcap.git",
            "has_discussions": false,
            "has_downloads": true,
            "has_issues": true,
            "has_projects": true,
            "has_wiki": false,
            "homepage_url": "",
            "html_url": "https://github.com/amylum/libpcap",
            "http_clone_url": "https://github.com/amylum/libpcap.git",
            "id": "libpcap",
            "is_template": false,
            "merge_commit_message": "PR_TITLE",
            "merge_commit_title": "MERGE_MESSAGE",
            "name": "libpcap",
            "node_id": "MDEwOlJlcG9zaXRvcnk1NzkzMzE3OQ==",
            "pages": [],
            "private": false,
            "repo_id": 57933179,
            "squash_merge_commit_message": "COMMIT_MESSAGES",
            "squash_merge_commit_title": "COMMIT_OR_PR_TITLE",
            "ssh_clone_url": "git@github.com:amylum/libpcap.git",
            "svn_url": "https://github.com/amylum/libpcap",
            "template": [],
            "topics": [],
            "visibility": "public"
          },
          "sensitive_attributes": []
        },
        {
          "index_key": "amylum/libseccomp",
          "schema_version": 0,
          "attributes": {
            "allow_auto_merge": false,
            "allow_merge_commit": true,
            "allow_rebase_merge": true,
            "allow_squash_merge": true,
            "archived": false,
            "default_branch": "main",
            "description": "Package for libseccomp",
            "fork": false,
            "full_name": "amylum/libseccomp",
            "git_clone_url": "git://github.com/amylum/libseccomp.git",
            "has_discussions": false,
            "has_downloads": true,
            "has_issues": true,
            "has_projects": true,
            "has_wiki": false,
            "homepage_url": "",
            "html_url": "https://github.com/amylum/libseccomp",
            "http_clone_url": "https://github.com/amylum/libseccomp.git",
            "id": "libseccomp",
            "is_template": false,
            "merge_commit_message": "PR_TITLE",
            "merge_commit_title": "MERGE_MESSAGE",
            "name": "libseccomp",
            "node_id": "MDEwOlJlcG9zaXRvcnk2MTQxNjUzNA==",
            "pages": [],
            "private": false,
            "repo_id": 61416534,
            "squash_merge_commit_message": "COMMIT_MESSAGES",
            "squash_merge_commit_title": "COMMIT_OR_PR_TITLE",
            "ssh_clone_url": "git@github.com:amylum/libseccomp.git",
            "svn_url": "https://github.com/amylum/libseccomp",
            "template": [],
            "topics": [],
            "visibility": "public"
          },
          "sensitive_attributes": []
        },
        {
          "index_key": "amylum/libtasn1",
          "schema_version": 0,
          "attributes": {
            "allow_auto_merge": false,
            "allow_merge_commit": true,
            "allow_rebase_merge": true,
            "allow_squash_merge": true,
            "archived": false,
            "default_branch": "main",
            "description": "Package for libtasn1",
            "fork": false,
            "full_name": "amylum/libtasn1",
            "git_clone_url": "git://github.com/amylum/libtasn1.git",
            "has_discussions": false,
            "has_downloads": true,
            "has_issues": true,
            "has_projects": true,
            "has_wiki": false,
            "homepage_url": "",
            "html_url": "https://github.com/amylum/libtasn1",
            "http_clone_url": "https://github.com/amylum/libtasn1.git",
            "id": "libtasn1",
            "is_template": false,
            "merge_commit_message": "PR_TITLE",
            "merge_commit_title": "MERGE_MESSAGE",
            "name": "libtasn1",
            "node_id": "MDEwOlJlcG9zaXRvcnk0NTk1MTc0NQ==",
            "pages": [],
            "private": false,
            "repo_id": 45951745,
            "squash_merge_commit_message": "COMMIT_MESSAGES",
            "squash_merge_commit_title": "COMMIT_OR_PR_TITLE",
            "ssh_clone_url": "git@github.com:amylum/libtasn1.git",
            "svn_url": "https://github.com/amylum/libtasn1",
            "template": [],
            "topics": [],
            "visibility": "public"
          },
          "sensitive_attributes": []
        },
        {
          "index_key": "amylum/libtirpc",
          "schema_version": 0,
          "attributes": {
            "allow_auto_merge": false,
            "allow_merge_commit": true,
            "allow_rebase_merge": true,
            "allow_squash_merge": true,
            "archived": false,
            "default_branch": "main",
            "description": "Package for libtirpc",
            "fork": false,
            "full_name": "amylum/libtirpc",
            "git_clone_url": "git://github.com/amylum/libtirpc.git",
            "has_discussions": false,
            "has_downloads": true,
            "has_issues": true,
            "has_projects": true,
            "has_wiki": false,
            "homepage_url": "",
            "html_url": "https://github.com/amylum/libtirpc",
            "http_clone_url": "https://github.com/amylum/libtirpc.git",
            "id": "libtirpc",
            "is_template": false,
            "merge_commit_message": "PR_TITLE",
            "merge_commit_title": "MERGE_MESSAGE",
            "name": "libtirpc",
            "node_id": "MDEwOlJlcG9zaXRvcnk1MTk3MzQ0OQ==",
            "pages": [],
            "private": false,
            "repo_id": 51973449,
            "squash_merge_commit_message": "COMMIT_MESSAGES",
            "squash_merge_commit_title": "COMMIT_OR_PR_TITLE",
            "ssh_clone_url": "git@github.com:amylum/libtirpc.git",
            "svn_url": "https://github.com/amylum/libtirpc",
            "template": [],
            "topics": [],
            "visibility": "public"
          },
          "sensitive_attributes": []
        },
        {
          "index_key": "amylum/libtool",
          "schema_version": 0,
          "attributes": {
            "allow_auto_merge": false,
            "allow_merge_commit": true,
            "allow_rebase_merge": true,
            "allow_squash_merge": true,
            "archived": false,
            "default_branch": "main",
            "description": "Package for libtool",
            "fork": false,
            "full_name": "amylum/libtool",
            "git_clone_url": "git://github.com/amylum/libtool.git",
            "has_discussions": false,
            "has_downloads": true,
            "has_issues": true,
            "has_projects": true,
            "has_wiki": false,
            "homepage_url": "",
            "html_url": "https://github.com/amylum/libtool",
            "http_clone_url": "https://github.com/amylum/libtool.git",
            "id": "libtool",
            "is_template": false,
            "merge_commit_message": "PR_TITLE",
            "merge_commit_title": "MERGE_MESSAGE",
            "name": "libtool",
            "node_id": "MDEwOlJlcG9zaXRvcnk0NjI0MTcxOA==",
            "pages": [],
            "private": false,
            "repo_id": 46241718,
            "squash_merge_commit_message": "COMMIT_MESSAGES",
            "squash_merge_commit_title": "COMMIT_OR_PR_TITLE",
            "ssh_clone_url": "git@github.com:amylum/libtool.git",
            "svn_url": "https://github.com/amylum/libtool",
            "template": [],
            "topics": [],
            "visibility": "public"
          },
          "sensitive_attributes": []
        },
        {
          "index_key": "amylum/libunistring",
          "schema_version": 0,
          "attributes": {
            "allow_auto_merge": false,
            "allow_merge_commit": true,
            "allow_rebase_merge": true,
            "allow_squash_merge": true,
            "archived": false,
            "default_branch": "main",
            "description": "Package for libunistring",
            "fork": false,
            "full_name": "amylum/libunistring",
            "git_clone_url": "git://github.com/amylum/libunistring.git",
            "has_discussions": false,
            "has_downloads": true,
            "has_issues": true,
            "has_projects": true,
            "has_wiki": false,
            "homepage_url": "",
            "html_url": "https://github.com/amylum/libunistring",
            "http_clone_url": "https://github.com/amylum/libunistring.git",
            "id": "libunistring",
            "is_template": false,
            "merge_commit_message": "PR_TITLE",
            "merge_commit_title": "MERGE_MESSAGE",
            "name": "libunistring",
            "node_id": "MDEwOlJlcG9zaXRvcnk0NjI0NzE5NQ==",
            "pages": [],
            "private": false,
            "repo_id": 46247195,
            "squash_merge_commit_message": "COMMIT_MESSAGES",
            "squash_merge_commit_title": "COMMIT_OR_PR_TITLE",
            "ssh_clone_url": "git@github.com:amylum/libunistring.git",
            "svn_url": "https://github.com/amylum/libunistring",
            "template": [],
            "topics": [],
            "visibility": "public"
          },
          "sensitive_attributes": []
        },
        {
          "index_key": "amylum/libunwind",
          "schema_version": 0,
          "attributes": {
            "allow_auto_merge": false,
            "allow_merge_commit": true,
            "allow_rebase_merge": true,
            "allow_squash_merge": true,
            "archived": false,
            "default_branch": "main",
            "description": "Package for libunwind",
            "fork": false,
            "full_name": "amylum/libunwind",
            "git_clone_url": "git://github.com/amylum/libunwind.git",
            "has_discussions": false,
            "has_downloads": true,
            "has_issues": true,
            "has_projects": true,
            "has_wiki": false,
            "homepage_url": "",
            "html_url": "https://github.com/amylum/libunwind",
            "http_clone_url": "https://github.com/amylum/libunwind.git",
            "id": "libunwind",
            "is_template": false,
            "merge_commit_message": "PR_TITLE",
            "merge_commit_title": "MERGE_MESSAGE",
            "name": "libunwind",
            "node_id": "MDEwOlJlcG9zaXRvcnk0ODk2NDk1Nw==",
            "pages": [],
            "private": false,
            "repo_id": 48964957,
            "squash_merge_commit_message": "COMMIT_MESSAGES",
            "squash_merge_commit_title": "COMMIT_OR_PR_TITLE",
            "ssh_clone_url": "git@github.com:amylum/libunwind.git",
            "svn_url": "https://github.com/amylum/libunwind",
            "template": [],
            "topics": [],
            "visibility": "public"
          },
          "sensitive_attributes": []
        },
        {
          "index_key": "amylum/linux-api-headers",
          "schema_version": 0,
          "attributes": {
            "allow_auto_merge": false,
            "allow_merge_commit": true,
            "allow_rebase_merge": true,
            "allow_squash_merge": true,
            "archived": false,
            "default_branch": "main",
            "description": "Package for Linux userspace headers",
            "fork": false,
            "full_name": "amylum/linux-api-headers",
            "git_clone_url": "git://github.com/amylum/linux-api-headers.git",
            "has_discussions": false,
            "has_downloads": true,
            "has_issues": true,
            "has_projects": true,
            "has_wiki": false,
            "homepage_url": "",
            "html_url": "https://github.com/amylum/linux-api-headers",
            "http_clone_url": "https://github.com/amylum/linux-api-headers.git",
            "id": "linux-api-headers",
            "is_template": false,
            "merge_commit_message": "PR_TITLE",
            "merge_commit_title": "MERGE_MESSAGE",
            "name": "linux-api-headers",
            "node_id": "MDEwOlJlcG9zaXRvcnk2NzMxOTY0MQ==",
            "pages": [],
            "private": false,
            "repo_id": 67319641,
            "squash_merge_commit_message": "COMMIT_MESSAGES",
            "squash_merge_commit_title": "COMMIT_OR_PR_TITLE",
            "ssh_clone_url": "git@github.com:amylum/linux-api-headers.git",
            "svn_url": "https://github.com/amylum/linux-api-headers",
            "template": [],
            "topics": [],
            "visibility": "public"
          },
          "sensitive_attributes": []
        },
        {
          "index_key": "amylum/lvm2",
          "schema_version": 0,
          "attributes": {
            "allow_auto_merge": false,
            "allow_merge_commit": true,
            "allow_rebase_merge": true,
            "allow_squash_merge": true,
            "archived": false,
            "default_branch": "main",
            "description": "Package for lvm2",
            "fork": false,
            "full_name": "amylum/lvm2",
            "git_clone_url": "git://github.com/amylum/lvm2.git",
            "has_discussions": false,
            "has_downloads": true,
            "has_issues": true,
            "has_projects": true,
            "has_wiki": false,
            "homepage_url": "",
            "html_url": "https://github.com/amylum/lvm2",
            "http_clone_url": "https://github.com/amylum/lvm2.git",
            "id": "lvm2",
            "is_template": false,
            "merge_commit_message": "PR_TITLE",
            "merge_commit_title": "MERGE_MESSAGE",
            "name": "lvm2",
            "node_id": "MDEwOlJlcG9zaXRvcnk0Njg4OTkyNQ==",
            "pages": [],
            "private": false,
            "repo_id": 46889925,
            "squash_merge_commit_message": "COMMIT_MESSAGES",
            "squash_merge_commit_title": "COMMIT_OR_PR_TITLE",
            "ssh_clone_url": "git@github.com:amylum/lvm2.git",
            "svn_url": "https://github.com/amylum/lvm2",
            "template": [],
            "topics": [],
            "visibility": "public"
          },
          "sensitive_attributes": []
        },
        {
          "index_key": "amylum/lzo",
          "schema_version": 0,
          "attributes": {
            "allow_auto_merge": false,
            "allow_merge_commit": true,
            "allow_rebase_merge": true,
            "allow_squash_merge": true,
            "archived": false,
            "default_branch": "main",
            "description": "Package for lzo",
            "fork": false,
            "full_name": "amylum/lzo",
            "git_clone_url": "git://github.com/amylum/lzo.git",
            "has_discussions": false,
            "has_downloads": true,
            "has_issues": true,
            "has_projects": true,
            "has_wiki": false,
            "homepage_url": "",
            "html_url": "https://github.com/amylum/lzo",
            "http_clone_url": "https://github.com/amylum/lzo.git",
            "id": "lzo",
            "is_template": false,
            "merge_commit_message": "PR_TITLE",
            "merge_commit_title": "MERGE_MESSAGE",
            "name": "lzo",
            "node_id": "MDEwOlJlcG9zaXRvcnk3MjM2Mzc3MA==",
            "pages": [],
            "private": false,
            "repo_id": 72363770,
            "squash_merge_commit_message": "COMMIT_MESSAGES",
            "squash_merge_commit_title": "COMMIT_OR_PR_TITLE",
            "ssh_clone_url": "git@github.com:amylum/lzo.git",
            "svn_url": "https://github.com/amylum/lzo",
            "template": [],
            "topics": [],
            "visibility": "public"
          },
          "sensitive_attributes": []
        },
        {
          "index_key": "amylum/mpc",
          "schema_version": 0,
          "attributes": {
            "allow_auto_merge": false,
            "allow_merge_commit": true,
            "allow_rebase_merge": true,
            "allow_squash_merge": true,
            "archived": false,
            "default_branch": "main",
            "description": "Package for mpc",
            "fork": false,
            "full_name": "amylum/mpc",
            "git_clone_url": "git://github.com/amylum/mpc.git",
            "has_discussions": false,
            "has_downloads": true,
            "has_issues": true,
            "has_projects": true,
            "has_wiki": true,
            "homepage_url": "",
            "html_url": "https://github.com/amylum/mpc",
            "http_clone_url": "https://github.com/amylum/mpc.git",
            "id": "mpc",
            "is_template": false,
            "merge_commit_message": "PR_TITLE",
            "merge_commit_title": "MERGE_MESSAGE",
            "name": "mpc",
            "node_id": "MDEwOlJlcG9zaXRvcnkxNDI4MDkwNDg=",
            "pages": [],
            "private": false,
            "repo_id": 142809048,
            "squash_merge_commit_message": "COMMIT_MESSAGES",
            "squash_merge_commit_title": "COMMIT_OR_PR_TITLE",
            "ssh_clone_url": "git@github.com:amylum/mpc.git",
            "svn_url": "https://github.com/amylum/mpc",
            "template": [],
            "topics": [],
            "visibility": "public"
          },
          "sensitive_attributes": []
        },
        {
          "index_key": "amylum/mpfr",
          "schema_version": 0,
          "attributes": {
            "allow_auto_merge": false,
            "allow_merge_commit": true,
            "allow_rebase_merge": true,
            "allow_squash_merge": true,
            "archived": false,
            "default_branch": "main",
            "description": "package for mpfr",
            "fork": false,
            "full_name": "amylum/mpfr",
            "git_clone_url": "git://github.com/amylum/mpfr.git",
            "has_discussions": false,
            "has_downloads": true,
            "has_issues": true,
            "has_projects": true,
            "has_wiki": true,
            "homepage_url": "",
            "html_url": "https://github.com/amylum/mpfr",
            "http_clone_url": "https://github.com/amylum/mpfr.git",
            "id": "mpfr",
            "is_template": false,
            "merge_commit_message": "PR_TITLE",
            "merge_commit_title": "MERGE_MESSAGE",
            "name": "mpfr",
            "node_id": "MDEwOlJlcG9zaXRvcnkxNDI3OTYzMzU=",
            "pages": [],
            "private": false,
            "repo_id": 142796335,
            "squash_merge_commit_message": "COMMIT_MESSAGES",
            "squash_merge_commit_title": "COMMIT_OR_PR_TITLE",
            "ssh_clone_url": "git@github.com:amylum/mpfr.git",
            "svn_url": "https://github.com/amylum/mpfr",
            "template": [],
            "topics": [],
            "visibility": "public"
          },
          "sensitive_attributes": []
        },
        {
          "index_key": "amylum/musl",
          "schema_version": 0,
          "attributes": {
            "allow_auto_merge": false,
            "allow_merge_commit": true,
            "allow_rebase_merge": true,
            "allow_squash_merge": true,
            "archived": false,
            "default_branch": "main",
            "description": "Package for musl",
            "fork": false,
            "full_name": "amylum/musl",
            "git_clone_url": "git://github.com/amylum/musl.git",
            "has_discussions": false,
            "has_downloads": true,
            "has_issues": true,
            "has_projects": true,
            "has_wiki": false,
            "homepage_url": "",
            "html_url": "https://github.com/amylum/musl",
            "http_clone_url": "https://github.com/amylum/musl.git",
            "id": "musl",
            "is_template": false,
            "merge_commit_message": "PR_TITLE",
            "merge_commit_title": "MERGE_MESSAGE",
            "name": "musl",
            "node_id": "MDEwOlJlcG9zaXRvcnk1MDQwMzcxNg==",
            "pages": [],
            "private": false,
            "repo_id": 50403716,
            "squash_merge_commit_message": "COMMIT_MESSAGES",
            "squash_merge_commit_title": "COMMIT_OR_PR_TITLE",
            "ssh_clone_url": "git@github.com:amylum/musl.git",
            "svn_url": "https://github.com/amylum/musl",
            "template": [],
            "topics": [],
            "visibility": "public"
          },
          "sensitive_attributes": []
        },
        {
          "index_key": "amylum/ncurses",
          "schema_version": 0,
          "attributes": {
            "allow_auto_merge": false,
            "allow_merge_commit": true,
            "allow_rebase_merge": true,
            "allow_squash_merge": true,
            "archived": false,
            "default_branch": "main",
            "description": "Package for ncurses",
            "fork": false,
            "full_name": "amylum/ncurses",
            "git_clone_url": "git://github.com/amylum/ncurses.git",
            "has_discussions": false,
            "has_downloads": true,
            "has_issues": true,
            "has_projects": true,
            "has_wiki": false,
            "homepage_url": "",
            "html_url": "https://github.com/amylum/ncurses",
            "http_clone_url": "https://github.com/amylum/ncurses.git",
            "id": "ncurses",
            "is_template": false,
            "merge_commit_message": "PR_TITLE",
            "merge_commit_title": "MERGE_MESSAGE",
            "name": "ncurses",
            "node_id": "MDEwOlJlcG9zaXRvcnk0NTgwNzAxMQ==",
            "pages": [],
            "private": false,
            "repo_id": 45807011,
            "squash_merge_commit_message": "COMMIT_MESSAGES",
            "squash_merge_commit_title": "COMMIT_OR_PR_TITLE",
            "ssh_clone_url": "git@github.com:amylum/ncurses.git",
            "svn_url": "https://github.com/amylum/ncurses",
            "template": [],
            "topics": [],
            "visibility": "public"
          },
          "sensitive_attributes": []
        },
        {
          "index_key": "amylum/nettle",
          "schema_version": 0,
          "attributes": {
            "allow_auto_merge": false,
            "allow_merge_commit": true,
            "allow_rebase_merge": true,
            "allow_squash_merge": true,
            "archived": false,
            "default_branch": "main",
            "description": "Package for nettle",
            "fork": false,
            "full_name": "amylum/nettle",
            "git_clone_url": "git://github.com/amylum/nettle.git",
            "has_discussions": false,
            "has_downloads": true,
            "has_issues": true,
            "has_projects": true,
            "has_wiki": false,
            "homepage_url": "",
            "html_url": "https://github.com/amylum/nettle",
            "http_clone_url": "https://github.com/amylum/nettle.git",
            "id": "nettle",
            "is_template": false,
            "merge_commit_message": "PR_TITLE",
            "merge_commit_title": "MERGE_MESSAGE",
            "name": "nettle",
            "node_id": "MDEwOlJlcG9zaXRvcnk0NTk1MDgwOA==",
            "pages": [],
            "private": false,
            "repo_id": 45950808,
            "squash_merge_commit_message": "COMMIT_MESSAGES",
            "squash_merge_commit_title": "COMMIT_OR_PR_TITLE",
            "ssh_clone_url": "git@github.com:amylum/nettle.git",
            "svn_url": "https://github.com/amylum/nettle",
            "template": [],
            "topics": [],
            "visibility": "public"
          },
          "sensitive_attributes": []
        },
        {
          "index_key": "amylum/npth",
          "schema_version": 0,
          "attributes": {
            "allow_auto_merge": false,
            "allow_merge_commit": true,
            "allow_rebase_merge": true,
            "allow_squash_merge": true,
            "archived": false,
            "default_branch": "main",
            "description": "Package for npth",
            "fork": false,
            "full_name": "amylum/npth",
            "git_clone_url": "git://github.com/amylum/npth.git",
            "has_discussions": false,
            "has_downloads": true,
            "has_issues": true,
            "has_projects": true,
            "has_wiki": false,
            "homepage_url": "",
            "html_url": "https://github.com/amylum/npth",
            "http_clone_url": "https://github.com/amylum/npth.git",
            "id": "npth",
            "is_template": false,
            "merge_commit_message": "PR_TITLE",
            "merge_commit_title": "MERGE_MESSAGE",
            "name": "npth",
            "node_id": "MDEwOlJlcG9zaXRvcnk0NTgxMzM5Nw==",
            "pages": [],
            "private": false,
            "repo_id": 45813397,
            "squash_merge_commit_message": "COMMIT_MESSAGES",
            "squash_merge_commit_title": "COMMIT_OR_PR_TITLE",
            "ssh_clone_url": "git@github.com:amylum/npth.git",
            "svn_url": "https://github.com/amylum/npth",
            "template": [],
            "topics": [],
            "visibility": "public"
          },
          "sensitive_attributes": []
        },
        {
          "index_key": "amylum/obstack",
          "schema_version": 0,
          "attributes": {
            "allow_auto_merge": false,
            "allow_merge_commit": true,
            "allow_rebase_merge": true,
            "allow_squash_merge": true,
            "archived": false,
            "default_branch": "main",
            "description": "Package for obstack",
            "fork": false,
            "full_name": "amylum/obstack",
            "git_clone_url": "git://github.com/amylum/obstack.git",
            "has_discussions": false,
            "has_downloads": true,
            "has_issues": true,
            "has_projects": true,
            "has_wiki": true,
            "homepage_url": "",
            "html_url": "https://github.com/amylum/obstack",
            "http_clone_url": "https://github.com/amylum/obstack.git",
            "id": "obstack",
            "is_template": false,
            "merge_commit_message": "PR_TITLE",
            "merge_commit_title": "MERGE_MESSAGE",
            "name": "obstack",
            "node_id": "MDEwOlJlcG9zaXRvcnkxMjU2NjEzNDc=",
            "pages": [],
            "private": false,
            "repo_id": 125661347,
            "squash_merge_commit_message": "COMMIT_MESSAGES",
            "squash_merge_commit_title": "COMMIT_OR_PR_TITLE",
            "ssh_clone_url": "git@github.com:amylum/obstack.git",
            "svn_url": "https://github.com/amylum/obstack",
            "template": [],
            "topics": [],
            "visibility": "public"
          },
          "sensitive_attributes": []
        },
        {
          "index_key": "amylum/openntpd",
          "schema_version": 0,
          "attributes": {
            "allow_auto_merge": false,
            "allow_merge_commit": true,
            "allow_rebase_merge": true,
            "allow_squash_merge": true,
            "archived": false,
            "default_branch": "main",
            "description": "Package for openntpd",
            "fork": false,
            "full_name": "amylum/openntpd",
            "git_clone_url": "git://github.com/amylum/openntpd.git",
            "has_discussions": false,
            "has_downloads": true,
            "has_issues": true,
            "has_projects": true,
            "has_wiki": false,
            "homepage_url": "",
            "html_url": "https://github.com/amylum/openntpd",
            "http_clone_url": "https://github.com/amylum/openntpd.git",
            "id": "openntpd",
            "is_template": false,
            "merge_commit_message": "PR_TITLE",
            "merge_commit_title": "MERGE_MESSAGE",
            "name": "openntpd",
            "node_id": "MDEwOlJlcG9zaXRvcnk0MTYwMjc5Mg==",
            "pages": [],
            "private": false,
            "repo_id": 41602792,
            "squash_merge_commit_message": "COMMIT_MESSAGES",
            "squash_merge_commit_title": "COMMIT_OR_PR_TITLE",
            "ssh_clone_url": "git@github.com:amylum/openntpd.git",
            "svn_url": "https://github.com/amylum/openntpd",
            "template": [],
            "topics": [],
            "visibility": "public"
          },
          "sensitive_attributes": []
        },
        {
          "index_key": "amylum/openssh",
          "schema_version": 0,
          "attributes": {
            "allow_auto_merge": false,
            "allow_merge_commit": true,
            "allow_rebase_merge": true,
            "allow_squash_merge": true,
            "archived": false,
            "default_branch": "main",
            "description": "Package repo for openssh",
            "fork": false,
            "full_name": "amylum/openssh",
            "git_clone_url": "git://github.com/amylum/openssh.git",
            "has_discussions": false,
            "has_downloads": true,
            "has_issues": true,
            "has_projects": true,
            "has_wiki": false,
            "homepage_url": "",
            "html_url": "https://github.com/amylum/openssh",
            "http_clone_url": "https://github.com/amylum/openssh.git",
            "id": "openssh",
            "is_template": false,
            "merge_commit_message": "PR_TITLE",
            "merge_commit_title": "MERGE_MESSAGE",
            "name": "openssh",
            "node_id": "MDEwOlJlcG9zaXRvcnk0MDgyMzcwNg==",
            "pages": [],
            "private": false,
            "repo_id": 40823706,
            "squash_merge_commit_message": "COMMIT_MESSAGES",
            "squash_merge_commit_title": "COMMIT_OR_PR_TITLE",
            "ssh_clone_url": "git@github.com:amylum/openssh.git",
            "svn_url": "https://github.com/amylum/openssh",
            "template": [],
            "topics": [],
            "visibility": "public"
          },
          "sensitive_attributes": []
        },
        {
          "index_key": "amylum/openssl",
          "schema_version": 0,
          "attributes": {
            "allow_auto_merge": false,
            "allow_merge_commit": true,
            "allow_rebase_merge": true,
            "allow_squash_merge": true,
            "archived": false,
            "default_branch": "main",
            "description": "Package for openssl",
            "fork": false,
            "full_name": "amylum/openssl",
            "git_clone_url": "git://github.com/amylum/openssl.git",
            "has_discussions": false,
            "has_downloads": true,
            "has_issues": true,
            "has_projects": true,
            "has_wiki": false,
            "homepage_url": "",
            "html_url": "https://github.com/amylum/openssl",
            "http_clone_url": "https://github.com/amylum/openssl.git",
            "id": "openssl",
            "is_template": false,
            "merge_commit_message": "PR_TITLE",
            "merge_commit_title": "MERGE_MESSAGE",
            "name": "openssl",
            "node_id": "MDEwOlJlcG9zaXRvcnk0NTc2NzE5MQ==",
            "pages": [],
            "private": false,
            "repo_id": 45767191,
            "squash_merge_commit_message": "COMMIT_MESSAGES",
            "squash_merge_commit_title": "COMMIT_OR_PR_TITLE",
            "ssh_clone_url": "git@github.com:amylum/openssl.git",
            "svn_url": "https://github.com/amylum/openssl",
            "template": [],
            "topics": [],
            "visibility": "public"
          },
          "sensitive_attributes": []
        },
        {
          "index_key": "amylum/p11-kit",
          "schema_version": 0,
          "attributes": {
            "allow_auto_merge": false,
            "allow_merge_commit": true,
            "allow_rebase_merge": true,
            "allow_squash_merge": true,
            "archived": false,
            "default_branch": "main",
            "description": "Package for p11-kit",
            "fork": false,
            "full_name": "amylum/p11-kit",
            "git_clone_url": "git://github.com/amylum/p11-kit.git",
            "has_discussions": false,
            "has_downloads": true,
            "has_issues": true,
            "has_projects": true,
            "has_wiki": false,
            "homepage_url": "",
            "html_url": "https://github.com/amylum/p11-kit",
            "http_clone_url": "https://github.com/amylum/p11-kit.git",
            "id": "p11-kit",
            "is_template": false,
            "merge_commit_message": "PR_TITLE",
            "merge_commit_title": "MERGE_MESSAGE",
            "name": "p11-kit",
            "node_id": "MDEwOlJlcG9zaXRvcnk0NjUwNzA0OQ==",
            "pages": [],
            "private": false,
            "repo_id": 46507049,
            "squash_merge_commit_message": "COMMIT_MESSAGES",
            "squash_merge_commit_title": "COMMIT_OR_PR_TITLE",
            "ssh_clone_url": "git@github.com:amylum/p11-kit.git",
            "svn_url": "https://github.com/amylum/p11-kit",
            "template": [],
            "topics": [],
            "visibility": "public"
          },
          "sensitive_attributes": []
        },
        {
          "index_key": "amylum/pacman",
          "schema_version": 0,
          "attributes": {
            "allow_auto_merge": false,
            "allow_merge_commit": true,
            "allow_rebase_merge": true,
            "allow_squash_merge": true,
            "archived": false,
            "default_branch": "main",
            "description": "Package for pacman",
            "fork": false,
            "full_name": "amylum/pacman",
            "git_clone_url": "git://github.com/amylum/pacman.git",
            "has_discussions": false,
            "has_downloads": true,
            "has_issues": true,
            "has_projects": true,
            "has_wiki": false,
            "homepage_url": "",
            "html_url": "https://github.com/amylum/pacman",
            "http_clone_url": "https://github.com/amylum/pacman.git",
            "id": "pacman",
            "is_template": false,
            "merge_commit_message": "PR_TITLE",
            "merge_commit_title": "MERGE_MESSAGE",
            "name": "pacman",
            "node_id": "MDEwOlJlcG9zaXRvcnk0MTU5OTE0Mg==",
            "pages": [],
            "private": false,
            "repo_id": 41599142,
            "squash_merge_commit_message": "COMMIT_MESSAGES",
            "squash_merge_commit_title": "COMMIT_OR_PR_TITLE",
            "ssh_clone_url": "git@github.com:amylum/pacman.git",
            "svn_url": "https://github.com/amylum/pacman",
            "template": [],
            "topics": [],
            "visibility": "public"
          },
          "sensitive_attributes": []
        },
        {
          "index_key": "amylum/pacman-mirrorlist",
          "schema_version": 0,
          "attributes": {
            "allow_auto_merge": false,
            "allow_merge_commit": true,
            "allow_rebase_merge": true,
            "allow_squash_merge": true,
            "archived": false,
            "default_branch": "main",
            "description": "Package for pacman-mirrorlist",
            "fork": false,
            "full_name": "amylum/pacman-mirrorlist",
            "git_clone_url": "git://github.com/amylum/pacman-mirrorlist.git",
            "has_discussions": false,
            "has_downloads": true,
            "has_issues": true,
            "has_projects": true,
            "has_wiki": false,
            "homepage_url": "",
            "html_url": "https://github.com/amylum/pacman-mirrorlist",
            "http_clone_url": "https://github.com/amylum/pacman-mirrorlist.git",
            "id": "pacman-mirrorlist",
            "is_template": false,
            "merge_commit_message": "PR_TITLE",
            "merge_commit_title": "MERGE_MESSAGE",
            "name": "pacman-mirrorlist",
            "node_id": "MDEwOlJlcG9zaXRvcnk1MDgxMDgyMQ==",
            "pages": [],
            "private": false,
            "repo_id": 50810821,
            "squash_merge_commit_message": "COMMIT_MESSAGES",
            "squash_merge_commit_title": "COMMIT_OR_PR_TITLE",
            "ssh_clone_url": "git@github.com:amylum/pacman-mirrorlist.git",
            "svn_url": "https://github.com/amylum/pacman-mirrorlist",
            "template": [],
            "topics": [],
            "visibility": "public"
          },
          "sensitive_attributes": []
        },
        {
          "index_key": "amylum/pam",
          "schema_version": 0,
          "attributes": {
            "allow_auto_merge": false,
            "allow_merge_commit": true,
            "allow_rebase_merge": true,
            "allow_squash_merge": true,
            "archived": false,
            "default_branch": "main",
            "description": "Package for pam",
            "fork": false,
            "full_name": "amylum/pam",
            "git_clone_url": "git://github.com/amylum/pam.git",
            "has_discussions": false,
            "has_downloads": true,
            "has_issues": true,
            "has_projects": true,
            "has_wiki": false,
            "homepage_url": "",
            "html_url": "https://github.com/amylum/pam",
            "http_clone_url": "https://github.com/amylum/pam.git",
            "id": "pam",
            "is_template": false,
            "merge_commit_message": "PR_TITLE",
            "merge_commit_title": "MERGE_MESSAGE",
            "name": "pam",
            "node_id": "MDEwOlJlcG9zaXRvcnk0MTc3MTQxNA==",
            "pages": [],
            "private": false,
            "repo_id": 41771414,
            "squash_merge_commit_message": "COMMIT_MESSAGES",
            "squash_merge_commit_title": "COMMIT_OR_PR_TITLE",
            "ssh_clone_url": "git@github.com:amylum/pam.git",
            "svn_url": "https://github.com/amylum/pam",
            "template": [],
            "topics": [],
            "visibility": "public"
          },
          "sensitive_attributes": []
        },
        {
          "index_key": "amylum/popt",
          "schema_version": 0,
          "attributes": {
            "allow_auto_merge": false,
            "allow_merge_commit": true,
            "allow_rebase_merge": true,
            "allow_squash_merge": true,
            "archived": false,
            "default_branch": "main",
            "description": "Package for popt",
            "fork": false,
            "full_name": "amylum/popt",
            "git_clone_url": "git://github.com/amylum/popt.git",
            "has_discussions": false,
            "has_downloads": true,
            "has_issues": true,
            "has_projects": true,
            "has_wiki": false,
            "homepage_url": "",
            "html_url": "https://github.com/amylum/popt",
            "http_clone_url": "https://github.com/amylum/popt.git",
            "id": "popt",
            "is_template": false,
            "merge_commit_message": "PR_TITLE",
            "merge_commit_title": "MERGE_MESSAGE",
            "name": "popt",
            "node_id": "MDEwOlJlcG9zaXRvcnk5MzI1OTg3Nw==",
            "pages": [],
            "private": false,
            "repo_id": 93259877,
            "squash_merge_commit_message": "COMMIT_MESSAGES",
            "squash_merge_commit_title": "COMMIT_OR_PR_TITLE",
            "ssh_clone_url": "git@github.com:amylum/popt.git",
            "svn_url": "https://github.com/amylum/popt",
            "template": [],
            "topics": [],
            "visibility": "public"
          },
          "sensitive_attributes": []
        },
        {
          "index_key": "amylum/procps-ng",
          "schema_version": 0,
          "attributes": {
            "allow_auto_merge": false,
            "allow_merge_commit": true,
            "allow_rebase_merge": true,
            "allow_squash_merge": true,
            "archived": false,
            "default_branch": "main",
            "description": "Package repo for procps-ng",
            "fork": false,
            "full_name": "amylum/procps-ng",
            "git_clone_url": "git://github.com/amylum/procps-ng.git",
            "has_discussions": false,
            "has_downloads": true,
            "has_issues": true,
            "has_projects": true,
            "has_wiki": false,
            "homepage_url": "https://gitlab.com/procps-ng/procps",
            "html_url": "https://github.com/amylum/procps-ng",
            "http_clone_url": "https://github.com/amylum/procps-ng.git",
            "id": "procps-ng",
            "is_template": false,
            "merge_commit_message": "PR_TITLE",
            "merge_commit_title": "MERGE_MESSAGE",
            "name": "procps-ng",
            "node_id": "MDEwOlJlcG9zaXRvcnkzODM0NDMxOA==",
            "pages": [],
            "private": false,
            "repo_id": 38344318,
            "squash_merge_commit_message": "COMMIT_MESSAGES",
            "squash_merge_commit_title": "COMMIT_OR_PR_TITLE",
            "ssh_clone_url": "git@github.com:amylum/procps-ng.git",
            "svn_url": "https://github.com/amylum/procps-ng",
            "template": [],
            "topics": [],
            "visibility": "public"
          },
          "sensitive_attributes": []
        },
        {
          "index_key": "amylum/prospectus_pkgforge",
          "schema_version": 0,
          "attributes": {
            "allow_auto_merge": false,
            "allow_merge_commit": true,
            "allow_rebase_merge": true,
            "allow_squash_merge": true,
            "archived": false,
            "default_branch": "main",
            "description": "Prospectus helpers for pkgforge",
            "fork": false,
            "full_name": "amylum/prospectus_pkgforge",
            "git_clone_url": "git://github.com/amylum/prospectus_pkgforge.git",
            "has_discussions": false,
            "has_downloads": true,
            "has_issues": true,
            "has_projects": true,
            "has_wiki": false,
            "homepage_url": "",
            "html_url": "https://github.com/amylum/prospectus_pkgforge",
            "http_clone_url": "https://github.com/amylum/prospectus_pkgforge.git",
            "id": "prospectus_pkgforge",
            "is_template": false,
            "merge_commit_message": "PR_TITLE",
            "merge_commit_title": "MERGE_MESSAGE",
            "name": "prospectus_pkgforge",
            "node_id": "MDEwOlJlcG9zaXRvcnk4Mjc2MTEyNw==",
            "pages": [],
            "private": false,
            "repo_id": 82761127,
            "squash_merge_commit_message": "COMMIT_MESSAGES",
            "squash_merge_commit_title": "COMMIT_OR_PR_TITLE",
            "ssh_clone_url": "git@github.com:amylum/prospectus_pkgforge.git",
            "svn_url": "https://github.com/amylum/prospectus_pkgforge",
            "template": [],
            "topics": [],
            "visibility": "public"
          },
          "sensitive_attributes": []
        },
        {
          "index_key": "amylum/radvd",
          "schema_version": 0,
          "attributes": {
            "allow_auto_merge": false,
            "allow_merge_commit": true,
            "allow_rebase_merge": true,
            "allow_squash_merge": true,
            "archived": false,
            "default_branch": "main",
            "description": "Package repo for radvd",
            "fork": false,
            "full_name": "amylum/radvd",
            "git_clone_url": "git://github.com/amylum/radvd.git",
            "has_discussions": false,
            "has_downloads": true,
            "has_issues": true,
            "has_projects": true,
            "has_wiki": false,
            "homepage_url": "",
            "html_url": "https://github.com/amylum/radvd",
            "http_clone_url": "https://github.com/amylum/radvd.git",
            "id": "radvd",
            "is_template": false,
            "merge_commit_message": "PR_TITLE",
            "merge_commit_title": "MERGE_MESSAGE",
            "name": "radvd",
            "node_id": "MDEwOlJlcG9zaXRvcnk0MDc5MzQzMw==",
            "pages": [],
            "private": false,
            "repo_id": 40793433,
            "squash_merge_commit_message": "COMMIT_MESSAGES",
            "squash_merge_commit_title": "COMMIT_OR_PR_TITLE",
            "ssh_clone_url": "git@github.com:amylum/radvd.git",
            "svn_url": "https://github.com/amylum/radvd",
            "template": [],
            "topics": [],
            "visibility": "public"
          },
          "sensitive_attributes": []
        },
        {
          "index_key": "amylum/readline",
          "schema_version": 0,
          "attributes": {
            "allow_auto_merge": false,
            "allow_merge_commit": true,
            "allow_rebase_merge": true,
            "allow_squash_merge": true,
            "archived": false,
            "default_branch": "main",
            "description": "package for readline",
            "fork": false,
            "full_name": "amylum/readline",
            "git_clone_url": "git://github.com/amylum/readline.git",
            "has_discussions": false,
            "has_downloads": true,
            "has_issues": true,
            "has_projects": true,
            "has_wiki": false,
            "homepage_url": "",
            "html_url": "https://github.com/amylum/readline",
            "http_clone_url": "https://github.com/amylum/readline.git",
            "id": "readline",
            "is_template": false,
            "merge_commit_message": "PR_TITLE",
            "merge_commit_title": "MERGE_MESSAGE",
            "name": "readline",
            "node_id": "MDEwOlJlcG9zaXRvcnk3MjMzMTI1Nw==",
            "pages": [],
            "private": false,
            "repo_id": 72331257,
            "squash_merge_commit_message": "COMMIT_MESSAGES",
            "squash_merge_commit_title": "COMMIT_OR_PR_TITLE",
            "ssh_clone_url": "git@github.com:amylum/readline.git",
            "svn_url": "https://github.com/amylum/readline",
            "template": [],
            "topics": [],
            "visibility": "public"
          },
          "sensitive_attributes": []
        },
        {
          "index_key": "amylum/repo",
          "schema_version": 0,
          "attributes": {
            "allow_auto_merge": false,
            "allow_merge_commit": true,
            "allow_rebase_merge": true,
            "allow_squash_merge": true,
            "archived": false,
            "default_branch": "main",
            "description": "Arch package repository",
            "fork": false,
            "full_name": "amylum/repo",
            "git_clone_url": "git://github.com/amylum/repo.git",
            "has_discussions": false,
            "has_downloads": true,
            "has_issues": true,
            "has_projects": true,
            "has_wiki": false,
            "homepage_url": "https://repo.scrtybybscrty.org/",
            "html_url": "https://github.com/amylum/repo",
            "http_clone_url": "https://github.com/amylum/repo.git",
            "id": "repo",
            "is_template": false,
            "merge_commit_message": "PR_TITLE",
            "merge_commit_title": "MERGE_MESSAGE",
            "name": "repo",
            "node_id": "MDEwOlJlcG9zaXRvcnkyODcwMzI4Mw==",
            "pages": [],
            "private": false,
            "repo_id": 28703283,
            "squash_merge_commit_message": "COMMIT_MESSAGES",
            "squash_merge_commit_title": "COMMIT_OR_PR_TITLE",
            "ssh_clone_url": "git@github.com:amylum/repo.git",
            "svn_url": "https://github.com/amylum/repo",
            "template": [],
            "topics": [],
            "visibility": "public"
          },
          "sensitive_attributes": []
        },
        {
          "index_key": "amylum/ripgrep",
          "schema_version": 0,
          "attributes": {
            "allow_auto_merge": false,
            "allow_merge_commit": true,
            "allow_rebase_merge": true,
            "allow_squash_merge": true,
            "archived": false,
            "default_branch": "main",
            "description": "Package for ripgrep",
            "fork": false,
            "full_name": "amylum/ripgrep",
            "git_clone_url": "git://github.com/amylum/ripgrep.git",
            "has_discussions": false,
            "has_downloads": true,
            "has_issues": true,
            "has_projects": true,
            "has_wiki": false,
            "homepage_url": "",
            "html_url": "https://github.com/amylum/ripgrep",
            "http_clone_url": "https://github.com/amylum/ripgrep.git",
            "id": "ripgrep",
            "is_template": false,
            "merge_commit_message": "PR_TITLE",
            "merge_commit_title": "MERGE_MESSAGE",
            "name": "ripgrep",
            "node_id": "MDEwOlJlcG9zaXRvcnk3ODE0MDk1Mw==",
            "pages": [],
            "private": false,
            "repo_id": 78140953,
            "squash_merge_commit_message": "COMMIT_MESSAGES",
            "squash_merge_commit_title": "COMMIT_OR_PR_TITLE",
            "ssh_clone_url": "git@github.com:amylum/ripgrep.git",
            "svn_url": "https://github.com/amylum/ripgrep",
            "template": [],
            "topics": [],
            "visibility": "public"
          },
          "sensitive_attributes": []
        },
        {
          "index_key": "amylum/runc",
          "schema_version": 0,
          "attributes": {
            "allow_auto_merge": false,
            "allow_merge_commit": true,
            "allow_rebase_merge": true,
            "allow_squash_merge": true,
            "archived": false,
            "default_branch": "main",
            "description": "Package for runc",
            "fork": false,
            "full_name": "amylum/runc",
            "git_clone_url": "git://github.com/amylum/runc.git",
            "has_discussions": false,
            "has_downloads": true,
            "has_issues": true,
            "has_projects": true,
            "has_wiki": false,
            "homepage_url": "",
            "html_url": "https://github.com/amylum/runc",
            "http_clone_url": "https://github.com/amylum/runc.git",
            "id": "runc",
            "is_template": false,
            "merge_commit_message": "PR_TITLE",
            "merge_commit_title": "MERGE_MESSAGE",
            "name": "runc",
            "node_id": "MDEwOlJlcG9zaXRvcnk2MTQxNTEzOA==",
            "pages": [],
            "private": false,
            "repo_id": 61415138,
            "squash_merge_commit_message": "COMMIT_MESSAGES",
            "squash_merge_commit_title": "COMMIT_OR_PR_TITLE",
            "ssh_clone_url": "git@github.com:amylum/runc.git",
            "svn_url": "https://github.com/amylum/runc",
            "template": [],
            "topics": [],
            "visibility": "public"
          },
          "sensitive_attributes": []
        },
        {
          "index_key": "amylum/s3repo",
          "schema_version": 0,
          "attributes": {
            "allow_auto_merge": false,
            "allow_merge_commit": true,
            "allow_rebase_merge": true,
            "allow_squash_merge": true,
            "archived": false,
            "default_branch": "main",
            "description": "Simple library for interacting with Archlinux repos in S3",
            "fork": false,
            "full_name": "amylum/s3repo",
            "git_clone_url": "git://github.com/amylum/s3repo.git",
            "has_discussions": false,
            "has_downloads": true,
            "has_issues": true,
            "has_projects": true,
            "has_wiki": false,
            "homepage_url": "",
            "html_url": "https://github.com/amylum/s3repo",
            "http_clone_url": "https://github.com/amylum/s3repo.git",
            "id": "s3repo",
            "is_template": false,
            "merge_commit_message": "PR_TITLE",
            "merge_commit_title": "MERGE_MESSAGE",
            "name": "s3repo",
            "node_id": "MDEwOlJlcG9zaXRvcnkzMTE1MDIwNA==",
            "pages": [],
            "private": false,
            "repo_id": 31150204,
            "squash_merge_commit_message": "COMMIT_MESSAGES",
            "squash_merge_commit_title": "COMMIT_OR_PR_TITLE",
            "ssh_clone_url": "git@github.com:amylum/s3repo.git",
            "svn_url": "https://github.com/amylum/s3repo",
            "template": [],
            "topics": [],
            "visibility": "public"
          },
          "sensitive_attributes": []
        },
        {
          "index_key": "amylum/s6",
          "schema_version": 0,
          "attributes": {
            "allow_auto_merge": false,
            "allow_merge_commit": true,
            "allow_rebase_merge": true,
            "allow_squash_merge": true,
            "archived": false,
            "default_branch": "main",
            "description": "Package from http://www.skarnet.org/software/s6/index.html",
            "fork": false,
            "full_name": "amylum/s6",
            "git_clone_url": "git://github.com/amylum/s6.git",
            "has_discussions": false,
            "has_downloads": true,
            "has_issues": true,
            "has_projects": true,
            "has_wiki": false,
            "homepage_url": "",
            "html_url": "https://github.com/amylum/s6",
            "http_clone_url": "https://github.com/amylum/s6.git",
            "id": "s6",
            "is_template": false,
            "merge_commit_message": "PR_TITLE",
            "merge_commit_title": "MERGE_MESSAGE",
            "name": "s6",
            "node_id": "MDEwOlJlcG9zaXRvcnkxOTg1OTkzNQ==",
            "pages": [],
            "private": false,
            "repo_id": 19859935,
            "squash_merge_commit_message": "COMMIT_MESSAGES",
            "squash_merge_commit_title": "COMMIT_OR_PR_TITLE",
            "ssh_clone_url": "git@github.com:amylum/s6.git",
            "svn_url": "https://github.com/amylum/s6",
            "template": [],
            "topics": [],
            "visibility": "public"
          },
          "sensitive_attributes": []
        },
        {
          "index_key": "amylum/s6-dns",
          "schema_version": 0,
          "attributes": {
            "allow_auto_merge": false,
            "allow_merge_commit": true,
            "allow_rebase_merge": true,
            "allow_squash_merge": true,
            "archived": false,
            "default_branch": "main",
            "description": "Package from http://skarnet.org/software/s6-dns/",
            "fork": false,
            "full_name": "amylum/s6-dns",
            "git_clone_url": "git://github.com/amylum/s6-dns.git",
            "has_discussions": false,
            "has_downloads": true,
            "has_issues": true,
            "has_projects": true,
            "has_wiki": false,
            "homepage_url": "",
            "html_url": "https://github.com/amylum/s6-dns",
            "http_clone_url": "https://github.com/amylum/s6-dns.git",
            "id": "s6-dns",
            "is_template": false,
            "merge_commit_message": "PR_TITLE",
            "merge_commit_title": "MERGE_MESSAGE",
            "name": "s6-dns",
            "node_id": "MDEwOlJlcG9zaXRvcnkyOTM2NjA1MA==",
            "pages": [],
            "private": false,
            "repo_id": 29366050,
            "squash_merge_commit_message": "COMMIT_MESSAGES",
            "squash_merge_commit_title": "COMMIT_OR_PR_TITLE",
            "ssh_clone_url": "git@github.com:amylum/s6-dns.git",
            "svn_url": "https://github.com/amylum/s6-dns",
            "template": [],
            "topics": [],
            "visibility": "public"
          },
          "sensitive_attributes": []
        },
        {
          "index_key": "amylum/s6-linux-init",
          "schema_version": 0,
          "attributes": {
            "allow_auto_merge": false,
            "allow_merge_commit": true,
            "allow_rebase_merge": true,
            "allow_squash_merge": true,
            "archived": false,
            "default_branch": "main",
            "description": "Init system builder",
            "fork": false,
            "full_name": "amylum/s6-linux-init",
            "git_clone_url": "git://github.com/amylum/s6-linux-init.git",
            "has_discussions": false,
            "has_downloads": true,
            "has_issues": true,
            "has_projects": true,
            "has_wiki": false,
            "homepage_url": "http://skarnet.org/software/s6-linux-init/",
            "html_url": "https://github.com/amylum/s6-linux-init",
            "http_clone_url": "https://github.com/amylum/s6-linux-init.git",
            "id": "s6-linux-init",
            "is_template": false,
            "merge_commit_message": "PR_TITLE",
            "merge_commit_title": "MERGE_MESSAGE",
            "name": "s6-linux-init",
            "node_id": "MDEwOlJlcG9zaXRvcnkzNzY4NDMzMg==",
            "pages": [],
            "private": false,
            "repo_id": 37684332,
            "squash_merge_commit_message": "COMMIT_MESSAGES",
            "squash_merge_commit_title": "COMMIT_OR_PR_TITLE",
            "ssh_clone_url": "git@github.com:amylum/s6-linux-init.git",
            "svn_url": "https://github.com/amylum/s6-linux-init",
            "template": [],
            "topics": [],
            "visibility": "public"
          },
          "sensitive_attributes": []
        },
        {
          "index_key": "amylum/s6-linux-utils",
          "schema_version": 0,
          "attributes": {
            "allow_auto_merge": false,
            "allow_merge_commit": true,
            "allow_rebase_merge": true,
            "allow_squash_merge": true,
            "archived": false,
            "default_branch": "main",
            "description": "Package from http://skarnet.org/software/s6-linux-utils/",
            "fork": false,
            "full_name": "amylum/s6-linux-utils",
            "git_clone_url": "git://github.com/amylum/s6-linux-utils.git",
            "has_discussions": false,
            "has_downloads": true,
            "has_issues": true,
            "has_projects": true,
            "has_wiki": false,
            "homepage_url": "",
            "html_url": "https://github.com/amylum/s6-linux-utils",
            "http_clone_url": "https://github.com/amylum/s6-linux-utils.git",
            "id": "s6-linux-utils",
            "is_template": false,
            "merge_commit_message": "PR_TITLE",
            "merge_commit_title": "MERGE_MESSAGE",
            "name": "s6-linux-utils",
            "node_id": "MDEwOlJlcG9zaXRvcnkyODA3MDk4MQ==",
            "pages": [],
            "private": false,
            "repo_id": 28070981,
            "squash_merge_commit_message": "COMMIT_MESSAGES",
            "squash_merge_commit_title": "COMMIT_OR_PR_TITLE",
            "ssh_clone_url": "git@github.com:amylum/s6-linux-utils.git",
            "svn_url": "https://github.com/amylum/s6-linux-utils",
            "template": [],
            "topics": [],
            "visibility": "public"
          },
          "sensitive_attributes": []
        },
        {
          "index_key": "amylum/s6-networking",
          "schema_version": 0,
          "attributes": {
            "allow_auto_merge": false,
            "allow_merge_commit": true,
            "allow_rebase_merge": true,
            "allow_squash_merge": true,
            "archived": false,
            "default_branch": "main",
            "description": "Package from http://skarnet.org/software/s6-networking/",
            "fork": false,
            "full_name": "amylum/s6-networking",
            "git_clone_url": "git://github.com/amylum/s6-networking.git",
            "has_discussions": false,
            "has_downloads": true,
            "has_issues": true,
            "has_projects": true,
            "has_wiki": false,
            "homepage_url": "",
            "html_url": "https://github.com/amylum/s6-networking",
            "http_clone_url": "https://github.com/amylum/s6-networking.git",
            "id": "s6-networking",
            "is_template": false,
            "merge_commit_message": "PR_TITLE",
            "merge_commit_title": "MERGE_MESSAGE",
            "name": "s6-networking",
            "node_id": "MDEwOlJlcG9zaXRvcnkyOTM3MDk3OQ==",
            "pages": [],
            "private": false,
            "repo_id": 29370979,
            "squash_merge_commit_message": "COMMIT_MESSAGES",
            "squash_merge_commit_title": "COMMIT_OR_PR_TITLE",
            "ssh_clone_url": "git@github.com:amylum/s6-networking.git",
            "svn_url": "https://github.com/amylum/s6-networking",
            "template": [],
            "topics": [],
            "visibility": "public"
          },
          "sensitive_attributes": []
        },
        {
          "index_key": "amylum/s6-portable-utils",
          "schema_version": 0,
          "attributes": {
            "allow_auto_merge": false,
            "allow_merge_commit": true,
            "allow_rebase_merge": true,
            "allow_squash_merge": true,
            "archived": false,
            "default_branch": "main",
            "description": "Package from http://skarnet.org/software/s6-portable-utils/",
            "fork": false,
            "full_name": "amylum/s6-portable-utils",
            "git_clone_url": "git://github.com/amylum/s6-portable-utils.git",
            "has_discussions": false,
            "has_downloads": true,
            "has_issues": true,
            "has_projects": true,
            "has_wiki": false,
            "homepage_url": "",
            "html_url": "https://github.com/amylum/s6-portable-utils",
            "http_clone_url": "https://github.com/amylum/s6-portable-utils.git",
            "id": "s6-portable-utils",
            "is_template": false,
            "merge_commit_message": "PR_TITLE",
            "merge_commit_title": "MERGE_MESSAGE",
            "name": "s6-portable-utils",
            "node_id": "MDEwOlJlcG9zaXRvcnkzMzY5MzI2Nw==",
            "pages": [],
            "private": false,
            "repo_id": 33693267,
            "squash_merge_commit_message": "COMMIT_MESSAGES",
            "squash_merge_commit_title": "COMMIT_OR_PR_TITLE",
            "ssh_clone_url": "git@github.com:amylum/s6-portable-utils.git",
            "svn_url": "https://github.com/amylum/s6-portable-utils",
            "template": [],
            "topics": [],
            "visibility": "public"
          },
          "sensitive_attributes": []
        },
        {
          "index_key": "amylum/sed",
          "schema_version": 0,
          "attributes": {
            "allow_auto_merge": false,
            "allow_merge_commit": true,
            "allow_rebase_merge": true,
            "allow_squash_merge": true,
            "archived": false,
            "default_branch": "main",
            "description": "Package for sed",
            "fork": false,
            "full_name": "amylum/sed",
            "git_clone_url": "git://github.com/amylum/sed.git",
            "has_discussions": false,
            "has_downloads": true,
            "has_issues": true,
            "has_projects": true,
            "has_wiki": false,
            "homepage_url": "",
            "html_url": "https://github.com/amylum/sed",
            "http_clone_url": "https://github.com/amylum/sed.git",
            "id": "sed",
            "is_template": false,
            "merge_commit_message": "PR_TITLE",
            "merge_commit_title": "MERGE_MESSAGE",
            "name": "sed",
            "node_id": "MDEwOlJlcG9zaXRvcnk0MDk0NDY3NQ==",
            "pages": [],
            "private": false,
            "repo_id": 40944675,
            "squash_merge_commit_message": "COMMIT_MESSAGES",
            "squash_merge_commit_title": "COMMIT_OR_PR_TITLE",
            "ssh_clone_url": "git@github.com:amylum/sed.git",
            "svn_url": "https://github.com/amylum/sed",
            "template": [],
            "topics": [],
            "visibility": "public"
          },
          "sensitive_attributes": []
        },
        {
          "index_key": "amylum/server",
          "schema_version": 0,
          "attributes": {
            "allow_auto_merge": false,
            "allow_merge_commit": true,
            "allow_rebase_merge": true,
            "allow_squash_merge": true,
            "archived": false,
            "default_branch": "main",
            "description": "Lightweight server app for accessing repo",
            "fork": false,
            "full_name": "amylum/server",
            "git_clone_url": "git://github.com/amylum/server.git",
            "has_discussions": false,
            "has_downloads": true,
            "has_issues": true,
            "has_projects": true,
            "has_wiki": false,
            "homepage_url": "http://amylum.scrtybybscrty.org",
            "html_url": "https://github.com/amylum/server",
            "http_clone_url": "https://github.com/amylum/server.git",
            "id": "server",
            "is_template": false,
            "merge_commit_message": "PR_TITLE",
            "merge_commit_title": "MERGE_MESSAGE",
            "name": "server",
            "node_id": "MDEwOlJlcG9zaXRvcnkzMTAwMzMwNA==",
            "pages": [],
            "private": false,
            "repo_id": 31003304,
            "squash_merge_commit_message": "COMMIT_MESSAGES",
            "squash_merge_commit_title": "COMMIT_OR_PR_TITLE",
            "ssh_clone_url": "git@github.com:amylum/server.git",
            "svn_url": "https://github.com/amylum/server",
            "template": [],
            "topics": [],
            "visibility": "public"
          },
          "sensitive_attributes": []
        },
        {
          "index_key": "amylum/shadow",
          "schema_version": 0,
          "attributes": {
            "allow_auto_merge": false,
            "allow_merge_commit": true,
            "allow_rebase_merge": true,
            "allow_squash_merge": true,
            "archived": false,
            "default_branch": "main",
            "description": "Package for shadow",
            "fork": false,
            "full_name": "amylum/shadow",
            "git_clone_url": "git://github.com/amylum/shadow.git",
            "has_discussions": false,
            "has_downloads": true,
            "has_issues": true,
            "has_projects": true,
            "has_wiki": false,
            "homepage_url": "",
            "html_url": "https://github.com/amylum/shadow",
            "http_clone_url": "https://github.com/amylum/shadow.git",
            "id": "shadow",
            "is_template": false,
            "merge_commit_message": "PR_TITLE",
            "merge_commit_title": "MERGE_MESSAGE",
            "name": "shadow",
            "node_id": "MDEwOlJlcG9zaXRvcnk1MDM4OTk1Ng==",
            "pages": [],
            "private": false,
            "repo_id": 50389956,
            "squash_merge_commit_message": "COMMIT_MESSAGES",
            "squash_merge_commit_title": "COMMIT_OR_PR_TITLE",
            "ssh_clone_url": "git@github.com:amylum/shadow.git",
            "svn_url": "https://github.com/amylum/shadow",
            "template": [],
            "topics": [],
            "visibility": "public"
          },
          "sensitive_attributes": []
        },
        {
          "index_key": "amylum/skalibs",
          "schema_version": 0,
          "attributes": {
            "allow_auto_merge": false,
            "allow_merge_commit": true,
            "allow_rebase_merge": true,
            "allow_squash_merge": true,
            "archived": false,
            "default_branch": "main",
            "description": "Package from http://www.skarnet.org/software/skalibs/",
            "fork": false,
            "full_name": "amylum/skalibs",
            "git_clone_url": "git://github.com/amylum/skalibs.git",
            "has_discussions": false,
            "has_downloads": true,
            "has_issues": true,
            "has_projects": true,
            "has_wiki": false,
            "homepage_url": "",
            "html_url": "https://github.com/amylum/skalibs",
            "http_clone_url": "https://github.com/amylum/skalibs.git",
            "id": "skalibs",
            "is_template": false,
            "merge_commit_message": "PR_TITLE",
            "merge_commit_title": "MERGE_MESSAGE",
            "name": "skalibs",
            "node_id": "MDEwOlJlcG9zaXRvcnkxOTg3NTUwNQ==",
            "pages": [],
            "private": false,
            "repo_id": 19875505,
            "squash_merge_commit_message": "COMMIT_MESSAGES",
            "squash_merge_commit_title": "COMMIT_OR_PR_TITLE",
            "ssh_clone_url": "git@github.com:amylum/skalibs.git",
            "svn_url": "https://github.com/amylum/skalibs",
            "template": [],
            "topics": [],
            "visibility": "public"
          },
          "sensitive_attributes": []
        },
        {
          "index_key": "amylum/slacker",
          "schema_version": 0,
          "attributes": {
            "allow_auto_merge": false,
            "allow_merge_commit": true,
            "allow_rebase_merge": true,
            "allow_squash_merge": true,
            "archived": false,
            "default_branch": "main",
            "description": "Package for slacker",
            "fork": false,
            "full_name": "amylum/slacker",
            "git_clone_url": "git://github.com/amylum/slacker.git",
            "has_discussions": false,
            "has_downloads": true,
            "has_issues": true,
            "has_projects": true,
            "has_wiki": false,
            "homepage_url": "",
            "html_url": "https://github.com/amylum/slacker",
            "http_clone_url": "https://github.com/amylum/slacker.git",
            "id": "slacker",
            "is_template": false,
            "merge_commit_message": "PR_TITLE",
            "merge_commit_title": "MERGE_MESSAGE",
            "name": "slacker",
            "node_id": "MDEwOlJlcG9zaXRvcnk0OTcyODQ1NA==",
            "pages": [],
            "private": false,
            "repo_id": 49728454,
            "squash_merge_commit_message": "COMMIT_MESSAGES",
            "squash_merge_commit_title": "COMMIT_OR_PR_TITLE",
            "ssh_clone_url": "git@github.com:amylum/slacker.git",
            "svn_url": "https://github.com/amylum/slacker",
            "template": [],
            "topics": [],
            "visibility": "public"
          },
          "sensitive_attributes": []
        },
        {
          "index_key": "amylum/sqlite",
          "schema_version": 0,
          "attributes": {
            "allow_auto_merge": false,
            "allow_merge_commit": true,
            "allow_rebase_merge": true,
            "allow_squash_merge": true,
            "archived": false,
            "default_branch": "main",
            "description": "Package for sqlite",
            "fork": false,
            "full_name": "amylum/sqlite",
            "git_clone_url": "git://github.com/amylum/sqlite.git",
            "has_discussions": false,
            "has_downloads": true,
            "has_issues": true,
            "has_projects": true,
            "has_wiki": false,
            "homepage_url": "",
            "html_url": "https://github.com/amylum/sqlite",
            "http_clone_url": "https://github.com/amylum/sqlite.git",
            "id": "sqlite",
            "is_template": false,
            "merge_commit_message": "PR_TITLE",
            "merge_commit_title": "MERGE_MESSAGE",
            "name": "sqlite",
            "node_id": "MDEwOlJlcG9zaXRvcnk0ODgzNzU2Nw==",
            "pages": [],
            "private": false,
            "repo_id": 48837567,
            "squash_merge_commit_message": "COMMIT_MESSAGES",
            "squash_merge_commit_title": "COMMIT_OR_PR_TITLE",
            "ssh_clone_url": "git@github.com:amylum/sqlite.git",
            "svn_url": "https://github.com/amylum/sqlite",
            "template": [],
            "topics": [],
            "visibility": "public"
          },
          "sensitive_attributes": []
        },
        {
          "index_key": "amylum/strace",
          "schema_version": 0,
          "attributes": {
            "allow_auto_merge": false,
            "allow_merge_commit": true,
            "allow_rebase_merge": true,
            "allow_squash_merge": true,
            "archived": false,
            "default_branch": "main",
            "description": "Package for strace",
            "fork": false,
            "full_name": "amylum/strace",
            "git_clone_url": "git://github.com/amylum/strace.git",
            "has_discussions": false,
            "has_downloads": true,
            "has_issues": true,
            "has_projects": true,
            "has_wiki": false,
            "homepage_url": "",
            "html_url": "https://github.com/amylum/strace",
            "http_clone_url": "https://github.com/amylum/strace.git",
            "id": "strace",
            "is_template": false,
            "merge_commit_message": "PR_TITLE",
            "merge_commit_title": "MERGE_MESSAGE",
            "name": "strace",
            "node_id": "MDEwOlJlcG9zaXRvcnk0ODg5ODMyOA==",
            "pages": [],
            "private": false,
            "repo_id": 48898328,
            "squash_merge_commit_message": "COMMIT_MESSAGES",
            "squash_merge_commit_title": "COMMIT_OR_PR_TITLE",
            "ssh_clone_url": "git@github.com:amylum/strace.git",
            "svn_url": "https://github.com/amylum/strace",
            "template": [],
            "topics": [],
            "visibility": "public"
          },
          "sensitive_attributes": []
        },
        {
          "index_key": "amylum/tar",
          "schema_version": 0,
          "attributes": {
            "allow_auto_merge": false,
            "allow_merge_commit": true,
            "allow_rebase_merge": true,
            "allow_squash_merge": true,
            "archived": false,
            "default_branch": "main",
            "description": "package for tar",
            "fork": false,
            "full_name": "amylum/tar",
            "git_clone_url": "git://github.com/amylum/tar.git",
            "has_discussions": false,
            "has_downloads": true,
            "has_issues": true,
            "has_projects": true,
            "has_wiki": false,
            "homepage_url": "",
            "html_url": "https://github.com/amylum/tar",
            "http_clone_url": "https://github.com/amylum/tar.git",
            "id": "tar",
            "is_template": false,
            "merge_commit_message": "PR_TITLE",
            "merge_commit_title": "MERGE_MESSAGE",
            "name": "tar",
            "node_id": "MDEwOlJlcG9zaXRvcnk1MDc5MDg1OA==",
            "pages": [],
            "private": false,
            "repo_id": 50790858,
            "squash_merge_commit_message": "COMMIT_MESSAGES",
            "squash_merge_commit_title": "COMMIT_OR_PR_TITLE",
            "ssh_clone_url": "git@github.com:amylum/tar.git",
            "svn_url": "https://github.com/amylum/tar",
            "template": [],
            "topics": [],
            "visibility": "public"
          },
          "sensitive_attributes": []
        },
        {
          "index_key": "amylum/tinc",
          "schema_version": 0,
          "attributes": {
            "allow_auto_merge": false,
            "allow_merge_commit": true,
            "allow_rebase_merge": true,
            "allow_squash_merge": true,
            "archived": false,
            "default_branch": "main",
            "description": "Mesh VPN service",
            "fork": false,
            "full_name": "amylum/tinc",
            "git_clone_url": "git://github.com/amylum/tinc.git",
            "has_discussions": false,
            "has_downloads": true,
            "has_issues": true,
            "has_projects": true,
            "has_wiki": false,
            "homepage_url": "",
            "html_url": "https://github.com/amylum/tinc",
            "http_clone_url": "https://github.com/amylum/tinc.git",
            "id": "tinc",
            "is_template": false,
            "merge_commit_message": "PR_TITLE",
            "merge_commit_title": "MERGE_MESSAGE",
            "name": "tinc",
            "node_id": "MDEwOlJlcG9zaXRvcnkzODAxNDMyNg==",
            "pages": [],
            "private": false,
            "repo_id": 38014326,
            "squash_merge_commit_message": "COMMIT_MESSAGES",
            "squash_merge_commit_title": "COMMIT_OR_PR_TITLE",
            "ssh_clone_url": "git@github.com:amylum/tinc.git",
            "svn_url": "https://github.com/amylum/tinc",
            "template": [],
            "topics": [],
            "visibility": "public"
          },
          "sensitive_attributes": []
        },
        {
          "index_key": "amylum/tinyssh",
          "schema_version": 0,
          "attributes": {
            "allow_auto_merge": false,
            "allow_merge_commit": true,
            "allow_rebase_merge": true,
            "allow_squash_merge": true,
            "archived": false,
            "default_branch": "main",
            "description": "Lightweight SSH server based on modern primitives",
            "fork": false,
            "full_name": "amylum/tinyssh",
            "git_clone_url": "git://github.com/amylum/tinyssh.git",
            "has_discussions": false,
            "has_downloads": true,
            "has_issues": true,
            "has_projects": true,
            "has_wiki": false,
            "homepage_url": "",
            "html_url": "https://github.com/amylum/tinyssh",
            "http_clone_url": "https://github.com/amylum/tinyssh.git",
            "id": "tinyssh",
            "is_template": false,
            "merge_commit_message": "PR_TITLE",
            "merge_commit_title": "MERGE_MESSAGE",
            "name": "tinyssh",
            "node_id": "MDEwOlJlcG9zaXRvcnk0MDA0NjU3NQ==",
            "pages": [],
            "private": false,
            "repo_id": 40046575,
            "squash_merge_commit_message": "COMMIT_MESSAGES",
            "squash_merge_commit_title": "COMMIT_OR_PR_TITLE",
            "ssh_clone_url": "git@github.com:amylum/tinyssh.git",
            "svn_url": "https://github.com/amylum/tinyssh",
            "template": [],
            "topics": [],
            "visibility": "public"
          },
          "sensitive_attributes": []
        },
        {
          "index_key": "amylum/tre",
          "schema_version": 0,
          "attributes": {
            "allow_auto_merge": false,
            "allow_merge_commit": true,
            "allow_rebase_merge": true,
            "allow_squash_merge": true,
            "archived": false,
            "default_branch": "main",
            "description": "Package for tre",
            "fork": false,
            "full_name": "amylum/tre",
            "git_clone_url": "git://github.com/amylum/tre.git",
            "has_discussions": false,
            "has_downloads": true,
            "has_issues": true,
            "has_projects": true,
            "has_wiki": false,
            "homepage_url": "",
            "html_url": "https://github.com/amylum/tre",
            "http_clone_url": "https://github.com/amylum/tre.git",
            "id": "tre",
            "is_template": false,
            "merge_commit_message": "PR_TITLE",
            "merge_commit_title": "MERGE_MESSAGE",
            "name": "tre",
            "node_id": "MDEwOlJlcG9zaXRvcnk2NzY2MjA3NQ==",
            "pages": [],
            "private": false,
            "repo_id": 67662075,
            "squash_merge_commit_message": "COMMIT_MESSAGES",
            "squash_merge_commit_title": "COMMIT_OR_PR_TITLE",
            "ssh_clone_url": "git@github.com:amylum/tre.git",
            "svn_url": "https://github.com/amylum/tre",
            "template": [],
            "topics": [],
            "visibility": "public"
          },
          "sensitive_attributes": []
        },
        {
          "index_key": "amylum/util-linux",
          "schema_version": 0,
          "attributes": {
            "allow_auto_merge": false,
            "allow_merge_commit": true,
            "allow_rebase_merge": true,
            "allow_squash_merge": true,
            "archived": false,
            "default_branch": "main",
            "description": "Package for util-linux",
            "fork": false,
            "full_name": "amylum/util-linux",
            "git_clone_url": "git://github.com/amylum/util-linux.git",
            "has_discussions": false,
            "has_downloads": true,
            "has_issues": true,
            "has_projects": true,
            "has_wiki": false,
            "homepage_url": "",
            "html_url": "https://github.com/amylum/util-linux",
            "http_clone_url": "https://github.com/amylum/util-linux.git",
            "id": "util-linux",
            "is_template": false,
            "merge_commit_message": "PR_TITLE",
            "merge_commit_title": "MERGE_MESSAGE",
            "name": "util-linux",
            "node_id": "MDEwOlJlcG9zaXRvcnk0MDk0NjE1NQ==",
            "pages": [],
            "private": false,
            "repo_id": 40946155,
            "squash_merge_commit_message": "COMMIT_MESSAGES",
            "squash_merge_commit_title": "COMMIT_OR_PR_TITLE",
            "ssh_clone_url": "git@github.com:amylum/util-linux.git",
            "svn_url": "https://github.com/amylum/util-linux",
            "template": [],
            "topics": [],
            "visibility": "public"
          },
          "sensitive_attributes": []
        },
        {
          "index_key": "amylum/which",
          "schema_version": 0,
          "attributes": {
            "allow_auto_merge": false,
            "allow_merge_commit": true,
            "allow_rebase_merge": true,
            "allow_squash_merge": true,
            "archived": false,
            "default_branch": "main",
            "description": "A utility to show the full path of commands",
            "fork": false,
            "full_name": "amylum/which",
            "git_clone_url": "git://github.com/amylum/which.git",
            "has_discussions": false,
            "has_downloads": true,
            "has_issues": true,
            "has_projects": true,
            "has_wiki": false,
            "homepage_url": "",
            "html_url": "https://github.com/amylum/which",
            "http_clone_url": "https://github.com/amylum/which.git",
            "id": "which",
            "is_template": false,
            "merge_commit_message": "PR_TITLE",
            "merge_commit_title": "MERGE_MESSAGE",
            "name": "which",
            "node_id": "MDEwOlJlcG9zaXRvcnk0MDQ1OTk2Ng==",
            "pages": [],
            "private": false,
            "repo_id": 40459966,
            "squash_merge_commit_message": "COMMIT_MESSAGES",
            "squash_merge_commit_title": "COMMIT_OR_PR_TITLE",
            "ssh_clone_url": "git@github.com:amylum/which.git",
            "svn_url": "https://github.com/amylum/which",
            "template": [],
            "topics": [],
            "visibility": "public"
          },
          "sensitive_attributes": []
        },
        {
          "index_key": "amylum/xz",
          "schema_version": 0,
          "attributes": {
            "allow_auto_merge": false,
            "allow_merge_commit": true,
            "allow_rebase_merge": true,
            "allow_squash_merge": true,
            "archived": false,
            "default_branch": "main",
            "description": "Package for xz",
            "fork": false,
            "full_name": "amylum/xz",
            "git_clone_url": "git://github.com/amylum/xz.git",
            "has_discussions": false,
            "has_downloads": true,
            "has_issues": true,
            "has_projects": true,
            "has_wiki": false,
            "homepage_url": "",
            "html_url": "https://github.com/amylum/xz",
            "http_clone_url": "https://github.com/amylum/xz.git",
            "id": "xz",
            "is_template": false,
            "merge_commit_message": "PR_TITLE",
            "merge_commit_title": "MERGE_MESSAGE",
            "name": "xz",
            "node_id": "MDEwOlJlcG9zaXRvcnk0MTU5NzAyOA==",
            "pages": [],
            "private": false,
            "repo_id": 41597028,
            "squash_merge_commit_message": "COMMIT_MESSAGES",
            "squash_merge_commit_title": "COMMIT_OR_PR_TITLE",
            "ssh_clone_url": "git@github.com:amylum/xz.git",
            "svn_url": "https://github.com/amylum/xz",
            "template": [],
            "topics": [],
            "visibility": "public"
          },
          "sensitive_attributes": []
        },
        {
          "index_key": "amylum/zlib",
          "schema_version": 0,
          "attributes": {
            "allow_auto_merge": false,
            "allow_merge_commit": true,
            "allow_rebase_merge": true,
            "allow_squash_merge": true,
            "archived": false,
            "default_branch": "main",
            "description": "Package for zlib",
            "fork": false,
            "full_name": "amylum/zlib",
            "git_clone_url": "git://github.com/amylum/zlib.git",
            "has_discussions": false,
            "has_downloads": true,
            "has_issues": true,
            "has_projects": true,
            "has_wiki": false,
            "homepage_url": "",
            "html_url": "https://github.com/amylum/zlib",
            "http_clone_url": "https://github.com/amylum/zlib.git",
            "id": "zlib",
            "is_template": false,
            "merge_commit_message": "PR_TITLE",
            "merge_commit_title": "MERGE_MESSAGE",
            "name": "zlib",
            "node_id": "MDEwOlJlcG9zaXRvcnk0NTc2NjE0Nw==",
            "pages": [],
            "private": false,
            "repo_id": 45766147,
            "squash_merge_commit_message": "COMMIT_MESSAGES",
            "squash_merge_commit_title": "COMMIT_OR_PR_TITLE",
            "ssh_clone_url": "git@github.com:amylum/zlib.git",
            "svn_url": "https://github.com/amylum/zlib",
            "template": [],
            "topics": [],
            "visibility": "public"
          },
          "sensitive_attributes": []
        },
        {
          "index_key": "amylum/zstd",
          "schema_version": 0,
          "attributes": {
            "allow_auto_merge": false,
            "allow_merge_commit": true,
            "allow_rebase_merge": true,
            "allow_squash_merge": true,
            "archived": false,
            "default_branch": "main",
            "description": "Package for zstd",
            "fork": false,
            "full_name": "amylum/zstd",
            "git_clone_url": "git://github.com/amylum/zstd.git",
            "has_discussions": false,
            "has_downloads": true,
            "has_issues": true,
            "has_projects": true,
            "has_wiki": true,
            "homepage_url": "",
            "html_url": "https://github.com/amylum/zstd",
            "http_clone_url": "https://github.com/amylum/zstd.git",
            "id": "zstd",
            "is_template": false,
            "merge_commit_message": "PR_TITLE",
            "merge_commit_title": "MERGE_MESSAGE",
            "name": "zstd",
            "node_id": "MDEwOlJlcG9zaXRvcnkxMTE0ODg2NDk=",
            "pages": [],
            "private": false,
            "repo_id": 111488649,
            "squash_merge_commit_message": "COMMIT_MESSAGES",
            "squash_merge_commit_title": "COMMIT_OR_PR_TITLE",
            "ssh_clone_url": "git@github.com:amylum/zstd.git",
            "svn_url": "https://github.com/amylum/zstd",
            "template": [],
            "topics": [],
            "visibility": "public"
          },
          "sensitive_attributes": []
        }
      ]
    },
    {
      "module": "module.amylum",
      "mode": "managed",
      "type": "github_repository",
      "name": "each",
      "provider": "provider[\"registry.terraform.io/integrations/github\"].amylum",
      "instances": [
        {
          "index_key": "anopa",
          "schema_version": 1,
          "attributes": {
            "allow_auto_merge": false,
            "allow_merge_commit": true,
            "allow_rebase_merge": true,
            "allow_squash_merge": true,
            "allow_update_branch": false,
            "archive_on_destroy": null,
            "archived": false,
            "auto_init": false,
            "default_branch": "main",
            "delete_branch_on_merge": false,
            "description": "Init framework built on s6",
            "etag": "W/\"01572338ba8858e071fe5e495c418a21fc84d4b320a841c5fdb55560df840399\"",
            "full_name": "amylum/anopa",
            "git_clone_url": "git://github.com/amylum/anopa.git",
            "gitignore_template": null,
            "has_discussions": false,
            "has_downloads": true,
            "has_issues": true,
            "has_projects": true,
            "has_wiki": false,
            "homepage_url": "",
            "html_url": "https://github.com/amylum/anopa",
            "http_clone_url": "https://github.com/amylum/anopa.git",
            "id": "anopa",
            "ignore_vulnerability_alerts_during_read": null,
            "is_template": false,
            "license_template": null,
            "merge_commit_message": "PR_TITLE",
            "merge_commit_title": "MERGE_MESSAGE",
            "name": "anopa",
            "node_id": "MDEwOlJlcG9zaXRvcnkzMzc5ODI5OA==",
            "pages": [],
            "private": false,
            "repo_id": 33798298,
            "security_and_analysis": [
              {
                "advanced_security": [],
                "secret_scanning": [
                  {
                    "status": "disabled"
                  }
                ],
                "secret_scanning_push_protection": [
                  {
                    "status": "disabled"
                  }
                ]
              }
            ],
            "squash_merge_commit_message": "COMMIT_MESSAGES",
            "squash_merge_commit_title": "COMMIT_OR_PR_TITLE",
            "ssh_clone_url": "git@github.com:amylum/anopa.git",
            "svn_url": "https://github.com/amylum/anopa",
            "template": [],
            "topics": [],
            "visibility": "public",
            "vulnerability_alerts": true
          },
          "sensitive_attributes": [],
          "private": "eyJzY2hlbWFfdmVyc2lvbiI6IjEifQ=="
        },
        {
          "index_key": "autogen",
          "schema_version": 1,
          "attributes": {
            "allow_auto_merge": false,
            "allow_merge_commit": true,
            "allow_rebase_merge": true,
            "allow_squash_merge": true,
            "allow_update_branch": false,
            "archive_on_destroy": null,
            "archived": false,
            "auto_init": false,
            "default_branch": "main",
            "delete_branch_on_merge": false,
            "description": "Package for autogen",
            "etag": "W/\"255873e2a6aa22f6640fd0343cac3ebcd99de152812944a1c650882081050386\"",
            "full_name": "amylum/autogen",
            "git_clone_url": "git://github.com/amylum/autogen.git",
            "gitignore_template": null,
            "has_discussions": false,
            "has_downloads": true,
            "has_issues": true,
            "has_projects": true,
            "has_wiki": false,
            "homepage_url": "",
            "html_url": "https://github.com/amylum/autogen",
            "http_clone_url": "https://github.com/amylum/autogen.git",
            "id": "autogen",
            "ignore_vulnerability_alerts_during_read": null,
            "is_template": false,
            "license_template": null,
            "merge_commit_message": "PR_TITLE",
            "merge_commit_title": "MERGE_MESSAGE",
            "name": "autogen",
            "node_id": "MDEwOlJlcG9zaXRvcnk0NjIzODM2MQ==",
            "pages": [],
            "private": false,
            "repo_id": 46238361,
            "security_and_analysis": [
              {
                "advanced_security": [],
                "secret_scanning": [
                  {
                    "status": "disabled"
                  }
                ],
                "secret_scanning_push_protection": [
                  {
                    "status": "disabled"
                  }
                ]
              }
            ],
            "squash_merge_commit_message": "COMMIT_MESSAGES",
            "squash_merge_commit_title": "COMMIT_OR_PR_TITLE",
            "ssh_clone_url": "git@github.com:amylum/autogen.git",
            "svn_url": "https://github.com/amylum/autogen",
            "template": [],
            "topics": [],
            "visibility": "public",
            "vulnerability_alerts": true
          },
          "sensitive_attributes": [],
          "private": "eyJzY2hlbWFfdmVyc2lvbiI6IjEifQ=="
        },
        {
          "index_key": "bash",
          "schema_version": 1,
          "attributes": {
            "allow_auto_merge": false,
            "allow_merge_commit": true,
            "allow_rebase_merge": true,
            "allow_squash_merge": true,
            "allow_update_branch": false,
            "archive_on_destroy": null,
            "archived": false,
            "auto_init": false,
            "default_branch": "main",
            "delete_branch_on_merge": false,
            "description": "Package for bash",
            "etag": "W/\"0f3ae950a5ddd0be6a1f5c0fc7a3934d2f0f474065bdfd38c0582145e28b1527\"",
            "full_name": "amylum/bash",
            "git_clone_url": "git://github.com/amylum/bash.git",
            "gitignore_template": null,
            "has_discussions": false,
            "has_downloads": true,
            "has_issues": true,
            "has_projects": true,
            "has_wiki": false,
            "homepage_url": "",
            "html_url": "https://github.com/amylum/bash",
            "http_clone_url": "https://github.com/amylum/bash.git",
            "id": "bash",
            "ignore_vulnerability_alerts_during_read": null,
            "is_template": false,
            "license_template": null,
            "merge_commit_message": "PR_TITLE",
            "merge_commit_title": "MERGE_MESSAGE",
            "name": "bash",
            "node_id": "MDEwOlJlcG9zaXRvcnk0MjA1NDIxNw==",
            "pages": [],
            "private": false,
            "repo_id": 42054217,
            "security_and_analysis": [
              {
                "advanced_security": [],
                "secret_scanning": [
                  {
                    "status": "disabled"
                  }
                ],
                "secret_scanning_push_protection": [
                  {
                    "status": "disabled"
                  }
                ]
              }
            ],
            "squash_merge_commit_message": "COMMIT_MESSAGES",
            "squash_merge_commit_title": "COMMIT_OR_PR_TITLE",
            "ssh_clone_url": "git@github.com:amylum/bash.git",
            "svn_url": "https://github.com/amylum/bash",
            "template": [],
            "topics": [],
            "visibility": "public",
            "vulnerability_alerts": true
          },
          "sensitive_attributes": [],
          "private": "eyJzY2hlbWFfdmVyc2lvbiI6IjEifQ=="
        },
        {
          "index_key": "btrfs-progs",
          "schema_version": 1,
          "attributes": {
            "allow_auto_merge": false,
            "allow_merge_commit": true,
            "allow_rebase_merge": true,
            "allow_squash_merge": true,
            "allow_update_branch": false,
            "archive_on_destroy": null,
            "archived": false,
            "auto_init": false,
            "default_branch": "main",
            "delete_branch_on_merge": false,
            "description": "Package for btrfs-progs",
            "etag": "W/\"cff4f26902213ab0c21a23be67acc97719b1a1c8af751bf265815e7c062b2741\"",
            "full_name": "amylum/btrfs-progs",
            "git_clone_url": "git://github.com/amylum/btrfs-progs.git",
            "gitignore_template": null,
            "has_discussions": false,
            "has_downloads": true,
            "has_issues": true,
            "has_projects": true,
            "has_wiki": false,
            "homepage_url": "",
            "html_url": "https://github.com/amylum/btrfs-progs",
            "http_clone_url": "https://github.com/amylum/btrfs-progs.git",
            "id": "btrfs-progs",
            "ignore_vulnerability_alerts_during_read": null,
            "is_template": false,
            "license_template": null,
            "merge_commit_message": "PR_TITLE",
            "merge_commit_title": "MERGE_MESSAGE",
            "name": "btrfs-progs",
            "node_id": "MDEwOlJlcG9zaXRvcnkxMDQyOTg2NjE=",
            "pages": [],
            "private": false,
            "repo_id": 104298661,
            "security_and_analysis": [
              {
                "advanced_security": [],
                "secret_scanning": [
                  {
                    "status": "disabled"
                  }
                ],
                "secret_scanning_push_protection": [
                  {
                    "status": "disabled"
                  }
                ]
              }
            ],
            "squash_merge_commit_message": "COMMIT_MESSAGES",
            "squash_merge_commit_title": "COMMIT_OR_PR_TITLE",
            "ssh_clone_url": "git@github.com:amylum/btrfs-progs.git",
            "svn_url": "https://github.com/amylum/btrfs-progs",
            "template": [],
            "topics": [],
            "visibility": "public",
            "vulnerability_alerts": true
          },
          "sensitive_attributes": [],
          "private": "eyJzY2hlbWFfdmVyc2lvbiI6IjEifQ=="
        },
        {
          "index_key": "builder",
          "schema_version": 1,
          "attributes": {
            "allow_auto_merge": false,
            "allow_merge_commit": true,
            "allow_rebase_merge": true,
            "allow_squash_merge": true,
            "allow_update_branch": false,
            "archive_on_destroy": null,
            "archived": false,
            "auto_init": false,
            "default_branch": "main",
            "delete_branch_on_merge": false,
            "description": "Docker container for building packages",
            "etag": "W/\"c0a7eab773b780c2f8578f5c95e143c76061de4336dae9aaeba606e96ab4139e\"",
            "full_name": "amylum/builder",
            "git_clone_url": "git://github.com/amylum/builder.git",
            "gitignore_template": null,
            "has_discussions": false,
            "has_downloads": true,
            "has_issues": true,
            "has_projects": true,
            "has_wiki": false,
            "homepage_url": "",
            "html_url": "https://github.com/amylum/builder",
            "http_clone_url": "https://github.com/amylum/builder.git",
            "id": "builder",
            "ignore_vulnerability_alerts_during_read": null,
            "is_template": false,
            "license_template": null,
            "merge_commit_message": "PR_TITLE",
            "merge_commit_title": "MERGE_MESSAGE",
            "name": "builder",
            "node_id": "MDEwOlJlcG9zaXRvcnkzMTU3Nzk2Ng==",
            "pages": [],
            "private": false,
            "repo_id": 31577966,
            "security_and_analysis": [
              {
                "advanced_security": [],
                "secret_scanning": [
                  {
                    "status": "disabled"
                  }
                ],
                "secret_scanning_push_protection": [
                  {
                    "status": "disabled"
                  }
                ]
              }
            ],
            "squash_merge_commit_message": "COMMIT_MESSAGES",
            "squash_merge_commit_title": "COMMIT_OR_PR_TITLE",
            "ssh_clone_url": "git@github.com:amylum/builder.git",
            "svn_url": "https://github.com/amylum/builder",
            "template": [],
            "topics": [],
            "visibility": "public",
            "vulnerability_alerts": true
          },
          "sensitive_attributes": [],
          "private": "eyJzY2hlbWFfdmVyc2lvbiI6IjEifQ=="
        },
        {
          "index_key": "ca-certificates",
          "schema_version": 1,
          "attributes": {
            "allow_auto_merge": false,
            "allow_merge_commit": true,
            "allow_rebase_merge": true,
            "allow_squash_merge": true,
            "allow_update_branch": false,
            "archive_on_destroy": null,
            "archived": false,
            "auto_init": false,
            "default_branch": "main",
            "delete_branch_on_merge": false,
            "description": "Package for ca-certificates",
            "etag": "W/\"e082b5ee947461849612e050acd90b4eb19973ad5c769a6b6d89c1509a656b23\"",
            "full_name": "amylum/ca-certificates",
            "git_clone_url": "git://github.com/amylum/ca-certificates.git",
            "gitignore_template": null,
            "has_discussions": false,
            "has_downloads": true,
            "has_issues": true,
            "has_projects": true,
            "has_wiki": false,
            "homepage_url": "",
            "html_url": "https://github.com/amylum/ca-certificates",
            "http_clone_url": "https://github.com/amylum/ca-certificates.git",
            "id": "ca-certificates",
            "ignore_vulnerability_alerts_during_read": null,
            "is_template": false,
            "license_template": null,
            "merge_commit_message": "PR_TITLE",
            "merge_commit_title": "MERGE_MESSAGE",
            "name": "ca-certificates",
            "node_id": "MDEwOlJlcG9zaXRvcnk1MDgxMzIzOQ==",
            "pages": [],
            "private": false,
            "repo_id": 50813239,
            "security_and_analysis": [
              {
                "advanced_security": [],
                "secret_scanning": [
                  {
                    "status": "disabled"
                  }
                ],
                "secret_scanning_push_protection": [
                  {
                    "status": "disabled"
                  }
                ]
              }
            ],
            "squash_merge_commit_message": "COMMIT_MESSAGES",
            "squash_merge_commit_title": "COMMIT_OR_PR_TITLE",
            "ssh_clone_url": "git@github.com:amylum/ca-certificates.git",
            "svn_url": "https://github.com/amylum/ca-certificates",
            "template": [],
            "topics": [],
            "visibility": "public",
            "vulnerability_alerts": true
          },
          "sensitive_attributes": [],
          "private": "eyJzY2hlbWFfdmVyc2lvbiI6IjEifQ=="
        },
        {
          "index_key": "cfssl",
          "schema_version": 1,
          "attributes": {
            "allow_auto_merge": false,
            "allow_merge_commit": true,
            "allow_rebase_merge": true,
            "allow_squash_merge": true,
            "allow_update_branch": false,
            "archive_on_destroy": null,
            "archived": false,
            "auto_init": false,
            "default_branch": "main",
            "delete_branch_on_merge": false,
            "description": "Package for cfssl",
            "etag": "W/\"e857a3952634c7a29359daa57a9dbe1bc472e33f5be3255fc91cb827f2f3f85f\"",
            "full_name": "amylum/cfssl",
            "git_clone_url": "git://github.com/amylum/cfssl.git",
            "gitignore_template": null,
            "has_discussions": false,
            "has_downloads": true,
            "has_issues": true,
            "has_projects": true,
            "has_wiki": false,
            "homepage_url": "",
            "html_url": "https://github.com/amylum/cfssl",
            "http_clone_url": "https://github.com/amylum/cfssl.git",
            "id": "cfssl",
            "ignore_vulnerability_alerts_during_read": null,
            "is_template": false,
            "license_template": null,
            "merge_commit_message": "PR_TITLE",
            "merge_commit_title": "MERGE_MESSAGE",
            "name": "cfssl",
            "node_id": "MDEwOlJlcG9zaXRvcnk2ODA1NzE5MA==",
            "pages": [],
            "private": false,
            "repo_id": 68057190,
            "security_and_analysis": [
              {
                "advanced_security": [],
                "secret_scanning": [
                  {
                    "status": "disabled"
                  }
                ],
                "secret_scanning_push_protection": [
                  {
                    "status": "disabled"
                  }
                ]
              }
            ],
            "squash_merge_commit_message": "COMMIT_MESSAGES",
            "squash_merge_commit_title": "COMMIT_OR_PR_TITLE",
            "ssh_clone_url": "git@github.com:amylum/cfssl.git",
            "svn_url": "https://github.com/amylum/cfssl",
            "template": [],
            "topics": [],
            "visibility": "public",
            "vulnerability_alerts": true
          },
          "sensitive_attributes": [],
          "private": "eyJzY2hlbWFfdmVyc2lvbiI6IjEifQ=="
        },
        {
          "index_key": "containerd",
          "schema_version": 1,
          "attributes": {
            "allow_auto_merge": false,
            "allow_merge_commit": true,
            "allow_rebase_merge": true,
            "allow_squash_merge": true,
            "allow_update_branch": false,
            "archive_on_destroy": null,
            "archived": false,
            "auto_init": false,
            "default_branch": "main",
            "delete_branch_on_merge": false,
            "description": "Package for containerd",
            "etag": "W/\"3f0f3034c74096ce290b85c459fb2962688280633c82083e97cadd3aab25df5a\"",
            "full_name": "amylum/containerd",
            "git_clone_url": "git://github.com/amylum/containerd.git",
            "gitignore_template": null,
            "has_discussions": false,
            "has_downloads": true,
            "has_issues": true,
            "has_projects": true,
            "has_wiki": false,
            "homepage_url": "",
            "html_url": "https://github.com/amylum/containerd",
            "http_clone_url": "https://github.com/amylum/containerd.git",
            "id": "containerd",
            "ignore_vulnerability_alerts_during_read": null,
            "is_template": false,
            "license_template": null,
            "merge_commit_message": "PR_TITLE",
            "merge_commit_title": "MERGE_MESSAGE",
            "name": "containerd",
            "node_id": "MDEwOlJlcG9zaXRvcnk1ODE0NTI0Mg==",
            "pages": [],
            "private": false,
            "repo_id": 58145242,
            "security_and_analysis": [
              {
                "advanced_security": [],
                "secret_scanning": [
                  {
                    "status": "disabled"
                  }
                ],
                "secret_scanning_push_protection": [
                  {
                    "status": "disabled"
                  }
                ]
              }
            ],
            "squash_merge_commit_message": "COMMIT_MESSAGES",
            "squash_merge_commit_title": "COMMIT_OR_PR_TITLE",
            "ssh_clone_url": "git@github.com:amylum/containerd.git",
            "svn_url": "https://github.com/amylum/containerd",
            "template": [],
            "topics": [],
            "visibility": "public",
            "vulnerability_alerts": true
          },
          "sensitive_attributes": [],
          "private": "eyJzY2hlbWFfdmVyc2lvbiI6IjEifQ=="
        },
        {
          "index_key": "coreutils",
          "schema_version": 1,
          "attributes": {
            "allow_auto_merge": false,
            "allow_merge_commit": true,
            "allow_rebase_merge": true,
            "allow_squash_merge": true,
            "allow_update_branch": false,
            "archive_on_destroy": null,
            "archived": false,
            "auto_init": false,
            "default_branch": "main",
            "delete_branch_on_merge": false,
            "description": "Package for coreutils",
            "etag": "W/\"344426e31a4f4ee721b90d9935340612c78a6e25f965ae4c579615603cb561aa\"",
            "full_name": "amylum/coreutils",
            "git_clone_url": "git://github.com/amylum/coreutils.git",
            "gitignore_template": null,
            "has_discussions": false,
            "has_downloads": true,
            "has_issues": true,
            "has_projects": true,
            "has_wiki": false,
            "homepage_url": "",
            "html_url": "https://github.com/amylum/coreutils",
            "http_clone_url": "https://github.com/amylum/coreutils.git",
            "id": "coreutils",
            "ignore_vulnerability_alerts_during_read": null,
            "is_template": false,
            "license_template": null,
            "merge_commit_message": "PR_TITLE",
            "merge_commit_title": "MERGE_MESSAGE",
            "name": "coreutils",
            "node_id": "MDEwOlJlcG9zaXRvcnk1MDM5NjcwMw==",
            "pages": [],
            "private": false,
            "repo_id": 50396703,
            "security_and_analysis": [
              {
                "advanced_security": [],
                "secret_scanning": [
                  {
                    "status": "disabled"
                  }
                ],
                "secret_scanning_push_protection": [
                  {
                    "status": "disabled"
                  }
                ]
              }
            ],
            "squash_merge_commit_message": "COMMIT_MESSAGES",
            "squash_merge_commit_title": "COMMIT_OR_PR_TITLE",
            "ssh_clone_url": "git@github.com:amylum/coreutils.git",
            "svn_url": "https://github.com/amylum/coreutils",
            "template": [],
            "topics": [],
            "visibility": "public",
            "vulnerability_alerts": true
          },
          "sensitive_attributes": [],
          "private": "eyJzY2hlbWFfdmVyc2lvbiI6IjEifQ=="
        },
        {
          "index_key": "cryptsetup",
          "schema_version": 1,
          "attributes": {
            "allow_auto_merge": false,
            "allow_merge_commit": true,
            "allow_rebase_merge": true,
            "allow_squash_merge": true,
            "allow_update_branch": false,
            "archive_on_destroy": null,
            "archived": false,
            "auto_init": false,
            "default_branch": "main",
            "delete_branch_on_merge": false,
            "description": "Package for cryptsetup",
            "etag": "W/\"c81340a3ee86fdd87c9d20cc75d03ca109bbd1d4b1d51cb0889a82e274b6ec33\"",
            "full_name": "amylum/cryptsetup",
            "git_clone_url": "git://github.com/amylum/cryptsetup.git",
            "gitignore_template": null,
            "has_discussions": false,
            "has_downloads": true,
            "has_issues": true,
            "has_projects": true,
            "has_wiki": false,
            "homepage_url": "",
            "html_url": "https://github.com/amylum/cryptsetup",
            "http_clone_url": "https://github.com/amylum/cryptsetup.git",
            "id": "cryptsetup",
            "ignore_vulnerability_alerts_during_read": null,
            "is_template": false,
            "license_template": null,
            "merge_commit_message": "PR_TITLE",
            "merge_commit_title": "MERGE_MESSAGE",
            "name": "cryptsetup",
            "node_id": "MDEwOlJlcG9zaXRvcnk2NTE3MDUzMw==",
            "pages": [],
            "private": false,
            "repo_id": 65170533,
            "security_and_analysis": [
              {
                "advanced_security": [],
                "secret_scanning": [
                  {
                    "status": "disabled"
                  }
                ],
                "secret_scanning_push_protection": [
                  {
                    "status": "disabled"
                  }
                ]
              }
            ],
            "squash_merge_commit_message": "COMMIT_MESSAGES",
            "squash_merge_commit_title": "COMMIT_OR_PR_TITLE",
            "ssh_clone_url": "git@github.com:amylum/cryptsetup.git",
            "svn_url": "https://github.com/amylum/cryptsetup",
            "template": [],
            "topics": [],
            "visibility": "public",
            "vulnerability_alerts": true
          },
          "sensitive_attributes": [],
          "private": "eyJzY2hlbWFfdmVyc2lvbiI6IjEifQ=="
        },
        {
          "index_key": "curl",
          "schema_version": 1,
          "attributes": {
            "allow_auto_merge": false,
            "allow_merge_commit": true,
            "allow_rebase_merge": true,
            "allow_squash_merge": true,
            "allow_update_branch": false,
            "archive_on_destroy": null,
            "archived": false,
            "auto_init": false,
            "default_branch": "main",
            "delete_branch_on_merge": false,
            "description": "Package for curl",
            "etag": "W/\"bb9c3766a86e30fcdb76a89778d4ee9fe88a7d08f5ca783eb7e2a2c72ee74477\"",
            "full_name": "amylum/curl",
            "git_clone_url": "git://github.com/amylum/curl.git",
            "gitignore_template": null,
            "has_discussions": false,
            "has_downloads": true,
            "has_issues": true,
            "has_projects": true,
            "has_wiki": false,
            "homepage_url": "",
            "html_url": "https://github.com/amylum/curl",
            "http_clone_url": "https://github.com/amylum/curl.git",
            "id": "curl",
            "ignore_vulnerability_alerts_during_read": null,
            "is_template": false,
            "license_template": null,
            "merge_commit_message": "PR_TITLE",
            "merge_commit_title": "MERGE_MESSAGE",
            "name": "curl",
            "node_id": "MDEwOlJlcG9zaXRvcnk0NTc5MTk3Nw==",
            "pages": [],
            "private": false,
            "repo_id": 45791977,
            "security_and_analysis": [
              {
                "advanced_security": [],
                "secret_scanning": [
                  {
                    "status": "disabled"
                  }
                ],
                "secret_scanning_push_protection": [
                  {
                    "status": "disabled"
                  }
                ]
              }
            ],
            "squash_merge_commit_message": "COMMIT_MESSAGES",
            "squash_merge_commit_title": "COMMIT_OR_PR_TITLE",
            "ssh_clone_url": "git@github.com:amylum/curl.git",
            "svn_url": "https://github.com/amylum/curl",
            "template": [],
            "topics": [],
            "visibility": "public",
            "vulnerability_alerts": true
          },
          "sensitive_attributes": [],
          "private": "eyJzY2hlbWFfdmVyc2lvbiI6IjEifQ=="
        },
        {
          "index_key": "docker",
          "schema_version": 1,
          "attributes": {
            "allow_auto_merge": false,
            "allow_merge_commit": true,
            "allow_rebase_merge": true,
            "allow_squash_merge": true,
            "allow_update_branch": false,
            "archive_on_destroy": null,
            "archived": false,
            "auto_init": false,
            "default_branch": "main",
            "delete_branch_on_merge": false,
            "description": "Package builder for https://github.com/docker/docker",
            "etag": "W/\"c598d96c3ed00ed8daf99c84233ff4610b7d9d74b37d1d961a07e0e361082848\"",
            "full_name": "amylum/docker",
            "git_clone_url": "git://github.com/amylum/docker.git",
            "gitignore_template": null,
            "has_discussions": false,
            "has_downloads": true,
            "has_issues": true,
            "has_projects": true,
            "has_wiki": false,
            "homepage_url": "",
            "html_url": "https://github.com/amylum/docker",
            "http_clone_url": "https://github.com/amylum/docker.git",
            "id": "docker",
            "ignore_vulnerability_alerts_during_read": null,
            "is_template": false,
            "license_template": null,
            "merge_commit_message": "PR_TITLE",
            "merge_commit_title": "MERGE_MESSAGE",
            "name": "docker",
            "node_id": "MDEwOlJlcG9zaXRvcnkyODYxNjY0Ng==",
            "pages": [],
            "private": false,
            "repo_id": 28616646,
            "security_and_analysis": [
              {
                "advanced_security": [],
                "secret_scanning": [
                  {
                    "status": "disabled"
                  }
                ],
                "secret_scanning_push_protection": [
                  {
                    "status": "disabled"
                  }
                ]
              }
            ],
            "squash_merge_commit_message": "COMMIT_MESSAGES",
            "squash_merge_commit_title": "COMMIT_OR_PR_TITLE",
            "ssh_clone_url": "git@github.com:amylum/docker.git",
            "svn_url": "https://github.com/amylum/docker",
            "template": [],
            "topics": [],
            "visibility": "public",
            "vulnerability_alerts": true
          },
          "sensitive_attributes": [],
          "private": "eyJzY2hlbWFfdmVyc2lvbiI6IjEifQ=="
        },
        {
          "index_key": "elfutils",
          "schema_version": 1,
          "attributes": {
            "allow_auto_merge": false,
            "allow_merge_commit": true,
            "allow_rebase_merge": true,
            "allow_squash_merge": true,
            "allow_update_branch": false,
            "archive_on_destroy": null,
            "archived": false,
            "auto_init": false,
            "default_branch": "main",
            "delete_branch_on_merge": false,
            "description": "Package repo for elfutils",
            "etag": "W/\"97a9f447e73de321de12996e1a994f4b75d9c63d0d03c1cc0f09946d6957c3ad\"",
            "full_name": "amylum/elfutils",
            "git_clone_url": "git://github.com/amylum/elfutils.git",
            "gitignore_template": null,
            "has_discussions": false,
            "has_downloads": true,
            "has_issues": true,
            "has_projects": true,
            "has_wiki": false,
            "homepage_url": "",
            "html_url": "https://github.com/amylum/elfutils",
            "http_clone_url": "https://github.com/amylum/elfutils.git",
            "id": "elfutils",
            "ignore_vulnerability_alerts_during_read": null,
            "is_template": false,
            "license_template": null,
            "merge_commit_message": "PR_TITLE",
            "merge_commit_title": "MERGE_MESSAGE",
            "name": "elfutils",
            "node_id": "MDEwOlJlcG9zaXRvcnkxMjA5MTE2NzQ=",
            "pages": [],
            "private": false,
            "repo_id": 120911674,
            "security_and_analysis": [
              {
                "advanced_security": [],
                "secret_scanning": [
                  {
                    "status": "disabled"
                  }
                ],
                "secret_scanning_push_protection": [
                  {
                    "status": "disabled"
                  }
                ]
              }
            ],
            "squash_merge_commit_message": "COMMIT_MESSAGES",
            "squash_merge_commit_title": "COMMIT_OR_PR_TITLE",
            "ssh_clone_url": "git@github.com:amylum/elfutils.git",
            "svn_url": "https://github.com/amylum/elfutils",
            "template": [],
            "topics": [],
            "visibility": "public",
            "vulnerability_alerts": true
          },
          "sensitive_attributes": [],
          "private": "eyJzY2hlbWFfdmVyc2lvbiI6IjEifQ=="
        },
        {
          "index_key": "execline",
          "schema_version": 1,
          "attributes": {
            "allow_auto_merge": false,
            "allow_merge_commit": true,
            "allow_rebase_merge": true,
            "allow_squash_merge": true,
            "allow_update_branch": false,
            "archive_on_destroy": null,
            "archived": false,
            "auto_init": false,
            "default_branch": "main",
            "delete_branch_on_merge": false,
            "description": "Package from http://www.skarnet.org/software/execline/",
            "etag": "W/\"e23475f0ef233486efa570e6a7b5dbf430399032476ed43d4b18bf91f05887dc\"",
            "full_name": "amylum/execline",
            "git_clone_url": "git://github.com/amylum/execline.git",
            "gitignore_template": null,
            "has_discussions": false,
            "has_downloads": true,
            "has_issues": true,
            "has_projects": true,
            "has_wiki": false,
            "homepage_url": "",
            "html_url": "https://github.com/amylum/execline",
            "http_clone_url": "https://github.com/amylum/execline.git",
            "id": "execline",
            "ignore_vulnerability_alerts_during_read": null,
            "is_template": false,
            "license_template": null,
            "merge_commit_message": "PR_TITLE",
            "merge_commit_title": "MERGE_MESSAGE",
            "name": "execline",
            "node_id": "MDEwOlJlcG9zaXRvcnkyMDAwMTk5OQ==",
            "pages": [],
            "private": false,
            "repo_id": 20001999,
            "security_and_analysis": [
              {
                "advanced_security": [],
                "secret_scanning": [
                  {
                    "status": "disabled"
                  }
                ],
                "secret_scanning_push_protection": [
                  {
                    "status": "disabled"
                  }
                ]
              }
            ],
            "squash_merge_commit_message": "COMMIT_MESSAGES",
            "squash_merge_commit_title": "COMMIT_OR_PR_TITLE",
            "ssh_clone_url": "git@github.com:amylum/execline.git",
            "svn_url": "https://github.com/amylum/execline",
            "template": [],
            "topics": [],
            "visibility": "public",
            "vulnerability_alerts": true
          },
          "sensitive_attributes": [],
          "private": "eyJzY2hlbWFfdmVyc2lvbiI6IjEifQ=="
        },
        {
          "index_key": "findutils",
          "schema_version": 1,
          "attributes": {
            "allow_auto_merge": false,
            "allow_merge_commit": true,
            "allow_rebase_merge": true,
            "allow_squash_merge": true,
            "allow_update_branch": false,
            "archive_on_destroy": null,
            "archived": false,
            "auto_init": false,
            "default_branch": "main",
            "delete_branch_on_merge": false,
            "description": "Package for findutils",
            "etag": "W/\"42a49acec0b2d2b9a9a718cfaa09d556e745ce513f312436fe89a564c896ba54\"",
            "full_name": "amylum/findutils",
            "git_clone_url": "git://github.com/amylum/findutils.git",
            "gitignore_template": null,
            "has_discussions": false,
            "has_downloads": true,
            "has_issues": true,
            "has_projects": true,
            "has_wiki": false,
            "homepage_url": "",
            "html_url": "https://github.com/amylum/findutils",
            "http_clone_url": "https://github.com/amylum/findutils.git",
            "id": "findutils",
            "ignore_vulnerability_alerts_during_read": null,
            "is_template": false,
            "license_template": null,
            "merge_commit_message": "PR_TITLE",
            "merge_commit_title": "MERGE_MESSAGE",
            "name": "findutils",
            "node_id": "MDEwOlJlcG9zaXRvcnk0MTY1MzQyNg==",
            "pages": [],
            "private": false,
            "repo_id": 41653426,
            "security_and_analysis": [
              {
                "advanced_security": [],
                "secret_scanning": [
                  {
                    "status": "disabled"
                  }
                ],
                "secret_scanning_push_protection": [
                  {
                    "status": "disabled"
                  }
                ]
              }
            ],
            "squash_merge_commit_message": "COMMIT_MESSAGES",
            "squash_merge_commit_title": "COMMIT_OR_PR_TITLE",
            "ssh_clone_url": "git@github.com:amylum/findutils.git",
            "svn_url": "https://github.com/amylum/findutils",
            "template": [],
            "topics": [],
            "visibility": "public",
            "vulnerability_alerts": true
          },
          "sensitive_attributes": [],
          "private": "eyJzY2hlbWFfdmVyc2lvbiI6IjEifQ=="
        },
        {
          "index_key": "fts",
          "schema_version": 1,
          "attributes": {
            "allow_auto_merge": false,
            "allow_merge_commit": true,
            "allow_rebase_merge": true,
            "allow_squash_merge": true,
            "allow_update_branch": false,
            "archive_on_destroy": null,
            "archived": false,
            "auto_init": false,
            "default_branch": "main",
            "delete_branch_on_merge": false,
            "description": "Package repo for fts",
            "etag": "W/\"6816b77f8ce32a07310bc789a2ddff4d2b87b2c35e00ea11123ac48ab97d38bf\"",
            "full_name": "amylum/fts",
            "git_clone_url": "git://github.com/amylum/fts.git",
            "gitignore_template": null,
            "has_discussions": false,
            "has_downloads": true,
            "has_issues": true,
            "has_projects": true,
            "has_wiki": false,
            "homepage_url": "",
            "html_url": "https://github.com/amylum/fts",
            "http_clone_url": "https://github.com/amylum/fts.git",
            "id": "fts",
            "ignore_vulnerability_alerts_during_read": null,
            "is_template": false,
            "license_template": null,
            "merge_commit_message": "PR_TITLE",
            "merge_commit_title": "MERGE_MESSAGE",
            "name": "fts",
            "node_id": "MDEwOlJlcG9zaXRvcnkxMjU2NTQwMzg=",
            "pages": [],
            "private": false,
            "repo_id": 125654038,
            "security_and_analysis": [
              {
                "advanced_security": [],
                "secret_scanning": [
                  {
                    "status": "disabled"
                  }
                ],
                "secret_scanning_push_protection": [
                  {
                    "status": "disabled"
                  }
                ]
              }
            ],
            "squash_merge_commit_message": "COMMIT_MESSAGES",
            "squash_merge_commit_title": "COMMIT_OR_PR_TITLE",
            "ssh_clone_url": "git@github.com:amylum/fts.git",
            "svn_url": "https://github.com/amylum/fts",
            "template": [],
            "topics": [],
            "visibility": "public",
            "vulnerability_alerts": true
          },
          "sensitive_attributes": [],
          "private": "eyJzY2hlbWFfdmVyc2lvbiI6IjEifQ=="
        },
        {
          "index_key": "fwknop",
          "schema_version": 1,
          "attributes": {
            "allow_auto_merge": false,
            "allow_merge_commit": true,
            "allow_rebase_merge": true,
            "allow_squash_merge": true,
            "allow_update_branch": false,
            "archive_on_destroy": null,
            "archived": false,
            "auto_init": false,
            "default_branch": "main",
            "delete_branch_on_merge": false,
            "description": "Package for fwknop",
            "etag": "W/\"6a0d21e3b5095c970eb2fdd460b1f0b7023b5d719191af6ea14d6e9832c22a54\"",
            "full_name": "amylum/fwknop",
            "git_clone_url": "git://github.com/amylum/fwknop.git",
            "gitignore_template": null,
            "has_discussions": false,
            "has_downloads": true,
            "has_issues": true,
            "has_projects": true,
            "has_wiki": false,
            "homepage_url": "",
            "html_url": "https://github.com/amylum/fwknop",
            "http_clone_url": "https://github.com/amylum/fwknop.git",
            "id": "fwknop",
            "ignore_vulnerability_alerts_during_read": null,
            "is_template": false,
            "license_template": null,
            "merge_commit_message": "PR_TITLE",
            "merge_commit_title": "MERGE_MESSAGE",
            "name": "fwknop",
            "node_id": "MDEwOlJlcG9zaXRvcnk1NTkwOTczOQ==",
            "pages": [],
            "private": false,
            "repo_id": 55909739,
            "security_and_analysis": [
              {
                "advanced_security": [],
                "secret_scanning": [
                  {
                    "status": "disabled"
                  }
                ],
                "secret_scanning_push_protection": [
                  {
                    "status": "disabled"
                  }
                ]
              }
            ],
            "squash_merge_commit_message": "COMMIT_MESSAGES",
            "squash_merge_commit_title": "COMMIT_OR_PR_TITLE",
            "ssh_clone_url": "git@github.com:amylum/fwknop.git",
            "svn_url": "https://github.com/amylum/fwknop",
            "template": [],
            "topics": [],
            "visibility": "public",
            "vulnerability_alerts": true
          },
          "sensitive_attributes": [],
          "private": "eyJzY2hlbWFfdmVyc2lvbiI6IjEifQ=="
        },
        {
          "index_key": "gc",
          "schema_version": 1,
          "attributes": {
            "allow_auto_merge": false,
            "allow_merge_commit": true,
            "allow_rebase_merge": true,
            "allow_squash_merge": true,
            "allow_update_branch": false,
            "archive_on_destroy": null,
            "archived": false,
            "auto_init": false,
            "default_branch": "main",
            "delete_branch_on_merge": false,
            "description": "Package for gc",
            "etag": "W/\"6556efedd19916c2d69f5931b4f6eb66a04849c40e1f1d7cfdb0d5fa8562334d\"",
            "full_name": "amylum/gc",
            "git_clone_url": "git://github.com/amylum/gc.git",
            "gitignore_template": null,
            "has_discussions": false,
            "has_downloads": true,
            "has_issues": true,
            "has_projects": true,
            "has_wiki": false,
            "homepage_url": "",
            "html_url": "https://github.com/amylum/gc",
            "http_clone_url": "https://github.com/amylum/gc.git",
            "id": "gc",
            "ignore_vulnerability_alerts_during_read": null,
            "is_template": false,
            "license_template": null,
            "merge_commit_message": "PR_TITLE",
            "merge_commit_title": "MERGE_MESSAGE",
            "name": "gc",
            "node_id": "MDEwOlJlcG9zaXRvcnk0NjI1MDQxNw==",
            "pages": [],
            "private": false,
            "repo_id": 46250417,
            "security_and_analysis": [
              {
                "advanced_security": [],
                "secret_scanning": [
                  {
                    "status": "disabled"
                  }
                ],
                "secret_scanning_push_protection": [
                  {
                    "status": "disabled"
                  }
                ]
              }
            ],
            "squash_merge_commit_message": "COMMIT_MESSAGES",
            "squash_merge_commit_title": "COMMIT_OR_PR_TITLE",
            "ssh_clone_url": "git@github.com:amylum/gc.git",
            "svn_url": "https://github.com/amylum/gc",
            "template": [],
            "topics": [],
            "visibility": "public",
            "vulnerability_alerts": true
          },
          "sensitive_attributes": [],
          "private": "eyJzY2hlbWFfdmVyc2lvbiI6IjEifQ=="
        },
        {
          "index_key": "gcc",
          "schema_version": 1,
          "attributes": {
            "allow_auto_merge": false,
            "allow_merge_commit": true,
            "allow_rebase_merge": true,
            "allow_squash_merge": true,
            "allow_update_branch": false,
            "archive_on_destroy": null,
            "archived": false,
            "auto_init": false,
            "default_branch": "main",
            "delete_branch_on_merge": false,
            "description": "Package for gcc",
            "etag": "W/\"f077330cc3d20b31bba57c9fa827b826d83227da2d0aea04229d5677edac0e53\"",
            "full_name": "amylum/gcc",
            "git_clone_url": "git://github.com/amylum/gcc.git",
            "gitignore_template": null,
            "has_discussions": false,
            "has_downloads": true,
            "has_issues": true,
            "has_projects": true,
            "has_wiki": false,
            "homepage_url": "",
            "html_url": "https://github.com/amylum/gcc",
            "http_clone_url": "https://github.com/amylum/gcc.git",
            "id": "gcc",
            "ignore_vulnerability_alerts_during_read": null,
            "is_template": false,
            "license_template": null,
            "merge_commit_message": "PR_TITLE",
            "merge_commit_title": "MERGE_MESSAGE",
            "name": "gcc",
            "node_id": "MDEwOlJlcG9zaXRvcnkxNDI3MjM5MDA=",
            "pages": [],
            "private": false,
            "repo_id": 142723900,
            "security_and_analysis": [
              {
                "advanced_security": [],
                "secret_scanning": [
                  {
                    "status": "disabled"
                  }
                ],
                "secret_scanning_push_protection": [
                  {
                    "status": "disabled"
                  }
                ]
              }
            ],
            "squash_merge_commit_message": "COMMIT_MESSAGES",
            "squash_merge_commit_title": "COMMIT_OR_PR_TITLE",
            "ssh_clone_url": "git@github.com:amylum/gcc.git",
            "svn_url": "https://github.com/amylum/gcc",
            "template": [],
            "topics": [],
            "visibility": "public",
            "vulnerability_alerts": true
          },
          "sensitive_attributes": [],
          "private": "eyJzY2hlbWFfdmVyc2lvbiI6IjEifQ=="
        },
        {
          "index_key": "git",
          "schema_version": 1,
          "attributes": {
            "allow_auto_merge": false,
            "allow_merge_commit": true,
            "allow_rebase_merge": true,
            "allow_squash_merge": true,
            "allow_update_branch": false,
            "archive_on_destroy": null,
            "archived": false,
            "auto_init": false,
            "default_branch": "main",
            "delete_branch_on_merge": false,
            "description": "Package for git",
            "etag": "W/\"4057eb32d4602e05fe9469951514c326aed3f886dd4f5349bf6cb16ed393a854\"",
            "full_name": "amylum/git",
            "git_clone_url": "git://github.com/amylum/git.git",
            "gitignore_template": null,
            "has_discussions": false,
            "has_downloads": true,
            "has_issues": true,
            "has_projects": true,
            "has_wiki": false,
            "homepage_url": "",
            "html_url": "https://github.com/amylum/git",
            "http_clone_url": "https://github.com/amylum/git.git",
            "id": "git",
            "ignore_vulnerability_alerts_during_read": null,
            "is_template": false,
            "license_template": null,
            "merge_commit_message": "PR_TITLE",
            "merge_commit_title": "MERGE_MESSAGE",
            "name": "git",
            "node_id": "MDEwOlJlcG9zaXRvcnk0Njg3MTIyNQ==",
            "pages": [],
            "private": false,
            "repo_id": 46871225,
            "security_and_analysis": [
              {
                "advanced_security": [],
                "secret_scanning": [
                  {
                    "status": "disabled"
                  }
                ],
                "secret_scanning_push_protection": [
                  {
                    "status": "disabled"
                  }
                ]
              }
            ],
            "squash_merge_commit_message": "COMMIT_MESSAGES",
            "squash_merge_commit_title": "COMMIT_OR_PR_TITLE",
            "ssh_clone_url": "git@github.com:amylum/git.git",
            "svn_url": "https://github.com/amylum/git",
            "template": [],
            "topics": [],
            "visibility": "public",
            "vulnerability_alerts": true
          },
          "sensitive_attributes": [],
          "private": "eyJzY2hlbWFfdmVyc2lvbiI6IjEifQ=="
        },
        {
          "index_key": "gmp",
          "schema_version": 1,
          "attributes": {
            "allow_auto_merge": false,
            "allow_merge_commit": true,
            "allow_rebase_merge": true,
            "allow_squash_merge": true,
            "allow_update_branch": false,
            "archive_on_destroy": null,
            "archived": false,
            "auto_init": false,
            "default_branch": "main",
            "delete_branch_on_merge": false,
            "description": "Package for gmp",
            "etag": "W/\"d82496b7551e1466a12baf77f1b496e1d78fefd8f2058bcabc7959d94a98ce35\"",
            "full_name": "amylum/gmp",
            "git_clone_url": "git://github.com/amylum/gmp.git",
            "gitignore_template": null,
            "has_discussions": false,
            "has_downloads": true,
            "has_issues": true,
            "has_projects": true,
            "has_wiki": false,
            "homepage_url": "",
            "html_url": "https://github.com/amylum/gmp",
            "http_clone_url": "https://github.com/amylum/gmp.git",
            "id": "gmp",
            "ignore_vulnerability_alerts_during_read": null,
            "is_template": false,
            "license_template": null,
            "merge_commit_message": "PR_TITLE",
            "merge_commit_title": "MERGE_MESSAGE",
            "name": "gmp",
            "node_id": "MDEwOlJlcG9zaXRvcnk0NTk0OTU5Mw==",
            "pages": [],
            "private": false,
            "repo_id": 45949593,
            "security_and_analysis": [
              {
                "advanced_security": [],
                "secret_scanning": [
                  {
                    "status": "disabled"
                  }
                ],
                "secret_scanning_push_protection": [
                  {
                    "status": "disabled"
                  }
                ]
              }
            ],
            "squash_merge_commit_message": "COMMIT_MESSAGES",
            "squash_merge_commit_title": "COMMIT_OR_PR_TITLE",
            "ssh_clone_url": "git@github.com:amylum/gmp.git",
            "svn_url": "https://github.com/amylum/gmp",
            "template": [],
            "topics": [],
            "visibility": "public",
            "vulnerability_alerts": true
          },
          "sensitive_attributes": [],
          "private": "eyJzY2hlbWFfdmVyc2lvbiI6IjEifQ=="
        },
        {
          "index_key": "gnupg",
          "schema_version": 1,
          "attributes": {
            "allow_auto_merge": false,
            "allow_merge_commit": true,
            "allow_rebase_merge": true,
            "allow_squash_merge": true,
            "allow_update_branch": false,
            "archive_on_destroy": null,
            "archived": false,
            "auto_init": false,
            "default_branch": "main",
            "delete_branch_on_merge": false,
            "description": "Package for gnupg",
            "etag": "W/\"92741584afe635697bcfdb1cf7d073fd90a4e193a459308fbe4ecdccbe281906\"",
            "full_name": "amylum/gnupg",
            "git_clone_url": "git://github.com/amylum/gnupg.git",
            "gitignore_template": null,
            "has_discussions": false,
            "has_downloads": true,
            "has_issues": true,
            "has_projects": true,
            "has_wiki": false,
            "homepage_url": "",
            "html_url": "https://github.com/amylum/gnupg",
            "http_clone_url": "https://github.com/amylum/gnupg.git",
            "id": "gnupg",
            "ignore_vulnerability_alerts_during_read": null,
            "is_template": false,
            "license_template": null,
            "merge_commit_message": "PR_TITLE",
            "merge_commit_title": "MERGE_MESSAGE",
            "name": "gnupg",
            "node_id": "MDEwOlJlcG9zaXRvcnk0NTgxMDg0Nw==",
            "pages": [],
            "private": false,
            "repo_id": 45810847,
            "security_and_analysis": [
              {
                "advanced_security": [],
                "secret_scanning": [
                  {
                    "status": "disabled"
                  }
                ],
                "secret_scanning_push_protection": [
                  {
                    "status": "disabled"
                  }
                ]
              }
            ],
            "squash_merge_commit_message": "COMMIT_MESSAGES",
            "squash_merge_commit_title": "COMMIT_OR_PR_TITLE",
            "ssh_clone_url": "git@github.com:amylum/gnupg.git",
            "svn_url": "https://github.com/amylum/gnupg",
            "template": [],
            "topics": [],
            "visibility": "public",
            "vulnerability_alerts": true
          },
          "sensitive_attributes": [],
          "private": "eyJzY2hlbWFfdmVyc2lvbiI6IjEifQ=="
        },
        {
          "index_key": "gnutls",
          "schema_version": 1,
          "attributes": {
            "allow_auto_merge": false,
            "allow_merge_commit": true,
            "allow_rebase_merge": true,
            "allow_squash_merge": true,
            "allow_update_branch": false,
            "archive_on_destroy": null,
            "archived": false,
            "auto_init": false,
            "default_branch": "main",
            "delete_branch_on_merge": false,
            "description": "Package for gnutls",
            "etag": "W/\"b3bfd1b8a1aeff8136f0565717d0916bbcc6e870379f728189d4ea72aa454d21\"",
            "full_name": "amylum/gnutls",
            "git_clone_url": "git://github.com/amylum/gnutls.git",
            "gitignore_template": null,
            "has_discussions": false,
            "has_downloads": true,
            "has_issues": true,
            "has_projects": true,
            "has_wiki": false,
            "homepage_url": "",
            "html_url": "https://github.com/amylum/gnutls",
            "http_clone_url": "https://github.com/amylum/gnutls.git",
            "id": "gnutls",
            "ignore_vulnerability_alerts_during_read": null,
            "is_template": false,
            "license_template": null,
            "merge_commit_message": "PR_TITLE",
            "merge_commit_title": "MERGE_MESSAGE",
            "name": "gnutls",
            "node_id": "MDEwOlJlcG9zaXRvcnk0NTg3NzUzNA==",
            "pages": [],
            "private": false,
            "repo_id": 45877534,
            "security_and_analysis": [
              {
                "advanced_security": [],
                "secret_scanning": [
                  {
                    "status": "disabled"
                  }
                ],
                "secret_scanning_push_protection": [
                  {
                    "status": "disabled"
                  }
                ]
              }
            ],
            "squash_merge_commit_message": "COMMIT_MESSAGES",
            "squash_merge_commit_title": "COMMIT_OR_PR_TITLE",
            "ssh_clone_url": "git@github.com:amylum/gnutls.git",
            "svn_url": "https://github.com/amylum/gnutls",
            "template": [],
            "topics": [],
            "visibility": "public",
            "vulnerability_alerts": true
          },
          "sensitive_attributes": [],
          "private": "eyJzY2hlbWFfdmVyc2lvbiI6IjEifQ=="
        },
        {
          "index_key": "google-authenticator",
          "schema_version": 1,
          "attributes": {
            "allow_auto_merge": false,
            "allow_merge_commit": true,
            "allow_rebase_merge": true,
            "allow_squash_merge": true,
            "allow_update_branch": false,
            "archive_on_destroy": null,
            "archived": false,
            "auto_init": false,
            "default_branch": "main",
            "delete_branch_on_merge": false,
            "description": "Package of the libpam portion of Google's 2 factor auth code",
            "etag": "W/\"15165557927c1f0ebae75dc7979dc26856f2add401d743e3138f583dd6e6b408\"",
            "full_name": "amylum/google-authenticator",
            "git_clone_url": "git://github.com/amylum/google-authenticator.git",
            "gitignore_template": null,
            "has_discussions": false,
            "has_downloads": true,
            "has_issues": true,
            "has_projects": true,
            "has_wiki": false,
            "homepage_url": "https://github.com/google/google-authenticator",
            "html_url": "https://github.com/amylum/google-authenticator",
            "http_clone_url": "https://github.com/amylum/google-authenticator.git",
            "id": "google-authenticator",
            "ignore_vulnerability_alerts_during_read": null,
            "is_template": false,
            "license_template": null,
            "merge_commit_message": "PR_TITLE",
            "merge_commit_title": "MERGE_MESSAGE",
            "name": "google-authenticator",
            "node_id": "MDEwOlJlcG9zaXRvcnk2NzIyMjI4",
            "pages": [],
            "private": false,
            "repo_id": 6722228,
            "security_and_analysis": [
              {
                "advanced_security": [],
                "secret_scanning": [
                  {
                    "status": "disabled"
                  }
                ],
                "secret_scanning_push_protection": [
                  {
                    "status": "disabled"
                  }
                ]
              }
            ],
            "squash_merge_commit_message": "COMMIT_MESSAGES",
            "squash_merge_commit_title": "COMMIT_OR_PR_TITLE",
            "ssh_clone_url": "git@github.com:amylum/google-authenticator.git",
            "svn_url": "https://github.com/amylum/google-authenticator",
            "template": [],
            "topics": [],
            "visibility": "public",
            "vulnerability_alerts": true
          },
          "sensitive_attributes": [],
          "private": "eyJzY2hlbWFfdmVyc2lvbiI6IjEifQ=="
        },
        {
          "index_key": "gpgme",
          "schema_version": 1,
          "attributes": {
            "allow_auto_merge": false,
            "allow_merge_commit": true,
            "allow_rebase_merge": true,
            "allow_squash_merge": true,
            "allow_update_branch": false,
            "archive_on_destroy": null,
            "archived": false,
            "auto_init": false,
            "default_branch": "main",
            "delete_branch_on_merge": false,
            "description": "Package for gpgme",
            "etag": "W/\"14211963e55b99bd7a96e67942a6570e12abe6e7173d60206f44d4a2bae992cc\"",
            "full_name": "amylum/gpgme",
            "git_clone_url": "git://github.com/amylum/gpgme.git",
            "gitignore_template": null,
            "has_discussions": false,
            "has_downloads": true,
            "has_issues": true,
            "has_projects": true,
            "has_wiki": false,
            "homepage_url": "",
            "html_url": "https://github.com/amylum/gpgme",
            "http_clone_url": "https://github.com/amylum/gpgme.git",
            "id": "gpgme",
            "ignore_vulnerability_alerts_during_read": null,
            "is_template": false,
            "license_template": null,
            "merge_commit_message": "PR_TITLE",
            "merge_commit_title": "MERGE_MESSAGE",
            "name": "gpgme",
            "node_id": "MDEwOlJlcG9zaXRvcnk0NTc5NzEwNw==",
            "pages": [],
            "private": false,
            "repo_id": 45797107,
            "security_and_analysis": [
              {
                "advanced_security": [],
                "secret_scanning": [
                  {
                    "status": "disabled"
                  }
                ],
                "secret_scanning_push_protection": [
                  {
                    "status": "disabled"
                  }
                ]
              }
            ],
            "squash_merge_commit_message": "COMMIT_MESSAGES",
            "squash_merge_commit_title": "COMMIT_OR_PR_TITLE",
            "ssh_clone_url": "git@github.com:amylum/gpgme.git",
            "svn_url": "https://github.com/amylum/gpgme",
            "template": [],
            "topics": [],
            "visibility": "public",
            "vulnerability_alerts": true
          },
          "sensitive_attributes": [],
          "private": "eyJzY2hlbWFfdmVyc2lvbiI6IjEifQ=="
        },
        {
          "index_key": "grep",
          "schema_version": 1,
          "attributes": {
            "allow_auto_merge": false,
            "allow_merge_commit": true,
            "allow_rebase_merge": true,
            "allow_squash_merge": true,
            "allow_update_branch": false,
            "archive_on_destroy": null,
            "archived": false,
            "auto_init": false,
            "default_branch": "main",
            "delete_branch_on_merge": false,
            "description": "Package for grep",
            "etag": "W/\"22c6ae0ed85825307b21240b1d31b316b5ebf36803de1552fff468652dbc7787\"",
            "full_name": "amylum/grep",
            "git_clone_url": "git://github.com/amylum/grep.git",
            "gitignore_template": null,
            "has_discussions": false,
            "has_downloads": true,
            "has_issues": true,
            "has_projects": true,
            "has_wiki": false,
            "homepage_url": "",
            "html_url": "https://github.com/amylum/grep",
            "http_clone_url": "https://github.com/amylum/grep.git",
            "id": "grep",
            "ignore_vulnerability_alerts_during_read": null,
            "is_template": false,
            "license_template": null,
            "merge_commit_message": "PR_TITLE",
            "merge_commit_title": "MERGE_MESSAGE",
            "name": "grep",
            "node_id": "MDEwOlJlcG9zaXRvcnk0Njg4MDg0Mg==",
            "pages": [],
            "private": false,
            "repo_id": 46880842,
            "security_and_analysis": [
              {
                "advanced_security": [],
                "secret_scanning": [
                  {
                    "status": "disabled"
                  }
                ],
                "secret_scanning_push_protection": [
                  {
                    "status": "disabled"
                  }
                ]
              }
            ],
            "squash_merge_commit_message": "COMMIT_MESSAGES",
            "squash_merge_commit_title": "COMMIT_OR_PR_TITLE",
            "ssh_clone_url": "git@github.com:amylum/grep.git",
            "svn_url": "https://github.com/amylum/grep",
            "template": [],
            "topics": [],
            "visibility": "public",
            "vulnerability_alerts": true
          },
          "sensitive_attributes": [],
          "private": "eyJzY2hlbWFfdmVyc2lvbiI6IjEifQ=="
        },
        {
          "index_key": "zstd",
          "schema_version": 1,
          "attributes": {
            "allow_auto_merge": false,
            "allow_merge_commit": true,
            "allow_rebase_merge": true,
            "allow_squash_merge": true,
            "allow_update_branch": false,
            "archive_on_destroy": null,
            "archived": false,
            "auto_init": false,
            "default_branch": "main",
            "delete_branch_on_merge": false,
            "description": "Package for zstd",
            "etag": "W/\"3e2518853ae37536ba098417701dae7cf5d18a974c4b4aa93c808de49e201b14\"",
            "full_name": "amylum/zstd",
            "git_clone_url": "git://github.com/amylum/zstd.git",
            "gitignore_template": null,
            "has_discussions": false,
            "has_downloads": true,
            "has_issues": true,
            "has_projects": true,
            "has_wiki": true,
            "homepage_url": "",
            "html_url": "https://github.com/amylum/zstd",
            "http_clone_url": "https://github.com/amylum/zstd.git",
            "id": "zstd",
            "ignore_vulnerability_alerts_during_read": null,
            "is_template": false,
            "license_template": null,
            "merge_commit_message": "PR_TITLE",
            "merge_commit_title": "MERGE_MESSAGE",
            "name": "zstd",
            "node_id": "MDEwOlJlcG9zaXRvcnkxMTE0ODg2NDk=",
            "pages": [],
            "private": false,
            "repo_id": 111488649,
            "security_and_analysis": [
              {
                "advanced_security": [],
                "secret_scanning": [
                  {
                    "status": "disabled"
                  }
                ],
                "secret_scanning_push_protection": [
                  {
                    "status": "disabled"
                  }
                ]
              }
            ],
            "squash_merge_commit_message": "COMMIT_MESSAGES",
            "squash_merge_commit_title": "COMMIT_OR_PR_TITLE",
            "ssh_clone_url": "git@github.com:amylum/zstd.git",
            "svn_url": "https://github.com/amylum/zstd",
            "template": [],
            "topics": [],
            "visibility": "public",
            "vulnerability_alerts": true
          },
          "sensitive_attributes": [],
          "private": "eyJzY2hlbWFfdmVyc2lvbiI6IjEifQ=="
        }
      ]
    }
  ],
  "check_results": null
}
